{
  "version": 4,
  "terraform_version": "1.12.2",
  "serial": 155,
  "lineage": "7024dad6-44b4-0759-b2ac-cf6f1db95d76",
  "outputs": {
    "dynamodb_quests_table_name": {
      "value": "goalsguild_quests_dev",
      "type": "string"
    },
    "dynamodb_users_table_name": {
      "value": "goalsguild_users_dev",
      "type": "string"
    },
    "lambda_exec_role_arn": {
      "value": "arn:aws:iam::838284111015:role/goalsguild_lambda_exec_role_dev",
      "type": "string"
    },
    "lambda_quest_service_function_name": {
      "value": "goalsguild_quest_service_dev",
      "type": "string"
    },
    "lambda_user_service_function_name": {
      "value": "goalsguild_user_service_dev",
      "type": "string"
    }
  },
  "resources": [
    {
      "module": "module.dynamodb_quests",
      "mode": "managed",
      "type": "aws_dynamodb_table",
      "name": "dynamodb_table",
      "provider": "provider[\"registry.terraform.io/hashicorp/aws\"]",
      "instances": [
        {
          "schema_version": 1,
          "attributes": {
            "arn": "arn:aws:dynamodb:us-east-2:838284111015:table/goalsguild_quests_dev",
            "attribute": [
              {
                "name": "quest_id",
                "type": "S"
              }
            ],
            "billing_mode": "PAY_PER_REQUEST",
            "deletion_protection_enabled": false,
            "global_secondary_index": [],
            "hash_key": "quest_id",
            "id": "goalsguild_quests_dev",
            "import_table": [],
            "local_secondary_index": [],
            "name": "goalsguild_quests_dev",
            "on_demand_throughput": [],
            "point_in_time_recovery": [
              {
                "enabled": false,
                "recovery_period_in_days": 0
              }
            ],
            "range_key": null,
            "read_capacity": 0,
            "region": "us-east-2",
            "replica": [],
            "restore_date_time": null,
            "restore_source_name": null,
            "restore_source_table_arn": null,
            "restore_to_latest_time": null,
            "server_side_encryption": [],
            "stream_arn": "",
            "stream_enabled": false,
            "stream_label": "",
            "stream_view_type": "",
            "table_class": "STANDARD",
            "tags": {
              "Environment": "dev",
              "Project": "goalsguild"
            },
            "tags_all": {
              "Environment": "dev",
              "Project": "goalsguild"
            },
            "timeouts": null,
            "ttl": [
              {
                "attribute_name": "",
                "enabled": false
              }
            ],
            "write_capacity": 0
          },
          "sensitive_attributes": [],
          "identity_schema_version": 0,
          "private": "eyJlMmJmYjczMC1lY2FhLTExZTYtOGY4OC0zNDM2M2JjN2M0YzAiOnsiY3JlYXRlIjoxODAwMDAwMDAwMDAwLCJkZWxldGUiOjYwMDAwMDAwMDAwMCwidXBkYXRlIjozNjAwMDAwMDAwMDAwfSwic2NoZW1hX3ZlcnNpb24iOiIxIn0="
        }
      ]
    },
    {
      "module": "module.dynamodb_users",
      "mode": "managed",
      "type": "aws_dynamodb_table",
      "name": "dynamodb_table",
      "provider": "provider[\"registry.terraform.io/hashicorp/aws\"]",
      "instances": [
        {
          "schema_version": 1,
          "attributes": {
            "arn": "arn:aws:dynamodb:us-east-2:838284111015:table/goalsguild_users_dev",
            "attribute": [
              {
                "name": "user_id",
                "type": "S"
              }
            ],
            "billing_mode": "PAY_PER_REQUEST",
            "deletion_protection_enabled": false,
            "global_secondary_index": [],
            "hash_key": "user_id",
            "id": "goalsguild_users_dev",
            "import_table": [],
            "local_secondary_index": [],
            "name": "goalsguild_users_dev",
            "on_demand_throughput": [],
            "point_in_time_recovery": [
              {
                "enabled": false,
                "recovery_period_in_days": 0
              }
            ],
            "range_key": null,
            "read_capacity": 0,
            "region": "us-east-2",
            "replica": [],
            "restore_date_time": null,
            "restore_source_name": null,
            "restore_source_table_arn": null,
            "restore_to_latest_time": null,
            "server_side_encryption": [],
            "stream_arn": "",
            "stream_enabled": false,
            "stream_label": "",
            "stream_view_type": "",
            "table_class": "STANDARD",
            "tags": {
              "Environment": "dev",
              "Project": "goalsguild"
            },
            "tags_all": {
              "Environment": "dev",
              "Project": "goalsguild"
            },
            "timeouts": null,
            "ttl": [
              {
                "attribute_name": "",
                "enabled": false
              }
            ],
            "write_capacity": 0
          },
          "sensitive_attributes": [],
          "identity_schema_version": 0,
          "private": "eyJlMmJmYjczMC1lY2FhLTExZTYtOGY4OC0zNDM2M2JjN2M0YzAiOnsiY3JlYXRlIjoxODAwMDAwMDAwMDAwLCJkZWxldGUiOjYwMDAwMDAwMDAwMCwidXBkYXRlIjozNjAwMDAwMDAwMDAwfSwic2NoZW1hX3ZlcnNpb24iOiIxIn0="
        }
      ]
    },
    {
      "module": "module.lambda_quest_service",
      "mode": "managed",
      "type": "aws_lambda_function",
      "name": "lambda_function",
      "provider": "provider[\"registry.terraform.io/hashicorp/aws\"]",
      "instances": [
        {
          "schema_version": 0,
          "attributes": {
            "architectures": [
              "x86_64"
            ],
            "arn": "arn:aws:lambda:us-east-2:838284111015:function:goalsguild_quest_service_dev",
            "code_sha256": "162e32f3be0cd97067978310dc971def0503226fee5e3a53f25bfc0829da585e",
            "code_signing_config_arn": "",
            "dead_letter_config": [],
            "description": "",
            "environment": [
              {
                "variables": {
                  "AWS_LAMBDA_EXEC_WRAPPER": "/opt/bootstrap",
                  "AWS_LWA_PORT": "8080",
                  "PORT": "8080",
                  "RUST_LOG": "info"
                }
              }
            ],
            "ephemeral_storage": [
              {
                "size": 512
              }
            ],
            "file_system_config": [],
            "filename": null,
            "function_name": "goalsguild_quest_service_dev",
            "handler": "",
            "id": "goalsguild_quest_service_dev",
            "image_config": [],
            "image_uri": "838284111015.dkr.ecr.us-east-2.amazonaws.com/goalsguild_quest_service:1",
            "invoke_arn": "arn:aws:apigateway:us-east-2:lambda:path/2015-03-31/functions/arn:aws:lambda:us-east-2:838284111015:function:goalsguild_quest_service_dev/invocations",
            "kms_key_arn": "",
            "last_modified": "2025-08-30T22:42:58.595+0000",
            "layers": [],
            "logging_config": [
              {
                "application_log_level": "",
                "log_format": "Text",
                "log_group": "/aws/lambda/goalsguild_quest_service_dev",
                "system_log_level": ""
              }
            ],
            "memory_size": 128,
            "package_type": "Image",
            "publish": false,
            "qualified_arn": "arn:aws:lambda:us-east-2:838284111015:function:goalsguild_quest_service_dev:$LATEST",
            "qualified_invoke_arn": "arn:aws:apigateway:us-east-2:lambda:path/2015-03-31/functions/arn:aws:lambda:us-east-2:838284111015:function:goalsguild_quest_service_dev:$LATEST/invocations",
            "region": "us-east-2",
            "replace_security_groups_on_destroy": null,
            "replacement_security_group_ids": null,
            "reserved_concurrent_executions": -1,
            "role": "arn:aws:iam::838284111015:role/goalsguild_lambda_exec_role_dev",
            "runtime": "",
            "s3_bucket": null,
            "s3_key": null,
            "s3_object_version": null,
            "signing_job_arn": "",
            "signing_profile_version_arn": "",
            "skip_destroy": false,
            "snap_start": [],
            "source_code_hash": "",
            "source_code_size": 0,
            "tags": {
              "Environment": "dev",
              "Project": "goalsguild"
            },
            "tags_all": {
              "Environment": "dev",
              "Project": "goalsguild"
            },
            "timeout": 10,
            "timeouts": null,
            "tracing_config": [
              {
                "mode": "PassThrough"
              }
            ],
            "version": "$LATEST",
            "vpc_config": []
          },
          "sensitive_attributes": [],
          "identity_schema_version": 0,
          "identity": {
            "account_id": "838284111015",
            "function_name": "goalsguild_quest_service_dev",
            "region": "us-east-2"
          },
          "private": "eyJlMmJmYjczMC1lY2FhLTExZTYtOGY4OC0zNDM2M2JjN2M0YzAiOnsiY3JlYXRlIjo2MDAwMDAwMDAwMDAsImRlbGV0ZSI6NjAwMDAwMDAwMDAwLCJ1cGRhdGUiOjYwMDAwMDAwMDAwMH19",
          "dependencies": [
            "module.network.aws_iam_role.lambda_exec_role",
            "module.quest_service_image.aws_ecr_repository.repo",
            "module.quest_service_image.data.aws_ecr_repository.repo"
          ]
        }
      ]
    },
    {
      "module": "module.lambda_quest_service",
      "mode": "managed",
      "type": "aws_lambda_permission",
      "name": "apigw_invoke",
      "provider": "provider[\"registry.terraform.io/hashicorp/aws\"]",
      "instances": [
        {
          "schema_version": 0,
          "attributes": {
            "action": "lambda:InvokeFunction",
            "event_source_token": null,
            "function_name": "goalsguild_quest_service_dev",
            "function_url_auth_type": null,
            "id": "AllowInvokeFromAPIGW",
            "principal": "apigateway.amazonaws.com",
            "principal_org_id": null,
            "qualifier": "",
            "region": "us-east-2",
            "source_account": null,
            "source_arn": null,
            "statement_id": "AllowInvokeFromAPIGW",
            "statement_id_prefix": ""
          },
          "sensitive_attributes": [],
          "identity_schema_version": 0,
          "identity": {
            "account_id": "838284111015",
            "function_name": "goalsguild_quest_service_dev",
            "qualifier": null,
            "region": "us-east-2",
            "statement_id": "AllowInvokeFromAPIGW"
          },
          "private": "bnVsbA==",
          "dependencies": [
            "module.lambda_quest_service.aws_lambda_function.lambda_function",
            "module.network.aws_iam_role.lambda_exec_role",
            "module.quest_service_image.aws_ecr_repository.repo",
            "module.quest_service_image.data.aws_ecr_repository.repo"
          ]
        }
      ]
    },
    {
      "module": "module.lambda_user_service",
      "mode": "managed",
      "type": "aws_lambda_function",
      "name": "lambda_function",
      "provider": "provider[\"registry.terraform.io/hashicorp/aws\"]",
      "instances": [
        {
          "schema_version": 0,
          "attributes": {
            "architectures": [
              "x86_64"
            ],
            "arn": "arn:aws:lambda:us-east-2:838284111015:function:goalsguild_user_service_dev",
            "code_sha256": "e2d1fd318131ee51f35da13a13b1df4d198377d047111a114c5456c6365261bb",
            "code_signing_config_arn": "",
            "dead_letter_config": [],
            "description": "",
            "environment": [
              {
                "variables": {
                  "AWS_LAMBDA_EXEC_WRAPPER": "/opt/bootstrap",
                  "AWS_LWA_PORT": "8080",
                  "PORT": "8080",
                  "RUST_LOG": "info"
                }
              }
            ],
            "ephemeral_storage": [
              {
                "size": 512
              }
            ],
            "file_system_config": [],
            "filename": null,
            "function_name": "goalsguild_user_service_dev",
            "handler": "",
            "id": "goalsguild_user_service_dev",
            "image_config": [],
            "image_uri": "838284111015.dkr.ecr.us-east-2.amazonaws.com/goalsguild_user_service:1",
            "invoke_arn": "arn:aws:apigateway:us-east-2:lambda:path/2015-03-31/functions/arn:aws:lambda:us-east-2:838284111015:function:goalsguild_user_service_dev/invocations",
            "kms_key_arn": "",
            "last_modified": "2025-08-30T23:11:03.000+0000",
            "layers": [],
            "logging_config": [
              {
                "application_log_level": "",
                "log_format": "Text",
                "log_group": "/aws/lambda/goalsguild_user_service_dev",
                "system_log_level": ""
              }
            ],
            "memory_size": 512,
            "package_type": "Image",
            "publish": false,
            "qualified_arn": "arn:aws:lambda:us-east-2:838284111015:function:goalsguild_user_service_dev:$LATEST",
            "qualified_invoke_arn": "arn:aws:apigateway:us-east-2:lambda:path/2015-03-31/functions/arn:aws:lambda:us-east-2:838284111015:function:goalsguild_user_service_dev:$LATEST/invocations",
            "region": "us-east-2",
            "replace_security_groups_on_destroy": null,
            "replacement_security_group_ids": null,
            "reserved_concurrent_executions": -1,
            "role": "arn:aws:iam::838284111015:role/goalsguild_lambda_exec_role_dev",
            "runtime": "",
            "s3_bucket": null,
            "s3_key": null,
            "s3_object_version": null,
            "signing_job_arn": "",
            "signing_profile_version_arn": "",
            "skip_destroy": false,
            "snap_start": [],
            "source_code_hash": "",
            "source_code_size": 0,
            "tags": {
              "Environment": "dev",
              "Project": "goalsguild"
            },
            "tags_all": {
              "Environment": "dev",
              "Project": "goalsguild"
            },
            "timeout": 10,
            "timeouts": null,
            "tracing_config": [
              {
                "mode": "PassThrough"
              }
            ],
            "version": "$LATEST",
            "vpc_config": []
          },
          "sensitive_attributes": [],
          "identity_schema_version": 0,
          "identity": {
            "account_id": "838284111015",
            "function_name": "goalsguild_user_service_dev",
            "region": "us-east-2"
          },
          "private": "eyJlMmJmYjczMC1lY2FhLTExZTYtOGY4OC0zNDM2M2JjN2M0YzAiOnsiY3JlYXRlIjo2MDAwMDAwMDAwMDAsImRlbGV0ZSI6NjAwMDAwMDAwMDAwLCJ1cGRhdGUiOjYwMDAwMDAwMDAwMH19",
          "dependencies": [
            "module.network.aws_iam_role.lambda_exec_role",
            "module.user_service_image.aws_ecr_repository.repo",
            "module.user_service_image.data.aws_ecr_repository.repo"
          ]
        }
      ]
    },
    {
      "module": "module.lambda_user_service",
      "mode": "managed",
      "type": "aws_lambda_permission",
      "name": "apigw_invoke",
      "provider": "provider[\"registry.terraform.io/hashicorp/aws\"]",
      "instances": [
        {
          "schema_version": 0,
          "attributes": {
            "action": "lambda:InvokeFunction",
            "event_source_token": null,
            "function_name": "goalsguild_user_service_dev",
            "function_url_auth_type": null,
            "id": "AllowInvokeFromAPIGW",
            "principal": "apigateway.amazonaws.com",
            "principal_org_id": null,
            "qualifier": "",
            "region": "us-east-2",
            "source_account": null,
            "source_arn": null,
            "statement_id": "AllowInvokeFromAPIGW",
            "statement_id_prefix": ""
          },
          "sensitive_attributes": [],
          "identity_schema_version": 0,
          "identity": {
            "account_id": "838284111015",
            "function_name": "goalsguild_user_service_dev",
            "qualifier": null,
            "region": "us-east-2",
            "statement_id": "AllowInvokeFromAPIGW"
          },
          "private": "bnVsbA==",
          "dependencies": [
            "module.lambda_user_service.aws_lambda_function.lambda_function",
            "module.network.aws_iam_role.lambda_exec_role",
            "module.user_service_image.aws_ecr_repository.repo",
            "module.user_service_image.data.aws_ecr_repository.repo"
          ]
        }
      ]
    },
    {
      "module": "module.network",
      "mode": "managed",
      "type": "aws_api_gateway_authorizer",
      "name": "cognito_authorizer",
      "provider": "provider[\"registry.terraform.io/hashicorp/aws\"]",
      "instances": [
        {
          "schema_version": 0,
          "attributes": {
            "arn": "arn:aws:apigateway:us-east-2::/restapis/tuffc5cto8/authorizers/28czxc",
            "authorizer_credentials": "",
            "authorizer_result_ttl_in_seconds": 300,
            "authorizer_uri": "",
            "id": "28czxc",
            "identity_source": "method.request.header.Authorization",
            "identity_validation_expression": "",
            "name": "CognitoAuthorizer_dev",
            "provider_arns": [
              "arn:aws:cognito-idp:us-east-2:838284111015:userpool/us-east-2_EcB4tCkUw"
            ],
            "region": "us-east-2",
            "rest_api_id": "tuffc5cto8",
            "type": "COGNITO_USER_POOLS"
          },
          "sensitive_attributes": [],
          "identity_schema_version": 0,
          "private": "bnVsbA==",
          "dependencies": [
            "module.network.aws_api_gateway_rest_api.rest_api",
            "module.network.aws_cognito_user_pool.user_pool"
          ]
        }
      ]
    },
    {
      "module": "module.network",
      "mode": "managed",
      "type": "aws_api_gateway_integration",
      "name": "quest_get_integration",
      "provider": "provider[\"registry.terraform.io/hashicorp/aws\"]",
      "instances": [
        {
          "schema_version": 0,
          "attributes": {
            "cache_key_parameters": null,
            "cache_namespace": "964usg",
            "connection_id": "",
            "connection_type": "INTERNET",
            "content_handling": "",
            "credentials": "",
            "http_method": "GET",
            "id": "agi-tuffc5cto8-964usg-GET",
            "integration_http_method": "GET",
            "passthrough_behavior": "WHEN_NO_MATCH",
            "region": "us-east-2",
            "request_parameters": null,
            "request_templates": null,
            "resource_id": "964usg",
            "rest_api_id": "tuffc5cto8",
            "timeout_milliseconds": 29000,
            "tls_config": [],
            "type": "AWS_PROXY",
            "uri": "arn:aws:apigateway:us-east-2:lambda:path/2015-03-31/functions/arn:aws:lambda:us-east-2:838284111015:function:goalsguild_quest_service_dev/invocations"
          },
          "sensitive_attributes": [],
          "identity_schema_version": 0,
          "private": "bnVsbA==",
          "dependencies": [
            "module.lambda_quest_service.aws_lambda_function.lambda_function",
            "module.network.aws_api_gateway_authorizer.cognito_authorizer",
            "module.network.aws_api_gateway_method.quest_get",
            "module.network.aws_api_gateway_resource.quest_service_resource",
            "module.network.aws_api_gateway_rest_api.rest_api",
            "module.network.aws_cognito_user_pool.user_pool",
            "module.network.aws_iam_role.lambda_exec_role",
            "module.quest_service_image.aws_ecr_repository.repo",
            "module.quest_service_image.data.aws_ecr_repository.repo"
          ]
        }
      ]
    },
    {
      "module": "module.network",
      "mode": "managed",
      "type": "aws_api_gateway_method",
      "name": "quest_get",
      "provider": "provider[\"registry.terraform.io/hashicorp/aws\"]",
      "instances": [
        {
          "schema_version": 0,
          "attributes": {
            "api_key_required": false,
            "authorization": "COGNITO_USER_POOLS",
            "authorization_scopes": [],
            "authorizer_id": "28czxc",
            "http_method": "GET",
            "id": "agm-tuffc5cto8-964usg-GET",
            "operation_name": "",
            "region": "us-east-2",
            "request_models": {},
            "request_parameters": {},
            "request_validator_id": "",
            "resource_id": "964usg",
            "rest_api_id": "tuffc5cto8"
          },
          "sensitive_attributes": [],
          "identity_schema_version": 0,
          "private": "bnVsbA==",
          "dependencies": [
            "module.network.aws_api_gateway_authorizer.cognito_authorizer",
            "module.network.aws_api_gateway_resource.quest_service_resource",
            "module.network.aws_api_gateway_rest_api.rest_api",
            "module.network.aws_cognito_user_pool.user_pool"
          ]
        }
      ]
    },
    {
      "module": "module.network",
      "mode": "managed",
      "type": "aws_api_gateway_resource",
      "name": "quest_service_resource",
      "provider": "provider[\"registry.terraform.io/hashicorp/aws\"]",
      "instances": [
        {
          "schema_version": 0,
          "attributes": {
            "id": "964usg",
            "parent_id": "a582iz9dve",
            "path": "/quests",
            "path_part": "quests",
            "region": "us-east-2",
            "rest_api_id": "tuffc5cto8"
          },
          "sensitive_attributes": [],
          "identity_schema_version": 0,
          "private": "bnVsbA==",
          "dependencies": [
            "module.network.aws_api_gateway_rest_api.rest_api"
          ]
        }
      ]
    },
    {
      "module": "module.network",
      "mode": "managed",
      "type": "aws_api_gateway_resource",
      "name": "user_service_resource",
      "provider": "provider[\"registry.terraform.io/hashicorp/aws\"]",
      "instances": [
        {
          "schema_version": 0,
          "attributes": {
            "id": "1w7e6m",
            "parent_id": "a582iz9dve",
            "path": "/users",
            "path_part": "users",
            "region": "us-east-2",
            "rest_api_id": "tuffc5cto8"
          },
          "sensitive_attributes": [],
          "identity_schema_version": 0,
          "private": "bnVsbA==",
          "dependencies": [
            "module.network.aws_api_gateway_rest_api.rest_api"
          ]
        }
      ]
    },
    {
      "module": "module.network",
      "mode": "managed",
      "type": "aws_api_gateway_rest_api",
      "name": "rest_api",
      "provider": "provider[\"registry.terraform.io/hashicorp/aws\"]",
      "instances": [
        {
          "schema_version": 0,
          "attributes": {
            "api_key_source": "HEADER",
            "arn": "arn:aws:apigateway:us-east-2::/restapis/tuffc5cto8",
            "binary_media_types": [],
            "body": null,
            "created_date": "2025-08-30T21:59:15Z",
            "description": "API Gateway for GoalsGuild backend microservices",
            "disable_execute_api_endpoint": false,
            "endpoint_configuration": [
              {
                "ip_address_type": "ipv4",
                "types": [
                  "EDGE"
                ],
                "vpc_endpoint_ids": []
              }
            ],
            "execution_arn": "arn:aws:execute-api:us-east-2:838284111015:tuffc5cto8",
            "fail_on_warnings": null,
            "id": "tuffc5cto8",
            "minimum_compression_size": "",
            "name": "goalsguild_api_dev",
            "parameters": null,
            "policy": "",
            "put_rest_api_mode": null,
            "region": "us-east-2",
            "root_resource_id": "a582iz9dve",
            "tags": {},
            "tags_all": {}
          },
          "sensitive_attributes": [],
          "identity_schema_version": 0,
          "private": "bnVsbA=="
        }
      ]
    },
    {
      "module": "module.network",
      "mode": "managed",
      "type": "aws_cognito_user_pool",
      "name": "user_pool",
      "provider": "provider[\"registry.terraform.io/hashicorp/aws\"]",
      "instances": [
        {
          "schema_version": 0,
          "attributes": {
            "account_recovery_setting": [
              {
                "recovery_mechanism": [
                  {
                    "name": "verified_email",
                    "priority": 1
                  }
                ]
              }
            ],
            "admin_create_user_config": [
              {
                "allow_admin_create_user_only": false,
                "invite_message_template": []
              }
            ],
            "alias_attributes": null,
            "arn": "arn:aws:cognito-idp:us-east-2:838284111015:userpool/us-east-2_EcB4tCkUw",
            "auto_verified_attributes": [
              "email"
            ],
            "creation_date": "2025-08-30T21:59:16Z",
            "custom_domain": "",
            "deletion_protection": "INACTIVE",
            "device_configuration": [],
            "domain": "",
            "email_configuration": [
              {
                "configuration_set": "",
                "email_sending_account": "COGNITO_DEFAULT",
                "from_email_address": "",
                "reply_to_email_address": "",
                "source_arn": ""
              }
            ],
            "email_mfa_configuration": [],
            "email_verification_message": "Welcome to GoalsGuild! Your code is {####}.",
            "email_verification_subject": "Welcome to GoalsGuild!",
            "endpoint": "cognito-idp.us-east-2.amazonaws.com/us-east-2_EcB4tCkUw",
            "estimated_number_of_users": 0,
            "id": "us-east-2_EcB4tCkUw",
            "lambda_config": [],
            "last_modified_date": "2025-08-30T21:59:59Z",
            "mfa_configuration": "OFF",
            "name": "goalsguild_user_pool_dev",
            "password_policy": [
              {
                "minimum_length": 8,
                "password_history_size": 0,
                "require_lowercase": true,
                "require_numbers": true,
                "require_symbols": false,
                "require_uppercase": true,
                "temporary_password_validity_days": 7
              }
            ],
            "region": "us-east-2",
            "schema": [],
            "sign_in_policy": [
              {
                "allowed_first_auth_factors": [
                  "PASSWORD"
                ]
              }
            ],
            "sms_authentication_message": "",
            "sms_configuration": [],
            "sms_verification_message": "Welcome to GoalsGuild! Your code is {####}.",
            "software_token_mfa_configuration": [],
            "tags": {},
            "tags_all": {},
            "user_attribute_update_settings": [],
            "user_pool_add_ons": [],
            "user_pool_tier": "ESSENTIALS",
            "username_attributes": [
              "email"
            ],
            "username_configuration": [],
            "verification_message_template": [
              {
                "default_email_option": "CONFIRM_WITH_CODE",
                "email_message": "Welcome to GoalsGuild! Your code is {####}.",
                "email_message_by_link": "",
                "email_subject": "Welcome to GoalsGuild!",
                "email_subject_by_link": "",
                "sms_message": "Welcome to GoalsGuild! Your code is {####}."
              }
            ],
            "web_authn_configuration": []
          },
          "sensitive_attributes": [],
          "identity_schema_version": 0,
          "private": "bnVsbA=="
        }
      ]
    },
    {
      "module": "module.network",
      "mode": "managed",
      "type": "aws_cognito_user_pool_client",
      "name": "user_pool_client",
      "provider": "provider[\"registry.terraform.io/hashicorp/aws\"]",
      "instances": [
        {
          "schema_version": 0,
          "attributes": {
            "access_token_validity": 0,
            "allowed_oauth_flows": [],
            "allowed_oauth_flows_user_pool_client": false,
            "allowed_oauth_scopes": [],
            "analytics_configuration": [],
            "auth_session_validity": 3,
            "callback_urls": [],
            "client_secret": "",
            "default_redirect_uri": "",
            "enable_propagate_additional_user_context_data": false,
            "enable_token_revocation": true,
            "explicit_auth_flows": [
              "ALLOW_REFRESH_TOKEN_AUTH",
              "ALLOW_USER_PASSWORD_AUTH",
              "ALLOW_USER_SRP_AUTH"
            ],
            "generate_secret": false,
            "id": "1h2dbvce67hjfnuj0bqos2uisu",
            "id_token_validity": 0,
            "logout_urls": [],
            "name": "goalsguild_user_pool_client_dev",
            "prevent_user_existence_errors": "ENABLED",
            "read_attributes": [],
            "refresh_token_rotation": [],
            "refresh_token_validity": 30,
            "region": "us-east-2",
            "supported_identity_providers": [
              "COGNITO"
            ],
            "token_validity_units": [],
            "user_pool_id": "us-east-2_EcB4tCkUw",
            "write_attributes": []
          },
          "sensitive_attributes": [
            [
              {
                "type": "get_attr",
                "value": "client_secret"
              }
            ]
          ],
          "identity_schema_version": 0,
          "dependencies": [
            "module.network.aws_cognito_user_pool.user_pool"
          ]
        }
      ]
    },
    {
      "module": "module.network",
      "mode": "managed",
      "type": "aws_iam_role",
      "name": "lambda_exec_role",
      "provider": "provider[\"registry.terraform.io/hashicorp/aws\"]",
      "instances": [
        {
          "schema_version": 0,
          "attributes": {
            "arn": "arn:aws:iam::838284111015:role/goalsguild_lambda_exec_role_dev",
            "assume_role_policy": "{\"Statement\":[{\"Action\":\"sts:AssumeRole\",\"Effect\":\"Allow\",\"Principal\":{\"Service\":\"lambda.amazonaws.com\"}}],\"Version\":\"2012-10-17\"}",
            "create_date": "2025-08-30T21:59:15Z",
            "description": "",
            "force_detach_policies": false,
            "id": "goalsguild_lambda_exec_role_dev",
            "inline_policy": [],
            "managed_policy_arns": [
              "arn:aws:iam::aws:policy/service-role/AWSLambdaBasicExecutionRole"
            ],
            "max_session_duration": 3600,
            "name": "goalsguild_lambda_exec_role_dev",
            "name_prefix": "",
            "path": "/",
            "permissions_boundary": "",
            "tags": {},
            "tags_all": {},
            "unique_id": "AROA4GLNANSTTJ3ZERRNN"
          },
          "sensitive_attributes": [],
          "identity_schema_version": 0,
          "identity": {
            "account_id": "838284111015",
            "name": "goalsguild_lambda_exec_role_dev"
          },
          "private": "bnVsbA=="
        }
      ]
    },
    {
      "module": "module.network",
      "mode": "managed",
      "type": "aws_iam_role_policy_attachment",
      "name": "lambda_basic_execution",
      "provider": "provider[\"registry.terraform.io/hashicorp/aws\"]",
      "instances": [
        {
          "schema_version": 0,
          "attributes": {
            "id": "goalsguild_lambda_exec_role_dev-20250830215911758300000001",
            "policy_arn": "arn:aws:iam::aws:policy/service-role/AWSLambdaBasicExecutionRole",
            "role": "goalsguild_lambda_exec_role_dev"
          },
          "sensitive_attributes": [],
          "identity_schema_version": 0,
          "identity": {
            "account_id": "838284111015",
            "policy_arn": "arn:aws:iam::aws:policy/service-role/AWSLambdaBasicExecutionRole",
            "role": "goalsguild_lambda_exec_role_dev"
          },
          "private": "bnVsbA==",
          "dependencies": [
            "module.network.aws_iam_role.lambda_exec_role"
          ]
        }
      ]
    },
    {
      "module": "module.network",
      "mode": "managed",
      "type": "aws_lambda_permission",
      "name": "allow_api_gateway_quest",
      "provider": "provider[\"registry.terraform.io/hashicorp/aws\"]",
      "instances": [
        {
          "schema_version": 0,
          "attributes": {
            "action": "lambda:InvokeFunction",
            "event_source_token": null,
            "function_name": "arn:aws:lambda:us-east-2:838284111015:function:goalsguild_quest_service_dev",
            "function_url_auth_type": null,
            "id": "AllowAPIGatewayInvokeQuest",
            "principal": "apigateway.amazonaws.com",
            "principal_org_id": null,
            "qualifier": "",
            "region": "us-east-2",
            "source_account": null,
            "source_arn": "arn:aws:execute-api:us-east-2:838284111015:tuffc5cto8/*/*",
            "statement_id": "AllowAPIGatewayInvokeQuest",
            "statement_id_prefix": ""
          },
          "sensitive_attributes": [],
          "identity_schema_version": 0,
          "identity": {
            "account_id": "838284111015",
            "function_name": "arn:aws:lambda:us-east-2:838284111015:function:goalsguild_quest_service_dev",
            "qualifier": null,
            "region": "us-east-2",
            "statement_id": "AllowAPIGatewayInvokeQuest"
          },
          "private": "bnVsbA==",
          "dependencies": [
            "module.lambda_quest_service.aws_lambda_function.lambda_function",
            "module.network.aws_api_gateway_rest_api.rest_api",
            "module.network.aws_iam_role.lambda_exec_role",
            "module.quest_service_image.aws_ecr_repository.repo",
            "module.quest_service_image.data.aws_ecr_repository.repo"
          ]
        }
      ]
    },
    {
      "module": "module.network",
      "mode": "managed",
      "type": "aws_lambda_permission",
      "name": "allow_api_gateway_user",
      "provider": "provider[\"registry.terraform.io/hashicorp/aws\"]",
      "instances": [
        {
          "schema_version": 0,
          "attributes": {
            "action": "lambda:InvokeFunction",
            "event_source_token": null,
            "function_name": "arn:aws:lambda:us-east-2:838284111015:function:goalsguild_user_service_dev",
            "function_url_auth_type": null,
            "id": "AllowAPIGatewayInvokeUser",
            "principal": "apigateway.amazonaws.com",
            "principal_org_id": null,
            "qualifier": "",
            "region": "us-east-2",
            "source_account": null,
            "source_arn": "arn:aws:execute-api:us-east-2:838284111015:tuffc5cto8/*/*",
            "statement_id": "AllowAPIGatewayInvokeUser",
            "statement_id_prefix": ""
          },
          "sensitive_attributes": [],
          "identity_schema_version": 0,
          "identity": {
            "account_id": "838284111015",
            "function_name": "arn:aws:lambda:us-east-2:838284111015:function:goalsguild_user_service_dev",
            "qualifier": null,
            "region": "us-east-2",
            "statement_id": "AllowAPIGatewayInvokeUser"
          },
          "private": "bnVsbA==",
          "dependencies": [
            "module.lambda_user_service.aws_lambda_function.lambda_function",
            "module.network.aws_api_gateway_rest_api.rest_api",
            "module.network.aws_iam_role.lambda_exec_role",
            "module.user_service_image.aws_ecr_repository.repo",
            "module.user_service_image.data.aws_ecr_repository.repo"
          ]
        }
      ]
    },
    {
      "module": "module.network",
      "mode": "managed",
      "type": "aws_ssm_parameter",
      "name": "cognito_client_id",
      "provider": "provider[\"registry.terraform.io/hashicorp/aws\"]",
      "instances": [
        {
          "schema_version": 0,
          "attributes": {
            "allowed_pattern": "",
            "arn": "arn:aws:ssm:us-east-2:838284111015:parameter/goalsguild/dev/cognito/client_id",
            "data_type": "text",
            "description": "Cognito User Pool Client ID for GoalsGuild dev environment",
            "has_value_wo": false,
            "id": "/goalsguild/dev/cognito/client_id",
            "insecure_value": null,
            "key_id": "",
            "name": "/goalsguild/dev/cognito/client_id",
            "overwrite": null,
            "region": "us-east-2",
            "tags": {
              "Component": "cognito",
              "Environment": "dev",
              "Service": "goalsguild"
            },
            "tags_all": {
              "Component": "cognito",
              "Environment": "dev",
              "Service": "goalsguild"
            },
            "tier": "Standard",
            "type": "String",
            "value": "1h2dbvce67hjfnuj0bqos2uisu",
            "value_wo": null,
            "value_wo_version": null,
            "version": 1
          },
          "sensitive_attributes": [
            [
              {
                "type": "get_attr",
                "value": "value"
              }
            ],
            [
              {
                "type": "get_attr",
                "value": "value_wo"
              }
            ]
          ],
          "identity_schema_version": 0,
          "identity": {
            "account_id": "838284111015",
            "name": "/goalsguild/dev/cognito/client_id",
            "region": "us-east-2"
          },
          "private": "bnVsbA==",
          "dependencies": [
            "module.network.aws_cognito_user_pool.user_pool",
            "module.network.aws_cognito_user_pool_client.user_pool_client"
          ]
        }
      ]
    },
    {
      "module": "module.network",
      "mode": "managed",
      "type": "aws_ssm_parameter",
      "name": "cognito_client_secret",
      "provider": "provider[\"registry.terraform.io/hashicorp/aws\"]",
      "instances": [
        {
          "schema_version": 0,
          "attributes": {
            "allowed_pattern": "",
            "arn": "arn:aws:ssm:us-east-2:838284111015:parameter/goalsguild/dev/cognito/client_secret",
            "data_type": "text",
            "description": "Cognito User Pool Client Secret for GoalsGuild dev environment",
            "has_value_wo": false,
            "id": "/goalsguild/dev/cognito/client_secret",
            "insecure_value": null,
            "key_id": "alias/aws/ssm",
            "name": "/goalsguild/dev/cognito/client_secret",
            "overwrite": null,
            "region": "us-east-2",
            "tags": {
              "Component": "cognito",
              "Environment": "dev",
              "Service": "goalsguild"
            },
            "tags_all": {
              "Component": "cognito",
              "Environment": "dev",
              "Service": "goalsguild"
            },
            "tier": "Standard",
            "type": "SecureString",
            "value": "1",
            "value_wo": null,
            "value_wo_version": null,
            "version": 1
          },
          "sensitive_attributes": [
            [
              {
                "type": "get_attr",
                "value": "value"
              }
            ],
            [
              {
                "type": "get_attr",
                "value": "value_wo"
              }
            ]
          ],
          "identity_schema_version": 0,
          "identity": {
            "account_id": "838284111015",
            "name": "/goalsguild/dev/cognito/client_secret",
            "region": "us-east-2"
          },
          "private": "bnVsbA==",
          "dependencies": [
            "module.network.aws_cognito_user_pool.user_pool",
            "module.network.aws_cognito_user_pool_client.user_pool_client"
          ]
        }
      ]
    },
    {
      "module": "module.network",
      "mode": "managed",
      "type": "aws_ssm_parameter",
      "name": "cognito_user_pool_id",
      "provider": "provider[\"registry.terraform.io/hashicorp/aws\"]",
      "instances": [
        {
          "schema_version": 0,
          "attributes": {
            "allowed_pattern": "",
            "arn": "arn:aws:ssm:us-east-2:838284111015:parameter/goalsguild/dev/cognito/user_pool_id",
            "data_type": "text",
            "description": "Cognito User Pool ID for GoalsGuild dev environment",
            "has_value_wo": false,
            "id": "/goalsguild/dev/cognito/user_pool_id",
            "insecure_value": null,
            "key_id": "",
            "name": "/goalsguild/dev/cognito/user_pool_id",
            "overwrite": null,
            "region": "us-east-2",
            "tags": {
              "Component": "cognito",
              "Environment": "dev",
              "Service": "goalsguild"
            },
            "tags_all": {
              "Component": "cognito",
              "Environment": "dev",
              "Service": "goalsguild"
            },
            "tier": "Standard",
            "type": "String",
            "value": "us-east-2_EcB4tCkUw",
            "value_wo": null,
            "value_wo_version": null,
            "version": 1
          },
          "sensitive_attributes": [
            [
              {
                "type": "get_attr",
                "value": "value"
              }
            ],
            [
              {
                "type": "get_attr",
                "value": "value_wo"
              }
            ]
          ],
          "identity_schema_version": 0,
          "identity": {
            "account_id": "838284111015",
            "name": "/goalsguild/dev/cognito/user_pool_id",
            "region": "us-east-2"
          },
          "private": "bnVsbA==",
          "dependencies": [
            "module.network.aws_cognito_user_pool.user_pool"
          ]
        }
      ]
    },
    {
      "module": "module.quest_service_image",
      "mode": "data",
      "type": "aws_caller_identity",
      "name": "me",
      "provider": "module.quest_service_image.provider[\"registry.terraform.io/hashicorp/aws\"]",
      "instances": [
        {
          "schema_version": 0,
          "attributes": {
            "account_id": "838284111015",
            "arn": "arn:aws:sts::838284111015:assumed-role/AWSReservedSSO_AdministratorAccess_a645e868571753cc/AndresAlvarez",
            "id": "838284111015",
            "user_id": "AROA4GLNANSTVDTZXR5GZ:AndresAlvarez"
          },
          "sensitive_attributes": [],
          "identity_schema_version": 0
        }
      ]
    },
    {
      "module": "module.quest_service_image",
      "mode": "data",
      "type": "aws_ecr_authorization_token",
      "name": "ecr",
      "provider": "module.quest_service_image.provider[\"registry.terraform.io/hashicorp/aws\"]",
      "instances": [
        {
          "schema_version": 0,
          "attributes": {
            "authorization_token": "QVdTOmV5SndZWGxzYjJGa0lqb2llbU5vU2tKSFpVVjBlbFJ3VERKdmFFRlRWMk5UV1VKRFQwYzJWV3R1YjFkR2VHWkpTVTVyT1RaMlEyaG5TM2R3VEU5c1dGcHpWbmxZWVVjclFtcHRkRWhOWWxCU2NEQkxabVIxUjJWbWEzbEdLMWc1VTNWUlJtb3pOWFIyWVRCS1J6UkROa3cxUTBVMlpVNUtTMWROUVdzNFJHTkVkWE16VkZaMmNXRlNaMHBHTHpoNFp6VnRlbTgxVmxGU01tczFhMnhaWWt0RVF6YzFRMnBFYlZnMWRETnFUVEUzTkdsNFdsTXJNQzkxT1dzdmJGcHNWRE5hUnl0SmRWVjJRVW96ZWpSRU1URXdhSGh5TlRSa1EwTjVkRmR2YUVnMVZrWXJUa1UzTlVwSU4zSlZjV2RwZWtsbk4wa3lRVW94Y25CNk1raG9ha3hOVFVKVWVIRXZOV3AyVjBadkwySXhkMHhwTDA5MmJXRjNkMVJhYVZOMVEwZGtlV2RWU2pCR2VIYzRPRlJJUVdSbmEwaFhWbUYwWXpONVlpczNhV1J3V1VKYVJrbEJkelpJVFRCeldqTk5NM05QWWtScGFIcDZablJtUTNWSVQyMHllR05PV0ZaVmFIWnlUazVQTmxoelpreHlZVWREU0drNWRFTklWMU41ZEZaSE1GQldhWHBLVFZGaGNFMU9iVVpDYlhwNVEyODNlVUpxTmtOeUt6TnJRbkZsVFZOaVJFZEJRMWt4VVcxdU9GSm5Wa2xOYlRkR1lXTlpjVVUzTjNNMFJFOVhVbTR4VEU1S1QwZEJWM05WVVhaNFdTOVFRVnBaVDFCME1ITjFRMHRxY1dFME1rbHZPRmhhVTJWSFFtdHBjalJXYjFReFVHMU9lazVFYmtWaFdscFNkVWhtZFhKUmR6VjRiR2xVTldKMU4yVnVkVmRQVmt4MVdFcHhObk1yYVVkeUwwbElSak53Y2tsUU56WndTbmxwTmtSTmIwWmFXR1ZCYm5sNFJYWnFPWEI2YkdKSWVsUlVNRFJwTUhwcldFSk9iVlYyWWxsUWVXRlRVM0JOV1ZjMVpIQllVVWhaVFc1bFVVRkJiVmMzVmpscGVEZDJTRGRWZUdWTVoydGFlUzlVVUZNeVNrVTRNbTE2VUhFM2J6WjJhVzlpV2xkU1RYZzNXa3RZVFZOWlpVZFdTM2xNYkZsdE5EZHBlV2Q1T1dsSVNWaE5jRFp0YVZsQlZ5dERNVWR4V1dsWmJHbzJSbTVSUzB0TmIydDVWazg0TTNFMlVUVnBjRU13Um1ORWRsUXlUVUoxYW1wemNrWnhVWHBDY2pVNE5WSk5RMmxoU0ZSRWFXWnhaR1ZGYkhKeFVsRkZhRlJSU0c1RWQxcE5WRlY2VVZOWVYydElhMnQwZVVGNlMxUXpiSEpMZVhWTlNEUk5UQ3QzZEZaWFdHOVRPVEZqYVZGWkx6bFFZbVl2UkU1VlprUk9VWGgxY3pCQ1pqSXpSa0pJYTFwUldHSXZVMk50SzNWeGFVeHhabTFMTjFwVU5rMUxSMkkzVldKRVNYTkJLMjlqTmxWV1pFVkJjMmxpWml0dWNITldaeXRrYnpBdlkxSjFRemM0ZG14UWVIb3ZZbVZpVVVZMFJFSTFhV05sTUVkM2EwazFaUzlLWkRJMWFYRjFRVlZtWlZoMUwyVklZblYwWVZkdVJHdDRjVUYxVEhaVmMyWkdObkJsU2s5dlkwVXhkV2x3T1Vsd0wwdGxPVTR5TXpkMWMwUjNiVWxHVkVVemJTdFJWamR2TmpVME0zSmtPVVptTkhKV1MyUlRTMUUxSzJKb2JVVjBUMlpJZFRSUFZqUkdlVmRwTkU1VGRsazVVMW93ZUVsRE5sVXpkazVVUmtGTGVsZFZSaXRGYzIxclQzZENNelYwVGxaVVlVSlhSMDV2Y1hkRk1GbHFia1l2VVhwb2VuazRkalZMWVc1a1drTldOekZoVkZCbVVsTlRWMXBQVFM5a1JWQlFSazVtYlRKQ1dWbHhkak5DYm1WQ1J6SjZXRzFHTkhkb0x6QlNOemRJY2paSVpWWmxWRWhNUVRoSmFsVkVSRkZVV0d0NE5rVlBlV2hNWlN0dVRYVlNTVVV3YkRsd2EyODNla0lyVTFWV2VXaDBXRTl5VDJsNlpXb3dVa05EUWtGMVdGSkxMelJUZDJjd1lpOU5kVFExU0hWa1IxSm5VVWh6TldsSllXeE1MelUwUlZNNFpHMXFNMnhHZDNKWFJrZFlOMlpvUVRkNmEwOVNOeTlQVW1GbmJVNW1aalJhVjJGWFQyNUVXVEZJVUU1RUsxVlRXRWR4VDIxSmJXWkdNbXQ0YUU1ek1FUnBVMFpETkhaR00yeEpZMU5KYkdWYU5EaDFabTlZYVRjek5YaFFOekp5U0cxdlIxWkdRelJwUTNoTGNuZzJjSGxXUnpVeVEzSlZkejA5SWl3aVpHRjBZV3RsZVNJNklrRlJSVUpCU0dwQ055OXBaM2ROWnpST1VIZGhkWEo0VTBsWmVEUklabTU0ZFVkakx6UTRZa1IzZG5kRWNFNVpWMXBuUVVGQlNEUjNaa0ZaU2t0dldrbG9kbU5PUVZGalIyOUhPSGRpVVVsQ1FVUkNiMEpuYTNGb2EybEhPWGN3UWtKM1JYZElaMWxLV1VsYVNVRlhWVVJDUVVWMVRVSkZSVVJMVFRsM01GcFljazByYTFwS1RVWjFRVWxDUlVsQk4wWmxNVWt6Y2tGc1ZHWkpaVGN4VjFRMVZrMTZMMm8xVDFsYVRWTjFUVEJLV1VaUFVIUjJSbkpqVTJWUGFHcHJORWRYVVhvMGRXTlVOVEJMYjJJdk5HdFJPVGhMVm5welFXZDFlVzR3Y1VVOUlpd2lkbVZ5YzJsdmJpSTZJaklpTENKMGVYQmxJam9pUkVGVVFWOUxSVmtpTENKbGVIQnBjbUYwYVc5dUlqb3hOelUyTmpNNU5EazVmUT09",
            "expires_at": "2025-08-31T11:24:59Z",
            "id": "us-east-2",
            "password": "eyJwYXlsb2FkIjoiemNoSkJHZUV0elRwTDJvaEFTV2NTWUJDT0c2VWtub1dGeGZJSU5rOTZ2Q2hnS3dwTE9sWFpzVnlYYUcrQmptdEhNYlBScDBLZmR1R2Vma3lGK1g5U3VRRmozNXR2YTBKRzRDNkw1Q0U2ZU5KS1dNQWs4RGNEdXMzVFZ2cWFSZ0pGLzh4ZzVtem81VlFSMms1a2xZYktEQzc1Q2pEbVg1dDNqTTE3NGl4WlMrMC91OWsvbFpsVDNaRytJdVV2QUozejREMTEwaHhyNTRkQ0N5dFdvaEg1VkYrTkU3NUpIN3JVcWdpeklnN0kyQUoxcnB6MkhoakxNTUJUeHEvNWp2V0ZvL2Ixd0xpL092bWF3d1RaaVN1Q0dkeWdVSjBGeHc4OFRIQWRna0hXVmF0YzN5Yis3aWRwWUJaRklBdzZITTBzWjNNM3NPYkRpaHp6ZnRmQ3VIT20yeGNOWFZVaHZyTk5PNlhzZkxyYUdDSGk5dENIV1N5dFZHMFBWaXpKTVFhcE1ObUZCbXp5Q283eUJqNkNyKzNrQnFlTVNiREdBQ1kxUW1uOFJnVklNbTdGYWNZcUU3N3M0RE9XUm4xTE5KT0dBV3NVUXZ4WS9QQVpZT1B0MHN1Q0tqcWE0MklvOFhaU2VHQmtpcjRWb1QxUG1Oek5EbkVhWlpSdUhmdXJRdzV4bGlUNWJ1N2VudVdPVkx1WEpxNnMraUdyL0lIRjNwcklQNzZwSnlpNkRNb0ZaWGVBbnl4RXZqOXB6bGJIelRUMDRpMHprWEJObVV2YllQeWFTU3BNWVc1ZHBYUUhZTW5lUUFBbVc3VjlpeDd2SDdVeGVMZ2taeS9UUFMySkU4Mm16UHE3bzZ2aW9iWldSTXg3WktYTVNZZUdWS3lMbFltNDdpeWd5OWlISVhNcDZtaVlBVytDMUdxWWlZbGo2Rm5RS0tNb2t5Vk84M3E2UTVpcEMwRmNEdlQyTUJ1ampzckZxUXpCcjU4NVJNQ2lhSFREaWZxZGVFbHJxUlFFaFRRSG5Ed1pNVFV6UVNYV2tIa2t0eUF6S1QzbHJLeXVNSDRNTCt3dFZXWG9TOTFjaVFZLzlQYmYvRE5VZkROUXh1czBCZjIzRkJIa1pRWGIvU2NtK3VxaUxxZm1LN1pUNk1LR2I3VWJESXNBK29jNlVWZEVBc2liZitucHNWZytkbzAvY1J1Qzc4dmxQeHovYmViUUY0REI1aWNlMEd3a0k1ZS9KZDI1aXF1QVVmZVh1L2VIYnV0YVduRGt4cUF1THZVc2ZGNnBlSk9vY0UxdWlwOUlwL0tlOU4yMzd1c0R3bUlGVEUzbStRVjdvNjU0M3JkOUZmNHJWS2RTS1E1K2JobUV0T2ZIdTRPVjRGeVdpNE5Tdlk5U1oweElDNlUzdk5URkFLeldVRitFc21rT3dCMzV0TlZUYUJXR05vcXdFMFlqbkYvUXpoenk4djVLYW5kWkNWNzFhVFBmUlNTV1pPTS9kRVBQRk5mbTJCWVlxdjNCbmVCRzJ6WG1GNHdoLzBSNzdIcjZIZVZlVEhMQThJalVERFFUWGt4NkVPeWhMZStuTXVSSUUwbDlwa283ekIrU1VWeWh0WE9yT2l6ZWowUkNDQkF1WFJLLzRTd2cwYi9NdTQ1SHVkR1JnUUhzNWlJYWxMLzU0RVM4ZG1qM2xGd3JXRkdYN2ZoQTd6a09SNy9PUmFnbU5mZjRaV2FXT25EWTFIUE5EK1VTWEdxT21JbWZGMmt4aE5zMERpU0ZDNHZGM2xJY1NJbGVaNDh1Zm9YaTczNXhQNzJySG1vR1ZGQzRpQ3hLcng2cHlWRzUyQ3JVdz09IiwiZGF0YWtleSI6IkFRRUJBSGpCNy9pZ3dNZzROUHdhdXJ4U0lZeDRIZm54dUdjLzQ4YkR3dndEcE5ZV1pnQUFBSDR3ZkFZSktvWklodmNOQVFjR29HOHdiUUlCQURCb0Jna3Foa2lHOXcwQkJ3RXdIZ1lKWUlaSUFXVURCQUV1TUJFRURLTTl3MFpYck0ra1pKTUZ1QUlCRUlBN0ZlMUkzckFsVGZJZTcxV1Q1Vk16L2o1T1laTVN1TTBKWUZPUHR2RnJjU2VPaGprNEdXUXo0dWNUNTBLb2IvNGtROThLVnpzQWd1eW4wcUU9IiwidmVyc2lvbiI6IjIiLCJ0eXBlIjoiREFUQV9LRVkiLCJleHBpcmF0aW9uIjoxNzU2NjM5NDk5fQ==",
            "proxy_endpoint": "https://838284111015.dkr.ecr.us-east-2.amazonaws.com",
            "region": "us-east-2",
            "registry_id": "838284111015",
            "user_name": "AWS"
          },
          "sensitive_attributes": [
            [
              {
                "type": "get_attr",
                "value": "authorization_token"
              }
            ],
            [
              {
                "type": "get_attr",
                "value": "password"
              }
            ]
          ],
          "identity_schema_version": 0
        }
      ]
    },
    {
      "module": "module.quest_service_image",
      "mode": "managed",
      "type": "aws_ecr_lifecycle_policy",
      "name": "keep_last_3",
      "provider": "module.quest_service_image.provider[\"registry.terraform.io/hashicorp/aws\"]",
      "instances": [
        {
          "index_key": 0,
          "schema_version": 0,
          "attributes": {
            "id": "goalsguild_quest_service",
            "policy": "{\"rules\":[{\"action\":{\"type\":\"expire\"},\"description\":\"Keep last 3 images by count\",\"rulePriority\":1,\"selection\":{\"countNumber\":3,\"countType\":\"imageCountMoreThan\",\"tagStatus\":\"any\"}}]}",
            "region": "us-east-2",
            "registry_id": "838284111015",
            "repository": "goalsguild_quest_service"
          },
          "sensitive_attributes": [],
          "identity_schema_version": 0,
          "identity": {
            "account_id": "838284111015",
            "region": "us-east-2",
            "repository": "goalsguild_quest_service"
          },
          "private": "bnVsbA==",
          "dependencies": [
            "module.quest_service_image.aws_ecr_repository.repo"
          ]
        }
      ]
    },
    {
      "module": "module.quest_service_image",
      "mode": "managed",
      "type": "aws_ecr_repository",
      "name": "repo",
      "provider": "module.quest_service_image.provider[\"registry.terraform.io/hashicorp/aws\"]",
      "instances": [
        {
          "index_key": 0,
          "schema_version": 0,
          "attributes": {
            "arn": "arn:aws:ecr:us-east-2:838284111015:repository/goalsguild_quest_service",
            "encryption_configuration": [
              {
                "encryption_type": "AES256",
                "kms_key": ""
              }
            ],
            "force_delete": true,
            "id": "goalsguild_quest_service",
            "image_scanning_configuration": [
              {
                "scan_on_push": true
              }
            ],
            "image_tag_mutability": "MUTABLE",
            "image_tag_mutability_exclusion_filter": [],
            "name": "goalsguild_quest_service",
            "region": "us-east-2",
            "registry_id": "838284111015",
            "repository_url": "838284111015.dkr.ecr.us-east-2.amazonaws.com/goalsguild_quest_service",
            "tags": {},
            "tags_all": {},
            "timeouts": null
          },
          "sensitive_attributes": [],
          "identity_schema_version": 0,
          "identity": {
            "account_id": "838284111015",
            "name": "goalsguild_quest_service",
            "region": "us-east-2"
          },
          "private": "eyJlMmJmYjczMC1lY2FhLTExZTYtOGY4OC0zNDM2M2JjN2M0YzAiOnsiZGVsZXRlIjoxMjAwMDAwMDAwMDAwfX0="
        }
      ]
    },
    {
      "module": "module.quest_service_image",
      "mode": "managed",
      "type": "docker_image",
      "name": "app",
      "provider": "module.quest_service_image.provider[\"registry.terraform.io/kreuzwerker/docker\"]",
      "instances": [
        {
          "schema_version": 0,
          "attributes": {
            "build": [
              {
                "auth_config": [],
                "build_args": null,
                "build_id": "",
                "build_log_file": "",
                "builder": "",
                "cache_from": [],
                "cgroup_parent": "",
                "context": "../../../backend/services/quest-service",
                "cpu_period": null,
                "cpu_quota": null,
                "cpu_set_cpus": "",
                "cpu_set_mems": "",
                "cpu_shares": null,
                "dockerfile": "../../../backend/services/quest-service/Dockerfile",
                "extra_hosts": [],
                "force_remove": null,
                "isolation": "",
                "label": null,
                "labels": null,
                "memory": null,
                "memory_swap": null,
                "network_mode": "",
                "no_cache": null,
                "platform": "",
                "pull_parent": null,
                "remote_context": "",
                "remove": true,
                "secrets": [],
                "security_opt": [],
                "session_id": "",
                "shm_size": null,
                "squash": null,
                "suppress_output": null,
                "tag": [],
                "target": "",
                "ulimit": [],
                "version": ""
              }
            ],
            "force_remove": null,
            "id": "sha256:d4d7b26c18f8b6dc4190e741cd2b115fe2b6ec434d2cdc7f051d6e55fdbb6194838284111015.dkr.ecr.us-east-2.amazonaws.com/goalsguild_quest_service:1",
            "image_id": "sha256:d4d7b26c18f8b6dc4190e741cd2b115fe2b6ec434d2cdc7f051d6e55fdbb6194",
            "keep_locally": null,
            "name": "838284111015.dkr.ecr.us-east-2.amazonaws.com/goalsguild_quest_service:1",
            "platform": null,
            "pull_triggers": null,
            "repo_digest": "838284111015.dkr.ecr.us-east-2.amazonaws.com/goalsguild_quest_service@sha256:d4d7b26c18f8b6dc4190e741cd2b115fe2b6ec434d2cdc7f051d6e55fdbb6194",
            "timeouts": null,
            "triggers": {
              "dockerfile_sha": "e21dead0edfdac840ac94a54009dd86c4e910e64bb107c6a0f67db21b2d6f1f4"
            }
          },
          "sensitive_attributes": [],
          "identity_schema_version": 0,
          "private": "eyJlMmJmYjczMC1lY2FhLTExZTYtOGY4OC0zNDM2M2JjN2M0YzAiOnsiY3JlYXRlIjoxMjAwMDAwMDAwMDAwLCJkZWxldGUiOjEyMDAwMDAwMDAwMDAsInVwZGF0ZSI6MTIwMDAwMDAwMDAwMH19",
          "dependencies": [
            "module.quest_service_image.aws_ecr_repository.repo",
            "module.quest_service_image.data.aws_caller_identity.me",
            "module.quest_service_image.data.aws_ecr_authorization_token.ecr",
            "module.quest_service_image.data.aws_ecr_repository.repo"
          ]
        }
      ]
    },
    {
      "module": "module.quest_service_image",
      "mode": "managed",
      "type": "docker_registry_image",
      "name": "app",
      "provider": "module.quest_service_image.provider[\"registry.terraform.io/kreuzwerker/docker\"]",
      "instances": [
        {
          "schema_version": 0,
          "attributes": {
            "auth_config": [],
            "id": "sha256:162e32f3be0cd97067978310dc971def0503226fee5e3a53f25bfc0829da585e",
            "insecure_skip_verify": false,
            "keep_remotely": true,
            "name": "838284111015.dkr.ecr.us-east-2.amazonaws.com/goalsguild_quest_service:1",
            "sha256_digest": "sha256:162e32f3be0cd97067978310dc971def0503226fee5e3a53f25bfc0829da585e",
            "triggers": null
          },
          "sensitive_attributes": [],
          "identity_schema_version": 0,
          "private": "bnVsbA==",
          "dependencies": [
            "module.quest_service_image.aws_ecr_repository.repo",
            "module.quest_service_image.data.aws_caller_identity.me",
            "module.quest_service_image.data.aws_ecr_authorization_token.ecr",
            "module.quest_service_image.data.aws_ecr_repository.repo",
            "module.quest_service_image.docker_image.app"
          ]
        }
      ]
    },
    {
      "module": "module.quest_service_image",
      "mode": "managed",
      "type": "local_file",
      "name": "version_file",
      "provider": "provider[\"registry.terraform.io/hashicorp/local\"]",
      "instances": [
        {
          "schema_version": 0,
          "attributes": {
            "content": "1",
            "content_base64": null,
            "content_base64sha256": "a4ayc/80/OGda4BO/1o/V0etpOqiLx1JwB5S3beHW0s=",
            "content_base64sha512": "Tf9Oo0DwqCPxXT9PAati6uDl2lecy4Ufjbnf6ExYsrN7iZA6dA4e4XLaeTpuedVg5ff5vQWKEqKAQz7W+kZRCg==",
            "content_md5": "c4ca4238a0b923820dcc509a6f75849b",
            "content_sha1": "356a192b7913b04c54574d18c28d46e6395428ab",
            "content_sha256": "6b86b273ff34fce19d6b804eff5a3f5747ada4eaa22f1d49c01e52ddb7875b4b",
            "content_sha512": "4dff4ea340f0a823f15d3f4f01ab62eae0e5da579ccb851f8db9dfe84c58b2b37b89903a740e1ee172da793a6e79d560e5f7f9bd058a12a280433ed6fa46510a",
            "directory_permission": "0777",
            "file_permission": "0777",
            "filename": "modules/docker_lambda_image/.quest-service_version",
            "id": "356a192b7913b04c54574d18c28d46e6395428ab",
            "sensitive_content": null,
            "source": null
          },
          "sensitive_attributes": [
            [
              {
                "type": "get_attr",
                "value": "sensitive_content"
              }
            ]
          ],
          "identity_schema_version": 0
        }
      ]
    },
    {
      "module": "module.user_service_image",
      "mode": "data",
      "type": "aws_caller_identity",
      "name": "me",
      "provider": "module.user_service_image.provider[\"registry.terraform.io/hashicorp/aws\"]",
      "instances": [
        {
          "schema_version": 0,
          "attributes": {
            "account_id": "838284111015",
            "arn": "arn:aws:sts::838284111015:assumed-role/AWSReservedSSO_AdministratorAccess_a645e868571753cc/AndresAlvarez",
            "id": "838284111015",
            "user_id": "AROA4GLNANSTVDTZXR5GZ:AndresAlvarez"
          },
          "sensitive_attributes": [],
          "identity_schema_version": 0
        }
      ]
    },
    {
      "module": "module.user_service_image",
      "mode": "data",
      "type": "aws_ecr_authorization_token",
      "name": "ecr",
      "provider": "module.user_service_image.provider[\"registry.terraform.io/hashicorp/aws\"]",
      "instances": [
        {
          "schema_version": 0,
          "attributes": {
            "authorization_token": "QVdTOmV5SndZWGxzYjJGa0lqb2ljekF2ZGxCdFRUbHlOMmhTUlVWNFNrRnpNMkppTjA5RFlUbFRiVlJwUjNocGIzcHNOM1ZZUWxZeldVZHZlalZuZGxaNk9FZGhhM0pqZEdGNFZtZHJXbFZsYzJod2FVNXVaR3RoUlRGQ2VIRmFWSG8zYlVKVldFaHRiVXRTVTFsTkwySkNiMFZyVTBKc2RrTkxaV2g0TldKVVRqSjNMekU1U1hKWE1sVkJjbkJOTjNsR2VWcElla2cwYUhnelpWUm5ObkZVVVVWcFdqUXpSRWdyVUhwcFFscEJXazFJZW05VVZVWXhkelZ6ZERSdlRHSXZhMHBaVFdObFlVMTVVa1ZvYW5OUmQyZzRPR1I2TVdRclN6VjFlRVk1VWtOWGRHSTFPVEpZYUZwUldqa3ZlRnBqYWxoa1VXWmFRbUpEUlRsV1ducHZXa2xEZGtWVldISXZNbEowUkVGMVZqQk1abEZOUmtvdlRXRXlPRGhyUjJZMGRqVXZibnB1VVVGS05XVlVSbk5CUTJrelRsaHNVMHBqZGtoTmRIaHVOMWxFTHl0amNtNW9jMGR3TjNsYVRVRlZaR3RVYm5GdmRraGpRMUZxU2tadWJuRTBWak56TlZkWlNuSmFNblZYYWxrdmFFc3hVVXhRYm1Jek5IUnhUMGt4WkZsTFdFcHVjVTlKUWtoQ1oxTnNlRUk0V1dKUFRFazFVblY0U1dOTU9ESmlPRFJKUlhoaWVHUm5NVU5VTm01TVoxVk9hVEJuV2pGcE5sVmFZazlpUld0WVNVeFFNRUZYY0VWeWREWTRVSHBpUW1KSFlteHNRMVJHTjJ3NVdUbHViR0YyYUcxeWQyZ3diSEppV0RGRlUzUm5kWGhWVWxaT1NXVnJSeTlOUjBORmRGUmphbXRpUld0elNVNUpNRU5hWVZaaWIycERRbW93YkVFMVVrWlZTRmhFWlZrdlVYTnVkWHA2ZWpobFRtWnNSa3cyUlhJelVXeEdNbWMyYkZwVlIxYzRiSFJPUVZwc1ZHeEZkVFUyYVVaNVMwMDJNbVE1VVUxcFVrOXRPRUV6YXpWNVZqRndURXBoYTBzeWRFeEhOalkzYkhkM1ExWnNObnBSYkM5TGNFaEtRMDFUY1RkdVYwUk5kMEUwTmt4YWRYQnVRbmR5ZVdvd1ZYSlJWbUo1YUZoTk5rMW1XbmxpT0RCeWJYUjFNRzVEVVdOYVFrdDVNbnB3UkdoV2MyTkVPRmRTWlhWa016aDNiWGN6VlhkVmIweEhjMUJDVldGYVNGWk5RblJqUlVKaVdtWmlUVGRITTA5alZscDZZMHh5YjNKWlNYTXJRaXR6V2pCVWVtbzNaa0UwVTFoeU1UTmxXRkpITlVsV05XNTROVko1WjFkeWIyTmFXVFJ5TlRRMWIzQjFSVmwwVTNCdVptTlFOa3A2TkV4YU1XOXBRak5UUVZKU1lYZENZV1JVYkRSbWJXWTBORE5SWkZsM01sWlRhMlpQZVZoUWRUbHFTSEI1V0c5S00wWkZZV1l6Wkd4RU16SlFOMEZZVEVsa1RHUlRRMGt5V1RSd05uUk9OVFZXZEV4Nk5XaDZXbkp0YVUxWUt6UTFaMms0VDBWRGVGTjBkVXAxYzNWcVRucHdNREJqV25aeE9HOWFOMDFNUmsxRGVrNVdWbWxHWjJkUWRYZHJOR3RTY1hNNFpGQTRXVFZYU1hvM1YyTk5hVFJuVHpaeEswVjZSVEZ4T1VWTGJsVXdiM2x5VkVaNlIwTm9PVTVJTVVORU1IQlZlRlJsV2twclFXSnRTRkV6VjNSRU5YTTFOWEJVV1dOS2VEWm5VVVYyVm1sNFlrbFBLM0pFZVhCTFVXWndRMnh3YldwNlIwbHFlR281YjFrMFFtMUtNVVZNWlRkeE4yaGpWSFZuWlVkQlVsZHFUeXRDVUVGR1dsZHJjMHhaUTFGMFNqQm9kR3d2YkN0TlUxcHpjM3AyWlU5WVNYY3hOMU5QYlU1WFEzTk9aRWxhVFhRMk1VRm9kMkZxT1hsQmVXMWFOSEZsYlVodVdVc3hSbFpoUTB0WE9IQlpSVEp3YkhoaFZUSlBTR00zU1RnclUyTjVPRWRsV21aSE5XaFpORGdyT1VwV00xZExNbXN3UlcwelpFaFdZVEZHUVV0QmJuTTRjMHRHVW1sbllVcHVWRU5vUldWclIyeHZTMU5KTVdwMFVsbG9PV0V5Vm1GWmFGcGlMMlJOUkdOTWNsRTViR1V3TUU4eWVXWTRXSGd4VGxCT1ZWVjJlRmxaTjFSMFlsWk1iek14WVdkclpsTlRkMnBWTm5JeFkzVmtRMmNyYlRsVE5GcFFkMU5KTkN0a1EzSnRXVVE1VGxZNVJsTkNTMFYzVVVJd09VNVVZVzVaU0ROeVpXWnRNa1ZxT0VwV1pUa3pNbEJXYTNJNVowaE9jMWszU0hkNlVHRjJVVDA5SWl3aVpHRjBZV3RsZVNJNklrRlJSVUpCU0dwQ055OXBaM2ROWnpST1VIZGhkWEo0VTBsWmVEUklabTU0ZFVkakx6UTRZa1IzZG5kRWNFNVpWMXBuUVVGQlNEUjNaa0ZaU2t0dldrbG9kbU5PUVZGalIyOUhPSGRpVVVsQ1FVUkNiMEpuYTNGb2EybEhPWGN3UWtKM1JYZElaMWxLV1VsYVNVRlhWVVJDUVVWMVRVSkZSVVJQTjFOV1pGTklkbE54TkhadVduSlVkMGxDUlVsQk56QjJSME5KYWtGSk9YcE1UVW80ZW1ZdmFrZDNXVWhZYzI5a1NXOTZOWHA2UkRFeFQySXhSWGN4ZWtORUx6SkRTa1UyZVRWeVdXOWxjMlpoVVdaT1ZXNVBUelpKTDBkalVqSlhTVGhzU1UwOUlpd2lkbVZ5YzJsdmJpSTZJaklpTENKMGVYQmxJam9pUkVGVVFWOUxSVmtpTENKbGVIQnBjbUYwYVc5dUlqb3hOelUyTmpNNU5EazVmUT09",
            "expires_at": "2025-08-31T11:24:59Z",
            "id": "us-east-2",
            "password": "eyJwYXlsb2FkIjoiczAvdlBtTTlyN2hSRUV4SkFzM2JiN09DYTlTbVRpR3hpb3psN3VYQlYzWUdvejVndlZ6OEdha3JjdGF4VmdrWlVlc2hwaU5uZGthRTFCeHFaVHo3bUJVWEhtbUtSU1lNL2JCb0VrU0JsdkNLZWh4NWJUTjJ3LzE5SXJXMlVBcnBNN3lGeVpIekg0aHgzZVRnNnFUUUVpWjQzREgrUHppQlpBWk1Iem9UVUYxdzVzdDRvTGIva0pZTWNlYU15UkVoanNRd2g4OGR6MWQrSzV1eEY5UkNXdGI1OTJYaFpRWjkveFpjalhkUWZaQmJDRTlWWnpvWklDdkVVWHIvMlJ0REF1VjBMZlFNRkovTWEyODhrR2Y0djUvbnpuUUFKNWVURnNBQ2kzTlhsU0pjdkhNdHhuN1lELytjcm5oc0dwN3laTUFVZGtUbnFvdkhjQ1FqSkZubnE0VjNzNVdZSnJaMnVXalkvaEsxUUxQbmIzNHRxT0kxZFlLWEpucU9JQkhCZ1NseEI4WWJPTEk1UnV4SWNMODJiODRJRXhieGRnMUNUNm5MZ1VOaTBnWjFpNlVaYk9iRWtYSUxQMEFXcEVydDY4UHpiQmJHYmxsQ1RGN2w5WTlubGF2aG1yd2gwbHJiWDFFU3RndXhVUlZOSWVrRy9NR0NFdFRjamtiRWtzSU5JMENaYVZib2pDQmowbEE1UkZVSFhEZVkvUXNudXp6ejhlTmZsRkw2RXIzUWxGMmc2bFpVR1c4bHROQVpsVGxFdTU2aUZ5S002MmQ5UU1pUk9tOEEzazV5VjFwTEpha0sydExHNjY3bHd3Q1ZsNnpRbC9LcEhKQ01TcTduV0RNd0E0NkxadXBuQndyeWowVXJRVmJ5aFhNNk1mWnliODBybXR1MG5DUWNaQkt5MnpwRGhWc2NEOFdSZXVkMzh3bXczVXdVb0xHc1BCVWFaSFZNQnRjRUJiWmZiTTdHM09jVlp6Y0xyb3JZSXMrQitzWjBUemo3ZkE0U1hyMTNlWFJHNUlWNW54NVJ5Z1dyb2NaWTRyNTQ1b3B1RVl0U3BuZmNQNkp6NExaMW9pQjNTQVJSYXdCYWRUbDRmbWY0NDNRZFl3MlZTa2ZPeVhQdTlqSHB5WG9KM0ZFYWYzZGxEMzJQN0FYTElkTGRTQ0kyWTRwNnRONTVWdEx6NWh6WnJtaU1YKzQ1Z2k4T0VDeFN0dUp1c3VqTnpwMDBjWnZxOG9aN01MRk1Dek5WVmlGZ2dQdXdrNGtScXM4ZFA4WTVXSXo3V2NNaTRnTzZxK0V6RTFxOUVLblUwb3lyVEZ6R0NoOU5IMUNEMHBVeFRlWkprQWJtSFEzV3RENXM1NXBUWWNKeDZnUUV2Vml4YklPK3JEeXBLUWZwQ2xwbWp6R0lqeGo5b1k0Qm1KMUVMZTdxN2hjVHVnZUdBUldqTytCUEFGWldrc0xZQ1F0SjBodGwvbCtNU1pzc3p2ZU9YSXcxN1NPbU5XQ3NOZElaTXQ2MUFod2FqOXlBeW1aNHFlbUhuWUsxRlZhQ0tXOHBZRTJwbHhhVTJPSGM3STgrU2N5OEdlWmZHNWhZNDgrOUpWM1dLMmswRW0zZEhWYTFGQUtBbnM4c0tGUmlnYUpuVENoRWVrR2xvS1NJMWp0UlloOWEyVmFZaFpiL2RNRGNMclE5bGUwME8yeWY4WHgxTlBOVVV2eFlZN1R0YlZMbzMxYWdrZlNTd2pVNnIxY3VkQ2crbTlTNFpQd1NJNCtkQ3JtWUQ5TlY5RlNCS0V3UUIwOU5UYW5ZSDNyZWZtMkVqOEpWZTkzMlBWa3I5Z0hOc1k3SHd6UGF2UT09IiwiZGF0YWtleSI6IkFRRUJBSGpCNy9pZ3dNZzROUHdhdXJ4U0lZeDRIZm54dUdjLzQ4YkR3dndEcE5ZV1pnQUFBSDR3ZkFZSktvWklodmNOQVFjR29HOHdiUUlCQURCb0Jna3Foa2lHOXcwQkJ3RXdIZ1lKWUlaSUFXVURCQUV1TUJFRURPN1NWZFNIdlNxNHZuWnJUd0lCRUlBNzB2R0NJakFJOXpMTUo4emYvakd3WUhYc29kSW96NXp6RDExT2IxRXcxekNELzJDSkU2eTVyWW9lc2ZhUWZOVW5PTzZJL0djUjJXSThsSU09IiwidmVyc2lvbiI6IjIiLCJ0eXBlIjoiREFUQV9LRVkiLCJleHBpcmF0aW9uIjoxNzU2NjM5NDk5fQ==",
            "proxy_endpoint": "https://838284111015.dkr.ecr.us-east-2.amazonaws.com",
            "region": "us-east-2",
            "registry_id": "838284111015",
            "user_name": "AWS"
          },
          "sensitive_attributes": [
            [
              {
                "type": "get_attr",
                "value": "authorization_token"
              }
            ],
            [
              {
                "type": "get_attr",
                "value": "password"
              }
            ]
          ],
          "identity_schema_version": 0
        }
      ]
    },
    {
      "module": "module.user_service_image",
      "mode": "managed",
      "type": "aws_ecr_lifecycle_policy",
      "name": "keep_last_3",
      "provider": "module.user_service_image.provider[\"registry.terraform.io/hashicorp/aws\"]",
      "instances": [
        {
          "index_key": 0,
          "schema_version": 0,
          "attributes": {
            "id": "goalsguild_user_service",
            "policy": "{\"rules\":[{\"action\":{\"type\":\"expire\"},\"description\":\"Keep last 3 images by count\",\"rulePriority\":1,\"selection\":{\"countNumber\":3,\"countType\":\"imageCountMoreThan\",\"tagStatus\":\"any\"}}]}",
            "region": "us-east-2",
            "registry_id": "838284111015",
            "repository": "goalsguild_user_service"
          },
          "sensitive_attributes": [],
          "identity_schema_version": 0,
          "identity": {
            "account_id": "838284111015",
            "region": "us-east-2",
            "repository": "goalsguild_user_service"
          },
          "private": "bnVsbA==",
          "dependencies": [
            "module.user_service_image.aws_ecr_repository.repo"
          ]
        }
      ]
    },
    {
      "module": "module.user_service_image",
      "mode": "managed",
      "type": "aws_ecr_repository",
      "name": "repo",
      "provider": "module.user_service_image.provider[\"registry.terraform.io/hashicorp/aws\"]",
      "instances": [
        {
          "index_key": 0,
          "schema_version": 0,
          "attributes": {
            "arn": "arn:aws:ecr:us-east-2:838284111015:repository/goalsguild_user_service",
            "encryption_configuration": [
              {
                "encryption_type": "AES256",
                "kms_key": ""
              }
            ],
            "force_delete": true,
            "id": "goalsguild_user_service",
            "image_scanning_configuration": [
              {
                "scan_on_push": true
              }
            ],
            "image_tag_mutability": "MUTABLE",
            "image_tag_mutability_exclusion_filter": [],
            "name": "goalsguild_user_service",
            "region": "us-east-2",
            "registry_id": "838284111015",
            "repository_url": "838284111015.dkr.ecr.us-east-2.amazonaws.com/goalsguild_user_service",
            "tags": {},
            "tags_all": {},
            "timeouts": null
          },
          "sensitive_attributes": [],
          "identity_schema_version": 0,
          "identity": {
            "account_id": "838284111015",
            "name": "goalsguild_user_service",
            "region": "us-east-2"
          },
          "private": "eyJlMmJmYjczMC1lY2FhLTExZTYtOGY4OC0zNDM2M2JjN2M0YzAiOnsiZGVsZXRlIjoxMjAwMDAwMDAwMDAwfX0="
        }
      ]
    },
    {
      "module": "module.user_service_image",
      "mode": "managed",
      "type": "docker_image",
      "name": "app",
      "provider": "module.user_service_image.provider[\"registry.terraform.io/kreuzwerker/docker\"]",
      "instances": [
        {
          "schema_version": 0,
          "attributes": {
            "build": [
              {
                "auth_config": [],
                "build_args": {},
                "build_id": "",
                "build_log_file": "",
                "builder": "",
                "cache_from": [],
                "cgroup_parent": "",
                "context": "../../../backend/services/user-service",
                "cpu_period": 0,
                "cpu_quota": 0,
                "cpu_set_cpus": "",
                "cpu_set_mems": "",
                "cpu_shares": 0,
                "dockerfile": "../../../backend/services/user-service/Dockerfile",
                "extra_hosts": [],
                "force_remove": false,
                "isolation": "",
                "label": {},
                "labels": {},
                "memory": 0,
                "memory_swap": 0,
                "network_mode": "",
                "no_cache": false,
                "platform": "",
                "pull_parent": false,
                "remote_context": "",
                "remove": true,
                "secrets": [],
                "security_opt": [],
                "session_id": "",
                "shm_size": 0,
                "squash": false,
                "suppress_output": false,
                "tag": [],
                "target": "",
                "ulimit": [],
                "version": ""
              }
            ],
            "force_remove": null,
            "id": "sha256:e2d1fd318131ee51f35da13a13b1df4d198377d047111a114c5456c6365261bb838284111015.dkr.ecr.us-east-2.amazonaws.com/goalsguild_user_service:1",
            "image_id": "sha256:e2d1fd318131ee51f35da13a13b1df4d198377d047111a114c5456c6365261bb",
            "keep_locally": null,
            "name": "838284111015.dkr.ecr.us-east-2.amazonaws.com/goalsguild_user_service:1",
            "platform": null,
            "pull_triggers": null,
            "repo_digest": "838284111015.dkr.ecr.us-east-2.amazonaws.com/goalsguild_user_service@sha256:e2d1fd318131ee51f35da13a13b1df4d198377d047111a114c5456c6365261bb",
            "timeouts": null,
            "triggers": {
              "dockerfile_sha": "b02613549b33c50701eebd6bb38417e25f834722331392c7b94dffe55d4bc44f"
            }
          },
          "sensitive_attributes": [],
          "identity_schema_version": 0,
          "private": "eyJlMmJmYjczMC1lY2FhLTExZTYtOGY4OC0zNDM2M2JjN2M0YzAiOnsiY3JlYXRlIjoxMjAwMDAwMDAwMDAwLCJkZWxldGUiOjEyMDAwMDAwMDAwMDAsInVwZGF0ZSI6MTIwMDAwMDAwMDAwMH19",
          "dependencies": [
            "module.user_service_image.aws_ecr_repository.repo",
            "module.user_service_image.data.aws_caller_identity.me",
            "module.user_service_image.data.aws_ecr_authorization_token.ecr",
            "module.user_service_image.data.aws_ecr_repository.repo"
          ]
        }
      ]
    },
    {
      "module": "module.user_service_image",
      "mode": "managed",
      "type": "docker_registry_image",
      "name": "app",
      "provider": "module.user_service_image.provider[\"registry.terraform.io/kreuzwerker/docker\"]",
      "instances": [
        {
          "schema_version": 0,
          "attributes": {
            "auth_config": [],
            "id": "sha256:e2d1fd318131ee51f35da13a13b1df4d198377d047111a114c5456c6365261bb",
            "insecure_skip_verify": false,
            "keep_remotely": true,
            "name": "838284111015.dkr.ecr.us-east-2.amazonaws.com/goalsguild_user_service:1",
            "sha256_digest": "sha256:e2d1fd318131ee51f35da13a13b1df4d198377d047111a114c5456c6365261bb",
            "triggers": null
          },
          "sensitive_attributes": [],
          "identity_schema_version": 0,
          "private": "bnVsbA==",
          "dependencies": [
            "module.user_service_image.aws_ecr_repository.repo",
            "module.user_service_image.data.aws_caller_identity.me",
            "module.user_service_image.data.aws_ecr_authorization_token.ecr",
            "module.user_service_image.data.aws_ecr_repository.repo",
            "module.user_service_image.docker_image.app"
          ]
        }
      ]
    },
    {
      "module": "module.user_service_image",
      "mode": "managed",
      "type": "local_file",
      "name": "version_file",
      "provider": "provider[\"registry.terraform.io/hashicorp/local\"]",
      "instances": [
        {
          "schema_version": 0,
          "attributes": {
            "content": "1",
            "content_base64": null,
            "content_base64sha256": "a4ayc/80/OGda4BO/1o/V0etpOqiLx1JwB5S3beHW0s=",
            "content_base64sha512": "Tf9Oo0DwqCPxXT9PAati6uDl2lecy4Ufjbnf6ExYsrN7iZA6dA4e4XLaeTpuedVg5ff5vQWKEqKAQz7W+kZRCg==",
            "content_md5": "c4ca4238a0b923820dcc509a6f75849b",
            "content_sha1": "356a192b7913b04c54574d18c28d46e6395428ab",
            "content_sha256": "6b86b273ff34fce19d6b804eff5a3f5747ada4eaa22f1d49c01e52ddb7875b4b",
            "content_sha512": "4dff4ea340f0a823f15d3f4f01ab62eae0e5da579ccb851f8db9dfe84c58b2b37b89903a740e1ee172da793a6e79d560e5f7f9bd058a12a280433ed6fa46510a",
            "directory_permission": "0777",
            "file_permission": "0777",
            "filename": "modules/docker_lambda_image/.user-service_version",
            "id": "356a192b7913b04c54574d18c28d46e6395428ab",
            "sensitive_content": null,
            "source": null
          },
          "sensitive_attributes": [
            [
              {
                "type": "get_attr",
                "value": "sensitive_content"
              }
            ]
          ],
          "identity_schema_version": 0
        }
      ]
    }
  ],
  "check_results": null
}
