{
  "version": 4,
  "terraform_version": "1.12.2",
  "serial": 1624,
  "lineage": "7024dad6-44b4-0759-b2ac-cf6f1db95d76",
  "outputs": {
    "appsync_api_arn": {
      "value": "arn:aws:appsync:us-east-2:838284111015:apis/w7lrzkdyu5f7fkj7onzg6qkutu",
      "type": "string"
    },
    "appsync_api_id": {
      "value": "w7lrzkdyu5f7fkj7onzg6qkutu",
      "type": "string"
    },
    "appsync_api_key_expires": {
      "value": "2025-09-13T21:00:00Z",
      "type": "string"
    },
    "appsync_api_key_expires_human": {
      "value": "2025-09-13 09:00:00 UTC",
      "type": "string"
    },
    "appsync_api_key_id": {
      "value": "w7lrzkdyu5f7fkj7onzg6qkutu:da2-gattxclj7jdbjhzz7bunbivvmy",
      "type": "string"
    },
    "appsync_graphql_url": {
      "value": "https://f7qjx3q3nfezdnix3wuyxtrnre.appsync-api.us-east-2.amazonaws.com/graphql",
      "type": "string"
    },
    "dynamodb_quests_table_name": {
      "value": "goalsguild_quests_dev",
      "type": "string"
    },
    "dynamodb_users_table_name": {
      "value": "goalsguild_users_dev",
      "type": "string"
    },
    "lambda_exec_role_arn": {
      "value": "arn:aws:iam::838284111015:role/goalsguild_lambda_exec_role_dev",
      "type": "string"
    },
    "lambda_quest_service_function_name": {
      "value": "goalsguild_quest_service_dev",
      "type": "string"
    },
    "lambda_user_service_function_name": {
      "value": "goalsguild_user_service_dev",
      "type": "string"
    },
    "table_name": {
      "value": "gg_core",
      "type": "string"
    }
  },
  "resources": [
    {
      "mode": "data",
      "type": "aws_caller_identity",
      "name": "current",
      "provider": "provider[\"registry.terraform.io/hashicorp/aws\"]",
      "instances": [
        {
          "schema_version": 0,
          "attributes": {
            "account_id": "838284111015",
            "arn": "arn:aws:sts::838284111015:assumed-role/AWSReservedSSO_AdministratorAccess_a645e868571753cc/AndresAlvarez",
            "id": "838284111015",
            "user_id": "AROA4GLNANSTVDTZXR5GZ:AndresAlvarez"
          },
          "sensitive_attributes": [],
          "identity_schema_version": 0
        }
      ]
    },
    {
      "mode": "data",
      "type": "aws_partition",
      "name": "current",
      "provider": "provider[\"registry.terraform.io/hashicorp/aws\"]",
      "instances": [
        {
          "schema_version": 0,
          "attributes": {
            "dns_suffix": "amazonaws.com",
            "id": "aws",
            "partition": "aws",
            "reverse_dns_prefix": "com.amazonaws"
          },
          "sensitive_attributes": [],
          "identity_schema_version": 0
        }
      ]
    },
    {
      "mode": "managed",
      "type": "aws_dynamodb_table",
      "name": "login_attempts",
      "provider": "provider[\"registry.terraform.io/hashicorp/aws\"]",
      "instances": [
        {
          "schema_version": 1,
          "attributes": {
            "arn": "arn:aws:dynamodb:us-east-2:838284111015:table/goalsguild_login_attempts",
            "attribute": [
              {
                "name": "pk",
                "type": "S"
              },
              {
                "name": "ts",
                "type": "N"
              }
            ],
            "billing_mode": "PAY_PER_REQUEST",
            "deletion_protection_enabled": false,
            "global_secondary_index": [],
            "hash_key": "pk",
            "id": "goalsguild_login_attempts",
            "import_table": [],
            "local_secondary_index": [],
            "name": "goalsguild_login_attempts",
            "on_demand_throughput": [],
            "point_in_time_recovery": [
              {
                "enabled": true,
                "recovery_period_in_days": 35
              }
            ],
            "range_key": "ts",
            "read_capacity": 0,
            "region": "us-east-2",
            "replica": [],
            "restore_date_time": null,
            "restore_source_name": null,
            "restore_source_table_arn": null,
            "restore_to_latest_time": null,
            "server_side_encryption": [
              {
                "enabled": true,
                "kms_key_arn": ""
              }
            ],
            "stream_arn": "",
            "stream_enabled": false,
            "stream_label": "",
            "stream_view_type": "",
            "table_class": "STANDARD",
            "tags": {
              "Component": "login-attempts",
              "Environment": "dev",
              "Service": "user-service"
            },
            "tags_all": {
              "Component": "login-attempts",
              "Environment": "dev",
              "Service": "user-service"
            },
            "timeouts": null,
            "ttl": [
              {
                "attribute_name": "ttl",
                "enabled": true
              }
            ],
            "write_capacity": 0
          },
          "sensitive_attributes": [],
          "identity_schema_version": 0,
          "private": "eyJlMmJmYjczMC1lY2FhLTExZTYtOGY4OC0zNDM2M2JjN2M0YzAiOnsiY3JlYXRlIjoxODAwMDAwMDAwMDAwLCJkZWxldGUiOjYwMDAwMDAwMDAwMCwidXBkYXRlIjozNjAwMDAwMDAwMDAwfSwic2NoZW1hX3ZlcnNpb24iOiIxIn0="
        }
      ]
    },
    {
      "mode": "managed",
      "type": "aws_iam_role",
      "name": "firehose_waf",
      "provider": "provider[\"registry.terraform.io/hashicorp/aws\"]",
      "instances": []
    },
    {
      "mode": "managed",
      "type": "aws_iam_role_policy",
      "name": "firehose_waf_s3",
      "provider": "provider[\"registry.terraform.io/hashicorp/aws\"]",
      "instances": []
    },
    {
      "mode": "managed",
      "type": "aws_kinesis_firehose_delivery_stream",
      "name": "waf",
      "provider": "provider[\"registry.terraform.io/hashicorp/aws\"]",
      "instances": []
    },
    {
      "mode": "managed",
      "type": "aws_s3_bucket",
      "name": "waf_logs",
      "provider": "provider[\"registry.terraform.io/hashicorp/aws\"]",
      "instances": []
    },
    {
      "mode": "managed",
      "type": "aws_s3_bucket_public_access_block",
      "name": "waf_logs",
      "provider": "provider[\"registry.terraform.io/hashicorp/aws\"]",
      "instances": []
    },
    {
      "mode": "managed",
      "type": "aws_s3_bucket_server_side_encryption_configuration",
      "name": "waf_logs",
      "provider": "provider[\"registry.terraform.io/hashicorp/aws\"]",
      "instances": []
    },
    {
      "mode": "managed",
      "type": "aws_wafv2_web_acl",
      "name": "appsync",
      "provider": "provider[\"registry.terraform.io/hashicorp/aws\"]",
      "instances": []
    },
    {
      "mode": "managed",
      "type": "aws_wafv2_web_acl_association",
      "name": "appsync",
      "provider": "provider[\"registry.terraform.io/hashicorp/aws\"]",
      "instances": []
    },
    {
      "mode": "managed",
      "type": "aws_wafv2_web_acl_logging_configuration",
      "name": "appsync",
      "provider": "provider[\"registry.terraform.io/hashicorp/aws\"]",
      "instances": []
    },
    {
      "module": "module.appsync",
      "mode": "managed",
      "type": "aws_appsync_api_key",
      "name": "this",
      "provider": "provider[\"registry.terraform.io/hashicorp/aws\"]",
      "instances": [
        {
          "index_key": 0,
          "schema_version": 0,
          "attributes": {
            "api_id": "w7lrzkdyu5f7fkj7onzg6qkutu",
            "api_key_id": "da2-gattxclj7jdbjhzz7bunbivvmy",
            "description": "Managed by Terraform",
            "expires": "2025-09-13T21:00:00Z",
            "id": "w7lrzkdyu5f7fkj7onzg6qkutu:da2-gattxclj7jdbjhzz7bunbivvmy",
            "key": "da2-gattxclj7jdbjhzz7bunbivvmy",
            "region": "us-east-2"
          },
          "sensitive_attributes": [
            [
              {
                "type": "get_attr",
                "value": "key"
              }
            ]
          ],
          "identity_schema_version": 0,
          "private": "bnVsbA==",
          "dependencies": [
            "module.appsync.aws_appsync_graphql_api.this",
            "module.appsync.aws_iam_role.appsync_logs",
            "module.iam.aws_iam_role.lambda_authorizer_role",
            "module.lambda_authorizer.aws_lambda_function.this",
            "module.lambda_authorizer.data.archive_file.lambda_zip",
            "module.lambda_authorizer.null_resource.build_bash",
            "module.lambda_authorizer.null_resource.build_ps"
          ]
        }
      ]
    },
    {
      "module": "module.appsync",
      "mode": "managed",
      "type": "aws_appsync_datasource",
      "name": "ddb",
      "provider": "provider[\"registry.terraform.io/hashicorp/aws\"]",
      "instances": [
        {
          "schema_version": 0,
          "attributes": {
            "api_id": "w7lrzkdyu5f7fkj7onzg6qkutu",
            "arn": "arn:aws:appsync:us-east-2:838284111015:apis/w7lrzkdyu5f7fkj7onzg6qkutu/datasources/DDB",
            "description": "",
            "dynamodb_config": [
              {
                "delta_sync_config": [],
                "region": "us-east-2",
                "table_name": "gg_core",
                "use_caller_credentials": false,
                "versioned": false
              }
            ],
            "elasticsearch_config": [],
            "event_bridge_config": [],
            "http_config": [],
            "id": "w7lrzkdyu5f7fkj7onzg6qkutu-DDB",
            "lambda_config": [],
            "name": "DDB",
            "opensearchservice_config": [],
            "region": "us-east-2",
            "relational_database_config": [],
            "service_role_arn": "arn:aws:iam::838284111015:role/goalsguild-dev-api-ds-ddb-role",
            "type": "AMAZON_DYNAMODB"
          },
          "sensitive_attributes": [],
          "identity_schema_version": 0,
          "private": "bnVsbA==",
          "dependencies": [
            "module.appsync.aws_appsync_graphql_api.this",
            "module.appsync.aws_iam_role.appsync_logs",
            "module.appsync.aws_iam_role.ds_ddb_role",
            "module.ddb.aws_dynamodb_table.this",
            "module.iam.aws_iam_role.lambda_authorizer_role",
            "module.lambda_authorizer.aws_lambda_function.this",
            "module.lambda_authorizer.data.archive_file.lambda_zip",
            "module.lambda_authorizer.null_resource.build_bash",
            "module.lambda_authorizer.null_resource.build_ps"
          ]
        }
      ]
    },
    {
      "module": "module.appsync",
      "mode": "managed",
      "type": "aws_appsync_datasource",
      "name": "none",
      "provider": "provider[\"registry.terraform.io/hashicorp/aws\"]",
      "instances": [
        {
          "schema_version": 0,
          "attributes": {
            "api_id": "w7lrzkdyu5f7fkj7onzg6qkutu",
            "arn": "arn:aws:appsync:us-east-2:838284111015:apis/w7lrzkdyu5f7fkj7onzg6qkutu/datasources/NONE",
            "description": "",
            "dynamodb_config": [],
            "elasticsearch_config": [],
            "event_bridge_config": [],
            "http_config": [],
            "id": "w7lrzkdyu5f7fkj7onzg6qkutu-NONE",
            "lambda_config": [],
            "name": "NONE",
            "opensearchservice_config": [],
            "region": "us-east-2",
            "relational_database_config": [],
            "service_role_arn": "",
            "type": "NONE"
          },
          "sensitive_attributes": [],
          "identity_schema_version": 0,
          "private": "bnVsbA==",
          "dependencies": [
            "module.appsync.aws_appsync_graphql_api.this",
            "module.appsync.aws_iam_role.appsync_logs",
            "module.iam.aws_iam_role.lambda_authorizer_role",
            "module.lambda_authorizer.aws_lambda_function.this",
            "module.lambda_authorizer.data.archive_file.lambda_zip",
            "module.lambda_authorizer.null_resource.build_bash",
            "module.lambda_authorizer.null_resource.build_ps"
          ]
        }
      ]
    },
    {
      "module": "module.appsync",
      "mode": "managed",
      "type": "aws_appsync_graphql_api",
      "name": "this",
      "provider": "provider[\"registry.terraform.io/hashicorp/aws\"]",
      "instances": [
        {
          "schema_version": 0,
          "attributes": {
            "additional_authentication_provider": [
              {
                "authentication_type": "API_KEY",
                "lambda_authorizer_config": [],
                "openid_connect_config": [],
                "user_pool_config": []
              }
            ],
            "api_type": "GRAPHQL",
            "arn": "arn:aws:appsync:us-east-2:838284111015:apis/w7lrzkdyu5f7fkj7onzg6qkutu",
            "authentication_type": "AWS_LAMBDA",
            "enhanced_metrics_config": [],
            "id": "w7lrzkdyu5f7fkj7onzg6qkutu",
            "introspection_config": "ENABLED",
            "lambda_authorizer_config": [
              {
                "authorizer_result_ttl_in_seconds": 900,
                "authorizer_uri": "arn:aws:lambda:us-east-2:838284111015:function:goalsguild_authorizer_dev",
                "identity_validation_expression": "^Bearer [-0-9a-zA-Z\\._]*$"
              }
            ],
            "log_config": [
              {
                "cloudwatch_logs_role_arn": "arn:aws:iam::838284111015:role/goalsguild-dev-api-cw-logs-role",
                "exclude_verbose_content": false,
                "field_log_level": "ALL"
              }
            ],
            "merged_api_execution_role_arn": "",
            "name": "goalsguild-dev-api",
            "openid_connect_config": [],
            "query_depth_limit": 0,
            "region": "us-east-2",
            "resolver_count_limit": 0,
            "schema": "# ---------------------------------------\r\n# schema.graphql  (AppSync-compatible)\r\n# ---------------------------------------\r\n\r\n# AWS Scalars\r\nscalar AWSDateTime\r\nscalar AWSDate\r\nscalar AWSTimestamp\r\nscalar AWSJSON\r\n\r\n# Enums\r\nenum GoalStatus {\r\n  active\r\n  paused\r\n  completed\r\n  archived\r\n}\r\n\r\nenum TaskStatus {\r\n  open\r\n  in_progress\r\n  done\r\n  canceled\r\n}\r\n\r\n# Types\r\ntype User {\n  id: ID! @aws_api_key\n  email: String @aws_api_key\n  fullName: String\n  nickname: String\n  birthDate: AWSDate\n  status: String @aws_api_key\n  country: String\n  language: String\n  gender: String\n  pronouns: String\n  bio: String\n  tags: [String!]!\n  tier: String!                 # \"free\" | \"premium\" etc.\n  createdAt: AWSTimestamp\n  updatedAt: AWSTimestamp\n  ageYears: Int\n}\n\r\ntype Goal {\r\n  id: ID!\r\n  userId: ID!\r\n  title: String!\r\n  description: String\r\n  tags: [String!]\r\n  status: GoalStatus!\r\n  createdAt: AWSTimestamp\r\n  updatedAt: AWSTimestamp\r\n}\r\n\r\ntype Task {\r\n  id: ID!\r\n  goalId: ID!\r\n  ownerId: ID!\r\n  title: String!\r\n  nlpPlan: AWSJSON\r\n  dueAt: AWSTimestamp          # stored as epoch seconds; if you use ms, convert at resolver\r\n  status: TaskStatus!\r\n  assignees: [ID!]\r\n  createdAt: AWSTimestamp\r\n  updatedAt: AWSTimestamp\r\n}\r\n\r\ntype Message {\r\n  id: ID!\r\n  roomId: ID!\r\n  senderId: ID!\r\n  text: String!\r\n  ts: AWSTimestamp!\r\n}\r\n\r\ntype Offer {\r\n  id: ID!\r\n  title: String!\r\n  url: String!\r\n  tags: [String!]\r\n  validTo: AWSDateTime\r\n}\r\n\r\n# Queries\r\ntype Query {\r\n  me: User\r\n  user(userId: ID!): User\r\n  goals(userId: ID!): [Goal!]!\r\n  tasks(goalId: ID!): [Task!]!\r\n  messages(roomId: ID!, after: AWSTimestamp, limit: Int = 50): [Message!]!\r\n  offers(tags: [String!], limit: Int = 20): [Offer!]!\r\n  isEmailAvailable(email: String!): Boolean! @aws_api_key\r\n  isNicknameAvailable(nickname: String!): Boolean! @aws_api_key\r\n}\r\n\r\n# Mutations\r\ntype Mutation {\r\n  \"\"\"\r\n  Create a user profile. Accepts a bcrypt password hash (NEVER plaintext).\r\n  The resolver sets tier to 'free' by default.\r\n  \"\"\"\r\n  createUser(input: CreateUserInput!): User! @aws_api_key\r\n\r\n  \"\"\"\r\n  Create a goal for the current user (from JWT).\r\n  \"\"\"\r\n  createGoal(input: GoalInput!): Goal!\r\n\r\n  \"\"\"\r\n  Add a task under a goal owned by the current user.\r\n  \"\"\"\r\n  addTask(input: TaskInput!): Task!\r\n\r\n  \"\"\"\r\n  Post a message to a chat room.\r\n  \"\"\"\r\n  sendMessage(roomId: ID!, text: String!): Message!\r\n}\r\n\r\n# Subscriptions\r\ntype Subscription {\r\n  \"\"\"\r\n  Subscribe to new messages for a room. Requires the same roomId as in sendMessage.\r\n  \"\"\"\r\n  onMessage(roomId: ID!): Message!\r\n    @aws_subscribe(mutations: [\"sendMessage\"])\r\n}\r\n\r\n# Inputs\r\ninput CreateUserInput {\r\n  email: String!\r\n  fullName: String!\r\n  nickname: String!\r\n  birthDate: AWSDate\r\n  status: String\r\n  country: String!\r\n  language: String = \"en\"\r\n  gender: String\r\n  pronouns: String\r\n  bio: String\r\n  tags: [String!]\r\n  passwordHash: String       # bcrypt hash; hashing is done outside this API\r\n  password: String           # DEV ONLY: plaintext accepted for non-production\r\n}\r\n\r\ninput GoalInput {\r\n  title: String!\r\n  description: String\r\n  tags: [String!]\r\n}\r\n\r\ninput TaskInput {\r\n  goalId: ID!\r\n  title: String!\r\n  # If you store epoch milliseconds internally, convert to seconds or adjust resolver to return seconds.\r\n  dueAt: AWSTimestamp\r\n  nlpPlan: AWSJSON\r\n  assignees: [ID!]\r\n}\n",
            "tags": {
              "Component": "BackendApis",
              "Environment": "dev",
              "Project": "goalsguild"
            },
            "tags_all": {
              "Component": "BackendApis",
              "Environment": "dev",
              "Project": "goalsguild"
            },
            "uris": {
              "GRAPHQL": "https://f7qjx3q3nfezdnix3wuyxtrnre.appsync-api.us-east-2.amazonaws.com/graphql",
              "REALTIME": "wss://f7qjx3q3nfezdnix3wuyxtrnre.appsync-realtime-api.us-east-2.amazonaws.com/graphql"
            },
            "user_pool_config": [],
            "visibility": "GLOBAL",
            "xray_enabled": false
          },
          "sensitive_attributes": [],
          "identity_schema_version": 0,
          "private": "bnVsbA==",
          "dependencies": [
            "module.appsync.aws_iam_role.appsync_logs",
            "module.iam.aws_iam_role.lambda_authorizer_role",
            "module.lambda_authorizer.aws_lambda_function.this",
            "module.lambda_authorizer.data.archive_file.lambda_zip",
            "module.lambda_authorizer.null_resource.build_bash",
            "module.lambda_authorizer.null_resource.build_ps"
          ]
        }
      ]
    },
    {
      "module": "module.appsync",
      "mode": "managed",
      "type": "aws_appsync_resolver",
      "name": "this",
      "provider": "provider[\"registry.terraform.io/hashicorp/aws\"]",
      "instances": [
        {
          "index_key": "Mutation.addTask",
          "schema_version": 0,
          "attributes": {
            "api_id": "w7lrzkdyu5f7fkj7onzg6qkutu",
            "arn": "arn:aws:appsync:us-east-2:838284111015:apis/w7lrzkdyu5f7fkj7onzg6qkutu/types/Mutation/resolvers/addTask",
            "caching_config": [],
            "code": "// resolvers/addTask.js\r\nimport { util } from '@aws-appsync/utils';\r\nimport { put } from '@aws-appsync/utils/dynamodb';\r\n\r\nexport function request(ctx) {\r\n  const identity = ctx.identity || {};\r\n  const ownerId = identity.sub;\r\n  if (!ownerId) util.unauthorized();\r\n\r\n  const input = ctx.args \u0026\u0026 ctx.args.input ? ctx.args.input : {};\r\n  const goalId = input.goalId;\r\n  const title = input.title;\r\n  if (!goalId) util.error('goalId required', 'Validation');\r\n  if (!title) util.error('title required', 'Validation');\r\n\r\n  const now = util.time.nowEpochMilliSeconds();\r\n  const taskId = util.autoId();\r\n\r\n  const item = {\r\n    PK: 'GOAL#' + goalId,\r\n    SK: 'TASK#' + taskId,\r\n    type: 'Task',\r\n    id: taskId,\r\n    goalId: goalId,\r\n    ownerId: ownerId,\r\n    title: title,\r\n    nlpPlan: input.nlpPlan || {},\r\n    dueAt: (typeof input.dueAt === 'number') ? input.dueAt : null, // expecting AWSTimestamp (seconds)\r\n    status: 'open',\r\n    assignees: Array.isArray(input.assignees) ? input.assignees : [],\r\n    createdAt: now,\r\n    updatedAt: now\r\n  };\r\n\r\n  return put({ item: item });\r\n}\r\n\r\nexport function response(ctx) {\r\n  if (ctx.error) util.error(ctx.error.message, ctx.error.type);\r\n  const a = (ctx.result \u0026\u0026 ctx.result.attributes) ? ctx.result.attributes : ctx.result;\r\n  return {\r\n    id: a.id,\r\n    goalId: a.goalId,\r\n    title: a.title,\r\n    nlpPlan: a.nlpPlan || {},\r\n    dueAt: (typeof a.dueAt === 'number') ? a.dueAt : null,\r\n    status: a.status,\r\n    assignees: a.assignees || [],\r\n    createdAt: a.createdAt,\r\n    updatedAt: a.updatedAt\r\n  };\r\n}\r\n",
            "data_source": "DDB",
            "field": "addTask",
            "id": "w7lrzkdyu5f7fkj7onzg6qkutu-Mutation-addTask",
            "kind": "UNIT",
            "max_batch_size": 0,
            "pipeline_config": [],
            "region": "us-east-2",
            "request_template": "",
            "response_template": "",
            "runtime": [
              {
                "name": "APPSYNC_JS",
                "runtime_version": "1.0.0"
              }
            ],
            "sync_config": [],
            "type": "Mutation"
          },
          "sensitive_attributes": [],
          "identity_schema_version": 0,
          "private": "bnVsbA==",
          "dependencies": [
            "module.appsync.aws_appsync_datasource.ddb",
            "module.appsync.aws_appsync_datasource.none",
            "module.appsync.aws_appsync_graphql_api.this",
            "module.appsync.aws_iam_role.appsync_logs",
            "module.appsync.aws_iam_role.ds_ddb_role",
            "module.ddb.aws_dynamodb_table.this",
            "module.iam.aws_iam_role.lambda_authorizer_role",
            "module.lambda_authorizer.aws_lambda_function.this",
            "module.lambda_authorizer.data.archive_file.lambda_zip",
            "module.lambda_authorizer.null_resource.build_bash",
            "module.lambda_authorizer.null_resource.build_ps"
          ]
        },
        {
          "index_key": "Mutation.createGoal",
          "schema_version": 0,
          "attributes": {
            "api_id": "w7lrzkdyu5f7fkj7onzg6qkutu",
            "arn": "arn:aws:appsync:us-east-2:838284111015:apis/w7lrzkdyu5f7fkj7onzg6qkutu/types/Mutation/resolvers/createGoal",
            "caching_config": [],
            "code": "// resolvers/createGoal.js\r\nimport { util } from '@aws-appsync/utils';\r\nimport { put } from '@aws-appsync/utils/dynamodb';\r\n\r\nexport function request(ctx) {\r\n  const identity = ctx.identity || {};\r\n  const userId = identity.sub;\r\n  if (!userId) util.unauthorized();\r\n\r\n  const input = ctx.args \u0026\u0026 ctx.args.input ? ctx.args.input : {};\r\n  const title = input.title;\r\n  if (!title) util.error('title required', 'Validation');\r\n\r\n  const now = util.time.nowEpochMilliSeconds();\r\n  const goalId = util.autoId();\r\n  const item = {\r\n    PK: 'USER#' + userId,\r\n    SK: 'GOAL#' + goalId,\r\n    type: 'Goal',\r\n    id: goalId,\r\n    userId: userId,\r\n    title: title,\r\n    description: input.description || '',\r\n    tags: Array.isArray(input.tags) ? input.tags : [],\r\n    status: 'active',\r\n    createdAt: now,\r\n    updatedAt: now,\r\n    GSI1PK: 'USER#' + userId,\r\n    GSI1SK: 'ENTITY#Goal#' + now\r\n  };\r\n\r\n  return put({ item: item });\r\n}\r\n\r\nexport function response(ctx) {\r\n  if (ctx.error) util.error(ctx.error.message, ctx.error.type);\r\n  const a = (ctx.result \u0026\u0026 ctx.result.attributes) ? ctx.result.attributes : ctx.result;\r\n  return {\r\n    id: a.id,\r\n    userId: a.userId,\r\n    title: a.title,\r\n    description: a.description,\r\n    tags: a.tags || [],\r\n    status: a.status,\r\n    createdAt: a.createdAt,\r\n    updatedAt: a.updatedAt\r\n  };\r\n}\r\n",
            "data_source": "DDB",
            "field": "createGoal",
            "id": "w7lrzkdyu5f7fkj7onzg6qkutu-Mutation-createGoal",
            "kind": "UNIT",
            "max_batch_size": 0,
            "pipeline_config": [],
            "region": "us-east-2",
            "request_template": "",
            "response_template": "",
            "runtime": [
              {
                "name": "APPSYNC_JS",
                "runtime_version": "1.0.0"
              }
            ],
            "sync_config": [],
            "type": "Mutation"
          },
          "sensitive_attributes": [],
          "identity_schema_version": 0,
          "private": "bnVsbA==",
          "dependencies": [
            "module.appsync.aws_appsync_datasource.ddb",
            "module.appsync.aws_appsync_datasource.none",
            "module.appsync.aws_appsync_graphql_api.this",
            "module.appsync.aws_iam_role.appsync_logs",
            "module.appsync.aws_iam_role.ds_ddb_role",
            "module.ddb.aws_dynamodb_table.this",
            "module.iam.aws_iam_role.lambda_authorizer_role",
            "module.lambda_authorizer.aws_lambda_function.this",
            "module.lambda_authorizer.data.archive_file.lambda_zip",
            "module.lambda_authorizer.null_resource.build_bash",
            "module.lambda_authorizer.null_resource.build_ps"
          ]
        },
        {
          "index_key": "Mutation.createUser",
          "schema_version": 0,
          "attributes": {
            "api_id": "w7lrzkdyu5f7fkj7onzg6qkutu",
            "arn": "arn:aws:appsync:us-east-2:838284111015:apis/w7lrzkdyu5f7fkj7onzg6qkutu/types/Mutation/resolvers/createUser",
            "caching_config": [],
            "code": "// resolvers/createUser.js\nimport { util } from '@aws-appsync/utils';\nimport { put } from '@aws-appsync/utils/dynamodb';\nconst TABLE = 'gg_core';\n\n/**\n * Mutation.createUser(input: {\n *  nickname!,\n *  email!,\n *  fullName!,\n *  birthDate,           // YYYY-MM-DD, must be \u003c= today - 1 year\n *  status,              // e.g. 'email confirmation pending'\n *  language,\n *  pronouns,\n *  bio,\n *  tags,\n *  passwordHash | password\n * }): User\n */\nexport function request(ctx) {\n  const args = ctx.args \u0026\u0026 ctx.args.input ? ctx.args.input : {};\n  const nickname = args.nickname;\n  if (!nickname) util.error('nickname required', 'Validation');\n\n  // Basic field validation for new fields (avoid regex and disallowed APIs)\n  const email = (args.email || '').trim();\n  if (!email) util.error('email required', 'Validation');\n  const atIdx = email.indexOf('@');\n  const dotIdx = email.lastIndexOf('.');\n  if (!(atIdx \u003e 0 \u0026\u0026 dotIdx \u003e atIdx + 1 \u0026\u0026 dotIdx \u003c email.length - 1)) {\n    util.error('invalid email', 'Validation');\n  }\n  const emailLower = email.toLowerCase();\n\n  const fullName = (args.fullName || '').trim();\n  if (!fullName) util.error('fullName required', 'Validation');\n\n  const birthDateStr = (args.birthDate || '').trim();\n  if (birthDateStr) {\n    const parts = birthDateStr.split('-');\n    if (parts.length !== 3) util.error('invalid birthDate format, expected YYYY-MM-DD', 'Validation');\n    const y = (parts[0] - 0);\n    const m = (parts[1] - 0);\n    const d = (parts[2] - 0);\n    if (!y || !m || !d || m \u003c 1 || m \u003e 12 || d \u003c 1 || d \u003e 31) {\n      util.error('invalid birthDate', 'Validation');\n    }\n    // Compare to (today - 1 year) without using Date constructors\n    // Use ISO8601 string from util to extract UTC Y-M-D\n    var iso = util.time.nowISO8601(); // e.g., \"2025-09-05T22:04:41Z\"\n    var cy = (iso.substring(0, 4) - 0);\n    var cm = (iso.substring(5, 7) - 0);\n    var cd = (iso.substring(8, 10) - 0);\n    var cutoffY = cy - 1;\n    // If birth year is after cutoff year, it's too recent\n    if (y \u003e cutoffY) util.error('birthDate too recent', 'Validation');\n    // If same cutoff year, compare month/day\n    if (y === cutoffY) {\n      if (m \u003e cm) util.error('birthDate too recent', 'Validation');\n      if (m === cm \u0026\u0026 d \u003e cd) util.error('birthDate too recent', 'Validation');\n    }\n  }\n\n  // Country (required) — ensure it is from our allow-list\n  const country = (args.country || '').trim();\n  if (!country) util.error('country required', 'Validation');\n  var allowedCountries = { US:1,CA:1,MX:1,BR:1,AR:1,CL:1,CO:1,PE:1,VE:1,UY:1,PY:1,BO:1,EC:1,GT:1,CR:1,PA:1,DO:1,CU:1,HN:1,NI:1,SV:1,JM:1,TT:1,\n    GB:1,IE:1,FR:1,DE:1,ES:1,PT:1,IT:1,NL:1,BE:1,LU:1,CH:1,AT:1,DK:1,SE:1,NO:1,FI:1,IS:1,PL:1,CZ:1,SK:1,HU:1,RO:1,BG:1,GR:1,HR:1,SI:1,RS:1,BA:1,MK:1,AL:1,ME:1,UA:1,BY:1,LT:1,LV:1,EE:1,MD:1,TR:1,CY:1,MT:1,RU:1,\n    CN:1,JP:1,KR:1,IN:1,PK:1,BD:1,LK:1,NP:1,BT:1,MV:1,TH:1,MY:1,SG:1,ID:1,PH:1,VN:1,KH:1,LA:1,MM:1,BN:1,TL:1,\n    AE:1,SA:1,QA:1,BH:1,KW:1,OM:1,YE:1,IR:1,IQ:1,JO:1,LB:1,SY:1,IL:1,PS:1,AF:1,KZ:1,KG:1,UZ:1,TM:1,TJ:1,MN:1,\n    AU:1,NZ:1,PG:1,FJ:1,SB:1,VU:1,WS:1,TO:1,TV:1,KI:1,FM:1,MH:1,NR:1,PW:1,\n    EG:1,MA:1,DZ:1,TN:1,LY:1,SD:1,SS:1,ET:1,ER:1,DJ:1,SO:1,KE:1,UG:1,TZ:1,RW:1,BI:1,CD:1,CG:1,GA:1,GQ:1,CM:1,NG:1,GH:1,CI:1,SN:1,ML:1,BF:1,NE:1,BJ:1,TG:1,GM:1,GN:1,GW:1,SL:1,LR:1,MR:1,EH:1,AO:1,ZM:1,ZW:1,MW:1,MZ:1,NA:1,BW:1,SZ:1,LS:1,MG:1,MU:1,SC:1,CV:1,ST:1,KM:1 };\n  if (!allowedCountries[country]) util.error('invalid country', 'Validation');\n\n  // Bio length constraint (optional)\n  if (args.bio \u0026\u0026 (('' + args.bio).length \u003e 200)) util.error('bio too long (max 200)', 'Validation');\n\n  // Optional password. Prefer passwordHash if provided; otherwise accept password in dev\n  const providedPasswordHash = args.passwordHash;\n  const providedPassword = args.password;\n  const effectivePasswordHash = providedPasswordHash || (providedPassword ? 'plain$' + providedPassword : null);\n\n  const identity = ctx.identity || {};\n  const sub = identity.sub || util.autoId();\n  const now = util.time.nowEpochMilliSeconds();\n\n    // Calculate age in years from birthDateStr\n  var ageYears = null;\n  if (birthDateStr) {\n    var by = (birthDateStr.substring(0,4) - 0);\n    var bm = (birthDateStr.substring(5,7) - 0);\n    var bd = (birthDateStr.substring(8,10) - 0);\n    var nowIso = util.time.nowISO8601();\n    var cy = (nowIso.substring(0,4) - 0);\n    var cm = (nowIso.substring(5,7) - 0);\n    var cd = (nowIso.substring(8,10) - 0);\n    ageYears = cy - by;\n    if (cm \u003c bm || (cm === bm \u0026\u0026 cd \u003c bd)) { ageYears = ageYears - 1; }\n    if (ageYears \u003c 0) { ageYears = 0 }\n  }    if (ageYears \u003c 0) { ageYears = 0 }\n  const item = {\n  PK: 'USER#' + sub,\n  SK: 'PROFILE#' + sub,\n  type: 'User',\n  id: sub,\n  nickname: nickname,\n  email: emailLower,\n  fullName: fullName,\n  birthDate: birthDateStr || null,\n  status: (args.status || 'email confirmation pending'),\n  country: country,\n  language: args.language || 'en',\n  gender: args.gender || '',\n  pronouns: args.pronouns || '',\n  bio: args.bio || '',\n  tags: Array.isArray(args.tags) ? args.tags : [],\n  tier: 'free',\n  GSI2PK: 'NICK#' + nickname,\n  GSI2SK: 'PROFILE#' + sub,\n  GSI3PK: 'EMAIL#' + emailLower,\n  GSI3SK: 'PROFILE#' + sub,\n  createdAt: now,\n  updatedAt: now,\n  GSI1PK: 'USER#' + sub,\n  GSI1SK: 'ENTITY#User#' + now,\n  ageYears: ageYears\n};\nif (effectivePasswordHash) {\n  item.passwordHash = effectivePasswordHash;\n  item.passwordAlgo = (providedPasswordHash ? 'bcrypt$12' : 'plain$dev');\n  item.passwordUpdatedAt = now;\n}\n\n  // Note: For UNIT resolvers, we cannot stash data; response will reconstruct from ctx.args\n\n  // Build a unique email lock item and write both via a single transaction\n  const emailLockKey = { PK: 'EMAIL#' + emailLower, SK: 'UNIQUE#USER' };\n  var emailLockAttrs = { type: 'EmailUnique', email: emailLower, userId: sub, createdAt: now };\n\n  // Prepare user attributes map for PutItem\n  const userAttrs = {\n    type: item.type,\n    id: item.id,\n    nickname: item.nickname,\n    email: item.email,\n    fullName: item.fullName,\n    birthDate: item.birthDate,\n    status: item.status,\n    country: item.country,\n    language: item.language,\n    gender: item.gender,\n    pronouns: item.pronouns,\n    bio: item.bio,\n    tags: item.tags,\n    ageYears: item.ageYears,\n    tier: item.tier,\n    GSI2PK: item.GSI2PK,\n    GSI2SK: item.GSI2SK,\n    GSI3PK: item.GSI3PK,\n    GSI3SK: item.GSI3SK,\n    createdAt: item.createdAt,\n    updatedAt: item.updatedAt,\n    GSI1PK: item.GSI1PK,\n    GSI1SK: item.GSI1SK\n  };\n  if (effectivePasswordHash) {\n    userAttrs.passwordHash = item.passwordHash;\n    userAttrs.passwordAlgo = item.passwordAlgo;\n    userAttrs.passwordUpdatedAt = item.passwordUpdatedAt;\n  }\n    // Return a DynamoDB TransactWriteItems request\n      return {\n        operation: 'TransactWriteItems',\n        transactItems: [\n      {\n        table: TABLE,\n        operation: 'PutItem',\n        // If an item already exists for this email, the transaction will fail\n        key: util.dynamodb.toMapValues({ PK: emailLockKey.PK, SK: emailLockKey.SK }),\n        attributeValues: util.dynamodb.toMapValues({\n          type: 'EmailUnique',\n          email: emailLower,\n          userId: sub,\n          createdAt: now,\n        }),\n        condition: {\n          expression: 'attribute_not_exists(#pk)',\n          expressionNames: { '#pk': 'PK' },\n        },\n      },\n      {\n        table: TABLE,\n        operation: 'PutItem',\n        key: util.dynamodb.toMapValues({ PK: item.PK, SK: item.SK }),\n        attributeValues: util.dynamodb.toMapValues(userAttrs),\n      },\n      ],\n    };\n\n}\n\nexport function response(ctx) {\n  if (ctx.error) util.error(ctx.error.message, ctx.error.type);\n  // Reconstruct response from args and identity. Fallback to keys from TransactWriteItems.\n  const args = ctx.args \u0026\u0026 ctx.args.input ? ctx.args.input : {};\n  const email = (args.email || '').trim().toLowerCase();\n  const identity = ctx.identity || {};\n  let sub = identity.sub || null;\n  if (!sub) {\n    const keys = (ctx.result \u0026\u0026 ctx.result.keys) ? ctx.result.keys : [];\n    for (let i = 0; i \u003c keys.length; i++) {\n      const pk = keys[i].PK || '';\n      const sk = keys[i].SK || '';\n      if ((pk + '').indexOf('USER#') === 0 \u0026\u0026 (sk + '').indexOf('PROFILE#') === 0) {\n        sub = (pk + '').substring(5); // after 'USER#'\n        break;\n      }\n    }\n  }\n  return {\n    id: sub,\n    nickname: args.nickname || '',\n    email: email,\n    fullName: args.fullName || '',\n    birthDate: (args.birthDate || null) || null,\n    status: args.status || 'email confirmation pending',\n    country: args.country || null,\n    language: args.language || 'en',\n    gender: args.gender || '',\n    pronouns: args.pronouns || '',\n    bio: args.bio || '',\n    tags: Array.isArray(args.tags) ? args.tags : [],\n    tier: 'free',\n  };\n}\n",
            "data_source": "DDB",
            "field": "createUser",
            "id": "w7lrzkdyu5f7fkj7onzg6qkutu-Mutation-createUser",
            "kind": "UNIT",
            "max_batch_size": 0,
            "pipeline_config": [],
            "region": "us-east-2",
            "request_template": "",
            "response_template": "",
            "runtime": [
              {
                "name": "APPSYNC_JS",
                "runtime_version": "1.0.0"
              }
            ],
            "sync_config": [],
            "type": "Mutation"
          },
          "sensitive_attributes": [],
          "identity_schema_version": 0,
          "private": "bnVsbA==",
          "dependencies": [
            "module.appsync.aws_appsync_datasource.ddb",
            "module.appsync.aws_appsync_datasource.none",
            "module.appsync.aws_appsync_graphql_api.this",
            "module.appsync.aws_iam_role.appsync_logs",
            "module.appsync.aws_iam_role.ds_ddb_role",
            "module.ddb.aws_dynamodb_table.this",
            "module.iam.aws_iam_role.lambda_authorizer_role",
            "module.lambda_authorizer.aws_lambda_function.this",
            "module.lambda_authorizer.data.archive_file.lambda_zip",
            "module.lambda_authorizer.null_resource.build_bash",
            "module.lambda_authorizer.null_resource.build_ps"
          ]
        },
        {
          "index_key": "Mutation.sendMessage",
          "schema_version": 0,
          "attributes": {
            "api_id": "w7lrzkdyu5f7fkj7onzg6qkutu",
            "arn": "arn:aws:appsync:us-east-2:838284111015:apis/w7lrzkdyu5f7fkj7onzg6qkutu/types/Mutation/resolvers/sendMessage",
            "caching_config": [],
            "code": "// resolvers/sendMessage.js\r\nimport { util } from '@aws-appsync/utils';\r\nimport { put } from '@aws-appsync/utils/dynamodb';\r\n\r\nexport function request(ctx) {\r\n  const identity = ctx.identity || {};\r\n  const senderId = identity.sub;\r\n  if (!senderId) util.unauthorized();\r\n\r\n  const args = ctx.args || {};\r\n  const roomId = args.roomId;\r\n  const text = args.text;\r\n  if (!roomId) util.error('roomId required', 'Validation');\r\n  if (!text) util.error('text required', 'Validation');\r\n\r\n  const ts = util.time.nowEpochMilliSeconds();\r\n  const id = util.autoId();\r\n\r\n  const item = {\r\n    PK: 'ROOM#' + roomId,\r\n    SK: 'MSG#' + ts + '#' + id,\r\n    type: 'Message',\r\n    id: id,\r\n    roomId: roomId,\r\n    senderId: senderId,\r\n    text: text,\r\n    ts: ts\r\n  };\r\n\r\n  return put({ item: item });\r\n}\r\n\r\nexport function response(ctx) {\r\n  if (ctx.error) util.error(ctx.error.message, ctx.error.type);\r\n  const a = (ctx.result \u0026\u0026 ctx.result.attributes) ? ctx.result.attributes : ctx.result;\r\n  return {\r\n    id: a.id,\r\n    roomId: a.roomId,\r\n    senderId: a.senderId,\r\n    text: a.text,\r\n    ts: a.ts\r\n  };\r\n}\r\n",
            "data_source": "DDB",
            "field": "sendMessage",
            "id": "w7lrzkdyu5f7fkj7onzg6qkutu-Mutation-sendMessage",
            "kind": "UNIT",
            "max_batch_size": 0,
            "pipeline_config": [],
            "region": "us-east-2",
            "request_template": "",
            "response_template": "",
            "runtime": [
              {
                "name": "APPSYNC_JS",
                "runtime_version": "1.0.0"
              }
            ],
            "sync_config": [],
            "type": "Mutation"
          },
          "sensitive_attributes": [],
          "identity_schema_version": 0,
          "private": "bnVsbA==",
          "dependencies": [
            "module.appsync.aws_appsync_datasource.ddb",
            "module.appsync.aws_appsync_datasource.none",
            "module.appsync.aws_appsync_graphql_api.this",
            "module.appsync.aws_iam_role.appsync_logs",
            "module.appsync.aws_iam_role.ds_ddb_role",
            "module.ddb.aws_dynamodb_table.this",
            "module.iam.aws_iam_role.lambda_authorizer_role",
            "module.lambda_authorizer.aws_lambda_function.this",
            "module.lambda_authorizer.data.archive_file.lambda_zip",
            "module.lambda_authorizer.null_resource.build_bash",
            "module.lambda_authorizer.null_resource.build_ps"
          ]
        },
        {
          "index_key": "Query.isEmailAvailable",
          "schema_version": 0,
          "attributes": {
            "api_id": "w7lrzkdyu5f7fkj7onzg6qkutu",
            "arn": "arn:aws:appsync:us-east-2:838284111015:apis/w7lrzkdyu5f7fkj7onzg6qkutu/types/Query/resolvers/isEmailAvailable",
            "caching_config": [],
            "code": "// resolvers/isEmailAvailable.js\nimport { util } from '@aws-appsync/utils';\n\nexport function request(ctx) {\n  const raw = ctx.args \u0026\u0026 ctx.args.email ? ctx.args.email : '';\n  const emailTrim = ('' + raw).trim();\n  if (!emailTrim) util.error('email required', 'Validation');\n  const atIdx = emailTrim.indexOf('@');\n  const dotIdx = emailTrim.lastIndexOf('.');\n  if (!(atIdx \u003e 0 \u0026\u0026 dotIdx \u003e atIdx + 1 \u0026\u0026 dotIdx \u003c emailTrim.length - 1)) {\n    util.error('invalid email', 'Validation');\n  }\n  const email = emailTrim.toLowerCase();\n\n  const emailKey = 'EMAIL#' + email;\n  return {\n    operation: 'Query',\n    index: 'GSI3',\n    query: {\n      expression: '#pk = :pk',\n      expressionNames: { '#pk': 'GSI3PK' },\n      expressionValues: util.dynamodb.toMapValues({ ':pk': emailKey }),\n    },\n    limit: 1,\n    scanIndexForward: true,\n    consistentRead: false,\n  };\n}\n\nexport function response(ctx) {\n  if (ctx.error) util.error(ctx.error.message, ctx.error.type);\n  const items = (ctx.result \u0026\u0026 ctx.result.items) ? ctx.result.items : [];\n  // Available if no user has this email indexed\n  return items.length === 0;\n}",
            "data_source": "DDB",
            "field": "isEmailAvailable",
            "id": "w7lrzkdyu5f7fkj7onzg6qkutu-Query-isEmailAvailable",
            "kind": "UNIT",
            "max_batch_size": 0,
            "pipeline_config": [],
            "region": "us-east-2",
            "request_template": "",
            "response_template": "",
            "runtime": [
              {
                "name": "APPSYNC_JS",
                "runtime_version": "1.0.0"
              }
            ],
            "sync_config": [],
            "type": "Query"
          },
          "sensitive_attributes": [],
          "identity_schema_version": 0,
          "private": "bnVsbA==",
          "dependencies": [
            "module.appsync.aws_appsync_datasource.ddb",
            "module.appsync.aws_appsync_datasource.none",
            "module.appsync.aws_appsync_graphql_api.this",
            "module.appsync.aws_iam_role.appsync_logs",
            "module.appsync.aws_iam_role.ds_ddb_role",
            "module.ddb.aws_dynamodb_table.this",
            "module.iam.aws_iam_role.lambda_authorizer_role",
            "module.lambda_authorizer.aws_lambda_function.this",
            "module.lambda_authorizer.data.archive_file.lambda_zip",
            "module.lambda_authorizer.null_resource.build_bash",
            "module.lambda_authorizer.null_resource.build_ps"
          ]
        },
        {
          "index_key": "Query.isNicknameAvailable",
          "schema_version": 0,
          "attributes": {
            "api_id": "w7lrzkdyu5f7fkj7onzg6qkutu",
            "arn": "arn:aws:appsync:us-east-2:838284111015:apis/w7lrzkdyu5f7fkj7onzg6qkutu/types/Query/resolvers/isNicknameAvailable",
            "caching_config": [],
            "code": "// resolvers/isNicknameAvailable.js\nimport { util } from '@aws-appsync/utils';\n\nexport function request(ctx) {\n  const raw = ctx.args \u0026\u0026 ctx.args.nickname ? ctx.args.nickname : '';\n  const nicknameTrim = ('' + raw).trim();\n  if (!nicknameTrim) util.error('nickname required', 'Validation');\n\n  const nickKey = 'NICK#' + nicknameTrim;\n  return {\n    operation: 'Query',\n    index: 'GSI2',\n    query: {\n      expression: '#pk = :pk',\n      expressionNames: { '#pk': 'GSI2PK' },\n      expressionValues: util.dynamodb.toMapValues({ ':pk': nickKey }),\n    },\n    limit: 1,\n    scanIndexForward: true,\n    consistentRead: false,\n  };\n}\n\nexport function response(ctx) {\n  if (ctx.error) util.error(ctx.error.message, ctx.error.type);\n  const items = (ctx.result \u0026\u0026 ctx.result.items) ? ctx.result.items : [];\n  // Available if no user has this nickname indexed\n  return items.length === 0;\n}",
            "data_source": "DDB",
            "field": "isNicknameAvailable",
            "id": "w7lrzkdyu5f7fkj7onzg6qkutu-Query-isNicknameAvailable",
            "kind": "UNIT",
            "max_batch_size": 0,
            "pipeline_config": [],
            "region": "us-east-2",
            "request_template": "",
            "response_template": "",
            "runtime": [
              {
                "name": "APPSYNC_JS",
                "runtime_version": "1.0.0"
              }
            ],
            "sync_config": [],
            "type": "Query"
          },
          "sensitive_attributes": [],
          "identity_schema_version": 0,
          "private": "bnVsbA==",
          "dependencies": [
            "module.appsync.aws_appsync_datasource.ddb",
            "module.appsync.aws_appsync_datasource.none",
            "module.appsync.aws_appsync_graphql_api.this",
            "module.appsync.aws_iam_role.appsync_logs",
            "module.appsync.aws_iam_role.ds_ddb_role",
            "module.ddb.aws_dynamodb_table.this",
            "module.iam.aws_iam_role.lambda_authorizer_role",
            "module.lambda_authorizer.aws_lambda_function.this",
            "module.lambda_authorizer.data.archive_file.lambda_zip",
            "module.lambda_authorizer.null_resource.build_bash",
            "module.lambda_authorizer.null_resource.build_ps"
          ]
        },
        {
          "index_key": "Subscription.onMessage",
          "schema_version": 0,
          "attributes": {
            "api_id": "w7lrzkdyu5f7fkj7onzg6qkutu",
            "arn": "arn:aws:appsync:us-east-2:838284111015:apis/w7lrzkdyu5f7fkj7onzg6qkutu/types/Subscription/resolvers/onMessage",
            "caching_config": [],
            "code": "// resolvers/onMessage.subscribe.js\r\nimport { util } from '@aws-appsync/utils';\r\n\r\nexport function request(ctx) {\r\n  const identity = ctx.identity || {};\r\n  if (!identity.sub) util.unauthorized();\r\n\r\n  // Payload is arbitrary. AppSync matches via @aws_subscribe on roomId.\r\n  return { payload: ctx.args \u0026\u0026 ctx.args.roomId ? ctx.args.roomId : null };\r\n}\r\n\r\nexport function response(ctx) {\r\n  return ctx.result;\r\n}\r\n",
            "data_source": "NONE",
            "field": "onMessage",
            "id": "w7lrzkdyu5f7fkj7onzg6qkutu-Subscription-onMessage",
            "kind": "UNIT",
            "max_batch_size": 0,
            "pipeline_config": [],
            "region": "us-east-2",
            "request_template": "",
            "response_template": "",
            "runtime": [
              {
                "name": "APPSYNC_JS",
                "runtime_version": "1.0.0"
              }
            ],
            "sync_config": [],
            "type": "Subscription"
          },
          "sensitive_attributes": [],
          "identity_schema_version": 0,
          "private": "bnVsbA==",
          "dependencies": [
            "module.appsync.aws_appsync_datasource.ddb",
            "module.appsync.aws_appsync_datasource.none",
            "module.appsync.aws_appsync_graphql_api.this",
            "module.appsync.aws_iam_role.appsync_logs",
            "module.appsync.aws_iam_role.ds_ddb_role",
            "module.ddb.aws_dynamodb_table.this",
            "module.iam.aws_iam_role.lambda_authorizer_role",
            "module.lambda_authorizer.aws_lambda_function.this",
            "module.lambda_authorizer.data.archive_file.lambda_zip",
            "module.lambda_authorizer.null_resource.build_bash",
            "module.lambda_authorizer.null_resource.build_ps"
          ]
        }
      ]
    },
    {
      "module": "module.appsync",
      "mode": "managed",
      "type": "aws_cloudwatch_log_group",
      "name": "appsync",
      "provider": "provider[\"registry.terraform.io/hashicorp/aws\"]",
      "instances": [
        {
          "schema_version": 0,
          "attributes": {
            "arn": "arn:aws:logs:us-east-2:838284111015:log-group:/aws/appsync/apis/w7lrzkdyu5f7fkj7onzg6qkutu",
            "id": "/aws/appsync/apis/w7lrzkdyu5f7fkj7onzg6qkutu",
            "kms_key_id": "",
            "log_group_class": "STANDARD",
            "name": "/aws/appsync/apis/w7lrzkdyu5f7fkj7onzg6qkutu",
            "name_prefix": "",
            "region": "us-east-2",
            "retention_in_days": 1,
            "skip_destroy": false,
            "tags": {},
            "tags_all": {}
          },
          "sensitive_attributes": [],
          "identity_schema_version": 0,
          "identity": {
            "account_id": "838284111015",
            "name": "/aws/appsync/apis/w7lrzkdyu5f7fkj7onzg6qkutu",
            "region": "us-east-2"
          },
          "private": "bnVsbA==",
          "dependencies": [
            "module.appsync.aws_appsync_graphql_api.this",
            "module.appsync.aws_iam_role.appsync_logs",
            "module.iam.aws_iam_role.lambda_authorizer_role",
            "module.lambda_authorizer.aws_lambda_function.this",
            "module.lambda_authorizer.data.archive_file.lambda_zip",
            "module.lambda_authorizer.null_resource.build_bash",
            "module.lambda_authorizer.null_resource.build_ps"
          ]
        }
      ]
    },
    {
      "module": "module.appsync",
      "mode": "managed",
      "type": "aws_iam_role",
      "name": "appsync_logs",
      "provider": "provider[\"registry.terraform.io/hashicorp/aws\"]",
      "instances": [
        {
          "schema_version": 0,
          "attributes": {
            "arn": "arn:aws:iam::838284111015:role/goalsguild-dev-api-cw-logs-role",
            "assume_role_policy": "{\"Statement\":[{\"Action\":\"sts:AssumeRole\",\"Effect\":\"Allow\",\"Principal\":{\"Service\":\"appsync.amazonaws.com\"}}],\"Version\":\"2012-10-17\"}",
            "create_date": "2025-09-07T23:11:32Z",
            "description": "",
            "force_detach_policies": false,
            "id": "goalsguild-dev-api-cw-logs-role",
            "inline_policy": [],
            "managed_policy_arns": [
              "arn:aws:iam::aws:policy/service-role/AWSAppSyncPushToCloudWatchLogs"
            ],
            "max_session_duration": 3600,
            "name": "goalsguild-dev-api-cw-logs-role",
            "name_prefix": "",
            "path": "/",
            "permissions_boundary": "",
            "tags": {},
            "tags_all": {},
            "unique_id": "AROA4GLNANST7HITML7OD"
          },
          "sensitive_attributes": [],
          "identity_schema_version": 0,
          "identity": {
            "account_id": "838284111015",
            "name": "goalsguild-dev-api-cw-logs-role"
          },
          "private": "bnVsbA=="
        }
      ]
    },
    {
      "module": "module.appsync",
      "mode": "managed",
      "type": "aws_iam_role",
      "name": "ds_ddb_role",
      "provider": "provider[\"registry.terraform.io/hashicorp/aws\"]",
      "instances": [
        {
          "schema_version": 0,
          "attributes": {
            "arn": "arn:aws:iam::838284111015:role/goalsguild-dev-api-ds-ddb-role",
            "assume_role_policy": "{\"Statement\":[{\"Action\":\"sts:AssumeRole\",\"Effect\":\"Allow\",\"Principal\":{\"Service\":\"appsync.amazonaws.com\"}}],\"Version\":\"2012-10-17\"}",
            "create_date": "2025-09-04T18:54:51Z",
            "description": "",
            "force_detach_policies": false,
            "id": "goalsguild-dev-api-ds-ddb-role",
            "inline_policy": [
              {
                "name": "terraform-20250904185528920500000001",
                "policy": "{\"Version\":\"2012-10-17\",\"Statement\":[{\"Action\":[\"dynamodb:PutItem\",\"dynamodb:GetItem\",\"dynamodb:Query\",\"dynamodb:UpdateItem\",\"dynamodb:TransactWriteItems\"],\"Effect\":\"Allow\",\"Resource\":[\"arn:aws:dynamodb:us-east-2:838284111015:table/gg_core\",\"arn:aws:dynamodb:us-east-2:838284111015:table/gg_core/index/*\"]}]}"
              }
            ],
            "managed_policy_arns": [],
            "max_session_duration": 3600,
            "name": "goalsguild-dev-api-ds-ddb-role",
            "name_prefix": "",
            "path": "/",
            "permissions_boundary": "",
            "tags": {},
            "tags_all": {},
            "unique_id": "AROA4GLNANSTUJQ7IWC72"
          },
          "sensitive_attributes": [],
          "identity_schema_version": 0,
          "identity": {
            "account_id": "838284111015",
            "name": "goalsguild-dev-api-ds-ddb-role"
          },
          "private": "bnVsbA=="
        }
      ]
    },
    {
      "module": "module.appsync",
      "mode": "managed",
      "type": "aws_iam_role_policy",
      "name": "ds_ddb_policy",
      "provider": "provider[\"registry.terraform.io/hashicorp/aws\"]",
      "instances": [
        {
          "schema_version": 0,
          "attributes": {
            "id": "goalsguild-dev-api-ds-ddb-role:terraform-20250904185528920500000001",
            "name": "terraform-20250904185528920500000001",
            "name_prefix": "terraform-",
            "policy": "{\"Version\":\"2012-10-17\",\"Statement\":[{\"Action\":[\"dynamodb:PutItem\",\"dynamodb:GetItem\",\"dynamodb:Query\",\"dynamodb:UpdateItem\",\"dynamodb:TransactWriteItems\"],\"Effect\":\"Allow\",\"Resource\":[\"arn:aws:dynamodb:us-east-2:838284111015:table/gg_core\",\"arn:aws:dynamodb:us-east-2:838284111015:table/gg_core/index/*\"]}]}",
            "role": "goalsguild-dev-api-ds-ddb-role"
          },
          "sensitive_attributes": [],
          "identity_schema_version": 0,
          "identity": {
            "account_id": "838284111015",
            "name": "terraform-20250904185528920500000001",
            "role": "goalsguild-dev-api-ds-ddb-role"
          },
          "private": "bnVsbA==",
          "dependencies": [
            "module.appsync.aws_iam_role.ds_ddb_role",
            "module.ddb.aws_dynamodb_table.this"
          ]
        }
      ]
    },
    {
      "module": "module.appsync",
      "mode": "managed",
      "type": "aws_iam_role_policy_attachment",
      "name": "appsync_logs_attach",
      "provider": "provider[\"registry.terraform.io/hashicorp/aws\"]",
      "instances": [
        {
          "schema_version": 0,
          "attributes": {
            "id": "goalsguild-dev-api-cw-logs-role/arn:aws:iam::aws:policy/service-role/AWSAppSyncPushToCloudWatchLogs",
            "policy_arn": "arn:aws:iam::aws:policy/service-role/AWSAppSyncPushToCloudWatchLogs",
            "role": "goalsguild-dev-api-cw-logs-role"
          },
          "sensitive_attributes": [],
          "identity_schema_version": 0,
          "identity": {
            "account_id": "838284111015",
            "policy_arn": "arn:aws:iam::aws:policy/service-role/AWSAppSyncPushToCloudWatchLogs",
            "role": "goalsguild-dev-api-cw-logs-role"
          },
          "private": "bnVsbA==",
          "dependencies": [
            "module.appsync.aws_iam_role.appsync_logs"
          ]
        }
      ]
    },
    {
      "module": "module.ddb",
      "mode": "managed",
      "type": "aws_dynamodb_table",
      "name": "this",
      "provider": "provider[\"registry.terraform.io/hashicorp/aws\"]",
      "instances": [
        {
          "schema_version": 1,
          "attributes": {
            "arn": "arn:aws:dynamodb:us-east-2:838284111015:table/gg_core",
            "attribute": [
              {
                "name": "GSI1PK",
                "type": "S"
              },
              {
                "name": "GSI1SK",
                "type": "S"
              },
              {
                "name": "GSI2PK",
                "type": "S"
              },
              {
                "name": "GSI2SK",
                "type": "S"
              },
              {
                "name": "GSI3PK",
                "type": "S"
              },
              {
                "name": "GSI3SK",
                "type": "S"
              },
              {
                "name": "PK",
                "type": "S"
              },
              {
                "name": "SK",
                "type": "S"
              }
            ],
            "billing_mode": "PAY_PER_REQUEST",
            "deletion_protection_enabled": false,
            "global_secondary_index": [
              {
                "hash_key": "GSI1PK",
                "name": "GSI1",
                "non_key_attributes": [],
                "on_demand_throughput": [],
                "projection_type": "ALL",
                "range_key": "GSI1SK",
                "read_capacity": 0,
                "write_capacity": 0
              },
              {
                "hash_key": "GSI2PK",
                "name": "GSI2",
                "non_key_attributes": [],
                "on_demand_throughput": [],
                "projection_type": "ALL",
                "range_key": "GSI2SK",
                "read_capacity": 0,
                "write_capacity": 0
              },
              {
                "hash_key": "GSI3PK",
                "name": "GSI3",
                "non_key_attributes": [],
                "on_demand_throughput": [],
                "projection_type": "ALL",
                "range_key": "GSI3SK",
                "read_capacity": 0,
                "write_capacity": 0
              }
            ],
            "hash_key": "PK",
            "id": "gg_core",
            "import_table": [],
            "local_secondary_index": [],
            "name": "gg_core",
            "on_demand_throughput": [],
            "point_in_time_recovery": [
              {
                "enabled": true,
                "recovery_period_in_days": 35
              }
            ],
            "range_key": "SK",
            "read_capacity": 0,
            "region": "us-east-2",
            "replica": [],
            "restore_date_time": null,
            "restore_source_name": null,
            "restore_source_table_arn": null,
            "restore_to_latest_time": null,
            "server_side_encryption": [],
            "stream_arn": "arn:aws:dynamodb:us-east-2:838284111015:table/gg_core/stream/2025-09-07T21:02:35.009",
            "stream_enabled": true,
            "stream_label": "2025-09-07T21:02:35.009",
            "stream_view_type": "NEW_AND_OLD_IMAGES",
            "table_class": "STANDARD",
            "tags": {
              "Component": "DataBase",
              "Environment": "dev",
              "Owner": "goalsGuildDB",
              "Project": "goalsguild"
            },
            "tags_all": {
              "Component": "DataBase",
              "Environment": "dev",
              "Owner": "goalsGuildDB",
              "Project": "goalsguild"
            },
            "timeouts": null,
            "ttl": [
              {
                "attribute_name": "ttl",
                "enabled": true
              }
            ],
            "write_capacity": 0
          },
          "sensitive_attributes": [],
          "identity_schema_version": 0,
          "private": "eyJlMmJmYjczMC1lY2FhLTExZTYtOGY4OC0zNDM2M2JjN2M0YzAiOnsiY3JlYXRlIjoxODAwMDAwMDAwMDAwLCJkZWxldGUiOjYwMDAwMDAwMDAwMCwidXBkYXRlIjozNjAwMDAwMDAwMDAwfSwic2NoZW1hX3ZlcnNpb24iOiIxIn0="
        }
      ]
    },
    {
      "module": "module.dynamodb_quests",
      "mode": "managed",
      "type": "aws_dynamodb_table",
      "name": "dynamodb_table",
      "provider": "provider[\"registry.terraform.io/hashicorp/aws\"]",
      "instances": [
        {
          "schema_version": 1,
          "attributes": {
            "arn": "arn:aws:dynamodb:us-east-2:838284111015:table/goalsguild_quests_dev",
            "attribute": [
              {
                "name": "quest_id",
                "type": "S"
              }
            ],
            "billing_mode": "PAY_PER_REQUEST",
            "deletion_protection_enabled": false,
            "global_secondary_index": [],
            "hash_key": "quest_id",
            "id": "goalsguild_quests_dev",
            "import_table": [],
            "local_secondary_index": [],
            "name": "goalsguild_quests_dev",
            "on_demand_throughput": [],
            "point_in_time_recovery": [
              {
                "enabled": true,
                "recovery_period_in_days": 35
              }
            ],
            "range_key": null,
            "read_capacity": 0,
            "region": "us-east-2",
            "replica": [],
            "restore_date_time": null,
            "restore_source_name": null,
            "restore_source_table_arn": null,
            "restore_to_latest_time": null,
            "server_side_encryption": [
              {
                "enabled": true,
                "kms_key_arn": ""
              }
            ],
            "stream_arn": "",
            "stream_enabled": false,
            "stream_label": "",
            "stream_view_type": "",
            "table_class": "STANDARD",
            "tags": {
              "Component": "quests",
              "Environment": "dev",
              "Project": "goalsguild",
              "Service": "quest-service"
            },
            "tags_all": {
              "Component": "quests",
              "Environment": "dev",
              "Project": "goalsguild",
              "Service": "quest-service"
            },
            "timeouts": null,
            "ttl": [
              {
                "attribute_name": "",
                "enabled": false
              }
            ],
            "write_capacity": 0
          },
          "sensitive_attributes": [],
          "identity_schema_version": 0,
          "private": "eyJlMmJmYjczMC1lY2FhLTExZTYtOGY4OC0zNDM2M2JjN2M0YzAiOnsiY3JlYXRlIjoxODAwMDAwMDAwMDAwLCJkZWxldGUiOjYwMDAwMDAwMDAwMCwidXBkYXRlIjozNjAwMDAwMDAwMDAwfSwic2NoZW1hX3ZlcnNpb24iOiIxIn0="
        }
      ]
    },
    {
      "module": "module.dynamodb_users",
      "mode": "managed",
      "type": "aws_dynamodb_table",
      "name": "dynamodb_table",
      "provider": "provider[\"registry.terraform.io/hashicorp/aws\"]",
      "instances": [
        {
          "schema_version": 1,
          "attributes": {
            "arn": "arn:aws:dynamodb:us-east-2:838284111015:table/goalsguild_users_dev",
            "attribute": [
              {
                "name": "user_id",
                "type": "S"
              }
            ],
            "billing_mode": "PAY_PER_REQUEST",
            "deletion_protection_enabled": false,
            "global_secondary_index": [],
            "hash_key": "user_id",
            "id": "goalsguild_users_dev",
            "import_table": [],
            "local_secondary_index": [],
            "name": "goalsguild_users_dev",
            "on_demand_throughput": [],
            "point_in_time_recovery": [
              {
                "enabled": true,
                "recovery_period_in_days": 35
              }
            ],
            "range_key": null,
            "read_capacity": 0,
            "region": "us-east-2",
            "replica": [],
            "restore_date_time": null,
            "restore_source_name": null,
            "restore_source_table_arn": null,
            "restore_to_latest_time": null,
            "server_side_encryption": [
              {
                "enabled": true,
                "kms_key_arn": ""
              }
            ],
            "stream_arn": "",
            "stream_enabled": false,
            "stream_label": "",
            "stream_view_type": "",
            "table_class": "STANDARD",
            "tags": {
              "Component": "user",
              "Environment": "dev",
              "Project": "goalsguild",
              "Service": "user-service"
            },
            "tags_all": {
              "Component": "user",
              "Environment": "dev",
              "Project": "goalsguild",
              "Service": "user-service"
            },
            "timeouts": null,
            "ttl": [
              {
                "attribute_name": "",
                "enabled": false
              }
            ],
            "write_capacity": 0
          },
          "sensitive_attributes": [],
          "identity_schema_version": 0,
          "private": "eyJlMmJmYjczMC1lY2FhLTExZTYtOGY4OC0zNDM2M2JjN2M0YzAiOnsiY3JlYXRlIjoxODAwMDAwMDAwMDAwLCJkZWxldGUiOjYwMDAwMDAwMDAwMCwidXBkYXRlIjozNjAwMDAwMDAwMDAwfSwic2NoZW1hX3ZlcnNpb24iOiIxIn0="
        }
      ]
    },
    {
      "module": "module.iam",
      "mode": "managed",
      "type": "aws_iam_policy",
      "name": "lambda_authorizer_policy",
      "provider": "provider[\"registry.terraform.io/hashicorp/aws\"]",
      "instances": [
        {
          "schema_version": 0,
          "attributes": {
            "arn": "arn:aws:iam::838284111015:policy/goalsguild_lambda_authorizer_policy",
            "attachment_count": 1,
            "description": "Policy for Lambda authorizer to access SSM, DynamoDB, and CloudWatch Logs",
            "id": "arn:aws:iam::838284111015:policy/goalsguild_lambda_authorizer_policy",
            "name": "goalsguild_lambda_authorizer_policy",
            "name_prefix": "",
            "path": "/",
            "policy": "{\"Statement\":[{\"Action\":[\"ssm:GetParameter\",\"ssm:GetParameter\",\"ssm:GetParameters\",\"ssm:GetParametersByPath\"],\"Effect\":\"Allow\",\"Resource\":[\"arn:aws:ssm:us-east-2:838284111015:parameter/goalsguild/dev/user-service/*\",\"arn:aws:ssm:us-east-2:838284111015:parameter/goalsguild/dev/crypto/*\",\"arn:aws:ssm:us-east-2:838284111015:parameter/goalsguild/dev/cognito/*\"]},{\"Action\":[\"dynamodb:GetItem\"],\"Effect\":\"Allow\",\"Resource\":[\"arn:aws:dynamodb:us-east-2:838284111015:table/native-users-table\"]},{\"Action\":[\"logs:CreateLogGroup\",\"logs:CreateLogStream\",\"logs:PutLogEvents\"],\"Effect\":\"Allow\",\"Resource\":\"*\"},{\"Action\":[\"ses:SendEmail\",\"ses:SendRawEmail\"],\"Effect\":\"Allow\",\"Resource\":\"*\"}],\"Version\":\"2012-10-17\"}",
            "policy_id": "ANPA4GLNANSTZQVRJ6KFW",
            "tags": {},
            "tags_all": {}
          },
          "sensitive_attributes": [],
          "identity_schema_version": 0,
          "identity": {
            "arn": "arn:aws:iam::838284111015:policy/goalsguild_lambda_authorizer_policy"
          },
          "private": "bnVsbA==",
          "dependencies": [
            "data.aws_caller_identity.current"
          ]
        }
      ]
    },
    {
      "module": "module.iam",
      "mode": "managed",
      "type": "aws_iam_role",
      "name": "lambda_authorizer_role",
      "provider": "provider[\"registry.terraform.io/hashicorp/aws\"]",
      "instances": [
        {
          "schema_version": 0,
          "attributes": {
            "arn": "arn:aws:iam::838284111015:role/user-service-role",
            "assume_role_policy": "{\"Statement\":[{\"Action\":\"sts:AssumeRole\",\"Effect\":\"Allow\",\"Principal\":{\"Service\":[\"lambda.amazonaws.com\"]}}],\"Version\":\"2012-10-17\"}",
            "create_date": "2025-09-01T20:11:25Z",
            "description": "",
            "force_detach_policies": false,
            "id": "user-service-role",
            "inline_policy": [],
            "managed_policy_arns": [
              "arn:aws:iam::838284111015:policy/goalsguild_lambda_authorizer_policy"
            ],
            "max_session_duration": 3600,
            "name": "user-service-role",
            "name_prefix": "",
            "path": "/",
            "permissions_boundary": "",
            "tags": {},
            "tags_all": {},
            "unique_id": "AROA4GLNANSTXYNEPP4QM"
          },
          "sensitive_attributes": [],
          "identity_schema_version": 0,
          "identity": {
            "account_id": "838284111015",
            "name": "user-service-role"
          },
          "private": "bnVsbA==",
          "create_before_destroy": true
        }
      ]
    },
    {
      "module": "module.iam",
      "mode": "managed",
      "type": "aws_iam_role_policy_attachment",
      "name": "lambda_authorizer_attach",
      "provider": "provider[\"registry.terraform.io/hashicorp/aws\"]",
      "instances": [
        {
          "schema_version": 0,
          "attributes": {
            "id": "user-service-role/arn:aws:iam::838284111015:policy/goalsguild_lambda_authorizer_policy",
            "policy_arn": "arn:aws:iam::838284111015:policy/goalsguild_lambda_authorizer_policy",
            "role": "user-service-role"
          },
          "sensitive_attributes": [],
          "identity_schema_version": 0,
          "identity": {
            "account_id": "838284111015",
            "policy_arn": "arn:aws:iam::838284111015:policy/goalsguild_lambda_authorizer_policy",
            "role": "user-service-role"
          },
          "private": "bnVsbA==",
          "dependencies": [
            "data.aws_caller_identity.current",
            "module.iam.aws_iam_policy.lambda_authorizer_policy",
            "module.iam.aws_iam_role.lambda_authorizer_role"
          ]
        }
      ]
    },
    {
      "module": "module.lambda_authorizer",
      "mode": "data",
      "type": "archive_file",
      "name": "lambda_zip",
      "provider": "provider[\"registry.terraform.io/hashicorp/archive\"]",
      "instances": [
        {
          "schema_version": 0,
          "attributes": {
            "exclude_symlink_directories": null,
            "excludes": null,
            "id": "b695b720bc588194943f4840c25abf8cb024a09c",
            "output_base64sha256": "Pty7Zxgr5uPgAbc11svkeAF5N6HKkg59eOTWMv/8P5o=",
            "output_base64sha512": "oWPYOWIrz2V8Cz2LL6mK9P6J0xBFNKjOPeOmOrPZXxyRgAeet1GRFLecPq3ape9Y8z/2QSUE0RK0HsoOwlIWSw==",
            "output_file_mode": null,
            "output_md5": "1e170bf2788f8e67672204853c2b6626",
            "output_path": "D:/Projetos/GoalsGuild/questbound-forge/backend/infra/terraform/modules/lambda_zip/.dist/lambda.zip",
            "output_sha": "b695b720bc588194943f4840c25abf8cb024a09c",
            "output_sha256": "3edcbb67182be6e3e001b735d6cbe478017937a1ca920e7d78e4d632fffc3f9a",
            "output_sha512": "a163d839622bcf657c0b3d8b2fa98af4fe89d3104534a8ce3de3a63ab3d95f1c9180079eb7519114b79c3eaddaa5ef58f33ff6412504d112b41eca0ec252164b",
            "output_size": 21866366,
            "source": [],
            "source_content": null,
            "source_content_filename": null,
            "source_dir": "D:/Projetos/GoalsGuild/questbound-forge/backend/infra/terraform/modules/lambda_zip/.build/lambda",
            "source_file": null,
            "type": "zip"
          },
          "sensitive_attributes": [],
          "identity_schema_version": 0
        }
      ]
    },
    {
      "module": "module.lambda_authorizer",
      "mode": "managed",
      "type": "aws_cloudwatch_log_group",
      "name": "lambda_logs",
      "provider": "provider[\"registry.terraform.io/hashicorp/aws\"]",
      "instances": [
        {
          "schema_version": 0,
          "attributes": {
            "arn": "arn:aws:logs:us-east-2:838284111015:log-group:/aws/lambda/goalsguild_authorizer_dev",
            "id": "/aws/lambda/goalsguild_authorizer_dev",
            "kms_key_id": "",
            "log_group_class": "STANDARD",
            "name": "/aws/lambda/goalsguild_authorizer_dev",
            "name_prefix": "",
            "region": "us-east-2",
            "retention_in_days": 14,
            "skip_destroy": false,
            "tags": {
              "Environment": "dev",
              "Project": "goalsguild"
            },
            "tags_all": {
              "Environment": "dev",
              "Project": "goalsguild"
            }
          },
          "sensitive_attributes": [],
          "identity_schema_version": 0,
          "identity": {
            "account_id": "838284111015",
            "name": "/aws/lambda/goalsguild_authorizer_dev",
            "region": "us-east-2"
          },
          "private": "bnVsbA==",
          "dependencies": [
            "module.iam.aws_iam_role.lambda_authorizer_role",
            "module.lambda_authorizer.aws_lambda_function.this",
            "module.lambda_authorizer.data.archive_file.lambda_zip",
            "module.lambda_authorizer.null_resource.build_bash",
            "module.lambda_authorizer.null_resource.build_ps"
          ]
        }
      ]
    },
    {
      "module": "module.lambda_authorizer",
      "mode": "managed",
      "type": "aws_lambda_function",
      "name": "this",
      "provider": "provider[\"registry.terraform.io/hashicorp/aws\"]",
      "instances": [
        {
          "schema_version": 0,
          "attributes": {
            "architectures": [
              "x86_64"
            ],
            "arn": "arn:aws:lambda:us-east-2:838284111015:function:goalsguild_authorizer_dev",
            "code_sha256": "Pty7Zxgr5uPgAbc11svkeAF5N6HKkg59eOTWMv/8P5o=",
            "code_signing_config_arn": "",
            "dead_letter_config": [],
            "description": "",
            "environment": [
              {
                "variables": {
                  "ENVIRONMENT": "dev"
                }
              }
            ],
            "ephemeral_storage": [
              {
                "size": 512
              }
            ],
            "file_system_config": [],
            "filename": "D:/Projetos/GoalsGuild/questbound-forge/backend/infra/terraform/modules/lambda_zip/.dist/lambda.zip",
            "function_name": "goalsguild_authorizer_dev",
            "handler": "authorizer.handler",
            "id": "goalsguild_authorizer_dev",
            "image_config": [],
            "image_uri": "",
            "invoke_arn": "arn:aws:apigateway:us-east-2:lambda:path/2015-03-31/functions/arn:aws:lambda:us-east-2:838284111015:function:goalsguild_authorizer_dev/invocations",
            "kms_key_arn": "",
            "last_modified": "2025-09-04T18:59:23.000+0000",
            "layers": [],
            "logging_config": [
              {
                "application_log_level": "",
                "log_format": "Text",
                "log_group": "/aws/lambda/goalsguild_authorizer_dev",
                "system_log_level": ""
              }
            ],
            "memory_size": 512,
            "package_type": "Zip",
            "publish": false,
            "qualified_arn": "arn:aws:lambda:us-east-2:838284111015:function:goalsguild_authorizer_dev:$LATEST",
            "qualified_invoke_arn": "arn:aws:apigateway:us-east-2:lambda:path/2015-03-31/functions/arn:aws:lambda:us-east-2:838284111015:function:goalsguild_authorizer_dev:$LATEST/invocations",
            "region": "us-east-2",
            "replace_security_groups_on_destroy": null,
            "replacement_security_group_ids": null,
            "reserved_concurrent_executions": -1,
            "role": "arn:aws:iam::838284111015:role/user-service-role",
            "runtime": "python3.12",
            "s3_bucket": null,
            "s3_key": null,
            "s3_object_version": null,
            "signing_job_arn": "",
            "signing_profile_version_arn": "",
            "skip_destroy": false,
            "snap_start": [],
            "source_code_hash": "Pty7Zxgr5uPgAbc11svkeAF5N6HKkg59eOTWMv/8P5o=",
            "source_code_size": 21866366,
            "tags": {
              "Environment": "dev",
              "Project": "goalsguild"
            },
            "tags_all": {
              "Environment": "dev",
              "Project": "goalsguild"
            },
            "timeout": 30,
            "timeouts": null,
            "tracing_config": [
              {
                "mode": "PassThrough"
              }
            ],
            "version": "$LATEST",
            "vpc_config": []
          },
          "sensitive_attributes": [],
          "identity_schema_version": 0,
          "identity": {
            "account_id": "838284111015",
            "function_name": "goalsguild_authorizer_dev",
            "region": "us-east-2"
          },
          "private": "eyJlMmJmYjczMC1lY2FhLTExZTYtOGY4OC0zNDM2M2JjN2M0YzAiOnsiY3JlYXRlIjo2MDAwMDAwMDAwMDAsImRlbGV0ZSI6NjAwMDAwMDAwMDAwLCJ1cGRhdGUiOjYwMDAwMDAwMDAwMH19",
          "dependencies": [
            "module.iam.aws_iam_role.lambda_authorizer_role",
            "module.lambda_authorizer.data.archive_file.lambda_zip",
            "module.lambda_authorizer.null_resource.build_bash",
            "module.lambda_authorizer.null_resource.build_ps"
          ],
          "create_before_destroy": true
        }
      ]
    },
    {
      "module": "module.lambda_authorizer",
      "mode": "managed",
      "type": "null_resource",
      "name": "build_bash",
      "provider": "provider[\"registry.terraform.io/hashicorp/null\"]",
      "instances": []
    },
    {
      "module": "module.lambda_authorizer",
      "mode": "managed",
      "type": "null_resource",
      "name": "build_ps",
      "provider": "provider[\"registry.terraform.io/hashicorp/null\"]",
      "instances": [
        {
          "index_key": 0,
          "schema_version": 0,
          "attributes": {
            "id": "3144219854683808139",
            "triggers": {
              "build_abs": "D:/Projetos/GoalsGuild/questbound-forge/backend/infra/terraform/modules/lambda_zip/.build/lambda",
              "dist_abs": "D:/Projetos/GoalsGuild/questbound-forge/backend/infra/terraform/modules/lambda_zip/.dist",
              "image": "public.ecr.aws/lambda/python:3.12",
              "req_file": "requirements.txt",
              "src_abs": "D:/Projetos/GoalsGuild/questbound-forge/backend/services/authorizer-service",
              "src_hash": "6bcc2d7ea90bb482e243948a765b5f4643eaff87"
            }
          },
          "sensitive_attributes": [],
          "identity_schema_version": 0,
          "create_before_destroy": true
        }
      ]
    },
    {
      "module": "module.lambda_quest_service",
      "mode": "data",
      "type": "aws_ecr_image",
      "name": "image",
      "provider": "provider[\"registry.terraform.io/hashicorp/aws\"]",
      "instances": [
        {
          "schema_version": 0,
          "attributes": {
            "id": "sha256:128bfb8ae16df4445eb7af34c93c33312cd573384bb3450ce18ddf7c2cb080f7",
            "image_digest": "sha256:128bfb8ae16df4445eb7af34c93c33312cd573384bb3450ce18ddf7c2cb080f7",
            "image_pushed_at": 1756740725,
            "image_size_in_bytes": 79461064,
            "image_tag": "1",
            "image_tags": [
              "2",
              "3",
              "1",
              "5",
              "4"
            ],
            "image_uri": "838284111015.dkr.ecr.us-east-2.amazonaws.com/goalsguild_quest_service@sha256:128bfb8ae16df4445eb7af34c93c33312cd573384bb3450ce18ddf7c2cb080f7",
            "most_recent": null,
            "region": "us-east-2",
            "registry_id": "838284111015",
            "repository_name": "goalsguild_quest_service"
          },
          "sensitive_attributes": [],
          "identity_schema_version": 0
        }
      ]
    },
    {
      "module": "module.lambda_quest_service",
      "mode": "managed",
      "type": "aws_cloudwatch_log_group",
      "name": "lambda_log_group",
      "provider": "provider[\"registry.terraform.io/hashicorp/aws\"]",
      "instances": [
        {
          "schema_version": 0,
          "attributes": {
            "arn": "arn:aws:logs:us-east-2:838284111015:log-group:/aws/lambda/goalsguild_quest_service_dev",
            "id": "/aws/lambda/goalsguild_quest_service_dev",
            "kms_key_id": "",
            "log_group_class": "STANDARD",
            "name": "/aws/lambda/goalsguild_quest_service_dev",
            "name_prefix": "",
            "region": "us-east-2",
            "retention_in_days": 14,
            "skip_destroy": false,
            "tags": {
              "Environment": "dev",
              "Project": "goalsguild"
            },
            "tags_all": {
              "Environment": "dev",
              "Project": "goalsguild"
            }
          },
          "sensitive_attributes": [],
          "identity_schema_version": 0,
          "identity": {
            "account_id": "838284111015",
            "name": "/aws/lambda/goalsguild_quest_service_dev",
            "region": "us-east-2"
          },
          "private": "bnVsbA==",
          "dependencies": [
            "module.lambda_quest_service.aws_lambda_function.lambda_function",
            "module.lambda_quest_service.data.aws_ecr_image.image",
            "module.network.aws_iam_role.lambda_exec_role",
            "module.quest_service_image.aws_ecr_lifecycle_policy.keep_last_3",
            "module.quest_service_image.aws_ecr_repository.repo",
            "module.quest_service_image.data.aws_caller_identity.me",
            "module.quest_service_image.data.aws_ecr_authorization_token.ecr",
            "module.quest_service_image.data.aws_ecr_repository.repo",
            "module.quest_service_image.docker_image.app",
            "module.quest_service_image.docker_registry_image.app",
            "module.quest_service_image.local_file.version_file",
            "module.quest_service_image.null_resource.ecr_login"
          ]
        }
      ]
    },
    {
      "module": "module.lambda_quest_service",
      "mode": "managed",
      "type": "aws_cloudwatch_log_metric_filter",
      "name": "lambda_error_filter",
      "provider": "provider[\"registry.terraform.io/hashicorp/aws\"]",
      "instances": [
        {
          "schema_version": 0,
          "attributes": {
            "apply_on_transformed_logs": false,
            "id": "goalsguild_quest_service_ErrorFilter",
            "log_group_name": "/aws/lambda/goalsguild_quest_service_dev",
            "metric_transformation": [
              {
                "default_value": "",
                "dimensions": {},
                "name": "goalsguild_quest_service_Errors",
                "namespace": "goalsguild/Lambda",
                "unit": "None",
                "value": "1"
              }
            ],
            "name": "goalsguild_quest_service_ErrorFilter",
            "pattern": "ERROR",
            "region": "us-east-2"
          },
          "sensitive_attributes": [],
          "identity_schema_version": 0,
          "private": "bnVsbA==",
          "dependencies": [
            "module.lambda_quest_service.aws_cloudwatch_log_group.lambda_log_group",
            "module.lambda_quest_service.aws_lambda_function.lambda_function",
            "module.lambda_quest_service.data.aws_ecr_image.image",
            "module.network.aws_iam_role.lambda_exec_role",
            "module.quest_service_image.aws_ecr_lifecycle_policy.keep_last_3",
            "module.quest_service_image.aws_ecr_repository.repo",
            "module.quest_service_image.data.aws_caller_identity.me",
            "module.quest_service_image.data.aws_ecr_authorization_token.ecr",
            "module.quest_service_image.data.aws_ecr_repository.repo",
            "module.quest_service_image.docker_image.app",
            "module.quest_service_image.docker_registry_image.app",
            "module.quest_service_image.local_file.version_file",
            "module.quest_service_image.null_resource.ecr_login"
          ]
        }
      ]
    },
    {
      "module": "module.lambda_quest_service",
      "mode": "managed",
      "type": "aws_cloudwatch_log_metric_filter",
      "name": "lambda_throttle_filter",
      "provider": "provider[\"registry.terraform.io/hashicorp/aws\"]",
      "instances": [
        {
          "schema_version": 0,
          "attributes": {
            "apply_on_transformed_logs": false,
            "id": "goalsguild_quest_service_ThrottleFilter",
            "log_group_name": "/aws/lambda/goalsguild_quest_service_dev",
            "metric_transformation": [
              {
                "default_value": "",
                "dimensions": {},
                "name": "goalsguild_quest_service_Throttles",
                "namespace": "goalsguild/Lambda",
                "unit": "None",
                "value": "1"
              }
            ],
            "name": "goalsguild_quest_service_ThrottleFilter",
            "pattern": "ThrottlingException",
            "region": "us-east-2"
          },
          "sensitive_attributes": [],
          "identity_schema_version": 0,
          "private": "bnVsbA==",
          "dependencies": [
            "module.lambda_quest_service.aws_cloudwatch_log_group.lambda_log_group",
            "module.lambda_quest_service.aws_lambda_function.lambda_function",
            "module.lambda_quest_service.data.aws_ecr_image.image",
            "module.network.aws_iam_role.lambda_exec_role",
            "module.quest_service_image.aws_ecr_lifecycle_policy.keep_last_3",
            "module.quest_service_image.aws_ecr_repository.repo",
            "module.quest_service_image.data.aws_caller_identity.me",
            "module.quest_service_image.data.aws_ecr_authorization_token.ecr",
            "module.quest_service_image.data.aws_ecr_repository.repo",
            "module.quest_service_image.docker_image.app",
            "module.quest_service_image.docker_registry_image.app",
            "module.quest_service_image.local_file.version_file",
            "module.quest_service_image.null_resource.ecr_login"
          ]
        }
      ]
    },
    {
      "module": "module.lambda_quest_service",
      "mode": "managed",
      "type": "aws_cloudwatch_metric_alarm",
      "name": "lambda_duration_alarm",
      "provider": "provider[\"registry.terraform.io/hashicorp/aws\"]",
      "instances": [
        {
          "schema_version": 1,
          "attributes": {
            "actions_enabled": true,
            "alarm_actions": [],
            "alarm_description": "Alarm when Lambda function goalsguild_quest_service duration exceeds threshold",
            "alarm_name": "goalsguild_quest_service_DurationAlarm",
            "arn": "arn:aws:cloudwatch:us-east-2:838284111015:alarm:goalsguild_quest_service_DurationAlarm",
            "comparison_operator": "GreaterThanThreshold",
            "datapoints_to_alarm": 0,
            "dimensions": {},
            "evaluate_low_sample_count_percentiles": "",
            "evaluation_periods": 1,
            "extended_statistic": "",
            "id": "goalsguild_quest_service_DurationAlarm",
            "insufficient_data_actions": [],
            "metric_name": "Duration",
            "metric_query": [],
            "namespace": "AWS/Lambda",
            "ok_actions": [],
            "period": 60,
            "region": "us-east-2",
            "statistic": "Average",
            "tags": {
              "Environment": "dev",
              "Project": "goalsguild"
            },
            "tags_all": {
              "Environment": "dev",
              "Project": "goalsguild"
            },
            "threshold": 3000,
            "threshold_metric_id": "",
            "treat_missing_data": "notBreaching",
            "unit": ""
          },
          "sensitive_attributes": [],
          "identity_schema_version": 0,
          "identity": {
            "account_id": "838284111015",
            "alarm_name": "goalsguild_quest_service_DurationAlarm",
            "region": "us-east-2"
          },
          "private": "eyJzY2hlbWFfdmVyc2lvbiI6IjEifQ==",
          "dependencies": [
            "module.quest_service_image.aws_ecr_lifecycle_policy.keep_last_3",
            "module.quest_service_image.aws_ecr_repository.repo",
            "module.quest_service_image.data.aws_caller_identity.me",
            "module.quest_service_image.data.aws_ecr_authorization_token.ecr",
            "module.quest_service_image.data.aws_ecr_repository.repo",
            "module.quest_service_image.docker_image.app",
            "module.quest_service_image.docker_registry_image.app",
            "module.quest_service_image.local_file.version_file",
            "module.quest_service_image.null_resource.ecr_login"
          ]
        }
      ]
    },
    {
      "module": "module.lambda_quest_service",
      "mode": "managed",
      "type": "aws_cloudwatch_metric_alarm",
      "name": "lambda_error_alarm",
      "provider": "provider[\"registry.terraform.io/hashicorp/aws\"]",
      "instances": [
        {
          "schema_version": 1,
          "attributes": {
            "actions_enabled": true,
            "alarm_actions": [],
            "alarm_description": "Alarm when Lambda function goalsguild_quest_service has errors",
            "alarm_name": "goalsguild_quest_service_ErrorAlarm",
            "arn": "arn:aws:cloudwatch:us-east-2:838284111015:alarm:goalsguild_quest_service_ErrorAlarm",
            "comparison_operator": "GreaterThanOrEqualToThreshold",
            "datapoints_to_alarm": 0,
            "dimensions": {},
            "evaluate_low_sample_count_percentiles": "",
            "evaluation_periods": 1,
            "extended_statistic": "",
            "id": "goalsguild_quest_service_ErrorAlarm",
            "insufficient_data_actions": [],
            "metric_name": "goalsguild_quest_service_Errors",
            "metric_query": [],
            "namespace": "AWS/Lambda",
            "ok_actions": [],
            "period": 60,
            "region": "us-east-2",
            "statistic": "Sum",
            "tags": {
              "Environment": "dev",
              "Project": "goalsguild"
            },
            "tags_all": {
              "Environment": "dev",
              "Project": "goalsguild"
            },
            "threshold": 1,
            "threshold_metric_id": "",
            "treat_missing_data": "notBreaching",
            "unit": ""
          },
          "sensitive_attributes": [],
          "identity_schema_version": 0,
          "identity": {
            "account_id": "838284111015",
            "alarm_name": "goalsguild_quest_service_ErrorAlarm",
            "region": "us-east-2"
          },
          "private": "eyJzY2hlbWFfdmVyc2lvbiI6IjEifQ==",
          "dependencies": [
            "module.quest_service_image.aws_ecr_lifecycle_policy.keep_last_3",
            "module.quest_service_image.aws_ecr_repository.repo",
            "module.quest_service_image.data.aws_caller_identity.me",
            "module.quest_service_image.data.aws_ecr_authorization_token.ecr",
            "module.quest_service_image.data.aws_ecr_repository.repo",
            "module.quest_service_image.docker_image.app",
            "module.quest_service_image.docker_registry_image.app",
            "module.quest_service_image.local_file.version_file",
            "module.quest_service_image.null_resource.ecr_login"
          ]
        }
      ]
    },
    {
      "module": "module.lambda_quest_service",
      "mode": "managed",
      "type": "aws_cloudwatch_metric_alarm",
      "name": "lambda_throttle_alarm",
      "provider": "provider[\"registry.terraform.io/hashicorp/aws\"]",
      "instances": [
        {
          "schema_version": 1,
          "attributes": {
            "actions_enabled": true,
            "alarm_actions": [],
            "alarm_description": "Alarm when Lambda function goalsguild_quest_service is throttled",
            "alarm_name": "goalsguild_quest_service_ThrottleAlarm",
            "arn": "arn:aws:cloudwatch:us-east-2:838284111015:alarm:goalsguild_quest_service_ThrottleAlarm",
            "comparison_operator": "GreaterThanOrEqualToThreshold",
            "datapoints_to_alarm": 0,
            "dimensions": {},
            "evaluate_low_sample_count_percentiles": "",
            "evaluation_periods": 1,
            "extended_statistic": "",
            "id": "goalsguild_quest_service_ThrottleAlarm",
            "insufficient_data_actions": [],
            "metric_name": "goalsguild_quest_service_Throttles",
            "metric_query": [],
            "namespace": "AWS/Lambda",
            "ok_actions": [],
            "period": 60,
            "region": "us-east-2",
            "statistic": "Sum",
            "tags": {
              "Environment": "dev",
              "Project": "goalsguild"
            },
            "tags_all": {
              "Environment": "dev",
              "Project": "goalsguild"
            },
            "threshold": 1,
            "threshold_metric_id": "",
            "treat_missing_data": "notBreaching",
            "unit": ""
          },
          "sensitive_attributes": [],
          "identity_schema_version": 0,
          "identity": {
            "account_id": "838284111015",
            "alarm_name": "goalsguild_quest_service_ThrottleAlarm",
            "region": "us-east-2"
          },
          "private": "eyJzY2hlbWFfdmVyc2lvbiI6IjEifQ==",
          "dependencies": [
            "module.quest_service_image.aws_ecr_lifecycle_policy.keep_last_3",
            "module.quest_service_image.aws_ecr_repository.repo",
            "module.quest_service_image.data.aws_caller_identity.me",
            "module.quest_service_image.data.aws_ecr_authorization_token.ecr",
            "module.quest_service_image.data.aws_ecr_repository.repo",
            "module.quest_service_image.docker_image.app",
            "module.quest_service_image.docker_registry_image.app",
            "module.quest_service_image.local_file.version_file",
            "module.quest_service_image.null_resource.ecr_login"
          ]
        }
      ]
    },
    {
      "module": "module.lambda_quest_service",
      "mode": "managed",
      "type": "aws_lambda_function",
      "name": "lambda_function",
      "provider": "provider[\"registry.terraform.io/hashicorp/aws\"]",
      "instances": [
        {
          "schema_version": 0,
          "attributes": {
            "architectures": [
              "x86_64"
            ],
            "arn": "arn:aws:lambda:us-east-2:838284111015:function:goalsguild_quest_service_dev",
            "code_sha256": "128bfb8ae16df4445eb7af34c93c33312cd573384bb3450ce18ddf7c2cb080f7",
            "code_signing_config_arn": "",
            "dead_letter_config": [],
            "description": "",
            "environment": [
              {
                "variables": {
                  "AWS_LAMBDA_EXEC_WRAPPER": "/opt/bootstrap",
                  "AWS_LWA_PORT": "8080",
                  "PORT": "8080",
                  "RUST_LOG": "info"
                }
              }
            ],
            "ephemeral_storage": [
              {
                "size": 512
              }
            ],
            "file_system_config": [],
            "filename": null,
            "function_name": "goalsguild_quest_service_dev",
            "handler": "",
            "id": "goalsguild_quest_service_dev",
            "image_config": [],
            "image_uri": "838284111015.dkr.ecr.us-east-2.amazonaws.com/goalsguild_quest_service@sha256:128bfb8ae16df4445eb7af34c93c33312cd573384bb3450ce18ddf7c2cb080f7",
            "invoke_arn": "arn:aws:apigateway:us-east-2:lambda:path/2015-03-31/functions/arn:aws:lambda:us-east-2:838284111015:function:goalsguild_quest_service_dev/invocations",
            "kms_key_arn": "",
            "last_modified": "2025-09-01T15:32:09.000+0000",
            "layers": [],
            "logging_config": [
              {
                "application_log_level": "",
                "log_format": "Text",
                "log_group": "/aws/lambda/goalsguild_quest_service_dev",
                "system_log_level": ""
              }
            ],
            "memory_size": 128,
            "package_type": "Image",
            "publish": false,
            "qualified_arn": "arn:aws:lambda:us-east-2:838284111015:function:goalsguild_quest_service_dev:$LATEST",
            "qualified_invoke_arn": "arn:aws:apigateway:us-east-2:lambda:path/2015-03-31/functions/arn:aws:lambda:us-east-2:838284111015:function:goalsguild_quest_service_dev:$LATEST/invocations",
            "region": "us-east-2",
            "replace_security_groups_on_destroy": null,
            "replacement_security_group_ids": null,
            "reserved_concurrent_executions": -1,
            "role": "arn:aws:iam::838284111015:role/goalsguild_lambda_exec_role_dev",
            "runtime": "",
            "s3_bucket": null,
            "s3_key": null,
            "s3_object_version": null,
            "signing_job_arn": "",
            "signing_profile_version_arn": "",
            "skip_destroy": false,
            "snap_start": [],
            "source_code_hash": "",
            "source_code_size": 0,
            "tags": {
              "Environment": "dev",
              "Project": "goalsguild"
            },
            "tags_all": {
              "Environment": "dev",
              "Project": "goalsguild"
            },
            "timeout": 10,
            "timeouts": null,
            "tracing_config": [
              {
                "mode": "PassThrough"
              }
            ],
            "version": "$LATEST",
            "vpc_config": []
          },
          "sensitive_attributes": [],
          "identity_schema_version": 0,
          "identity": {
            "account_id": "838284111015",
            "function_name": "goalsguild_quest_service_dev",
            "region": "us-east-2"
          },
          "private": "eyJlMmJmYjczMC1lY2FhLTExZTYtOGY4OC0zNDM2M2JjN2M0YzAiOnsiY3JlYXRlIjo2MDAwMDAwMDAwMDAsImRlbGV0ZSI6NjAwMDAwMDAwMDAwLCJ1cGRhdGUiOjYwMDAwMDAwMDAwMH19",
          "dependencies": [
            "module.lambda_quest_service.data.aws_ecr_image.image",
            "module.network.aws_iam_role.lambda_exec_role",
            "module.quest_service_image.aws_ecr_lifecycle_policy.keep_last_3",
            "module.quest_service_image.aws_ecr_repository.repo",
            "module.quest_service_image.data.aws_caller_identity.me",
            "module.quest_service_image.data.aws_ecr_authorization_token.ecr",
            "module.quest_service_image.data.aws_ecr_repository.repo",
            "module.quest_service_image.docker_image.app",
            "module.quest_service_image.docker_registry_image.app",
            "module.quest_service_image.local_file.version_file",
            "module.quest_service_image.null_resource.ecr_login"
          ],
          "create_before_destroy": true
        }
      ]
    },
    {
      "module": "module.lambda_quest_service",
      "mode": "managed",
      "type": "aws_lambda_permission",
      "name": "apigw_invoke",
      "provider": "provider[\"registry.terraform.io/hashicorp/aws\"]",
      "instances": [
        {
          "schema_version": 0,
          "attributes": {
            "action": "lambda:InvokeFunction",
            "event_source_token": null,
            "function_name": "goalsguild_quest_service_dev",
            "function_url_auth_type": null,
            "id": "AllowInvokeFromAPIGW",
            "principal": "apigateway.amazonaws.com",
            "principal_org_id": null,
            "qualifier": "",
            "region": "us-east-2",
            "source_account": null,
            "source_arn": null,
            "statement_id": "AllowInvokeFromAPIGW",
            "statement_id_prefix": ""
          },
          "sensitive_attributes": [],
          "identity_schema_version": 0,
          "identity": {
            "account_id": "838284111015",
            "function_name": "goalsguild_quest_service_dev",
            "qualifier": null,
            "region": "us-east-2",
            "statement_id": "AllowInvokeFromAPIGW"
          },
          "private": "bnVsbA==",
          "dependencies": [
            "module.lambda_quest_service.aws_lambda_function.lambda_function",
            "module.lambda_quest_service.data.aws_ecr_image.image",
            "module.network.aws_iam_role.lambda_exec_role",
            "module.quest_service_image.aws_ecr_lifecycle_policy.keep_last_3",
            "module.quest_service_image.aws_ecr_repository.repo",
            "module.quest_service_image.data.aws_caller_identity.me",
            "module.quest_service_image.data.aws_ecr_authorization_token.ecr",
            "module.quest_service_image.data.aws_ecr_repository.repo",
            "module.quest_service_image.docker_image.app",
            "module.quest_service_image.docker_registry_image.app",
            "module.quest_service_image.local_file.version_file",
            "module.quest_service_image.null_resource.ecr_login"
          ]
        }
      ]
    },
    {
      "module": "module.lambda_user_service",
      "mode": "data",
      "type": "aws_ecr_image",
      "name": "image",
      "provider": "provider[\"registry.terraform.io/hashicorp/aws\"]",
      "instances": [
        {
          "schema_version": 0,
          "attributes": {
            "id": "sha256:45adc071d7330147f62cb89f097c513aec06908c23f52cabf36db3ebfb78a2ad",
            "image_digest": "sha256:45adc071d7330147f62cb89f097c513aec06908c23f52cabf36db3ebfb78a2ad",
            "image_pushed_at": 1757012105,
            "image_size_in_bytes": 87812686,
            "image_tag": "1",
            "image_tags": [
              "2",
              "1"
            ],
            "image_uri": "838284111015.dkr.ecr.us-east-2.amazonaws.com/goalsguild_user_service@sha256:45adc071d7330147f62cb89f097c513aec06908c23f52cabf36db3ebfb78a2ad",
            "most_recent": null,
            "region": "us-east-2",
            "registry_id": "838284111015",
            "repository_name": "goalsguild_user_service"
          },
          "sensitive_attributes": [],
          "identity_schema_version": 0
        }
      ]
    },
    {
      "module": "module.lambda_user_service",
      "mode": "managed",
      "type": "aws_cloudwatch_log_group",
      "name": "lambda_log_group",
      "provider": "provider[\"registry.terraform.io/hashicorp/aws\"]",
      "instances": [
        {
          "schema_version": 0,
          "attributes": {
            "arn": "arn:aws:logs:us-east-2:838284111015:log-group:/aws/lambda/goalsguild_user_service_dev",
            "id": "/aws/lambda/goalsguild_user_service_dev",
            "kms_key_id": "",
            "log_group_class": "STANDARD",
            "name": "/aws/lambda/goalsguild_user_service_dev",
            "name_prefix": "",
            "region": "us-east-2",
            "retention_in_days": 14,
            "skip_destroy": false,
            "tags": {
              "Environment": "dev",
              "Project": "goalsguild"
            },
            "tags_all": {
              "Environment": "dev",
              "Project": "goalsguild"
            }
          },
          "sensitive_attributes": [],
          "identity_schema_version": 0,
          "identity": {
            "account_id": "838284111015",
            "name": "/aws/lambda/goalsguild_user_service_dev",
            "region": "us-east-2"
          },
          "private": "bnVsbA==",
          "dependencies": [
            "module.lambda_user_service.aws_lambda_function.lambda_function",
            "module.lambda_user_service.data.aws_ecr_image.image",
            "module.network.aws_iam_role.lambda_exec_role",
            "module.user_service_image.aws_ecr_lifecycle_policy.keep_last_3",
            "module.user_service_image.aws_ecr_repository.repo",
            "module.user_service_image.data.aws_caller_identity.me",
            "module.user_service_image.data.aws_ecr_authorization_token.ecr",
            "module.user_service_image.data.aws_ecr_repository.repo",
            "module.user_service_image.docker_image.app",
            "module.user_service_image.docker_registry_image.app",
            "module.user_service_image.local_file.version_file",
            "module.user_service_image.null_resource.ecr_login"
          ]
        }
      ]
    },
    {
      "module": "module.lambda_user_service",
      "mode": "managed",
      "type": "aws_cloudwatch_log_metric_filter",
      "name": "lambda_error_filter",
      "provider": "provider[\"registry.terraform.io/hashicorp/aws\"]",
      "instances": [
        {
          "schema_version": 0,
          "attributes": {
            "apply_on_transformed_logs": false,
            "id": "goalsguild_user_service_ErrorFilter",
            "log_group_name": "/aws/lambda/goalsguild_user_service_dev",
            "metric_transformation": [
              {
                "default_value": "",
                "dimensions": {},
                "name": "goalsguild_user_service_Errors",
                "namespace": "goalsguild/Lambda",
                "unit": "None",
                "value": "1"
              }
            ],
            "name": "goalsguild_user_service_ErrorFilter",
            "pattern": "ERROR",
            "region": "us-east-2"
          },
          "sensitive_attributes": [],
          "identity_schema_version": 0,
          "private": "bnVsbA==",
          "dependencies": [
            "module.lambda_user_service.aws_cloudwatch_log_group.lambda_log_group",
            "module.lambda_user_service.aws_lambda_function.lambda_function",
            "module.lambda_user_service.data.aws_ecr_image.image",
            "module.network.aws_iam_role.lambda_exec_role",
            "module.user_service_image.aws_ecr_lifecycle_policy.keep_last_3",
            "module.user_service_image.aws_ecr_repository.repo",
            "module.user_service_image.data.aws_caller_identity.me",
            "module.user_service_image.data.aws_ecr_authorization_token.ecr",
            "module.user_service_image.data.aws_ecr_repository.repo",
            "module.user_service_image.docker_image.app",
            "module.user_service_image.docker_registry_image.app",
            "module.user_service_image.local_file.version_file",
            "module.user_service_image.null_resource.ecr_login"
          ]
        }
      ]
    },
    {
      "module": "module.lambda_user_service",
      "mode": "managed",
      "type": "aws_cloudwatch_log_metric_filter",
      "name": "lambda_throttle_filter",
      "provider": "provider[\"registry.terraform.io/hashicorp/aws\"]",
      "instances": [
        {
          "schema_version": 0,
          "attributes": {
            "apply_on_transformed_logs": false,
            "id": "goalsguild_user_service_ThrottleFilter",
            "log_group_name": "/aws/lambda/goalsguild_user_service_dev",
            "metric_transformation": [
              {
                "default_value": "",
                "dimensions": {},
                "name": "goalsguild_user_service_Throttles",
                "namespace": "goalsguild/Lambda",
                "unit": "None",
                "value": "1"
              }
            ],
            "name": "goalsguild_user_service_ThrottleFilter",
            "pattern": "ThrottlingException",
            "region": "us-east-2"
          },
          "sensitive_attributes": [],
          "identity_schema_version": 0,
          "private": "bnVsbA==",
          "dependencies": [
            "module.lambda_user_service.aws_cloudwatch_log_group.lambda_log_group",
            "module.lambda_user_service.aws_lambda_function.lambda_function",
            "module.lambda_user_service.data.aws_ecr_image.image",
            "module.network.aws_iam_role.lambda_exec_role",
            "module.user_service_image.aws_ecr_lifecycle_policy.keep_last_3",
            "module.user_service_image.aws_ecr_repository.repo",
            "module.user_service_image.data.aws_caller_identity.me",
            "module.user_service_image.data.aws_ecr_authorization_token.ecr",
            "module.user_service_image.data.aws_ecr_repository.repo",
            "module.user_service_image.docker_image.app",
            "module.user_service_image.docker_registry_image.app",
            "module.user_service_image.local_file.version_file",
            "module.user_service_image.null_resource.ecr_login"
          ]
        }
      ]
    },
    {
      "module": "module.lambda_user_service",
      "mode": "managed",
      "type": "aws_cloudwatch_metric_alarm",
      "name": "lambda_duration_alarm",
      "provider": "provider[\"registry.terraform.io/hashicorp/aws\"]",
      "instances": [
        {
          "schema_version": 1,
          "attributes": {
            "actions_enabled": true,
            "alarm_actions": [],
            "alarm_description": "Alarm when Lambda function goalsguild_user_service duration exceeds threshold",
            "alarm_name": "goalsguild_user_service_DurationAlarm",
            "arn": "arn:aws:cloudwatch:us-east-2:838284111015:alarm:goalsguild_user_service_DurationAlarm",
            "comparison_operator": "GreaterThanThreshold",
            "datapoints_to_alarm": 0,
            "dimensions": {},
            "evaluate_low_sample_count_percentiles": "",
            "evaluation_periods": 1,
            "extended_statistic": "",
            "id": "goalsguild_user_service_DurationAlarm",
            "insufficient_data_actions": [],
            "metric_name": "Duration",
            "metric_query": [],
            "namespace": "AWS/Lambda",
            "ok_actions": [],
            "period": 60,
            "region": "us-east-2",
            "statistic": "Average",
            "tags": {
              "Environment": "dev",
              "Project": "goalsguild"
            },
            "tags_all": {
              "Environment": "dev",
              "Project": "goalsguild"
            },
            "threshold": 3000,
            "threshold_metric_id": "",
            "treat_missing_data": "notBreaching",
            "unit": ""
          },
          "sensitive_attributes": [],
          "identity_schema_version": 0,
          "identity": {
            "account_id": "838284111015",
            "alarm_name": "goalsguild_user_service_DurationAlarm",
            "region": "us-east-2"
          },
          "private": "eyJzY2hlbWFfdmVyc2lvbiI6IjEifQ==",
          "dependencies": [
            "module.user_service_image.aws_ecr_lifecycle_policy.keep_last_3",
            "module.user_service_image.aws_ecr_repository.repo",
            "module.user_service_image.data.aws_caller_identity.me",
            "module.user_service_image.data.aws_ecr_authorization_token.ecr",
            "module.user_service_image.data.aws_ecr_repository.repo",
            "module.user_service_image.docker_image.app",
            "module.user_service_image.docker_registry_image.app",
            "module.user_service_image.local_file.version_file",
            "module.user_service_image.null_resource.ecr_login"
          ]
        }
      ]
    },
    {
      "module": "module.lambda_user_service",
      "mode": "managed",
      "type": "aws_cloudwatch_metric_alarm",
      "name": "lambda_error_alarm",
      "provider": "provider[\"registry.terraform.io/hashicorp/aws\"]",
      "instances": [
        {
          "schema_version": 1,
          "attributes": {
            "actions_enabled": true,
            "alarm_actions": [],
            "alarm_description": "Alarm when Lambda function goalsguild_user_service has errors",
            "alarm_name": "goalsguild_user_service_ErrorAlarm",
            "arn": "arn:aws:cloudwatch:us-east-2:838284111015:alarm:goalsguild_user_service_ErrorAlarm",
            "comparison_operator": "GreaterThanOrEqualToThreshold",
            "datapoints_to_alarm": 0,
            "dimensions": {},
            "evaluate_low_sample_count_percentiles": "",
            "evaluation_periods": 1,
            "extended_statistic": "",
            "id": "goalsguild_user_service_ErrorAlarm",
            "insufficient_data_actions": [],
            "metric_name": "goalsguild_user_service_Errors",
            "metric_query": [],
            "namespace": "AWS/Lambda",
            "ok_actions": [],
            "period": 60,
            "region": "us-east-2",
            "statistic": "Sum",
            "tags": {
              "Environment": "dev",
              "Project": "goalsguild"
            },
            "tags_all": {
              "Environment": "dev",
              "Project": "goalsguild"
            },
            "threshold": 1,
            "threshold_metric_id": "",
            "treat_missing_data": "notBreaching",
            "unit": ""
          },
          "sensitive_attributes": [],
          "identity_schema_version": 0,
          "identity": {
            "account_id": "838284111015",
            "alarm_name": "goalsguild_user_service_ErrorAlarm",
            "region": "us-east-2"
          },
          "private": "eyJzY2hlbWFfdmVyc2lvbiI6IjEifQ==",
          "dependencies": [
            "module.user_service_image.aws_ecr_lifecycle_policy.keep_last_3",
            "module.user_service_image.aws_ecr_repository.repo",
            "module.user_service_image.data.aws_caller_identity.me",
            "module.user_service_image.data.aws_ecr_authorization_token.ecr",
            "module.user_service_image.data.aws_ecr_repository.repo",
            "module.user_service_image.docker_image.app",
            "module.user_service_image.docker_registry_image.app",
            "module.user_service_image.local_file.version_file",
            "module.user_service_image.null_resource.ecr_login"
          ]
        }
      ]
    },
    {
      "module": "module.lambda_user_service",
      "mode": "managed",
      "type": "aws_cloudwatch_metric_alarm",
      "name": "lambda_throttle_alarm",
      "provider": "provider[\"registry.terraform.io/hashicorp/aws\"]",
      "instances": [
        {
          "schema_version": 1,
          "attributes": {
            "actions_enabled": true,
            "alarm_actions": [],
            "alarm_description": "Alarm when Lambda function goalsguild_user_service is throttled",
            "alarm_name": "goalsguild_user_service_ThrottleAlarm",
            "arn": "arn:aws:cloudwatch:us-east-2:838284111015:alarm:goalsguild_user_service_ThrottleAlarm",
            "comparison_operator": "GreaterThanOrEqualToThreshold",
            "datapoints_to_alarm": 0,
            "dimensions": {},
            "evaluate_low_sample_count_percentiles": "",
            "evaluation_periods": 1,
            "extended_statistic": "",
            "id": "goalsguild_user_service_ThrottleAlarm",
            "insufficient_data_actions": [],
            "metric_name": "goalsguild_user_service_Throttles",
            "metric_query": [],
            "namespace": "AWS/Lambda",
            "ok_actions": [],
            "period": 60,
            "region": "us-east-2",
            "statistic": "Sum",
            "tags": {
              "Environment": "dev",
              "Project": "goalsguild"
            },
            "tags_all": {
              "Environment": "dev",
              "Project": "goalsguild"
            },
            "threshold": 1,
            "threshold_metric_id": "",
            "treat_missing_data": "notBreaching",
            "unit": ""
          },
          "sensitive_attributes": [],
          "identity_schema_version": 0,
          "identity": {
            "account_id": "838284111015",
            "alarm_name": "goalsguild_user_service_ThrottleAlarm",
            "region": "us-east-2"
          },
          "private": "eyJzY2hlbWFfdmVyc2lvbiI6IjEifQ==",
          "dependencies": [
            "module.user_service_image.aws_ecr_lifecycle_policy.keep_last_3",
            "module.user_service_image.aws_ecr_repository.repo",
            "module.user_service_image.data.aws_caller_identity.me",
            "module.user_service_image.data.aws_ecr_authorization_token.ecr",
            "module.user_service_image.data.aws_ecr_repository.repo",
            "module.user_service_image.docker_image.app",
            "module.user_service_image.docker_registry_image.app",
            "module.user_service_image.local_file.version_file",
            "module.user_service_image.null_resource.ecr_login"
          ]
        }
      ]
    },
    {
      "module": "module.lambda_user_service",
      "mode": "managed",
      "type": "aws_lambda_function",
      "name": "lambda_function",
      "provider": "provider[\"registry.terraform.io/hashicorp/aws\"]",
      "instances": [
        {
          "schema_version": 0,
          "attributes": {
            "architectures": [
              "x86_64"
            ],
            "arn": "arn:aws:lambda:us-east-2:838284111015:function:goalsguild_user_service_dev",
            "code_sha256": "45adc071d7330147f62cb89f097c513aec06908c23f52cabf36db3ebfb78a2ad",
            "code_signing_config_arn": "",
            "dead_letter_config": [],
            "description": "",
            "environment": [
              {
                "variables": {
                  "AWS_LAMBDA_EXEC_WRAPPER": "/opt/bootstrap",
                  "AWS_LWA_PORT": "8080",
                  "PORT": "8080",
                  "RUST_LOG": "info"
                }
              }
            ],
            "ephemeral_storage": [
              {
                "size": 512
              }
            ],
            "file_system_config": [],
            "filename": null,
            "function_name": "goalsguild_user_service_dev",
            "handler": "",
            "id": "goalsguild_user_service_dev",
            "image_config": [],
            "image_uri": "838284111015.dkr.ecr.us-east-2.amazonaws.com/goalsguild_user_service@sha256:45adc071d7330147f62cb89f097c513aec06908c23f52cabf36db3ebfb78a2ad",
            "invoke_arn": "arn:aws:apigateway:us-east-2:lambda:path/2015-03-31/functions/arn:aws:lambda:us-east-2:838284111015:function:goalsguild_user_service_dev/invocations",
            "kms_key_arn": "",
            "last_modified": "2025-09-04T18:55:08.000+0000",
            "layers": [],
            "logging_config": [
              {
                "application_log_level": "",
                "log_format": "Text",
                "log_group": "/aws/lambda/goalsguild_user_service_dev",
                "system_log_level": ""
              }
            ],
            "memory_size": 512,
            "package_type": "Image",
            "publish": false,
            "qualified_arn": "arn:aws:lambda:us-east-2:838284111015:function:goalsguild_user_service_dev:$LATEST",
            "qualified_invoke_arn": "arn:aws:apigateway:us-east-2:lambda:path/2015-03-31/functions/arn:aws:lambda:us-east-2:838284111015:function:goalsguild_user_service_dev:$LATEST/invocations",
            "region": "us-east-2",
            "replace_security_groups_on_destroy": null,
            "replacement_security_group_ids": null,
            "reserved_concurrent_executions": -1,
            "role": "arn:aws:iam::838284111015:role/goalsguild_lambda_exec_role_dev",
            "runtime": "",
            "s3_bucket": null,
            "s3_key": null,
            "s3_object_version": null,
            "signing_job_arn": "",
            "signing_profile_version_arn": "",
            "skip_destroy": false,
            "snap_start": [],
            "source_code_hash": "",
            "source_code_size": 0,
            "tags": {
              "Environment": "dev",
              "Project": "goalsguild"
            },
            "tags_all": {
              "Environment": "dev",
              "Project": "goalsguild"
            },
            "timeout": 10,
            "timeouts": null,
            "tracing_config": [
              {
                "mode": "PassThrough"
              }
            ],
            "version": "$LATEST",
            "vpc_config": []
          },
          "sensitive_attributes": [],
          "identity_schema_version": 0,
          "identity": {
            "account_id": "838284111015",
            "function_name": "goalsguild_user_service_dev",
            "region": "us-east-2"
          },
          "private": "eyJlMmJmYjczMC1lY2FhLTExZTYtOGY4OC0zNDM2M2JjN2M0YzAiOnsiY3JlYXRlIjo2MDAwMDAwMDAwMDAsImRlbGV0ZSI6NjAwMDAwMDAwMDAwLCJ1cGRhdGUiOjYwMDAwMDAwMDAwMH19",
          "dependencies": [
            "module.lambda_user_service.data.aws_ecr_image.image",
            "module.network.aws_iam_role.lambda_exec_role",
            "module.user_service_image.aws_ecr_lifecycle_policy.keep_last_3",
            "module.user_service_image.aws_ecr_repository.repo",
            "module.user_service_image.data.aws_caller_identity.me",
            "module.user_service_image.data.aws_ecr_authorization_token.ecr",
            "module.user_service_image.data.aws_ecr_repository.repo",
            "module.user_service_image.docker_image.app",
            "module.user_service_image.docker_registry_image.app",
            "module.user_service_image.local_file.version_file",
            "module.user_service_image.null_resource.ecr_login"
          ],
          "create_before_destroy": true
        }
      ]
    },
    {
      "module": "module.lambda_user_service",
      "mode": "managed",
      "type": "aws_lambda_permission",
      "name": "apigw_invoke",
      "provider": "provider[\"registry.terraform.io/hashicorp/aws\"]",
      "instances": [
        {
          "schema_version": 0,
          "attributes": {
            "action": "lambda:InvokeFunction",
            "event_source_token": null,
            "function_name": "goalsguild_user_service_dev",
            "function_url_auth_type": null,
            "id": "AllowInvokeFromAPIGW",
            "principal": "apigateway.amazonaws.com",
            "principal_org_id": null,
            "qualifier": "",
            "region": "us-east-2",
            "source_account": null,
            "source_arn": null,
            "statement_id": "AllowInvokeFromAPIGW",
            "statement_id_prefix": ""
          },
          "sensitive_attributes": [],
          "identity_schema_version": 0,
          "identity": {
            "account_id": "838284111015",
            "function_name": "goalsguild_user_service_dev",
            "qualifier": null,
            "region": "us-east-2",
            "statement_id": "AllowInvokeFromAPIGW"
          },
          "private": "bnVsbA==",
          "dependencies": [
            "module.lambda_user_service.aws_lambda_function.lambda_function",
            "module.lambda_user_service.data.aws_ecr_image.image",
            "module.network.aws_iam_role.lambda_exec_role",
            "module.user_service_image.aws_ecr_lifecycle_policy.keep_last_3",
            "module.user_service_image.aws_ecr_repository.repo",
            "module.user_service_image.data.aws_caller_identity.me",
            "module.user_service_image.data.aws_ecr_authorization_token.ecr",
            "module.user_service_image.data.aws_ecr_repository.repo",
            "module.user_service_image.docker_image.app",
            "module.user_service_image.docker_registry_image.app",
            "module.user_service_image.local_file.version_file",
            "module.user_service_image.null_resource.ecr_login"
          ]
        }
      ]
    },
    {
      "module": "module.network",
      "mode": "managed",
      "type": "aws_api_gateway_account",
      "name": "account",
      "provider": "module.network.provider[\"registry.terraform.io/hashicorp/aws\"]",
      "instances": [
        {
          "schema_version": 0,
          "attributes": {
            "api_key_version": "4",
            "cloudwatch_role_arn": "arn:aws:iam::838284111015:role/goalsguild_apigw_cloudwatch_role_dev",
            "features": [
              "UsagePlans"
            ],
            "id": "838284111015",
            "region": "us-east-2",
            "throttle_settings": [
              {
                "burst_limit": 5000,
                "rate_limit": 10000
              }
            ]
          },
          "sensitive_attributes": [],
          "identity_schema_version": 0,
          "dependencies": [
            "module.network.aws_iam_role.apigw_cloudwatch_role",
            "module.network.aws_iam_role_policy_attachment.apigw_push_to_cw"
          ]
        }
      ]
    },
    {
      "module": "module.network",
      "mode": "managed",
      "type": "aws_api_gateway_authorizer",
      "name": "lambda_authorizer",
      "provider": "module.network.provider[\"registry.terraform.io/hashicorp/aws\"]",
      "instances": [
        {
          "schema_version": 0,
          "attributes": {
            "arn": "arn:aws:apigateway:us-east-2::/restapis/tuffc5cto8/authorizers/4pdi1f",
            "authorizer_credentials": "arn:aws:iam::838284111015:role/user-service-role",
            "authorizer_result_ttl_in_seconds": 300,
            "authorizer_uri": "arn:aws:apigateway:us-east-2:lambda:path/2015-03-31/functions/arn:aws:lambda:us-east-2:838284111015:function:goalsguild_authorizer_dev/invocations",
            "id": "4pdi1f",
            "identity_source": "method.request.header.Authorization",
            "identity_validation_expression": "",
            "name": "goalsguild_lambda_authorizer_dev",
            "provider_arns": [],
            "region": "us-east-2",
            "rest_api_id": "tuffc5cto8",
            "type": "TOKEN"
          },
          "sensitive_attributes": [],
          "identity_schema_version": 0,
          "private": "bnVsbA==",
          "dependencies": [
            "module.iam.aws_iam_role.lambda_authorizer_role",
            "module.lambda_authorizer.aws_lambda_function.this",
            "module.lambda_authorizer.data.archive_file.lambda_zip",
            "module.lambda_authorizer.null_resource.build_bash",
            "module.lambda_authorizer.null_resource.build_ps",
            "module.network.aws_api_gateway_rest_api.rest_api"
          ],
          "create_before_destroy": true
        }
      ]
    },
    {
      "module": "module.network",
      "mode": "managed",
      "type": "aws_api_gateway_deployment",
      "name": "rest_api_deployment",
      "provider": "module.network.provider[\"registry.terraform.io/hashicorp/aws\"]",
      "instances": [
        {
          "schema_version": 0,
          "attributes": {
            "created_date": "2025-08-31T22:13:23Z",
            "description": "",
            "id": "4yqtyv",
            "region": "us-east-2",
            "rest_api_id": "tuffc5cto8",
            "triggers": {
              "redeploy": "9618e45b436350737c0886d568e18d262c7a8129"
            },
            "variables": null
          },
          "sensitive_attributes": [],
          "identity_schema_version": 0,
          "private": "bnVsbA==",
          "dependencies": [
            "module.iam.aws_iam_role.lambda_authorizer_role",
            "module.lambda_authorizer.aws_lambda_function.this",
            "module.lambda_authorizer.data.archive_file.lambda_zip",
            "module.lambda_authorizer.null_resource.build_bash",
            "module.lambda_authorizer.null_resource.build_ps",
            "module.lambda_quest_service.aws_lambda_function.lambda_function",
            "module.lambda_quest_service.data.aws_ecr_image.image",
            "module.lambda_user_service.aws_lambda_function.lambda_function",
            "module.lambda_user_service.data.aws_ecr_image.image",
            "module.network.aws_api_gateway_authorizer.lambda_authorizer",
            "module.network.aws_api_gateway_integration.health_get_integration",
            "module.network.aws_api_gateway_integration.quest_get_integration",
            "module.network.aws_api_gateway_integration.quest_post_integration",
            "module.network.aws_api_gateway_integration.user_login_google_post_integration",
            "module.network.aws_api_gateway_integration.user_login_post_integration",
            "module.network.aws_api_gateway_integration.user_logout_post_integration",
            "module.network.aws_api_gateway_integration.user_signup_post_integration",
            "module.network.aws_api_gateway_method.health_get",
            "module.network.aws_api_gateway_method.quest_get",
            "module.network.aws_api_gateway_method.quest_post",
            "module.network.aws_api_gateway_method.user_login_google_post",
            "module.network.aws_api_gateway_method.user_login_post",
            "module.network.aws_api_gateway_method.user_logout_post",
            "module.network.aws_api_gateway_method.user_signup_post",
            "module.network.aws_api_gateway_resource.quest_service_resource",
            "module.network.aws_api_gateway_resource.user_health_resource",
            "module.network.aws_api_gateway_resource.user_login_google_resource",
            "module.network.aws_api_gateway_resource.user_login_resource",
            "module.network.aws_api_gateway_resource.user_logout_resource",
            "module.network.aws_api_gateway_resource.user_service_resource",
            "module.network.aws_api_gateway_resource.user_signup_resource",
            "module.network.aws_api_gateway_rest_api.rest_api",
            "module.network.aws_iam_role.lambda_exec_role",
            "module.quest_service_image.aws_ecr_lifecycle_policy.keep_last_3",
            "module.quest_service_image.aws_ecr_repository.repo",
            "module.quest_service_image.data.aws_caller_identity.me",
            "module.quest_service_image.data.aws_ecr_authorization_token.ecr",
            "module.quest_service_image.data.aws_ecr_repository.repo",
            "module.quest_service_image.docker_image.app",
            "module.quest_service_image.docker_registry_image.app",
            "module.quest_service_image.local_file.version_file",
            "module.quest_service_image.null_resource.ecr_login",
            "module.user_service_image.aws_ecr_lifecycle_policy.keep_last_3",
            "module.user_service_image.aws_ecr_repository.repo",
            "module.user_service_image.data.aws_caller_identity.me",
            "module.user_service_image.data.aws_ecr_authorization_token.ecr",
            "module.user_service_image.data.aws_ecr_repository.repo",
            "module.user_service_image.docker_image.app",
            "module.user_service_image.docker_registry_image.app",
            "module.user_service_image.local_file.version_file",
            "module.user_service_image.null_resource.ecr_login"
          ],
          "create_before_destroy": true
        }
      ]
    },
    {
      "module": "module.network",
      "mode": "managed",
      "type": "aws_api_gateway_integration",
      "name": "health_get_integration",
      "provider": "module.network.provider[\"registry.terraform.io/hashicorp/aws\"]",
      "instances": [
        {
          "schema_version": 0,
          "attributes": {
            "cache_key_parameters": [],
            "cache_namespace": "vic8lk",
            "connection_id": "",
            "connection_type": "INTERNET",
            "content_handling": "",
            "credentials": "",
            "http_method": "GET",
            "id": "agi-tuffc5cto8-vic8lk-GET",
            "integration_http_method": "POST",
            "passthrough_behavior": "WHEN_NO_MATCH",
            "region": "us-east-2",
            "request_parameters": {},
            "request_templates": {},
            "resource_id": "vic8lk",
            "rest_api_id": "tuffc5cto8",
            "timeout_milliseconds": 29000,
            "tls_config": [],
            "type": "AWS_PROXY",
            "uri": "arn:aws:apigateway:us-east-2:lambda:path/2015-03-31/functions/arn:aws:lambda:us-east-2:838284111015:function:goalsguild_user_service_dev/invocations"
          },
          "sensitive_attributes": [],
          "identity_schema_version": 0,
          "private": "bnVsbA==",
          "dependencies": [
            "module.lambda_user_service.aws_lambda_function.lambda_function",
            "module.lambda_user_service.data.aws_ecr_image.image",
            "module.network.aws_api_gateway_method.health_get",
            "module.network.aws_api_gateway_resource.user_health_resource",
            "module.network.aws_api_gateway_rest_api.rest_api",
            "module.network.aws_iam_role.lambda_exec_role",
            "module.user_service_image.aws_ecr_lifecycle_policy.keep_last_3",
            "module.user_service_image.aws_ecr_repository.repo",
            "module.user_service_image.data.aws_caller_identity.me",
            "module.user_service_image.data.aws_ecr_authorization_token.ecr",
            "module.user_service_image.data.aws_ecr_repository.repo",
            "module.user_service_image.docker_image.app",
            "module.user_service_image.docker_registry_image.app",
            "module.user_service_image.local_file.version_file",
            "module.user_service_image.null_resource.ecr_login"
          ],
          "create_before_destroy": true
        }
      ]
    },
    {
      "module": "module.network",
      "mode": "managed",
      "type": "aws_api_gateway_integration",
      "name": "quest_get_integration",
      "provider": "module.network.provider[\"registry.terraform.io/hashicorp/aws\"]",
      "instances": [
        {
          "schema_version": 0,
          "attributes": {
            "cache_key_parameters": [],
            "cache_namespace": "964usg",
            "connection_id": "",
            "connection_type": "INTERNET",
            "content_handling": "",
            "credentials": "",
            "http_method": "GET",
            "id": "agi-tuffc5cto8-964usg-GET",
            "integration_http_method": "POST",
            "passthrough_behavior": "WHEN_NO_MATCH",
            "region": "us-east-2",
            "request_parameters": {},
            "request_templates": {},
            "resource_id": "964usg",
            "rest_api_id": "tuffc5cto8",
            "timeout_milliseconds": 29000,
            "tls_config": [],
            "type": "AWS_PROXY",
            "uri": "arn:aws:apigateway:us-east-2:lambda:path/2015-03-31/functions/arn:aws:lambda:us-east-2:838284111015:function:goalsguild_quest_service_dev/invocations"
          },
          "sensitive_attributes": [],
          "identity_schema_version": 0,
          "private": "bnVsbA==",
          "dependencies": [
            "module.iam.aws_iam_role.lambda_authorizer_role",
            "module.lambda_authorizer.aws_lambda_function.this",
            "module.lambda_authorizer.data.archive_file.lambda_zip",
            "module.lambda_authorizer.null_resource.build_bash",
            "module.lambda_authorizer.null_resource.build_ps",
            "module.lambda_quest_service.aws_lambda_function.lambda_function",
            "module.lambda_quest_service.data.aws_ecr_image.image",
            "module.network.aws_api_gateway_authorizer.lambda_authorizer",
            "module.network.aws_api_gateway_method.quest_get",
            "module.network.aws_api_gateway_resource.quest_service_resource",
            "module.network.aws_api_gateway_rest_api.rest_api",
            "module.network.aws_iam_role.lambda_exec_role",
            "module.quest_service_image.aws_ecr_lifecycle_policy.keep_last_3",
            "module.quest_service_image.aws_ecr_repository.repo",
            "module.quest_service_image.data.aws_caller_identity.me",
            "module.quest_service_image.data.aws_ecr_authorization_token.ecr",
            "module.quest_service_image.data.aws_ecr_repository.repo",
            "module.quest_service_image.docker_image.app",
            "module.quest_service_image.docker_registry_image.app",
            "module.quest_service_image.local_file.version_file",
            "module.quest_service_image.null_resource.ecr_login"
          ],
          "create_before_destroy": true
        }
      ]
    },
    {
      "module": "module.network",
      "mode": "managed",
      "type": "aws_api_gateway_integration",
      "name": "quest_post_integration",
      "provider": "module.network.provider[\"registry.terraform.io/hashicorp/aws\"]",
      "instances": [
        {
          "schema_version": 0,
          "attributes": {
            "cache_key_parameters": [],
            "cache_namespace": "964usg",
            "connection_id": "",
            "connection_type": "INTERNET",
            "content_handling": "",
            "credentials": "",
            "http_method": "POST",
            "id": "agi-tuffc5cto8-964usg-POST",
            "integration_http_method": "POST",
            "passthrough_behavior": "WHEN_NO_MATCH",
            "region": "us-east-2",
            "request_parameters": {},
            "request_templates": {},
            "resource_id": "964usg",
            "rest_api_id": "tuffc5cto8",
            "timeout_milliseconds": 29000,
            "tls_config": [],
            "type": "AWS_PROXY",
            "uri": "arn:aws:apigateway:us-east-2:lambda:path/2015-03-31/functions/arn:aws:lambda:us-east-2:838284111015:function:goalsguild_quest_service_dev/invocations"
          },
          "sensitive_attributes": [],
          "identity_schema_version": 0,
          "private": "bnVsbA==",
          "dependencies": [
            "module.iam.aws_iam_role.lambda_authorizer_role",
            "module.lambda_authorizer.aws_lambda_function.this",
            "module.lambda_authorizer.data.archive_file.lambda_zip",
            "module.lambda_authorizer.null_resource.build_bash",
            "module.lambda_authorizer.null_resource.build_ps",
            "module.lambda_quest_service.aws_lambda_function.lambda_function",
            "module.lambda_quest_service.data.aws_ecr_image.image",
            "module.network.aws_api_gateway_authorizer.lambda_authorizer",
            "module.network.aws_api_gateway_method.quest_post",
            "module.network.aws_api_gateway_resource.quest_service_resource",
            "module.network.aws_api_gateway_rest_api.rest_api",
            "module.network.aws_iam_role.lambda_exec_role",
            "module.quest_service_image.aws_ecr_lifecycle_policy.keep_last_3",
            "module.quest_service_image.aws_ecr_repository.repo",
            "module.quest_service_image.data.aws_caller_identity.me",
            "module.quest_service_image.data.aws_ecr_authorization_token.ecr",
            "module.quest_service_image.data.aws_ecr_repository.repo",
            "module.quest_service_image.docker_image.app",
            "module.quest_service_image.docker_registry_image.app",
            "module.quest_service_image.local_file.version_file",
            "module.quest_service_image.null_resource.ecr_login"
          ],
          "create_before_destroy": true
        }
      ]
    },
    {
      "module": "module.network",
      "mode": "managed",
      "type": "aws_api_gateway_integration",
      "name": "user_login_google_post_integration",
      "provider": "module.network.provider[\"registry.terraform.io/hashicorp/aws\"]",
      "instances": [
        {
          "schema_version": 0,
          "attributes": {
            "cache_key_parameters": [],
            "cache_namespace": "cohdvg",
            "connection_id": "",
            "connection_type": "INTERNET",
            "content_handling": "",
            "credentials": "",
            "http_method": "POST",
            "id": "agi-tuffc5cto8-cohdvg-POST",
            "integration_http_method": "POST",
            "passthrough_behavior": "WHEN_NO_MATCH",
            "region": "us-east-2",
            "request_parameters": {},
            "request_templates": {},
            "resource_id": "cohdvg",
            "rest_api_id": "tuffc5cto8",
            "timeout_milliseconds": 29000,
            "tls_config": [],
            "type": "AWS_PROXY",
            "uri": "arn:aws:apigateway:us-east-2:lambda:path/2015-03-31/functions/arn:aws:lambda:us-east-2:838284111015:function:goalsguild_user_service_dev/invocations"
          },
          "sensitive_attributes": [],
          "identity_schema_version": 0,
          "private": "bnVsbA==",
          "dependencies": [
            "module.lambda_user_service.aws_lambda_function.lambda_function",
            "module.lambda_user_service.data.aws_ecr_image.image",
            "module.network.aws_api_gateway_method.user_login_google_post",
            "module.network.aws_api_gateway_resource.user_login_google_resource",
            "module.network.aws_api_gateway_resource.user_login_resource",
            "module.network.aws_api_gateway_resource.user_service_resource",
            "module.network.aws_api_gateway_rest_api.rest_api",
            "module.network.aws_iam_role.lambda_exec_role",
            "module.user_service_image.aws_ecr_lifecycle_policy.keep_last_3",
            "module.user_service_image.aws_ecr_repository.repo",
            "module.user_service_image.data.aws_caller_identity.me",
            "module.user_service_image.data.aws_ecr_authorization_token.ecr",
            "module.user_service_image.data.aws_ecr_repository.repo",
            "module.user_service_image.docker_image.app",
            "module.user_service_image.docker_registry_image.app",
            "module.user_service_image.local_file.version_file",
            "module.user_service_image.null_resource.ecr_login"
          ],
          "create_before_destroy": true
        }
      ]
    },
    {
      "module": "module.network",
      "mode": "managed",
      "type": "aws_api_gateway_integration",
      "name": "user_login_post_integration",
      "provider": "module.network.provider[\"registry.terraform.io/hashicorp/aws\"]",
      "instances": [
        {
          "schema_version": 0,
          "attributes": {
            "cache_key_parameters": [],
            "cache_namespace": "pro461",
            "connection_id": "",
            "connection_type": "INTERNET",
            "content_handling": "",
            "credentials": "",
            "http_method": "POST",
            "id": "agi-tuffc5cto8-pro461-POST",
            "integration_http_method": "POST",
            "passthrough_behavior": "WHEN_NO_MATCH",
            "region": "us-east-2",
            "request_parameters": {},
            "request_templates": {},
            "resource_id": "pro461",
            "rest_api_id": "tuffc5cto8",
            "timeout_milliseconds": 29000,
            "tls_config": [],
            "type": "AWS_PROXY",
            "uri": "arn:aws:apigateway:us-east-2:lambda:path/2015-03-31/functions/arn:aws:lambda:us-east-2:838284111015:function:goalsguild_user_service_dev/invocations"
          },
          "sensitive_attributes": [],
          "identity_schema_version": 0,
          "private": "bnVsbA==",
          "dependencies": [
            "module.lambda_user_service.aws_lambda_function.lambda_function",
            "module.lambda_user_service.data.aws_ecr_image.image",
            "module.network.aws_api_gateway_method.user_login_post",
            "module.network.aws_api_gateway_resource.user_login_resource",
            "module.network.aws_api_gateway_resource.user_service_resource",
            "module.network.aws_api_gateway_rest_api.rest_api",
            "module.network.aws_iam_role.lambda_exec_role",
            "module.user_service_image.aws_ecr_lifecycle_policy.keep_last_3",
            "module.user_service_image.aws_ecr_repository.repo",
            "module.user_service_image.data.aws_caller_identity.me",
            "module.user_service_image.data.aws_ecr_authorization_token.ecr",
            "module.user_service_image.data.aws_ecr_repository.repo",
            "module.user_service_image.docker_image.app",
            "module.user_service_image.docker_registry_image.app",
            "module.user_service_image.local_file.version_file",
            "module.user_service_image.null_resource.ecr_login"
          ],
          "create_before_destroy": true
        }
      ]
    },
    {
      "module": "module.network",
      "mode": "managed",
      "type": "aws_api_gateway_integration",
      "name": "user_logout_post_integration",
      "provider": "module.network.provider[\"registry.terraform.io/hashicorp/aws\"]",
      "instances": [
        {
          "schema_version": 0,
          "attributes": {
            "cache_key_parameters": [],
            "cache_namespace": "2v2rqb",
            "connection_id": "",
            "connection_type": "INTERNET",
            "content_handling": "",
            "credentials": "",
            "http_method": "POST",
            "id": "agi-tuffc5cto8-2v2rqb-POST",
            "integration_http_method": "POST",
            "passthrough_behavior": "WHEN_NO_MATCH",
            "region": "us-east-2",
            "request_parameters": {},
            "request_templates": {},
            "resource_id": "2v2rqb",
            "rest_api_id": "tuffc5cto8",
            "timeout_milliseconds": 29000,
            "tls_config": [],
            "type": "AWS_PROXY",
            "uri": "arn:aws:apigateway:us-east-2:lambda:path/2015-03-31/functions/arn:aws:lambda:us-east-2:838284111015:function:goalsguild_user_service_dev/invocations"
          },
          "sensitive_attributes": [],
          "identity_schema_version": 0,
          "private": "bnVsbA==",
          "dependencies": [
            "module.iam.aws_iam_role.lambda_authorizer_role",
            "module.lambda_authorizer.aws_lambda_function.this",
            "module.lambda_authorizer.data.archive_file.lambda_zip",
            "module.lambda_authorizer.null_resource.build_bash",
            "module.lambda_authorizer.null_resource.build_ps",
            "module.lambda_user_service.aws_lambda_function.lambda_function",
            "module.lambda_user_service.data.aws_ecr_image.image",
            "module.network.aws_api_gateway_authorizer.lambda_authorizer",
            "module.network.aws_api_gateway_method.user_logout_post",
            "module.network.aws_api_gateway_resource.user_logout_resource",
            "module.network.aws_api_gateway_resource.user_service_resource",
            "module.network.aws_api_gateway_rest_api.rest_api",
            "module.network.aws_iam_role.lambda_exec_role",
            "module.user_service_image.aws_ecr_lifecycle_policy.keep_last_3",
            "module.user_service_image.aws_ecr_repository.repo",
            "module.user_service_image.data.aws_caller_identity.me",
            "module.user_service_image.data.aws_ecr_authorization_token.ecr",
            "module.user_service_image.data.aws_ecr_repository.repo",
            "module.user_service_image.docker_image.app",
            "module.user_service_image.docker_registry_image.app",
            "module.user_service_image.local_file.version_file",
            "module.user_service_image.null_resource.ecr_login"
          ],
          "create_before_destroy": true
        }
      ]
    },
    {
      "module": "module.network",
      "mode": "managed",
      "type": "aws_api_gateway_integration",
      "name": "user_signup_post_integration",
      "provider": "module.network.provider[\"registry.terraform.io/hashicorp/aws\"]",
      "instances": [
        {
          "schema_version": 0,
          "attributes": {
            "cache_key_parameters": [],
            "cache_namespace": "twlo18",
            "connection_id": "",
            "connection_type": "INTERNET",
            "content_handling": "",
            "credentials": "",
            "http_method": "POST",
            "id": "agi-tuffc5cto8-twlo18-POST",
            "integration_http_method": "POST",
            "passthrough_behavior": "WHEN_NO_MATCH",
            "region": "us-east-2",
            "request_parameters": {},
            "request_templates": {},
            "resource_id": "twlo18",
            "rest_api_id": "tuffc5cto8",
            "timeout_milliseconds": 29000,
            "tls_config": [],
            "type": "AWS_PROXY",
            "uri": "arn:aws:apigateway:us-east-2:lambda:path/2015-03-31/functions/arn:aws:lambda:us-east-2:838284111015:function:goalsguild_user_service_dev/invocations"
          },
          "sensitive_attributes": [],
          "identity_schema_version": 0,
          "private": "bnVsbA==",
          "dependencies": [
            "module.lambda_user_service.aws_lambda_function.lambda_function",
            "module.lambda_user_service.data.aws_ecr_image.image",
            "module.network.aws_api_gateway_method.user_signup_post",
            "module.network.aws_api_gateway_resource.user_service_resource",
            "module.network.aws_api_gateway_resource.user_signup_resource",
            "module.network.aws_api_gateway_rest_api.rest_api",
            "module.network.aws_iam_role.lambda_exec_role",
            "module.user_service_image.aws_ecr_lifecycle_policy.keep_last_3",
            "module.user_service_image.aws_ecr_repository.repo",
            "module.user_service_image.data.aws_caller_identity.me",
            "module.user_service_image.data.aws_ecr_authorization_token.ecr",
            "module.user_service_image.data.aws_ecr_repository.repo",
            "module.user_service_image.docker_image.app",
            "module.user_service_image.docker_registry_image.app",
            "module.user_service_image.local_file.version_file",
            "module.user_service_image.null_resource.ecr_login"
          ],
          "create_before_destroy": true
        }
      ]
    },
    {
      "module": "module.network",
      "mode": "managed",
      "type": "aws_api_gateway_method",
      "name": "health_get",
      "provider": "module.network.provider[\"registry.terraform.io/hashicorp/aws\"]",
      "instances": [
        {
          "schema_version": 0,
          "attributes": {
            "api_key_required": false,
            "authorization": "NONE",
            "authorization_scopes": [],
            "authorizer_id": "",
            "http_method": "GET",
            "id": "agm-tuffc5cto8-vic8lk-GET",
            "operation_name": "",
            "region": "us-east-2",
            "request_models": {},
            "request_parameters": {},
            "request_validator_id": "",
            "resource_id": "vic8lk",
            "rest_api_id": "tuffc5cto8"
          },
          "sensitive_attributes": [],
          "identity_schema_version": 0,
          "private": "bnVsbA==",
          "dependencies": [
            "module.network.aws_api_gateway_resource.user_health_resource",
            "module.network.aws_api_gateway_rest_api.rest_api"
          ],
          "create_before_destroy": true
        }
      ]
    },
    {
      "module": "module.network",
      "mode": "managed",
      "type": "aws_api_gateway_method",
      "name": "quest_get",
      "provider": "module.network.provider[\"registry.terraform.io/hashicorp/aws\"]",
      "instances": [
        {
          "schema_version": 0,
          "attributes": {
            "api_key_required": false,
            "authorization": "CUSTOM",
            "authorization_scopes": [],
            "authorizer_id": "4pdi1f",
            "http_method": "GET",
            "id": "agm-tuffc5cto8-964usg-GET",
            "operation_name": "",
            "region": "us-east-2",
            "request_models": {},
            "request_parameters": {},
            "request_validator_id": "",
            "resource_id": "964usg",
            "rest_api_id": "tuffc5cto8"
          },
          "sensitive_attributes": [],
          "identity_schema_version": 0,
          "private": "bnVsbA==",
          "dependencies": [
            "module.iam.aws_iam_role.lambda_authorizer_role",
            "module.lambda_authorizer.aws_lambda_function.this",
            "module.lambda_authorizer.data.archive_file.lambda_zip",
            "module.lambda_authorizer.null_resource.build_bash",
            "module.lambda_authorizer.null_resource.build_ps",
            "module.network.aws_api_gateway_authorizer.lambda_authorizer",
            "module.network.aws_api_gateway_resource.quest_service_resource",
            "module.network.aws_api_gateway_rest_api.rest_api"
          ],
          "create_before_destroy": true
        }
      ]
    },
    {
      "module": "module.network",
      "mode": "managed",
      "type": "aws_api_gateway_method",
      "name": "quest_post",
      "provider": "module.network.provider[\"registry.terraform.io/hashicorp/aws\"]",
      "instances": [
        {
          "schema_version": 0,
          "attributes": {
            "api_key_required": false,
            "authorization": "CUSTOM",
            "authorization_scopes": [],
            "authorizer_id": "4pdi1f",
            "http_method": "POST",
            "id": "agm-tuffc5cto8-964usg-POST",
            "operation_name": "",
            "region": "us-east-2",
            "request_models": {},
            "request_parameters": {},
            "request_validator_id": "",
            "resource_id": "964usg",
            "rest_api_id": "tuffc5cto8"
          },
          "sensitive_attributes": [],
          "identity_schema_version": 0,
          "private": "bnVsbA==",
          "dependencies": [
            "module.iam.aws_iam_role.lambda_authorizer_role",
            "module.lambda_authorizer.aws_lambda_function.this",
            "module.lambda_authorizer.data.archive_file.lambda_zip",
            "module.lambda_authorizer.null_resource.build_bash",
            "module.lambda_authorizer.null_resource.build_ps",
            "module.network.aws_api_gateway_authorizer.lambda_authorizer",
            "module.network.aws_api_gateway_resource.quest_service_resource",
            "module.network.aws_api_gateway_rest_api.rest_api"
          ],
          "create_before_destroy": true
        }
      ]
    },
    {
      "module": "module.network",
      "mode": "managed",
      "type": "aws_api_gateway_method",
      "name": "user_login_google_post",
      "provider": "module.network.provider[\"registry.terraform.io/hashicorp/aws\"]",
      "instances": [
        {
          "schema_version": 0,
          "attributes": {
            "api_key_required": false,
            "authorization": "NONE",
            "authorization_scopes": [],
            "authorizer_id": "",
            "http_method": "POST",
            "id": "agm-tuffc5cto8-cohdvg-POST",
            "operation_name": "",
            "region": "us-east-2",
            "request_models": {},
            "request_parameters": {},
            "request_validator_id": "",
            "resource_id": "cohdvg",
            "rest_api_id": "tuffc5cto8"
          },
          "sensitive_attributes": [],
          "identity_schema_version": 0,
          "private": "bnVsbA==",
          "dependencies": [
            "module.network.aws_api_gateway_resource.user_login_google_resource",
            "module.network.aws_api_gateway_resource.user_login_resource",
            "module.network.aws_api_gateway_resource.user_service_resource",
            "module.network.aws_api_gateway_rest_api.rest_api"
          ],
          "create_before_destroy": true
        }
      ]
    },
    {
      "module": "module.network",
      "mode": "managed",
      "type": "aws_api_gateway_method",
      "name": "user_login_post",
      "provider": "module.network.provider[\"registry.terraform.io/hashicorp/aws\"]",
      "instances": [
        {
          "schema_version": 0,
          "attributes": {
            "api_key_required": false,
            "authorization": "NONE",
            "authorization_scopes": [],
            "authorizer_id": "",
            "http_method": "POST",
            "id": "agm-tuffc5cto8-pro461-POST",
            "operation_name": "",
            "region": "us-east-2",
            "request_models": {},
            "request_parameters": {},
            "request_validator_id": "",
            "resource_id": "pro461",
            "rest_api_id": "tuffc5cto8"
          },
          "sensitive_attributes": [],
          "identity_schema_version": 0,
          "private": "bnVsbA==",
          "dependencies": [
            "module.network.aws_api_gateway_resource.user_login_resource",
            "module.network.aws_api_gateway_resource.user_service_resource",
            "module.network.aws_api_gateway_rest_api.rest_api"
          ],
          "create_before_destroy": true
        }
      ]
    },
    {
      "module": "module.network",
      "mode": "managed",
      "type": "aws_api_gateway_method",
      "name": "user_logout_post",
      "provider": "module.network.provider[\"registry.terraform.io/hashicorp/aws\"]",
      "instances": [
        {
          "schema_version": 0,
          "attributes": {
            "api_key_required": false,
            "authorization": "CUSTOM",
            "authorization_scopes": [],
            "authorizer_id": "4pdi1f",
            "http_method": "POST",
            "id": "agm-tuffc5cto8-2v2rqb-POST",
            "operation_name": "",
            "region": "us-east-2",
            "request_models": {},
            "request_parameters": {},
            "request_validator_id": "",
            "resource_id": "2v2rqb",
            "rest_api_id": "tuffc5cto8"
          },
          "sensitive_attributes": [],
          "identity_schema_version": 0,
          "private": "eyJzY2hlbWFfdmVyc2lvbiI6IjAifQ==",
          "dependencies": [
            "module.iam.aws_iam_role.lambda_authorizer_role",
            "module.lambda_authorizer.aws_lambda_function.this",
            "module.lambda_authorizer.data.archive_file.lambda_zip",
            "module.lambda_authorizer.null_resource.build_bash",
            "module.lambda_authorizer.null_resource.build_ps",
            "module.network.aws_api_gateway_authorizer.lambda_authorizer",
            "module.network.aws_api_gateway_resource.user_logout_resource",
            "module.network.aws_api_gateway_resource.user_service_resource",
            "module.network.aws_api_gateway_rest_api.rest_api"
          ],
          "create_before_destroy": true
        }
      ]
    },
    {
      "module": "module.network",
      "mode": "managed",
      "type": "aws_api_gateway_method",
      "name": "user_signup_post",
      "provider": "module.network.provider[\"registry.terraform.io/hashicorp/aws\"]",
      "instances": [
        {
          "schema_version": 0,
          "attributes": {
            "api_key_required": false,
            "authorization": "NONE",
            "authorization_scopes": [],
            "authorizer_id": "",
            "http_method": "POST",
            "id": "agm-tuffc5cto8-twlo18-POST",
            "operation_name": "",
            "region": "us-east-2",
            "request_models": {},
            "request_parameters": {},
            "request_validator_id": "",
            "resource_id": "twlo18",
            "rest_api_id": "tuffc5cto8"
          },
          "sensitive_attributes": [],
          "identity_schema_version": 0,
          "private": "bnVsbA==",
          "dependencies": [
            "module.network.aws_api_gateway_resource.user_service_resource",
            "module.network.aws_api_gateway_resource.user_signup_resource",
            "module.network.aws_api_gateway_rest_api.rest_api"
          ],
          "create_before_destroy": true
        }
      ]
    },
    {
      "module": "module.network",
      "mode": "managed",
      "type": "aws_api_gateway_method_settings",
      "name": "all_methods",
      "provider": "module.network.provider[\"registry.terraform.io/hashicorp/aws\"]",
      "instances": [
        {
          "schema_version": 0,
          "attributes": {
            "id": "tuffc5cto8-v1-*/*",
            "method_path": "*/*",
            "region": "us-east-2",
            "rest_api_id": "tuffc5cto8",
            "settings": [
              {
                "cache_data_encrypted": false,
                "cache_ttl_in_seconds": 300,
                "caching_enabled": false,
                "data_trace_enabled": true,
                "logging_level": "INFO",
                "metrics_enabled": true,
                "require_authorization_for_cache_control": true,
                "throttling_burst_limit": -1,
                "throttling_rate_limit": -1,
                "unauthorized_cache_control_header_strategy": "SUCCEED_WITH_RESPONSE_HEADER"
              }
            ],
            "stage_name": "v1"
          },
          "sensitive_attributes": [],
          "identity_schema_version": 0,
          "private": "bnVsbA==",
          "dependencies": [
            "module.iam.aws_iam_role.lambda_authorizer_role",
            "module.lambda_authorizer.aws_lambda_function.this",
            "module.lambda_authorizer.data.archive_file.lambda_zip",
            "module.lambda_authorizer.null_resource.build_bash",
            "module.lambda_authorizer.null_resource.build_ps",
            "module.lambda_quest_service.aws_lambda_function.lambda_function",
            "module.lambda_quest_service.data.aws_ecr_image.image",
            "module.lambda_user_service.aws_lambda_function.lambda_function",
            "module.lambda_user_service.data.aws_ecr_image.image",
            "module.network.aws_api_gateway_account.account",
            "module.network.aws_api_gateway_authorizer.lambda_authorizer",
            "module.network.aws_api_gateway_deployment.rest_api_deployment",
            "module.network.aws_api_gateway_integration.health_get_integration",
            "module.network.aws_api_gateway_integration.quest_get_integration",
            "module.network.aws_api_gateway_integration.quest_post_integration",
            "module.network.aws_api_gateway_integration.user_login_google_post_integration",
            "module.network.aws_api_gateway_integration.user_login_post_integration",
            "module.network.aws_api_gateway_integration.user_logout_post_integration",
            "module.network.aws_api_gateway_integration.user_signup_post_integration",
            "module.network.aws_api_gateway_method.health_get",
            "module.network.aws_api_gateway_method.quest_get",
            "module.network.aws_api_gateway_method.quest_post",
            "module.network.aws_api_gateway_method.user_login_google_post",
            "module.network.aws_api_gateway_method.user_login_post",
            "module.network.aws_api_gateway_method.user_logout_post",
            "module.network.aws_api_gateway_method.user_signup_post",
            "module.network.aws_api_gateway_resource.quest_service_resource",
            "module.network.aws_api_gateway_resource.user_health_resource",
            "module.network.aws_api_gateway_resource.user_login_google_resource",
            "module.network.aws_api_gateway_resource.user_login_resource",
            "module.network.aws_api_gateway_resource.user_logout_resource",
            "module.network.aws_api_gateway_resource.user_service_resource",
            "module.network.aws_api_gateway_resource.user_signup_resource",
            "module.network.aws_api_gateway_rest_api.rest_api",
            "module.network.aws_api_gateway_stage.api_stage",
            "module.network.aws_cloudwatch_log_group.apigw_access_logs",
            "module.network.aws_iam_role.apigw_cloudwatch_role",
            "module.network.aws_iam_role.lambda_exec_role",
            "module.network.aws_iam_role_policy.apigw_cloudwatch_policy",
            "module.network.aws_iam_role_policy_attachment.apigw_push_to_cw",
            "module.quest_service_image.aws_ecr_lifecycle_policy.keep_last_3",
            "module.quest_service_image.aws_ecr_repository.repo",
            "module.quest_service_image.data.aws_caller_identity.me",
            "module.quest_service_image.data.aws_ecr_authorization_token.ecr",
            "module.quest_service_image.data.aws_ecr_repository.repo",
            "module.quest_service_image.docker_image.app",
            "module.quest_service_image.docker_registry_image.app",
            "module.quest_service_image.local_file.version_file",
            "module.quest_service_image.null_resource.ecr_login",
            "module.user_service_image.aws_ecr_lifecycle_policy.keep_last_3",
            "module.user_service_image.aws_ecr_repository.repo",
            "module.user_service_image.data.aws_caller_identity.me",
            "module.user_service_image.data.aws_ecr_authorization_token.ecr",
            "module.user_service_image.data.aws_ecr_repository.repo",
            "module.user_service_image.docker_image.app",
            "module.user_service_image.docker_registry_image.app",
            "module.user_service_image.local_file.version_file",
            "module.user_service_image.null_resource.ecr_login"
          ]
        }
      ]
    },
    {
      "module": "module.network",
      "mode": "managed",
      "type": "aws_api_gateway_resource",
      "name": "quest_service_resource",
      "provider": "module.network.provider[\"registry.terraform.io/hashicorp/aws\"]",
      "instances": [
        {
          "schema_version": 0,
          "attributes": {
            "id": "964usg",
            "parent_id": "a582iz9dve",
            "path": "/quests",
            "path_part": "quests",
            "region": "us-east-2",
            "rest_api_id": "tuffc5cto8"
          },
          "sensitive_attributes": [],
          "identity_schema_version": 0,
          "private": "bnVsbA==",
          "dependencies": [
            "module.network.aws_api_gateway_rest_api.rest_api"
          ],
          "create_before_destroy": true
        }
      ]
    },
    {
      "module": "module.network",
      "mode": "managed",
      "type": "aws_api_gateway_resource",
      "name": "user_health_resource",
      "provider": "module.network.provider[\"registry.terraform.io/hashicorp/aws\"]",
      "instances": [
        {
          "schema_version": 0,
          "attributes": {
            "id": "vic8lk",
            "parent_id": "a582iz9dve",
            "path": "/health",
            "path_part": "health",
            "region": "us-east-2",
            "rest_api_id": "tuffc5cto8"
          },
          "sensitive_attributes": [],
          "identity_schema_version": 0,
          "private": "bnVsbA==",
          "dependencies": [
            "module.network.aws_api_gateway_rest_api.rest_api"
          ],
          "create_before_destroy": true
        }
      ]
    },
    {
      "module": "module.network",
      "mode": "managed",
      "type": "aws_api_gateway_resource",
      "name": "user_login_google_resource",
      "provider": "module.network.provider[\"registry.terraform.io/hashicorp/aws\"]",
      "instances": [
        {
          "schema_version": 0,
          "attributes": {
            "id": "cohdvg",
            "parent_id": "pro461",
            "path": "/users/login/google",
            "path_part": "google",
            "region": "us-east-2",
            "rest_api_id": "tuffc5cto8"
          },
          "sensitive_attributes": [],
          "identity_schema_version": 0,
          "private": "bnVsbA==",
          "dependencies": [
            "module.network.aws_api_gateway_resource.user_login_resource",
            "module.network.aws_api_gateway_resource.user_service_resource",
            "module.network.aws_api_gateway_rest_api.rest_api"
          ],
          "create_before_destroy": true
        }
      ]
    },
    {
      "module": "module.network",
      "mode": "managed",
      "type": "aws_api_gateway_resource",
      "name": "user_login_resource",
      "provider": "module.network.provider[\"registry.terraform.io/hashicorp/aws\"]",
      "instances": [
        {
          "schema_version": 0,
          "attributes": {
            "id": "pro461",
            "parent_id": "1w7e6m",
            "path": "/users/login",
            "path_part": "login",
            "region": "us-east-2",
            "rest_api_id": "tuffc5cto8"
          },
          "sensitive_attributes": [],
          "identity_schema_version": 0,
          "private": "bnVsbA==",
          "dependencies": [
            "module.network.aws_api_gateway_resource.user_service_resource",
            "module.network.aws_api_gateway_rest_api.rest_api"
          ],
          "create_before_destroy": true
        }
      ]
    },
    {
      "module": "module.network",
      "mode": "managed",
      "type": "aws_api_gateway_resource",
      "name": "user_logout_resource",
      "provider": "module.network.provider[\"registry.terraform.io/hashicorp/aws\"]",
      "instances": [
        {
          "schema_version": 0,
          "attributes": {
            "id": "2v2rqb",
            "parent_id": "1w7e6m",
            "path": "/users/logout",
            "path_part": "logout",
            "region": "us-east-2",
            "rest_api_id": "tuffc5cto8"
          },
          "sensitive_attributes": [],
          "identity_schema_version": 0,
          "private": "bnVsbA==",
          "dependencies": [
            "module.network.aws_api_gateway_resource.user_service_resource",
            "module.network.aws_api_gateway_rest_api.rest_api"
          ],
          "create_before_destroy": true
        }
      ]
    },
    {
      "module": "module.network",
      "mode": "managed",
      "type": "aws_api_gateway_resource",
      "name": "user_service_resource",
      "provider": "module.network.provider[\"registry.terraform.io/hashicorp/aws\"]",
      "instances": [
        {
          "schema_version": 0,
          "attributes": {
            "id": "1w7e6m",
            "parent_id": "a582iz9dve",
            "path": "/users",
            "path_part": "users",
            "region": "us-east-2",
            "rest_api_id": "tuffc5cto8"
          },
          "sensitive_attributes": [],
          "identity_schema_version": 0,
          "private": "bnVsbA==",
          "dependencies": [
            "module.network.aws_api_gateway_rest_api.rest_api"
          ],
          "create_before_destroy": true
        }
      ]
    },
    {
      "module": "module.network",
      "mode": "managed",
      "type": "aws_api_gateway_resource",
      "name": "user_signup_resource",
      "provider": "module.network.provider[\"registry.terraform.io/hashicorp/aws\"]",
      "instances": [
        {
          "schema_version": 0,
          "attributes": {
            "id": "twlo18",
            "parent_id": "1w7e6m",
            "path": "/users/signup",
            "path_part": "signup",
            "region": "us-east-2",
            "rest_api_id": "tuffc5cto8"
          },
          "sensitive_attributes": [],
          "identity_schema_version": 0,
          "private": "bnVsbA==",
          "dependencies": [
            "module.network.aws_api_gateway_resource.user_service_resource",
            "module.network.aws_api_gateway_rest_api.rest_api"
          ],
          "create_before_destroy": true
        }
      ]
    },
    {
      "module": "module.network",
      "mode": "managed",
      "type": "aws_api_gateway_rest_api",
      "name": "rest_api",
      "provider": "module.network.provider[\"registry.terraform.io/hashicorp/aws\"]",
      "instances": [
        {
          "schema_version": 0,
          "attributes": {
            "api_key_source": "HEADER",
            "arn": "arn:aws:apigateway:us-east-2::/restapis/tuffc5cto8",
            "binary_media_types": [],
            "body": null,
            "created_date": "2025-08-30T21:59:15Z",
            "description": "API Gateway for GoalsGuild services",
            "disable_execute_api_endpoint": false,
            "endpoint_configuration": [
              {
                "ip_address_type": "ipv4",
                "types": [
                  "EDGE"
                ],
                "vpc_endpoint_ids": []
              }
            ],
            "execution_arn": "arn:aws:execute-api:us-east-2:838284111015:tuffc5cto8",
            "fail_on_warnings": null,
            "id": "tuffc5cto8",
            "minimum_compression_size": "",
            "name": "goalsguild_api_dev",
            "parameters": null,
            "policy": "",
            "put_rest_api_mode": null,
            "region": "us-east-2",
            "root_resource_id": "a582iz9dve",
            "tags": {
              "Component": "api-gateway",
              "Environment": "dev",
              "Service": "goalsguild"
            },
            "tags_all": {
              "Component": "api-gateway",
              "Environment": "dev",
              "Service": "goalsguild"
            }
          },
          "sensitive_attributes": [],
          "identity_schema_version": 0,
          "private": "bnVsbA==",
          "create_before_destroy": true
        }
      ]
    },
    {
      "module": "module.network",
      "mode": "managed",
      "type": "aws_api_gateway_stage",
      "name": "api_stage",
      "provider": "module.network.provider[\"registry.terraform.io/hashicorp/aws\"]",
      "instances": [
        {
          "schema_version": 0,
          "attributes": {
            "access_log_settings": [
              {
                "destination_arn": "arn:aws:logs:us-east-2:838284111015:log-group:/aws/apigateway/goalsguild_api_dev_access_logs",
                "format": "{\"caller\":\"$context.identity.caller\",\"httpMethod\":\"$context.httpMethod\",\"ip\":\"$context.identity.sourceIp\",\"protocol\":\"$context.protocol\",\"requestId\":\"$context.requestId\",\"requestTime\":\"$context.requestTime\",\"resourcePath\":\"$context.resourcePath\",\"responseLength\":\"$context.responseLength\",\"status\":\"$context.status\",\"user\":\"$context.identity.user\"}"
              }
            ],
            "arn": "arn:aws:apigateway:us-east-2::/restapis/tuffc5cto8/stages/v1",
            "cache_cluster_enabled": false,
            "cache_cluster_size": "",
            "canary_settings": [],
            "client_certificate_id": "",
            "deployment_id": "4yqtyv",
            "description": "",
            "documentation_version": "",
            "execution_arn": "arn:aws:execute-api:us-east-2:838284111015:tuffc5cto8/v1",
            "id": "ags-tuffc5cto8-v1",
            "invoke_url": "https://tuffc5cto8.execute-api.us-east-2.amazonaws.com/v1",
            "region": "us-east-2",
            "rest_api_id": "tuffc5cto8",
            "stage_name": "v1",
            "tags": {},
            "tags_all": {},
            "variables": {},
            "web_acl_arn": "",
            "xray_tracing_enabled": false
          },
          "sensitive_attributes": [],
          "identity_schema_version": 0,
          "private": "bnVsbA==",
          "dependencies": [
            "module.iam.aws_iam_role.lambda_authorizer_role",
            "module.lambda_authorizer.aws_lambda_function.this",
            "module.lambda_authorizer.data.archive_file.lambda_zip",
            "module.lambda_authorizer.null_resource.build_bash",
            "module.lambda_authorizer.null_resource.build_ps",
            "module.lambda_quest_service.aws_lambda_function.lambda_function",
            "module.lambda_quest_service.data.aws_ecr_image.image",
            "module.lambda_user_service.aws_lambda_function.lambda_function",
            "module.lambda_user_service.data.aws_ecr_image.image",
            "module.network.aws_api_gateway_account.account",
            "module.network.aws_api_gateway_authorizer.lambda_authorizer",
            "module.network.aws_api_gateway_deployment.rest_api_deployment",
            "module.network.aws_api_gateway_integration.health_get_integration",
            "module.network.aws_api_gateway_integration.quest_get_integration",
            "module.network.aws_api_gateway_integration.quest_post_integration",
            "module.network.aws_api_gateway_integration.user_login_google_post_integration",
            "module.network.aws_api_gateway_integration.user_login_post_integration",
            "module.network.aws_api_gateway_integration.user_logout_post_integration",
            "module.network.aws_api_gateway_integration.user_signup_post_integration",
            "module.network.aws_api_gateway_method.health_get",
            "module.network.aws_api_gateway_method.quest_get",
            "module.network.aws_api_gateway_method.quest_post",
            "module.network.aws_api_gateway_method.user_login_google_post",
            "module.network.aws_api_gateway_method.user_login_post",
            "module.network.aws_api_gateway_method.user_logout_post",
            "module.network.aws_api_gateway_method.user_signup_post",
            "module.network.aws_api_gateway_resource.quest_service_resource",
            "module.network.aws_api_gateway_resource.user_health_resource",
            "module.network.aws_api_gateway_resource.user_login_google_resource",
            "module.network.aws_api_gateway_resource.user_login_resource",
            "module.network.aws_api_gateway_resource.user_logout_resource",
            "module.network.aws_api_gateway_resource.user_service_resource",
            "module.network.aws_api_gateway_resource.user_signup_resource",
            "module.network.aws_api_gateway_rest_api.rest_api",
            "module.network.aws_cloudwatch_log_group.apigw_access_logs",
            "module.network.aws_iam_role.apigw_cloudwatch_role",
            "module.network.aws_iam_role.lambda_exec_role",
            "module.network.aws_iam_role_policy.apigw_cloudwatch_policy",
            "module.network.aws_iam_role_policy_attachment.apigw_push_to_cw",
            "module.quest_service_image.aws_ecr_lifecycle_policy.keep_last_3",
            "module.quest_service_image.aws_ecr_repository.repo",
            "module.quest_service_image.data.aws_caller_identity.me",
            "module.quest_service_image.data.aws_ecr_authorization_token.ecr",
            "module.quest_service_image.data.aws_ecr_repository.repo",
            "module.quest_service_image.docker_image.app",
            "module.quest_service_image.docker_registry_image.app",
            "module.quest_service_image.local_file.version_file",
            "module.quest_service_image.null_resource.ecr_login",
            "module.user_service_image.aws_ecr_lifecycle_policy.keep_last_3",
            "module.user_service_image.aws_ecr_repository.repo",
            "module.user_service_image.data.aws_caller_identity.me",
            "module.user_service_image.data.aws_ecr_authorization_token.ecr",
            "module.user_service_image.data.aws_ecr_repository.repo",
            "module.user_service_image.docker_image.app",
            "module.user_service_image.docker_registry_image.app",
            "module.user_service_image.local_file.version_file",
            "module.user_service_image.null_resource.ecr_login"
          ]
        }
      ]
    },
    {
      "module": "module.network",
      "mode": "managed",
      "type": "aws_cloudwatch_log_group",
      "name": "apigw_access_logs",
      "provider": "module.network.provider[\"registry.terraform.io/hashicorp/aws\"]",
      "instances": [
        {
          "schema_version": 0,
          "attributes": {
            "arn": "arn:aws:logs:us-east-2:838284111015:log-group:/aws/apigateway/goalsguild_api_dev_access_logs",
            "id": "/aws/apigateway/goalsguild_api_dev_access_logs",
            "kms_key_id": "",
            "log_group_class": "STANDARD",
            "name": "/aws/apigateway/goalsguild_api_dev_access_logs",
            "name_prefix": "",
            "region": "us-east-2",
            "retention_in_days": 1,
            "skip_destroy": false,
            "tags": {
              "Component": "apigateway",
              "Environment": "dev",
              "Service": "goalsguild"
            },
            "tags_all": {
              "Component": "apigateway",
              "Environment": "dev",
              "Service": "goalsguild"
            }
          },
          "sensitive_attributes": [],
          "identity_schema_version": 0,
          "identity": {
            "account_id": "838284111015",
            "name": "/aws/apigateway/goalsguild_api_dev_access_logs",
            "region": "us-east-2"
          },
          "private": "bnVsbA=="
        }
      ]
    },
    {
      "module": "module.network",
      "mode": "managed",
      "type": "aws_cognito_user_pool",
      "name": "user_pool",
      "provider": "module.network.provider[\"registry.terraform.io/hashicorp/aws\"]",
      "instances": [
        {
          "schema_version": 0,
          "attributes": {
            "account_recovery_setting": [
              {
                "recovery_mechanism": [
                  {
                    "name": "verified_email",
                    "priority": 1
                  },
                  {
                    "name": "verified_phone_number",
                    "priority": 2
                  }
                ]
              }
            ],
            "admin_create_user_config": [
              {
                "allow_admin_create_user_only": false,
                "invite_message_template": []
              }
            ],
            "alias_attributes": null,
            "arn": "arn:aws:cognito-idp:us-east-2:838284111015:userpool/us-east-2_8lNy9Nnx1",
            "auto_verified_attributes": [
              "email"
            ],
            "creation_date": "2025-09-01T15:31:34Z",
            "custom_domain": "",
            "deletion_protection": "INACTIVE",
            "device_configuration": [],
            "domain": "",
            "email_configuration": [
              {
                "configuration_set": "",
                "email_sending_account": "COGNITO_DEFAULT",
                "from_email_address": "",
                "reply_to_email_address": "",
                "source_arn": ""
              }
            ],
            "email_mfa_configuration": [],
            "email_verification_message": "",
            "email_verification_subject": "",
            "endpoint": "cognito-idp.us-east-2.amazonaws.com/us-east-2_8lNy9Nnx1",
            "estimated_number_of_users": 0,
            "id": "us-east-2_8lNy9Nnx1",
            "lambda_config": [],
            "last_modified_date": "2025-09-01T15:31:34Z",
            "mfa_configuration": "OFF",
            "name": "goalsguild_user_pool_dev",
            "password_policy": [
              {
                "minimum_length": 8,
                "password_history_size": 0,
                "require_lowercase": true,
                "require_numbers": true,
                "require_symbols": false,
                "require_uppercase": true,
                "temporary_password_validity_days": 7
              }
            ],
            "region": "us-east-2",
            "schema": [],
            "sign_in_policy": [
              {
                "allowed_first_auth_factors": [
                  "PASSWORD"
                ]
              }
            ],
            "sms_authentication_message": "",
            "sms_configuration": [],
            "sms_verification_message": "",
            "software_token_mfa_configuration": [],
            "tags": {
              "Component": "cognito",
              "Environment": "dev",
              "Service": "goalsguild"
            },
            "tags_all": {
              "Component": "cognito",
              "Environment": "dev",
              "Service": "goalsguild"
            },
            "user_attribute_update_settings": [],
            "user_pool_add_ons": [],
            "user_pool_tier": "ESSENTIALS",
            "username_attributes": [],
            "username_configuration": [],
            "verification_message_template": [
              {
                "default_email_option": "CONFIRM_WITH_CODE",
                "email_message": "",
                "email_message_by_link": "",
                "email_subject": "",
                "email_subject_by_link": "",
                "sms_message": ""
              }
            ],
            "web_authn_configuration": []
          },
          "sensitive_attributes": [],
          "identity_schema_version": 0,
          "private": "bnVsbA=="
        }
      ]
    },
    {
      "module": "module.network",
      "mode": "managed",
      "type": "aws_cognito_user_pool_client",
      "name": "user_pool_client",
      "provider": "module.network.provider[\"registry.terraform.io/hashicorp/aws\"]",
      "instances": [
        {
          "schema_version": 0,
          "attributes": {
            "access_token_validity": 0,
            "allowed_oauth_flows": [],
            "allowed_oauth_flows_user_pool_client": false,
            "allowed_oauth_scopes": [],
            "analytics_configuration": [],
            "auth_session_validity": 3,
            "callback_urls": [],
            "client_secret": "q9hkrvnpg3pe4r1ec0dr8ifepq0rfaql0tq6h07g378tvujp7nf",
            "default_redirect_uri": "",
            "enable_propagate_additional_user_context_data": false,
            "enable_token_revocation": true,
            "explicit_auth_flows": [
              "ALLOW_REFRESH_TOKEN_AUTH",
              "ALLOW_USER_PASSWORD_AUTH",
              "ALLOW_USER_SRP_AUTH"
            ],
            "generate_secret": true,
            "id": "2c1e2odalemtnmat8d3ch9l39r",
            "id_token_validity": 0,
            "logout_urls": [],
            "name": "goalsguild_user_pool_client_dev",
            "prevent_user_existence_errors": "ENABLED",
            "read_attributes": [],
            "refresh_token_rotation": [],
            "refresh_token_validity": 30,
            "region": "us-east-2",
            "supported_identity_providers": [],
            "token_validity_units": [],
            "user_pool_id": "us-east-2_8lNy9Nnx1",
            "write_attributes": []
          },
          "sensitive_attributes": [
            [
              {
                "type": "get_attr",
                "value": "client_secret"
              }
            ]
          ],
          "identity_schema_version": 0,
          "dependencies": [
            "module.network.aws_cognito_user_pool.user_pool"
          ]
        }
      ]
    },
    {
      "module": "module.network",
      "mode": "managed",
      "type": "aws_iam_role",
      "name": "apigw_cloudwatch_role",
      "provider": "module.network.provider[\"registry.terraform.io/hashicorp/aws\"]",
      "instances": [
        {
          "schema_version": 0,
          "attributes": {
            "arn": "arn:aws:iam::838284111015:role/goalsguild_apigw_cloudwatch_role_dev",
            "assume_role_policy": "{\"Statement\":[{\"Action\":\"sts:AssumeRole\",\"Effect\":\"Allow\",\"Principal\":{\"Service\":\"apigateway.amazonaws.com\"}}],\"Version\":\"2012-10-17\"}",
            "create_date": "2025-08-31T21:46:36Z",
            "description": "",
            "force_detach_policies": false,
            "id": "goalsguild_apigw_cloudwatch_role_dev",
            "inline_policy": [
              {
                "name": "goalsguild_apigw_cloudwatch_policy_dev",
                "policy": "{\"Version\":\"2012-10-17\",\"Statement\":[{\"Action\":[\"logs:CreateLogGroup\",\"logs:CreateLogStream\",\"logs:PutLogEvents\",\"logs:DescribeLogGroups\",\"logs:DescribeLogStreams\"],\"Effect\":\"Allow\",\"Resource\":\"*\"}]}"
              }
            ],
            "managed_policy_arns": [
              "arn:aws:iam::aws:policy/service-role/AmazonAPIGatewayPushToCloudWatchLogs"
            ],
            "max_session_duration": 3600,
            "name": "goalsguild_apigw_cloudwatch_role_dev",
            "name_prefix": "",
            "path": "/",
            "permissions_boundary": "",
            "tags": {},
            "tags_all": {},
            "unique_id": "AROA4GLNANST3E2RYIBUK"
          },
          "sensitive_attributes": [],
          "identity_schema_version": 0,
          "identity": {
            "account_id": "838284111015",
            "name": "goalsguild_apigw_cloudwatch_role_dev"
          },
          "private": "bnVsbA=="
        }
      ]
    },
    {
      "module": "module.network",
      "mode": "managed",
      "type": "aws_iam_role",
      "name": "lambda_exec_role",
      "provider": "module.network.provider[\"registry.terraform.io/hashicorp/aws\"]",
      "instances": [
        {
          "schema_version": 0,
          "attributes": {
            "arn": "arn:aws:iam::838284111015:role/goalsguild_lambda_exec_role_dev",
            "assume_role_policy": "{\"Statement\":[{\"Action\":\"sts:AssumeRole\",\"Effect\":\"Allow\",\"Principal\":{\"Service\":\"lambda.amazonaws.com\"}}],\"Version\":\"2012-10-17\"}",
            "create_date": "2025-08-30T21:59:15Z",
            "description": "",
            "force_detach_policies": false,
            "id": "goalsguild_lambda_exec_role_dev",
            "inline_policy": [
              {
                "name": "goalsguild_lambda_ssm_read_policy_dev",
                "policy": "{\"Version\":\"2012-10-17\",\"Statement\":[{\"Action\":[\"ssm:GetParameter\",\"ssm:GetParameters\",\"ssm:GetParametersByPath\"],\"Effect\":\"Allow\",\"Resource\":[\"arn:aws:ssm:us-east-2:838284111015:parameter/goalsguild/cognito/client_secret\",\"arn:aws:ssm:us-east-2:838284111015:parameter/goalsguild/cognito/client_id\",\"arn:aws:ssm:us-east-2:838284111015:parameter/goalsguild/dev/cognito/user_pool_id\",\"arn:aws:ssm:us-east-2:838284111015:parameter/goalsguild/user-service/env_vars\"]}]}"
              },
              {
                "name": "goalsguild_lambda_ssm_read_user_service_env_dev",
                "policy": "{\"Version\":\"2012-10-17\",\"Statement\":[{\"Action\":[\"ssm:GetParameter\"],\"Effect\":\"Allow\",\"Resource\":[\"arn:aws:ssm:us-east-2:838284111015:parameter/goalsguild/user-service/env_vars\"]}]}"
              }
            ],
            "managed_policy_arns": [
              "arn:aws:iam::aws:policy/service-role/AWSLambdaBasicExecutionRole"
            ],
            "max_session_duration": 3600,
            "name": "goalsguild_lambda_exec_role_dev",
            "name_prefix": "",
            "path": "/",
            "permissions_boundary": "",
            "tags": {
              "Component": "lambda",
              "Environment": "dev",
              "Service": "goalsguild"
            },
            "tags_all": {
              "Component": "lambda",
              "Environment": "dev",
              "Service": "goalsguild"
            },
            "unique_id": "AROA4GLNANSTTJ3ZERRNN"
          },
          "sensitive_attributes": [],
          "identity_schema_version": 0,
          "identity": {
            "account_id": "838284111015",
            "name": "goalsguild_lambda_exec_role_dev"
          },
          "private": "bnVsbA==",
          "create_before_destroy": true
        }
      ]
    },
    {
      "module": "module.network",
      "mode": "managed",
      "type": "aws_iam_role_policy",
      "name": "apigw_cloudwatch_policy",
      "provider": "module.network.provider[\"registry.terraform.io/hashicorp/aws\"]",
      "instances": [
        {
          "schema_version": 0,
          "attributes": {
            "id": "goalsguild_apigw_cloudwatch_role_dev:goalsguild_apigw_cloudwatch_policy_dev",
            "name": "goalsguild_apigw_cloudwatch_policy_dev",
            "name_prefix": "",
            "policy": "{\"Version\":\"2012-10-17\",\"Statement\":[{\"Action\":[\"logs:CreateLogGroup\",\"logs:CreateLogStream\",\"logs:PutLogEvents\",\"logs:DescribeLogGroups\",\"logs:DescribeLogStreams\"],\"Effect\":\"Allow\",\"Resource\":\"*\"}]}",
            "role": "goalsguild_apigw_cloudwatch_role_dev"
          },
          "sensitive_attributes": [],
          "identity_schema_version": 0,
          "identity": {
            "account_id": "838284111015",
            "name": "goalsguild_apigw_cloudwatch_policy_dev",
            "role": "goalsguild_apigw_cloudwatch_role_dev"
          },
          "private": "bnVsbA==",
          "dependencies": [
            "module.network.aws_iam_role.apigw_cloudwatch_role"
          ]
        }
      ]
    },
    {
      "module": "module.network",
      "mode": "managed",
      "type": "aws_iam_role_policy",
      "name": "lambda_ssm_read_policy",
      "provider": "module.network.provider[\"registry.terraform.io/hashicorp/aws\"]",
      "instances": [
        {
          "schema_version": 0,
          "attributes": {
            "id": "goalsguild_lambda_exec_role_dev:goalsguild_lambda_ssm_read_policy_dev",
            "name": "goalsguild_lambda_ssm_read_policy_dev",
            "name_prefix": "",
            "policy": "{\"Version\":\"2012-10-17\",\"Statement\":[{\"Action\":[\"ssm:GetParameter\",\"ssm:GetParameters\",\"ssm:GetParametersByPath\"],\"Effect\":\"Allow\",\"Resource\":[\"arn:aws:ssm:us-east-2:838284111015:parameter/goalsguild/cognito/client_secret\",\"arn:aws:ssm:us-east-2:838284111015:parameter/goalsguild/cognito/client_id\",\"arn:aws:ssm:us-east-2:838284111015:parameter/goalsguild/dev/cognito/user_pool_id\",\"arn:aws:ssm:us-east-2:838284111015:parameter/goalsguild/user-service/env_vars\"]}]}",
            "role": "goalsguild_lambda_exec_role_dev"
          },
          "sensitive_attributes": [],
          "identity_schema_version": 0,
          "identity": {
            "account_id": "838284111015",
            "name": "goalsguild_lambda_ssm_read_policy_dev",
            "role": "goalsguild_lambda_exec_role_dev"
          },
          "private": "bnVsbA==",
          "dependencies": [
            "module.network.aws_cognito_user_pool.user_pool",
            "module.network.aws_cognito_user_pool_client.user_pool_client",
            "module.network.aws_iam_role.lambda_exec_role",
            "module.network.aws_ssm_parameter.cognito_client_id",
            "module.network.aws_ssm_parameter.cognito_client_secret",
            "module.network.aws_ssm_parameter.cognito_user_pool_id",
            "module.network.aws_ssm_parameter.user_service_env_vars"
          ]
        }
      ]
    },
    {
      "module": "module.network",
      "mode": "managed",
      "type": "aws_iam_role_policy",
      "name": "lambda_ssm_read_user_service_env",
      "provider": "module.network.provider[\"registry.terraform.io/hashicorp/aws\"]",
      "instances": [
        {
          "schema_version": 0,
          "attributes": {
            "id": "goalsguild_lambda_exec_role_dev:goalsguild_lambda_ssm_read_user_service_env_dev",
            "name": "goalsguild_lambda_ssm_read_user_service_env_dev",
            "name_prefix": "",
            "policy": "{\"Version\":\"2012-10-17\",\"Statement\":[{\"Action\":[\"ssm:GetParameter\"],\"Effect\":\"Allow\",\"Resource\":[\"arn:aws:ssm:us-east-2:838284111015:parameter/goalsguild/user-service/env_vars\"]}]}",
            "role": "goalsguild_lambda_exec_role_dev"
          },
          "sensitive_attributes": [],
          "identity_schema_version": 0,
          "identity": {
            "account_id": "838284111015",
            "name": "goalsguild_lambda_ssm_read_user_service_env_dev",
            "role": "goalsguild_lambda_exec_role_dev"
          },
          "private": "bnVsbA==",
          "dependencies": [
            "module.network.aws_cognito_user_pool.user_pool",
            "module.network.aws_cognito_user_pool_client.user_pool_client",
            "module.network.aws_iam_role.lambda_exec_role",
            "module.network.aws_ssm_parameter.user_service_env_vars"
          ]
        }
      ]
    },
    {
      "module": "module.network",
      "mode": "managed",
      "type": "aws_iam_role_policy_attachment",
      "name": "apigw_push_to_cw",
      "provider": "module.network.provider[\"registry.terraform.io/hashicorp/aws\"]",
      "instances": [
        {
          "schema_version": 0,
          "attributes": {
            "id": "goalsguild_apigw_cloudwatch_role_dev/arn:aws:iam::aws:policy/service-role/AmazonAPIGatewayPushToCloudWatchLogs",
            "policy_arn": "arn:aws:iam::aws:policy/service-role/AmazonAPIGatewayPushToCloudWatchLogs",
            "role": "goalsguild_apigw_cloudwatch_role_dev"
          },
          "sensitive_attributes": [],
          "identity_schema_version": 0,
          "identity": {
            "account_id": "838284111015",
            "policy_arn": "arn:aws:iam::aws:policy/service-role/AmazonAPIGatewayPushToCloudWatchLogs",
            "role": "goalsguild_apigw_cloudwatch_role_dev"
          },
          "private": "bnVsbA==",
          "dependencies": [
            "module.network.aws_iam_role.apigw_cloudwatch_role"
          ]
        }
      ]
    },
    {
      "module": "module.network",
      "mode": "managed",
      "type": "aws_iam_role_policy_attachment",
      "name": "lambda_basic_execution",
      "provider": "module.network.provider[\"registry.terraform.io/hashicorp/aws\"]",
      "instances": [
        {
          "schema_version": 0,
          "attributes": {
            "id": "goalsguild_lambda_exec_role_dev-20250830215911758300000001",
            "policy_arn": "arn:aws:iam::aws:policy/service-role/AWSLambdaBasicExecutionRole",
            "role": "goalsguild_lambda_exec_role_dev"
          },
          "sensitive_attributes": [],
          "identity_schema_version": 0,
          "identity": {
            "account_id": "838284111015",
            "policy_arn": "arn:aws:iam::aws:policy/service-role/AWSLambdaBasicExecutionRole",
            "role": "goalsguild_lambda_exec_role_dev"
          },
          "private": "bnVsbA==",
          "dependencies": [
            "module.network.aws_iam_role.lambda_exec_role"
          ]
        }
      ]
    },
    {
      "module": "module.network",
      "mode": "managed",
      "type": "aws_lambda_permission",
      "name": "allow_api_gateway_lambda_authorizer",
      "provider": "module.network.provider[\"registry.terraform.io/hashicorp/aws\"]",
      "instances": [
        {
          "schema_version": 0,
          "attributes": {
            "action": "lambda:InvokeFunction",
            "event_source_token": null,
            "function_name": "arn:aws:lambda:us-east-2:838284111015:function:goalsguild_authorizer_dev",
            "function_url_auth_type": null,
            "id": "AllowAPIGatewayInvokeLambdaAuthorizer",
            "principal": "apigateway.amazonaws.com",
            "principal_org_id": null,
            "qualifier": "",
            "region": "us-east-2",
            "source_account": null,
            "source_arn": "arn:aws:execute-api:us-east-2:838284111015:tuffc5cto8/authorizers/4pdi1f",
            "statement_id": "AllowAPIGatewayInvokeLambdaAuthorizer",
            "statement_id_prefix": ""
          },
          "sensitive_attributes": [],
          "identity_schema_version": 0,
          "identity": {
            "account_id": "838284111015",
            "function_name": "arn:aws:lambda:us-east-2:838284111015:function:goalsguild_authorizer_dev",
            "qualifier": null,
            "region": "us-east-2",
            "statement_id": "AllowAPIGatewayInvokeLambdaAuthorizer"
          },
          "private": "bnVsbA==",
          "dependencies": [
            "module.iam.aws_iam_role.lambda_authorizer_role",
            "module.lambda_authorizer.aws_lambda_function.this",
            "module.lambda_authorizer.data.archive_file.lambda_zip",
            "module.lambda_authorizer.null_resource.build_bash",
            "module.lambda_authorizer.null_resource.build_ps",
            "module.network.aws_api_gateway_authorizer.lambda_authorizer",
            "module.network.aws_api_gateway_rest_api.rest_api"
          ]
        }
      ]
    },
    {
      "module": "module.network",
      "mode": "managed",
      "type": "aws_lambda_permission",
      "name": "allow_api_gateway_quest",
      "provider": "module.network.provider[\"registry.terraform.io/hashicorp/aws\"]",
      "instances": [
        {
          "schema_version": 0,
          "attributes": {
            "action": "lambda:InvokeFunction",
            "event_source_token": null,
            "function_name": "arn:aws:lambda:us-east-2:838284111015:function:goalsguild_quest_service_dev",
            "function_url_auth_type": null,
            "id": "AllowAPIGatewayInvokeQuest",
            "principal": "apigateway.amazonaws.com",
            "principal_org_id": null,
            "qualifier": "",
            "region": "us-east-2",
            "source_account": null,
            "source_arn": "arn:aws:execute-api:us-east-2:838284111015:tuffc5cto8/*/*",
            "statement_id": "AllowAPIGatewayInvokeQuest",
            "statement_id_prefix": ""
          },
          "sensitive_attributes": [],
          "identity_schema_version": 0,
          "identity": {
            "account_id": "838284111015",
            "function_name": "arn:aws:lambda:us-east-2:838284111015:function:goalsguild_quest_service_dev",
            "qualifier": null,
            "region": "us-east-2",
            "statement_id": "AllowAPIGatewayInvokeQuest"
          },
          "private": "bnVsbA==",
          "dependencies": [
            "module.lambda_quest_service.aws_lambda_function.lambda_function",
            "module.lambda_quest_service.data.aws_ecr_image.image",
            "module.network.aws_api_gateway_rest_api.rest_api",
            "module.network.aws_iam_role.lambda_exec_role",
            "module.quest_service_image.aws_ecr_lifecycle_policy.keep_last_3",
            "module.quest_service_image.aws_ecr_repository.repo",
            "module.quest_service_image.data.aws_caller_identity.me",
            "module.quest_service_image.data.aws_ecr_authorization_token.ecr",
            "module.quest_service_image.data.aws_ecr_repository.repo",
            "module.quest_service_image.docker_image.app",
            "module.quest_service_image.docker_registry_image.app",
            "module.quest_service_image.local_file.version_file",
            "module.quest_service_image.null_resource.ecr_login"
          ]
        }
      ]
    },
    {
      "module": "module.network",
      "mode": "managed",
      "type": "aws_lambda_permission",
      "name": "allow_api_gateway_user",
      "provider": "module.network.provider[\"registry.terraform.io/hashicorp/aws\"]",
      "instances": [
        {
          "schema_version": 0,
          "attributes": {
            "action": "lambda:InvokeFunction",
            "event_source_token": null,
            "function_name": "arn:aws:lambda:us-east-2:838284111015:function:goalsguild_user_service_dev",
            "function_url_auth_type": null,
            "id": "AllowAPIGatewayInvokeUser",
            "principal": "apigateway.amazonaws.com",
            "principal_org_id": null,
            "qualifier": "",
            "region": "us-east-2",
            "source_account": null,
            "source_arn": "arn:aws:execute-api:us-east-2:838284111015:tuffc5cto8/*/*",
            "statement_id": "AllowAPIGatewayInvokeUser",
            "statement_id_prefix": ""
          },
          "sensitive_attributes": [],
          "identity_schema_version": 0,
          "identity": {
            "account_id": "838284111015",
            "function_name": "arn:aws:lambda:us-east-2:838284111015:function:goalsguild_user_service_dev",
            "qualifier": null,
            "region": "us-east-2",
            "statement_id": "AllowAPIGatewayInvokeUser"
          },
          "private": "bnVsbA==",
          "dependencies": [
            "module.lambda_user_service.aws_lambda_function.lambda_function",
            "module.lambda_user_service.data.aws_ecr_image.image",
            "module.network.aws_api_gateway_rest_api.rest_api",
            "module.network.aws_iam_role.lambda_exec_role",
            "module.user_service_image.aws_ecr_lifecycle_policy.keep_last_3",
            "module.user_service_image.aws_ecr_repository.repo",
            "module.user_service_image.data.aws_caller_identity.me",
            "module.user_service_image.data.aws_ecr_authorization_token.ecr",
            "module.user_service_image.data.aws_ecr_repository.repo",
            "module.user_service_image.docker_image.app",
            "module.user_service_image.docker_registry_image.app",
            "module.user_service_image.local_file.version_file",
            "module.user_service_image.null_resource.ecr_login"
          ]
        }
      ]
    },
    {
      "module": "module.network",
      "mode": "managed",
      "type": "aws_ssm_parameter",
      "name": "cognito_client_id",
      "provider": "module.network.provider[\"registry.terraform.io/hashicorp/aws\"]",
      "instances": [
        {
          "schema_version": 0,
          "attributes": {
            "allowed_pattern": "",
            "arn": "arn:aws:ssm:us-east-2:838284111015:parameter/goalsguild/cognito/client_id",
            "data_type": "text",
            "description": "Cognito User Pool Client ID for GoalsGuild dev environment",
            "has_value_wo": false,
            "id": "/goalsguild/cognito/client_id",
            "insecure_value": null,
            "key_id": "",
            "name": "/goalsguild/cognito/client_id",
            "overwrite": null,
            "region": "us-east-2",
            "tags": {
              "Component": "cognito",
              "Environment": "dev",
              "Service": "goalsguild"
            },
            "tags_all": {
              "Component": "cognito",
              "Environment": "dev",
              "Service": "goalsguild"
            },
            "tier": "Standard",
            "type": "String",
            "value": "2c1e2odalemtnmat8d3ch9l39r",
            "value_wo": null,
            "value_wo_version": null,
            "version": 1
          },
          "sensitive_attributes": [
            [
              {
                "type": "get_attr",
                "value": "value"
              }
            ],
            [
              {
                "type": "get_attr",
                "value": "value_wo"
              }
            ]
          ],
          "identity_schema_version": 0,
          "identity": {
            "account_id": "838284111015",
            "name": "/goalsguild/cognito/client_id",
            "region": "us-east-2"
          },
          "private": "bnVsbA==",
          "dependencies": [
            "module.network.aws_cognito_user_pool.user_pool",
            "module.network.aws_cognito_user_pool_client.user_pool_client"
          ]
        }
      ]
    },
    {
      "module": "module.network",
      "mode": "managed",
      "type": "aws_ssm_parameter",
      "name": "cognito_client_secret",
      "provider": "module.network.provider[\"registry.terraform.io/hashicorp/aws\"]",
      "instances": [
        {
          "schema_version": 0,
          "attributes": {
            "allowed_pattern": "",
            "arn": "arn:aws:ssm:us-east-2:838284111015:parameter/goalsguild/cognito/client_secret",
            "data_type": "text",
            "description": "Cognito User Pool Client Secret for GoalsGuild dev environment",
            "has_value_wo": false,
            "id": "/goalsguild/cognito/client_secret",
            "insecure_value": null,
            "key_id": "alias/aws/ssm",
            "name": "/goalsguild/cognito/client_secret",
            "overwrite": null,
            "region": "us-east-2",
            "tags": {
              "Component": "cognito",
              "Environment": "dev",
              "Service": "goalsguild"
            },
            "tags_all": {
              "Component": "cognito",
              "Environment": "dev",
              "Service": "goalsguild"
            },
            "tier": "Standard",
            "type": "SecureString",
            "value": "1",
            "value_wo": null,
            "value_wo_version": null,
            "version": 1
          },
          "sensitive_attributes": [
            [
              {
                "type": "get_attr",
                "value": "value"
              }
            ],
            [
              {
                "type": "get_attr",
                "value": "value_wo"
              }
            ]
          ],
          "identity_schema_version": 0,
          "identity": {
            "account_id": "838284111015",
            "name": "/goalsguild/cognito/client_secret",
            "region": "us-east-2"
          },
          "private": "bnVsbA==",
          "dependencies": [
            "module.network.aws_cognito_user_pool.user_pool",
            "module.network.aws_cognito_user_pool_client.user_pool_client"
          ]
        }
      ]
    },
    {
      "module": "module.network",
      "mode": "managed",
      "type": "aws_ssm_parameter",
      "name": "cognito_user_pool_id",
      "provider": "module.network.provider[\"registry.terraform.io/hashicorp/aws\"]",
      "instances": [
        {
          "schema_version": 0,
          "attributes": {
            "allowed_pattern": "",
            "arn": "arn:aws:ssm:us-east-2:838284111015:parameter/goalsguild/dev/cognito/user_pool_id",
            "data_type": "text",
            "description": "Cognito User Pool ID for GoalsGuild dev environment",
            "has_value_wo": false,
            "id": "/goalsguild/dev/cognito/user_pool_id",
            "insecure_value": null,
            "key_id": "",
            "name": "/goalsguild/dev/cognito/user_pool_id",
            "overwrite": null,
            "region": "us-east-2",
            "tags": {
              "Component": "cognito",
              "Environment": "dev",
              "Service": "goalsguild"
            },
            "tags_all": {
              "Component": "cognito",
              "Environment": "dev",
              "Service": "goalsguild"
            },
            "tier": "Standard",
            "type": "String",
            "value": "us-east-2_8lNy9Nnx1",
            "value_wo": null,
            "value_wo_version": null,
            "version": 2
          },
          "sensitive_attributes": [
            [
              {
                "type": "get_attr",
                "value": "value"
              }
            ],
            [
              {
                "type": "get_attr",
                "value": "value_wo"
              }
            ]
          ],
          "identity_schema_version": 0,
          "identity": {
            "account_id": "838284111015",
            "name": "/goalsguild/dev/cognito/user_pool_id",
            "region": "us-east-2"
          },
          "private": "bnVsbA==",
          "dependencies": [
            "module.network.aws_cognito_user_pool.user_pool"
          ]
        }
      ]
    },
    {
      "module": "module.network",
      "mode": "managed",
      "type": "aws_ssm_parameter",
      "name": "goals_guild_email_token_secret",
      "provider": "module.network.provider[\"registry.terraform.io/hashicorp/aws\"]",
      "instances": [
        {
          "schema_version": 0,
          "attributes": {
            "allowed_pattern": "",
            "arn": "arn:aws:ssm:us-east-2:838284111015:parameter/goalsguild/user-service/email_token_secret",
            "data_type": "text",
            "description": "email secret for email token generation ",
            "has_value_wo": false,
            "id": "/goalsguild/user-service/email_token_secret",
            "insecure_value": null,
            "key_id": "alias/aws/ssm",
            "name": "/goalsguild/user-service/email_token_secret",
            "overwrite": null,
            "region": "us-east-2",
            "tags": {
              "Component": "user-service",
              "Environment": "dev",
              "Service": "goalsguild"
            },
            "tags_all": {
              "Component": "user-service",
              "Environment": "dev",
              "Service": "goalsguild"
            },
            "tier": "Standard",
            "type": "SecureString",
            "value": "1",
            "value_wo": null,
            "value_wo_version": null,
            "version": 1
          },
          "sensitive_attributes": [
            [
              {
                "type": "get_attr",
                "value": "value"
              }
            ],
            [
              {
                "type": "get_attr",
                "value": "value_wo"
              }
            ]
          ],
          "identity_schema_version": 0,
          "identity": {
            "account_id": "838284111015",
            "name": "/goalsguild/user-service/email_token_secret",
            "region": "us-east-2"
          },
          "private": "bnVsbA==",
          "dependencies": [
            "module.network.aws_cognito_user_pool.user_pool",
            "module.network.aws_cognito_user_pool_client.user_pool_client"
          ]
        }
      ]
    },
    {
      "module": "module.network",
      "mode": "managed",
      "type": "aws_ssm_parameter",
      "name": "goals_guild_google_client_id",
      "provider": "module.network.provider[\"registry.terraform.io/hashicorp/aws\"]",
      "instances": [
        {
          "schema_version": 0,
          "attributes": {
            "allowed_pattern": "",
            "arn": "arn:aws:ssm:us-east-2:838284111015:parameter/goalsguild/user-service/google_client_secret",
            "data_type": "text",
            "description": "Client secret for google login ",
            "has_value_wo": false,
            "id": "/goalsguild/user-service/google_client_secret",
            "insecure_value": null,
            "key_id": "alias/aws/ssm",
            "name": "/goalsguild/user-service/google_client_secret",
            "overwrite": null,
            "region": "us-east-2",
            "tags": {
              "Component": "user-service",
              "Environment": "dev",
              "Service": "goalsguild"
            },
            "tags_all": {
              "Component": "user-service",
              "Environment": "dev",
              "Service": "goalsguild"
            },
            "tier": "Standard",
            "type": "SecureString",
            "value": "1",
            "value_wo": null,
            "value_wo_version": null,
            "version": 1
          },
          "sensitive_attributes": [
            [
              {
                "type": "get_attr",
                "value": "value"
              }
            ],
            [
              {
                "type": "get_attr",
                "value": "value_wo"
              }
            ]
          ],
          "identity_schema_version": 0,
          "identity": {
            "account_id": "838284111015",
            "name": "/goalsguild/user-service/google_client_secret",
            "region": "us-east-2"
          },
          "private": "bnVsbA==",
          "dependencies": [
            "module.network.aws_cognito_user_pool.user_pool",
            "module.network.aws_cognito_user_pool_client.user_pool_client"
          ]
        }
      ]
    },
    {
      "module": "module.network",
      "mode": "managed",
      "type": "aws_ssm_parameter",
      "name": "goals_guild_google_client_secret",
      "provider": "module.network.provider[\"registry.terraform.io/hashicorp/aws\"]",
      "instances": [
        {
          "schema_version": 0,
          "attributes": {
            "allowed_pattern": "",
            "arn": "arn:aws:ssm:us-east-2:838284111015:parameter/goalsguild/user-service/google_client_id",
            "data_type": "text",
            "description": "Client id for google login ",
            "has_value_wo": false,
            "id": "/goalsguild/user-service/google_client_id",
            "insecure_value": null,
            "key_id": "alias/aws/ssm",
            "name": "/goalsguild/user-service/google_client_id",
            "overwrite": null,
            "region": "us-east-2",
            "tags": {
              "Component": "user-service",
              "Environment": "dev",
              "Service": "goalsguild"
            },
            "tags_all": {
              "Component": "user-service",
              "Environment": "dev",
              "Service": "goalsguild"
            },
            "tier": "Standard",
            "type": "SecureString",
            "value": "1",
            "value_wo": null,
            "value_wo_version": null,
            "version": 1
          },
          "sensitive_attributes": [
            [
              {
                "type": "get_attr",
                "value": "value"
              }
            ],
            [
              {
                "type": "get_attr",
                "value": "value_wo"
              }
            ]
          ],
          "identity_schema_version": 0,
          "identity": {
            "account_id": "838284111015",
            "name": "/goalsguild/user-service/google_client_id",
            "region": "us-east-2"
          },
          "private": "bnVsbA==",
          "dependencies": [
            "module.network.aws_cognito_user_pool.user_pool",
            "module.network.aws_cognito_user_pool_client.user_pool_client"
          ]
        }
      ]
    },
    {
      "module": "module.network",
      "mode": "managed",
      "type": "aws_ssm_parameter",
      "name": "goals_guild_jwt_secret",
      "provider": "module.network.provider[\"registry.terraform.io/hashicorp/aws\"]",
      "instances": [
        {
          "schema_version": 0,
          "attributes": {
            "allowed_pattern": "",
            "arn": "arn:aws:ssm:us-east-2:838284111015:parameter/goalsguild/user-service/JWT_SECRET",
            "data_type": "text",
            "description": "jwt secret for jwt generation ",
            "has_value_wo": false,
            "id": "/goalsguild/user-service/JWT_SECRET",
            "insecure_value": null,
            "key_id": "alias/aws/ssm",
            "name": "/goalsguild/user-service/JWT_SECRET",
            "overwrite": null,
            "region": "us-east-2",
            "tags": {
              "Component": "user-service",
              "Environment": "dev",
              "Service": "goalsguild"
            },
            "tags_all": {
              "Component": "user-service",
              "Environment": "dev",
              "Service": "goalsguild"
            },
            "tier": "Standard",
            "type": "SecureString",
            "value": "1",
            "value_wo": null,
            "value_wo_version": null,
            "version": 1
          },
          "sensitive_attributes": [
            [
              {
                "type": "get_attr",
                "value": "value"
              }
            ],
            [
              {
                "type": "get_attr",
                "value": "value_wo"
              }
            ]
          ],
          "identity_schema_version": 0,
          "identity": {
            "account_id": "838284111015",
            "name": "/goalsguild/user-service/JWT_SECRET",
            "region": "us-east-2"
          },
          "private": "bnVsbA==",
          "dependencies": [
            "module.network.aws_cognito_user_pool.user_pool",
            "module.network.aws_cognito_user_pool_client.user_pool_client"
          ]
        }
      ]
    },
    {
      "module": "module.network",
      "mode": "managed",
      "type": "aws_ssm_parameter",
      "name": "user_service_env_vars",
      "provider": "module.network.provider[\"registry.terraform.io/hashicorp/aws\"]",
      "instances": [
        {
          "schema_version": 0,
          "attributes": {
            "allowed_pattern": "",
            "arn": "arn:aws:ssm:us-east-2:838284111015:parameter/goalsguild/user-service/env_vars",
            "data_type": "text",
            "description": "JSON object of environment variables for User Service excluding AWS_REGION",
            "has_value_wo": false,
            "id": "/goalsguild/user-service/env_vars",
            "insecure_value": null,
            "key_id": "",
            "name": "/goalsguild/user-service/env_vars",
            "overwrite": null,
            "region": "us-east-2",
            "tags": {
              "Component": "user-service",
              "Environment": "dev",
              "Service": "goalsguild"
            },
            "tags_all": {
              "Component": "user-service",
              "Environment": "dev",
              "Service": "goalsguild"
            },
            "tier": "Standard",
            "type": "String",
            "value": "{\"APP_BASE_URL\":\"http://localhost:5050\",\"COGNITO_CLIENT_ID\":\"2c1e2odalemtnmat8d3ch9l39r\",\"COGNITO_CLIENT_SECRET\":\"q9hkrvnpg3pe4r1ec0dr8ifepq0rfaql0tq6h07g378tvujp7nf\",\"COGNITO_DOMAIN\":\"goalsguild.auth.us-east-2.amazoncognito.com\",\"COGNITO_REGION\":\"us-east-2\",\"COGNITO_USER_POOL_ID\":\"us-east-2_8lNy9Nnx1\",\"DYNAMODB_USERS_TABLE\":\"goalsguild_users\",\"EMAIL_SENDER\":\"no-reply@goalsguild.com\",\"FRONTEND_BASE_URL\":\"https://app.goalsguild.com\",\"JWT_AUDIENCE\":\"api://default\",\"JWT_ISSUER\":\"https://auth.local\",\"LOGIN_ATTEMPTS_TABLE\":\"goalsguild_login_attempts\",\"PASSWORD_KEY\":\"your-encrypted-password-key\"}",
            "value_wo": null,
            "value_wo_version": null,
            "version": 1
          },
          "sensitive_attributes": [
            [
              {
                "type": "get_attr",
                "value": "value"
              }
            ],
            [
              {
                "type": "get_attr",
                "value": "value_wo"
              }
            ]
          ],
          "identity_schema_version": 0,
          "identity": {
            "account_id": "838284111015",
            "name": "/goalsguild/user-service/env_vars",
            "region": "us-east-2"
          },
          "private": "bnVsbA==",
          "dependencies": [
            "module.network.aws_cognito_user_pool.user_pool",
            "module.network.aws_cognito_user_pool_client.user_pool_client"
          ]
        }
      ]
    },
    {
      "module": "module.quest_service_image",
      "mode": "data",
      "type": "aws_caller_identity",
      "name": "me",
      "provider": "module.quest_service_image.provider[\"registry.terraform.io/hashicorp/aws\"]",
      "instances": [
        {
          "schema_version": 0,
          "attributes": {
            "account_id": "838284111015",
            "arn": "arn:aws:sts::838284111015:assumed-role/AWSReservedSSO_AdministratorAccess_a645e868571753cc/AndresAlvarez",
            "id": "838284111015",
            "user_id": "AROA4GLNANSTVDTZXR5GZ:AndresAlvarez"
          },
          "sensitive_attributes": [],
          "identity_schema_version": 0
        }
      ]
    },
    {
      "module": "module.quest_service_image",
      "mode": "data",
      "type": "aws_ecr_authorization_token",
      "name": "ecr",
      "provider": "module.quest_service_image.provider[\"registry.terraform.io/hashicorp/aws\"]",
      "instances": [
        {
          "schema_version": 0,
          "attributes": {
            "authorization_token": "QVdTOmV5SndZWGxzYjJGa0lqb2lSblJ4ZGtSaGRrOXNlRlZTYUZKdFoxWlVhbkZwT0VWSVZGVk5ZUzlPWkZKU1FYUmFNSEpqVG13dlFsaEhZMnQ0YUhSTWMyWlJaRkY2WkhGdFVIUkVaVEphZGtORk1XNTFaRUphZEU5R2NHeEZhV1JyTTJKYUsyZGhSMVYwZUZsWE9EVndNa0lyWVRaa01XRjJhMnMzUVhsMlIwWXZhVWtyUXpkbFYweG5OVUkzU1ZBeE9VZFpLMmRXVjAwdlpYazBNalIwYTA0NVFVSm9jU3RDY1VaVmQxaHNlVGMyVlhONlNXNVlNRFk1WnpCb1NTOUdVakIyTUU1YWNrVjNVVTFpU25SYVdrcDRkRUpyVmxOVGFXODBhVVJvWWxkSlJrMXhWbVpzVVRGU00wVnlhVWgzWnl0akwxTTJMM2hGVDJadVRXbENaRTVUWlhsNVFUZDBZbXN6VUVOcFJrWndLMlpJTm5kYVIzcHRSV3AwVkc5TGVtRnJOVkZ4UlZaVGNrMXRZbk55WlZZdmN6SkNkRU5tYVRsaFkwZEJVV0p1VUVoc1ZVOXRaVzFxUW5OeWQxbHBhVWhPVjA5TVlWWnVVRFpXV1ZGYVJVeHVUemR0Y0hNeGIzTkRibVZoVlRabFZtTldOWEJNVTFGV1RITkVhRVptU0dWcmRFTnBVVGhvTVRkYVJtOTFkblI2ZUZGbmRVMTZZMDV6TldZMFVTOVJhSEZLVTFGT1ZVRm1lVWQxUjJVNU4zVnJOMUpNTTBveFlWTlpUVFEyYmpRM1NEbHVibUZ0Tmxsb1psaHRlRnB4ZGxWaWFIWnRRek56T1cxbVdEYzFMMWhPZFZWcFRqVXlSWFJSUkhkWE5tdGxWVFZMV0dOQk5teGtaWE15VFZNMWEzWXdRMk0wUTJSeFpqRktPRzFuYkVSSVMxZGxLMkpITDI5dVptVkVSV3R6V0ZadFYzcExOR2ROVVU5eGRITjJiVE52YVVKdVZucGhVRkpNVkM5alpIaExXa1JQUVVOdEsxVlplamxZTmxGR00zcFlNbkprVERjMFZIVm5aR2xTTm1Gd2VEQkZjVmh5ZVdSVWJ6RmljbFJVVFZWNFJUYzNabFJ5V1dneUwydHFVMVJ5UmtNNEszZHRiMnQyZURaa1pUbERZbFZQWWxaWGRrVndZVGxvZDBSRWExRlNXRk53U1hsc1RFZHROblpZUlRsdVVXRjBZVkY2WlVKeWVIaGxiVzV1VFVWNlIyaHNRMXBsVGk4elpYVlhNaXRyVTNOV1UzWTVaekJtVHpGVWJFSnlSVmszTWpaWFZGcHRWRWxYTW5wVVkxTnBOMUpDT1hsWFNGbzFRa3MyYjJoU1pFZ3JkMHBzTnlzd1EzWmtURGhJVVZKNEt5dFZVMXBSZW0welVIRnllV05JUkhSb1NreFpVRTk2UVZsVldHdFBVMVJXVjNKemFVUm1hblI0U0VWR1pFaFVielJYVmxJMU9XdFlaVUozVWk5c2FVeDFhRFZzVTFCNWNTdHFNRVJLY0VWT01TOVBkak0wVWtaMVRGQmtSMjlLZURSeFdGTm5VSEJ4UmsxTFJYZFFabXROVG1sT1JWbFlSMVpHU2pselFqVkVjeTlETWxWVU1TOXliVFZFYm1WdVNtbHpVekkzZEc1QmJrSjBibTVGZW5vNGJXbEliSFEyZURKbmIwNXRObk00VG5Rd2JtTmlPSGw2U2xoU1FVMUdkMVJVZWtVMWFqSXdSRTVLTDB4SWNWWXZNR3g2VWpoeVoyOXliMjl0TkhkWGJESnVaR2t3UVZGWWNHeHpSMk51TjJoVlYxTk9UVk5QUVU5aU0yTTJibmxYTDBNMk0yWnROakZaU1M5dFVGaHlhVE53TUhNemMzZzRNMGxXWVdOUVRubHNja3M0ZFZwdVNGQkhVMWN4UXpOU1QzSTVSa2haZGpGbVRGUlJOVGR3V21GRFRVeGFSVTFWVFdOb1RGQkRhMmxsUjNkRU1UWk1la00zVEVOVlltTndRMDVHT0VRMFFWSlpTbkl6ZUU1RlZsYzJZeXQyYzFkSE9WcFdUbFZJTkhFeFEwazBPRmRtYW14VFNIUXJVVGhyZVc5ck0wRnBOREIxZWk5d2ExY3pWMGhZZFhWUVJWaHBVMjVZTmtweVdHZzVVMUprTTFwSVVuSXdkU3Q0Y0haVFJFRlZjazlJTjJJeVRtNHhNbXMxVVUxSmQxbEVTR3gyYlVFNFFqVXZUMFZXUmtaaFdGbHhibFIyZG1jMmRVbE9RVE5RVm5KU2FFcFViR012ZVhabkwybHpkVVphUkN0d2FDOUxUVGhGTkhGSU1YcFBTbnBpSzNwM1JreDNZMnQ2VG1wUGNIQnJVVmRQTUVsd04xcEhSbmR3UVU5V05YZFlUM2RPV2xsamJrUnlOVUYzUFQwaUxDSmtZWFJoYTJWNUlqb2lRVkZGUWtGSWFrSTNMMmxuZDAxbk5FNVFkMkYxY25oVFNWbDRORWhtYm5oMVIyTXZORGhpUkhkMmQwUndUbGxYV21kQlFVRklOSGRtUVZsS1MyOWFTV2gyWTA1QlVXTkhiMGM0ZDJKUlNVSkJSRUp2UW1kcmNXaHJhVWM1ZHpCQ1FuZEZkMGhuV1VwWlNWcEpRVmRWUkVKQlJYVk5Ra1ZGUkUxTFlXRkdUalozUVZKalNqSXZkV2hSU1VKRlNVRTNhR2QxUW1aWFpuQnRTbFJMT1d4R0wxWjZZM1pYTmxOb2NFSm9jSGRJUzFZdmVXSnlVV0pHTW1sSWRsVjNSV3RxUjFWcFYyMXJXRTFoU1dKb04zTlZNbEZuWkVvMVdGcDRiVVZuWjNBclVUMGlMQ0oyWlhKemFXOXVJam9pTWlJc0luUjVjR1VpT2lKRVFWUkJYMHRGV1NJc0ltVjRjR2x5WVhScGIyNGlPakUzTlRjek16WXpPRGQ5",
            "expires_at": "2025-09-08T12:59:47Z",
            "id": "us-east-2",
            "password": "eyJwYXlsb2FkIjoiRnRxdkRhdk9seFVSaFJtZ1ZUanFpOEVIVFVNYS9OZFJSQXRaMHJjTmwvQlhHY2t4aHRMc2ZRZFF6ZHFtUHREZTJadkNFMW51ZEJadE9GcGxFaWRrM2JaK2dhR1V0eFlXODVwMkIrYTZkMWF2a2s3QXl2R0YvaUkrQzdlV0xnNUI3SVAxOUdZK2dWV00vZXk0MjR0a045QUJocStCcUZVd1hseTc2VXN6SW5YMDY5ZzBoSS9GUjB2ME5ackV3UU1iSnRaWkp4dEJrVlNTaW80aURoYldJRk1xVmZsUTFSM0VyaUh3ZytjL1M2L3hFT2ZuTWlCZE5TZXl5QTd0YmszUENpRkZwK2ZINndaR3ptRWp0VG9LemFrNVFxRVZTck1tYnNyZVYvczJCdENmaTlhY0dBUWJuUEhsVU9tZW1qQnNyd1lpaUhOV09MYVZuUDZWWVFaRUxuTzdtcHMxb3NDbmVhVTZlVmNWNXBMU1FWTHNEaEZmSGVrdENpUThoMTdaRm91dnR6eFFndU16Y05zNWY0US9RaHFKU1FOVUFmeUd1R2U5N3VrN1JMM0oxYVNZTTQ2bjQ3SDlubmFtNlloZlhteFpxdlViaHZtQzNzOW1mWDc1L1hOdVVpTjUyRXRRRHdXNmtlVTVLWGNBNmxkZXMyTVM1a3YwQ2M0Q2RxZjFKOG1nbERIS1dlK2JHL29uZmVERWtzWFZtV3pLNGdNUU9xdHN2bTNvaUJuVnphUFJMVC9jZHhLWkRPQUNtK1VZejlYNlFGM3pYMnJkTDc0VHVnZGlSNmFweDBFcVhyeWRUbzFiclRUTVV4RTc3ZlRyWWgyL2tqU1RyRkM4K3dtb2t2eDZkZTlDYlVPYlZXdkVwYTlod0REa1FSWFNwSXlsTEdtNnZYRTluUWF0YVF6ZUJyeHhlbW5uTUV6R2hsQ1plTi8zZXVXMitrU3NWU3Y5ZzBmTzFUbEJyRVk3MjZXVFptVElXMnpUY1NpN1JCOXlXSFo1Qks2b2hSZEgrd0psNyswQ3ZkTDhIUVJ4KytVU1pRem0zUHFyeWNIRHRoSkxZUE96QVlVWGtPU1RWV3JzaURmanR4SEVGZEhUbzRXVlI1OWtYZUJ3Ui9saUx1aDVsU1B5cStqMERKcEVOMS9PdjM0UkZ1TFBkR29KeDRxWFNnUHBxRk1LRXdQZmtNTmlORVlYR1ZGSjlzQjVEcy9DMlVUMS9ybTVEbmVuSmlzUzI3dG5BbkJ0bm5Feno4bWlIbHQ2eDJnb05tNnM4TnQwbmNiOHl6SlhSQU1Gd1RUekU1ajIwRE5KL0xIcVYvMGx6UjhyZ29yb29tNHdXbDJuZGkwQVFYcGxzR2NuN2hVV1NOTVNPQU9iM2M2bnlXL0M2M2ZtNjFZSS9tUFhyaTNwMHMzc3g4M0lWYWNQTnlscks4dVpuSFBHU1cxQzNST3I5RkhZdjFmTFRRNTdwWmFDTUxaRU1VTWNoTFBDa2llR3dEMTZMekM3TENVYmNwQ05GOEQ0QVJZSnIzeE5FVlc2Yyt2c1dHOVpWTlVINHExQ0k0OFdmamxTSHQrUThreW9rM0FpNDB1ei9wa1czV0hYdXVQRVhpU25YNkpyWGg5U1JkM1pIUnIwdSt4cHZTREFVck9IN2IyTm4xMms1UU1Jd1lESGx2bUE4QjUvT0VWRkZhWFlxblR2dmc2dUlOQTNQVnJSaEpUbGMveXZnL2lzdUZaRCtwaC9LTThFNHFIMXpPSnpiK3p3Rkx3Y2t6TmpPcHBrUVdPMElwN1pHRndwQU9WNXdYT3dOWlljbkRyNUF3PT0iLCJkYXRha2V5IjoiQVFFQkFIakI3L2lnd01nNE5Qd2F1cnhTSVl4NEhmbnh1R2MvNDhiRHd2d0RwTllXWmdBQUFINHdmQVlKS29aSWh2Y05BUWNHb0c4d2JRSUJBREJvQmdrcWhraUc5dzBCQndFd0hnWUpZSVpJQVdVREJBRXVNQkVFRE1LYWFGTjZ3QVJjSjIvdWhRSUJFSUE3aGd1QmZXZnBtSlRLOWxGL1Z6Y3ZXNlNocEJocHdIS1YveWJyUWJGMmlIdlV3RWtqR1VpV21rWE1hSWJoN3NVMlFnZEo1WFp4bUVnZ3ArUT0iLCJ2ZXJzaW9uIjoiMiIsInR5cGUiOiJEQVRBX0tFWSIsImV4cGlyYXRpb24iOjE3NTczMzYzODd9",
            "proxy_endpoint": "https://838284111015.dkr.ecr.us-east-2.amazonaws.com",
            "region": "us-east-2",
            "registry_id": "838284111015",
            "user_name": "AWS"
          },
          "sensitive_attributes": [
            [
              {
                "type": "get_attr",
                "value": "authorization_token"
              }
            ],
            [
              {
                "type": "get_attr",
                "value": "password"
              }
            ]
          ],
          "identity_schema_version": 0
        }
      ]
    },
    {
      "module": "module.quest_service_image",
      "mode": "data",
      "type": "aws_ecr_repository",
      "name": "repo",
      "provider": "module.quest_service_image.provider[\"registry.terraform.io/hashicorp/aws\"]",
      "instances": []
    },
    {
      "module": "module.quest_service_image",
      "mode": "managed",
      "type": "aws_ecr_lifecycle_policy",
      "name": "keep_last_3",
      "provider": "module.quest_service_image.provider[\"registry.terraform.io/hashicorp/aws\"]",
      "instances": [
        {
          "index_key": 0,
          "schema_version": 0,
          "attributes": {
            "id": "goalsguild_quest_service",
            "policy": "{\"rules\":[{\"action\":{\"type\":\"expire\"},\"description\":\"Keep last 3 images by count\",\"rulePriority\":1,\"selection\":{\"countNumber\":3,\"countType\":\"imageCountMoreThan\",\"tagStatus\":\"any\"}}]}",
            "region": "us-east-2",
            "registry_id": "838284111015",
            "repository": "goalsguild_quest_service"
          },
          "sensitive_attributes": [],
          "identity_schema_version": 0,
          "identity": {
            "account_id": "838284111015",
            "region": "us-east-2",
            "repository": "goalsguild_quest_service"
          },
          "private": "bnVsbA==",
          "dependencies": [
            "module.quest_service_image.aws_ecr_repository.repo"
          ],
          "create_before_destroy": true
        }
      ]
    },
    {
      "module": "module.quest_service_image",
      "mode": "managed",
      "type": "aws_ecr_repository",
      "name": "repo",
      "provider": "module.quest_service_image.provider[\"registry.terraform.io/hashicorp/aws\"]",
      "instances": [
        {
          "index_key": 0,
          "schema_version": 0,
          "attributes": {
            "arn": "arn:aws:ecr:us-east-2:838284111015:repository/goalsguild_quest_service",
            "encryption_configuration": [
              {
                "encryption_type": "AES256",
                "kms_key": ""
              }
            ],
            "force_delete": true,
            "id": "goalsguild_quest_service",
            "image_scanning_configuration": [
              {
                "scan_on_push": true
              }
            ],
            "image_tag_mutability": "MUTABLE",
            "image_tag_mutability_exclusion_filter": [],
            "name": "goalsguild_quest_service",
            "region": "us-east-2",
            "registry_id": "838284111015",
            "repository_url": "838284111015.dkr.ecr.us-east-2.amazonaws.com/goalsguild_quest_service",
            "tags": {},
            "tags_all": {},
            "timeouts": null
          },
          "sensitive_attributes": [],
          "identity_schema_version": 0,
          "identity": {
            "account_id": "838284111015",
            "name": "goalsguild_quest_service",
            "region": "us-east-2"
          },
          "private": "eyJlMmJmYjczMC1lY2FhLTExZTYtOGY4OC0zNDM2M2JjN2M0YzAiOnsiZGVsZXRlIjoxMjAwMDAwMDAwMDAwfX0=",
          "create_before_destroy": true
        }
      ]
    },
    {
      "module": "module.quest_service_image",
      "mode": "managed",
      "type": "docker_image",
      "name": "app",
      "provider": "module.quest_service_image.provider[\"registry.terraform.io/kreuzwerker/docker\"]",
      "instances": [
        {
          "schema_version": 0,
          "attributes": {
            "build": [
              {
                "auth_config": [],
                "build_args": null,
                "build_id": "",
                "build_log_file": "",
                "builder": "",
                "cache_from": [],
                "cgroup_parent": "",
                "context": "../../../backend/services/quest-service",
                "cpu_period": null,
                "cpu_quota": null,
                "cpu_set_cpus": "",
                "cpu_set_mems": "",
                "cpu_shares": null,
                "dockerfile": "../../../backend/services/quest-service/Dockerfile",
                "extra_hosts": [],
                "force_remove": null,
                "isolation": "",
                "label": null,
                "labels": null,
                "memory": null,
                "memory_swap": null,
                "network_mode": "",
                "no_cache": null,
                "platform": "",
                "pull_parent": null,
                "remote_context": "",
                "remove": true,
                "secrets": [],
                "security_opt": [],
                "session_id": "",
                "shm_size": null,
                "squash": null,
                "suppress_output": null,
                "tag": [],
                "target": "",
                "ulimit": [],
                "version": ""
              }
            ],
            "force_remove": null,
            "id": "sha256:128bfb8ae16df4445eb7af34c93c33312cd573384bb3450ce18ddf7c2cb080f7838284111015.dkr.ecr.us-east-2.amazonaws.com/goalsguild_quest_service:1",
            "image_id": "sha256:128bfb8ae16df4445eb7af34c93c33312cd573384bb3450ce18ddf7c2cb080f7",
            "keep_locally": null,
            "name": "838284111015.dkr.ecr.us-east-2.amazonaws.com/goalsguild_quest_service:1",
            "platform": null,
            "pull_triggers": null,
            "repo_digest": "838284111015.dkr.ecr.us-east-2.amazonaws.com/goalsguild_quest_service@sha256:128bfb8ae16df4445eb7af34c93c33312cd573384bb3450ce18ddf7c2cb080f7",
            "timeouts": null,
            "triggers": null
          },
          "sensitive_attributes": [],
          "identity_schema_version": 0,
          "private": "eyJlMmJmYjczMC1lY2FhLTExZTYtOGY4OC0zNDM2M2JjN2M0YzAiOnsiY3JlYXRlIjoxMjAwMDAwMDAwMDAwLCJkZWxldGUiOjEyMDAwMDAwMDAwMDAsInVwZGF0ZSI6MTIwMDAwMDAwMDAwMH19",
          "dependencies": [
            "module.quest_service_image.aws_ecr_repository.repo",
            "module.quest_service_image.data.aws_caller_identity.me",
            "module.quest_service_image.data.aws_ecr_authorization_token.ecr",
            "module.quest_service_image.data.aws_ecr_repository.repo"
          ],
          "create_before_destroy": true
        }
      ]
    },
    {
      "module": "module.quest_service_image",
      "mode": "managed",
      "type": "docker_registry_image",
      "name": "app",
      "provider": "module.quest_service_image.provider[\"registry.terraform.io/kreuzwerker/docker\"]",
      "instances": [
        {
          "schema_version": 0,
          "attributes": {
            "auth_config": [],
            "id": "sha256:128bfb8ae16df4445eb7af34c93c33312cd573384bb3450ce18ddf7c2cb080f7",
            "insecure_skip_verify": false,
            "keep_remotely": true,
            "name": "838284111015.dkr.ecr.us-east-2.amazonaws.com/goalsguild_quest_service:1",
            "sha256_digest": "sha256:128bfb8ae16df4445eb7af34c93c33312cd573384bb3450ce18ddf7c2cb080f7",
            "triggers": null
          },
          "sensitive_attributes": [],
          "identity_schema_version": 0,
          "private": "bnVsbA==",
          "dependencies": [
            "module.quest_service_image.aws_ecr_repository.repo",
            "module.quest_service_image.data.aws_caller_identity.me",
            "module.quest_service_image.data.aws_ecr_authorization_token.ecr",
            "module.quest_service_image.data.aws_ecr_repository.repo",
            "module.quest_service_image.docker_image.app",
            "module.quest_service_image.null_resource.ecr_login"
          ],
          "create_before_destroy": true
        }
      ]
    },
    {
      "module": "module.quest_service_image",
      "mode": "managed",
      "type": "local_file",
      "name": "version_file",
      "provider": "provider[\"registry.terraform.io/hashicorp/local\"]",
      "instances": [
        {
          "schema_version": 0,
          "attributes": {
            "content": "1",
            "content_base64": null,
            "content_base64sha256": "a4ayc/80/OGda4BO/1o/V0etpOqiLx1JwB5S3beHW0s=",
            "content_base64sha512": "Tf9Oo0DwqCPxXT9PAati6uDl2lecy4Ufjbnf6ExYsrN7iZA6dA4e4XLaeTpuedVg5ff5vQWKEqKAQz7W+kZRCg==",
            "content_md5": "c4ca4238a0b923820dcc509a6f75849b",
            "content_sha1": "356a192b7913b04c54574d18c28d46e6395428ab",
            "content_sha256": "6b86b273ff34fce19d6b804eff5a3f5747ada4eaa22f1d49c01e52ddb7875b4b",
            "content_sha512": "4dff4ea340f0a823f15d3f4f01ab62eae0e5da579ccb851f8db9dfe84c58b2b37b89903a740e1ee172da793a6e79d560e5f7f9bd058a12a280433ed6fa46510a",
            "directory_permission": "0777",
            "file_permission": "0777",
            "filename": "modules/docker_lambda_image/.quest-service_version",
            "id": "356a192b7913b04c54574d18c28d46e6395428ab",
            "sensitive_content": null,
            "source": null
          },
          "sensitive_attributes": [
            [
              {
                "type": "get_attr",
                "value": "sensitive_content"
              }
            ]
          ],
          "identity_schema_version": 0,
          "create_before_destroy": true
        }
      ]
    },
    {
      "module": "module.quest_service_image",
      "mode": "managed",
      "type": "null_resource",
      "name": "ecr_login",
      "provider": "provider[\"registry.terraform.io/hashicorp/null\"]",
      "instances": [
        {
          "schema_version": 0,
          "attributes": {
            "id": "3366205699959917986",
            "triggers": {
              "host": "838284111015.dkr.ecr.us-east-2.amazonaws.com",
              "region": "us-east-2",
              "version": "1"
            }
          },
          "sensitive_attributes": [],
          "identity_schema_version": 0,
          "dependencies": [
            "module.quest_service_image.aws_ecr_repository.repo",
            "module.quest_service_image.data.aws_ecr_repository.repo"
          ],
          "create_before_destroy": true
        }
      ]
    },
    {
      "module": "module.user_service_image",
      "mode": "data",
      "type": "aws_caller_identity",
      "name": "me",
      "provider": "module.user_service_image.provider[\"registry.terraform.io/hashicorp/aws\"]",
      "instances": [
        {
          "schema_version": 0,
          "attributes": {
            "account_id": "838284111015",
            "arn": "arn:aws:sts::838284111015:assumed-role/AWSReservedSSO_AdministratorAccess_a645e868571753cc/AndresAlvarez",
            "id": "838284111015",
            "user_id": "AROA4GLNANSTVDTZXR5GZ:AndresAlvarez"
          },
          "sensitive_attributes": [],
          "identity_schema_version": 0
        }
      ]
    },
    {
      "module": "module.user_service_image",
      "mode": "data",
      "type": "aws_ecr_authorization_token",
      "name": "ecr",
      "provider": "module.user_service_image.provider[\"registry.terraform.io/hashicorp/aws\"]",
      "instances": [
        {
          "schema_version": 0,
          "attributes": {
            "authorization_token": "QVdTOmV5SndZWGxzYjJGa0lqb2llVkpOYm1kRlJHUmtWVlkwTHpGMWRWVXlRaTk1YlV0SlptY3dPVEpHVm5CSWFVNTNWMUIyYjFkVE5WcHljaXRJUkZRNE0wUnBkRVZ0YWpnelRHZFlTa1pEY0VSaFRYQnBSRnB3SzA1TlZEaGxZM05zT0ZCNVFUUmlaR2QzV21WbVJWTXJNRlphVVhjM01qQjJVVTFPTVVGUWJrbFpXVTV5UldZMWIwdEZRbmd5WW1wNlZFVnZTbWR5VkdSTmRXNUdUVEZXZEV0b1p6QktXbkVyZVVST1VsQkRhalF3VVdGc1JXOXpla2g0UVRObWMzVXZWWEpOWXpOclkySjBiWGxwVEhORmRuTXlZeTl0V0RCMmFVNVpVbXgwZFVSb1ExaEdibmhYU200MlJrSnNkMVptTjNSYUwxSjROR0ZaY1ZSbWEyeDJVemg2Y2xkSE1TdGpjRXRMV0RRdmFFNXRabTFLWXpGTU1GVjVTRGN6VUZOcmFpOVNjM2xYZUhwM1JVTmpRV1pOYVdSRk1XcGxNRVoxYjNGU2EwVmxiVFF6TUZScE5EQklZbW8yV25salZEVXlXa3BSSzI1Q1YyeFlhbHByY1VjMmQySjBkV1Y1TVZaRUswdzNZWGx6ZFV4NFlXZHBSMHMwZVZodGRURnZkRkIyUzA5NFdXbFZWR0p3ZDIwcmNtTkZObmhaZG10SFRYQXdOakZuWkVSek1YaG9jRXRGZW5sbVMyMVJUMlk1VjJ3eE9FcDZjMlZSZUVsSllVNHhaSEZRUjNjM1dYZDNia3RITm14emNHUjFTa0U1TldSWmJXUm1aMEZzZEdSaWRHWTRTMlJpU0ZORk1WZDJhRzVCUTFwbmRuUTFaa0YxU0ZKSmJISjVTVGsxY1d0d2QwSlRjM1UwVFUxQ2JrSmlUMGR2ZGxwSlJtRmFVbUZWSzBGR1F5czVNekY2ZEZCV0wxZFNSM3B2YkhKdlkwVmxaVGRrWmpkbFJrRnNXRmxTWlVaWGRpOTZSMHRMVDIxVWFYcDJjekpOWjFaWWNHNUNNSEY1Y0ZVeE5qZ3lha2RUVmpWQ2VGSjZXa3RVTmk4elMyTmxUSGxyYTBJNFRUUkJUMEpWZWpkYVRUQmtWbGxXVkZoUmFsUlJNMlJQTVhkaksxZFZTRlphYzI5V1YxRnVTVk5vTlU5a01VeFlUelptYm1OWmVWbDJTMjU1UjJ4Sk5FaEtkSEZtTWpWWmVsTlBabkJQVjJwMVZFbFZiekZ1UjFCa2FVaEliSEY1ZUhseU4ydHlSbWRuVG1wVU1IUTNPRkIyTmtoNGQyWXdXalJhVkRWd1NERmpPRFJhY2pCR2EyVmxVR2x4YzFkRVVuVkpSMWM1YWtGRVdFbFdlV1Z2UVRsUVpFbG9MMmRqVHpOSGJtdDNTMHhGVlhSV09UZzRUV3cyWm14b2JWZFdXV1ZvUWtzNVpWVnJNVTQzUVdZck5FOVJSbkUzYUZoV2RWVnFPU3RITTBGak9YRkhjMEZyYkZoMlNHMVBNRFphUVNzeVZHSnJhbWczYW13NFFqbDNXbTFITm5sdVFtbDNkbGRuYVRJNWNIZDVRelF3V1VKM2VUSjRZMFIyYTB0TVIyZzVURGhTYWpsMk5rd3hNbWRLYW5jM1lVMVVZMjFKU25SWmJHaFdXVUpCY1hkUWNscE5OVWRSVEhWUmEyVktZbGRDYW1odVoycElUVk52Um1zclZHc3pOVXBRY0dRNGNYWnpRVU4xTVVSSlFYTk5kR2htVFRkcldISkNNbEpSZG10UFR6WjRUa0ozZFUxNGRtRkNUVTgyTVdaTldrSkZZVU51YldWeVkzSnhkVlZCYUc5WlRuYzNSazF1WnpWcmIxcE1hRWhoWm1sVUt5OU1aSE5NUzBwdmRteERTMDkzTW5SQ2RsaERRMjV0VlNzeU1FMXJWVXRqWmpBMGIwdGhXalpMZFdnMlEyWnRVa05XWjBoWmJqWktTalo0T1hodllXaDRMMDE2ZDBOMWJucHdPVTVDT1UxemFITklVR1JCUWxWdlFWZEtWelYwTkZrMGNrWkdSelpTVVN0UU16TXJlWEl5UmxaS1IwcFNhMkV3Y2xkalFYbHNUVk5rZFd0RE9WcFdPWGg1YVZwRmQzcDVRWFJaYkV0c1FtTjNWVUZUT1VWdWNEVXJZV2hHUzNKSVJUVmtRWFZzU1hCQ2RrYzFXVmRMV2tRNVJsRnlXSEp2YVRGaldGUlNOVTFuTkdWWGNUY3JibU0wV1dzeVVFMWlaRFprTjNwUVoyUkpNblZ2YkZSblFWTnNZMk5WTDB4TFIwdDVkRXRuUlRGTmFuZ3pibkkxTldKNEsyeE5NMjQ0TWxoVFkzWjZZWEJsUzBwc1F6aHpOakoyV1d4dFRFTXpUVlJXVlZOalRVWmhVemxuUFQwaUxDSmtZWFJoYTJWNUlqb2lRVkZGUWtGSWFrSTNMMmxuZDAxbk5FNVFkMkYxY25oVFNWbDRORWhtYm5oMVIyTXZORGhpUkhkMmQwUndUbGxYV21kQlFVRklOSGRtUVZsS1MyOWFTV2gyWTA1QlVXTkhiMGM0ZDJKUlNVSkJSRUp2UW1kcmNXaHJhVWM1ZHpCQ1FuZEZkMGhuV1VwWlNWcEpRVmRWUkVKQlJYVk5Ra1ZGUkVkd1kzQTNXVkI2Y2s5T01rUXJOVkJuU1VKRlNVRTNWbTA0U1hKUFpuVkpaRVEyTlVzMmNEVkVNWGh3ZVdSVU5VTkxTbFZTZEhkWFNrSk9ZWEJ4YUVSNFMzQnlTV2hyT0ZOeGJrTlhaMUJXVTNwSVpscDFlVVZ5Um5wM1RWZG9NRkZoYlZBNWN6MGlMQ0oyWlhKemFXOXVJam9pTWlJc0luUjVjR1VpT2lKRVFWUkJYMHRGV1NJc0ltVjRjR2x5WVhScGIyNGlPakUzTlRjek16WTBNRGQ5",
            "expires_at": "2025-09-08T13:00:07Z",
            "id": "us-east-2",
            "password": "eyJwYXlsb2FkIjoieVJNbmdFRGRkVVY0LzF1dVUyQi95bUtJZmcwOTJGVnBIaU53V1B2b1dTNVpycitIRFQ4M0RpdEVtajgzTGdYSkZDcERhTXBpRFpwK05NVDhlY3NsOFB5QTRiZGd3WmVmRVMrMFZaUXc3MjB2UU1OMUFQbklZWU5yRWY1b0tFQngyYmp6VEVvSmdyVGRNdW5GTTFWdEtoZzBKWnEreUROUlBDajQwUWFsRW9zekh4QTNmc3UvVXJNYzNrY2J0bXlpTHNFdnMyYy9tWDB2aU5ZUmx0dURoQ1hGbnhXSm42RkJsd1ZmN3RaL1J4NGFZcVRma2x2Uzh6cldHMStjcEtLWDQvaE5tZm1KYzFMMFV5SDczUFNrai9Sc3lXeHp3RUNjQWZNaWRFMWplMEZ1b3FSa0VlbTQzMFRpNDBIYmo2WnljVDUyWkpRK25CV2xYalprcUc2d2J0dWV5MVZEK0w3YXlzdUx4YWdpR0s0eVhtdTFvdFB2S094WWlVVGJwd20rcmNFNnhZdmtHTXAwNjFnZERzMXhocEtFenlmS21RT2Y5V2wxOEp6c2VReElJYU4xZHFQR3c3WXd3bktHNmxzcGR1SkE5NWRZbWRmZ0FsdGRidGY4S2RiSFNFMVd2aG5BQ1pndnQ1ZkF1SFJJbHJ5STk1cWtwd0JTc3U0TU1CbkJiT0dvdlpJRmFaUmFVK0FGQys5MzF6dFBWL1dSR3pvbHJvY0VlZTdkZjdlRkFsWFlSZUZXdi96R0tLT21UaXp2czJNZ1ZYcG5CMHF5cFUxNjgyakdTVjVCeFJ6WktUNi8zS2NlTHlra0I4TTRBT0JVejdaTTBkVllWVFhRalRRM2RPMXdjK1dVSFZac29WV1FuSVNoNU9kMUxYTzZmbmNZeVl2S255R2xJNEhKdHFmMjVZelNPZnBPV2p1VElVbzFuR1BkaUhIbHF5eHlyN2tyRmdnTmpUMHQ3OFB2Nkh4d2YwWjRaVDVwSDFjODRacjBGa2VlUGlxc1dEUnVJR1c5akFEWElWeWVvQTlQZEloL2djTzNHbmt3S0xFVXRWOTg4TWw2ZmxobVdWWWVoQks5ZVVrMU43QWYrNE9RRnE3aFhWdVVqOStHM0FjOXFHc0FrbFh2SG1PMDZaQSsyVGJramg3amw4Qjl3Wm1HNnluQml3dldnaTI5cHd5QzQwWUJ3eTJ4Y0R2a0tMR2g5TDhSajl2NkwxMmdKanc3YU1UY21JSnRZbGhWWUJBcXdQclpNNUdRTHVRa2VKYldCamhuZ2pITVNvRmsrVGszNUpQcGQ4cXZzQUN1MURJQXNNdGhmTTdrWHJCMlJRdmtPTzZ4TkJ3dU14dmFCTU82MWZNWkJFYUNubWVyY3JxdVVBaG9ZTnc3Rk1uZzVrb1pMaEhhZmlUKy9MZHNMS0pvdmxDS093MnRCdlhDQ25tVSsyME1rVUtjZjA0b0thWjZLdWg2Q2ZtUkNWZ0hZbjZKSjZ4OXhvYWh4L016d0N1bnpwOU5COU1zaHNIUGRBQlVvQVdKVzV0NFk0ckZGRzZSUStQMzMreXIyRlZKR0pSa2EwcldjQXlsTVNkdWtDOVpWOXh5aVpFd3p5QXRZbEtsQmN3VUFTOUVucDUrYWhGS3JIRTVkQXVsSXBCdkc1WVdLWkQ5RlFyWHJvaTFjWFRSNU1nNGVXcTcrbmM0WWsyUE1iZDZkN3pQZ2RJMnVvbFRnQVNsY2NVL0xLR0t5dEtnRTFNangzbnI1NWJ4K2xNM244MlhTY3Z6YXBlS0psQzhzNjJ2WWxtTEMzTVRWVVNjTUZhUzlnPT0iLCJkYXRha2V5IjoiQVFFQkFIakI3L2lnd01nNE5Qd2F1cnhTSVl4NEhmbnh1R2MvNDhiRHd2d0RwTllXWmdBQUFINHdmQVlKS29aSWh2Y05BUWNHb0c4d2JRSUJBREJvQmdrcWhraUc5dzBCQndFd0hnWUpZSVpJQVdVREJBRXVNQkVFREdwY3A3WVB6ck9OMkQrNVBnSUJFSUE3Vm04SXJPZnVJZEQ2NUs2cDVEMXhweWRUNUNLSlVSdHdXSkJOYXBxaER4S3BySWhrOFNxbkNXZ1BWU3pIZlp1eUVyRnp3TVdoMFFhbVA5cz0iLCJ2ZXJzaW9uIjoiMiIsInR5cGUiOiJEQVRBX0tFWSIsImV4cGlyYXRpb24iOjE3NTczMzY0MDd9",
            "proxy_endpoint": "https://838284111015.dkr.ecr.us-east-2.amazonaws.com",
            "region": "us-east-2",
            "registry_id": "838284111015",
            "user_name": "AWS"
          },
          "sensitive_attributes": [
            [
              {
                "type": "get_attr",
                "value": "authorization_token"
              }
            ],
            [
              {
                "type": "get_attr",
                "value": "password"
              }
            ]
          ],
          "identity_schema_version": 0
        }
      ]
    },
    {
      "module": "module.user_service_image",
      "mode": "data",
      "type": "aws_ecr_repository",
      "name": "repo",
      "provider": "module.user_service_image.provider[\"registry.terraform.io/hashicorp/aws\"]",
      "instances": []
    },
    {
      "module": "module.user_service_image",
      "mode": "managed",
      "type": "aws_ecr_lifecycle_policy",
      "name": "keep_last_3",
      "provider": "module.user_service_image.provider[\"registry.terraform.io/hashicorp/aws\"]",
      "instances": [
        {
          "index_key": 0,
          "schema_version": 0,
          "attributes": {
            "id": "goalsguild_user_service",
            "policy": "{\"rules\":[{\"action\":{\"type\":\"expire\"},\"description\":\"Keep last 3 images by count\",\"rulePriority\":1,\"selection\":{\"countNumber\":3,\"countType\":\"imageCountMoreThan\",\"tagStatus\":\"any\"}}]}",
            "region": "us-east-2",
            "registry_id": "838284111015",
            "repository": "goalsguild_user_service"
          },
          "sensitive_attributes": [],
          "identity_schema_version": 0,
          "identity": {
            "account_id": "838284111015",
            "region": "us-east-2",
            "repository": "goalsguild_user_service"
          },
          "private": "bnVsbA==",
          "dependencies": [
            "module.user_service_image.aws_ecr_repository.repo"
          ],
          "create_before_destroy": true
        }
      ]
    },
    {
      "module": "module.user_service_image",
      "mode": "managed",
      "type": "aws_ecr_repository",
      "name": "repo",
      "provider": "module.user_service_image.provider[\"registry.terraform.io/hashicorp/aws\"]",
      "instances": [
        {
          "index_key": 0,
          "schema_version": 0,
          "attributes": {
            "arn": "arn:aws:ecr:us-east-2:838284111015:repository/goalsguild_user_service",
            "encryption_configuration": [
              {
                "encryption_type": "AES256",
                "kms_key": ""
              }
            ],
            "force_delete": true,
            "id": "goalsguild_user_service",
            "image_scanning_configuration": [
              {
                "scan_on_push": true
              }
            ],
            "image_tag_mutability": "MUTABLE",
            "image_tag_mutability_exclusion_filter": [],
            "name": "goalsguild_user_service",
            "region": "us-east-2",
            "registry_id": "838284111015",
            "repository_url": "838284111015.dkr.ecr.us-east-2.amazonaws.com/goalsguild_user_service",
            "tags": {},
            "tags_all": {},
            "timeouts": null
          },
          "sensitive_attributes": [],
          "identity_schema_version": 0,
          "identity": {
            "account_id": "838284111015",
            "name": "goalsguild_user_service",
            "region": "us-east-2"
          },
          "private": "eyJlMmJmYjczMC1lY2FhLTExZTYtOGY4OC0zNDM2M2JjN2M0YzAiOnsiZGVsZXRlIjoxMjAwMDAwMDAwMDAwfX0=",
          "create_before_destroy": true
        }
      ]
    },
    {
      "module": "module.user_service_image",
      "mode": "managed",
      "type": "docker_image",
      "name": "app",
      "provider": "module.user_service_image.provider[\"registry.terraform.io/kreuzwerker/docker\"]",
      "instances": [
        {
          "schema_version": 0,
          "attributes": {
            "build": [
              {
                "auth_config": [],
                "build_args": null,
                "build_id": "",
                "build_log_file": "",
                "builder": "",
                "cache_from": [],
                "cgroup_parent": "",
                "context": "../../../backend/services/user-service",
                "cpu_period": null,
                "cpu_quota": null,
                "cpu_set_cpus": "",
                "cpu_set_mems": "",
                "cpu_shares": null,
                "dockerfile": "../../../backend/services/user-service/Dockerfile",
                "extra_hosts": [],
                "force_remove": null,
                "isolation": "",
                "label": null,
                "labels": null,
                "memory": null,
                "memory_swap": null,
                "network_mode": "",
                "no_cache": null,
                "platform": "",
                "pull_parent": null,
                "remote_context": "",
                "remove": true,
                "secrets": [],
                "security_opt": [],
                "session_id": "",
                "shm_size": null,
                "squash": null,
                "suppress_output": null,
                "tag": [],
                "target": "",
                "ulimit": [],
                "version": ""
              }
            ],
            "force_remove": null,
            "id": "sha256:45adc071d7330147f62cb89f097c513aec06908c23f52cabf36db3ebfb78a2ad838284111015.dkr.ecr.us-east-2.amazonaws.com/goalsguild_user_service:1",
            "image_id": "sha256:45adc071d7330147f62cb89f097c513aec06908c23f52cabf36db3ebfb78a2ad",
            "keep_locally": null,
            "name": "838284111015.dkr.ecr.us-east-2.amazonaws.com/goalsguild_user_service:1",
            "platform": null,
            "pull_triggers": null,
            "repo_digest": "838284111015.dkr.ecr.us-east-2.amazonaws.com/goalsguild_user_service@sha256:45adc071d7330147f62cb89f097c513aec06908c23f52cabf36db3ebfb78a2ad",
            "timeouts": null,
            "triggers": null
          },
          "sensitive_attributes": [],
          "identity_schema_version": 0,
          "private": "eyJlMmJmYjczMC1lY2FhLTExZTYtOGY4OC0zNDM2M2JjN2M0YzAiOnsiY3JlYXRlIjoxMjAwMDAwMDAwMDAwLCJkZWxldGUiOjEyMDAwMDAwMDAwMDAsInVwZGF0ZSI6MTIwMDAwMDAwMDAwMH19",
          "dependencies": [
            "module.user_service_image.aws_ecr_repository.repo",
            "module.user_service_image.data.aws_caller_identity.me",
            "module.user_service_image.data.aws_ecr_authorization_token.ecr",
            "module.user_service_image.data.aws_ecr_repository.repo"
          ],
          "create_before_destroy": true
        }
      ]
    },
    {
      "module": "module.user_service_image",
      "mode": "managed",
      "type": "docker_registry_image",
      "name": "app",
      "provider": "module.user_service_image.provider[\"registry.terraform.io/kreuzwerker/docker\"]",
      "instances": [
        {
          "schema_version": 0,
          "attributes": {
            "auth_config": [],
            "id": "sha256:45adc071d7330147f62cb89f097c513aec06908c23f52cabf36db3ebfb78a2ad",
            "insecure_skip_verify": false,
            "keep_remotely": true,
            "name": "838284111015.dkr.ecr.us-east-2.amazonaws.com/goalsguild_user_service:1",
            "sha256_digest": "sha256:45adc071d7330147f62cb89f097c513aec06908c23f52cabf36db3ebfb78a2ad",
            "triggers": null
          },
          "sensitive_attributes": [],
          "identity_schema_version": 0,
          "private": "bnVsbA==",
          "dependencies": [
            "module.user_service_image.aws_ecr_repository.repo",
            "module.user_service_image.data.aws_caller_identity.me",
            "module.user_service_image.data.aws_ecr_authorization_token.ecr",
            "module.user_service_image.data.aws_ecr_repository.repo",
            "module.user_service_image.docker_image.app",
            "module.user_service_image.null_resource.ecr_login"
          ],
          "create_before_destroy": true
        }
      ]
    },
    {
      "module": "module.user_service_image",
      "mode": "managed",
      "type": "local_file",
      "name": "version_file",
      "provider": "provider[\"registry.terraform.io/hashicorp/local\"]",
      "instances": [
        {
          "schema_version": 0,
          "attributes": {
            "content": "1",
            "content_base64": null,
            "content_base64sha256": "a4ayc/80/OGda4BO/1o/V0etpOqiLx1JwB5S3beHW0s=",
            "content_base64sha512": "Tf9Oo0DwqCPxXT9PAati6uDl2lecy4Ufjbnf6ExYsrN7iZA6dA4e4XLaeTpuedVg5ff5vQWKEqKAQz7W+kZRCg==",
            "content_md5": "c4ca4238a0b923820dcc509a6f75849b",
            "content_sha1": "356a192b7913b04c54574d18c28d46e6395428ab",
            "content_sha256": "6b86b273ff34fce19d6b804eff5a3f5747ada4eaa22f1d49c01e52ddb7875b4b",
            "content_sha512": "4dff4ea340f0a823f15d3f4f01ab62eae0e5da579ccb851f8db9dfe84c58b2b37b89903a740e1ee172da793a6e79d560e5f7f9bd058a12a280433ed6fa46510a",
            "directory_permission": "0777",
            "file_permission": "0777",
            "filename": "modules/docker_lambda_image/.user-service_version",
            "id": "356a192b7913b04c54574d18c28d46e6395428ab",
            "sensitive_content": null,
            "source": null
          },
          "sensitive_attributes": [
            [
              {
                "type": "get_attr",
                "value": "sensitive_content"
              }
            ]
          ],
          "identity_schema_version": 0,
          "create_before_destroy": true
        }
      ]
    },
    {
      "module": "module.user_service_image",
      "mode": "managed",
      "type": "null_resource",
      "name": "ecr_login",
      "provider": "provider[\"registry.terraform.io/hashicorp/null\"]",
      "instances": [
        {
          "schema_version": 0,
          "attributes": {
            "id": "3514681500472743608",
            "triggers": {
              "host": "838284111015.dkr.ecr.us-east-2.amazonaws.com",
              "region": "us-east-2",
              "version": "1"
            }
          },
          "sensitive_attributes": [],
          "identity_schema_version": 0,
          "dependencies": [
            "module.user_service_image.aws_ecr_repository.repo",
            "module.user_service_image.data.aws_ecr_repository.repo"
          ],
          "create_before_destroy": true
        }
      ]
    }
  ],
  "check_results": null
}
