{
  "version": 4,
  "terraform_version": "1.12.2",
  "serial": 7622,
  "lineage": "7024dad6-44b4-0759-b2ac-cf6f1db95d76",
  "outputs": {
    "api_gateway_api_key_value": {
      "value": "beckp4hwrlq3ztxc7l2xbabhkwaag10r",
      "type": "string",
      "sensitive": true
    },
    "api_invoke_url": {
      "value": "https://tuffc5cto8.execute-api.us-east-2.amazonaws.com/v1",
      "type": "string"
    },
    "appsync_api_arn": {
      "value": "arn:aws:appsync:us-east-2:838284111015:apis/w7lrzkdyu5f7fkj7onzg6qkutu",
      "type": "string"
    },
    "appsync_api_id": {
      "value": "w7lrzkdyu5f7fkj7onzg6qkutu",
      "type": "string"
    },
    "appsync_api_key_expires": {
      "value": "2025-09-16T19:00:00Z",
      "type": "string"
    },
    "appsync_api_key_expires_human": {
      "value": "2025-09-16 07:00:00 UTC",
      "type": "string"
    },
    "appsync_api_key_id": {
      "value": "w7lrzkdyu5f7fkj7onzg6qkutu:da2-hkuxsuhxszhafjbwyqmg6gqzkq",
      "type": "string"
    },
    "appsync_graphql_url": {
      "value": "https://f7qjx3q3nfezdnix3wuyxtrnre.appsync-api.us-east-2.amazonaws.com/graphql",
      "type": "string"
    },
    "cognito_user_pool_client_id": {
      "value": "2c1e2odalemtnmat8d3ch9l39r",
      "type": "string"
    },
    "cognito_user_pool_id": {
      "value": "us-east-2_8lNy9Nnx1",
      "type": "string"
    },
    "dynamodb_quests_table_name": {
      "value": "goalsguild_quests_dev",
      "type": "string"
    },
    "dynamodb_users_table_name": {
      "value": "goalsguild_users_dev",
      "type": "string"
    },
    "lambda_exec_role_arn": {
      "value": "arn:aws:iam::838284111015:role/goalsguild_lambda_exec_role_dev",
      "type": "string"
    },
    "lambda_quest_service_function_name": {
      "value": "goalsguild_quest_service_dev",
      "type": "string"
    },
    "lambda_user_service_function_name": {
      "value": "goalsguild_user_service_dev",
      "type": "string"
    },
    "table_name": {
      "value": "gg_core",
      "type": "string"
    }
  },
  "resources": [
    {
      "mode": "data",
      "type": "aws_caller_identity",
      "name": "current",
      "provider": "provider[\"registry.terraform.io/hashicorp/aws\"]",
      "instances": [
        {
          "schema_version": 0,
          "attributes": {
            "account_id": "838284111015",
            "arn": "arn:aws:sts::838284111015:assumed-role/AWSReservedSSO_AdministratorAccess_a645e868571753cc/AndresAlvarez",
            "id": "838284111015",
            "user_id": "AROA4GLNANSTVDTZXR5GZ:AndresAlvarez"
          },
          "sensitive_attributes": [],
          "identity_schema_version": 0
        }
      ]
    },
    {
      "mode": "data",
      "type": "aws_partition",
      "name": "current",
      "provider": "provider[\"registry.terraform.io/hashicorp/aws\"]",
      "instances": [
        {
          "schema_version": 0,
          "attributes": {
            "dns_suffix": "amazonaws.com",
            "id": "aws",
            "partition": "aws",
            "reverse_dns_prefix": "com.amazonaws"
          },
          "sensitive_attributes": [],
          "identity_schema_version": 0
        }
      ]
    },
    {
      "mode": "managed",
      "type": "aws_dynamodb_table",
      "name": "login_attempts",
      "provider": "provider[\"registry.terraform.io/hashicorp/aws\"]",
      "instances": [
        {
          "schema_version": 1,
          "attributes": {
            "arn": "arn:aws:dynamodb:us-east-2:838284111015:table/goalsguild_login_attempts",
            "attribute": [
              {
                "name": "pk",
                "type": "S"
              },
              {
                "name": "ts",
                "type": "N"
              }
            ],
            "billing_mode": "PAY_PER_REQUEST",
            "deletion_protection_enabled": false,
            "global_secondary_index": [],
            "hash_key": "pk",
            "id": "goalsguild_login_attempts",
            "import_table": [],
            "local_secondary_index": [],
            "name": "goalsguild_login_attempts",
            "on_demand_throughput": [],
            "point_in_time_recovery": [
              {
                "enabled": true,
                "recovery_period_in_days": 35
              }
            ],
            "range_key": "ts",
            "read_capacity": 0,
            "region": "us-east-2",
            "replica": [],
            "restore_date_time": null,
            "restore_source_name": null,
            "restore_source_table_arn": null,
            "restore_to_latest_time": null,
            "server_side_encryption": [
              {
                "enabled": true,
                "kms_key_arn": ""
              }
            ],
            "stream_arn": "",
            "stream_enabled": false,
            "stream_label": "",
            "stream_view_type": "",
            "table_class": "STANDARD",
            "tags": {
              "Component": "login-attempts",
              "Environment": "dev",
              "Service": "user-service"
            },
            "tags_all": {
              "Component": "login-attempts",
              "Environment": "dev",
              "Service": "user-service"
            },
            "timeouts": null,
            "ttl": [
              {
                "attribute_name": "ttl",
                "enabled": true
              }
            ],
            "write_capacity": 0
          },
          "sensitive_attributes": [],
          "identity_schema_version": 0,
          "private": "eyJlMmJmYjczMC1lY2FhLTExZTYtOGY4OC0zNDM2M2JjN2M0YzAiOnsiY3JlYXRlIjoxODAwMDAwMDAwMDAwLCJkZWxldGUiOjYwMDAwMDAwMDAwMCwidXBkYXRlIjozNjAwMDAwMDAwMDAwfSwic2NoZW1hX3ZlcnNpb24iOiIxIn0="
        }
      ]
    },
    {
      "module": "module.appsync",
      "mode": "managed",
      "type": "aws_appsync_api_key",
      "name": "this",
      "provider": "provider[\"registry.terraform.io/hashicorp/aws\"]",
      "instances": [
        {
          "index_key": 0,
          "schema_version": 0,
          "attributes": {
            "api_id": "w7lrzkdyu5f7fkj7onzg6qkutu",
            "api_key_id": "da2-hkuxsuhxszhafjbwyqmg6gqzkq",
            "description": "Managed by Terraform",
            "expires": "2025-09-16T19:00:00Z",
            "id": "w7lrzkdyu5f7fkj7onzg6qkutu:da2-hkuxsuhxszhafjbwyqmg6gqzkq",
            "key": "da2-hkuxsuhxszhafjbwyqmg6gqzkq",
            "region": "us-east-2"
          },
          "sensitive_attributes": [
            [
              {
                "type": "get_attr",
                "value": "key"
              }
            ]
          ],
          "identity_schema_version": 0,
          "private": "bnVsbA==",
          "dependencies": [
            "module.appsync.aws_appsync_graphql_api.this",
            "module.appsync.aws_iam_role.appsync_logs",
            "module.iam.aws_iam_role.lambda_authorizer_role",
            "module.lambda_authorizer.aws_lambda_function.this",
            "module.lambda_authorizer.data.archive_file.lambda_zip",
            "module.lambda_authorizer.null_resource.build_bash",
            "module.lambda_authorizer.null_resource.build_ps"
          ]
        }
      ]
    },
    {
      "module": "module.appsync",
      "mode": "managed",
      "type": "aws_appsync_datasource",
      "name": "ddb",
      "provider": "provider[\"registry.terraform.io/hashicorp/aws\"]",
      "instances": [
        {
          "schema_version": 0,
          "attributes": {
            "api_id": "w7lrzkdyu5f7fkj7onzg6qkutu",
            "arn": "arn:aws:appsync:us-east-2:838284111015:apis/w7lrzkdyu5f7fkj7onzg6qkutu/datasources/DDB",
            "description": "",
            "dynamodb_config": [
              {
                "delta_sync_config": [],
                "region": "us-east-2",
                "table_name": "gg_core",
                "use_caller_credentials": false,
                "versioned": false
              }
            ],
            "elasticsearch_config": [],
            "event_bridge_config": [],
            "http_config": [],
            "id": "w7lrzkdyu5f7fkj7onzg6qkutu-DDB",
            "lambda_config": [],
            "name": "DDB",
            "opensearchservice_config": [],
            "region": "us-east-2",
            "relational_database_config": [],
            "service_role_arn": "arn:aws:iam::838284111015:role/goalsguild-dev-api-ds-ddb-role",
            "type": "AMAZON_DYNAMODB"
          },
          "sensitive_attributes": [],
          "identity_schema_version": 0,
          "private": "bnVsbA==",
          "dependencies": [
            "module.appsync.aws_appsync_graphql_api.this",
            "module.appsync.aws_iam_role.appsync_logs",
            "module.appsync.aws_iam_role.ds_ddb_role",
            "module.ddb.aws_dynamodb_table.this",
            "module.iam.aws_iam_role.lambda_authorizer_role",
            "module.lambda_authorizer.aws_lambda_function.this",
            "module.lambda_authorizer.data.archive_file.lambda_zip",
            "module.lambda_authorizer.null_resource.build_bash",
            "module.lambda_authorizer.null_resource.build_ps"
          ]
        }
      ]
    },
    {
      "module": "module.appsync",
      "mode": "managed",
      "type": "aws_appsync_datasource",
      "name": "none",
      "provider": "provider[\"registry.terraform.io/hashicorp/aws\"]",
      "instances": [
        {
          "schema_version": 0,
          "attributes": {
            "api_id": "w7lrzkdyu5f7fkj7onzg6qkutu",
            "arn": "arn:aws:appsync:us-east-2:838284111015:apis/w7lrzkdyu5f7fkj7onzg6qkutu/datasources/NONE",
            "description": "",
            "dynamodb_config": [],
            "elasticsearch_config": [],
            "event_bridge_config": [],
            "http_config": [],
            "id": "w7lrzkdyu5f7fkj7onzg6qkutu-NONE",
            "lambda_config": [],
            "name": "NONE",
            "opensearchservice_config": [],
            "region": "us-east-2",
            "relational_database_config": [],
            "service_role_arn": "",
            "type": "NONE"
          },
          "sensitive_attributes": [],
          "identity_schema_version": 0,
          "private": "bnVsbA==",
          "dependencies": [
            "module.appsync.aws_appsync_graphql_api.this",
            "module.appsync.aws_iam_role.appsync_logs",
            "module.iam.aws_iam_role.lambda_authorizer_role",
            "module.lambda_authorizer.aws_lambda_function.this",
            "module.lambda_authorizer.data.archive_file.lambda_zip",
            "module.lambda_authorizer.null_resource.build_bash",
            "module.lambda_authorizer.null_resource.build_ps"
          ]
        }
      ]
    },
    {
      "module": "module.appsync",
      "mode": "managed",
      "type": "aws_appsync_graphql_api",
      "name": "this",
      "provider": "provider[\"registry.terraform.io/hashicorp/aws\"]",
      "instances": [
        {
          "schema_version": 0,
          "attributes": {
            "additional_authentication_provider": [
              {
                "authentication_type": "API_KEY",
                "lambda_authorizer_config": [],
                "openid_connect_config": [],
                "user_pool_config": []
              }
            ],
            "api_type": "GRAPHQL",
            "arn": "arn:aws:appsync:us-east-2:838284111015:apis/w7lrzkdyu5f7fkj7onzg6qkutu",
            "authentication_type": "AWS_LAMBDA",
            "enhanced_metrics_config": [],
            "id": "w7lrzkdyu5f7fkj7onzg6qkutu",
            "introspection_config": "ENABLED",
            "lambda_authorizer_config": [
              {
                "authorizer_result_ttl_in_seconds": 300,
                "authorizer_uri": "arn:aws:lambda:us-east-2:838284111015:function:goalsguild_authorizer_dev",
                "identity_validation_expression": "^(Bearer\\s+)?[A-Za-z0-9-_]+\\.[A-Za-z0-9-_]+\\.[A-Za-z0-9-_]+$"
              }
            ],
            "log_config": [
              {
                "cloudwatch_logs_role_arn": "arn:aws:iam::838284111015:role/goalsguild-dev-api-cw-logs-role",
                "exclude_verbose_content": false,
                "field_log_level": "ALL"
              }
            ],
            "merged_api_execution_role_arn": "",
            "name": "goalsguild-dev-api",
            "openid_connect_config": [],
            "query_depth_limit": 0,
            "region": "us-east-2",
            "resolver_count_limit": 0,
            "schema": "# ---------------------------------------\r\n# schema.graphql (AppSync-compatible)\r\n# Default auth: AWS Lambda (Lambda Authorizer)\r\n# Additional auth: API Key (for the few public ops below)\r\n# ---------------------------------------\r\n\r\n# AWS Scalars\r\nscalar AWSDateTime\r\nscalar AWSDate\r\nscalar AWSTimestamp\r\nscalar AWSJSON\r\n\r\n# Enums\r\nenum GoalStatus {\r\n  active\r\n  paused\r\n  completed\r\n  archived\r\n}\r\n\r\nenum TaskStatus {\r\n  open\r\n  in_progress\r\n  done\r\n  canceled\r\n}\r\n\r\n# ----------------\r\n# Core Types\r\n# ----------------\r\n\r\ntype User {\r\n  id: ID!\r\n  email: String\r\n  fullName: String\r\n  nickname: String\r\n  birthDate: AWSDate\r\n  status: String\r\n  country: String\r\n  language: String\r\n  gender: String\r\n  pronouns: String\r\n  bio: String\r\n  tags: [String!]!\r\n  tier: String!                 # \"free\" | \"premium\" etc.\r\n  createdAt: AWSTimestamp\r\n  updatedAt: AWSTimestamp\r\n  ageYears: Int\r\n}\r\n\r\n# Typed answer pair for goals\r\ntype Answer {\r\n  key: String!\r\n  answer: String!\r\n}\r\n\r\ninput AnswerInput {\r\n  key: String!\r\n  answer: String!\r\n}\r\n\r\ntype Goal {\r\n  id: ID!\r\n  userId: ID!\r\n  title: String!\r\n  description: String\r\n  tags: [String!]\r\n  deadline: AWSDate\r\n  status: GoalStatus!\r\n  createdAt: AWSTimestamp\r\n  updatedAt: AWSTimestamp\r\n  answers: [Answer!]\r\n}\r\n\r\n# Task type (simplified for example)\r\ntype Task {\r\n  id: ID!\r\n  goalId: ID!\r\n  title: String!\r\n  dueAt: Int!\r\n  status: String!\r\n  createdAt: Int!\r\n  updatedAt: Int!\r\n  tags: [String!]!\r\n}\r\n\r\ntype Message {\r\n  id: ID!\r\n  roomId: ID!\r\n  senderId: ID!\r\n  text: String!\r\n  ts: AWSTimestamp!\r\n}\r\n\r\ntype Offer {\r\n  id: ID!\r\n  title: String!\r\n  url: String!\r\n  tags: [String!]\r\n  validTo: AWSDateTime\r\n}\r\n\r\n# ----------------\r\n# Queries\r\n# ----------------\r\n\r\ntype Query {\r\n  me: User\r\n  user(userId: ID!): User\r\n  goals(userId: ID!): [Goal!]!\r\n  activeGoalsCount(userId: ID!): Int!\r\n  myGoals: [Goal!]!\r\n  myTasks(goalId: ID!): [Task!]!\r\n  tasks(goalId: ID!): [Task!]!\r\n  messages(roomId: ID!, after: AWSTimestamp, limit: Int = 50): [Message!]!\r\n  offers(tags: [String!], limit: Int = 20): [Offer!]!\r\n\r\n  # Public checks (API key)\r\n  isEmailAvailable(email: String!): Boolean! @aws_api_key\r\n  isNicknameAvailable(nickname: String!): Boolean! @aws_api_key\r\n}\r\n\r\n# ----------------\r\n# Mutations\r\n# ----------------\r\n\r\ntype Mutation {\r\n  \"\"\"\r\n  Create a user profile. Accepts a bcrypt password hash (NEVER plaintext).\r\n  The resolver sets tier to 'free' by default.\r\n  \"\"\"\r\n  createUser(input: CreateUserInput!): User! @aws_api_key \r\n\r\n  \"\"\"\r\n  Post a message to a chat room.\r\n  \"\"\"\r\n  sendMessage(roomId: ID!, text: String!): Message!\r\n}\r\n\r\n# ----------------\r\n# Subscriptions\r\n# ----------------\r\n\r\ntype Subscription {\r\n  \"\"\"\r\n  Subscribe to new messages for a room. Requires the same roomId as in sendMessage.\r\n  \"\"\"\r\n  onMessage(roomId: ID!): Message!\r\n    @aws_subscribe(mutations: [\"sendMessage\"])\r\n}\r\n\r\n# ----------------\r\n# Inputs\r\n# ----------------\r\n\r\ninput CreateUserInput {\r\n  email: String!\r\n  fullName: String!\r\n  nickname: String!\r\n  birthDate: AWSDate\r\n  status: String\r\n  country: String!\r\n  language: String = \"en\"\r\n  gender: String\r\n  pronouns: String\r\n  bio: String\r\n  tags: [String!]\r\n  passwordHash: String       # bcrypt hash; hashing is done outside this API\r\n  password: String           # DEV ONLY: plaintext accepted for non-production\r\n}\r\n\r\ninput GoalInput {\r\n  title: String!\r\n  description: String\r\n  tags: [String!]\r\n  deadline: AWSDate!    # required to match resolver validation\r\n  answers: [AnswerInput!]\r\n}\r\n\r\n\r\n\r\n\r\n# Input type for Task creation, including tags consistent with goals\r\ninput TaskInput {\r\n  goalId: ID!\r\n  title: String!\r\n  dueAt: Int! # epoch seconds\r\n  tags: [String!]! # tags consistent with goals\r\n}\r\n\r\n\r\n\r\n# Non-public mutation for creating a task\r\nextend type Mutation {\r\n  \"\"\"\r\n  Non-public mutation to create a new task associated with a goal.\r\n  Requires authentication.\r\n  \"\"\"\r\n  #  Add a task under a goal owned by the current user.\r\n  createTask(input: TaskInput!): Task!\r\n\r\n\r\n}\r\n\r\n\r\n# ----------------\r\n# Root Schema\r\n# ----------------\r\n\r\nschema {\r\n  query: Query\r\n  mutation: Mutation\r\n  subscription: Subscription\r\n}\r\n",
            "tags": {
              "Component": "BackendApis",
              "Environment": "dev",
              "Project": "goalsguild"
            },
            "tags_all": {
              "Component": "BackendApis",
              "Environment": "dev",
              "Project": "goalsguild"
            },
            "uris": {
              "GRAPHQL": "https://f7qjx3q3nfezdnix3wuyxtrnre.appsync-api.us-east-2.amazonaws.com/graphql",
              "REALTIME": "wss://f7qjx3q3nfezdnix3wuyxtrnre.appsync-realtime-api.us-east-2.amazonaws.com/graphql"
            },
            "user_pool_config": [],
            "visibility": "GLOBAL",
            "xray_enabled": false
          },
          "sensitive_attributes": [],
          "identity_schema_version": 0,
          "private": "bnVsbA==",
          "dependencies": [
            "module.appsync.aws_iam_role.appsync_logs",
            "module.iam.aws_iam_role.lambda_authorizer_role",
            "module.lambda_authorizer.aws_lambda_function.this",
            "module.lambda_authorizer.data.archive_file.lambda_zip",
            "module.lambda_authorizer.null_resource.build_bash",
            "module.lambda_authorizer.null_resource.build_ps"
          ]
        }
      ]
    },
    {
      "module": "module.appsync",
      "mode": "managed",
      "type": "aws_appsync_resolver",
      "name": "unit",
      "provider": "provider[\"registry.terraform.io/hashicorp/aws\"]",
      "instances": [
        {
          "index_key": "Mutation.sendMessage",
          "schema_version": 0,
          "attributes": {
            "api_id": "w7lrzkdyu5f7fkj7onzg6qkutu",
            "arn": "arn:aws:appsync:us-east-2:838284111015:apis/w7lrzkdyu5f7fkj7onzg6qkutu/types/Mutation/resolvers/sendMessage",
            "caching_config": [],
            "code": "// resolvers/sendMessage.js\r\nimport { util } from '@aws-appsync/utils';\r\nimport { put } from '@aws-appsync/utils/dynamodb';\r\n\r\nexport function request(ctx) {\r\n  const identity = ctx.identity || {};\r\n  const senderId = identity.sub;\r\n  if (!senderId) util.unauthorized();\r\n\r\n  const args = ctx.args || {};\r\n  const roomId = args.roomId;\r\n  const text = args.text;\r\n  if (!roomId) util.error('roomId required', 'Validation');\r\n  if (!text) util.error('text required', 'Validation');\r\n\r\n  const ts = util.time.nowEpochMilliSeconds();\r\n  const id = util.autoId();\r\n\r\n  const item = {\r\n    PK: 'ROOM#' + roomId,\r\n    SK: 'MSG#' + ts + '#' + id,\r\n    type: 'Message',\r\n    id: id,\r\n    roomId: roomId,\r\n    senderId: senderId,\r\n    text: text,\r\n    ts: ts\r\n  };\r\n\r\n  return put({ item: item });\r\n}\r\n\r\nexport function response(ctx) {\r\n  if (ctx.error) util.error(ctx.error.message, ctx.error.type);\r\n  const a = (ctx.result \u0026\u0026 ctx.result.attributes) ? ctx.result.attributes : ctx.result;\r\n  return {\r\n    id: a.id,\r\n    roomId: a.roomId,\r\n    senderId: a.senderId,\r\n    text: a.text,\r\n    ts: a.ts\r\n  };\r\n}\r\n",
            "data_source": "DDB",
            "field": "sendMessage",
            "id": "w7lrzkdyu5f7fkj7onzg6qkutu-Mutation-sendMessage",
            "kind": "UNIT",
            "max_batch_size": 0,
            "pipeline_config": [],
            "region": "us-east-2",
            "request_template": "",
            "response_template": "",
            "runtime": [
              {
                "name": "APPSYNC_JS",
                "runtime_version": "1.0.0"
              }
            ],
            "sync_config": [],
            "type": "Mutation"
          },
          "sensitive_attributes": [],
          "identity_schema_version": 0,
          "private": "bnVsbA==",
          "dependencies": [
            "module.appsync.aws_appsync_datasource.ddb",
            "module.appsync.aws_appsync_graphql_api.this",
            "module.appsync.aws_iam_role.appsync_logs",
            "module.appsync.aws_iam_role.ds_ddb_role",
            "module.ddb.aws_dynamodb_table.this",
            "module.iam.aws_iam_role.lambda_authorizer_role",
            "module.lambda_authorizer.aws_lambda_function.this",
            "module.lambda_authorizer.data.archive_file.lambda_zip",
            "module.lambda_authorizer.null_resource.build_bash",
            "module.lambda_authorizer.null_resource.build_ps"
          ]
        },
        {
          "index_key": "Query.activeGoalsCount",
          "schema_version": 0,
          "attributes": {
            "api_id": "w7lrzkdyu5f7fkj7onzg6qkutu",
            "arn": "arn:aws:appsync:us-east-2:838284111015:apis/w7lrzkdyu5f7fkj7onzg6qkutu/types/Query/resolvers/activeGoalsCount",
            "caching_config": [],
            "code": "// resolvers/activeGoalsCount.js\nimport { util } from '@aws-appsync/utils';\n\nexport function request(ctx) {\n  const sub =\n    ctx.identity?.resolverContext?.sub || // Lambda authorizer\n    ctx.identity?.sub;                    // (fallback for Cognito if ever used)\n\n  if (!sub) util.unauthorized();\n\n\n  return {\n    operation: 'Query',\n    query: {\n      expression: '#pk = :pk AND begins_with(#sk, :sk)',\n      expressionNames: { '#pk': 'PK', '#sk': 'SK', '#st': 'status' },\n      expressionValues: util.dynamodb.toMapValues({\n        ':pk': `USER#${sub}`,\n        ':sk': 'GOAL#',\n        ':active': 'active'\n      }),\n    },\n    filter: {\n      expression: '#st = :active',\n      expressionNames: { '#st': 'status' },\n      expressionValues: util.dynamodb.toMapValues({ ':active': 'active' })\n    },\n    scanIndexForward: true,\n    consistentRead: false,\n    limit: 100\n  };\n}\n\nexport function response(ctx) {\n  if (ctx.error) util.error(ctx.error.message, ctx.error.type);\n  const items = (ctx.result \u0026\u0026 ctx.result.items) ? ctx.result.items : [];\n  return items.length;\n}\n",
            "data_source": "DDB",
            "field": "activeGoalsCount",
            "id": "w7lrzkdyu5f7fkj7onzg6qkutu-Query-activeGoalsCount",
            "kind": "UNIT",
            "max_batch_size": 0,
            "pipeline_config": [],
            "region": "us-east-2",
            "request_template": "",
            "response_template": "",
            "runtime": [
              {
                "name": "APPSYNC_JS",
                "runtime_version": "1.0.0"
              }
            ],
            "sync_config": [],
            "type": "Query"
          },
          "sensitive_attributes": [],
          "identity_schema_version": 0,
          "private": "bnVsbA==",
          "dependencies": [
            "module.appsync.aws_appsync_datasource.ddb",
            "module.appsync.aws_appsync_graphql_api.this",
            "module.appsync.aws_iam_role.appsync_logs",
            "module.appsync.aws_iam_role.ds_ddb_role",
            "module.ddb.aws_dynamodb_table.this",
            "module.iam.aws_iam_role.lambda_authorizer_role",
            "module.lambda_authorizer.aws_lambda_function.this",
            "module.lambda_authorizer.data.archive_file.lambda_zip",
            "module.lambda_authorizer.null_resource.build_bash",
            "module.lambda_authorizer.null_resource.build_ps"
          ]
        },
        {
          "index_key": "Query.goals",
          "schema_version": 0,
          "attributes": {
            "api_id": "w7lrzkdyu5f7fkj7onzg6qkutu",
            "arn": "arn:aws:appsync:us-east-2:838284111015:apis/w7lrzkdyu5f7fkj7onzg6qkutu/types/Query/resolvers/goals",
            "caching_config": [],
            "code": "// resolvers/getGoals.js\r\nimport { util } from '@aws-appsync/utils';\r\n\r\nexport function request(ctx) {\r\n  const identity = ctx.identity || {};\r\n  const sub = identity.sub;\r\n  const userId = ctx.args?.userId;\r\n  if (!sub) util.unauthorized();\r\n  if (!userId) util.error('userId required', 'Validation');\r\n  // Enforce that callers can only read their own goals; avoid String() in AppSync runtime\r\n  if (('' + sub) !== ('' + userId)) util.unauthorized();\r\n\r\n  return {\r\n    operation: 'Query',\r\n    query: {\r\n      expression: '#pk = :pk AND begins_with(#sk, :sk)',\r\n      expressionNames: { '#pk': 'PK', '#sk': 'SK' },\r\n      expressionValues: util.dynamodb.toMapValues({\r\n        ':pk': 'USER#' + userId,\r\n        ':sk': 'GOAL#'\r\n      }),\r\n    },\r\n    scanIndexForward: true,\r\n    consistentRead: false,\r\n  };\r\n}\r\n\r\nexport function response(ctx) {\r\n  if (ctx.error) util.error(ctx.error.message, ctx.error.type);\r\n  const items = (ctx.result \u0026\u0026 ctx.result.items) ? ctx.result.items : [];\r\n  return items.map(a =\u003e ({\r\n    id: a.id,\r\n    userId: a.userId,\r\n    title: a.title,\r\n    description: a.description,\r\n    tags: a.tags || [],\r\n    deadline: (typeof a.deadline === 'string' \u0026\u0026 a.deadline) ? a.deadline : null,\r\n    status: a.status,\r\n    createdAt: a.createdAt,\r\n    updatedAt: a.updatedAt\r\n  }));\r\n}\r\n",
            "data_source": "DDB",
            "field": "goals",
            "id": "w7lrzkdyu5f7fkj7onzg6qkutu-Query-goals",
            "kind": "UNIT",
            "max_batch_size": 0,
            "pipeline_config": [],
            "region": "us-east-2",
            "request_template": "",
            "response_template": "",
            "runtime": [
              {
                "name": "APPSYNC_JS",
                "runtime_version": "1.0.0"
              }
            ],
            "sync_config": [],
            "type": "Query"
          },
          "sensitive_attributes": [],
          "identity_schema_version": 0,
          "private": "bnVsbA==",
          "dependencies": [
            "module.appsync.aws_appsync_datasource.ddb",
            "module.appsync.aws_appsync_graphql_api.this",
            "module.appsync.aws_iam_role.appsync_logs",
            "module.appsync.aws_iam_role.ds_ddb_role",
            "module.ddb.aws_dynamodb_table.this",
            "module.iam.aws_iam_role.lambda_authorizer_role",
            "module.lambda_authorizer.aws_lambda_function.this",
            "module.lambda_authorizer.data.archive_file.lambda_zip",
            "module.lambda_authorizer.null_resource.build_bash",
            "module.lambda_authorizer.null_resource.build_ps"
          ]
        },
        {
          "index_key": "Query.isEmailAvailable",
          "schema_version": 0,
          "attributes": {
            "api_id": "w7lrzkdyu5f7fkj7onzg6qkutu",
            "arn": "arn:aws:appsync:us-east-2:838284111015:apis/w7lrzkdyu5f7fkj7onzg6qkutu/types/Query/resolvers/isEmailAvailable",
            "caching_config": [],
            "code": "// resolvers/isEmailAvailable.js\nimport { util } from '@aws-appsync/utils';\n\nexport function request(ctx) {\n  const raw = ctx.args \u0026\u0026 ctx.args.email ? ctx.args.email : '';\n  const emailTrim = ('' + raw).trim();\n  if (!emailTrim) util.error('email required', 'Validation');\n  const atIdx = emailTrim.indexOf('@');\n  const dotIdx = emailTrim.lastIndexOf('.');\n  if (!(atIdx \u003e 0 \u0026\u0026 dotIdx \u003e atIdx + 1 \u0026\u0026 dotIdx \u003c emailTrim.length - 1)) {\n    util.error('invalid email', 'Validation');\n  }\n  const email = emailTrim.toLowerCase();\n\n  const emailKey = 'EMAIL#' + email;\n  return {\n    operation: 'Query',\n    index: 'GSI3',\n    query: {\n      expression: '#pk = :pk',\n      expressionNames: { '#pk': 'GSI3PK' },\n      expressionValues: util.dynamodb.toMapValues({ ':pk': emailKey }),\n    },\n    limit: 1,\n    scanIndexForward: true,\n    consistentRead: false,\n  };\n}\n\nexport function response(ctx) {\n  if (ctx.error) util.error(ctx.error.message, ctx.error.type);\n  const items = (ctx.result \u0026\u0026 ctx.result.items) ? ctx.result.items : [];\n  // Available if no user has this email indexed\n  return items.length === 0;\n}",
            "data_source": "DDB",
            "field": "isEmailAvailable",
            "id": "w7lrzkdyu5f7fkj7onzg6qkutu-Query-isEmailAvailable",
            "kind": "UNIT",
            "max_batch_size": 0,
            "pipeline_config": [],
            "region": "us-east-2",
            "request_template": "",
            "response_template": "",
            "runtime": [
              {
                "name": "APPSYNC_JS",
                "runtime_version": "1.0.0"
              }
            ],
            "sync_config": [],
            "type": "Query"
          },
          "sensitive_attributes": [],
          "identity_schema_version": 0,
          "private": "bnVsbA==",
          "dependencies": [
            "module.appsync.aws_appsync_datasource.ddb",
            "module.appsync.aws_appsync_graphql_api.this",
            "module.appsync.aws_iam_role.appsync_logs",
            "module.appsync.aws_iam_role.ds_ddb_role",
            "module.ddb.aws_dynamodb_table.this",
            "module.iam.aws_iam_role.lambda_authorizer_role",
            "module.lambda_authorizer.aws_lambda_function.this",
            "module.lambda_authorizer.data.archive_file.lambda_zip",
            "module.lambda_authorizer.null_resource.build_bash",
            "module.lambda_authorizer.null_resource.build_ps"
          ]
        },
        {
          "index_key": "Query.isNicknameAvailable",
          "schema_version": 0,
          "attributes": {
            "api_id": "w7lrzkdyu5f7fkj7onzg6qkutu",
            "arn": "arn:aws:appsync:us-east-2:838284111015:apis/w7lrzkdyu5f7fkj7onzg6qkutu/types/Query/resolvers/isNicknameAvailable",
            "caching_config": [],
            "code": "// resolvers/isNicknameAvailable.js\nimport { util } from '@aws-appsync/utils';\n\nexport function request(ctx) {\n  const raw = ctx.args \u0026\u0026 ctx.args.nickname ? ctx.args.nickname : '';\n  const nicknameTrim = ('' + raw).trim();\n  if (!nicknameTrim) util.error('nickname required', 'Validation');\n\n  const nickKey = 'NICK#' + nicknameTrim;\n  return {\n    operation: 'Query',\n    index: 'GSI2',\n    query: {\n      expression: '#pk = :pk',\n      expressionNames: { '#pk': 'GSI2PK' },\n      expressionValues: util.dynamodb.toMapValues({ ':pk': nickKey }),\n    },\n    limit: 1,\n    scanIndexForward: true,\n    consistentRead: false,\n  };\n}\n\nexport function response(ctx) {\n  if (ctx.error) util.error(ctx.error.message, ctx.error.type);\n  const items = (ctx.result \u0026\u0026 ctx.result.items) ? ctx.result.items : [];\n  // Available if no user has this nickname indexed\n  return items.length === 0;\n}",
            "data_source": "DDB",
            "field": "isNicknameAvailable",
            "id": "w7lrzkdyu5f7fkj7onzg6qkutu-Query-isNicknameAvailable",
            "kind": "UNIT",
            "max_batch_size": 0,
            "pipeline_config": [],
            "region": "us-east-2",
            "request_template": "",
            "response_template": "",
            "runtime": [
              {
                "name": "APPSYNC_JS",
                "runtime_version": "1.0.0"
              }
            ],
            "sync_config": [],
            "type": "Query"
          },
          "sensitive_attributes": [],
          "identity_schema_version": 0,
          "private": "bnVsbA==",
          "dependencies": [
            "module.appsync.aws_appsync_datasource.ddb",
            "module.appsync.aws_appsync_graphql_api.this",
            "module.appsync.aws_iam_role.appsync_logs",
            "module.appsync.aws_iam_role.ds_ddb_role",
            "module.ddb.aws_dynamodb_table.this",
            "module.iam.aws_iam_role.lambda_authorizer_role",
            "module.lambda_authorizer.aws_lambda_function.this",
            "module.lambda_authorizer.data.archive_file.lambda_zip",
            "module.lambda_authorizer.null_resource.build_bash",
            "module.lambda_authorizer.null_resource.build_ps"
          ]
        },
        {
          "index_key": "Query.myGoals",
          "schema_version": 0,
          "attributes": {
            "api_id": "w7lrzkdyu5f7fkj7onzg6qkutu",
            "arn": "arn:aws:appsync:us-east-2:838284111015:apis/w7lrzkdyu5f7fkj7onzg6qkutu/types/Query/resolvers/myGoals",
            "caching_config": [],
            "code": "\r\nimport { util } from '@aws-appsync/utils';\r\n\r\nexport function request(ctx) {\r\n  // Lambda Authorizer identity lives in resolverContext\r\n  const sub =\r\n    ctx.identity?.resolverContext?.sub || // Lambda authorizer\r\n    ctx.identity?.sub;                    // (fallback for Cognito if ever used)\r\n\r\n  if (!sub) util.unauthorized();\r\n\r\n  return {\r\n    operation: 'Query',\r\n    query: {\r\n      expression: '#pk = :pk AND begins_with(#sk, :sk)',\r\n      expressionNames: { '#pk': 'PK', '#sk': 'SK' },\r\n      expressionValues: util.dynamodb.toMapValues({\r\n        ':pk': `USER#${sub}`,\r\n        ':sk': 'GOAL#',\r\n      }),\r\n    },\r\n    scanIndexForward: true,\r\n    consistentRead: false,\r\n  };\r\n}\r\n\r\nexport function response(ctx) {\r\n  if (ctx.error) util.error(ctx.error.message, ctx.error.type);\r\n\r\n  const items = ctx.result?.items ?? [];\r\n\r\n  // Map DynamoDB attributes to GraphQL Goal\r\n  return items.map((a) =\u003e ({\r\n    id: a.id,\r\n    userId: a.userId,\r\n    title: a.title,\r\n    description: a.description,\r\n    tags: a.tags || [],\r\n    deadline: typeof a.deadline === 'string' \u0026\u0026 a.deadline ? a.deadline : null, // \"YYYY-MM-DD\"\r\n    status: a.status,\r\n    createdAt: a.createdAt,\r\n    updatedAt: a.updatedAt\r\n  }));\r\n}\r\n",
            "data_source": "DDB",
            "field": "myGoals",
            "id": "w7lrzkdyu5f7fkj7onzg6qkutu-Query-myGoals",
            "kind": "UNIT",
            "max_batch_size": 0,
            "pipeline_config": [],
            "region": "us-east-2",
            "request_template": "",
            "response_template": "",
            "runtime": [
              {
                "name": "APPSYNC_JS",
                "runtime_version": "1.0.0"
              }
            ],
            "sync_config": [],
            "type": "Query"
          },
          "sensitive_attributes": [],
          "identity_schema_version": 0,
          "private": "bnVsbA==",
          "dependencies": [
            "module.appsync.aws_appsync_datasource.ddb",
            "module.appsync.aws_appsync_graphql_api.this",
            "module.appsync.aws_iam_role.appsync_logs",
            "module.appsync.aws_iam_role.ds_ddb_role",
            "module.ddb.aws_dynamodb_table.this",
            "module.iam.aws_iam_role.lambda_authorizer_role",
            "module.lambda_authorizer.aws_lambda_function.this",
            "module.lambda_authorizer.data.archive_file.lambda_zip",
            "module.lambda_authorizer.null_resource.build_bash",
            "module.lambda_authorizer.null_resource.build_ps"
          ]
        },
        {
          "index_key": "Query.myTasks",
          "schema_version": 0,
          "attributes": {
            "api_id": "w7lrzkdyu5f7fkj7onzg6qkutu",
            "arn": "arn:aws:appsync:us-east-2:838284111015:apis/w7lrzkdyu5f7fkj7onzg6qkutu/types/Query/resolvers/myTasks",
            "caching_config": [],
            "code": "// resolvers/myTasks.js\nimport { util } from '@aws-appsync/utils';\n\nexport function request(ctx) {\nconst sub =\n  ctx.identity?.resolverContext?.sub || // Lambda authorizer\n  ctx.identity?.sub;                    // (fallback for Cognito if ever used)\n\n  if (!sub) util.unauthorized();\n\n  const goalId = ctx.args?.goalId;  \n  if (!goalId) util.error('goalId required', 'Validation');\n  return {\n    operation: 'Query',\n    query: {\n      expression: '#pk = :pk AND begins_with(#sk, :sk)',\n      expressionNames: { '#pk': 'PK', '#sk': 'SK' },\n      expressionValues: util.dynamodb.toMapValues({ ':pk': 'GOAL#' + goalId, ':sk': 'TASK#' })\n    },\n    filter: {\n      expression: '#owner = :me',\n      expressionNames: { '#owner': 'ownerId' },\n      expressionValues: util.dynamodb.toMapValues({ ':me': sub })\n    },\n    scanIndexForward: true,\n    consistentRead: false,\n  };\n}\n\nexport function response(ctx) {\n  if (ctx.error) util.error(ctx.error.message, ctx.error.type);\n  const items = (ctx.result \u0026\u0026 ctx.result.items) ? ctx.result.items : [];\n  return items.map(a =\u003e ({\n    id: a.id,\n    goalId: a.goalId,\n    title: a.title,\n    nlpPlan: a.nlpPlan || {},\n    dueAt: (typeof a.dueAt === 'number') ? a.dueAt : null,\n    status: a.status,\n    assignees: a.assignees || [],\n    createdAt: a.createdAt,\n    updatedAt: a.updatedAt\n  }));\n}\n\n",
            "data_source": "DDB",
            "field": "myTasks",
            "id": "w7lrzkdyu5f7fkj7onzg6qkutu-Query-myTasks",
            "kind": "UNIT",
            "max_batch_size": 0,
            "pipeline_config": [],
            "region": "us-east-2",
            "request_template": "",
            "response_template": "",
            "runtime": [
              {
                "name": "APPSYNC_JS",
                "runtime_version": "1.0.0"
              }
            ],
            "sync_config": [],
            "type": "Query"
          },
          "sensitive_attributes": [],
          "identity_schema_version": 0,
          "private": "bnVsbA==",
          "dependencies": [
            "module.appsync.aws_appsync_datasource.ddb",
            "module.appsync.aws_appsync_graphql_api.this",
            "module.appsync.aws_iam_role.appsync_logs",
            "module.appsync.aws_iam_role.ds_ddb_role",
            "module.ddb.aws_dynamodb_table.this",
            "module.iam.aws_iam_role.lambda_authorizer_role",
            "module.lambda_authorizer.aws_lambda_function.this",
            "module.lambda_authorizer.data.archive_file.lambda_zip",
            "module.lambda_authorizer.null_resource.build_bash",
            "module.lambda_authorizer.null_resource.build_ps"
          ]
        },
        {
          "index_key": "Query.tasks",
          "schema_version": 0,
          "attributes": {
            "api_id": "w7lrzkdyu5f7fkj7onzg6qkutu",
            "arn": "arn:aws:appsync:us-east-2:838284111015:apis/w7lrzkdyu5f7fkj7onzg6qkutu/types/Query/resolvers/tasks",
            "caching_config": [],
            "code": "// resolvers/getTasks.js\nimport { util } from '@aws-appsync/utils';\n\nexport function request(ctx) {\n  const identity = ctx.identity || {};\n  const sub = identity.sub;\n  const goalId = ctx.args?.goalId;\n  if (!sub) util.unauthorized();\n  if (!goalId) util.error('goalId required', 'Validation');\n\n  // Query all tasks for the goal and filter by ownerId == current user\n  return {\n    operation: 'Query',\n    query: {\n      expression: '#pk = :pk AND begins_with(#sk, :sk)',\n      expressionNames: { '#pk': 'PK', '#sk': 'SK', '#owner': 'ownerId' },\n      expressionValues: util.dynamodb.toMapValues({\n        ':pk': 'GOAL#' + goalId,\n        ':sk': 'TASK#',\n        ':me': sub,\n      }),\n    },\n    filter: {\n      expression: '#owner = :me',\n      expressionNames: { '#owner': 'ownerId' },\n      expressionValues: util.dynamodb.toMapValues({ ':me': sub })\n    },\n    scanIndexForward: true,\n    consistentRead: false,\n  };\n}\n\nexport function response(ctx) {\n  if (ctx.error) util.error(ctx.error.message, ctx.error.type);\n  const items = (ctx.result \u0026\u0026 ctx.result.items) ? ctx.result.items : [];\n  return items.map(a =\u003e ({\n    id: a.id,\n    goalId: a.goalId,\n    title: a.title,\n    nlpPlan: a.nlpPlan || {},\n    dueAt: (typeof a.dueAt === 'number') ? a.dueAt : null,\n    status: a.status,\n    assignees: a.assignees || [],\n    createdAt: a.createdAt,\n    updatedAt: a.updatedAt\n  }));\n}\n\n",
            "data_source": "DDB",
            "field": "tasks",
            "id": "w7lrzkdyu5f7fkj7onzg6qkutu-Query-tasks",
            "kind": "UNIT",
            "max_batch_size": 0,
            "pipeline_config": [],
            "region": "us-east-2",
            "request_template": "",
            "response_template": "",
            "runtime": [
              {
                "name": "APPSYNC_JS",
                "runtime_version": "1.0.0"
              }
            ],
            "sync_config": [],
            "type": "Query"
          },
          "sensitive_attributes": [],
          "identity_schema_version": 0,
          "private": "bnVsbA==",
          "dependencies": [
            "module.appsync.aws_appsync_datasource.ddb",
            "module.appsync.aws_appsync_graphql_api.this",
            "module.appsync.aws_iam_role.appsync_logs",
            "module.appsync.aws_iam_role.ds_ddb_role",
            "module.ddb.aws_dynamodb_table.this",
            "module.iam.aws_iam_role.lambda_authorizer_role",
            "module.lambda_authorizer.aws_lambda_function.this",
            "module.lambda_authorizer.data.archive_file.lambda_zip",
            "module.lambda_authorizer.null_resource.build_bash",
            "module.lambda_authorizer.null_resource.build_ps"
          ]
        },
        {
          "index_key": "Subscription.onMessage",
          "schema_version": 0,
          "attributes": {
            "api_id": "w7lrzkdyu5f7fkj7onzg6qkutu",
            "arn": "arn:aws:appsync:us-east-2:838284111015:apis/w7lrzkdyu5f7fkj7onzg6qkutu/types/Subscription/resolvers/onMessage",
            "caching_config": [],
            "code": "// resolvers/onMessage.subscribe.js\r\nimport { util } from '@aws-appsync/utils';\r\n\r\nexport function request(ctx) {\r\n  const identity = ctx.identity || {};\r\n  if (!identity.sub) util.unauthorized();\r\n\r\n  // Payload is arbitrary. AppSync matches via @aws_subscribe on roomId.\r\n  return { payload: ctx.args \u0026\u0026 ctx.args.roomId ? ctx.args.roomId : null };\r\n}\r\n\r\nexport function response(ctx) {\r\n  return ctx.result;\r\n}\r\n",
            "data_source": "DDB",
            "field": "onMessage",
            "id": "w7lrzkdyu5f7fkj7onzg6qkutu-Subscription-onMessage",
            "kind": "UNIT",
            "max_batch_size": 0,
            "pipeline_config": [],
            "region": "us-east-2",
            "request_template": "",
            "response_template": "",
            "runtime": [
              {
                "name": "APPSYNC_JS",
                "runtime_version": "1.0.0"
              }
            ],
            "sync_config": [],
            "type": "Subscription"
          },
          "sensitive_attributes": [],
          "identity_schema_version": 0,
          "private": "bnVsbA==",
          "dependencies": [
            "module.appsync.aws_appsync_datasource.ddb",
            "module.appsync.aws_appsync_graphql_api.this",
            "module.appsync.aws_iam_role.appsync_logs",
            "module.appsync.aws_iam_role.ds_ddb_role",
            "module.ddb.aws_dynamodb_table.this",
            "module.iam.aws_iam_role.lambda_authorizer_role",
            "module.lambda_authorizer.aws_lambda_function.this",
            "module.lambda_authorizer.data.archive_file.lambda_zip",
            "module.lambda_authorizer.null_resource.build_bash",
            "module.lambda_authorizer.null_resource.build_ps"
          ]
        }
      ]
    },
    {
      "module": "module.appsync",
      "mode": "managed",
      "type": "aws_cloudwatch_log_group",
      "name": "appsync",
      "provider": "provider[\"registry.terraform.io/hashicorp/aws\"]",
      "instances": [
        {
          "schema_version": 0,
          "attributes": {
            "arn": "arn:aws:logs:us-east-2:838284111015:log-group:/aws/appsync/apis/w7lrzkdyu5f7fkj7onzg6qkutu",
            "id": "/aws/appsync/apis/w7lrzkdyu5f7fkj7onzg6qkutu",
            "kms_key_id": "",
            "log_group_class": "STANDARD",
            "name": "/aws/appsync/apis/w7lrzkdyu5f7fkj7onzg6qkutu",
            "name_prefix": "",
            "region": "us-east-2",
            "retention_in_days": 1,
            "skip_destroy": false,
            "tags": {},
            "tags_all": {}
          },
          "sensitive_attributes": [],
          "identity_schema_version": 0,
          "identity": {
            "account_id": "838284111015",
            "name": "/aws/appsync/apis/w7lrzkdyu5f7fkj7onzg6qkutu",
            "region": "us-east-2"
          },
          "private": "bnVsbA==",
          "dependencies": [
            "module.appsync.aws_appsync_graphql_api.this",
            "module.appsync.aws_iam_role.appsync_logs",
            "module.iam.aws_iam_role.lambda_authorizer_role",
            "module.lambda_authorizer.aws_lambda_function.this",
            "module.lambda_authorizer.data.archive_file.lambda_zip",
            "module.lambda_authorizer.null_resource.build_bash",
            "module.lambda_authorizer.null_resource.build_ps"
          ]
        }
      ]
    },
    {
      "module": "module.appsync",
      "mode": "managed",
      "type": "aws_iam_role",
      "name": "appsync_logs",
      "provider": "provider[\"registry.terraform.io/hashicorp/aws\"]",
      "instances": [
        {
          "schema_version": 0,
          "attributes": {
            "arn": "arn:aws:iam::838284111015:role/goalsguild-dev-api-cw-logs-role",
            "assume_role_policy": "{\"Statement\":[{\"Action\":\"sts:AssumeRole\",\"Effect\":\"Allow\",\"Principal\":{\"Service\":\"appsync.amazonaws.com\"}}],\"Version\":\"2012-10-17\"}",
            "create_date": "2025-09-07T23:11:32Z",
            "description": "",
            "force_detach_policies": false,
            "id": "goalsguild-dev-api-cw-logs-role",
            "inline_policy": [],
            "managed_policy_arns": [
              "arn:aws:iam::aws:policy/service-role/AWSAppSyncPushToCloudWatchLogs"
            ],
            "max_session_duration": 3600,
            "name": "goalsguild-dev-api-cw-logs-role",
            "name_prefix": "",
            "path": "/",
            "permissions_boundary": "",
            "tags": {},
            "tags_all": {},
            "unique_id": "AROA4GLNANST7HITML7OD"
          },
          "sensitive_attributes": [],
          "identity_schema_version": 0,
          "identity": {
            "account_id": "838284111015",
            "name": "goalsguild-dev-api-cw-logs-role"
          },
          "private": "bnVsbA=="
        }
      ]
    },
    {
      "module": "module.appsync",
      "mode": "managed",
      "type": "aws_iam_role",
      "name": "ds_ddb_role",
      "provider": "provider[\"registry.terraform.io/hashicorp/aws\"]",
      "instances": [
        {
          "schema_version": 0,
          "attributes": {
            "arn": "arn:aws:iam::838284111015:role/goalsguild-dev-api-ds-ddb-role",
            "assume_role_policy": "{\"Statement\":[{\"Action\":\"sts:AssumeRole\",\"Effect\":\"Allow\",\"Principal\":{\"Service\":\"appsync.amazonaws.com\"}}],\"Version\":\"2012-10-17\"}",
            "create_date": "2025-09-04T18:54:51Z",
            "description": "",
            "force_detach_policies": false,
            "id": "goalsguild-dev-api-ds-ddb-role",
            "inline_policy": [
              {
                "name": "terraform-20250904185528920500000001",
                "policy": "{\"Version\":\"2012-10-17\",\"Statement\":[{\"Action\":[\"dynamodb:PutItem\",\"dynamodb:GetItem\",\"dynamodb:Query\",\"dynamodb:UpdateItem\",\"dynamodb:TransactWriteItems\"],\"Effect\":\"Allow\",\"Resource\":[\"arn:aws:dynamodb:us-east-2:838284111015:table/gg_core\",\"arn:aws:dynamodb:us-east-2:838284111015:table/gg_core/index/*\"]}]}"
              }
            ],
            "managed_policy_arns": [],
            "max_session_duration": 3600,
            "name": "goalsguild-dev-api-ds-ddb-role",
            "name_prefix": "",
            "path": "/",
            "permissions_boundary": "",
            "tags": {},
            "tags_all": {},
            "unique_id": "AROA4GLNANSTUJQ7IWC72"
          },
          "sensitive_attributes": [],
          "identity_schema_version": 0,
          "identity": {
            "account_id": "838284111015",
            "name": "goalsguild-dev-api-ds-ddb-role"
          },
          "private": "bnVsbA=="
        }
      ]
    },
    {
      "module": "module.appsync",
      "mode": "managed",
      "type": "aws_iam_role_policy",
      "name": "ds_ddb_policy",
      "provider": "provider[\"registry.terraform.io/hashicorp/aws\"]",
      "instances": [
        {
          "schema_version": 0,
          "attributes": {
            "id": "goalsguild-dev-api-ds-ddb-role:terraform-20250904185528920500000001",
            "name": "terraform-20250904185528920500000001",
            "name_prefix": "terraform-",
            "policy": "{\"Version\":\"2012-10-17\",\"Statement\":[{\"Action\":[\"dynamodb:PutItem\",\"dynamodb:GetItem\",\"dynamodb:Query\",\"dynamodb:UpdateItem\",\"dynamodb:TransactWriteItems\"],\"Effect\":\"Allow\",\"Resource\":[\"arn:aws:dynamodb:us-east-2:838284111015:table/gg_core\",\"arn:aws:dynamodb:us-east-2:838284111015:table/gg_core/index/*\"]}]}",
            "role": "goalsguild-dev-api-ds-ddb-role"
          },
          "sensitive_attributes": [],
          "identity_schema_version": 0,
          "identity": {
            "account_id": "838284111015",
            "name": "terraform-20250904185528920500000001",
            "role": "goalsguild-dev-api-ds-ddb-role"
          },
          "private": "bnVsbA==",
          "dependencies": [
            "module.appsync.aws_iam_role.ds_ddb_role",
            "module.ddb.aws_dynamodb_table.this"
          ]
        }
      ]
    },
    {
      "module": "module.appsync",
      "mode": "managed",
      "type": "aws_iam_role_policy_attachment",
      "name": "appsync_logs_attach",
      "provider": "provider[\"registry.terraform.io/hashicorp/aws\"]",
      "instances": [
        {
          "schema_version": 0,
          "attributes": {
            "id": "goalsguild-dev-api-cw-logs-role/arn:aws:iam::aws:policy/service-role/AWSAppSyncPushToCloudWatchLogs",
            "policy_arn": "arn:aws:iam::aws:policy/service-role/AWSAppSyncPushToCloudWatchLogs",
            "role": "goalsguild-dev-api-cw-logs-role"
          },
          "sensitive_attributes": [],
          "identity_schema_version": 0,
          "identity": {
            "account_id": "838284111015",
            "policy_arn": "arn:aws:iam::aws:policy/service-role/AWSAppSyncPushToCloudWatchLogs",
            "role": "goalsguild-dev-api-cw-logs-role"
          },
          "private": "bnVsbA==",
          "dependencies": [
            "module.appsync.aws_iam_role.appsync_logs"
          ]
        }
      ]
    },
    {
      "module": "module.appsync",
      "mode": "managed",
      "type": "aws_lambda_permission",
      "name": "allow_appsync_invoke_authorizer",
      "provider": "provider[\"registry.terraform.io/hashicorp/aws\"]",
      "instances": [
        {
          "schema_version": 0,
          "attributes": {
            "action": "lambda:InvokeFunction",
            "event_source_token": null,
            "function_name": "arn:aws:lambda:us-east-2:838284111015:function:goalsguild_authorizer_dev",
            "function_url_auth_type": null,
            "id": "AllowAppSyncInvokeAuthorizer",
            "principal": "appsync.amazonaws.com",
            "principal_org_id": null,
            "qualifier": "",
            "region": "us-east-2",
            "source_account": null,
            "source_arn": "arn:aws:appsync:us-east-2:838284111015:apis/w7lrzkdyu5f7fkj7onzg6qkutu",
            "statement_id": "AllowAppSyncInvokeAuthorizer",
            "statement_id_prefix": ""
          },
          "sensitive_attributes": [],
          "identity_schema_version": 0,
          "identity": {
            "account_id": "838284111015",
            "function_name": "arn:aws:lambda:us-east-2:838284111015:function:goalsguild_authorizer_dev",
            "qualifier": null,
            "region": "us-east-2",
            "statement_id": "AllowAppSyncInvokeAuthorizer"
          },
          "private": "bnVsbA==",
          "dependencies": [
            "module.appsync.aws_appsync_graphql_api.this",
            "module.appsync.aws_iam_role.appsync_logs",
            "module.iam.aws_iam_role.lambda_authorizer_role",
            "module.lambda_authorizer.aws_lambda_function.this",
            "module.lambda_authorizer.data.archive_file.lambda_zip",
            "module.lambda_authorizer.null_resource.build_bash",
            "module.lambda_authorizer.null_resource.build_ps"
          ]
        }
      ]
    },
    {
      "module": "module.ddb",
      "mode": "managed",
      "type": "aws_dynamodb_table",
      "name": "this",
      "provider": "provider[\"registry.terraform.io/hashicorp/aws\"]",
      "instances": [
        {
          "schema_version": 1,
          "attributes": {
            "arn": "arn:aws:dynamodb:us-east-2:838284111015:table/gg_core",
            "attribute": [
              {
                "name": "GSI1PK",
                "type": "S"
              },
              {
                "name": "GSI1SK",
                "type": "S"
              },
              {
                "name": "GSI2PK",
                "type": "S"
              },
              {
                "name": "GSI2SK",
                "type": "S"
              },
              {
                "name": "GSI3PK",
                "type": "S"
              },
              {
                "name": "GSI3SK",
                "type": "S"
              },
              {
                "name": "PK",
                "type": "S"
              },
              {
                "name": "SK",
                "type": "S"
              }
            ],
            "billing_mode": "PAY_PER_REQUEST",
            "deletion_protection_enabled": false,
            "global_secondary_index": [
              {
                "hash_key": "GSI1PK",
                "name": "GSI1",
                "non_key_attributes": [],
                "on_demand_throughput": [],
                "projection_type": "ALL",
                "range_key": "GSI1SK",
                "read_capacity": 0,
                "write_capacity": 0
              },
              {
                "hash_key": "GSI2PK",
                "name": "GSI2",
                "non_key_attributes": [],
                "on_demand_throughput": [],
                "projection_type": "ALL",
                "range_key": "GSI2SK",
                "read_capacity": 0,
                "write_capacity": 0
              },
              {
                "hash_key": "GSI3PK",
                "name": "GSI3",
                "non_key_attributes": [],
                "on_demand_throughput": [],
                "projection_type": "ALL",
                "range_key": "GSI3SK",
                "read_capacity": 0,
                "write_capacity": 0
              }
            ],
            "hash_key": "PK",
            "id": "gg_core",
            "import_table": [],
            "local_secondary_index": [],
            "name": "gg_core",
            "on_demand_throughput": [],
            "point_in_time_recovery": [
              {
                "enabled": true,
                "recovery_period_in_days": 35
              }
            ],
            "range_key": "SK",
            "read_capacity": 0,
            "region": "us-east-2",
            "replica": [],
            "restore_date_time": null,
            "restore_source_name": null,
            "restore_source_table_arn": null,
            "restore_to_latest_time": null,
            "server_side_encryption": [],
            "stream_arn": "arn:aws:dynamodb:us-east-2:838284111015:table/gg_core/stream/2025-09-07T21:02:35.009",
            "stream_enabled": true,
            "stream_label": "2025-09-07T21:02:35.009",
            "stream_view_type": "NEW_AND_OLD_IMAGES",
            "table_class": "STANDARD",
            "tags": {
              "Component": "DataBase",
              "Environment": "dev",
              "Owner": "goalsGuildDB",
              "Project": "goalsguild"
            },
            "tags_all": {
              "Component": "DataBase",
              "Environment": "dev",
              "Owner": "goalsGuildDB",
              "Project": "goalsguild"
            },
            "timeouts": null,
            "ttl": [
              {
                "attribute_name": "ttl",
                "enabled": true
              }
            ],
            "write_capacity": 0
          },
          "sensitive_attributes": [],
          "identity_schema_version": 0,
          "private": "eyJlMmJmYjczMC1lY2FhLTExZTYtOGY4OC0zNDM2M2JjN2M0YzAiOnsiY3JlYXRlIjoxODAwMDAwMDAwMDAwLCJkZWxldGUiOjYwMDAwMDAwMDAwMCwidXBkYXRlIjozNjAwMDAwMDAwMDAwfSwic2NoZW1hX3ZlcnNpb24iOiIxIn0="
        }
      ]
    },
    {
      "module": "module.dynamodb_quests",
      "mode": "managed",
      "type": "aws_dynamodb_table",
      "name": "dynamodb_table",
      "provider": "provider[\"registry.terraform.io/hashicorp/aws\"]",
      "instances": [
        {
          "schema_version": 1,
          "attributes": {
            "arn": "arn:aws:dynamodb:us-east-2:838284111015:table/goalsguild_quests_dev",
            "attribute": [
              {
                "name": "quest_id",
                "type": "S"
              }
            ],
            "billing_mode": "PAY_PER_REQUEST",
            "deletion_protection_enabled": false,
            "global_secondary_index": [],
            "hash_key": "quest_id",
            "id": "goalsguild_quests_dev",
            "import_table": [],
            "local_secondary_index": [],
            "name": "goalsguild_quests_dev",
            "on_demand_throughput": [],
            "point_in_time_recovery": [
              {
                "enabled": true,
                "recovery_period_in_days": 35
              }
            ],
            "range_key": null,
            "read_capacity": 0,
            "region": "us-east-2",
            "replica": [],
            "restore_date_time": null,
            "restore_source_name": null,
            "restore_source_table_arn": null,
            "restore_to_latest_time": null,
            "server_side_encryption": [
              {
                "enabled": true,
                "kms_key_arn": ""
              }
            ],
            "stream_arn": "",
            "stream_enabled": false,
            "stream_label": "",
            "stream_view_type": "",
            "table_class": "STANDARD",
            "tags": {
              "Component": "quests",
              "Environment": "dev",
              "Project": "goalsguild",
              "Service": "quest-service"
            },
            "tags_all": {
              "Component": "quests",
              "Environment": "dev",
              "Project": "goalsguild",
              "Service": "quest-service"
            },
            "timeouts": null,
            "ttl": [
              {
                "attribute_name": "",
                "enabled": false
              }
            ],
            "write_capacity": 0
          },
          "sensitive_attributes": [],
          "identity_schema_version": 0,
          "private": "eyJlMmJmYjczMC1lY2FhLTExZTYtOGY4OC0zNDM2M2JjN2M0YzAiOnsiY3JlYXRlIjoxODAwMDAwMDAwMDAwLCJkZWxldGUiOjYwMDAwMDAwMDAwMCwidXBkYXRlIjozNjAwMDAwMDAwMDAwfSwic2NoZW1hX3ZlcnNpb24iOiIxIn0="
        }
      ]
    },
    {
      "module": "module.dynamodb_users",
      "mode": "managed",
      "type": "aws_dynamodb_table",
      "name": "dynamodb_table",
      "provider": "provider[\"registry.terraform.io/hashicorp/aws\"]",
      "instances": [
        {
          "schema_version": 1,
          "attributes": {
            "arn": "arn:aws:dynamodb:us-east-2:838284111015:table/goalsguild_users_dev",
            "attribute": [
              {
                "name": "user_id",
                "type": "S"
              }
            ],
            "billing_mode": "PAY_PER_REQUEST",
            "deletion_protection_enabled": false,
            "global_secondary_index": [],
            "hash_key": "user_id",
            "id": "goalsguild_users_dev",
            "import_table": [],
            "local_secondary_index": [],
            "name": "goalsguild_users_dev",
            "on_demand_throughput": [],
            "point_in_time_recovery": [
              {
                "enabled": true,
                "recovery_period_in_days": 35
              }
            ],
            "range_key": null,
            "read_capacity": 0,
            "region": "us-east-2",
            "replica": [],
            "restore_date_time": null,
            "restore_source_name": null,
            "restore_source_table_arn": null,
            "restore_to_latest_time": null,
            "server_side_encryption": [
              {
                "enabled": true,
                "kms_key_arn": ""
              }
            ],
            "stream_arn": "",
            "stream_enabled": false,
            "stream_label": "",
            "stream_view_type": "",
            "table_class": "STANDARD",
            "tags": {
              "Component": "user",
              "Environment": "dev",
              "Project": "goalsguild",
              "Service": "user-service"
            },
            "tags_all": {
              "Component": "user",
              "Environment": "dev",
              "Project": "goalsguild",
              "Service": "user-service"
            },
            "timeouts": null,
            "ttl": [
              {
                "attribute_name": "",
                "enabled": false
              }
            ],
            "write_capacity": 0
          },
          "sensitive_attributes": [],
          "identity_schema_version": 0,
          "private": "eyJlMmJmYjczMC1lY2FhLTExZTYtOGY4OC0zNDM2M2JjN2M0YzAiOnsiY3JlYXRlIjoxODAwMDAwMDAwMDAwLCJkZWxldGUiOjYwMDAwMDAwMDAwMCwidXBkYXRlIjozNjAwMDAwMDAwMDAwfSwic2NoZW1hX3ZlcnNpb24iOiIxIn0="
        }
      ]
    },
    {
      "module": "module.iam",
      "mode": "managed",
      "type": "aws_iam_policy",
      "name": "lambda_authorizer_policy",
      "provider": "provider[\"registry.terraform.io/hashicorp/aws\"]",
      "instances": [
        {
          "schema_version": 0,
          "attributes": {
            "arn": "arn:aws:iam::838284111015:policy/goalsguild_lambda_authorizer_policy",
            "attachment_count": 1,
            "description": "Policy for Lambda authorizer to access SSM, DynamoDB, and CloudWatch Logs",
            "id": "arn:aws:iam::838284111015:policy/goalsguild_lambda_authorizer_policy",
            "name": "goalsguild_lambda_authorizer_policy",
            "name_prefix": "",
            "path": "/",
            "policy": "{\"Statement\":[{\"Action\":[\"ssm:GetParameter\",\"ssm:GetParameter\",\"ssm:GetParameters\",\"ssm:GetParametersByPath\"],\"Effect\":\"Allow\",\"Resource\":[\"arn:aws:ssm:us-east-2:838284111015:parameter/goalsguild/user-service/*\",\"arn:aws:ssm:us-east-2:838284111015:parameter/goalsguild/crypto/*\",\"arn:aws:ssm:us-east-2:838284111015:parameter/goalsguild/cognito/*\"]},{\"Action\":[\"dynamodb:GetItem\"],\"Effect\":\"Allow\",\"Resource\":[\"arn:aws:dynamodb:us-east-2:838284111015:table/native-users-table\"]},{\"Action\":[\"logs:CreateLogGroup\",\"logs:CreateLogStream\",\"logs:PutLogEvents\"],\"Effect\":\"Allow\",\"Resource\":\"*\"},{\"Action\":[\"ses:SendEmail\",\"ses:SendRawEmail\"],\"Effect\":\"Allow\",\"Resource\":\"*\"}],\"Version\":\"2012-10-17\"}",
            "policy_id": "ANPA4GLNANSTZQVRJ6KFW",
            "tags": {},
            "tags_all": {}
          },
          "sensitive_attributes": [],
          "identity_schema_version": 0,
          "identity": {
            "arn": "arn:aws:iam::838284111015:policy/goalsguild_lambda_authorizer_policy"
          },
          "private": "bnVsbA==",
          "dependencies": [
            "data.aws_caller_identity.current"
          ]
        }
      ]
    },
    {
      "module": "module.iam",
      "mode": "managed",
      "type": "aws_iam_role",
      "name": "lambda_authorizer_role",
      "provider": "provider[\"registry.terraform.io/hashicorp/aws\"]",
      "instances": [
        {
          "schema_version": 0,
          "attributes": {
            "arn": "arn:aws:iam::838284111015:role/user-service-role",
            "assume_role_policy": "{\"Statement\":[{\"Action\":\"sts:AssumeRole\",\"Effect\":\"Allow\",\"Principal\":{\"Service\":[\"lambda.amazonaws.com\"]}}],\"Version\":\"2012-10-17\"}",
            "create_date": "2025-09-01T20:11:25Z",
            "description": "",
            "force_detach_policies": false,
            "id": "user-service-role",
            "inline_policy": [],
            "managed_policy_arns": [
              "arn:aws:iam::838284111015:policy/goalsguild_lambda_authorizer_policy"
            ],
            "max_session_duration": 3600,
            "name": "user-service-role",
            "name_prefix": "",
            "path": "/",
            "permissions_boundary": "",
            "tags": {},
            "tags_all": {},
            "unique_id": "AROA4GLNANSTXYNEPP4QM"
          },
          "sensitive_attributes": [],
          "identity_schema_version": 0,
          "identity": {
            "account_id": "838284111015",
            "name": "user-service-role"
          },
          "private": "bnVsbA==",
          "create_before_destroy": true
        }
      ]
    },
    {
      "module": "module.iam",
      "mode": "managed",
      "type": "aws_iam_role_policy_attachment",
      "name": "lambda_authorizer_attach",
      "provider": "provider[\"registry.terraform.io/hashicorp/aws\"]",
      "instances": [
        {
          "schema_version": 0,
          "attributes": {
            "id": "user-service-role/arn:aws:iam::838284111015:policy/goalsguild_lambda_authorizer_policy",
            "policy_arn": "arn:aws:iam::838284111015:policy/goalsguild_lambda_authorizer_policy",
            "role": "user-service-role"
          },
          "sensitive_attributes": [],
          "identity_schema_version": 0,
          "identity": {
            "account_id": "838284111015",
            "policy_arn": "arn:aws:iam::838284111015:policy/goalsguild_lambda_authorizer_policy",
            "role": "user-service-role"
          },
          "private": "bnVsbA==",
          "dependencies": [
            "data.aws_caller_identity.current",
            "module.iam.aws_iam_policy.lambda_authorizer_policy",
            "module.iam.aws_iam_role.lambda_authorizer_role"
          ]
        }
      ]
    },
    {
      "module": "module.lambda_authorizer",
      "mode": "data",
      "type": "archive_file",
      "name": "lambda_zip",
      "provider": "provider[\"registry.terraform.io/hashicorp/archive\"]",
      "instances": [
        {
          "schema_version": 0,
          "attributes": {
            "exclude_symlink_directories": null,
            "excludes": null,
            "id": "826f18d6d889425f9bb004046e164990c918f994",
            "output_base64sha256": "c8IEgPKsD+Fn3sye8//43YxArpBLfNcsti8+U5VkDzc=",
            "output_base64sha512": "+ecK5zYt5dr92Sm4IoJiY/kAco/arz9hgoYSo5qIuduxoqO4yOpdz+cPbcn+J/+/j8mvvG/vCPUCSbAudvoW+Q==",
            "output_file_mode": null,
            "output_md5": "0f9fdd99a940d91c73aaa96085f9c220",
            "output_path": "C:/projetos/GoalsGuild/questbound-forge/backend/infra/terraform/modules/lambda_zip/.dist/lambda.zip",
            "output_sha": "826f18d6d889425f9bb004046e164990c918f994",
            "output_sha256": "73c20480f2ac0fe167decc9ef3fff8dd8c40ae904b7cd72cb62f3e5395640f37",
            "output_sha512": "f9e70ae7362de5dafdd929b822826263f900728fdaaf3f61828612a39a88b9dbb1a2a3b8c8ea5dcfe70f6dc9fe27ffbf8fc9afbc6fef08f50249b02e76fa16f9",
            "output_size": 27894060,
            "source": [],
            "source_content": null,
            "source_content_filename": null,
            "source_dir": "C:/projetos/GoalsGuild/questbound-forge/backend/infra/terraform/modules/lambda_zip/.build/lambda",
            "source_file": null,
            "type": "zip"
          },
          "sensitive_attributes": [],
          "identity_schema_version": 0
        }
      ]
    },
    {
      "module": "module.lambda_authorizer",
      "mode": "managed",
      "type": "aws_cloudwatch_log_group",
      "name": "lambda_logs",
      "provider": "provider[\"registry.terraform.io/hashicorp/aws\"]",
      "instances": [
        {
          "schema_version": 0,
          "attributes": {
            "arn": "arn:aws:logs:us-east-2:838284111015:log-group:/aws/lambda/goalsguild_authorizer_dev",
            "id": "/aws/lambda/goalsguild_authorizer_dev",
            "kms_key_id": "",
            "log_group_class": "STANDARD",
            "name": "/aws/lambda/goalsguild_authorizer_dev",
            "name_prefix": "",
            "region": "us-east-2",
            "retention_in_days": 14,
            "skip_destroy": false,
            "tags": {
              "Environment": "dev",
              "Project": "goalsguild"
            },
            "tags_all": {
              "Environment": "dev",
              "Project": "goalsguild"
            }
          },
          "sensitive_attributes": [],
          "identity_schema_version": 0,
          "identity": {
            "account_id": "838284111015",
            "name": "/aws/lambda/goalsguild_authorizer_dev",
            "region": "us-east-2"
          },
          "private": "bnVsbA==",
          "dependencies": [
            "module.iam.aws_iam_role.lambda_authorizer_role",
            "module.lambda_authorizer.aws_lambda_function.this",
            "module.lambda_authorizer.data.archive_file.lambda_zip",
            "module.lambda_authorizer.null_resource.build_bash",
            "module.lambda_authorizer.null_resource.build_ps"
          ]
        }
      ]
    },
    {
      "module": "module.lambda_authorizer",
      "mode": "managed",
      "type": "aws_lambda_function",
      "name": "this",
      "provider": "provider[\"registry.terraform.io/hashicorp/aws\"]",
      "instances": [
        {
          "schema_version": 0,
          "attributes": {
            "architectures": [
              "x86_64"
            ],
            "arn": "arn:aws:lambda:us-east-2:838284111015:function:goalsguild_authorizer_dev",
            "code_sha256": "c8IEgPKsD+Fn3sye8//43YxArpBLfNcsti8+U5VkDzc=",
            "code_signing_config_arn": "",
            "dead_letter_config": [],
            "description": "",
            "environment": [
              {
                "variables": {
                  "AUTH_LOG_ENABLED": "true",
                  "ENVIRONMENT": "dev",
                  "LOG_LEVEL": "DEBUG"
                }
              }
            ],
            "ephemeral_storage": [
              {
                "size": 512
              }
            ],
            "file_system_config": [],
            "filename": "C:/projetos/GoalsGuild/questbound-forge/backend/infra/terraform/modules/lambda_zip/.dist/lambda.zip",
            "function_name": "goalsguild_authorizer_dev",
            "handler": "authorizer.handler",
            "id": "goalsguild_authorizer_dev",
            "image_config": [],
            "image_uri": "",
            "invoke_arn": "arn:aws:apigateway:us-east-2:lambda:path/2015-03-31/functions/arn:aws:lambda:us-east-2:838284111015:function:goalsguild_authorizer_dev/invocations",
            "kms_key_arn": "",
            "last_modified": "2025-09-24T00:28:07.000+0000",
            "layers": [],
            "logging_config": [
              {
                "application_log_level": "",
                "log_format": "Text",
                "log_group": "/aws/lambda/goalsguild_authorizer_dev",
                "system_log_level": ""
              }
            ],
            "memory_size": 512,
            "package_type": "Zip",
            "publish": false,
            "qualified_arn": "arn:aws:lambda:us-east-2:838284111015:function:goalsguild_authorizer_dev:$LATEST",
            "qualified_invoke_arn": "arn:aws:apigateway:us-east-2:lambda:path/2015-03-31/functions/arn:aws:lambda:us-east-2:838284111015:function:goalsguild_authorizer_dev:$LATEST/invocations",
            "region": "us-east-2",
            "replace_security_groups_on_destroy": null,
            "replacement_security_group_ids": null,
            "reserved_concurrent_executions": -1,
            "role": "arn:aws:iam::838284111015:role/user-service-role",
            "runtime": "python3.12",
            "s3_bucket": null,
            "s3_key": null,
            "s3_object_version": null,
            "signing_job_arn": "",
            "signing_profile_version_arn": "",
            "skip_destroy": false,
            "snap_start": [],
            "source_code_hash": "c8IEgPKsD+Fn3sye8//43YxArpBLfNcsti8+U5VkDzc=",
            "source_code_size": 27894060,
            "tags": {
              "Environment": "dev",
              "Project": "goalsguild"
            },
            "tags_all": {
              "Environment": "dev",
              "Project": "goalsguild"
            },
            "timeout": 30,
            "timeouts": null,
            "tracing_config": [
              {
                "mode": "PassThrough"
              }
            ],
            "version": "$LATEST",
            "vpc_config": []
          },
          "sensitive_attributes": [],
          "identity_schema_version": 0,
          "identity": {
            "account_id": "838284111015",
            "function_name": "goalsguild_authorizer_dev",
            "region": "us-east-2"
          },
          "private": "eyJlMmJmYjczMC1lY2FhLTExZTYtOGY4OC0zNDM2M2JjN2M0YzAiOnsiY3JlYXRlIjo2MDAwMDAwMDAwMDAsImRlbGV0ZSI6NjAwMDAwMDAwMDAwLCJ1cGRhdGUiOjYwMDAwMDAwMDAwMH19",
          "dependencies": [
            "module.iam.aws_iam_role.lambda_authorizer_role",
            "module.lambda_authorizer.data.archive_file.lambda_zip",
            "module.lambda_authorizer.null_resource.build_bash",
            "module.lambda_authorizer.null_resource.build_ps"
          ],
          "create_before_destroy": true
        }
      ]
    },
    {
      "module": "module.lambda_authorizer",
      "mode": "managed",
      "type": "null_resource",
      "name": "build_ps",
      "provider": "provider[\"registry.terraform.io/hashicorp/null\"]",
      "instances": [
        {
          "index_key": 0,
          "schema_version": 0,
          "attributes": {
            "id": "8950042541329893577",
            "triggers": {
              "build_abs": "C:/projetos/GoalsGuild/questbound-forge/backend/infra/terraform/modules/lambda_zip/.build/lambda",
              "dist_abs": "C:/projetos/GoalsGuild/questbound-forge/backend/infra/terraform/modules/lambda_zip/.dist",
              "force": "2025-09-24T00:26:07Z",
              "image": "public.ecr.aws/lambda/python:3.12",
              "req_file": "requirements.txt",
              "src_abs": "C:/projetos/GoalsGuild/questbound-forge/backend/services/authorizer-service",
              "src_hash": "5e9e47434c627fe038e2c112c7add3823ba64ff9"
            }
          },
          "sensitive_attributes": [],
          "identity_schema_version": 0,
          "create_before_destroy": true
        }
      ]
    },
    {
      "module": "module.lambda_quest_service",
      "mode": "data",
      "type": "aws_ecr_image",
      "name": "image",
      "provider": "provider[\"registry.terraform.io/hashicorp/aws\"]",
      "instances": [
        {
          "schema_version": 0,
          "attributes": {
            "id": "sha256:f7b31e2906085470709078decc30896b27e981251d0fe56460376ade35bbe95e",
            "image_digest": "sha256:f7b31e2906085470709078decc30896b27e981251d0fe56460376ade35bbe95e",
            "image_pushed_at": 1758651993,
            "image_size_in_bytes": 109781780,
            "image_tag": "2",
            "image_tags": [
              "2",
              "1"
            ],
            "image_uri": "838284111015.dkr.ecr.us-east-2.amazonaws.com/goalsguild_quest_service@sha256:f7b31e2906085470709078decc30896b27e981251d0fe56460376ade35bbe95e",
            "most_recent": null,
            "region": "us-east-2",
            "registry_id": "838284111015",
            "repository_name": "goalsguild_quest_service"
          },
          "sensitive_attributes": [],
          "identity_schema_version": 0
        }
      ]
    },
    {
      "module": "module.lambda_quest_service",
      "mode": "managed",
      "type": "aws_cloudwatch_log_group",
      "name": "lambda_log_group",
      "provider": "provider[\"registry.terraform.io/hashicorp/aws\"]",
      "instances": [
        {
          "schema_version": 0,
          "attributes": {
            "arn": "arn:aws:logs:us-east-2:838284111015:log-group:/aws/lambda/goalsguild_quest_service_dev",
            "id": "/aws/lambda/goalsguild_quest_service_dev",
            "kms_key_id": "",
            "log_group_class": "STANDARD",
            "name": "/aws/lambda/goalsguild_quest_service_dev",
            "name_prefix": "",
            "region": "us-east-2",
            "retention_in_days": 14,
            "skip_destroy": false,
            "tags": {
              "Environment": "dev",
              "Project": "goalsguild"
            },
            "tags_all": {
              "Environment": "dev",
              "Project": "goalsguild"
            }
          },
          "sensitive_attributes": [],
          "identity_schema_version": 0,
          "identity": {
            "account_id": "838284111015",
            "name": "/aws/lambda/goalsguild_quest_service_dev",
            "region": "us-east-2"
          },
          "private": "bnVsbA==",
          "dependencies": [
            "module.lambda_quest_service.aws_lambda_function.lambda_function",
            "module.lambda_quest_service.data.aws_ecr_image.image",
            "module.network.aws_iam_role.lambda_exec_role",
            "module.quest_service_image.aws_ecr_lifecycle_policy.keep_last_3",
            "module.quest_service_image.aws_ecr_repository.repo",
            "module.quest_service_image.data.aws_caller_identity.me",
            "module.quest_service_image.data.aws_ecr_authorization_token.ecr",
            "module.quest_service_image.data.aws_ecr_repository.repo",
            "module.quest_service_image.docker_image.app",
            "module.quest_service_image.docker_registry_image.app",
            "module.quest_service_image.local_file.version_file",
            "module.quest_service_image.null_resource.ecr_login"
          ]
        }
      ]
    },
    {
      "module": "module.lambda_quest_service",
      "mode": "managed",
      "type": "aws_cloudwatch_log_metric_filter",
      "name": "lambda_error_filter",
      "provider": "provider[\"registry.terraform.io/hashicorp/aws\"]",
      "instances": [
        {
          "schema_version": 0,
          "attributes": {
            "apply_on_transformed_logs": false,
            "id": "goalsguild_quest_service_ErrorFilter",
            "log_group_name": "/aws/lambda/goalsguild_quest_service_dev",
            "metric_transformation": [
              {
                "default_value": "",
                "dimensions": {},
                "name": "goalsguild_quest_service_Errors",
                "namespace": "goalsguild/Lambda",
                "unit": "None",
                "value": "1"
              }
            ],
            "name": "goalsguild_quest_service_ErrorFilter",
            "pattern": "ERROR",
            "region": "us-east-2"
          },
          "sensitive_attributes": [],
          "identity_schema_version": 0,
          "private": "bnVsbA==",
          "dependencies": [
            "module.lambda_quest_service.aws_cloudwatch_log_group.lambda_log_group",
            "module.lambda_quest_service.aws_lambda_function.lambda_function",
            "module.lambda_quest_service.data.aws_ecr_image.image",
            "module.network.aws_iam_role.lambda_exec_role",
            "module.quest_service_image.aws_ecr_lifecycle_policy.keep_last_3",
            "module.quest_service_image.aws_ecr_repository.repo",
            "module.quest_service_image.data.aws_caller_identity.me",
            "module.quest_service_image.data.aws_ecr_authorization_token.ecr",
            "module.quest_service_image.data.aws_ecr_repository.repo",
            "module.quest_service_image.docker_image.app",
            "module.quest_service_image.docker_registry_image.app",
            "module.quest_service_image.local_file.version_file",
            "module.quest_service_image.null_resource.ecr_login"
          ]
        }
      ]
    },
    {
      "module": "module.lambda_quest_service",
      "mode": "managed",
      "type": "aws_cloudwatch_log_metric_filter",
      "name": "lambda_throttle_filter",
      "provider": "provider[\"registry.terraform.io/hashicorp/aws\"]",
      "instances": [
        {
          "schema_version": 0,
          "attributes": {
            "apply_on_transformed_logs": false,
            "id": "goalsguild_quest_service_ThrottleFilter",
            "log_group_name": "/aws/lambda/goalsguild_quest_service_dev",
            "metric_transformation": [
              {
                "default_value": "",
                "dimensions": {},
                "name": "goalsguild_quest_service_Throttles",
                "namespace": "goalsguild/Lambda",
                "unit": "None",
                "value": "1"
              }
            ],
            "name": "goalsguild_quest_service_ThrottleFilter",
            "pattern": "ThrottlingException",
            "region": "us-east-2"
          },
          "sensitive_attributes": [],
          "identity_schema_version": 0,
          "private": "bnVsbA==",
          "dependencies": [
            "module.lambda_quest_service.aws_cloudwatch_log_group.lambda_log_group",
            "module.lambda_quest_service.aws_lambda_function.lambda_function",
            "module.lambda_quest_service.data.aws_ecr_image.image",
            "module.network.aws_iam_role.lambda_exec_role",
            "module.quest_service_image.aws_ecr_lifecycle_policy.keep_last_3",
            "module.quest_service_image.aws_ecr_repository.repo",
            "module.quest_service_image.data.aws_caller_identity.me",
            "module.quest_service_image.data.aws_ecr_authorization_token.ecr",
            "module.quest_service_image.data.aws_ecr_repository.repo",
            "module.quest_service_image.docker_image.app",
            "module.quest_service_image.docker_registry_image.app",
            "module.quest_service_image.local_file.version_file",
            "module.quest_service_image.null_resource.ecr_login"
          ]
        }
      ]
    },
    {
      "module": "module.lambda_quest_service",
      "mode": "managed",
      "type": "aws_cloudwatch_metric_alarm",
      "name": "lambda_duration_alarm",
      "provider": "provider[\"registry.terraform.io/hashicorp/aws\"]",
      "instances": [
        {
          "schema_version": 1,
          "attributes": {
            "actions_enabled": true,
            "alarm_actions": [],
            "alarm_description": "Alarm when Lambda function goalsguild_quest_service duration exceeds threshold",
            "alarm_name": "goalsguild_quest_service_DurationAlarm",
            "arn": "arn:aws:cloudwatch:us-east-2:838284111015:alarm:goalsguild_quest_service_DurationAlarm",
            "comparison_operator": "GreaterThanThreshold",
            "datapoints_to_alarm": 0,
            "dimensions": {},
            "evaluate_low_sample_count_percentiles": "",
            "evaluation_periods": 1,
            "extended_statistic": "",
            "id": "goalsguild_quest_service_DurationAlarm",
            "insufficient_data_actions": [],
            "metric_name": "Duration",
            "metric_query": [],
            "namespace": "AWS/Lambda",
            "ok_actions": [],
            "period": 60,
            "region": "us-east-2",
            "statistic": "Average",
            "tags": {
              "Environment": "dev",
              "Project": "goalsguild"
            },
            "tags_all": {
              "Environment": "dev",
              "Project": "goalsguild"
            },
            "threshold": 3000,
            "threshold_metric_id": "",
            "treat_missing_data": "notBreaching",
            "unit": ""
          },
          "sensitive_attributes": [],
          "identity_schema_version": 0,
          "identity": {
            "account_id": "838284111015",
            "alarm_name": "goalsguild_quest_service_DurationAlarm",
            "region": "us-east-2"
          },
          "private": "eyJzY2hlbWFfdmVyc2lvbiI6IjEifQ==",
          "dependencies": [
            "module.quest_service_image.aws_ecr_lifecycle_policy.keep_last_3",
            "module.quest_service_image.aws_ecr_repository.repo",
            "module.quest_service_image.data.aws_caller_identity.me",
            "module.quest_service_image.data.aws_ecr_authorization_token.ecr",
            "module.quest_service_image.data.aws_ecr_repository.repo",
            "module.quest_service_image.docker_image.app",
            "module.quest_service_image.docker_registry_image.app",
            "module.quest_service_image.local_file.version_file",
            "module.quest_service_image.null_resource.ecr_login"
          ]
        }
      ]
    },
    {
      "module": "module.lambda_quest_service",
      "mode": "managed",
      "type": "aws_cloudwatch_metric_alarm",
      "name": "lambda_error_alarm",
      "provider": "provider[\"registry.terraform.io/hashicorp/aws\"]",
      "instances": [
        {
          "schema_version": 1,
          "attributes": {
            "actions_enabled": true,
            "alarm_actions": [],
            "alarm_description": "Alarm when Lambda function goalsguild_quest_service has errors",
            "alarm_name": "goalsguild_quest_service_ErrorAlarm",
            "arn": "arn:aws:cloudwatch:us-east-2:838284111015:alarm:goalsguild_quest_service_ErrorAlarm",
            "comparison_operator": "GreaterThanOrEqualToThreshold",
            "datapoints_to_alarm": 0,
            "dimensions": {},
            "evaluate_low_sample_count_percentiles": "",
            "evaluation_periods": 1,
            "extended_statistic": "",
            "id": "goalsguild_quest_service_ErrorAlarm",
            "insufficient_data_actions": [],
            "metric_name": "goalsguild_quest_service_Errors",
            "metric_query": [],
            "namespace": "AWS/Lambda",
            "ok_actions": [],
            "period": 60,
            "region": "us-east-2",
            "statistic": "Sum",
            "tags": {
              "Environment": "dev",
              "Project": "goalsguild"
            },
            "tags_all": {
              "Environment": "dev",
              "Project": "goalsguild"
            },
            "threshold": 1,
            "threshold_metric_id": "",
            "treat_missing_data": "notBreaching",
            "unit": ""
          },
          "sensitive_attributes": [],
          "identity_schema_version": 0,
          "identity": {
            "account_id": "838284111015",
            "alarm_name": "goalsguild_quest_service_ErrorAlarm",
            "region": "us-east-2"
          },
          "private": "eyJzY2hlbWFfdmVyc2lvbiI6IjEifQ==",
          "dependencies": [
            "module.quest_service_image.aws_ecr_lifecycle_policy.keep_last_3",
            "module.quest_service_image.aws_ecr_repository.repo",
            "module.quest_service_image.data.aws_caller_identity.me",
            "module.quest_service_image.data.aws_ecr_authorization_token.ecr",
            "module.quest_service_image.data.aws_ecr_repository.repo",
            "module.quest_service_image.docker_image.app",
            "module.quest_service_image.docker_registry_image.app",
            "module.quest_service_image.local_file.version_file",
            "module.quest_service_image.null_resource.ecr_login"
          ]
        }
      ]
    },
    {
      "module": "module.lambda_quest_service",
      "mode": "managed",
      "type": "aws_cloudwatch_metric_alarm",
      "name": "lambda_throttle_alarm",
      "provider": "provider[\"registry.terraform.io/hashicorp/aws\"]",
      "instances": [
        {
          "schema_version": 1,
          "attributes": {
            "actions_enabled": true,
            "alarm_actions": [],
            "alarm_description": "Alarm when Lambda function goalsguild_quest_service is throttled",
            "alarm_name": "goalsguild_quest_service_ThrottleAlarm",
            "arn": "arn:aws:cloudwatch:us-east-2:838284111015:alarm:goalsguild_quest_service_ThrottleAlarm",
            "comparison_operator": "GreaterThanOrEqualToThreshold",
            "datapoints_to_alarm": 0,
            "dimensions": {},
            "evaluate_low_sample_count_percentiles": "",
            "evaluation_periods": 1,
            "extended_statistic": "",
            "id": "goalsguild_quest_service_ThrottleAlarm",
            "insufficient_data_actions": [],
            "metric_name": "goalsguild_quest_service_Throttles",
            "metric_query": [],
            "namespace": "AWS/Lambda",
            "ok_actions": [],
            "period": 60,
            "region": "us-east-2",
            "statistic": "Sum",
            "tags": {
              "Environment": "dev",
              "Project": "goalsguild"
            },
            "tags_all": {
              "Environment": "dev",
              "Project": "goalsguild"
            },
            "threshold": 1,
            "threshold_metric_id": "",
            "treat_missing_data": "notBreaching",
            "unit": ""
          },
          "sensitive_attributes": [],
          "identity_schema_version": 0,
          "identity": {
            "account_id": "838284111015",
            "alarm_name": "goalsguild_quest_service_ThrottleAlarm",
            "region": "us-east-2"
          },
          "private": "eyJzY2hlbWFfdmVyc2lvbiI6IjEifQ==",
          "dependencies": [
            "module.quest_service_image.aws_ecr_lifecycle_policy.keep_last_3",
            "module.quest_service_image.aws_ecr_repository.repo",
            "module.quest_service_image.data.aws_caller_identity.me",
            "module.quest_service_image.data.aws_ecr_authorization_token.ecr",
            "module.quest_service_image.data.aws_ecr_repository.repo",
            "module.quest_service_image.docker_image.app",
            "module.quest_service_image.docker_registry_image.app",
            "module.quest_service_image.local_file.version_file",
            "module.quest_service_image.null_resource.ecr_login"
          ]
        }
      ]
    },
    {
      "module": "module.lambda_quest_service",
      "mode": "managed",
      "type": "aws_lambda_function",
      "name": "lambda_function",
      "provider": "provider[\"registry.terraform.io/hashicorp/aws\"]",
      "instances": [
        {
          "schema_version": 0,
          "attributes": {
            "architectures": [
              "x86_64"
            ],
            "arn": "arn:aws:lambda:us-east-2:838284111015:function:goalsguild_quest_service_dev",
            "code_sha256": "f7b31e2906085470709078decc30896b27e981251d0fe56460376ade35bbe95e",
            "code_signing_config_arn": "",
            "dead_letter_config": [],
            "description": "",
            "environment": [
              {
                "variables": {
                  "AWS_LAMBDA_EXEC_WRAPPER": "/opt/bootstrap",
                  "AWS_LWA_PORT": "8080",
                  "ENVIRONMENT": "dev",
                  "PORT": "8080",
                  "QUEST_LOG_ENABLED": "true",
                  "QUEST_SERVICE_ROOT_PATH": "/DEV",
                  "RUST_LOG": "info",
                  "SETTINGS_SSM_PREFIX": "/goalsguild/quest-service/"
                }
              }
            ],
            "ephemeral_storage": [
              {
                "size": 512
              }
            ],
            "file_system_config": [],
            "filename": null,
            "function_name": "goalsguild_quest_service_dev",
            "handler": "",
            "id": "goalsguild_quest_service_dev",
            "image_config": [],
            "image_uri": "838284111015.dkr.ecr.us-east-2.amazonaws.com/goalsguild_quest_service@sha256:f7b31e2906085470709078decc30896b27e981251d0fe56460376ade35bbe95e",
            "invoke_arn": "arn:aws:apigateway:us-east-2:lambda:path/2015-03-31/functions/arn:aws:lambda:us-east-2:838284111015:function:goalsguild_quest_service_dev/invocations",
            "kms_key_arn": "",
            "last_modified": "2025-09-23T18:26:35.000+0000",
            "layers": [],
            "logging_config": [
              {
                "application_log_level": "",
                "log_format": "Text",
                "log_group": "/aws/lambda/goalsguild_quest_service_dev",
                "system_log_level": ""
              }
            ],
            "memory_size": 128,
            "package_type": "Image",
            "publish": false,
            "qualified_arn": "arn:aws:lambda:us-east-2:838284111015:function:goalsguild_quest_service_dev:$LATEST",
            "qualified_invoke_arn": "arn:aws:apigateway:us-east-2:lambda:path/2015-03-31/functions/arn:aws:lambda:us-east-2:838284111015:function:goalsguild_quest_service_dev:$LATEST/invocations",
            "region": "us-east-2",
            "replace_security_groups_on_destroy": null,
            "replacement_security_group_ids": null,
            "reserved_concurrent_executions": -1,
            "role": "arn:aws:iam::838284111015:role/goalsguild_lambda_exec_role_dev",
            "runtime": "",
            "s3_bucket": null,
            "s3_key": null,
            "s3_object_version": null,
            "signing_job_arn": "",
            "signing_profile_version_arn": "",
            "skip_destroy": false,
            "snap_start": [],
            "source_code_hash": "",
            "source_code_size": 0,
            "tags": {
              "Environment": "dev",
              "Project": "goalsguild"
            },
            "tags_all": {
              "Environment": "dev",
              "Project": "goalsguild"
            },
            "timeout": 10,
            "timeouts": null,
            "tracing_config": [
              {
                "mode": "PassThrough"
              }
            ],
            "version": "$LATEST",
            "vpc_config": []
          },
          "sensitive_attributes": [],
          "identity_schema_version": 0,
          "identity": {
            "account_id": "838284111015",
            "function_name": "goalsguild_quest_service_dev",
            "region": "us-east-2"
          },
          "private": "eyJlMmJmYjczMC1lY2FhLTExZTYtOGY4OC0zNDM2M2JjN2M0YzAiOnsiY3JlYXRlIjo2MDAwMDAwMDAwMDAsImRlbGV0ZSI6NjAwMDAwMDAwMDAwLCJ1cGRhdGUiOjYwMDAwMDAwMDAwMH19",
          "dependencies": [
            "module.lambda_quest_service.data.aws_ecr_image.image",
            "module.network.aws_iam_role.lambda_exec_role",
            "module.quest_service_image.aws_ecr_lifecycle_policy.keep_last_3",
            "module.quest_service_image.aws_ecr_repository.repo",
            "module.quest_service_image.data.aws_caller_identity.me",
            "module.quest_service_image.data.aws_ecr_authorization_token.ecr",
            "module.quest_service_image.data.aws_ecr_repository.repo",
            "module.quest_service_image.docker_image.app",
            "module.quest_service_image.docker_registry_image.app",
            "module.quest_service_image.local_file.version_file",
            "module.quest_service_image.null_resource.ecr_login"
          ],
          "create_before_destroy": true
        }
      ]
    },
    {
      "module": "module.lambda_quest_service",
      "mode": "managed",
      "type": "aws_lambda_permission",
      "name": "apigw_invoke",
      "provider": "provider[\"registry.terraform.io/hashicorp/aws\"]",
      "instances": [
        {
          "schema_version": 0,
          "attributes": {
            "action": "lambda:InvokeFunction",
            "event_source_token": null,
            "function_name": "goalsguild_quest_service_dev",
            "function_url_auth_type": null,
            "id": "AllowInvokeFromAPIGW",
            "principal": "apigateway.amazonaws.com",
            "principal_org_id": null,
            "qualifier": "",
            "region": "us-east-2",
            "source_account": null,
            "source_arn": null,
            "statement_id": "AllowInvokeFromAPIGW",
            "statement_id_prefix": ""
          },
          "sensitive_attributes": [],
          "identity_schema_version": 0,
          "identity": {
            "account_id": "838284111015",
            "function_name": "goalsguild_quest_service_dev",
            "qualifier": null,
            "region": "us-east-2",
            "statement_id": "AllowInvokeFromAPIGW"
          },
          "private": "bnVsbA==",
          "dependencies": [
            "module.lambda_quest_service.aws_lambda_function.lambda_function",
            "module.lambda_quest_service.data.aws_ecr_image.image",
            "module.network.aws_iam_role.lambda_exec_role",
            "module.quest_service_image.aws_ecr_lifecycle_policy.keep_last_3",
            "module.quest_service_image.aws_ecr_repository.repo",
            "module.quest_service_image.data.aws_caller_identity.me",
            "module.quest_service_image.data.aws_ecr_authorization_token.ecr",
            "module.quest_service_image.data.aws_ecr_repository.repo",
            "module.quest_service_image.docker_image.app",
            "module.quest_service_image.docker_registry_image.app",
            "module.quest_service_image.local_file.version_file",
            "module.quest_service_image.null_resource.ecr_login"
          ]
        }
      ]
    },
    {
      "module": "module.lambda_user_service",
      "mode": "data",
      "type": "aws_ecr_image",
      "name": "image",
      "provider": "provider[\"registry.terraform.io/hashicorp/aws\"]",
      "instances": [
        {
          "schema_version": 0,
          "attributes": {
            "id": "sha256:c2fbe3d798f78de7f29811498b6f4eadaa9fa16dc9334eaa4c5abc992e383a83",
            "image_digest": "sha256:c2fbe3d798f78de7f29811498b6f4eadaa9fa16dc9334eaa4c5abc992e383a83",
            "image_pushed_at": 1758332910,
            "image_size_in_bytes": 151910447,
            "image_tag": "2",
            "image_tags": [
              "2",
              "3",
              "1"
            ],
            "image_uri": "838284111015.dkr.ecr.us-east-2.amazonaws.com/goalsguild_user_service@sha256:c2fbe3d798f78de7f29811498b6f4eadaa9fa16dc9334eaa4c5abc992e383a83",
            "most_recent": null,
            "region": "us-east-2",
            "registry_id": "838284111015",
            "repository_name": "goalsguild_user_service"
          },
          "sensitive_attributes": [],
          "identity_schema_version": 0
        }
      ]
    },
    {
      "module": "module.lambda_user_service",
      "mode": "managed",
      "type": "aws_cloudwatch_log_group",
      "name": "lambda_log_group",
      "provider": "provider[\"registry.terraform.io/hashicorp/aws\"]",
      "instances": [
        {
          "schema_version": 0,
          "attributes": {
            "arn": "arn:aws:logs:us-east-2:838284111015:log-group:/aws/lambda/goalsguild_user_service_dev",
            "id": "/aws/lambda/goalsguild_user_service_dev",
            "kms_key_id": "",
            "log_group_class": "STANDARD",
            "name": "/aws/lambda/goalsguild_user_service_dev",
            "name_prefix": "",
            "region": "us-east-2",
            "retention_in_days": 14,
            "skip_destroy": false,
            "tags": {
              "Environment": "dev",
              "Project": "goalsguild"
            },
            "tags_all": {
              "Environment": "dev",
              "Project": "goalsguild"
            }
          },
          "sensitive_attributes": [],
          "identity_schema_version": 0,
          "identity": {
            "account_id": "838284111015",
            "name": "/aws/lambda/goalsguild_user_service_dev",
            "region": "us-east-2"
          },
          "private": "bnVsbA==",
          "dependencies": [
            "module.lambda_user_service.aws_lambda_function.lambda_function",
            "module.lambda_user_service.data.aws_ecr_image.image",
            "module.network.aws_iam_role.lambda_exec_role",
            "module.user_service_image.aws_ecr_lifecycle_policy.keep_last_3",
            "module.user_service_image.aws_ecr_repository.repo",
            "module.user_service_image.data.aws_caller_identity.me",
            "module.user_service_image.data.aws_ecr_authorization_token.ecr",
            "module.user_service_image.data.aws_ecr_repository.repo",
            "module.user_service_image.docker_image.app",
            "module.user_service_image.docker_registry_image.app",
            "module.user_service_image.local_file.version_file",
            "module.user_service_image.null_resource.ecr_login"
          ]
        }
      ]
    },
    {
      "module": "module.lambda_user_service",
      "mode": "managed",
      "type": "aws_cloudwatch_log_metric_filter",
      "name": "lambda_error_filter",
      "provider": "provider[\"registry.terraform.io/hashicorp/aws\"]",
      "instances": [
        {
          "schema_version": 0,
          "attributes": {
            "apply_on_transformed_logs": false,
            "id": "goalsguild_user_service_ErrorFilter",
            "log_group_name": "/aws/lambda/goalsguild_user_service_dev",
            "metric_transformation": [
              {
                "default_value": "",
                "dimensions": {},
                "name": "goalsguild_user_service_Errors",
                "namespace": "goalsguild/Lambda",
                "unit": "None",
                "value": "1"
              }
            ],
            "name": "goalsguild_user_service_ErrorFilter",
            "pattern": "ERROR",
            "region": "us-east-2"
          },
          "sensitive_attributes": [],
          "identity_schema_version": 0,
          "private": "bnVsbA==",
          "dependencies": [
            "module.lambda_user_service.aws_cloudwatch_log_group.lambda_log_group",
            "module.lambda_user_service.aws_lambda_function.lambda_function",
            "module.lambda_user_service.data.aws_ecr_image.image",
            "module.network.aws_iam_role.lambda_exec_role",
            "module.user_service_image.aws_ecr_lifecycle_policy.keep_last_3",
            "module.user_service_image.aws_ecr_repository.repo",
            "module.user_service_image.data.aws_caller_identity.me",
            "module.user_service_image.data.aws_ecr_authorization_token.ecr",
            "module.user_service_image.data.aws_ecr_repository.repo",
            "module.user_service_image.docker_image.app",
            "module.user_service_image.docker_registry_image.app",
            "module.user_service_image.local_file.version_file",
            "module.user_service_image.null_resource.ecr_login"
          ]
        }
      ]
    },
    {
      "module": "module.lambda_user_service",
      "mode": "managed",
      "type": "aws_cloudwatch_log_metric_filter",
      "name": "lambda_throttle_filter",
      "provider": "provider[\"registry.terraform.io/hashicorp/aws\"]",
      "instances": [
        {
          "schema_version": 0,
          "attributes": {
            "apply_on_transformed_logs": false,
            "id": "goalsguild_user_service_ThrottleFilter",
            "log_group_name": "/aws/lambda/goalsguild_user_service_dev",
            "metric_transformation": [
              {
                "default_value": "",
                "dimensions": {},
                "name": "goalsguild_user_service_Throttles",
                "namespace": "goalsguild/Lambda",
                "unit": "None",
                "value": "1"
              }
            ],
            "name": "goalsguild_user_service_ThrottleFilter",
            "pattern": "ThrottlingException",
            "region": "us-east-2"
          },
          "sensitive_attributes": [],
          "identity_schema_version": 0,
          "private": "bnVsbA==",
          "dependencies": [
            "module.lambda_user_service.aws_cloudwatch_log_group.lambda_log_group",
            "module.lambda_user_service.aws_lambda_function.lambda_function",
            "module.lambda_user_service.data.aws_ecr_image.image",
            "module.network.aws_iam_role.lambda_exec_role",
            "module.user_service_image.aws_ecr_lifecycle_policy.keep_last_3",
            "module.user_service_image.aws_ecr_repository.repo",
            "module.user_service_image.data.aws_caller_identity.me",
            "module.user_service_image.data.aws_ecr_authorization_token.ecr",
            "module.user_service_image.data.aws_ecr_repository.repo",
            "module.user_service_image.docker_image.app",
            "module.user_service_image.docker_registry_image.app",
            "module.user_service_image.local_file.version_file",
            "module.user_service_image.null_resource.ecr_login"
          ]
        }
      ]
    },
    {
      "module": "module.lambda_user_service",
      "mode": "managed",
      "type": "aws_cloudwatch_metric_alarm",
      "name": "lambda_duration_alarm",
      "provider": "provider[\"registry.terraform.io/hashicorp/aws\"]",
      "instances": [
        {
          "schema_version": 1,
          "attributes": {
            "actions_enabled": true,
            "alarm_actions": [],
            "alarm_description": "Alarm when Lambda function goalsguild_user_service duration exceeds threshold",
            "alarm_name": "goalsguild_user_service_DurationAlarm",
            "arn": "arn:aws:cloudwatch:us-east-2:838284111015:alarm:goalsguild_user_service_DurationAlarm",
            "comparison_operator": "GreaterThanThreshold",
            "datapoints_to_alarm": 0,
            "dimensions": {},
            "evaluate_low_sample_count_percentiles": "",
            "evaluation_periods": 1,
            "extended_statistic": "",
            "id": "goalsguild_user_service_DurationAlarm",
            "insufficient_data_actions": [],
            "metric_name": "Duration",
            "metric_query": [],
            "namespace": "AWS/Lambda",
            "ok_actions": [],
            "period": 60,
            "region": "us-east-2",
            "statistic": "Average",
            "tags": {
              "Environment": "dev",
              "Project": "goalsguild"
            },
            "tags_all": {
              "Environment": "dev",
              "Project": "goalsguild"
            },
            "threshold": 3000,
            "threshold_metric_id": "",
            "treat_missing_data": "notBreaching",
            "unit": ""
          },
          "sensitive_attributes": [],
          "identity_schema_version": 0,
          "identity": {
            "account_id": "838284111015",
            "alarm_name": "goalsguild_user_service_DurationAlarm",
            "region": "us-east-2"
          },
          "private": "eyJzY2hlbWFfdmVyc2lvbiI6IjEifQ==",
          "dependencies": [
            "module.user_service_image.aws_ecr_lifecycle_policy.keep_last_3",
            "module.user_service_image.aws_ecr_repository.repo",
            "module.user_service_image.data.aws_caller_identity.me",
            "module.user_service_image.data.aws_ecr_authorization_token.ecr",
            "module.user_service_image.data.aws_ecr_repository.repo",
            "module.user_service_image.docker_image.app",
            "module.user_service_image.docker_registry_image.app",
            "module.user_service_image.local_file.version_file",
            "module.user_service_image.null_resource.ecr_login"
          ]
        }
      ]
    },
    {
      "module": "module.lambda_user_service",
      "mode": "managed",
      "type": "aws_cloudwatch_metric_alarm",
      "name": "lambda_error_alarm",
      "provider": "provider[\"registry.terraform.io/hashicorp/aws\"]",
      "instances": [
        {
          "schema_version": 1,
          "attributes": {
            "actions_enabled": true,
            "alarm_actions": [],
            "alarm_description": "Alarm when Lambda function goalsguild_user_service has errors",
            "alarm_name": "goalsguild_user_service_ErrorAlarm",
            "arn": "arn:aws:cloudwatch:us-east-2:838284111015:alarm:goalsguild_user_service_ErrorAlarm",
            "comparison_operator": "GreaterThanOrEqualToThreshold",
            "datapoints_to_alarm": 0,
            "dimensions": {},
            "evaluate_low_sample_count_percentiles": "",
            "evaluation_periods": 1,
            "extended_statistic": "",
            "id": "goalsguild_user_service_ErrorAlarm",
            "insufficient_data_actions": [],
            "metric_name": "goalsguild_user_service_Errors",
            "metric_query": [],
            "namespace": "AWS/Lambda",
            "ok_actions": [],
            "period": 60,
            "region": "us-east-2",
            "statistic": "Sum",
            "tags": {
              "Environment": "dev",
              "Project": "goalsguild"
            },
            "tags_all": {
              "Environment": "dev",
              "Project": "goalsguild"
            },
            "threshold": 1,
            "threshold_metric_id": "",
            "treat_missing_data": "notBreaching",
            "unit": ""
          },
          "sensitive_attributes": [],
          "identity_schema_version": 0,
          "identity": {
            "account_id": "838284111015",
            "alarm_name": "goalsguild_user_service_ErrorAlarm",
            "region": "us-east-2"
          },
          "private": "eyJzY2hlbWFfdmVyc2lvbiI6IjEifQ==",
          "dependencies": [
            "module.user_service_image.aws_ecr_lifecycle_policy.keep_last_3",
            "module.user_service_image.aws_ecr_repository.repo",
            "module.user_service_image.data.aws_caller_identity.me",
            "module.user_service_image.data.aws_ecr_authorization_token.ecr",
            "module.user_service_image.data.aws_ecr_repository.repo",
            "module.user_service_image.docker_image.app",
            "module.user_service_image.docker_registry_image.app",
            "module.user_service_image.local_file.version_file",
            "module.user_service_image.null_resource.ecr_login"
          ]
        }
      ]
    },
    {
      "module": "module.lambda_user_service",
      "mode": "managed",
      "type": "aws_cloudwatch_metric_alarm",
      "name": "lambda_throttle_alarm",
      "provider": "provider[\"registry.terraform.io/hashicorp/aws\"]",
      "instances": [
        {
          "schema_version": 1,
          "attributes": {
            "actions_enabled": true,
            "alarm_actions": [],
            "alarm_description": "Alarm when Lambda function goalsguild_user_service is throttled",
            "alarm_name": "goalsguild_user_service_ThrottleAlarm",
            "arn": "arn:aws:cloudwatch:us-east-2:838284111015:alarm:goalsguild_user_service_ThrottleAlarm",
            "comparison_operator": "GreaterThanOrEqualToThreshold",
            "datapoints_to_alarm": 0,
            "dimensions": {},
            "evaluate_low_sample_count_percentiles": "",
            "evaluation_periods": 1,
            "extended_statistic": "",
            "id": "goalsguild_user_service_ThrottleAlarm",
            "insufficient_data_actions": [],
            "metric_name": "goalsguild_user_service_Throttles",
            "metric_query": [],
            "namespace": "AWS/Lambda",
            "ok_actions": [],
            "period": 60,
            "region": "us-east-2",
            "statistic": "Sum",
            "tags": {
              "Environment": "dev",
              "Project": "goalsguild"
            },
            "tags_all": {
              "Environment": "dev",
              "Project": "goalsguild"
            },
            "threshold": 1,
            "threshold_metric_id": "",
            "treat_missing_data": "notBreaching",
            "unit": ""
          },
          "sensitive_attributes": [],
          "identity_schema_version": 0,
          "identity": {
            "account_id": "838284111015",
            "alarm_name": "goalsguild_user_service_ThrottleAlarm",
            "region": "us-east-2"
          },
          "private": "eyJzY2hlbWFfdmVyc2lvbiI6IjEifQ==",
          "dependencies": [
            "module.user_service_image.aws_ecr_lifecycle_policy.keep_last_3",
            "module.user_service_image.aws_ecr_repository.repo",
            "module.user_service_image.data.aws_caller_identity.me",
            "module.user_service_image.data.aws_ecr_authorization_token.ecr",
            "module.user_service_image.data.aws_ecr_repository.repo",
            "module.user_service_image.docker_image.app",
            "module.user_service_image.docker_registry_image.app",
            "module.user_service_image.local_file.version_file",
            "module.user_service_image.null_resource.ecr_login"
          ]
        }
      ]
    },
    {
      "module": "module.lambda_user_service",
      "mode": "managed",
      "type": "aws_lambda_function",
      "name": "lambda_function",
      "provider": "provider[\"registry.terraform.io/hashicorp/aws\"]",
      "instances": [
        {
          "schema_version": 0,
          "attributes": {
            "architectures": [
              "x86_64"
            ],
            "arn": "arn:aws:lambda:us-east-2:838284111015:function:goalsguild_user_service_dev",
            "code_sha256": "c2fbe3d798f78de7f29811498b6f4eadaa9fa16dc9334eaa4c5abc992e383a83",
            "code_signing_config_arn": "",
            "dead_letter_config": [],
            "description": "",
            "environment": [
              {
                "variables": {
                  "AWS_LAMBDA_EXEC_WRAPPER": "/opt/bootstrap",
                  "AWS_LWA_PORT": "8080",
                  "ENVIRONMENT": "dev",
                  "PORT": "8080",
                  "RUST_LOG": "info",
                  "SETTINGS_SSM_PREFIX": "/goalsguild/user-service/",
                  "USER_LOG_ENABLED": "true"
                }
              }
            ],
            "ephemeral_storage": [
              {
                "size": 512
              }
            ],
            "file_system_config": [],
            "filename": null,
            "function_name": "goalsguild_user_service_dev",
            "handler": "",
            "id": "goalsguild_user_service_dev",
            "image_config": [],
            "image_uri": "838284111015.dkr.ecr.us-east-2.amazonaws.com/goalsguild_user_service@sha256:c2fbe3d798f78de7f29811498b6f4eadaa9fa16dc9334eaa4c5abc992e383a83",
            "invoke_arn": "arn:aws:apigateway:us-east-2:lambda:path/2015-03-31/functions/arn:aws:lambda:us-east-2:838284111015:function:goalsguild_user_service_dev/invocations",
            "kms_key_arn": "",
            "last_modified": "2025-09-20T01:52:46.000+0000",
            "layers": [],
            "logging_config": [
              {
                "application_log_level": "",
                "log_format": "Text",
                "log_group": "/aws/lambda/goalsguild_user_service_dev",
                "system_log_level": ""
              }
            ],
            "memory_size": 512,
            "package_type": "Image",
            "publish": false,
            "qualified_arn": "arn:aws:lambda:us-east-2:838284111015:function:goalsguild_user_service_dev:$LATEST",
            "qualified_invoke_arn": "arn:aws:apigateway:us-east-2:lambda:path/2015-03-31/functions/arn:aws:lambda:us-east-2:838284111015:function:goalsguild_user_service_dev:$LATEST/invocations",
            "region": "us-east-2",
            "replace_security_groups_on_destroy": null,
            "replacement_security_group_ids": null,
            "reserved_concurrent_executions": -1,
            "role": "arn:aws:iam::838284111015:role/goalsguild_lambda_exec_role_dev",
            "runtime": "",
            "s3_bucket": null,
            "s3_key": null,
            "s3_object_version": null,
            "signing_job_arn": "",
            "signing_profile_version_arn": "",
            "skip_destroy": false,
            "snap_start": [],
            "source_code_hash": "",
            "source_code_size": 0,
            "tags": {
              "Environment": "dev",
              "Project": "goalsguild"
            },
            "tags_all": {
              "Environment": "dev",
              "Project": "goalsguild"
            },
            "timeout": 10,
            "timeouts": null,
            "tracing_config": [
              {
                "mode": "PassThrough"
              }
            ],
            "version": "$LATEST",
            "vpc_config": []
          },
          "sensitive_attributes": [],
          "identity_schema_version": 0,
          "identity": {
            "account_id": "838284111015",
            "function_name": "goalsguild_user_service_dev",
            "region": "us-east-2"
          },
          "private": "eyJlMmJmYjczMC1lY2FhLTExZTYtOGY4OC0zNDM2M2JjN2M0YzAiOnsiY3JlYXRlIjo2MDAwMDAwMDAwMDAsImRlbGV0ZSI6NjAwMDAwMDAwMDAwLCJ1cGRhdGUiOjYwMDAwMDAwMDAwMH19",
          "dependencies": [
            "module.lambda_user_service.data.aws_ecr_image.image",
            "module.network.aws_iam_role.lambda_exec_role",
            "module.user_service_image.aws_ecr_lifecycle_policy.keep_last_3",
            "module.user_service_image.aws_ecr_repository.repo",
            "module.user_service_image.data.aws_caller_identity.me",
            "module.user_service_image.data.aws_ecr_authorization_token.ecr",
            "module.user_service_image.data.aws_ecr_repository.repo",
            "module.user_service_image.docker_image.app",
            "module.user_service_image.docker_registry_image.app",
            "module.user_service_image.local_file.version_file",
            "module.user_service_image.null_resource.ecr_login"
          ],
          "create_before_destroy": true
        }
      ]
    },
    {
      "module": "module.lambda_user_service",
      "mode": "managed",
      "type": "aws_lambda_permission",
      "name": "apigw_invoke",
      "provider": "provider[\"registry.terraform.io/hashicorp/aws\"]",
      "instances": [
        {
          "schema_version": 0,
          "attributes": {
            "action": "lambda:InvokeFunction",
            "event_source_token": null,
            "function_name": "goalsguild_user_service_dev",
            "function_url_auth_type": null,
            "id": "AllowInvokeFromAPIGW",
            "principal": "apigateway.amazonaws.com",
            "principal_org_id": null,
            "qualifier": "",
            "region": "us-east-2",
            "source_account": null,
            "source_arn": null,
            "statement_id": "AllowInvokeFromAPIGW",
            "statement_id_prefix": ""
          },
          "sensitive_attributes": [],
          "identity_schema_version": 0,
          "identity": {
            "account_id": "838284111015",
            "function_name": "goalsguild_user_service_dev",
            "qualifier": null,
            "region": "us-east-2",
            "statement_id": "AllowInvokeFromAPIGW"
          },
          "private": "bnVsbA==",
          "dependencies": [
            "module.lambda_user_service.aws_lambda_function.lambda_function",
            "module.lambda_user_service.data.aws_ecr_image.image",
            "module.network.aws_iam_role.lambda_exec_role",
            "module.user_service_image.aws_ecr_lifecycle_policy.keep_last_3",
            "module.user_service_image.aws_ecr_repository.repo",
            "module.user_service_image.data.aws_caller_identity.me",
            "module.user_service_image.data.aws_ecr_authorization_token.ecr",
            "module.user_service_image.data.aws_ecr_repository.repo",
            "module.user_service_image.docker_image.app",
            "module.user_service_image.docker_registry_image.app",
            "module.user_service_image.local_file.version_file",
            "module.user_service_image.null_resource.ecr_login"
          ]
        }
      ]
    },
    {
      "module": "module.network",
      "mode": "managed",
      "type": "aws_api_gateway_account",
      "name": "account",
      "provider": "module.network.provider[\"registry.terraform.io/hashicorp/aws\"]",
      "instances": [
        {
          "schema_version": 0,
          "attributes": {
            "api_key_version": "4",
            "cloudwatch_role_arn": "arn:aws:iam::838284111015:role/APIGatewayPushToCloudWatchLogs-dev",
            "features": [
              "UsagePlans"
            ],
            "id": "838284111015",
            "region": "us-east-2",
            "throttle_settings": [
              {
                "burst_limit": 5000,
                "rate_limit": 10000
              }
            ]
          },
          "sensitive_attributes": [],
          "identity_schema_version": 0,
          "dependencies": [
            "module.network.aws_iam_role.apigw_cloudwatch_role"
          ]
        }
      ]
    },
    {
      "module": "module.network",
      "mode": "managed",
      "type": "aws_api_gateway_api_key",
      "name": "frontend_key",
      "provider": "module.network.provider[\"registry.terraform.io/hashicorp/aws\"]",
      "instances": [
        {
          "schema_version": 0,
          "attributes": {
            "arn": "arn:aws:apigateway:us-east-2::/apikeys/el5ycj1io7",
            "created_date": "2025-09-09T20:16:05Z",
            "customer_id": "",
            "description": "API key for frontend to call public REST endpoints",
            "enabled": true,
            "id": "el5ycj1io7",
            "last_updated_date": "2025-09-09T20:16:05Z",
            "name": "goalsguild_api_key_dev",
            "region": "us-east-2",
            "tags": {},
            "tags_all": {},
            "value": "beckp4hwrlq3ztxc7l2xbabhkwaag10r"
          },
          "sensitive_attributes": [
            [
              {
                "type": "get_attr",
                "value": "value"
              }
            ]
          ],
          "identity_schema_version": 0,
          "private": "bnVsbA==",
          "dependencies": [
            "module.network.random_string.apigw_api_key"
          ]
        }
      ]
    },
    {
      "module": "module.network",
      "mode": "managed",
      "type": "aws_api_gateway_authorizer",
      "name": "lambda_authorizer",
      "provider": "module.network.provider[\"registry.terraform.io/hashicorp/aws\"]",
      "instances": [
        {
          "schema_version": 0,
          "attributes": {
            "arn": "arn:aws:apigateway:us-east-2::/restapis/tuffc5cto8/authorizers/4pdi1f",
            "authorizer_credentials": "",
            "authorizer_result_ttl_in_seconds": 300,
            "authorizer_uri": "arn:aws:apigateway:us-east-2:lambda:path/2015-03-31/functions/arn:aws:lambda:us-east-2:838284111015:function:goalsguild_authorizer_dev/invocations",
            "id": "4pdi1f",
            "identity_source": "method.request.header.Authorization",
            "identity_validation_expression": "",
            "name": "goalsguild_lambda_authorizer_dev",
            "provider_arns": [],
            "region": "us-east-2",
            "rest_api_id": "tuffc5cto8",
            "type": "TOKEN"
          },
          "sensitive_attributes": [],
          "identity_schema_version": 0,
          "private": "bnVsbA==",
          "dependencies": [
            "module.iam.aws_iam_role.lambda_authorizer_role",
            "module.lambda_authorizer.aws_lambda_function.this",
            "module.lambda_authorizer.data.archive_file.lambda_zip",
            "module.lambda_authorizer.null_resource.build_bash",
            "module.lambda_authorizer.null_resource.build_ps",
            "module.network.aws_api_gateway_rest_api.rest_api"
          ],
          "create_before_destroy": true
        }
      ]
    },
    {
      "module": "module.network",
      "mode": "managed",
      "type": "aws_api_gateway_deployment",
      "name": "rest_api_deployment",
      "provider": "module.network.provider[\"registry.terraform.io/hashicorp/aws\"]",
      "instances": [
        {
          "schema_version": 0,
          "attributes": {
            "created_date": "2025-09-24T00:29:08Z",
            "description": "",
            "id": "z26axm",
            "region": "us-east-2",
            "rest_api_id": "tuffc5cto8",
            "triggers": {
              "redeploy": "2025-09-24T00:29:04Z"
            },
            "variables": null
          },
          "sensitive_attributes": [],
          "identity_schema_version": 0,
          "private": "bnVsbA==",
          "dependencies": [
            "module.iam.aws_iam_role.lambda_authorizer_role",
            "module.lambda_authorizer.aws_lambda_function.this",
            "module.lambda_authorizer.data.archive_file.lambda_zip",
            "module.lambda_authorizer.null_resource.build_bash",
            "module.lambda_authorizer.null_resource.build_ps",
            "module.lambda_quest_service.aws_lambda_function.lambda_function",
            "module.lambda_quest_service.data.aws_ecr_image.image",
            "module.lambda_user_service.aws_lambda_function.lambda_function",
            "module.lambda_user_service.data.aws_ecr_image.image",
            "module.network.aws_api_gateway_authorizer.lambda_authorizer",
            "module.network.aws_api_gateway_gateway_response.default_4xx",
            "module.network.aws_api_gateway_gateway_response.default_5xx",
            "module.network.aws_api_gateway_integration.auth_renew_options_integration",
            "module.network.aws_api_gateway_integration.auth_renew_post_integration",
            "module.network.aws_api_gateway_integration.health_get_integration",
            "module.network.aws_api_gateway_integration.health_options_integration",
            "module.network.aws_api_gateway_integration.quest_get_integration",
            "module.network.aws_api_gateway_integration.quest_options_integration",
            "module.network.aws_api_gateway_integration.quest_post_integration",
            "module.network.aws_api_gateway_integration.user_login_google_options_integration",
            "module.network.aws_api_gateway_integration.user_login_google_post_integration",
            "module.network.aws_api_gateway_integration.user_login_options_integration",
            "module.network.aws_api_gateway_integration.user_login_post_integration",
            "module.network.aws_api_gateway_integration.user_logout_options_integration",
            "module.network.aws_api_gateway_integration.user_logout_post_integration",
            "module.network.aws_api_gateway_integration.user_signup_options_integration",
            "module.network.aws_api_gateway_integration.user_signup_post_integration",
            "module.network.aws_api_gateway_integration_response.auth_renew_options_200",
            "module.network.aws_api_gateway_integration_response.health_options_200",
            "module.network.aws_api_gateway_integration_response.quest_options_200",
            "module.network.aws_api_gateway_integration_response.user_login_google_options_200",
            "module.network.aws_api_gateway_integration_response.user_login_options_200",
            "module.network.aws_api_gateway_integration_response.user_logout_options_200",
            "module.network.aws_api_gateway_integration_response.user_signup_options_200",
            "module.network.aws_api_gateway_method.auth_renew_options",
            "module.network.aws_api_gateway_method.auth_renew_post",
            "module.network.aws_api_gateway_method.health_get",
            "module.network.aws_api_gateway_method.health_options",
            "module.network.aws_api_gateway_method.quest_get",
            "module.network.aws_api_gateway_method.quest_options",
            "module.network.aws_api_gateway_method.quest_post",
            "module.network.aws_api_gateway_method.user_login_google_options",
            "module.network.aws_api_gateway_method.user_login_google_post",
            "module.network.aws_api_gateway_method.user_login_options",
            "module.network.aws_api_gateway_method.user_login_post",
            "module.network.aws_api_gateway_method.user_logout_options",
            "module.network.aws_api_gateway_method.user_logout_post",
            "module.network.aws_api_gateway_method.user_signup_options",
            "module.network.aws_api_gateway_method.user_signup_post",
            "module.network.aws_api_gateway_method_response.auth_renew_options_200",
            "module.network.aws_api_gateway_method_response.health_options_200",
            "module.network.aws_api_gateway_method_response.quest_options_200",
            "module.network.aws_api_gateway_method_response.user_login_google_options_200",
            "module.network.aws_api_gateway_method_response.user_login_options_200",
            "module.network.aws_api_gateway_method_response.user_logout_options_200",
            "module.network.aws_api_gateway_method_response.user_signup_options_200",
            "module.network.aws_api_gateway_resource.auth_renew_resource",
            "module.network.aws_api_gateway_resource.auth_resource",
            "module.network.aws_api_gateway_resource.quest_service_resource",
            "module.network.aws_api_gateway_resource.user_health_resource",
            "module.network.aws_api_gateway_resource.user_login_google_resource",
            "module.network.aws_api_gateway_resource.user_login_resource",
            "module.network.aws_api_gateway_resource.user_logout_resource",
            "module.network.aws_api_gateway_resource.user_service_resource",
            "module.network.aws_api_gateway_resource.user_signup_resource",
            "module.network.aws_api_gateway_rest_api.rest_api",
            "module.network.aws_iam_role.lambda_exec_role",
            "module.network.aws_lambda_permission.allow_api_gateway_quest",
            "module.network.aws_lambda_permission.allow_api_gateway_user",
            "module.quest_service_image.aws_ecr_lifecycle_policy.keep_last_3",
            "module.quest_service_image.aws_ecr_repository.repo",
            "module.quest_service_image.data.aws_caller_identity.me",
            "module.quest_service_image.data.aws_ecr_authorization_token.ecr",
            "module.quest_service_image.data.aws_ecr_repository.repo",
            "module.quest_service_image.docker_image.app",
            "module.quest_service_image.docker_registry_image.app",
            "module.quest_service_image.local_file.version_file",
            "module.quest_service_image.null_resource.ecr_login",
            "module.user_service_image.aws_ecr_lifecycle_policy.keep_last_3",
            "module.user_service_image.aws_ecr_repository.repo",
            "module.user_service_image.data.aws_caller_identity.me",
            "module.user_service_image.data.aws_ecr_authorization_token.ecr",
            "module.user_service_image.data.aws_ecr_repository.repo",
            "module.user_service_image.docker_image.app",
            "module.user_service_image.docker_registry_image.app",
            "module.user_service_image.local_file.version_file",
            "module.user_service_image.null_resource.ecr_login"
          ],
          "create_before_destroy": true
        }
      ]
    },
    {
      "module": "module.network",
      "mode": "managed",
      "type": "aws_api_gateway_gateway_response",
      "name": "default_4xx",
      "provider": "module.network.provider[\"registry.terraform.io/hashicorp/aws\"]",
      "instances": [
        {
          "schema_version": 0,
          "attributes": {
            "id": "aggr-tuffc5cto8-DEFAULT_4XX",
            "region": "us-east-2",
            "response_parameters": {
              "gatewayresponse.header.Access-Control-Allow-Credentials": "'true'",
              "gatewayresponse.header.Access-Control-Allow-Headers": "'accept,content-type,authorization,x-api-key,origin,referer,x-amz-date,x-amz-security-token'",
              "gatewayresponse.header.Access-Control-Allow-Methods": "'GET,POST,PUT,PATCH,DELETE,OPTIONS'",
              "gatewayresponse.header.Access-Control-Allow-Origin": "'http://localhost:8080'",
              "gatewayresponse.header.Vary": "'Origin'"
            },
            "response_templates": {
              "application/json": "{\"message\":$context.error.messageString}"
            },
            "response_type": "DEFAULT_4XX",
            "rest_api_id": "tuffc5cto8",
            "status_code": ""
          },
          "sensitive_attributes": [],
          "identity_schema_version": 0,
          "private": "bnVsbA==",
          "dependencies": [
            "module.network.aws_api_gateway_rest_api.rest_api"
          ],
          "create_before_destroy": true
        }
      ]
    },
    {
      "module": "module.network",
      "mode": "managed",
      "type": "aws_api_gateway_gateway_response",
      "name": "default_5xx",
      "provider": "module.network.provider[\"registry.terraform.io/hashicorp/aws\"]",
      "instances": [
        {
          "schema_version": 0,
          "attributes": {
            "id": "aggr-tuffc5cto8-DEFAULT_5XX",
            "region": "us-east-2",
            "response_parameters": {
              "gatewayresponse.header.Access-Control-Allow-Credentials": "'true'",
              "gatewayresponse.header.Access-Control-Allow-Headers": "'accept,content-type,authorization,x-api-key,origin,referer,x-amz-date,x-amz-security-token'",
              "gatewayresponse.header.Access-Control-Allow-Methods": "'GET,POST,PUT,PATCH,DELETE,OPTIONS'",
              "gatewayresponse.header.Access-Control-Allow-Origin": "'http://localhost:8080'",
              "gatewayresponse.header.Vary": "'Origin'"
            },
            "response_templates": {
              "application/json": "{\"message\":$context.error.messageString}"
            },
            "response_type": "DEFAULT_5XX",
            "rest_api_id": "tuffc5cto8",
            "status_code": ""
          },
          "sensitive_attributes": [],
          "identity_schema_version": 0,
          "private": "bnVsbA==",
          "dependencies": [
            "module.network.aws_api_gateway_rest_api.rest_api"
          ],
          "create_before_destroy": true
        }
      ]
    },
    {
      "module": "module.network",
      "mode": "managed",
      "type": "aws_api_gateway_integration",
      "name": "auth_renew_options_integration",
      "provider": "module.network.provider[\"registry.terraform.io/hashicorp/aws\"]",
      "instances": [
        {
          "schema_version": 0,
          "attributes": {
            "cache_key_parameters": null,
            "cache_namespace": "zk52sr",
            "connection_id": "",
            "connection_type": "INTERNET",
            "content_handling": "",
            "credentials": "",
            "http_method": "OPTIONS",
            "id": "agi-tuffc5cto8-zk52sr-OPTIONS",
            "integration_http_method": "",
            "passthrough_behavior": "WHEN_NO_MATCH",
            "region": "us-east-2",
            "request_parameters": null,
            "request_templates": {
              "application/json": "{\"statusCode\": 200}",
              "application/x-www-form-urlencoded": "{\"statusCode\": 200}",
              "text/plain": "{\"statusCode\": 200}"
            },
            "resource_id": "zk52sr",
            "rest_api_id": "tuffc5cto8",
            "timeout_milliseconds": 29000,
            "tls_config": [],
            "type": "MOCK",
            "uri": ""
          },
          "sensitive_attributes": [],
          "identity_schema_version": 0,
          "private": "bnVsbA==",
          "dependencies": [
            "module.network.aws_api_gateway_method.auth_renew_options",
            "module.network.aws_api_gateway_resource.auth_renew_resource",
            "module.network.aws_api_gateway_resource.auth_resource",
            "module.network.aws_api_gateway_rest_api.rest_api"
          ],
          "create_before_destroy": true
        }
      ]
    },
    {
      "module": "module.network",
      "mode": "managed",
      "type": "aws_api_gateway_integration",
      "name": "auth_renew_post_integration",
      "provider": "module.network.provider[\"registry.terraform.io/hashicorp/aws\"]",
      "instances": [
        {
          "schema_version": 0,
          "attributes": {
            "cache_key_parameters": [],
            "cache_namespace": "zk52sr",
            "connection_id": "",
            "connection_type": "INTERNET",
            "content_handling": "",
            "credentials": "",
            "http_method": "POST",
            "id": "agi-tuffc5cto8-zk52sr-POST",
            "integration_http_method": "POST",
            "passthrough_behavior": "WHEN_NO_MATCH",
            "region": "us-east-2",
            "request_parameters": {},
            "request_templates": {},
            "resource_id": "zk52sr",
            "rest_api_id": "tuffc5cto8",
            "timeout_milliseconds": 29000,
            "tls_config": [],
            "type": "AWS_PROXY",
            "uri": "arn:aws:apigateway:us-east-2:lambda:path/2015-03-31/functions/arn:aws:lambda:us-east-2:838284111015:function:goalsguild_user_service_dev/invocations"
          },
          "sensitive_attributes": [],
          "identity_schema_version": 0,
          "private": "bnVsbA==",
          "dependencies": [
            "module.iam.aws_iam_role.lambda_authorizer_role",
            "module.lambda_authorizer.aws_lambda_function.this",
            "module.lambda_authorizer.data.archive_file.lambda_zip",
            "module.lambda_authorizer.null_resource.build_bash",
            "module.lambda_authorizer.null_resource.build_ps",
            "module.lambda_user_service.aws_lambda_function.lambda_function",
            "module.lambda_user_service.data.aws_ecr_image.image",
            "module.network.aws_api_gateway_authorizer.lambda_authorizer",
            "module.network.aws_api_gateway_method.auth_renew_post",
            "module.network.aws_api_gateway_resource.auth_renew_resource",
            "module.network.aws_api_gateway_resource.auth_resource",
            "module.network.aws_api_gateway_rest_api.rest_api",
            "module.network.aws_iam_role.lambda_exec_role",
            "module.network.aws_lambda_permission.allow_api_gateway_user",
            "module.user_service_image.aws_ecr_lifecycle_policy.keep_last_3",
            "module.user_service_image.aws_ecr_repository.repo",
            "module.user_service_image.data.aws_caller_identity.me",
            "module.user_service_image.data.aws_ecr_authorization_token.ecr",
            "module.user_service_image.data.aws_ecr_repository.repo",
            "module.user_service_image.docker_image.app",
            "module.user_service_image.docker_registry_image.app",
            "module.user_service_image.local_file.version_file",
            "module.user_service_image.null_resource.ecr_login"
          ],
          "create_before_destroy": true
        }
      ]
    },
    {
      "module": "module.network",
      "mode": "managed",
      "type": "aws_api_gateway_integration",
      "name": "health_get_integration",
      "provider": "module.network.provider[\"registry.terraform.io/hashicorp/aws\"]",
      "instances": [
        {
          "schema_version": 0,
          "attributes": {
            "cache_key_parameters": [],
            "cache_namespace": "vic8lk",
            "connection_id": "",
            "connection_type": "INTERNET",
            "content_handling": "",
            "credentials": "",
            "http_method": "GET",
            "id": "agi-tuffc5cto8-vic8lk-GET",
            "integration_http_method": "POST",
            "passthrough_behavior": "WHEN_NO_MATCH",
            "region": "us-east-2",
            "request_parameters": {},
            "request_templates": {},
            "resource_id": "vic8lk",
            "rest_api_id": "tuffc5cto8",
            "timeout_milliseconds": 29000,
            "tls_config": [],
            "type": "AWS_PROXY",
            "uri": "arn:aws:apigateway:us-east-2:lambda:path/2015-03-31/functions/arn:aws:lambda:us-east-2:838284111015:function:goalsguild_user_service_dev/invocations"
          },
          "sensitive_attributes": [],
          "identity_schema_version": 0,
          "private": "bnVsbA==",
          "dependencies": [
            "module.lambda_user_service.aws_lambda_function.lambda_function",
            "module.lambda_user_service.data.aws_ecr_image.image",
            "module.network.aws_api_gateway_method.health_get",
            "module.network.aws_api_gateway_resource.user_health_resource",
            "module.network.aws_api_gateway_rest_api.rest_api",
            "module.network.aws_iam_role.lambda_exec_role",
            "module.network.aws_lambda_permission.allow_api_gateway_user",
            "module.user_service_image.aws_ecr_lifecycle_policy.keep_last_3",
            "module.user_service_image.aws_ecr_repository.repo",
            "module.user_service_image.data.aws_caller_identity.me",
            "module.user_service_image.data.aws_ecr_authorization_token.ecr",
            "module.user_service_image.data.aws_ecr_repository.repo",
            "module.user_service_image.docker_image.app",
            "module.user_service_image.docker_registry_image.app",
            "module.user_service_image.local_file.version_file",
            "module.user_service_image.null_resource.ecr_login"
          ],
          "create_before_destroy": true
        }
      ]
    },
    {
      "module": "module.network",
      "mode": "managed",
      "type": "aws_api_gateway_integration",
      "name": "health_options_integration",
      "provider": "module.network.provider[\"registry.terraform.io/hashicorp/aws\"]",
      "instances": [
        {
          "schema_version": 0,
          "attributes": {
            "cache_key_parameters": null,
            "cache_namespace": "vic8lk",
            "connection_id": "",
            "connection_type": "INTERNET",
            "content_handling": "",
            "credentials": "",
            "http_method": "OPTIONS",
            "id": "agi-tuffc5cto8-vic8lk-OPTIONS",
            "integration_http_method": "",
            "passthrough_behavior": "WHEN_NO_MATCH",
            "region": "us-east-2",
            "request_parameters": null,
            "request_templates": {
              "application/json": "{\"statusCode\": 200}",
              "application/x-www-form-urlencoded": "{\"statusCode\": 200}",
              "text/plain": "{\"statusCode\": 200}"
            },
            "resource_id": "vic8lk",
            "rest_api_id": "tuffc5cto8",
            "timeout_milliseconds": 29000,
            "tls_config": [],
            "type": "MOCK",
            "uri": ""
          },
          "sensitive_attributes": [],
          "identity_schema_version": 0,
          "private": "bnVsbA==",
          "dependencies": [
            "module.network.aws_api_gateway_method.health_options",
            "module.network.aws_api_gateway_resource.user_health_resource",
            "module.network.aws_api_gateway_rest_api.rest_api"
          ],
          "create_before_destroy": true
        }
      ]
    },
    {
      "module": "module.network",
      "mode": "managed",
      "type": "aws_api_gateway_integration",
      "name": "quest_create_task_options_integration",
      "provider": "module.network.provider[\"registry.terraform.io/hashicorp/aws\"]",
      "instances": [
        {
          "schema_version": 0,
          "attributes": {
            "cache_key_parameters": null,
            "cache_namespace": "p69058",
            "connection_id": "",
            "connection_type": "INTERNET",
            "content_handling": "",
            "credentials": "",
            "http_method": "OPTIONS",
            "id": "agi-tuffc5cto8-p69058-OPTIONS",
            "integration_http_method": "",
            "passthrough_behavior": "WHEN_NO_MATCH",
            "region": "us-east-2",
            "request_parameters": null,
            "request_templates": {
              "application/json": "{\"statusCode\": 200}",
              "application/x-www-form-urlencoded": "{\"statusCode\": 200}",
              "text/plain": "{\"statusCode\": 200}"
            },
            "resource_id": "p69058",
            "rest_api_id": "tuffc5cto8",
            "timeout_milliseconds": 29000,
            "tls_config": [],
            "type": "MOCK",
            "uri": ""
          },
          "sensitive_attributes": [],
          "identity_schema_version": 0,
          "private": "bnVsbA==",
          "dependencies": [
            "module.network.aws_api_gateway_method.quest_create_task_options",
            "module.network.aws_api_gateway_resource.quest_create_task_resource",
            "module.network.aws_api_gateway_resource.quest_service_resource",
            "module.network.aws_api_gateway_rest_api.rest_api"
          ]
        }
      ]
    },
    {
      "module": "module.network",
      "mode": "managed",
      "type": "aws_api_gateway_integration",
      "name": "quest_create_task_post_integration",
      "provider": "module.network.provider[\"registry.terraform.io/hashicorp/aws\"]",
      "instances": [
        {
          "schema_version": 0,
          "attributes": {
            "cache_key_parameters": [],
            "cache_namespace": "p69058",
            "connection_id": "",
            "connection_type": "INTERNET",
            "content_handling": "",
            "credentials": "",
            "http_method": "POST",
            "id": "agi-tuffc5cto8-p69058-POST",
            "integration_http_method": "POST",
            "passthrough_behavior": "WHEN_NO_MATCH",
            "region": "us-east-2",
            "request_parameters": {},
            "request_templates": {},
            "resource_id": "p69058",
            "rest_api_id": "tuffc5cto8",
            "timeout_milliseconds": 29000,
            "tls_config": [],
            "type": "AWS_PROXY",
            "uri": "arn:aws:apigateway:us-east-2:lambda:path/2015-03-31/functions/arn:aws:lambda:us-east-2:838284111015:function:goalsguild_quest_service_dev/invocations"
          },
          "sensitive_attributes": [],
          "identity_schema_version": 0,
          "private": "bnVsbA==",
          "dependencies": [
            "module.iam.aws_iam_role.lambda_authorizer_role",
            "module.lambda_authorizer.aws_lambda_function.this",
            "module.lambda_authorizer.data.archive_file.lambda_zip",
            "module.lambda_authorizer.null_resource.build_bash",
            "module.lambda_authorizer.null_resource.build_ps",
            "module.lambda_quest_service.aws_lambda_function.lambda_function",
            "module.lambda_quest_service.data.aws_ecr_image.image",
            "module.network.aws_api_gateway_authorizer.lambda_authorizer",
            "module.network.aws_api_gateway_method.quest_create_task_post",
            "module.network.aws_api_gateway_resource.quest_create_task_resource",
            "module.network.aws_api_gateway_resource.quest_service_resource",
            "module.network.aws_api_gateway_rest_api.rest_api",
            "module.network.aws_iam_role.lambda_exec_role",
            "module.network.aws_lambda_permission.allow_api_gateway_quest",
            "module.quest_service_image.aws_ecr_lifecycle_policy.keep_last_3",
            "module.quest_service_image.aws_ecr_repository.repo",
            "module.quest_service_image.data.aws_caller_identity.me",
            "module.quest_service_image.data.aws_ecr_authorization_token.ecr",
            "module.quest_service_image.data.aws_ecr_repository.repo",
            "module.quest_service_image.docker_image.app",
            "module.quest_service_image.docker_registry_image.app",
            "module.quest_service_image.local_file.version_file",
            "module.quest_service_image.null_resource.ecr_login"
          ]
        }
      ]
    },
    {
      "module": "module.network",
      "mode": "managed",
      "type": "aws_api_gateway_integration",
      "name": "quest_get_integration",
      "provider": "module.network.provider[\"registry.terraform.io/hashicorp/aws\"]",
      "instances": [
        {
          "schema_version": 0,
          "attributes": {
            "cache_key_parameters": [],
            "cache_namespace": "964usg",
            "connection_id": "",
            "connection_type": "INTERNET",
            "content_handling": "",
            "credentials": "",
            "http_method": "GET",
            "id": "agi-tuffc5cto8-964usg-GET",
            "integration_http_method": "POST",
            "passthrough_behavior": "WHEN_NO_MATCH",
            "region": "us-east-2",
            "request_parameters": {},
            "request_templates": {},
            "resource_id": "964usg",
            "rest_api_id": "tuffc5cto8",
            "timeout_milliseconds": 29000,
            "tls_config": [],
            "type": "AWS_PROXY",
            "uri": "arn:aws:apigateway:us-east-2:lambda:path/2015-03-31/functions/arn:aws:lambda:us-east-2:838284111015:function:goalsguild_quest_service_dev/invocations"
          },
          "sensitive_attributes": [],
          "identity_schema_version": 0,
          "private": "bnVsbA==",
          "dependencies": [
            "module.iam.aws_iam_role.lambda_authorizer_role",
            "module.lambda_authorizer.aws_lambda_function.this",
            "module.lambda_authorizer.data.archive_file.lambda_zip",
            "module.lambda_authorizer.null_resource.build_bash",
            "module.lambda_authorizer.null_resource.build_ps",
            "module.lambda_quest_service.aws_lambda_function.lambda_function",
            "module.lambda_quest_service.data.aws_ecr_image.image",
            "module.network.aws_api_gateway_authorizer.lambda_authorizer",
            "module.network.aws_api_gateway_method.quest_get",
            "module.network.aws_api_gateway_resource.quest_service_resource",
            "module.network.aws_api_gateway_rest_api.rest_api",
            "module.network.aws_iam_role.lambda_exec_role",
            "module.network.aws_lambda_permission.allow_api_gateway_quest",
            "module.quest_service_image.aws_ecr_lifecycle_policy.keep_last_3",
            "module.quest_service_image.aws_ecr_repository.repo",
            "module.quest_service_image.data.aws_caller_identity.me",
            "module.quest_service_image.data.aws_ecr_authorization_token.ecr",
            "module.quest_service_image.data.aws_ecr_repository.repo",
            "module.quest_service_image.docker_image.app",
            "module.quest_service_image.docker_registry_image.app",
            "module.quest_service_image.local_file.version_file",
            "module.quest_service_image.null_resource.ecr_login"
          ],
          "create_before_destroy": true
        }
      ]
    },
    {
      "module": "module.network",
      "mode": "managed",
      "type": "aws_api_gateway_integration",
      "name": "quest_options_integration",
      "provider": "module.network.provider[\"registry.terraform.io/hashicorp/aws\"]",
      "instances": [
        {
          "schema_version": 0,
          "attributes": {
            "cache_key_parameters": null,
            "cache_namespace": "964usg",
            "connection_id": "",
            "connection_type": "INTERNET",
            "content_handling": "",
            "credentials": "",
            "http_method": "OPTIONS",
            "id": "agi-tuffc5cto8-964usg-OPTIONS",
            "integration_http_method": "",
            "passthrough_behavior": "WHEN_NO_MATCH",
            "region": "us-east-2",
            "request_parameters": null,
            "request_templates": {
              "application/json": "{\"statusCode\": 200}",
              "application/x-www-form-urlencoded": "{\"statusCode\": 200}",
              "text/plain": "{\"statusCode\": 200}"
            },
            "resource_id": "964usg",
            "rest_api_id": "tuffc5cto8",
            "timeout_milliseconds": 29000,
            "tls_config": [],
            "type": "MOCK",
            "uri": ""
          },
          "sensitive_attributes": [],
          "identity_schema_version": 0,
          "private": "bnVsbA==",
          "dependencies": [
            "module.network.aws_api_gateway_method.quest_options",
            "module.network.aws_api_gateway_resource.quest_service_resource",
            "module.network.aws_api_gateway_rest_api.rest_api"
          ],
          "create_before_destroy": true
        }
      ]
    },
    {
      "module": "module.network",
      "mode": "managed",
      "type": "aws_api_gateway_integration",
      "name": "quest_post_integration",
      "provider": "module.network.provider[\"registry.terraform.io/hashicorp/aws\"]",
      "instances": [
        {
          "schema_version": 0,
          "attributes": {
            "cache_key_parameters": [],
            "cache_namespace": "964usg",
            "connection_id": "",
            "connection_type": "INTERNET",
            "content_handling": "",
            "credentials": "",
            "http_method": "POST",
            "id": "agi-tuffc5cto8-964usg-POST",
            "integration_http_method": "POST",
            "passthrough_behavior": "WHEN_NO_MATCH",
            "region": "us-east-2",
            "request_parameters": {},
            "request_templates": {},
            "resource_id": "964usg",
            "rest_api_id": "tuffc5cto8",
            "timeout_milliseconds": 29000,
            "tls_config": [],
            "type": "AWS_PROXY",
            "uri": "arn:aws:apigateway:us-east-2:lambda:path/2015-03-31/functions/arn:aws:lambda:us-east-2:838284111015:function:goalsguild_quest_service_dev/invocations"
          },
          "sensitive_attributes": [],
          "identity_schema_version": 0,
          "private": "bnVsbA==",
          "dependencies": [
            "module.iam.aws_iam_role.lambda_authorizer_role",
            "module.lambda_authorizer.aws_lambda_function.this",
            "module.lambda_authorizer.data.archive_file.lambda_zip",
            "module.lambda_authorizer.null_resource.build_bash",
            "module.lambda_authorizer.null_resource.build_ps",
            "module.lambda_quest_service.aws_lambda_function.lambda_function",
            "module.lambda_quest_service.data.aws_ecr_image.image",
            "module.network.aws_api_gateway_authorizer.lambda_authorizer",
            "module.network.aws_api_gateway_method.quest_post",
            "module.network.aws_api_gateway_resource.quest_service_resource",
            "module.network.aws_api_gateway_rest_api.rest_api",
            "module.network.aws_iam_role.lambda_exec_role",
            "module.network.aws_lambda_permission.allow_api_gateway_quest",
            "module.quest_service_image.aws_ecr_lifecycle_policy.keep_last_3",
            "module.quest_service_image.aws_ecr_repository.repo",
            "module.quest_service_image.data.aws_caller_identity.me",
            "module.quest_service_image.data.aws_ecr_authorization_token.ecr",
            "module.quest_service_image.data.aws_ecr_repository.repo",
            "module.quest_service_image.docker_image.app",
            "module.quest_service_image.docker_registry_image.app",
            "module.quest_service_image.local_file.version_file",
            "module.quest_service_image.null_resource.ecr_login"
          ],
          "create_before_destroy": true
        }
      ]
    },
    {
      "module": "module.network",
      "mode": "managed",
      "type": "aws_api_gateway_integration",
      "name": "user_login_google_options_integration",
      "provider": "module.network.provider[\"registry.terraform.io/hashicorp/aws\"]",
      "instances": [
        {
          "schema_version": 0,
          "attributes": {
            "cache_key_parameters": null,
            "cache_namespace": "cohdvg",
            "connection_id": "",
            "connection_type": "INTERNET",
            "content_handling": "",
            "credentials": "",
            "http_method": "OPTIONS",
            "id": "agi-tuffc5cto8-cohdvg-OPTIONS",
            "integration_http_method": "",
            "passthrough_behavior": "WHEN_NO_MATCH",
            "region": "us-east-2",
            "request_parameters": null,
            "request_templates": {
              "application/json": "{\"statusCode\": 200}",
              "application/x-www-form-urlencoded": "{\"statusCode\": 200}",
              "text/plain": "{\"statusCode\": 200}"
            },
            "resource_id": "cohdvg",
            "rest_api_id": "tuffc5cto8",
            "timeout_milliseconds": 29000,
            "tls_config": [],
            "type": "MOCK",
            "uri": ""
          },
          "sensitive_attributes": [],
          "identity_schema_version": 0,
          "private": "bnVsbA==",
          "dependencies": [
            "module.network.aws_api_gateway_method.user_login_google_options",
            "module.network.aws_api_gateway_resource.user_login_google_resource",
            "module.network.aws_api_gateway_resource.user_login_resource",
            "module.network.aws_api_gateway_resource.user_service_resource",
            "module.network.aws_api_gateway_rest_api.rest_api"
          ],
          "create_before_destroy": true
        }
      ]
    },
    {
      "module": "module.network",
      "mode": "managed",
      "type": "aws_api_gateway_integration",
      "name": "user_login_google_post_integration",
      "provider": "module.network.provider[\"registry.terraform.io/hashicorp/aws\"]",
      "instances": [
        {
          "schema_version": 0,
          "attributes": {
            "cache_key_parameters": [],
            "cache_namespace": "cohdvg",
            "connection_id": "",
            "connection_type": "INTERNET",
            "content_handling": "",
            "credentials": "",
            "http_method": "POST",
            "id": "agi-tuffc5cto8-cohdvg-POST",
            "integration_http_method": "POST",
            "passthrough_behavior": "WHEN_NO_MATCH",
            "region": "us-east-2",
            "request_parameters": {},
            "request_templates": {},
            "resource_id": "cohdvg",
            "rest_api_id": "tuffc5cto8",
            "timeout_milliseconds": 29000,
            "tls_config": [],
            "type": "AWS_PROXY",
            "uri": "arn:aws:apigateway:us-east-2:lambda:path/2015-03-31/functions/arn:aws:lambda:us-east-2:838284111015:function:goalsguild_user_service_dev/invocations"
          },
          "sensitive_attributes": [],
          "identity_schema_version": 0,
          "private": "bnVsbA==",
          "dependencies": [
            "module.lambda_user_service.aws_lambda_function.lambda_function",
            "module.lambda_user_service.data.aws_ecr_image.image",
            "module.network.aws_api_gateway_method.user_login_google_post",
            "module.network.aws_api_gateway_resource.user_login_google_resource",
            "module.network.aws_api_gateway_resource.user_login_resource",
            "module.network.aws_api_gateway_resource.user_service_resource",
            "module.network.aws_api_gateway_rest_api.rest_api",
            "module.network.aws_iam_role.lambda_exec_role",
            "module.network.aws_lambda_permission.allow_api_gateway_user",
            "module.user_service_image.aws_ecr_lifecycle_policy.keep_last_3",
            "module.user_service_image.aws_ecr_repository.repo",
            "module.user_service_image.data.aws_caller_identity.me",
            "module.user_service_image.data.aws_ecr_authorization_token.ecr",
            "module.user_service_image.data.aws_ecr_repository.repo",
            "module.user_service_image.docker_image.app",
            "module.user_service_image.docker_registry_image.app",
            "module.user_service_image.local_file.version_file",
            "module.user_service_image.null_resource.ecr_login"
          ],
          "create_before_destroy": true
        }
      ]
    },
    {
      "module": "module.network",
      "mode": "managed",
      "type": "aws_api_gateway_integration",
      "name": "user_login_options_integration",
      "provider": "module.network.provider[\"registry.terraform.io/hashicorp/aws\"]",
      "instances": [
        {
          "schema_version": 0,
          "attributes": {
            "cache_key_parameters": null,
            "cache_namespace": "pro461",
            "connection_id": "",
            "connection_type": "INTERNET",
            "content_handling": "",
            "credentials": "",
            "http_method": "OPTIONS",
            "id": "agi-tuffc5cto8-pro461-OPTIONS",
            "integration_http_method": "",
            "passthrough_behavior": "WHEN_NO_MATCH",
            "region": "us-east-2",
            "request_parameters": null,
            "request_templates": {
              "application/json": "{\"statusCode\": 200}",
              "application/x-www-form-urlencoded": "{\"statusCode\": 200}",
              "text/plain": "{\"statusCode\": 200}"
            },
            "resource_id": "pro461",
            "rest_api_id": "tuffc5cto8",
            "timeout_milliseconds": 29000,
            "tls_config": [],
            "type": "MOCK",
            "uri": ""
          },
          "sensitive_attributes": [],
          "identity_schema_version": 0,
          "private": "bnVsbA==",
          "dependencies": [
            "module.network.aws_api_gateway_method.user_login_options",
            "module.network.aws_api_gateway_resource.user_login_resource",
            "module.network.aws_api_gateway_resource.user_service_resource",
            "module.network.aws_api_gateway_rest_api.rest_api"
          ],
          "create_before_destroy": true
        }
      ]
    },
    {
      "module": "module.network",
      "mode": "managed",
      "type": "aws_api_gateway_integration",
      "name": "user_login_post_integration",
      "provider": "module.network.provider[\"registry.terraform.io/hashicorp/aws\"]",
      "instances": [
        {
          "schema_version": 0,
          "attributes": {
            "cache_key_parameters": [],
            "cache_namespace": "pro461",
            "connection_id": "",
            "connection_type": "INTERNET",
            "content_handling": "",
            "credentials": "",
            "http_method": "POST",
            "id": "agi-tuffc5cto8-pro461-POST",
            "integration_http_method": "POST",
            "passthrough_behavior": "WHEN_NO_MATCH",
            "region": "us-east-2",
            "request_parameters": {},
            "request_templates": {},
            "resource_id": "pro461",
            "rest_api_id": "tuffc5cto8",
            "timeout_milliseconds": 29000,
            "tls_config": [],
            "type": "AWS_PROXY",
            "uri": "arn:aws:apigateway:us-east-2:lambda:path/2015-03-31/functions/arn:aws:lambda:us-east-2:838284111015:function:goalsguild_user_service_dev/invocations"
          },
          "sensitive_attributes": [],
          "identity_schema_version": 0,
          "private": "bnVsbA==",
          "dependencies": [
            "module.lambda_user_service.aws_lambda_function.lambda_function",
            "module.lambda_user_service.data.aws_ecr_image.image",
            "module.network.aws_api_gateway_method.user_login_post",
            "module.network.aws_api_gateway_resource.user_login_resource",
            "module.network.aws_api_gateway_resource.user_service_resource",
            "module.network.aws_api_gateway_rest_api.rest_api",
            "module.network.aws_iam_role.lambda_exec_role",
            "module.network.aws_lambda_permission.allow_api_gateway_user",
            "module.user_service_image.aws_ecr_lifecycle_policy.keep_last_3",
            "module.user_service_image.aws_ecr_repository.repo",
            "module.user_service_image.data.aws_caller_identity.me",
            "module.user_service_image.data.aws_ecr_authorization_token.ecr",
            "module.user_service_image.data.aws_ecr_repository.repo",
            "module.user_service_image.docker_image.app",
            "module.user_service_image.docker_registry_image.app",
            "module.user_service_image.local_file.version_file",
            "module.user_service_image.null_resource.ecr_login"
          ],
          "create_before_destroy": true
        }
      ]
    },
    {
      "module": "module.network",
      "mode": "managed",
      "type": "aws_api_gateway_integration",
      "name": "user_logout_options_integration",
      "provider": "module.network.provider[\"registry.terraform.io/hashicorp/aws\"]",
      "instances": [
        {
          "schema_version": 0,
          "attributes": {
            "cache_key_parameters": null,
            "cache_namespace": "2v2rqb",
            "connection_id": "",
            "connection_type": "INTERNET",
            "content_handling": "",
            "credentials": "",
            "http_method": "OPTIONS",
            "id": "agi-tuffc5cto8-2v2rqb-OPTIONS",
            "integration_http_method": "",
            "passthrough_behavior": "WHEN_NO_MATCH",
            "region": "us-east-2",
            "request_parameters": null,
            "request_templates": {
              "application/json": "{\"statusCode\": 200}",
              "application/x-www-form-urlencoded": "{\"statusCode\": 200}",
              "text/plain": "{\"statusCode\": 200}"
            },
            "resource_id": "2v2rqb",
            "rest_api_id": "tuffc5cto8",
            "timeout_milliseconds": 29000,
            "tls_config": [],
            "type": "MOCK",
            "uri": ""
          },
          "sensitive_attributes": [],
          "identity_schema_version": 0,
          "private": "bnVsbA==",
          "dependencies": [
            "module.network.aws_api_gateway_method.user_logout_options",
            "module.network.aws_api_gateway_resource.user_logout_resource",
            "module.network.aws_api_gateway_resource.user_service_resource",
            "module.network.aws_api_gateway_rest_api.rest_api"
          ],
          "create_before_destroy": true
        }
      ]
    },
    {
      "module": "module.network",
      "mode": "managed",
      "type": "aws_api_gateway_integration",
      "name": "user_logout_post_integration",
      "provider": "module.network.provider[\"registry.terraform.io/hashicorp/aws\"]",
      "instances": [
        {
          "schema_version": 0,
          "attributes": {
            "cache_key_parameters": [],
            "cache_namespace": "2v2rqb",
            "connection_id": "",
            "connection_type": "INTERNET",
            "content_handling": "",
            "credentials": "",
            "http_method": "POST",
            "id": "agi-tuffc5cto8-2v2rqb-POST",
            "integration_http_method": "POST",
            "passthrough_behavior": "WHEN_NO_MATCH",
            "region": "us-east-2",
            "request_parameters": {},
            "request_templates": {},
            "resource_id": "2v2rqb",
            "rest_api_id": "tuffc5cto8",
            "timeout_milliseconds": 29000,
            "tls_config": [],
            "type": "AWS_PROXY",
            "uri": "arn:aws:apigateway:us-east-2:lambda:path/2015-03-31/functions/arn:aws:lambda:us-east-2:838284111015:function:goalsguild_user_service_dev/invocations"
          },
          "sensitive_attributes": [],
          "identity_schema_version": 0,
          "private": "bnVsbA==",
          "dependencies": [
            "module.iam.aws_iam_role.lambda_authorizer_role",
            "module.lambda_authorizer.aws_lambda_function.this",
            "module.lambda_authorizer.data.archive_file.lambda_zip",
            "module.lambda_authorizer.null_resource.build_bash",
            "module.lambda_authorizer.null_resource.build_ps",
            "module.lambda_user_service.aws_lambda_function.lambda_function",
            "module.lambda_user_service.data.aws_ecr_image.image",
            "module.network.aws_api_gateway_authorizer.lambda_authorizer",
            "module.network.aws_api_gateway_method.user_logout_post",
            "module.network.aws_api_gateway_resource.user_logout_resource",
            "module.network.aws_api_gateway_resource.user_service_resource",
            "module.network.aws_api_gateway_rest_api.rest_api",
            "module.network.aws_iam_role.lambda_exec_role",
            "module.network.aws_lambda_permission.allow_api_gateway_user",
            "module.user_service_image.aws_ecr_lifecycle_policy.keep_last_3",
            "module.user_service_image.aws_ecr_repository.repo",
            "module.user_service_image.data.aws_caller_identity.me",
            "module.user_service_image.data.aws_ecr_authorization_token.ecr",
            "module.user_service_image.data.aws_ecr_repository.repo",
            "module.user_service_image.docker_image.app",
            "module.user_service_image.docker_registry_image.app",
            "module.user_service_image.local_file.version_file",
            "module.user_service_image.null_resource.ecr_login"
          ],
          "create_before_destroy": true
        }
      ]
    },
    {
      "module": "module.network",
      "mode": "managed",
      "type": "aws_api_gateway_integration",
      "name": "user_signup_options_integration",
      "provider": "module.network.provider[\"registry.terraform.io/hashicorp/aws\"]",
      "instances": [
        {
          "schema_version": 0,
          "attributes": {
            "cache_key_parameters": null,
            "cache_namespace": "twlo18",
            "connection_id": "",
            "connection_type": "INTERNET",
            "content_handling": "",
            "credentials": "",
            "http_method": "OPTIONS",
            "id": "agi-tuffc5cto8-twlo18-OPTIONS",
            "integration_http_method": "",
            "passthrough_behavior": "WHEN_NO_MATCH",
            "region": "us-east-2",
            "request_parameters": null,
            "request_templates": {
              "application/json": "{\"statusCode\": 200}",
              "application/x-www-form-urlencoded": "{\"statusCode\": 200}",
              "text/plain": "{\"statusCode\": 200}"
            },
            "resource_id": "twlo18",
            "rest_api_id": "tuffc5cto8",
            "timeout_milliseconds": 29000,
            "tls_config": [],
            "type": "MOCK",
            "uri": ""
          },
          "sensitive_attributes": [],
          "identity_schema_version": 0,
          "private": "bnVsbA==",
          "dependencies": [
            "module.network.aws_api_gateway_method.user_signup_options",
            "module.network.aws_api_gateway_resource.user_service_resource",
            "module.network.aws_api_gateway_resource.user_signup_resource",
            "module.network.aws_api_gateway_rest_api.rest_api"
          ],
          "create_before_destroy": true
        }
      ]
    },
    {
      "module": "module.network",
      "mode": "managed",
      "type": "aws_api_gateway_integration",
      "name": "user_signup_post_integration",
      "provider": "module.network.provider[\"registry.terraform.io/hashicorp/aws\"]",
      "instances": [
        {
          "schema_version": 0,
          "attributes": {
            "cache_key_parameters": [],
            "cache_namespace": "twlo18",
            "connection_id": "",
            "connection_type": "INTERNET",
            "content_handling": "",
            "credentials": "",
            "http_method": "POST",
            "id": "agi-tuffc5cto8-twlo18-POST",
            "integration_http_method": "POST",
            "passthrough_behavior": "WHEN_NO_MATCH",
            "region": "us-east-2",
            "request_parameters": {},
            "request_templates": {},
            "resource_id": "twlo18",
            "rest_api_id": "tuffc5cto8",
            "timeout_milliseconds": 29000,
            "tls_config": [],
            "type": "AWS_PROXY",
            "uri": "arn:aws:apigateway:us-east-2:lambda:path/2015-03-31/functions/arn:aws:lambda:us-east-2:838284111015:function:goalsguild_user_service_dev/invocations"
          },
          "sensitive_attributes": [],
          "identity_schema_version": 0,
          "private": "bnVsbA==",
          "dependencies": [
            "module.lambda_user_service.aws_lambda_function.lambda_function",
            "module.lambda_user_service.data.aws_ecr_image.image",
            "module.network.aws_api_gateway_method.user_signup_post",
            "module.network.aws_api_gateway_resource.user_service_resource",
            "module.network.aws_api_gateway_resource.user_signup_resource",
            "module.network.aws_api_gateway_rest_api.rest_api",
            "module.network.aws_iam_role.lambda_exec_role",
            "module.network.aws_lambda_permission.allow_api_gateway_user",
            "module.user_service_image.aws_ecr_lifecycle_policy.keep_last_3",
            "module.user_service_image.aws_ecr_repository.repo",
            "module.user_service_image.data.aws_caller_identity.me",
            "module.user_service_image.data.aws_ecr_authorization_token.ecr",
            "module.user_service_image.data.aws_ecr_repository.repo",
            "module.user_service_image.docker_image.app",
            "module.user_service_image.docker_registry_image.app",
            "module.user_service_image.local_file.version_file",
            "module.user_service_image.null_resource.ecr_login"
          ],
          "create_before_destroy": true
        }
      ]
    },
    {
      "module": "module.network",
      "mode": "managed",
      "type": "aws_api_gateway_integration_response",
      "name": "auth_renew_options_200",
      "provider": "module.network.provider[\"registry.terraform.io/hashicorp/aws\"]",
      "instances": [
        {
          "schema_version": 0,
          "attributes": {
            "content_handling": "",
            "http_method": "OPTIONS",
            "id": "agir-tuffc5cto8-zk52sr-OPTIONS-200",
            "region": "us-east-2",
            "resource_id": "zk52sr",
            "response_parameters": {
              "method.response.header.Access-Control-Allow-Credentials": "'true'",
              "method.response.header.Access-Control-Allow-Headers": "'accept,content-type,authorization,x-api-key,origin,referer,x-amz-date,x-amz-security-token'",
              "method.response.header.Access-Control-Allow-Methods": "'OPTIONS,POST'",
              "method.response.header.Access-Control-Allow-Origin": "'http://localhost:8080'",
              "method.response.header.Access-Control-Max-Age": "'600'",
              "method.response.header.Content-Type": "'application/json'",
              "method.response.header.Vary": "'Origin'"
            },
            "response_templates": {
              "application/json": "{}",
              "text/plain": "{}"
            },
            "rest_api_id": "tuffc5cto8",
            "selection_pattern": "",
            "status_code": "200"
          },
          "sensitive_attributes": [],
          "identity_schema_version": 0,
          "private": "bnVsbA==",
          "dependencies": [
            "module.network.aws_api_gateway_integration.auth_renew_options_integration",
            "module.network.aws_api_gateway_method.auth_renew_options",
            "module.network.aws_api_gateway_method_response.auth_renew_options_200",
            "module.network.aws_api_gateway_resource.auth_renew_resource",
            "module.network.aws_api_gateway_resource.auth_resource",
            "module.network.aws_api_gateway_rest_api.rest_api"
          ],
          "create_before_destroy": true
        }
      ]
    },
    {
      "module": "module.network",
      "mode": "managed",
      "type": "aws_api_gateway_integration_response",
      "name": "health_options_200",
      "provider": "module.network.provider[\"registry.terraform.io/hashicorp/aws\"]",
      "instances": [
        {
          "schema_version": 0,
          "attributes": {
            "content_handling": "",
            "http_method": "OPTIONS",
            "id": "agir-tuffc5cto8-vic8lk-OPTIONS-200",
            "region": "us-east-2",
            "resource_id": "vic8lk",
            "response_parameters": {
              "method.response.header.Access-Control-Allow-Credentials": "'true'",
              "method.response.header.Access-Control-Allow-Headers": "'accept,content-type,authorization,x-api-key,origin,referer,x-amz-date,x-amz-security-token'",
              "method.response.header.Access-Control-Allow-Methods": "'OPTIONS,GET'",
              "method.response.header.Access-Control-Allow-Origin": "'http://localhost:8080'",
              "method.response.header.Access-Control-Max-Age": "'600'",
              "method.response.header.Content-Type": "'application/json'",
              "method.response.header.Vary": "'Origin'"
            },
            "response_templates": {
              "application/json": "{}",
              "text/plain": "{}"
            },
            "rest_api_id": "tuffc5cto8",
            "selection_pattern": "",
            "status_code": "200"
          },
          "sensitive_attributes": [],
          "identity_schema_version": 0,
          "private": "bnVsbA==",
          "dependencies": [
            "module.network.aws_api_gateway_integration.health_options_integration",
            "module.network.aws_api_gateway_method.health_options",
            "module.network.aws_api_gateway_method_response.health_options_200",
            "module.network.aws_api_gateway_resource.user_health_resource",
            "module.network.aws_api_gateway_rest_api.rest_api"
          ],
          "create_before_destroy": true
        }
      ]
    },
    {
      "module": "module.network",
      "mode": "managed",
      "type": "aws_api_gateway_integration_response",
      "name": "quest_create_task_options_200",
      "provider": "module.network.provider[\"registry.terraform.io/hashicorp/aws\"]",
      "instances": [
        {
          "schema_version": 0,
          "attributes": {
            "content_handling": "",
            "http_method": "OPTIONS",
            "id": "agir-tuffc5cto8-p69058-OPTIONS-200",
            "region": "us-east-2",
            "resource_id": "p69058",
            "response_parameters": {
              "method.response.header.Access-Control-Allow-Credentials": "'true'",
              "method.response.header.Access-Control-Allow-Headers": "'accept,content-type,authorization,x-api-key,origin,referer,x-amz-date,x-amz-security-token'",
              "method.response.header.Access-Control-Allow-Methods": "'OPTIONS,POST'",
              "method.response.header.Access-Control-Allow-Origin": "'http://localhost:8080'",
              "method.response.header.Access-Control-Max-Age": "'600'",
              "method.response.header.Content-Type": "'application/json'",
              "method.response.header.Vary": "'Origin'"
            },
            "response_templates": {
              "application/json": "{}",
              "text/plain": "{}"
            },
            "rest_api_id": "tuffc5cto8",
            "selection_pattern": "",
            "status_code": "200"
          },
          "sensitive_attributes": [],
          "identity_schema_version": 0,
          "private": "bnVsbA==",
          "dependencies": [
            "module.network.aws_api_gateway_integration.quest_create_task_options_integration",
            "module.network.aws_api_gateway_method.quest_create_task_options",
            "module.network.aws_api_gateway_method_response.quest_create_task_options_200",
            "module.network.aws_api_gateway_resource.quest_create_task_resource",
            "module.network.aws_api_gateway_resource.quest_service_resource",
            "module.network.aws_api_gateway_rest_api.rest_api"
          ]
        }
      ]
    },
    {
      "module": "module.network",
      "mode": "managed",
      "type": "aws_api_gateway_integration_response",
      "name": "quest_options_200",
      "provider": "module.network.provider[\"registry.terraform.io/hashicorp/aws\"]",
      "instances": [
        {
          "schema_version": 0,
          "attributes": {
            "content_handling": "",
            "http_method": "OPTIONS",
            "id": "agir-tuffc5cto8-964usg-OPTIONS-200",
            "region": "us-east-2",
            "resource_id": "964usg",
            "response_parameters": {
              "method.response.header.Access-Control-Allow-Credentials": "'true'",
              "method.response.header.Access-Control-Allow-Headers": "'accept,content-type,authorization,x-api-key,origin,referer,x-amz-date,x-amz-security-token'",
              "method.response.header.Access-Control-Allow-Methods": "'OPTIONS,GET,POST'",
              "method.response.header.Access-Control-Allow-Origin": "'http://localhost:8080'",
              "method.response.header.Access-Control-Max-Age": "'600'",
              "method.response.header.Content-Type": "'application/json'",
              "method.response.header.Vary": "'Origin'"
            },
            "response_templates": {
              "application/json": "{}",
              "text/plain": "{}"
            },
            "rest_api_id": "tuffc5cto8",
            "selection_pattern": "",
            "status_code": "200"
          },
          "sensitive_attributes": [],
          "identity_schema_version": 0,
          "private": "bnVsbA==",
          "dependencies": [
            "module.network.aws_api_gateway_integration.quest_options_integration",
            "module.network.aws_api_gateway_method.quest_options",
            "module.network.aws_api_gateway_method_response.quest_options_200",
            "module.network.aws_api_gateway_resource.quest_service_resource",
            "module.network.aws_api_gateway_rest_api.rest_api"
          ],
          "create_before_destroy": true
        }
      ]
    },
    {
      "module": "module.network",
      "mode": "managed",
      "type": "aws_api_gateway_integration_response",
      "name": "user_login_google_options_200",
      "provider": "module.network.provider[\"registry.terraform.io/hashicorp/aws\"]",
      "instances": [
        {
          "schema_version": 0,
          "attributes": {
            "content_handling": "",
            "http_method": "OPTIONS",
            "id": "agir-tuffc5cto8-cohdvg-OPTIONS-200",
            "region": "us-east-2",
            "resource_id": "cohdvg",
            "response_parameters": {
              "method.response.header.Access-Control-Allow-Credentials": "'true'",
              "method.response.header.Access-Control-Allow-Headers": "'accept,content-type,authorization,x-api-key,origin,referer,x-amz-date,x-amz-security-token'",
              "method.response.header.Access-Control-Allow-Methods": "'OPTIONS,POST'",
              "method.response.header.Access-Control-Allow-Origin": "'http://localhost:8080'",
              "method.response.header.Access-Control-Max-Age": "'600'",
              "method.response.header.Content-Type": "'application/json'",
              "method.response.header.Vary": "'Origin'"
            },
            "response_templates": {
              "application/json": "{}",
              "text/plain": "{}"
            },
            "rest_api_id": "tuffc5cto8",
            "selection_pattern": "",
            "status_code": "200"
          },
          "sensitive_attributes": [],
          "identity_schema_version": 0,
          "private": "bnVsbA==",
          "dependencies": [
            "module.network.aws_api_gateway_integration.user_login_google_options_integration",
            "module.network.aws_api_gateway_method.user_login_google_options",
            "module.network.aws_api_gateway_method_response.user_login_google_options_200",
            "module.network.aws_api_gateway_resource.user_login_google_resource",
            "module.network.aws_api_gateway_resource.user_login_resource",
            "module.network.aws_api_gateway_resource.user_service_resource",
            "module.network.aws_api_gateway_rest_api.rest_api"
          ],
          "create_before_destroy": true
        }
      ]
    },
    {
      "module": "module.network",
      "mode": "managed",
      "type": "aws_api_gateway_integration_response",
      "name": "user_login_options_200",
      "provider": "module.network.provider[\"registry.terraform.io/hashicorp/aws\"]",
      "instances": [
        {
          "schema_version": 0,
          "attributes": {
            "content_handling": "",
            "http_method": "OPTIONS",
            "id": "agir-tuffc5cto8-pro461-OPTIONS-200",
            "region": "us-east-2",
            "resource_id": "pro461",
            "response_parameters": {
              "method.response.header.Access-Control-Allow-Credentials": "'true'",
              "method.response.header.Access-Control-Allow-Headers": "'accept,content-type,authorization,x-api-key,origin,referer,x-amz-date,x-amz-security-token'",
              "method.response.header.Access-Control-Allow-Methods": "'OPTIONS,POST'",
              "method.response.header.Access-Control-Allow-Origin": "'http://localhost:8080'",
              "method.response.header.Access-Control-Max-Age": "'600'",
              "method.response.header.Content-Type": "'application/json'",
              "method.response.header.Vary": "'Origin'"
            },
            "response_templates": {
              "application/json": "{}",
              "text/plain": "{}"
            },
            "rest_api_id": "tuffc5cto8",
            "selection_pattern": "",
            "status_code": "200"
          },
          "sensitive_attributes": [],
          "identity_schema_version": 0,
          "private": "bnVsbA==",
          "dependencies": [
            "module.network.aws_api_gateway_integration.user_login_options_integration",
            "module.network.aws_api_gateway_method.user_login_options",
            "module.network.aws_api_gateway_method_response.user_login_options_200",
            "module.network.aws_api_gateway_resource.user_login_resource",
            "module.network.aws_api_gateway_resource.user_service_resource",
            "module.network.aws_api_gateway_rest_api.rest_api"
          ],
          "create_before_destroy": true
        }
      ]
    },
    {
      "module": "module.network",
      "mode": "managed",
      "type": "aws_api_gateway_integration_response",
      "name": "user_logout_options_200",
      "provider": "module.network.provider[\"registry.terraform.io/hashicorp/aws\"]",
      "instances": [
        {
          "schema_version": 0,
          "attributes": {
            "content_handling": "",
            "http_method": "OPTIONS",
            "id": "agir-tuffc5cto8-2v2rqb-OPTIONS-200",
            "region": "us-east-2",
            "resource_id": "2v2rqb",
            "response_parameters": {
              "method.response.header.Access-Control-Allow-Credentials": "'true'",
              "method.response.header.Access-Control-Allow-Headers": "'accept,content-type,authorization,x-api-key,origin,referer,x-amz-date,x-amz-security-token'",
              "method.response.header.Access-Control-Allow-Methods": "'OPTIONS,POST'",
              "method.response.header.Access-Control-Allow-Origin": "'http://localhost:8080'",
              "method.response.header.Access-Control-Max-Age": "'600'",
              "method.response.header.Content-Type": "'application/json'",
              "method.response.header.Vary": "'Origin'"
            },
            "response_templates": {
              "application/json": "{}",
              "text/plain": "{}"
            },
            "rest_api_id": "tuffc5cto8",
            "selection_pattern": "",
            "status_code": "200"
          },
          "sensitive_attributes": [],
          "identity_schema_version": 0,
          "private": "bnVsbA==",
          "dependencies": [
            "module.network.aws_api_gateway_integration.user_logout_options_integration",
            "module.network.aws_api_gateway_method.user_logout_options",
            "module.network.aws_api_gateway_method_response.user_logout_options_200",
            "module.network.aws_api_gateway_resource.user_logout_resource",
            "module.network.aws_api_gateway_resource.user_service_resource",
            "module.network.aws_api_gateway_rest_api.rest_api"
          ],
          "create_before_destroy": true
        }
      ]
    },
    {
      "module": "module.network",
      "mode": "managed",
      "type": "aws_api_gateway_integration_response",
      "name": "user_signup_options_200",
      "provider": "module.network.provider[\"registry.terraform.io/hashicorp/aws\"]",
      "instances": [
        {
          "schema_version": 0,
          "attributes": {
            "content_handling": "",
            "http_method": "OPTIONS",
            "id": "agir-tuffc5cto8-twlo18-OPTIONS-200",
            "region": "us-east-2",
            "resource_id": "twlo18",
            "response_parameters": {
              "method.response.header.Access-Control-Allow-Credentials": "'true'",
              "method.response.header.Access-Control-Allow-Headers": "'accept,content-type,authorization,x-api-key,origin,referer,x-amz-date,x-amz-security-token'",
              "method.response.header.Access-Control-Allow-Methods": "'OPTIONS,POST'",
              "method.response.header.Access-Control-Allow-Origin": "'http://localhost:8080'",
              "method.response.header.Access-Control-Max-Age": "'600'",
              "method.response.header.Content-Type": "'application/json'",
              "method.response.header.Vary": "'Origin'"
            },
            "response_templates": {
              "application/json": "{}",
              "text/plain": "{}"
            },
            "rest_api_id": "tuffc5cto8",
            "selection_pattern": "",
            "status_code": "200"
          },
          "sensitive_attributes": [],
          "identity_schema_version": 0,
          "private": "bnVsbA==",
          "dependencies": [
            "module.network.aws_api_gateway_integration.user_signup_options_integration",
            "module.network.aws_api_gateway_method.user_signup_options",
            "module.network.aws_api_gateway_method_response.user_signup_options_200",
            "module.network.aws_api_gateway_resource.user_service_resource",
            "module.network.aws_api_gateway_resource.user_signup_resource",
            "module.network.aws_api_gateway_rest_api.rest_api"
          ],
          "create_before_destroy": true
        }
      ]
    },
    {
      "module": "module.network",
      "mode": "managed",
      "type": "aws_api_gateway_method",
      "name": "auth_renew_options",
      "provider": "module.network.provider[\"registry.terraform.io/hashicorp/aws\"]",
      "instances": [
        {
          "schema_version": 0,
          "attributes": {
            "api_key_required": false,
            "authorization": "NONE",
            "authorization_scopes": [],
            "authorizer_id": "",
            "http_method": "OPTIONS",
            "id": "agm-tuffc5cto8-zk52sr-OPTIONS",
            "operation_name": "",
            "region": "us-east-2",
            "request_models": {},
            "request_parameters": {
              "method.request.header.Access-Control-Request-Headers": false,
              "method.request.header.Access-Control-Request-Method": false,
              "method.request.header.Origin": false
            },
            "request_validator_id": "",
            "resource_id": "zk52sr",
            "rest_api_id": "tuffc5cto8"
          },
          "sensitive_attributes": [],
          "identity_schema_version": 0,
          "private": "bnVsbA==",
          "dependencies": [
            "module.network.aws_api_gateway_resource.auth_renew_resource",
            "module.network.aws_api_gateway_resource.auth_resource",
            "module.network.aws_api_gateway_rest_api.rest_api"
          ],
          "create_before_destroy": true
        }
      ]
    },
    {
      "module": "module.network",
      "mode": "managed",
      "type": "aws_api_gateway_method",
      "name": "auth_renew_post",
      "provider": "module.network.provider[\"registry.terraform.io/hashicorp/aws\"]",
      "instances": [
        {
          "schema_version": 0,
          "attributes": {
            "api_key_required": false,
            "authorization": "CUSTOM",
            "authorization_scopes": [],
            "authorizer_id": "4pdi1f",
            "http_method": "POST",
            "id": "agm-tuffc5cto8-zk52sr-POST",
            "operation_name": "",
            "region": "us-east-2",
            "request_models": {},
            "request_parameters": {},
            "request_validator_id": "",
            "resource_id": "zk52sr",
            "rest_api_id": "tuffc5cto8"
          },
          "sensitive_attributes": [],
          "identity_schema_version": 0,
          "private": "bnVsbA==",
          "dependencies": [
            "module.iam.aws_iam_role.lambda_authorizer_role",
            "module.lambda_authorizer.aws_lambda_function.this",
            "module.lambda_authorizer.data.archive_file.lambda_zip",
            "module.lambda_authorizer.null_resource.build_bash",
            "module.lambda_authorizer.null_resource.build_ps",
            "module.network.aws_api_gateway_authorizer.lambda_authorizer",
            "module.network.aws_api_gateway_resource.auth_renew_resource",
            "module.network.aws_api_gateway_resource.auth_resource",
            "module.network.aws_api_gateway_rest_api.rest_api"
          ],
          "create_before_destroy": true
        }
      ]
    },
    {
      "module": "module.network",
      "mode": "managed",
      "type": "aws_api_gateway_method",
      "name": "health_get",
      "provider": "module.network.provider[\"registry.terraform.io/hashicorp/aws\"]",
      "instances": [
        {
          "schema_version": 0,
          "attributes": {
            "api_key_required": true,
            "authorization": "NONE",
            "authorization_scopes": [],
            "authorizer_id": "",
            "http_method": "GET",
            "id": "agm-tuffc5cto8-vic8lk-GET",
            "operation_name": "",
            "region": "us-east-2",
            "request_models": {},
            "request_parameters": {},
            "request_validator_id": "",
            "resource_id": "vic8lk",
            "rest_api_id": "tuffc5cto8"
          },
          "sensitive_attributes": [],
          "identity_schema_version": 0,
          "private": "bnVsbA==",
          "dependencies": [
            "module.network.aws_api_gateway_resource.user_health_resource",
            "module.network.aws_api_gateway_rest_api.rest_api"
          ],
          "create_before_destroy": true
        }
      ]
    },
    {
      "module": "module.network",
      "mode": "managed",
      "type": "aws_api_gateway_method",
      "name": "health_options",
      "provider": "module.network.provider[\"registry.terraform.io/hashicorp/aws\"]",
      "instances": [
        {
          "schema_version": 0,
          "attributes": {
            "api_key_required": false,
            "authorization": "NONE",
            "authorization_scopes": [],
            "authorizer_id": "",
            "http_method": "OPTIONS",
            "id": "agm-tuffc5cto8-vic8lk-OPTIONS",
            "operation_name": "",
            "region": "us-east-2",
            "request_models": {},
            "request_parameters": {
              "method.request.header.Access-Control-Request-Headers": false,
              "method.request.header.Access-Control-Request-Method": false,
              "method.request.header.Origin": false
            },
            "request_validator_id": "",
            "resource_id": "vic8lk",
            "rest_api_id": "tuffc5cto8"
          },
          "sensitive_attributes": [],
          "identity_schema_version": 0,
          "private": "bnVsbA==",
          "dependencies": [
            "module.network.aws_api_gateway_resource.user_health_resource",
            "module.network.aws_api_gateway_rest_api.rest_api"
          ],
          "create_before_destroy": true
        }
      ]
    },
    {
      "module": "module.network",
      "mode": "managed",
      "type": "aws_api_gateway_method",
      "name": "quest_create_task_options",
      "provider": "module.network.provider[\"registry.terraform.io/hashicorp/aws\"]",
      "instances": [
        {
          "schema_version": 0,
          "attributes": {
            "api_key_required": false,
            "authorization": "NONE",
            "authorization_scopes": [],
            "authorizer_id": "",
            "http_method": "OPTIONS",
            "id": "agm-tuffc5cto8-p69058-OPTIONS",
            "operation_name": "",
            "region": "us-east-2",
            "request_models": {},
            "request_parameters": {
              "method.request.header.Access-Control-Request-Headers": false,
              "method.request.header.Access-Control-Request-Method": false,
              "method.request.header.Origin": false
            },
            "request_validator_id": "",
            "resource_id": "p69058",
            "rest_api_id": "tuffc5cto8"
          },
          "sensitive_attributes": [],
          "identity_schema_version": 0,
          "private": "bnVsbA==",
          "dependencies": [
            "module.network.aws_api_gateway_resource.quest_create_task_resource",
            "module.network.aws_api_gateway_resource.quest_service_resource",
            "module.network.aws_api_gateway_rest_api.rest_api"
          ]
        }
      ]
    },
    {
      "module": "module.network",
      "mode": "managed",
      "type": "aws_api_gateway_method",
      "name": "quest_create_task_post",
      "provider": "module.network.provider[\"registry.terraform.io/hashicorp/aws\"]",
      "instances": [
        {
          "schema_version": 0,
          "attributes": {
            "api_key_required": false,
            "authorization": "CUSTOM",
            "authorization_scopes": [],
            "authorizer_id": "4pdi1f",
            "http_method": "POST",
            "id": "agm-tuffc5cto8-p69058-POST",
            "operation_name": "",
            "region": "us-east-2",
            "request_models": {},
            "request_parameters": {},
            "request_validator_id": "",
            "resource_id": "p69058",
            "rest_api_id": "tuffc5cto8"
          },
          "sensitive_attributes": [],
          "identity_schema_version": 0,
          "private": "bnVsbA==",
          "dependencies": [
            "module.iam.aws_iam_role.lambda_authorizer_role",
            "module.lambda_authorizer.aws_lambda_function.this",
            "module.lambda_authorizer.data.archive_file.lambda_zip",
            "module.lambda_authorizer.null_resource.build_bash",
            "module.lambda_authorizer.null_resource.build_ps",
            "module.network.aws_api_gateway_authorizer.lambda_authorizer",
            "module.network.aws_api_gateway_resource.quest_create_task_resource",
            "module.network.aws_api_gateway_resource.quest_service_resource",
            "module.network.aws_api_gateway_rest_api.rest_api"
          ]
        }
      ]
    },
    {
      "module": "module.network",
      "mode": "managed",
      "type": "aws_api_gateway_method",
      "name": "quest_get",
      "provider": "module.network.provider[\"registry.terraform.io/hashicorp/aws\"]",
      "instances": [
        {
          "schema_version": 0,
          "attributes": {
            "api_key_required": false,
            "authorization": "CUSTOM",
            "authorization_scopes": [],
            "authorizer_id": "4pdi1f",
            "http_method": "GET",
            "id": "agm-tuffc5cto8-964usg-GET",
            "operation_name": "",
            "region": "us-east-2",
            "request_models": {},
            "request_parameters": {},
            "request_validator_id": "",
            "resource_id": "964usg",
            "rest_api_id": "tuffc5cto8"
          },
          "sensitive_attributes": [],
          "identity_schema_version": 0,
          "private": "bnVsbA==",
          "dependencies": [
            "module.iam.aws_iam_role.lambda_authorizer_role",
            "module.lambda_authorizer.aws_lambda_function.this",
            "module.lambda_authorizer.data.archive_file.lambda_zip",
            "module.lambda_authorizer.null_resource.build_bash",
            "module.lambda_authorizer.null_resource.build_ps",
            "module.network.aws_api_gateway_authorizer.lambda_authorizer",
            "module.network.aws_api_gateway_resource.quest_service_resource",
            "module.network.aws_api_gateway_rest_api.rest_api"
          ],
          "create_before_destroy": true
        }
      ]
    },
    {
      "module": "module.network",
      "mode": "managed",
      "type": "aws_api_gateway_method",
      "name": "quest_options",
      "provider": "module.network.provider[\"registry.terraform.io/hashicorp/aws\"]",
      "instances": [
        {
          "schema_version": 0,
          "attributes": {
            "api_key_required": false,
            "authorization": "NONE",
            "authorization_scopes": [],
            "authorizer_id": "",
            "http_method": "OPTIONS",
            "id": "agm-tuffc5cto8-964usg-OPTIONS",
            "operation_name": "",
            "region": "us-east-2",
            "request_models": {},
            "request_parameters": {
              "method.request.header.Access-Control-Request-Headers": false,
              "method.request.header.Access-Control-Request-Method": false,
              "method.request.header.Origin": false
            },
            "request_validator_id": "",
            "resource_id": "964usg",
            "rest_api_id": "tuffc5cto8"
          },
          "sensitive_attributes": [],
          "identity_schema_version": 0,
          "private": "bnVsbA==",
          "dependencies": [
            "module.network.aws_api_gateway_resource.quest_service_resource",
            "module.network.aws_api_gateway_rest_api.rest_api"
          ],
          "create_before_destroy": true
        }
      ]
    },
    {
      "module": "module.network",
      "mode": "managed",
      "type": "aws_api_gateway_method",
      "name": "quest_post",
      "provider": "module.network.provider[\"registry.terraform.io/hashicorp/aws\"]",
      "instances": [
        {
          "schema_version": 0,
          "attributes": {
            "api_key_required": false,
            "authorization": "CUSTOM",
            "authorization_scopes": [],
            "authorizer_id": "4pdi1f",
            "http_method": "POST",
            "id": "agm-tuffc5cto8-964usg-POST",
            "operation_name": "",
            "region": "us-east-2",
            "request_models": {},
            "request_parameters": {},
            "request_validator_id": "",
            "resource_id": "964usg",
            "rest_api_id": "tuffc5cto8"
          },
          "sensitive_attributes": [],
          "identity_schema_version": 0,
          "private": "bnVsbA==",
          "dependencies": [
            "module.iam.aws_iam_role.lambda_authorizer_role",
            "module.lambda_authorizer.aws_lambda_function.this",
            "module.lambda_authorizer.data.archive_file.lambda_zip",
            "module.lambda_authorizer.null_resource.build_bash",
            "module.lambda_authorizer.null_resource.build_ps",
            "module.network.aws_api_gateway_authorizer.lambda_authorizer",
            "module.network.aws_api_gateway_resource.quest_service_resource",
            "module.network.aws_api_gateway_rest_api.rest_api"
          ],
          "create_before_destroy": true
        }
      ]
    },
    {
      "module": "module.network",
      "mode": "managed",
      "type": "aws_api_gateway_method",
      "name": "user_login_google_options",
      "provider": "module.network.provider[\"registry.terraform.io/hashicorp/aws\"]",
      "instances": [
        {
          "schema_version": 0,
          "attributes": {
            "api_key_required": false,
            "authorization": "NONE",
            "authorization_scopes": [],
            "authorizer_id": "",
            "http_method": "OPTIONS",
            "id": "agm-tuffc5cto8-cohdvg-OPTIONS",
            "operation_name": "",
            "region": "us-east-2",
            "request_models": {},
            "request_parameters": {
              "method.request.header.Access-Control-Request-Headers": false,
              "method.request.header.Access-Control-Request-Method": false,
              "method.request.header.Origin": false
            },
            "request_validator_id": "",
            "resource_id": "cohdvg",
            "rest_api_id": "tuffc5cto8"
          },
          "sensitive_attributes": [],
          "identity_schema_version": 0,
          "private": "bnVsbA==",
          "dependencies": [
            "module.network.aws_api_gateway_resource.user_login_google_resource",
            "module.network.aws_api_gateway_resource.user_login_resource",
            "module.network.aws_api_gateway_resource.user_service_resource",
            "module.network.aws_api_gateway_rest_api.rest_api"
          ],
          "create_before_destroy": true
        }
      ]
    },
    {
      "module": "module.network",
      "mode": "managed",
      "type": "aws_api_gateway_method",
      "name": "user_login_google_post",
      "provider": "module.network.provider[\"registry.terraform.io/hashicorp/aws\"]",
      "instances": [
        {
          "schema_version": 0,
          "attributes": {
            "api_key_required": true,
            "authorization": "NONE",
            "authorization_scopes": [],
            "authorizer_id": "",
            "http_method": "POST",
            "id": "agm-tuffc5cto8-cohdvg-POST",
            "operation_name": "",
            "region": "us-east-2",
            "request_models": {},
            "request_parameters": {},
            "request_validator_id": "",
            "resource_id": "cohdvg",
            "rest_api_id": "tuffc5cto8"
          },
          "sensitive_attributes": [],
          "identity_schema_version": 0,
          "private": "bnVsbA==",
          "dependencies": [
            "module.network.aws_api_gateway_resource.user_login_google_resource",
            "module.network.aws_api_gateway_resource.user_login_resource",
            "module.network.aws_api_gateway_resource.user_service_resource",
            "module.network.aws_api_gateway_rest_api.rest_api"
          ],
          "create_before_destroy": true
        }
      ]
    },
    {
      "module": "module.network",
      "mode": "managed",
      "type": "aws_api_gateway_method",
      "name": "user_login_options",
      "provider": "module.network.provider[\"registry.terraform.io/hashicorp/aws\"]",
      "instances": [
        {
          "schema_version": 0,
          "attributes": {
            "api_key_required": false,
            "authorization": "NONE",
            "authorization_scopes": [],
            "authorizer_id": "",
            "http_method": "OPTIONS",
            "id": "agm-tuffc5cto8-pro461-OPTIONS",
            "operation_name": "",
            "region": "us-east-2",
            "request_models": {},
            "request_parameters": {
              "method.request.header.Access-Control-Request-Headers": false,
              "method.request.header.Access-Control-Request-Method": false,
              "method.request.header.Origin": false
            },
            "request_validator_id": "",
            "resource_id": "pro461",
            "rest_api_id": "tuffc5cto8"
          },
          "sensitive_attributes": [],
          "identity_schema_version": 0,
          "private": "bnVsbA==",
          "dependencies": [
            "module.network.aws_api_gateway_resource.user_login_resource",
            "module.network.aws_api_gateway_resource.user_service_resource",
            "module.network.aws_api_gateway_rest_api.rest_api"
          ],
          "create_before_destroy": true
        }
      ]
    },
    {
      "module": "module.network",
      "mode": "managed",
      "type": "aws_api_gateway_method",
      "name": "user_login_post",
      "provider": "module.network.provider[\"registry.terraform.io/hashicorp/aws\"]",
      "instances": [
        {
          "schema_version": 0,
          "attributes": {
            "api_key_required": true,
            "authorization": "NONE",
            "authorization_scopes": [],
            "authorizer_id": "",
            "http_method": "POST",
            "id": "agm-tuffc5cto8-pro461-POST",
            "operation_name": "",
            "region": "us-east-2",
            "request_models": {},
            "request_parameters": {},
            "request_validator_id": "",
            "resource_id": "pro461",
            "rest_api_id": "tuffc5cto8"
          },
          "sensitive_attributes": [],
          "identity_schema_version": 0,
          "private": "bnVsbA==",
          "dependencies": [
            "module.network.aws_api_gateway_resource.user_login_resource",
            "module.network.aws_api_gateway_resource.user_service_resource",
            "module.network.aws_api_gateway_rest_api.rest_api"
          ],
          "create_before_destroy": true
        }
      ]
    },
    {
      "module": "module.network",
      "mode": "managed",
      "type": "aws_api_gateway_method",
      "name": "user_logout_options",
      "provider": "module.network.provider[\"registry.terraform.io/hashicorp/aws\"]",
      "instances": [
        {
          "schema_version": 0,
          "attributes": {
            "api_key_required": false,
            "authorization": "NONE",
            "authorization_scopes": [],
            "authorizer_id": "",
            "http_method": "OPTIONS",
            "id": "agm-tuffc5cto8-2v2rqb-OPTIONS",
            "operation_name": "",
            "region": "us-east-2",
            "request_models": {},
            "request_parameters": {
              "method.request.header.Access-Control-Request-Headers": false,
              "method.request.header.Access-Control-Request-Method": false,
              "method.request.header.Origin": false
            },
            "request_validator_id": "",
            "resource_id": "2v2rqb",
            "rest_api_id": "tuffc5cto8"
          },
          "sensitive_attributes": [],
          "identity_schema_version": 0,
          "private": "bnVsbA==",
          "dependencies": [
            "module.network.aws_api_gateway_resource.user_logout_resource",
            "module.network.aws_api_gateway_resource.user_service_resource",
            "module.network.aws_api_gateway_rest_api.rest_api"
          ],
          "create_before_destroy": true
        }
      ]
    },
    {
      "module": "module.network",
      "mode": "managed",
      "type": "aws_api_gateway_method",
      "name": "user_logout_post",
      "provider": "module.network.provider[\"registry.terraform.io/hashicorp/aws\"]",
      "instances": [
        {
          "schema_version": 0,
          "attributes": {
            "api_key_required": false,
            "authorization": "CUSTOM",
            "authorization_scopes": [],
            "authorizer_id": "4pdi1f",
            "http_method": "POST",
            "id": "agm-tuffc5cto8-2v2rqb-POST",
            "operation_name": "",
            "region": "us-east-2",
            "request_models": {},
            "request_parameters": {},
            "request_validator_id": "",
            "resource_id": "2v2rqb",
            "rest_api_id": "tuffc5cto8"
          },
          "sensitive_attributes": [],
          "identity_schema_version": 0,
          "private": "eyJzY2hlbWFfdmVyc2lvbiI6IjAifQ==",
          "dependencies": [
            "module.iam.aws_iam_role.lambda_authorizer_role",
            "module.lambda_authorizer.aws_lambda_function.this",
            "module.lambda_authorizer.data.archive_file.lambda_zip",
            "module.lambda_authorizer.null_resource.build_bash",
            "module.lambda_authorizer.null_resource.build_ps",
            "module.network.aws_api_gateway_authorizer.lambda_authorizer",
            "module.network.aws_api_gateway_resource.user_logout_resource",
            "module.network.aws_api_gateway_resource.user_service_resource",
            "module.network.aws_api_gateway_rest_api.rest_api"
          ],
          "create_before_destroy": true
        }
      ]
    },
    {
      "module": "module.network",
      "mode": "managed",
      "type": "aws_api_gateway_method",
      "name": "user_signup_options",
      "provider": "module.network.provider[\"registry.terraform.io/hashicorp/aws\"]",
      "instances": [
        {
          "schema_version": 0,
          "attributes": {
            "api_key_required": false,
            "authorization": "NONE",
            "authorization_scopes": [],
            "authorizer_id": "",
            "http_method": "OPTIONS",
            "id": "agm-tuffc5cto8-twlo18-OPTIONS",
            "operation_name": "",
            "region": "us-east-2",
            "request_models": {},
            "request_parameters": {
              "method.request.header.Access-Control-Request-Headers": false,
              "method.request.header.Access-Control-Request-Method": false,
              "method.request.header.Origin": false
            },
            "request_validator_id": "",
            "resource_id": "twlo18",
            "rest_api_id": "tuffc5cto8"
          },
          "sensitive_attributes": [],
          "identity_schema_version": 0,
          "private": "bnVsbA==",
          "dependencies": [
            "module.network.aws_api_gateway_resource.user_service_resource",
            "module.network.aws_api_gateway_resource.user_signup_resource",
            "module.network.aws_api_gateway_rest_api.rest_api"
          ],
          "create_before_destroy": true
        }
      ]
    },
    {
      "module": "module.network",
      "mode": "managed",
      "type": "aws_api_gateway_method",
      "name": "user_signup_post",
      "provider": "module.network.provider[\"registry.terraform.io/hashicorp/aws\"]",
      "instances": [
        {
          "schema_version": 0,
          "attributes": {
            "api_key_required": true,
            "authorization": "NONE",
            "authorization_scopes": [],
            "authorizer_id": "",
            "http_method": "POST",
            "id": "agm-tuffc5cto8-twlo18-POST",
            "operation_name": "",
            "region": "us-east-2",
            "request_models": {},
            "request_parameters": {},
            "request_validator_id": "",
            "resource_id": "twlo18",
            "rest_api_id": "tuffc5cto8"
          },
          "sensitive_attributes": [],
          "identity_schema_version": 0,
          "private": "bnVsbA==",
          "dependencies": [
            "module.network.aws_api_gateway_resource.user_service_resource",
            "module.network.aws_api_gateway_resource.user_signup_resource",
            "module.network.aws_api_gateway_rest_api.rest_api"
          ],
          "create_before_destroy": true
        }
      ]
    },
    {
      "module": "module.network",
      "mode": "managed",
      "type": "aws_api_gateway_method_response",
      "name": "auth_renew_options_200",
      "provider": "module.network.provider[\"registry.terraform.io/hashicorp/aws\"]",
      "instances": [
        {
          "schema_version": 0,
          "attributes": {
            "http_method": "OPTIONS",
            "id": "agmr-tuffc5cto8-zk52sr-OPTIONS-200",
            "region": "us-east-2",
            "resource_id": "zk52sr",
            "response_models": {
              "application/json": "Empty",
              "text/plain": "Empty"
            },
            "response_parameters": {
              "method.response.header.Access-Control-Allow-Credentials": true,
              "method.response.header.Access-Control-Allow-Headers": true,
              "method.response.header.Access-Control-Allow-Methods": true,
              "method.response.header.Access-Control-Allow-Origin": true,
              "method.response.header.Access-Control-Max-Age": true,
              "method.response.header.Content-Type": true,
              "method.response.header.Vary": true
            },
            "rest_api_id": "tuffc5cto8",
            "status_code": "200"
          },
          "sensitive_attributes": [],
          "identity_schema_version": 0,
          "private": "bnVsbA==",
          "dependencies": [
            "module.network.aws_api_gateway_method.auth_renew_options",
            "module.network.aws_api_gateway_resource.auth_renew_resource",
            "module.network.aws_api_gateway_resource.auth_resource",
            "module.network.aws_api_gateway_rest_api.rest_api"
          ],
          "create_before_destroy": true
        }
      ]
    },
    {
      "module": "module.network",
      "mode": "managed",
      "type": "aws_api_gateway_method_response",
      "name": "health_options_200",
      "provider": "module.network.provider[\"registry.terraform.io/hashicorp/aws\"]",
      "instances": [
        {
          "schema_version": 0,
          "attributes": {
            "http_method": "OPTIONS",
            "id": "agmr-tuffc5cto8-vic8lk-OPTIONS-200",
            "region": "us-east-2",
            "resource_id": "vic8lk",
            "response_models": {
              "application/json": "Empty",
              "text/plain": "Empty"
            },
            "response_parameters": {
              "method.response.header.Access-Control-Allow-Credentials": true,
              "method.response.header.Access-Control-Allow-Headers": true,
              "method.response.header.Access-Control-Allow-Methods": true,
              "method.response.header.Access-Control-Allow-Origin": true,
              "method.response.header.Access-Control-Max-Age": true,
              "method.response.header.Content-Type": true,
              "method.response.header.Vary": true
            },
            "rest_api_id": "tuffc5cto8",
            "status_code": "200"
          },
          "sensitive_attributes": [],
          "identity_schema_version": 0,
          "private": "bnVsbA==",
          "dependencies": [
            "module.network.aws_api_gateway_method.health_options",
            "module.network.aws_api_gateway_resource.user_health_resource",
            "module.network.aws_api_gateway_rest_api.rest_api"
          ],
          "create_before_destroy": true
        }
      ]
    },
    {
      "module": "module.network",
      "mode": "managed",
      "type": "aws_api_gateway_method_response",
      "name": "quest_create_task_options_200",
      "provider": "module.network.provider[\"registry.terraform.io/hashicorp/aws\"]",
      "instances": [
        {
          "schema_version": 0,
          "attributes": {
            "http_method": "OPTIONS",
            "id": "agmr-tuffc5cto8-p69058-OPTIONS-200",
            "region": "us-east-2",
            "resource_id": "p69058",
            "response_models": {
              "application/json": "Empty",
              "text/plain": "Empty"
            },
            "response_parameters": {
              "method.response.header.Access-Control-Allow-Credentials": true,
              "method.response.header.Access-Control-Allow-Headers": true,
              "method.response.header.Access-Control-Allow-Methods": true,
              "method.response.header.Access-Control-Allow-Origin": true,
              "method.response.header.Access-Control-Max-Age": true,
              "method.response.header.Content-Type": true,
              "method.response.header.Vary": true
            },
            "rest_api_id": "tuffc5cto8",
            "status_code": "200"
          },
          "sensitive_attributes": [],
          "identity_schema_version": 0,
          "private": "bnVsbA==",
          "dependencies": [
            "module.network.aws_api_gateway_method.quest_create_task_options",
            "module.network.aws_api_gateway_resource.quest_create_task_resource",
            "module.network.aws_api_gateway_resource.quest_service_resource",
            "module.network.aws_api_gateway_rest_api.rest_api"
          ]
        }
      ]
    },
    {
      "module": "module.network",
      "mode": "managed",
      "type": "aws_api_gateway_method_response",
      "name": "quest_options_200",
      "provider": "module.network.provider[\"registry.terraform.io/hashicorp/aws\"]",
      "instances": [
        {
          "schema_version": 0,
          "attributes": {
            "http_method": "OPTIONS",
            "id": "agmr-tuffc5cto8-964usg-OPTIONS-200",
            "region": "us-east-2",
            "resource_id": "964usg",
            "response_models": {
              "application/json": "Empty",
              "text/plain": "Empty"
            },
            "response_parameters": {
              "method.response.header.Access-Control-Allow-Credentials": true,
              "method.response.header.Access-Control-Allow-Headers": true,
              "method.response.header.Access-Control-Allow-Methods": true,
              "method.response.header.Access-Control-Allow-Origin": true,
              "method.response.header.Access-Control-Max-Age": true,
              "method.response.header.Content-Type": true,
              "method.response.header.Vary": true
            },
            "rest_api_id": "tuffc5cto8",
            "status_code": "200"
          },
          "sensitive_attributes": [],
          "identity_schema_version": 0,
          "private": "bnVsbA==",
          "dependencies": [
            "module.network.aws_api_gateway_method.quest_options",
            "module.network.aws_api_gateway_resource.quest_service_resource",
            "module.network.aws_api_gateway_rest_api.rest_api"
          ],
          "create_before_destroy": true
        }
      ]
    },
    {
      "module": "module.network",
      "mode": "managed",
      "type": "aws_api_gateway_method_response",
      "name": "user_login_google_options_200",
      "provider": "module.network.provider[\"registry.terraform.io/hashicorp/aws\"]",
      "instances": [
        {
          "schema_version": 0,
          "attributes": {
            "http_method": "OPTIONS",
            "id": "agmr-tuffc5cto8-cohdvg-OPTIONS-200",
            "region": "us-east-2",
            "resource_id": "cohdvg",
            "response_models": {
              "application/json": "Empty",
              "text/plain": "Empty"
            },
            "response_parameters": {
              "method.response.header.Access-Control-Allow-Credentials": true,
              "method.response.header.Access-Control-Allow-Headers": true,
              "method.response.header.Access-Control-Allow-Methods": true,
              "method.response.header.Access-Control-Allow-Origin": true,
              "method.response.header.Access-Control-Max-Age": true,
              "method.response.header.Content-Type": true,
              "method.response.header.Vary": true
            },
            "rest_api_id": "tuffc5cto8",
            "status_code": "200"
          },
          "sensitive_attributes": [],
          "identity_schema_version": 0,
          "private": "bnVsbA==",
          "dependencies": [
            "module.network.aws_api_gateway_method.user_login_google_options",
            "module.network.aws_api_gateway_resource.user_login_google_resource",
            "module.network.aws_api_gateway_resource.user_login_resource",
            "module.network.aws_api_gateway_resource.user_service_resource",
            "module.network.aws_api_gateway_rest_api.rest_api"
          ],
          "create_before_destroy": true
        }
      ]
    },
    {
      "module": "module.network",
      "mode": "managed",
      "type": "aws_api_gateway_method_response",
      "name": "user_login_options_200",
      "provider": "module.network.provider[\"registry.terraform.io/hashicorp/aws\"]",
      "instances": [
        {
          "schema_version": 0,
          "attributes": {
            "http_method": "OPTIONS",
            "id": "agmr-tuffc5cto8-pro461-OPTIONS-200",
            "region": "us-east-2",
            "resource_id": "pro461",
            "response_models": {
              "application/json": "Empty",
              "text/plain": "Empty"
            },
            "response_parameters": {
              "method.response.header.Access-Control-Allow-Credentials": true,
              "method.response.header.Access-Control-Allow-Headers": true,
              "method.response.header.Access-Control-Allow-Methods": true,
              "method.response.header.Access-Control-Allow-Origin": true,
              "method.response.header.Access-Control-Max-Age": true,
              "method.response.header.Content-Type": true,
              "method.response.header.Vary": true
            },
            "rest_api_id": "tuffc5cto8",
            "status_code": "200"
          },
          "sensitive_attributes": [],
          "identity_schema_version": 0,
          "private": "bnVsbA==",
          "dependencies": [
            "module.network.aws_api_gateway_method.user_login_options",
            "module.network.aws_api_gateway_resource.user_login_resource",
            "module.network.aws_api_gateway_resource.user_service_resource",
            "module.network.aws_api_gateway_rest_api.rest_api"
          ],
          "create_before_destroy": true
        }
      ]
    },
    {
      "module": "module.network",
      "mode": "managed",
      "type": "aws_api_gateway_method_response",
      "name": "user_logout_options_200",
      "provider": "module.network.provider[\"registry.terraform.io/hashicorp/aws\"]",
      "instances": [
        {
          "schema_version": 0,
          "attributes": {
            "http_method": "OPTIONS",
            "id": "agmr-tuffc5cto8-2v2rqb-OPTIONS-200",
            "region": "us-east-2",
            "resource_id": "2v2rqb",
            "response_models": {
              "application/json": "Empty",
              "text/plain": "Empty"
            },
            "response_parameters": {
              "method.response.header.Access-Control-Allow-Credentials": true,
              "method.response.header.Access-Control-Allow-Headers": true,
              "method.response.header.Access-Control-Allow-Methods": true,
              "method.response.header.Access-Control-Allow-Origin": true,
              "method.response.header.Access-Control-Max-Age": true,
              "method.response.header.Content-Type": true,
              "method.response.header.Vary": true
            },
            "rest_api_id": "tuffc5cto8",
            "status_code": "200"
          },
          "sensitive_attributes": [],
          "identity_schema_version": 0,
          "private": "bnVsbA==",
          "dependencies": [
            "module.network.aws_api_gateway_method.user_logout_options",
            "module.network.aws_api_gateway_resource.user_logout_resource",
            "module.network.aws_api_gateway_resource.user_service_resource",
            "module.network.aws_api_gateway_rest_api.rest_api"
          ],
          "create_before_destroy": true
        }
      ]
    },
    {
      "module": "module.network",
      "mode": "managed",
      "type": "aws_api_gateway_method_response",
      "name": "user_signup_options_200",
      "provider": "module.network.provider[\"registry.terraform.io/hashicorp/aws\"]",
      "instances": [
        {
          "schema_version": 0,
          "attributes": {
            "http_method": "OPTIONS",
            "id": "agmr-tuffc5cto8-twlo18-OPTIONS-200",
            "region": "us-east-2",
            "resource_id": "twlo18",
            "response_models": {
              "application/json": "Empty",
              "text/plain": "Empty"
            },
            "response_parameters": {
              "method.response.header.Access-Control-Allow-Credentials": true,
              "method.response.header.Access-Control-Allow-Headers": true,
              "method.response.header.Access-Control-Allow-Methods": true,
              "method.response.header.Access-Control-Allow-Origin": true,
              "method.response.header.Access-Control-Max-Age": true,
              "method.response.header.Content-Type": true,
              "method.response.header.Vary": true
            },
            "rest_api_id": "tuffc5cto8",
            "status_code": "200"
          },
          "sensitive_attributes": [],
          "identity_schema_version": 0,
          "private": "bnVsbA==",
          "dependencies": [
            "module.network.aws_api_gateway_method.user_signup_options",
            "module.network.aws_api_gateway_resource.user_service_resource",
            "module.network.aws_api_gateway_resource.user_signup_resource",
            "module.network.aws_api_gateway_rest_api.rest_api"
          ],
          "create_before_destroy": true
        }
      ]
    },
    {
      "module": "module.network",
      "mode": "managed",
      "type": "aws_api_gateway_resource",
      "name": "auth_renew_resource",
      "provider": "module.network.provider[\"registry.terraform.io/hashicorp/aws\"]",
      "instances": [
        {
          "schema_version": 0,
          "attributes": {
            "id": "zk52sr",
            "parent_id": "hynz3u",
            "path": "/auth/renew",
            "path_part": "renew",
            "region": "us-east-2",
            "rest_api_id": "tuffc5cto8"
          },
          "sensitive_attributes": [],
          "identity_schema_version": 0,
          "private": "bnVsbA==",
          "dependencies": [
            "module.network.aws_api_gateway_resource.auth_resource",
            "module.network.aws_api_gateway_rest_api.rest_api"
          ],
          "create_before_destroy": true
        }
      ]
    },
    {
      "module": "module.network",
      "mode": "managed",
      "type": "aws_api_gateway_resource",
      "name": "auth_resource",
      "provider": "module.network.provider[\"registry.terraform.io/hashicorp/aws\"]",
      "instances": [
        {
          "schema_version": 0,
          "attributes": {
            "id": "hynz3u",
            "parent_id": "a582iz9dve",
            "path": "/auth",
            "path_part": "auth",
            "region": "us-east-2",
            "rest_api_id": "tuffc5cto8"
          },
          "sensitive_attributes": [],
          "identity_schema_version": 0,
          "private": "bnVsbA==",
          "dependencies": [
            "module.network.aws_api_gateway_rest_api.rest_api"
          ],
          "create_before_destroy": true
        }
      ]
    },
    {
      "module": "module.network",
      "mode": "managed",
      "type": "aws_api_gateway_resource",
      "name": "quest_create_task_resource",
      "provider": "module.network.provider[\"registry.terraform.io/hashicorp/aws\"]",
      "instances": [
        {
          "schema_version": 0,
          "attributes": {
            "id": "p69058",
            "parent_id": "964usg",
            "path": "/quests/createTask",
            "path_part": "createTask",
            "region": "us-east-2",
            "rest_api_id": "tuffc5cto8"
          },
          "sensitive_attributes": [],
          "identity_schema_version": 0,
          "private": "bnVsbA==",
          "dependencies": [
            "module.network.aws_api_gateway_resource.quest_service_resource",
            "module.network.aws_api_gateway_rest_api.rest_api"
          ]
        }
      ]
    },
    {
      "module": "module.network",
      "mode": "managed",
      "type": "aws_api_gateway_resource",
      "name": "quest_service_resource",
      "provider": "module.network.provider[\"registry.terraform.io/hashicorp/aws\"]",
      "instances": [
        {
          "schema_version": 0,
          "attributes": {
            "id": "964usg",
            "parent_id": "a582iz9dve",
            "path": "/quests",
            "path_part": "quests",
            "region": "us-east-2",
            "rest_api_id": "tuffc5cto8"
          },
          "sensitive_attributes": [],
          "identity_schema_version": 0,
          "private": "bnVsbA==",
          "dependencies": [
            "module.network.aws_api_gateway_rest_api.rest_api"
          ],
          "create_before_destroy": true
        }
      ]
    },
    {
      "module": "module.network",
      "mode": "managed",
      "type": "aws_api_gateway_resource",
      "name": "user_health_resource",
      "provider": "module.network.provider[\"registry.terraform.io/hashicorp/aws\"]",
      "instances": [
        {
          "schema_version": 0,
          "attributes": {
            "id": "vic8lk",
            "parent_id": "a582iz9dve",
            "path": "/health",
            "path_part": "health",
            "region": "us-east-2",
            "rest_api_id": "tuffc5cto8"
          },
          "sensitive_attributes": [],
          "identity_schema_version": 0,
          "private": "bnVsbA==",
          "dependencies": [
            "module.network.aws_api_gateway_rest_api.rest_api"
          ],
          "create_before_destroy": true
        }
      ]
    },
    {
      "module": "module.network",
      "mode": "managed",
      "type": "aws_api_gateway_resource",
      "name": "user_login_google_resource",
      "provider": "module.network.provider[\"registry.terraform.io/hashicorp/aws\"]",
      "instances": [
        {
          "schema_version": 0,
          "attributes": {
            "id": "cohdvg",
            "parent_id": "pro461",
            "path": "/users/login/google",
            "path_part": "google",
            "region": "us-east-2",
            "rest_api_id": "tuffc5cto8"
          },
          "sensitive_attributes": [],
          "identity_schema_version": 0,
          "private": "bnVsbA==",
          "dependencies": [
            "module.network.aws_api_gateway_resource.user_login_resource",
            "module.network.aws_api_gateway_resource.user_service_resource",
            "module.network.aws_api_gateway_rest_api.rest_api"
          ],
          "create_before_destroy": true
        }
      ]
    },
    {
      "module": "module.network",
      "mode": "managed",
      "type": "aws_api_gateway_resource",
      "name": "user_login_resource",
      "provider": "module.network.provider[\"registry.terraform.io/hashicorp/aws\"]",
      "instances": [
        {
          "schema_version": 0,
          "attributes": {
            "id": "pro461",
            "parent_id": "1w7e6m",
            "path": "/users/login",
            "path_part": "login",
            "region": "us-east-2",
            "rest_api_id": "tuffc5cto8"
          },
          "sensitive_attributes": [],
          "identity_schema_version": 0,
          "private": "bnVsbA==",
          "dependencies": [
            "module.network.aws_api_gateway_resource.user_service_resource",
            "module.network.aws_api_gateway_rest_api.rest_api"
          ],
          "create_before_destroy": true
        }
      ]
    },
    {
      "module": "module.network",
      "mode": "managed",
      "type": "aws_api_gateway_resource",
      "name": "user_logout_resource",
      "provider": "module.network.provider[\"registry.terraform.io/hashicorp/aws\"]",
      "instances": [
        {
          "schema_version": 0,
          "attributes": {
            "id": "2v2rqb",
            "parent_id": "1w7e6m",
            "path": "/users/logout",
            "path_part": "logout",
            "region": "us-east-2",
            "rest_api_id": "tuffc5cto8"
          },
          "sensitive_attributes": [],
          "identity_schema_version": 0,
          "private": "bnVsbA==",
          "dependencies": [
            "module.network.aws_api_gateway_resource.user_service_resource",
            "module.network.aws_api_gateway_rest_api.rest_api"
          ],
          "create_before_destroy": true
        }
      ]
    },
    {
      "module": "module.network",
      "mode": "managed",
      "type": "aws_api_gateway_resource",
      "name": "user_service_resource",
      "provider": "module.network.provider[\"registry.terraform.io/hashicorp/aws\"]",
      "instances": [
        {
          "schema_version": 0,
          "attributes": {
            "id": "1w7e6m",
            "parent_id": "a582iz9dve",
            "path": "/users",
            "path_part": "users",
            "region": "us-east-2",
            "rest_api_id": "tuffc5cto8"
          },
          "sensitive_attributes": [],
          "identity_schema_version": 0,
          "private": "bnVsbA==",
          "dependencies": [
            "module.network.aws_api_gateway_rest_api.rest_api"
          ],
          "create_before_destroy": true
        }
      ]
    },
    {
      "module": "module.network",
      "mode": "managed",
      "type": "aws_api_gateway_resource",
      "name": "user_signup_resource",
      "provider": "module.network.provider[\"registry.terraform.io/hashicorp/aws\"]",
      "instances": [
        {
          "schema_version": 0,
          "attributes": {
            "id": "twlo18",
            "parent_id": "1w7e6m",
            "path": "/users/signup",
            "path_part": "signup",
            "region": "us-east-2",
            "rest_api_id": "tuffc5cto8"
          },
          "sensitive_attributes": [],
          "identity_schema_version": 0,
          "private": "bnVsbA==",
          "dependencies": [
            "module.network.aws_api_gateway_resource.user_service_resource",
            "module.network.aws_api_gateway_rest_api.rest_api"
          ],
          "create_before_destroy": true
        }
      ]
    },
    {
      "module": "module.network",
      "mode": "managed",
      "type": "aws_api_gateway_rest_api",
      "name": "rest_api",
      "provider": "module.network.provider[\"registry.terraform.io/hashicorp/aws\"]",
      "instances": [
        {
          "schema_version": 0,
          "attributes": {
            "api_key_source": "HEADER",
            "arn": "arn:aws:apigateway:us-east-2::/restapis/tuffc5cto8",
            "binary_media_types": [],
            "body": null,
            "created_date": "2025-08-30T21:59:15Z",
            "description": "API Gateway for GoalsGuild services",
            "disable_execute_api_endpoint": false,
            "endpoint_configuration": [
              {
                "ip_address_type": "ipv4",
                "types": [
                  "EDGE"
                ],
                "vpc_endpoint_ids": []
              }
            ],
            "execution_arn": "arn:aws:execute-api:us-east-2:838284111015:tuffc5cto8",
            "fail_on_warnings": null,
            "id": "tuffc5cto8",
            "minimum_compression_size": "",
            "name": "goalsguild_api_dev",
            "parameters": null,
            "policy": "",
            "put_rest_api_mode": null,
            "region": "us-east-2",
            "root_resource_id": "a582iz9dve",
            "tags": {
              "Component": "api-gateway",
              "Environment": "dev",
              "Service": "goalsguild"
            },
            "tags_all": {
              "Component": "api-gateway",
              "Environment": "dev",
              "Service": "goalsguild"
            }
          },
          "sensitive_attributes": [],
          "identity_schema_version": 0,
          "private": "bnVsbA==",
          "create_before_destroy": true
        }
      ]
    },
    {
      "module": "module.network",
      "mode": "managed",
      "type": "aws_api_gateway_stage",
      "name": "api_stage",
      "provider": "module.network.provider[\"registry.terraform.io/hashicorp/aws\"]",
      "instances": [
        {
          "schema_version": 0,
          "attributes": {
            "access_log_settings": [
              {
                "destination_arn": "arn:aws:logs:us-east-2:838284111015:log-group:/aws/apigw/tuffc5cto8/access",
                "format": "{\"caller\":\"$context.identity.caller\",\"httpMethod\":\"$context.httpMethod\",\"ip\":\"$context.identity.sourceIp\",\"protocol\":\"$context.protocol\",\"requestId\":\"$context.requestId\",\"requestTime\":\"$context.requestTime\",\"resourcePath\":\"$context.resourcePath\",\"responseLength\":\"$context.responseLength\",\"status\":\"$context.status\",\"user\":\"$context.identity.user\"}"
              }
            ],
            "arn": "arn:aws:apigateway:us-east-2::/restapis/tuffc5cto8/stages/v1",
            "cache_cluster_enabled": false,
            "cache_cluster_size": "",
            "canary_settings": [],
            "client_certificate_id": "",
            "deployment_id": "z26axm",
            "description": "",
            "documentation_version": "",
            "execution_arn": "arn:aws:execute-api:us-east-2:838284111015:tuffc5cto8/v1",
            "id": "ags-tuffc5cto8-v1",
            "invoke_url": "https://tuffc5cto8.execute-api.us-east-2.amazonaws.com/v1",
            "region": "us-east-2",
            "rest_api_id": "tuffc5cto8",
            "stage_name": "v1",
            "tags": {},
            "tags_all": {},
            "variables": {},
            "web_acl_arn": "",
            "xray_tracing_enabled": false
          },
          "sensitive_attributes": [],
          "identity_schema_version": 0,
          "private": "bnVsbA==",
          "dependencies": [
            "module.iam.aws_iam_role.lambda_authorizer_role",
            "module.lambda_authorizer.aws_lambda_function.this",
            "module.lambda_authorizer.data.archive_file.lambda_zip",
            "module.lambda_authorizer.null_resource.build_bash",
            "module.lambda_authorizer.null_resource.build_ps",
            "module.lambda_quest_service.aws_lambda_function.lambda_function",
            "module.lambda_quest_service.data.aws_ecr_image.image",
            "module.lambda_user_service.aws_lambda_function.lambda_function",
            "module.lambda_user_service.data.aws_ecr_image.image",
            "module.network.aws_api_gateway_account.account",
            "module.network.aws_api_gateway_authorizer.lambda_authorizer",
            "module.network.aws_api_gateway_deployment.rest_api_deployment",
            "module.network.aws_api_gateway_gateway_response.default_4xx",
            "module.network.aws_api_gateway_gateway_response.default_5xx",
            "module.network.aws_api_gateway_integration.auth_renew_options_integration",
            "module.network.aws_api_gateway_integration.auth_renew_post_integration",
            "module.network.aws_api_gateway_integration.health_get_integration",
            "module.network.aws_api_gateway_integration.health_options_integration",
            "module.network.aws_api_gateway_integration.quest_get_integration",
            "module.network.aws_api_gateway_integration.quest_options_integration",
            "module.network.aws_api_gateway_integration.quest_post_integration",
            "module.network.aws_api_gateway_integration.user_login_google_options_integration",
            "module.network.aws_api_gateway_integration.user_login_google_post_integration",
            "module.network.aws_api_gateway_integration.user_login_options_integration",
            "module.network.aws_api_gateway_integration.user_login_post_integration",
            "module.network.aws_api_gateway_integration.user_logout_options_integration",
            "module.network.aws_api_gateway_integration.user_logout_post_integration",
            "module.network.aws_api_gateway_integration.user_signup_options_integration",
            "module.network.aws_api_gateway_integration.user_signup_post_integration",
            "module.network.aws_api_gateway_integration_response.auth_renew_options_200",
            "module.network.aws_api_gateway_integration_response.health_options_200",
            "module.network.aws_api_gateway_integration_response.quest_options_200",
            "module.network.aws_api_gateway_integration_response.user_login_google_options_200",
            "module.network.aws_api_gateway_integration_response.user_login_options_200",
            "module.network.aws_api_gateway_integration_response.user_logout_options_200",
            "module.network.aws_api_gateway_integration_response.user_signup_options_200",
            "module.network.aws_api_gateway_method.auth_renew_options",
            "module.network.aws_api_gateway_method.auth_renew_post",
            "module.network.aws_api_gateway_method.health_get",
            "module.network.aws_api_gateway_method.health_options",
            "module.network.aws_api_gateway_method.quest_get",
            "module.network.aws_api_gateway_method.quest_options",
            "module.network.aws_api_gateway_method.quest_post",
            "module.network.aws_api_gateway_method.user_login_google_options",
            "module.network.aws_api_gateway_method.user_login_google_post",
            "module.network.aws_api_gateway_method.user_login_options",
            "module.network.aws_api_gateway_method.user_login_post",
            "module.network.aws_api_gateway_method.user_logout_options",
            "module.network.aws_api_gateway_method.user_logout_post",
            "module.network.aws_api_gateway_method.user_signup_options",
            "module.network.aws_api_gateway_method.user_signup_post",
            "module.network.aws_api_gateway_method_response.auth_renew_options_200",
            "module.network.aws_api_gateway_method_response.health_options_200",
            "module.network.aws_api_gateway_method_response.quest_options_200",
            "module.network.aws_api_gateway_method_response.user_login_google_options_200",
            "module.network.aws_api_gateway_method_response.user_login_options_200",
            "module.network.aws_api_gateway_method_response.user_logout_options_200",
            "module.network.aws_api_gateway_method_response.user_signup_options_200",
            "module.network.aws_api_gateway_resource.auth_renew_resource",
            "module.network.aws_api_gateway_resource.auth_resource",
            "module.network.aws_api_gateway_resource.quest_service_resource",
            "module.network.aws_api_gateway_resource.user_health_resource",
            "module.network.aws_api_gateway_resource.user_login_google_resource",
            "module.network.aws_api_gateway_resource.user_login_resource",
            "module.network.aws_api_gateway_resource.user_logout_resource",
            "module.network.aws_api_gateway_resource.user_service_resource",
            "module.network.aws_api_gateway_resource.user_signup_resource",
            "module.network.aws_api_gateway_rest_api.rest_api",
            "module.network.aws_cloudwatch_log_group.apigw_access_logs",
            "module.network.aws_iam_role.apigw_cloudwatch_role",
            "module.network.aws_iam_role.lambda_exec_role",
            "module.network.aws_iam_role_policy_attachment.apigw_logs",
            "module.network.aws_lambda_permission.allow_api_gateway_quest",
            "module.network.aws_lambda_permission.allow_api_gateway_user",
            "module.quest_service_image.aws_ecr_lifecycle_policy.keep_last_3",
            "module.quest_service_image.aws_ecr_repository.repo",
            "module.quest_service_image.data.aws_caller_identity.me",
            "module.quest_service_image.data.aws_ecr_authorization_token.ecr",
            "module.quest_service_image.data.aws_ecr_repository.repo",
            "module.quest_service_image.docker_image.app",
            "module.quest_service_image.docker_registry_image.app",
            "module.quest_service_image.local_file.version_file",
            "module.quest_service_image.null_resource.ecr_login",
            "module.user_service_image.aws_ecr_lifecycle_policy.keep_last_3",
            "module.user_service_image.aws_ecr_repository.repo",
            "module.user_service_image.data.aws_caller_identity.me",
            "module.user_service_image.data.aws_ecr_authorization_token.ecr",
            "module.user_service_image.data.aws_ecr_repository.repo",
            "module.user_service_image.docker_image.app",
            "module.user_service_image.docker_registry_image.app",
            "module.user_service_image.local_file.version_file",
            "module.user_service_image.null_resource.ecr_login"
          ]
        }
      ]
    },
    {
      "module": "module.network",
      "mode": "managed",
      "type": "aws_api_gateway_usage_plan",
      "name": "frontend_plan",
      "provider": "module.network.provider[\"registry.terraform.io/hashicorp/aws\"]",
      "instances": [
        {
          "schema_version": 0,
          "attributes": {
            "api_stages": [
              {
                "api_id": "tuffc5cto8",
                "stage": "v1",
                "throttle": []
              }
            ],
            "arn": "arn:aws:apigateway:us-east-2::/usageplans/11ya27",
            "description": "Usage plan for frontend API key",
            "id": "11ya27",
            "name": "goalsguild_usage_plan_dev",
            "product_code": "",
            "quota_settings": [
              {
                "limit": 100000,
                "offset": 0,
                "period": "MONTH"
              }
            ],
            "region": "us-east-2",
            "tags": {},
            "tags_all": {},
            "throttle_settings": [
              {
                "burst_limit": 50,
                "rate_limit": 25
              }
            ]
          },
          "sensitive_attributes": [],
          "identity_schema_version": 0,
          "private": "bnVsbA==",
          "dependencies": [
            "module.iam.aws_iam_role.lambda_authorizer_role",
            "module.lambda_authorizer.aws_lambda_function.this",
            "module.lambda_authorizer.data.archive_file.lambda_zip",
            "module.lambda_authorizer.null_resource.build_bash",
            "module.lambda_authorizer.null_resource.build_ps",
            "module.lambda_quest_service.aws_lambda_function.lambda_function",
            "module.lambda_quest_service.data.aws_ecr_image.image",
            "module.lambda_user_service.aws_lambda_function.lambda_function",
            "module.lambda_user_service.data.aws_ecr_image.image",
            "module.network.aws_api_gateway_account.account",
            "module.network.aws_api_gateway_authorizer.lambda_authorizer",
            "module.network.aws_api_gateway_deployment.rest_api_deployment",
            "module.network.aws_api_gateway_gateway_response.default_4xx",
            "module.network.aws_api_gateway_gateway_response.default_5xx",
            "module.network.aws_api_gateway_integration.auth_renew_options_integration",
            "module.network.aws_api_gateway_integration.auth_renew_post_integration",
            "module.network.aws_api_gateway_integration.health_get_integration",
            "module.network.aws_api_gateway_integration.health_options_integration",
            "module.network.aws_api_gateway_integration.quest_get_integration",
            "module.network.aws_api_gateway_integration.quest_options_integration",
            "module.network.aws_api_gateway_integration.quest_post_integration",
            "module.network.aws_api_gateway_integration.user_login_google_options_integration",
            "module.network.aws_api_gateway_integration.user_login_google_post_integration",
            "module.network.aws_api_gateway_integration.user_login_options_integration",
            "module.network.aws_api_gateway_integration.user_login_post_integration",
            "module.network.aws_api_gateway_integration.user_logout_options_integration",
            "module.network.aws_api_gateway_integration.user_logout_post_integration",
            "module.network.aws_api_gateway_integration.user_signup_options_integration",
            "module.network.aws_api_gateway_integration.user_signup_post_integration",
            "module.network.aws_api_gateway_integration_response.auth_renew_options_200",
            "module.network.aws_api_gateway_integration_response.health_options_200",
            "module.network.aws_api_gateway_integration_response.quest_options_200",
            "module.network.aws_api_gateway_integration_response.user_login_google_options_200",
            "module.network.aws_api_gateway_integration_response.user_login_options_200",
            "module.network.aws_api_gateway_integration_response.user_logout_options_200",
            "module.network.aws_api_gateway_integration_response.user_signup_options_200",
            "module.network.aws_api_gateway_method.auth_renew_options",
            "module.network.aws_api_gateway_method.auth_renew_post",
            "module.network.aws_api_gateway_method.health_get",
            "module.network.aws_api_gateway_method.health_options",
            "module.network.aws_api_gateway_method.quest_get",
            "module.network.aws_api_gateway_method.quest_options",
            "module.network.aws_api_gateway_method.quest_post",
            "module.network.aws_api_gateway_method.user_login_google_options",
            "module.network.aws_api_gateway_method.user_login_google_post",
            "module.network.aws_api_gateway_method.user_login_options",
            "module.network.aws_api_gateway_method.user_login_post",
            "module.network.aws_api_gateway_method.user_logout_options",
            "module.network.aws_api_gateway_method.user_logout_post",
            "module.network.aws_api_gateway_method.user_signup_options",
            "module.network.aws_api_gateway_method.user_signup_post",
            "module.network.aws_api_gateway_method_response.auth_renew_options_200",
            "module.network.aws_api_gateway_method_response.health_options_200",
            "module.network.aws_api_gateway_method_response.quest_options_200",
            "module.network.aws_api_gateway_method_response.user_login_google_options_200",
            "module.network.aws_api_gateway_method_response.user_login_options_200",
            "module.network.aws_api_gateway_method_response.user_logout_options_200",
            "module.network.aws_api_gateway_method_response.user_signup_options_200",
            "module.network.aws_api_gateway_resource.auth_renew_resource",
            "module.network.aws_api_gateway_resource.auth_resource",
            "module.network.aws_api_gateway_resource.quest_service_resource",
            "module.network.aws_api_gateway_resource.user_health_resource",
            "module.network.aws_api_gateway_resource.user_login_google_resource",
            "module.network.aws_api_gateway_resource.user_login_resource",
            "module.network.aws_api_gateway_resource.user_logout_resource",
            "module.network.aws_api_gateway_resource.user_service_resource",
            "module.network.aws_api_gateway_resource.user_signup_resource",
            "module.network.aws_api_gateway_rest_api.rest_api",
            "module.network.aws_api_gateway_stage.api_stage",
            "module.network.aws_cloudwatch_log_group.apigw_access_logs",
            "module.network.aws_iam_role.apigw_cloudwatch_role",
            "module.network.aws_iam_role.lambda_exec_role",
            "module.network.aws_iam_role_policy_attachment.apigw_logs",
            "module.network.aws_lambda_permission.allow_api_gateway_quest",
            "module.network.aws_lambda_permission.allow_api_gateway_user",
            "module.quest_service_image.aws_ecr_lifecycle_policy.keep_last_3",
            "module.quest_service_image.aws_ecr_repository.repo",
            "module.quest_service_image.data.aws_caller_identity.me",
            "module.quest_service_image.data.aws_ecr_authorization_token.ecr",
            "module.quest_service_image.data.aws_ecr_repository.repo",
            "module.quest_service_image.docker_image.app",
            "module.quest_service_image.docker_registry_image.app",
            "module.quest_service_image.local_file.version_file",
            "module.quest_service_image.null_resource.ecr_login",
            "module.user_service_image.aws_ecr_lifecycle_policy.keep_last_3",
            "module.user_service_image.aws_ecr_repository.repo",
            "module.user_service_image.data.aws_caller_identity.me",
            "module.user_service_image.data.aws_ecr_authorization_token.ecr",
            "module.user_service_image.data.aws_ecr_repository.repo",
            "module.user_service_image.docker_image.app",
            "module.user_service_image.docker_registry_image.app",
            "module.user_service_image.local_file.version_file",
            "module.user_service_image.null_resource.ecr_login"
          ]
        }
      ]
    },
    {
      "module": "module.network",
      "mode": "managed",
      "type": "aws_api_gateway_usage_plan_key",
      "name": "frontend_key_attachment",
      "provider": "module.network.provider[\"registry.terraform.io/hashicorp/aws\"]",
      "instances": [
        {
          "schema_version": 0,
          "attributes": {
            "id": "el5ycj1io7",
            "key_id": "el5ycj1io7",
            "key_type": "API_KEY",
            "name": "goalsguild_api_key_dev",
            "region": "us-east-2",
            "usage_plan_id": "11ya27",
            "value": "beckp4hwrlq3ztxc7l2xbabhkwaag10r"
          },
          "sensitive_attributes": [],
          "identity_schema_version": 0,
          "private": "bnVsbA==",
          "dependencies": [
            "module.iam.aws_iam_role.lambda_authorizer_role",
            "module.lambda_authorizer.aws_lambda_function.this",
            "module.lambda_authorizer.data.archive_file.lambda_zip",
            "module.lambda_authorizer.null_resource.build_bash",
            "module.lambda_authorizer.null_resource.build_ps",
            "module.lambda_quest_service.aws_lambda_function.lambda_function",
            "module.lambda_quest_service.data.aws_ecr_image.image",
            "module.lambda_user_service.aws_lambda_function.lambda_function",
            "module.lambda_user_service.data.aws_ecr_image.image",
            "module.network.aws_api_gateway_account.account",
            "module.network.aws_api_gateway_api_key.frontend_key",
            "module.network.aws_api_gateway_authorizer.lambda_authorizer",
            "module.network.aws_api_gateway_deployment.rest_api_deployment",
            "module.network.aws_api_gateway_gateway_response.default_4xx",
            "module.network.aws_api_gateway_gateway_response.default_5xx",
            "module.network.aws_api_gateway_integration.auth_renew_options_integration",
            "module.network.aws_api_gateway_integration.auth_renew_post_integration",
            "module.network.aws_api_gateway_integration.health_get_integration",
            "module.network.aws_api_gateway_integration.health_options_integration",
            "module.network.aws_api_gateway_integration.quest_get_integration",
            "module.network.aws_api_gateway_integration.quest_options_integration",
            "module.network.aws_api_gateway_integration.quest_post_integration",
            "module.network.aws_api_gateway_integration.user_login_google_options_integration",
            "module.network.aws_api_gateway_integration.user_login_google_post_integration",
            "module.network.aws_api_gateway_integration.user_login_options_integration",
            "module.network.aws_api_gateway_integration.user_login_post_integration",
            "module.network.aws_api_gateway_integration.user_logout_options_integration",
            "module.network.aws_api_gateway_integration.user_logout_post_integration",
            "module.network.aws_api_gateway_integration.user_signup_options_integration",
            "module.network.aws_api_gateway_integration.user_signup_post_integration",
            "module.network.aws_api_gateway_integration_response.auth_renew_options_200",
            "module.network.aws_api_gateway_integration_response.health_options_200",
            "module.network.aws_api_gateway_integration_response.quest_options_200",
            "module.network.aws_api_gateway_integration_response.user_login_google_options_200",
            "module.network.aws_api_gateway_integration_response.user_login_options_200",
            "module.network.aws_api_gateway_integration_response.user_logout_options_200",
            "module.network.aws_api_gateway_integration_response.user_signup_options_200",
            "module.network.aws_api_gateway_method.auth_renew_options",
            "module.network.aws_api_gateway_method.auth_renew_post",
            "module.network.aws_api_gateway_method.health_get",
            "module.network.aws_api_gateway_method.health_options",
            "module.network.aws_api_gateway_method.quest_get",
            "module.network.aws_api_gateway_method.quest_options",
            "module.network.aws_api_gateway_method.quest_post",
            "module.network.aws_api_gateway_method.user_login_google_options",
            "module.network.aws_api_gateway_method.user_login_google_post",
            "module.network.aws_api_gateway_method.user_login_options",
            "module.network.aws_api_gateway_method.user_login_post",
            "module.network.aws_api_gateway_method.user_logout_options",
            "module.network.aws_api_gateway_method.user_logout_post",
            "module.network.aws_api_gateway_method.user_signup_options",
            "module.network.aws_api_gateway_method.user_signup_post",
            "module.network.aws_api_gateway_method_response.auth_renew_options_200",
            "module.network.aws_api_gateway_method_response.health_options_200",
            "module.network.aws_api_gateway_method_response.quest_options_200",
            "module.network.aws_api_gateway_method_response.user_login_google_options_200",
            "module.network.aws_api_gateway_method_response.user_login_options_200",
            "module.network.aws_api_gateway_method_response.user_logout_options_200",
            "module.network.aws_api_gateway_method_response.user_signup_options_200",
            "module.network.aws_api_gateway_resource.auth_renew_resource",
            "module.network.aws_api_gateway_resource.auth_resource",
            "module.network.aws_api_gateway_resource.quest_service_resource",
            "module.network.aws_api_gateway_resource.user_health_resource",
            "module.network.aws_api_gateway_resource.user_login_google_resource",
            "module.network.aws_api_gateway_resource.user_login_resource",
            "module.network.aws_api_gateway_resource.user_logout_resource",
            "module.network.aws_api_gateway_resource.user_service_resource",
            "module.network.aws_api_gateway_resource.user_signup_resource",
            "module.network.aws_api_gateway_rest_api.rest_api",
            "module.network.aws_api_gateway_stage.api_stage",
            "module.network.aws_api_gateway_usage_plan.frontend_plan",
            "module.network.aws_cloudwatch_log_group.apigw_access_logs",
            "module.network.aws_iam_role.apigw_cloudwatch_role",
            "module.network.aws_iam_role.lambda_exec_role",
            "module.network.aws_iam_role_policy_attachment.apigw_logs",
            "module.network.aws_lambda_permission.allow_api_gateway_quest",
            "module.network.aws_lambda_permission.allow_api_gateway_user",
            "module.network.random_string.apigw_api_key",
            "module.quest_service_image.aws_ecr_lifecycle_policy.keep_last_3",
            "module.quest_service_image.aws_ecr_repository.repo",
            "module.quest_service_image.data.aws_caller_identity.me",
            "module.quest_service_image.data.aws_ecr_authorization_token.ecr",
            "module.quest_service_image.data.aws_ecr_repository.repo",
            "module.quest_service_image.docker_image.app",
            "module.quest_service_image.docker_registry_image.app",
            "module.quest_service_image.local_file.version_file",
            "module.quest_service_image.null_resource.ecr_login",
            "module.user_service_image.aws_ecr_lifecycle_policy.keep_last_3",
            "module.user_service_image.aws_ecr_repository.repo",
            "module.user_service_image.data.aws_caller_identity.me",
            "module.user_service_image.data.aws_ecr_authorization_token.ecr",
            "module.user_service_image.data.aws_ecr_repository.repo",
            "module.user_service_image.docker_image.app",
            "module.user_service_image.docker_registry_image.app",
            "module.user_service_image.local_file.version_file",
            "module.user_service_image.null_resource.ecr_login"
          ]
        }
      ]
    },
    {
      "module": "module.network",
      "mode": "managed",
      "type": "aws_cloudwatch_log_group",
      "name": "apigw_access_logs",
      "provider": "module.network.provider[\"registry.terraform.io/hashicorp/aws\"]",
      "instances": [
        {
          "schema_version": 0,
          "attributes": {
            "arn": "arn:aws:logs:us-east-2:838284111015:log-group:/aws/apigw/tuffc5cto8/access",
            "id": "/aws/apigw/tuffc5cto8/access",
            "kms_key_id": "",
            "log_group_class": "STANDARD",
            "name": "/aws/apigw/tuffc5cto8/access",
            "name_prefix": "",
            "region": "us-east-2",
            "retention_in_days": 14,
            "skip_destroy": false,
            "tags": {},
            "tags_all": {}
          },
          "sensitive_attributes": [],
          "identity_schema_version": 0,
          "identity": {
            "account_id": "838284111015",
            "name": "/aws/apigw/tuffc5cto8/access",
            "region": "us-east-2"
          },
          "private": "bnVsbA==",
          "dependencies": [
            "module.network.aws_api_gateway_rest_api.rest_api"
          ]
        }
      ]
    },
    {
      "module": "module.network",
      "mode": "managed",
      "type": "aws_cognito_user_pool",
      "name": "user_pool",
      "provider": "module.network.provider[\"registry.terraform.io/hashicorp/aws\"]",
      "instances": [
        {
          "schema_version": 0,
          "attributes": {
            "account_recovery_setting": [
              {
                "recovery_mechanism": [
                  {
                    "name": "verified_email",
                    "priority": 1
                  },
                  {
                    "name": "verified_phone_number",
                    "priority": 2
                  }
                ]
              }
            ],
            "admin_create_user_config": [
              {
                "allow_admin_create_user_only": false,
                "invite_message_template": []
              }
            ],
            "alias_attributes": null,
            "arn": "arn:aws:cognito-idp:us-east-2:838284111015:userpool/us-east-2_8lNy9Nnx1",
            "auto_verified_attributes": [
              "email"
            ],
            "creation_date": "2025-09-01T15:31:34Z",
            "custom_domain": "",
            "deletion_protection": "INACTIVE",
            "device_configuration": [],
            "domain": "",
            "email_configuration": [
              {
                "configuration_set": "",
                "email_sending_account": "COGNITO_DEFAULT",
                "from_email_address": "",
                "reply_to_email_address": "",
                "source_arn": ""
              }
            ],
            "email_mfa_configuration": [],
            "email_verification_message": "",
            "email_verification_subject": "",
            "endpoint": "cognito-idp.us-east-2.amazonaws.com/us-east-2_8lNy9Nnx1",
            "estimated_number_of_users": 0,
            "id": "us-east-2_8lNy9Nnx1",
            "lambda_config": [],
            "last_modified_date": "2025-09-01T15:31:34Z",
            "mfa_configuration": "OFF",
            "name": "goalsguild_user_pool_dev",
            "password_policy": [
              {
                "minimum_length": 8,
                "password_history_size": 0,
                "require_lowercase": true,
                "require_numbers": true,
                "require_symbols": false,
                "require_uppercase": true,
                "temporary_password_validity_days": 7
              }
            ],
            "region": "us-east-2",
            "schema": [],
            "sign_in_policy": [
              {
                "allowed_first_auth_factors": [
                  "PASSWORD"
                ]
              }
            ],
            "sms_authentication_message": "",
            "sms_configuration": [],
            "sms_verification_message": "",
            "software_token_mfa_configuration": [],
            "tags": {
              "Component": "cognito",
              "Environment": "dev",
              "Service": "goalsguild"
            },
            "tags_all": {
              "Component": "cognito",
              "Environment": "dev",
              "Service": "goalsguild"
            },
            "user_attribute_update_settings": [],
            "user_pool_add_ons": [],
            "user_pool_tier": "ESSENTIALS",
            "username_attributes": [],
            "username_configuration": [],
            "verification_message_template": [
              {
                "default_email_option": "CONFIRM_WITH_CODE",
                "email_message": "",
                "email_message_by_link": "",
                "email_subject": "",
                "email_subject_by_link": "",
                "sms_message": ""
              }
            ],
            "web_authn_configuration": []
          },
          "sensitive_attributes": [],
          "identity_schema_version": 0,
          "private": "bnVsbA=="
        }
      ]
    },
    {
      "module": "module.network",
      "mode": "managed",
      "type": "aws_cognito_user_pool_client",
      "name": "user_pool_client",
      "provider": "module.network.provider[\"registry.terraform.io/hashicorp/aws\"]",
      "instances": [
        {
          "schema_version": 0,
          "attributes": {
            "access_token_validity": 0,
            "allowed_oauth_flows": [],
            "allowed_oauth_flows_user_pool_client": false,
            "allowed_oauth_scopes": [],
            "analytics_configuration": [],
            "auth_session_validity": 3,
            "callback_urls": [],
            "client_secret": "q9hkrvnpg3pe4r1ec0dr8ifepq0rfaql0tq6h07g378tvujp7nf",
            "default_redirect_uri": "",
            "enable_propagate_additional_user_context_data": false,
            "enable_token_revocation": true,
            "explicit_auth_flows": [
              "ALLOW_REFRESH_TOKEN_AUTH",
              "ALLOW_USER_PASSWORD_AUTH",
              "ALLOW_USER_SRP_AUTH"
            ],
            "generate_secret": true,
            "id": "2c1e2odalemtnmat8d3ch9l39r",
            "id_token_validity": 0,
            "logout_urls": [],
            "name": "goalsguild_user_pool_client_dev",
            "prevent_user_existence_errors": "ENABLED",
            "read_attributes": [],
            "refresh_token_rotation": [],
            "refresh_token_validity": 30,
            "region": "us-east-2",
            "supported_identity_providers": [],
            "token_validity_units": [],
            "user_pool_id": "us-east-2_8lNy9Nnx1",
            "write_attributes": []
          },
          "sensitive_attributes": [
            [
              {
                "type": "get_attr",
                "value": "client_secret"
              }
            ]
          ],
          "identity_schema_version": 0,
          "dependencies": [
            "module.network.aws_cognito_user_pool.user_pool"
          ]
        }
      ]
    },
    {
      "module": "module.network",
      "mode": "managed",
      "type": "aws_iam_role",
      "name": "apigw_cloudwatch_role",
      "provider": "module.network.provider[\"registry.terraform.io/hashicorp/aws\"]",
      "instances": [
        {
          "schema_version": 0,
          "attributes": {
            "arn": "arn:aws:iam::838284111015:role/APIGatewayPushToCloudWatchLogs-dev",
            "assume_role_policy": "{\"Statement\":[{\"Action\":\"sts:AssumeRole\",\"Effect\":\"Allow\",\"Principal\":{\"Service\":\"apigateway.amazonaws.com\"}}],\"Version\":\"2012-10-17\"}",
            "create_date": "2025-09-16T20:43:42Z",
            "description": "",
            "force_detach_policies": false,
            "id": "APIGatewayPushToCloudWatchLogs-dev",
            "inline_policy": [
              {
                "name": "goalsguild_apigw_cloudwatch_policy_dev",
                "policy": "{\"Version\":\"2012-10-17\",\"Statement\":[{\"Action\":[\"logs:CreateLogGroup\",\"logs:CreateLogStream\",\"logs:PutLogEvents\",\"logs:DescribeLogGroups\",\"logs:DescribeLogStreams\"],\"Effect\":\"Allow\",\"Resource\":\"*\"}]}"
              }
            ],
            "managed_policy_arns": [
              "arn:aws:iam::aws:policy/service-role/AmazonAPIGatewayPushToCloudWatchLogs"
            ],
            "max_session_duration": 3600,
            "name": "APIGatewayPushToCloudWatchLogs-dev",
            "name_prefix": "",
            "path": "/",
            "permissions_boundary": "",
            "tags": {},
            "tags_all": {},
            "unique_id": "AROA4GLNANSTVK2YPQU4X"
          },
          "sensitive_attributes": [],
          "identity_schema_version": 0,
          "identity": {
            "account_id": "838284111015",
            "name": "APIGatewayPushToCloudWatchLogs-dev"
          },
          "private": "bnVsbA=="
        }
      ]
    },
    {
      "module": "module.network",
      "mode": "managed",
      "type": "aws_iam_role",
      "name": "lambda_exec_role",
      "provider": "module.network.provider[\"registry.terraform.io/hashicorp/aws\"]",
      "instances": [
        {
          "schema_version": 0,
          "attributes": {
            "arn": "arn:aws:iam::838284111015:role/goalsguild_lambda_exec_role_dev",
            "assume_role_policy": "{\"Statement\":[{\"Action\":\"sts:AssumeRole\",\"Effect\":\"Allow\",\"Principal\":{\"Service\":\"lambda.amazonaws.com\"}}],\"Version\":\"2012-10-17\"}",
            "create_date": "2025-08-30T21:59:15Z",
            "description": "",
            "force_detach_policies": false,
            "id": "goalsguild_lambda_exec_role_dev",
            "inline_policy": [
              {
                "name": "goalsguild_lambda_ddb_login_attempts_dev",
                "policy": "{\"Version\":\"2012-10-17\",\"Statement\":[{\"Action\":[\"dynamodb:PutItem\",\"dynamodb:Query\"],\"Effect\":\"Allow\",\"Resource\":[\"arn:aws:dynamodb:us-east-2:838284111015:table/goalsguild_login_attempts\"]}]}"
              },
              {
                "name": "goalsguild_lambda_ddb_write_dev",
                "policy": "{\"Version\":\"2012-10-17\",\"Statement\":[{\"Action\":[\"dynamodb:PutItem\",\"dynamodb:UpdateItem\",\"dynamodb:TransactWriteItems\",\"dynamodb:DeleteItem\",\"dynamodb:GetItem\",\"dynamodb:Query\"],\"Effect\":\"Allow\",\"Resource\":[\"arn:aws:dynamodb:us-east-2:838284111015:table/gg_core\",\"arn:aws:dynamodb:us-east-2:838284111015:table/gg_core/index/*\"]}]}"
              },
              {
                "name": "goalsguild_lambda_ses_send_dev",
                "policy": "{\"Version\":\"2012-10-17\",\"Statement\":[{\"Action\":[\"ses:SendEmail\",\"ses:SendRawEmail\"],\"Effect\":\"Allow\",\"Resource\":\"*\"}]}"
              },
              {
                "name": "goalsguild_lambda_ssm_read_policy_dev",
                "policy": "{\"Version\":\"2012-10-17\",\"Statement\":[{\"Action\":[\"ssm:GetParameter\",\"ssm:GetParameters\",\"ssm:GetParametersByPath\"],\"Effect\":\"Allow\",\"Resource\":[\"arn:aws:ssm:us-east-2:838284111015:parameter/goalsguild/cognito/client_secret\",\"arn:aws:ssm:us-east-2:838284111015:parameter/goalsguild/cognito/client_id\",\"arn:aws:ssm:us-east-2:838284111015:parameter/goalsguild/cognito/user_pool_id\",\"arn:aws:ssm:us-east-2:838284111015:parameter/goalsguild/user-service/env_vars\",\"arn:aws:ssm:us-east-2:838284111015:parameter/goalsguild/user-service/JWT_SECRET\",\"arn:aws:ssm:us-east-2:838284111015:parameter/goalsguild/user-service/email_token_secret\",\"arn:aws:ssm:us-east-2:838284111015:parameter/goalsguild/user-service/google_client_secret\",\"arn:aws:ssm:us-east-2:838284111015:parameter/goalsguild/user-service/google_client_id\",\"arn:aws:ssm:us-east-2:838284111015:parameter/goalsguild/quest-service/env_vars\",\"arn:aws:ssm:us-east-2:838284111015:parameter/goalsguild/user-service/*\",\"arn:aws:ssm:us-east-2:838284111015:parameter/goalsguild/quest-service/*\"]}]}"
              },
              {
                "name": "goalsguild_lambda_ssm_read_user_service_env_dev",
                "policy": "{\"Version\":\"2012-10-17\",\"Statement\":[{\"Action\":[\"ssm:GetParameter\"],\"Effect\":\"Allow\",\"Resource\":[\"arn:aws:ssm:us-east-2:838284111015:parameter/goalsguild/user-service/env_vars\",\"arn:aws:ssm:us-east-2:838284111015:parameter/goalsguild/quest-service/env_vars\"]}]}"
              }
            ],
            "managed_policy_arns": [
              "arn:aws:iam::aws:policy/service-role/AWSLambdaBasicExecutionRole"
            ],
            "max_session_duration": 3600,
            "name": "goalsguild_lambda_exec_role_dev",
            "name_prefix": "",
            "path": "/",
            "permissions_boundary": "",
            "tags": {
              "Component": "lambda",
              "Environment": "dev",
              "Service": "goalsguild"
            },
            "tags_all": {
              "Component": "lambda",
              "Environment": "dev",
              "Service": "goalsguild"
            },
            "unique_id": "AROA4GLNANSTTJ3ZERRNN"
          },
          "sensitive_attributes": [],
          "identity_schema_version": 0,
          "identity": {
            "account_id": "838284111015",
            "name": "goalsguild_lambda_exec_role_dev"
          },
          "private": "bnVsbA==",
          "create_before_destroy": true
        }
      ]
    },
    {
      "module": "module.network",
      "mode": "managed",
      "type": "aws_iam_role_policy",
      "name": "apigw_cloudwatch_policy",
      "provider": "module.network.provider[\"registry.terraform.io/hashicorp/aws\"]",
      "instances": [
        {
          "schema_version": 0,
          "attributes": {
            "id": "APIGatewayPushToCloudWatchLogs-dev:goalsguild_apigw_cloudwatch_policy_dev",
            "name": "goalsguild_apigw_cloudwatch_policy_dev",
            "name_prefix": "",
            "policy": "{\"Version\":\"2012-10-17\",\"Statement\":[{\"Action\":[\"logs:CreateLogGroup\",\"logs:CreateLogStream\",\"logs:PutLogEvents\",\"logs:DescribeLogGroups\",\"logs:DescribeLogStreams\"],\"Effect\":\"Allow\",\"Resource\":\"*\"}]}",
            "role": "APIGatewayPushToCloudWatchLogs-dev"
          },
          "sensitive_attributes": [],
          "identity_schema_version": 0,
          "identity": {
            "account_id": "838284111015",
            "name": "goalsguild_apigw_cloudwatch_policy_dev",
            "role": "APIGatewayPushToCloudWatchLogs-dev"
          },
          "private": "bnVsbA==",
          "dependencies": [
            "module.network.aws_iam_role.apigw_cloudwatch_role"
          ]
        }
      ]
    },
    {
      "module": "module.network",
      "mode": "managed",
      "type": "aws_iam_role_policy",
      "name": "lambda_ddb_login_attempts",
      "provider": "module.network.provider[\"registry.terraform.io/hashicorp/aws\"]",
      "instances": [
        {
          "schema_version": 0,
          "attributes": {
            "id": "goalsguild_lambda_exec_role_dev:goalsguild_lambda_ddb_login_attempts_dev",
            "name": "goalsguild_lambda_ddb_login_attempts_dev",
            "name_prefix": "",
            "policy": "{\"Version\":\"2012-10-17\",\"Statement\":[{\"Action\":[\"dynamodb:PutItem\",\"dynamodb:Query\"],\"Effect\":\"Allow\",\"Resource\":[\"arn:aws:dynamodb:us-east-2:838284111015:table/goalsguild_login_attempts\"]}]}",
            "role": "goalsguild_lambda_exec_role_dev"
          },
          "sensitive_attributes": [],
          "identity_schema_version": 0,
          "identity": {
            "account_id": "838284111015",
            "name": "goalsguild_lambda_ddb_login_attempts_dev",
            "role": "goalsguild_lambda_exec_role_dev"
          },
          "private": "bnVsbA==",
          "dependencies": [
            "aws_dynamodb_table.login_attempts",
            "module.network.aws_iam_role.lambda_exec_role"
          ]
        }
      ]
    },
    {
      "module": "module.network",
      "mode": "managed",
      "type": "aws_iam_role_policy",
      "name": "lambda_ddb_write",
      "provider": "module.network.provider[\"registry.terraform.io/hashicorp/aws\"]",
      "instances": [
        {
          "schema_version": 0,
          "attributes": {
            "id": "goalsguild_lambda_exec_role_dev:goalsguild_lambda_ddb_write_dev",
            "name": "goalsguild_lambda_ddb_write_dev",
            "name_prefix": "",
            "policy": "{\"Version\":\"2012-10-17\",\"Statement\":[{\"Action\":[\"dynamodb:PutItem\",\"dynamodb:UpdateItem\",\"dynamodb:TransactWriteItems\",\"dynamodb:DeleteItem\",\"dynamodb:GetItem\",\"dynamodb:Query\"],\"Effect\":\"Allow\",\"Resource\":[\"arn:aws:dynamodb:us-east-2:838284111015:table/gg_core\",\"arn:aws:dynamodb:us-east-2:838284111015:table/gg_core/index/*\"]}]}",
            "role": "goalsguild_lambda_exec_role_dev"
          },
          "sensitive_attributes": [],
          "identity_schema_version": 0,
          "identity": {
            "account_id": "838284111015",
            "name": "goalsguild_lambda_ddb_write_dev",
            "role": "goalsguild_lambda_exec_role_dev"
          },
          "private": "bnVsbA==",
          "dependencies": [
            "module.ddb.aws_dynamodb_table.this",
            "module.network.aws_iam_role.lambda_exec_role"
          ]
        }
      ]
    },
    {
      "module": "module.network",
      "mode": "managed",
      "type": "aws_iam_role_policy",
      "name": "lambda_ses_send",
      "provider": "module.network.provider[\"registry.terraform.io/hashicorp/aws\"]",
      "instances": [
        {
          "schema_version": 0,
          "attributes": {
            "id": "goalsguild_lambda_exec_role_dev:goalsguild_lambda_ses_send_dev",
            "name": "goalsguild_lambda_ses_send_dev",
            "name_prefix": "",
            "policy": "{\"Version\":\"2012-10-17\",\"Statement\":[{\"Action\":[\"ses:SendEmail\",\"ses:SendRawEmail\"],\"Effect\":\"Allow\",\"Resource\":\"*\"}]}",
            "role": "goalsguild_lambda_exec_role_dev"
          },
          "sensitive_attributes": [],
          "identity_schema_version": 0,
          "identity": {
            "account_id": "838284111015",
            "name": "goalsguild_lambda_ses_send_dev",
            "role": "goalsguild_lambda_exec_role_dev"
          },
          "private": "bnVsbA==",
          "dependencies": [
            "module.network.aws_iam_role.lambda_exec_role"
          ]
        }
      ]
    },
    {
      "module": "module.network",
      "mode": "managed",
      "type": "aws_iam_role_policy",
      "name": "lambda_ssm_read_policy",
      "provider": "module.network.provider[\"registry.terraform.io/hashicorp/aws\"]",
      "instances": [
        {
          "schema_version": 0,
          "attributes": {
            "id": "goalsguild_lambda_exec_role_dev:goalsguild_lambda_ssm_read_policy_dev",
            "name": "goalsguild_lambda_ssm_read_policy_dev",
            "name_prefix": "",
            "policy": "{\"Version\":\"2012-10-17\",\"Statement\":[{\"Action\":[\"ssm:GetParameter\",\"ssm:GetParameters\",\"ssm:GetParametersByPath\"],\"Effect\":\"Allow\",\"Resource\":[\"arn:aws:ssm:us-east-2:838284111015:parameter/goalsguild/cognito/client_secret\",\"arn:aws:ssm:us-east-2:838284111015:parameter/goalsguild/cognito/client_id\",\"arn:aws:ssm:us-east-2:838284111015:parameter/goalsguild/cognito/user_pool_id\",\"arn:aws:ssm:us-east-2:838284111015:parameter/goalsguild/user-service/env_vars\",\"arn:aws:ssm:us-east-2:838284111015:parameter/goalsguild/user-service/JWT_SECRET\",\"arn:aws:ssm:us-east-2:838284111015:parameter/goalsguild/user-service/email_token_secret\",\"arn:aws:ssm:us-east-2:838284111015:parameter/goalsguild/user-service/google_client_secret\",\"arn:aws:ssm:us-east-2:838284111015:parameter/goalsguild/user-service/google_client_id\",\"arn:aws:ssm:us-east-2:838284111015:parameter/goalsguild/quest-service/env_vars\",\"arn:aws:ssm:us-east-2:838284111015:parameter/goalsguild/user-service/*\",\"arn:aws:ssm:us-east-2:838284111015:parameter/goalsguild/quest-service/*\"]}]}",
            "role": "goalsguild_lambda_exec_role_dev"
          },
          "sensitive_attributes": [],
          "identity_schema_version": 0,
          "identity": {
            "account_id": "838284111015",
            "name": "goalsguild_lambda_ssm_read_policy_dev",
            "role": "goalsguild_lambda_exec_role_dev"
          },
          "private": "bnVsbA==",
          "dependencies": [
            "data.aws_caller_identity.current",
            "module.ddb.aws_dynamodb_table.this",
            "module.network.aws_cognito_user_pool.user_pool",
            "module.network.aws_cognito_user_pool_client.user_pool_client",
            "module.network.aws_iam_role.lambda_exec_role",
            "module.network.aws_ssm_parameter.cognito_client_id",
            "module.network.aws_ssm_parameter.cognito_client_secret",
            "module.network.aws_ssm_parameter.cognito_user_pool_id",
            "module.network.aws_ssm_parameter.goals_guild_email_token_secret",
            "module.network.aws_ssm_parameter.goals_guild_google_client_id",
            "module.network.aws_ssm_parameter.goals_guild_google_client_secret",
            "module.network.aws_ssm_parameter.goals_guild_jwt_secret",
            "module.network.aws_ssm_parameter.quest_service_env_vars",
            "module.network.aws_ssm_parameter.user_service_env_vars"
          ]
        }
      ]
    },
    {
      "module": "module.network",
      "mode": "managed",
      "type": "aws_iam_role_policy",
      "name": "lambda_ssm_read_user_service_env",
      "provider": "module.network.provider[\"registry.terraform.io/hashicorp/aws\"]",
      "instances": [
        {
          "schema_version": 0,
          "attributes": {
            "id": "goalsguild_lambda_exec_role_dev:goalsguild_lambda_ssm_read_user_service_env_dev",
            "name": "goalsguild_lambda_ssm_read_user_service_env_dev",
            "name_prefix": "",
            "policy": "{\"Version\":\"2012-10-17\",\"Statement\":[{\"Action\":[\"ssm:GetParameter\"],\"Effect\":\"Allow\",\"Resource\":[\"arn:aws:ssm:us-east-2:838284111015:parameter/goalsguild/user-service/env_vars\",\"arn:aws:ssm:us-east-2:838284111015:parameter/goalsguild/quest-service/env_vars\"]}]}",
            "role": "goalsguild_lambda_exec_role_dev"
          },
          "sensitive_attributes": [],
          "identity_schema_version": 0,
          "identity": {
            "account_id": "838284111015",
            "name": "goalsguild_lambda_ssm_read_user_service_env_dev",
            "role": "goalsguild_lambda_exec_role_dev"
          },
          "private": "bnVsbA==",
          "dependencies": [
            "module.ddb.aws_dynamodb_table.this",
            "module.network.aws_cognito_user_pool.user_pool",
            "module.network.aws_cognito_user_pool_client.user_pool_client",
            "module.network.aws_iam_role.lambda_exec_role",
            "module.network.aws_ssm_parameter.goals_guild_jwt_secret",
            "module.network.aws_ssm_parameter.quest_service_env_vars",
            "module.network.aws_ssm_parameter.user_service_env_vars"
          ]
        }
      ]
    },
    {
      "module": "module.network",
      "mode": "managed",
      "type": "aws_iam_role_policy_attachment",
      "name": "apigw_logs",
      "provider": "module.network.provider[\"registry.terraform.io/hashicorp/aws\"]",
      "instances": [
        {
          "schema_version": 0,
          "attributes": {
            "id": "APIGatewayPushToCloudWatchLogs-dev/arn:aws:iam::aws:policy/service-role/AmazonAPIGatewayPushToCloudWatchLogs",
            "policy_arn": "arn:aws:iam::aws:policy/service-role/AmazonAPIGatewayPushToCloudWatchLogs",
            "role": "APIGatewayPushToCloudWatchLogs-dev"
          },
          "sensitive_attributes": [],
          "identity_schema_version": 0,
          "identity": {
            "account_id": "838284111015",
            "policy_arn": "arn:aws:iam::aws:policy/service-role/AmazonAPIGatewayPushToCloudWatchLogs",
            "role": "APIGatewayPushToCloudWatchLogs-dev"
          },
          "private": "bnVsbA==",
          "dependencies": [
            "module.network.aws_iam_role.apigw_cloudwatch_role"
          ]
        }
      ]
    },
    {
      "module": "module.network",
      "mode": "managed",
      "type": "aws_iam_role_policy_attachment",
      "name": "apigw_push_to_cw",
      "provider": "module.network.provider[\"registry.terraform.io/hashicorp/aws\"]",
      "instances": [
        {
          "schema_version": 0,
          "attributes": {
            "id": "APIGatewayPushToCloudWatchLogs-dev/arn:aws:iam::aws:policy/service-role/AmazonAPIGatewayPushToCloudWatchLogs",
            "policy_arn": "arn:aws:iam::aws:policy/service-role/AmazonAPIGatewayPushToCloudWatchLogs",
            "role": "APIGatewayPushToCloudWatchLogs-dev"
          },
          "sensitive_attributes": [],
          "identity_schema_version": 0,
          "identity": {
            "account_id": "838284111015",
            "policy_arn": "arn:aws:iam::aws:policy/service-role/AmazonAPIGatewayPushToCloudWatchLogs",
            "role": "APIGatewayPushToCloudWatchLogs-dev"
          },
          "private": "bnVsbA==",
          "dependencies": [
            "module.network.aws_iam_role.apigw_cloudwatch_role"
          ]
        }
      ]
    },
    {
      "module": "module.network",
      "mode": "managed",
      "type": "aws_iam_role_policy_attachment",
      "name": "lambda_basic_execution",
      "provider": "module.network.provider[\"registry.terraform.io/hashicorp/aws\"]",
      "instances": [
        {
          "schema_version": 0,
          "attributes": {
            "id": "goalsguild_lambda_exec_role_dev-20250830215911758300000001",
            "policy_arn": "arn:aws:iam::aws:policy/service-role/AWSLambdaBasicExecutionRole",
            "role": "goalsguild_lambda_exec_role_dev"
          },
          "sensitive_attributes": [],
          "identity_schema_version": 0,
          "identity": {
            "account_id": "838284111015",
            "policy_arn": "arn:aws:iam::aws:policy/service-role/AWSLambdaBasicExecutionRole",
            "role": "goalsguild_lambda_exec_role_dev"
          },
          "private": "bnVsbA==",
          "dependencies": [
            "module.network.aws_iam_role.lambda_exec_role"
          ]
        }
      ]
    },
    {
      "module": "module.network",
      "mode": "managed",
      "type": "aws_lambda_permission",
      "name": "allow_api_gateway_lambda_authorizer",
      "provider": "module.network.provider[\"registry.terraform.io/hashicorp/aws\"]",
      "instances": [
        {
          "schema_version": 0,
          "attributes": {
            "action": "lambda:InvokeFunction",
            "event_source_token": null,
            "function_name": "arn:aws:lambda:us-east-2:838284111015:function:goalsguild_authorizer_dev",
            "function_url_auth_type": null,
            "id": "AllowAPIGatewayInvokeLambdaAuthorizer",
            "principal": "apigateway.amazonaws.com",
            "principal_org_id": null,
            "qualifier": "",
            "region": "us-east-2",
            "source_account": null,
            "source_arn": "arn:aws:execute-api:us-east-2:838284111015:tuffc5cto8/authorizers/4pdi1f",
            "statement_id": "AllowAPIGatewayInvokeLambdaAuthorizer",
            "statement_id_prefix": ""
          },
          "sensitive_attributes": [],
          "identity_schema_version": 0,
          "identity": {
            "account_id": "838284111015",
            "function_name": "arn:aws:lambda:us-east-2:838284111015:function:goalsguild_authorizer_dev",
            "qualifier": null,
            "region": "us-east-2",
            "statement_id": "AllowAPIGatewayInvokeLambdaAuthorizer"
          },
          "private": "bnVsbA==",
          "dependencies": [
            "module.iam.aws_iam_role.lambda_authorizer_role",
            "module.lambda_authorizer.aws_lambda_function.this",
            "module.lambda_authorizer.data.archive_file.lambda_zip",
            "module.lambda_authorizer.null_resource.build_bash",
            "module.lambda_authorizer.null_resource.build_ps",
            "module.network.aws_api_gateway_authorizer.lambda_authorizer",
            "module.network.aws_api_gateway_rest_api.rest_api"
          ]
        }
      ]
    },
    {
      "module": "module.network",
      "mode": "managed",
      "type": "aws_lambda_permission",
      "name": "allow_api_gateway_quest",
      "provider": "module.network.provider[\"registry.terraform.io/hashicorp/aws\"]",
      "instances": [
        {
          "schema_version": 0,
          "attributes": {
            "action": "lambda:InvokeFunction",
            "event_source_token": null,
            "function_name": "arn:aws:lambda:us-east-2:838284111015:function:goalsguild_quest_service_dev",
            "function_url_auth_type": null,
            "id": "AllowAPIGatewayInvokeQuest",
            "principal": "apigateway.amazonaws.com",
            "principal_org_id": null,
            "qualifier": "",
            "region": "us-east-2",
            "source_account": null,
            "source_arn": "arn:aws:execute-api:us-east-2:838284111015:tuffc5cto8/*/*",
            "statement_id": "AllowAPIGatewayInvokeQuest",
            "statement_id_prefix": ""
          },
          "sensitive_attributes": [],
          "identity_schema_version": 0,
          "identity": {
            "account_id": "838284111015",
            "function_name": "arn:aws:lambda:us-east-2:838284111015:function:goalsguild_quest_service_dev",
            "qualifier": null,
            "region": "us-east-2",
            "statement_id": "AllowAPIGatewayInvokeQuest"
          },
          "private": "bnVsbA==",
          "dependencies": [
            "module.lambda_quest_service.aws_lambda_function.lambda_function",
            "module.lambda_quest_service.data.aws_ecr_image.image",
            "module.network.aws_api_gateway_rest_api.rest_api",
            "module.network.aws_iam_role.lambda_exec_role",
            "module.quest_service_image.aws_ecr_lifecycle_policy.keep_last_3",
            "module.quest_service_image.aws_ecr_repository.repo",
            "module.quest_service_image.data.aws_caller_identity.me",
            "module.quest_service_image.data.aws_ecr_authorization_token.ecr",
            "module.quest_service_image.data.aws_ecr_repository.repo",
            "module.quest_service_image.docker_image.app",
            "module.quest_service_image.docker_registry_image.app",
            "module.quest_service_image.local_file.version_file",
            "module.quest_service_image.null_resource.ecr_login"
          ],
          "create_before_destroy": true
        }
      ]
    },
    {
      "module": "module.network",
      "mode": "managed",
      "type": "aws_lambda_permission",
      "name": "allow_api_gateway_user",
      "provider": "module.network.provider[\"registry.terraform.io/hashicorp/aws\"]",
      "instances": [
        {
          "schema_version": 0,
          "attributes": {
            "action": "lambda:InvokeFunction",
            "event_source_token": null,
            "function_name": "arn:aws:lambda:us-east-2:838284111015:function:goalsguild_user_service_dev",
            "function_url_auth_type": null,
            "id": "AllowAPIGatewayInvokeUser",
            "principal": "apigateway.amazonaws.com",
            "principal_org_id": null,
            "qualifier": "",
            "region": "us-east-2",
            "source_account": null,
            "source_arn": "arn:aws:execute-api:us-east-2:838284111015:tuffc5cto8/*/*",
            "statement_id": "AllowAPIGatewayInvokeUser",
            "statement_id_prefix": ""
          },
          "sensitive_attributes": [],
          "identity_schema_version": 0,
          "identity": {
            "account_id": "838284111015",
            "function_name": "arn:aws:lambda:us-east-2:838284111015:function:goalsguild_user_service_dev",
            "qualifier": null,
            "region": "us-east-2",
            "statement_id": "AllowAPIGatewayInvokeUser"
          },
          "private": "bnVsbA==",
          "dependencies": [
            "module.lambda_user_service.aws_lambda_function.lambda_function",
            "module.lambda_user_service.data.aws_ecr_image.image",
            "module.network.aws_api_gateway_rest_api.rest_api",
            "module.network.aws_iam_role.lambda_exec_role",
            "module.user_service_image.aws_ecr_lifecycle_policy.keep_last_3",
            "module.user_service_image.aws_ecr_repository.repo",
            "module.user_service_image.data.aws_caller_identity.me",
            "module.user_service_image.data.aws_ecr_authorization_token.ecr",
            "module.user_service_image.data.aws_ecr_repository.repo",
            "module.user_service_image.docker_image.app",
            "module.user_service_image.docker_registry_image.app",
            "module.user_service_image.local_file.version_file",
            "module.user_service_image.null_resource.ecr_login"
          ],
          "create_before_destroy": true
        }
      ]
    },
    {
      "module": "module.network",
      "mode": "managed",
      "type": "aws_ssm_parameter",
      "name": "cognito_client_id",
      "provider": "module.network.provider[\"registry.terraform.io/hashicorp/aws\"]",
      "instances": [
        {
          "schema_version": 0,
          "attributes": {
            "allowed_pattern": "",
            "arn": "arn:aws:ssm:us-east-2:838284111015:parameter/goalsguild/cognito/client_id",
            "data_type": "text",
            "description": "Cognito User Pool Client ID for GoalsGuild dev environment",
            "has_value_wo": false,
            "id": "/goalsguild/cognito/client_id",
            "insecure_value": null,
            "key_id": "",
            "name": "/goalsguild/cognito/client_id",
            "overwrite": null,
            "region": "us-east-2",
            "tags": {
              "Component": "cognito",
              "Environment": "dev",
              "Service": "goalsguild"
            },
            "tags_all": {
              "Component": "cognito",
              "Environment": "dev",
              "Service": "goalsguild"
            },
            "tier": "Standard",
            "type": "String",
            "value": "2c1e2odalemtnmat8d3ch9l39r",
            "value_wo": null,
            "value_wo_version": null,
            "version": 1
          },
          "sensitive_attributes": [
            [
              {
                "type": "get_attr",
                "value": "value"
              }
            ],
            [
              {
                "type": "get_attr",
                "value": "value_wo"
              }
            ]
          ],
          "identity_schema_version": 0,
          "identity": {
            "account_id": "838284111015",
            "name": "/goalsguild/cognito/client_id",
            "region": "us-east-2"
          },
          "private": "bnVsbA==",
          "dependencies": [
            "module.network.aws_cognito_user_pool.user_pool",
            "module.network.aws_cognito_user_pool_client.user_pool_client"
          ]
        }
      ]
    },
    {
      "module": "module.network",
      "mode": "managed",
      "type": "aws_ssm_parameter",
      "name": "cognito_client_secret",
      "provider": "module.network.provider[\"registry.terraform.io/hashicorp/aws\"]",
      "instances": [
        {
          "schema_version": 0,
          "attributes": {
            "allowed_pattern": "",
            "arn": "arn:aws:ssm:us-east-2:838284111015:parameter/goalsguild/cognito/client_secret",
            "data_type": "text",
            "description": "Cognito User Pool Client Secret for GoalsGuild dev environment",
            "has_value_wo": false,
            "id": "/goalsguild/cognito/client_secret",
            "insecure_value": null,
            "key_id": "alias/aws/ssm",
            "name": "/goalsguild/cognito/client_secret",
            "overwrite": null,
            "region": "us-east-2",
            "tags": {
              "Component": "cognito",
              "Environment": "dev",
              "Service": "goalsguild"
            },
            "tags_all": {
              "Component": "cognito",
              "Environment": "dev",
              "Service": "goalsguild"
            },
            "tier": "Standard",
            "type": "SecureString",
            "value": "1",
            "value_wo": null,
            "value_wo_version": null,
            "version": 1
          },
          "sensitive_attributes": [
            [
              {
                "type": "get_attr",
                "value": "value"
              }
            ],
            [
              {
                "type": "get_attr",
                "value": "value_wo"
              }
            ]
          ],
          "identity_schema_version": 0,
          "identity": {
            "account_id": "838284111015",
            "name": "/goalsguild/cognito/client_secret",
            "region": "us-east-2"
          },
          "private": "bnVsbA==",
          "dependencies": [
            "module.network.aws_cognito_user_pool.user_pool",
            "module.network.aws_cognito_user_pool_client.user_pool_client"
          ]
        }
      ]
    },
    {
      "module": "module.network",
      "mode": "managed",
      "type": "aws_ssm_parameter",
      "name": "cognito_user_pool_id",
      "provider": "module.network.provider[\"registry.terraform.io/hashicorp/aws\"]",
      "instances": [
        {
          "schema_version": 0,
          "attributes": {
            "allowed_pattern": "",
            "arn": "arn:aws:ssm:us-east-2:838284111015:parameter/goalsguild/cognito/user_pool_id",
            "data_type": "text",
            "description": "Cognito User Pool ID for GoalsGuild dev environment",
            "has_value_wo": false,
            "id": "/goalsguild/cognito/user_pool_id",
            "insecure_value": null,
            "key_id": "",
            "name": "/goalsguild/cognito/user_pool_id",
            "overwrite": null,
            "region": "us-east-2",
            "tags": {
              "Component": "cognito",
              "Environment": "dev",
              "Service": "goalsguild"
            },
            "tags_all": {
              "Component": "cognito",
              "Environment": "dev",
              "Service": "goalsguild"
            },
            "tier": "Standard",
            "type": "String",
            "value": "us-east-2_8lNy9Nnx1",
            "value_wo": null,
            "value_wo_version": null,
            "version": 1
          },
          "sensitive_attributes": [
            [
              {
                "type": "get_attr",
                "value": "value"
              }
            ],
            [
              {
                "type": "get_attr",
                "value": "value_wo"
              }
            ]
          ],
          "identity_schema_version": 0,
          "identity": {
            "account_id": "838284111015",
            "name": "/goalsguild/cognito/user_pool_id",
            "region": "us-east-2"
          },
          "private": "bnVsbA==",
          "dependencies": [
            "module.network.aws_cognito_user_pool.user_pool"
          ]
        }
      ]
    },
    {
      "module": "module.network",
      "mode": "managed",
      "type": "aws_ssm_parameter",
      "name": "goals_guild_email_token_secret",
      "provider": "module.network.provider[\"registry.terraform.io/hashicorp/aws\"]",
      "instances": [
        {
          "schema_version": 0,
          "attributes": {
            "allowed_pattern": "",
            "arn": "arn:aws:ssm:us-east-2:838284111015:parameter/goalsguild/user-service/email_token_secret",
            "data_type": "text",
            "description": "email secret for email token generation ",
            "has_value_wo": false,
            "id": "/goalsguild/user-service/email_token_secret",
            "insecure_value": null,
            "key_id": "alias/aws/ssm",
            "name": "/goalsguild/user-service/email_token_secret",
            "overwrite": null,
            "region": "us-east-2",
            "tags": {
              "Component": "user-service",
              "Environment": "dev",
              "Service": "goalsguild"
            },
            "tags_all": {
              "Component": "user-service",
              "Environment": "dev",
              "Service": "goalsguild"
            },
            "tier": "Standard",
            "type": "SecureString",
            "value": "1",
            "value_wo": null,
            "value_wo_version": null,
            "version": 1
          },
          "sensitive_attributes": [
            [
              {
                "type": "get_attr",
                "value": "value"
              }
            ],
            [
              {
                "type": "get_attr",
                "value": "value_wo"
              }
            ]
          ],
          "identity_schema_version": 0,
          "identity": {
            "account_id": "838284111015",
            "name": "/goalsguild/user-service/email_token_secret",
            "region": "us-east-2"
          },
          "private": "bnVsbA==",
          "dependencies": [
            "module.network.aws_cognito_user_pool.user_pool",
            "module.network.aws_cognito_user_pool_client.user_pool_client"
          ]
        }
      ]
    },
    {
      "module": "module.network",
      "mode": "managed",
      "type": "aws_ssm_parameter",
      "name": "goals_guild_google_client_id",
      "provider": "module.network.provider[\"registry.terraform.io/hashicorp/aws\"]",
      "instances": [
        {
          "schema_version": 0,
          "attributes": {
            "allowed_pattern": "",
            "arn": "arn:aws:ssm:us-east-2:838284111015:parameter/goalsguild/user-service/google_client_secret",
            "data_type": "text",
            "description": "Client secret for google login ",
            "has_value_wo": false,
            "id": "/goalsguild/user-service/google_client_secret",
            "insecure_value": null,
            "key_id": "alias/aws/ssm",
            "name": "/goalsguild/user-service/google_client_secret",
            "overwrite": null,
            "region": "us-east-2",
            "tags": {
              "Component": "user-service",
              "Environment": "dev",
              "Service": "goalsguild"
            },
            "tags_all": {
              "Component": "user-service",
              "Environment": "dev",
              "Service": "goalsguild"
            },
            "tier": "Standard",
            "type": "SecureString",
            "value": "1",
            "value_wo": null,
            "value_wo_version": null,
            "version": 1
          },
          "sensitive_attributes": [
            [
              {
                "type": "get_attr",
                "value": "value"
              }
            ],
            [
              {
                "type": "get_attr",
                "value": "value_wo"
              }
            ]
          ],
          "identity_schema_version": 0,
          "identity": {
            "account_id": "838284111015",
            "name": "/goalsguild/user-service/google_client_secret",
            "region": "us-east-2"
          },
          "private": "bnVsbA==",
          "dependencies": [
            "module.network.aws_cognito_user_pool.user_pool",
            "module.network.aws_cognito_user_pool_client.user_pool_client"
          ]
        }
      ]
    },
    {
      "module": "module.network",
      "mode": "managed",
      "type": "aws_ssm_parameter",
      "name": "goals_guild_google_client_secret",
      "provider": "module.network.provider[\"registry.terraform.io/hashicorp/aws\"]",
      "instances": [
        {
          "schema_version": 0,
          "attributes": {
            "allowed_pattern": "",
            "arn": "arn:aws:ssm:us-east-2:838284111015:parameter/goalsguild/user-service/google_client_id",
            "data_type": "text",
            "description": "Client id for google login ",
            "has_value_wo": false,
            "id": "/goalsguild/user-service/google_client_id",
            "insecure_value": null,
            "key_id": "alias/aws/ssm",
            "name": "/goalsguild/user-service/google_client_id",
            "overwrite": null,
            "region": "us-east-2",
            "tags": {
              "Component": "user-service",
              "Environment": "dev",
              "Service": "goalsguild"
            },
            "tags_all": {
              "Component": "user-service",
              "Environment": "dev",
              "Service": "goalsguild"
            },
            "tier": "Standard",
            "type": "SecureString",
            "value": "1",
            "value_wo": null,
            "value_wo_version": null,
            "version": 1
          },
          "sensitive_attributes": [
            [
              {
                "type": "get_attr",
                "value": "value"
              }
            ],
            [
              {
                "type": "get_attr",
                "value": "value_wo"
              }
            ]
          ],
          "identity_schema_version": 0,
          "identity": {
            "account_id": "838284111015",
            "name": "/goalsguild/user-service/google_client_id",
            "region": "us-east-2"
          },
          "private": "bnVsbA==",
          "dependencies": [
            "module.network.aws_cognito_user_pool.user_pool",
            "module.network.aws_cognito_user_pool_client.user_pool_client"
          ]
        }
      ]
    },
    {
      "module": "module.network",
      "mode": "managed",
      "type": "aws_ssm_parameter",
      "name": "goals_guild_jwt_secret",
      "provider": "module.network.provider[\"registry.terraform.io/hashicorp/aws\"]",
      "instances": [
        {
          "schema_version": 0,
          "attributes": {
            "allowed_pattern": "",
            "arn": "arn:aws:ssm:us-east-2:838284111015:parameter/goalsguild/user-service/JWT_SECRET",
            "data_type": "text",
            "description": "jwt secret for jwt generation ",
            "has_value_wo": false,
            "id": "/goalsguild/user-service/JWT_SECRET",
            "insecure_value": null,
            "key_id": "alias/aws/ssm",
            "name": "/goalsguild/user-service/JWT_SECRET",
            "overwrite": null,
            "region": "us-east-2",
            "tags": {
              "Component": "user-service",
              "Environment": "dev",
              "Service": "goalsguild"
            },
            "tags_all": {
              "Component": "user-service",
              "Environment": "dev",
              "Service": "goalsguild"
            },
            "tier": "Standard",
            "type": "SecureString",
            "value": "@teste1234",
            "value_wo": null,
            "value_wo_version": null,
            "version": 2
          },
          "sensitive_attributes": [
            [
              {
                "type": "get_attr",
                "value": "value"
              }
            ],
            [
              {
                "type": "get_attr",
                "value": "value_wo"
              }
            ]
          ],
          "identity_schema_version": 0,
          "identity": {
            "account_id": "838284111015",
            "name": "/goalsguild/user-service/JWT_SECRET",
            "region": "us-east-2"
          },
          "private": "bnVsbA==",
          "dependencies": [
            "module.network.aws_cognito_user_pool.user_pool",
            "module.network.aws_cognito_user_pool_client.user_pool_client"
          ]
        }
      ]
    },
    {
      "module": "module.network",
      "mode": "managed",
      "type": "aws_ssm_parameter",
      "name": "quest_service_env_vars",
      "provider": "module.network.provider[\"registry.terraform.io/hashicorp/aws\"]",
      "instances": [
        {
          "schema_version": 0,
          "attributes": {
            "allowed_pattern": "",
            "arn": "arn:aws:ssm:us-east-2:838284111015:parameter/goalsguild/quest-service/env_vars",
            "data_type": "text",
            "description": "JSON object of environment variables for Quest Service",
            "has_value_wo": false,
            "id": "/goalsguild/quest-service/env_vars",
            "insecure_value": null,
            "key_id": "",
            "name": "/goalsguild/quest-service/env_vars",
            "overwrite": null,
            "region": "us-east-2",
            "tags": {
              "Component": "quest-service",
              "Environment": "dev",
              "Service": "goalsguild"
            },
            "tags_all": {
              "Component": "quest-service",
              "Environment": "dev",
              "Service": "goalsguild"
            },
            "tier": "Standard",
            "type": "String",
            "value": "{\"ALLOWED_ORIGINS\":[\"http://localhost:8080\",\"https://app.goalsguild.com\"],\"COGNITO_CLIENT_ID\":\"2c1e2odalemtnmat8d3ch9l39r\",\"COGNITO_REGION\":\"us-east-2\",\"COGNITO_USER_POOL_ID\":\"us-east-2_8lNy9Nnx1\",\"CORE_TABLE\":\"gg_core\",\"ENVIRONMENT\":\"dev\",\"FRONTEND_BASE_URL\":\"https://app.goalsguild.com\",\"JWT_AUDIENCE\":\"api://default\",\"JWT_ISSUER\":\"https://auth.local\",\"JWT_SECRET_PARAM\":\"/goalsguild/user-service/JWT_SECRET\"}",
            "value_wo": null,
            "value_wo_version": null,
            "version": 2
          },
          "sensitive_attributes": [
            [
              {
                "type": "get_attr",
                "value": "value"
              }
            ],
            [
              {
                "type": "get_attr",
                "value": "value_wo"
              }
            ]
          ],
          "identity_schema_version": 0,
          "identity": {
            "account_id": "838284111015",
            "name": "/goalsguild/quest-service/env_vars",
            "region": "us-east-2"
          },
          "private": "bnVsbA==",
          "dependencies": [
            "module.ddb.aws_dynamodb_table.this",
            "module.network.aws_cognito_user_pool.user_pool",
            "module.network.aws_cognito_user_pool_client.user_pool_client",
            "module.network.aws_ssm_parameter.goals_guild_jwt_secret"
          ]
        }
      ]
    },
    {
      "module": "module.network",
      "mode": "managed",
      "type": "aws_ssm_parameter",
      "name": "user_service_env_vars",
      "provider": "module.network.provider[\"registry.terraform.io/hashicorp/aws\"]",
      "instances": [
        {
          "schema_version": 0,
          "attributes": {
            "allowed_pattern": "",
            "arn": "arn:aws:ssm:us-east-2:838284111015:parameter/goalsguild/user-service/env_vars",
            "data_type": "text",
            "description": "JSON object of environment variables for User Service excluding AWS_REGION",
            "has_value_wo": false,
            "id": "/goalsguild/user-service/env_vars",
            "insecure_value": null,
            "key_id": "",
            "name": "/goalsguild/user-service/env_vars",
            "overwrite": null,
            "region": "us-east-2",
            "tags": {
              "Component": "user-service",
              "Environment": "dev",
              "Service": "goalsguild"
            },
            "tags_all": {
              "Component": "user-service",
              "Environment": "dev",
              "Service": "goalsguild"
            },
            "tier": "Standard",
            "type": "String",
            "value": "{\"ALLOWED_ORIGINS\":[\"http://localhost:8080\",\"https://app.goalsguild.com\"],\"APP_BASE_URL\":\"http://localhost:5050\",\"COGNITO_CLIENT_ID\":\"2c1e2odalemtnmat8d3ch9l39r\",\"COGNITO_CLIENT_SECRET\":\"q9hkrvnpg3pe4r1ec0dr8ifepq0rfaql0tq6h07g378tvujp7nf\",\"COGNITO_DOMAIN\":\"goalsguild.auth.us-east-2.amazoncognito.com\",\"COGNITO_REGION\":\"us-east-2\",\"COGNITO_USER_POOL_ID\":\"us-east-2_8lNy9Nnx1\",\"CORE_TABLE\":\"gg_core\",\"DYNAMODB_USERS_TABLE\":\"gg_core\",\"ENVIRONMENT\":\"dev\",\"FRONTEND_BASE_URL\":\"https://app.goalsguild.com\",\"JWT_AUDIENCE\":\"api://default\",\"JWT_ISSUER\":\"https://auth.local\",\"LOGIN_ATTEMPTS_TABLE\":\"goalsguild_login_attempts\",\"PASSWORD_KEY\":\"your-encrypted-password-key\",\"SES_SENDER_EMAIL\":\"no-reply@goalsguild.com\"}",
            "value_wo": null,
            "value_wo_version": null,
            "version": 8
          },
          "sensitive_attributes": [
            [
              {
                "type": "get_attr",
                "value": "value"
              }
            ],
            [
              {
                "type": "get_attr",
                "value": "value_wo"
              }
            ]
          ],
          "identity_schema_version": 0,
          "identity": {
            "account_id": "838284111015",
            "name": "/goalsguild/user-service/env_vars",
            "region": "us-east-2"
          },
          "private": "bnVsbA==",
          "dependencies": [
            "module.ddb.aws_dynamodb_table.this",
            "module.network.aws_cognito_user_pool.user_pool",
            "module.network.aws_cognito_user_pool_client.user_pool_client"
          ]
        }
      ]
    },
    {
      "module": "module.network",
      "mode": "managed",
      "type": "random_string",
      "name": "apigw_api_key",
      "provider": "provider[\"registry.terraform.io/hashicorp/random\"]",
      "instances": [
        {
          "schema_version": 2,
          "attributes": {
            "id": "beckp4hwrlq3ztxc7l2xbabhkwaag10r",
            "keepers": null,
            "length": 32,
            "lower": true,
            "min_lower": 0,
            "min_numeric": 0,
            "min_special": 0,
            "min_upper": 0,
            "number": true,
            "numeric": true,
            "override_special": null,
            "result": "beckp4hwrlq3ztxc7l2xbabhkwaag10r",
            "special": false,
            "upper": false
          },
          "sensitive_attributes": [],
          "identity_schema_version": 0
        }
      ]
    },
    {
      "module": "module.quest_service_image",
      "mode": "data",
      "type": "aws_caller_identity",
      "name": "me",
      "provider": "module.quest_service_image.provider[\"registry.terraform.io/hashicorp/aws\"]",
      "instances": [
        {
          "schema_version": 0,
          "attributes": {
            "account_id": "838284111015",
            "arn": "arn:aws:sts::838284111015:assumed-role/AWSReservedSSO_AdministratorAccess_a645e868571753cc/AndresAlvarez",
            "id": "838284111015",
            "user_id": "AROA4GLNANSTVDTZXR5GZ:AndresAlvarez"
          },
          "sensitive_attributes": [],
          "identity_schema_version": 0
        }
      ]
    },
    {
      "module": "module.quest_service_image",
      "mode": "data",
      "type": "aws_ecr_authorization_token",
      "name": "ecr",
      "provider": "module.quest_service_image.provider[\"registry.terraform.io/hashicorp/aws\"]",
      "instances": [
        {
          "schema_version": 0,
          "attributes": {
            "authorization_token": "QVdTOmV5SndZWGxzYjJGa0lqb2llSGg2Y25wdmEyMUZlRzVpYVdkMlltNVdlbkpGYUdsamJIbEVNVWgxTURoak5FNUJXa3RNTVhaeVkxTnlUbWg0ZVdGVWEyWmtWek5WWlROSlFsaHBTVFZqZG1zMVpVeDVOV0psWTFOU2FWQlZVVXN6WlRkNE5FWlFhMUUyTldGeE9IQlROa3c0VjJad2QzVk9Na3BhYTNkT01tVXlVM2Q0TlRSWU9VOUtiVmhFUWpsdlJUaFRkakJtTm1sbVRrVXZVU3RZY0V3eldsWjRZWFJwUjJOblEyZFZNM3BMUmtZeVIwbEJObWQzZFhwQ1NqSnZUM0ZRVHpFM01rUnhOREl4UTBZM1EybFNkVFYwSzJOUlZsQTRhRGN5UTNwRmNFVkxZMkppZWtwdlRGbDFNVWhPZDJ0VU55dE9hRVV3VmtsSGJsQkVhR1JDVjJWaVlrNUNjMmRQSzBoWVZsZ3ZTVXRZYnpkSE9IY3pMMHRsU0Rsa1NUZE5UWGRHT0U1NlFrTlROeXRYZEZobk5XbE5XR2RFVW1wMGNFMTNkWGxPV2pZdlEwcFJkbUpGWkhsR2FFdzNNbk5LZFVNemJuWjZlbUZoTVRkaWNYWnBRWFJ5VFhockwydHRUVUU1UjJSdk5WaFZPWHBwVGxnMk0wUnBZMVo0U21SMmJEQnBUVFV5WXk4MldYcHBSM2d4YkZCWFVGRllObmRhVEhZM1Ewc3lOR0Y0ZFVsbksxSjZWbGRYTmtVd2JtUkhlamd6YUVobWRXdzFaRzFzTW5VMU5UbHpNVXQ0UldoM2FuVjRiVFJPYUcwNGRsWndRM2hSUmtWa2RFMDJPRTVEU3paa09IaGtjSFpaYUZaV2RHeEVTSEJrWlRocGFuQkNhWEo0UW0xVVMwSm9XRGhWY1ROMllpdFFhazVMWVRaVlJpOXVWVlpNU1RKcVNGZG5jV1YzZFVkblVVOVBLMGR2VlRScFZ6UlFTRzlFZGtNM1Z6aFdiRkJYYWt4WlRXaDVSR1JFVVVaWmExRmtVemxNU0ZGaEwyZHhlbk5YZVRaYVVuUlRjbGhIU2xKRGRGa3lUbGhhTVVGMUwwUnVZMUIwYmxGa1RWYzFXV3RxUVRCTFpqSnpibmxVWTBGRU1GTkRaV3BOWTJOaVYzbE1SWFpCZHpNeFZqaHpTMFZXWVRGNk4wTlRPWFIyWXk5NGR6RnFhbWhOTUc5NlVXOUhRVEo2V0cxVFMzVkJVMXBpZUdKNFVrVlJOMWhpZGxreGVqVkZXVmhUZWl0RVptcG5iSEZZY205aVZYUlpUMWxhWTJsbVp6ZFliMUE0U25Cb2QybFhVbVphU25BMGIxWnNObTVrVkhwRFZtNVdkbWRaWjBoWWJIYzVhbEE1V0RrMVYwaHBaSEpQWm01clZHbE1Zemx2WWtVM1pFNXFXbmRsY25sa1RqWXpMM2xoTW1oSFEzcGpTRXh5YkdrMFNHNVZjek5RYXpCc2VuVnFSMnRNZURKV2VqWmxlVE5PT1dJM1kweEdlWEV6TkZSS1FsZDZTSGxSVEdOYVNURnJSbEJXYVRVek1XUklOSGxYYXpJd1IxUjFSVWRxT0hKa1UwUlVWalpEVFVRelZFSlRRbGhRVDBFNFkxUm5Sa2xwYW1wVFFURnRaMlZTS3pWV2JVeGliRTR4YUhwME1DdHphREoyZW10aU5tTjZZWFJaV0ZwVU1VTnBRVWN2UVRSRFJTOXRRMWgxYzNGS1JVOHJZbFZMYUc5M2RtdGlTVTVNZG5oalRYTnZlVlV2TjJ0SVFWbDVjbEpqTVhGUmFIaDJNVzAzTWtwVWFGbDZObGh1U2tSbVdHTXlNM1pEYWxoTFF6SlRWVmhzVG1WdVVHTm1jMFV2U0hGQlJUaDBNazlKVVhCWFdFdFdla1puZVRkTlEzQXlTM0pVVkZsb1JFdGxjamRMVWpGRlNFZEJTVlpJVjJKclRUTkNSVGczYkU1RloxTlRNMmR6Tmtsb1pTdFJNRTlrV1RaUlJYQm1ZVk5GWTJGU1RVcFZURlJDYlU5UlRFbzNiM05qVW1GMVdVMUhaemhtTUN0NEx6UmxTVVk0WVd0RGRtUnpiRGhtVUdZemRrcEtkbVJPZFVGTmEyVkNWRzEyWXpOeWVYQXpUM0IyWlVGSVJWTXdkSEZHVUhkb1luTlFiRTV1WkZaclJTdG9kelJ5V1dGcVYwODRNREJSZVhsTU0wVlZhMWg1V200ck9GTnRNbGcwZVZSQ1p6aGtXVnA0VjFSaFJVRXZhVGxDVFZkeFlrSm1NMGt2TlVrelVHNTZURlZvZUV0eVJqRndSRWQxV21FeU1VaHVjbFpETkV4cGJucGFVVkJvY0RrMVprd3hlVGx6UjNORFVVVkJjVU5RVkRCa0swWjNjVGRCVVVwSFVYSTRkUzlSWTJaWU9EbEpUVVp5WWxWUU1FbHdaejA5SWl3aVpHRjBZV3RsZVNJNklrRlJSVUpCU0dwQ055OXBaM2ROWnpST1VIZGhkWEo0VTBsWmVEUklabTU0ZFVkakx6UTRZa1IzZG5kRWNFNVpWMXBuUVVGQlNEUjNaa0ZaU2t0dldrbG9kbU5PUVZGalIyOUhPSGRpVVVsQ1FVUkNiMEpuYTNGb2EybEhPWGN3UWtKM1JYZElaMWxLV1VsYVNVRlhWVVJDUVVWMVRVSkZSVVJIWVhGdlVUbFdhbms1U0ZGdlNraDNRVWxDUlVsQk4zaHdjaTkxTWtkcVZGTXhhemxaWlhwd1ZFeFJka2xyU1ZaeloyZHdNRmhhYUdkMFoxSmlaMUJ2YkVkUGNTOXNLM2M1Y200M09IQlllV1ZuUWxWYU56UktOVkZRV1hkS1ZVa3ZiRWgzV1RBOUlpd2lkbVZ5YzJsdmJpSTZJaklpTENKMGVYQmxJam9pUkVGVVFWOUxSVmtpTENKbGVIQnBjbUYwYVc5dUlqb3hOelU0TnpFMk56WXdmUT09",
            "expires_at": "2025-09-24T12:26:00Z",
            "id": "us-east-2",
            "password": "eyJwYXlsb2FkIjoieHh6cnpva21FeG5iaWd2Ym5WenJFaGljbHlEMUh1MDhjNE5BWktMMXZyY1NyTmh4eWFUa2ZkVzNVZTNJQlhpSTVjdms1ZUx5NWJlY1NSaVBVUUszZTd4NEZQa1E2NWFxOHBTNkw4V2Zwd3VOMkpaa3dOMmUyU3d4NTRYOU9KbVhEQjlvRThTdjBmNmlmTkUvUStYcEwzWlZ4YXRpR2NnQ2dVM3pLRkYyR0lBNmd3dXpCSjJvT3FQTzE3MkRxNDIxQ0Y3Q2lSdTV0K2NRVlA4aDcyQ3pFcEVLY2JiekpvTFl1MUhOd2tUNytOaEUwVklHblBEaGRCV2ViYk5Cc2dPK0hYVlgvSUtYbzdHOHczL0tlSDlkSTdNTXdGOE56QkNTNytXdFhnNWlNWGdEUmp0cE13dXlOWjYvQ0pRdmJFZHlGaEw3MnNKdUMzbnZ6emFhMTdicXZpQXRyTXhrL2ttTUE5R2RvNVhVOXppTlg2M0RpY1Z4SmR2bDBpTTUyYy82WXppR3gxbFBXUFFYNndaTHY3Q0syNGF4dUlnK1J6VldXNkUwbmRHejgzaEhmdWw1ZG1sMnU1NTlzMUt4RWh3anV4bTROaG04dlZwQ3hRRkVkdE02OE5DSzZkOHhkcHZZaFZWdGxESHBkZThpanBCaXJ4Qm1US0JoWDhVcTN2YitQak5LYTZVRi9uVVZMSTJqSFdncWV3dUdnUU9PK0dvVTRpVzRQSG9EdkM3VzhWbFBXakxZTWh5RGREUUZZa1FkUzlMSFFhL2dxenNXeTZaUnRTclhHSlJDdFkyTlhaMUF1L0RuY1B0blFkTVc1WWtqQTBLZjJzbnlUY0FEMFNDZWpNY2NiV3lMRXZBdzMxVjhzS0VWYTF6N0NTOXR2Yy94dzFqamhNMG96UW9HQTJ6WG1TS3VBU1pieGJ4UkVRN1hidlkxejVFWVhTeitEZmpnbHFYcm9iVXRZT1laY2lmZzdYb1A4SnBod2lXUmZaSnA0b1ZsNm5kVHpDVm5WdmdZZ0hYbHc5alA5WDk1V0hpZHJPZm5rVGlMYzlvYkU3ZE5qWndlcnlkTjYzL3lhMmhHQ3pjSExybGk0SG5VczNQazBsenVqR2tMeDJWejZleTNOOWI3Y0xGeXEzNFRKQld6SHlRTGNaSTFrRlBWaTUzMWRINHlXazIwR1R1RUdqOHJkU0RUVjZDTUQzVEJTQlhQT0E4Y1RnRklpampTQTFtZ2VSKzVWbUxibE4xaHp0MCtzaDJ2emtiNmN6YXRZWFpUMUNpQUcvQTRDRS9tQ1h1c3FKRU8rYlVLaG93dmtiSU5MdnhjTXNveVUvN2tIQVl5clJjMXFRaHh2MW03MkpUaFl6NlhuSkRmWGMyM3ZDalhLQzJTVVhsTmVuUGNmc0UvSHFBRTh0Mk9JUXBXWEtWekZneTdNQ3AyS3JUVFloREtlcjdLUjFFSEdBSVZIV2JrTTNCRTg3bE5FZ1NTM2dzNkloZStRME9kWTZRRXBmYVNFY2FSTUpVTFRCbU9RTEo3b3NjUmF1WU1HZzhmMCt4LzRlSUY4YWtDdmRzbDhmUGYzdkpKdmROdUFNa2VCVG12YzNyeXAzT3B2ZUFIRVMwdHFGUHdoYnNQbE5uZFZrRStodzRyWWFqV084MDBReXlMM0VVa1h5Wm4rOFNtMlg0eVRCZzhkWVp4V1RhRUEvaTlCTVdxYkJmM0kvNUkzUG56TFVoeEtyRjFwREd1WmEyMUhuclZDNExpbnpaUVBocDk1ZkwxeTlzR3NDUUVBcUNQVDBkK0Z3cTdBUUpHUXI4dS9RY2ZYODlJTUZyYlVQMElwZz09IiwiZGF0YWtleSI6IkFRRUJBSGpCNy9pZ3dNZzROUHdhdXJ4U0lZeDRIZm54dUdjLzQ4YkR3dndEcE5ZV1pnQUFBSDR3ZkFZSktvWklodmNOQVFjR29HOHdiUUlCQURCb0Jna3Foa2lHOXcwQkJ3RXdIZ1lKWUlaSUFXVURCQUV1TUJFRURHYXFvUTlWank5SFFvSkh3QUlCRUlBN3hwci91MkdqVFMxazlZZXpwVExRdklrSVZzZ2dwMFhaaGd0Z1JiZ1BvbEdPcS9sK3c5cm43OHBYeWVnQlVaNzRKNVFQWXdKVUkvbEh3WTA9IiwidmVyc2lvbiI6IjIiLCJ0eXBlIjoiREFUQV9LRVkiLCJleHBpcmF0aW9uIjoxNzU4NzE2NzYwfQ==",
            "proxy_endpoint": "https://838284111015.dkr.ecr.us-east-2.amazonaws.com",
            "region": "us-east-2",
            "registry_id": "838284111015",
            "user_name": "AWS"
          },
          "sensitive_attributes": [
            [
              {
                "type": "get_attr",
                "value": "authorization_token"
              }
            ],
            [
              {
                "type": "get_attr",
                "value": "password"
              }
            ]
          ],
          "identity_schema_version": 0
        }
      ]
    },
    {
      "module": "module.quest_service_image",
      "mode": "managed",
      "type": "aws_ecr_lifecycle_policy",
      "name": "keep_last_3",
      "provider": "module.quest_service_image.provider[\"registry.terraform.io/hashicorp/aws\"]",
      "instances": [
        {
          "index_key": 0,
          "schema_version": 0,
          "attributes": {
            "id": "goalsguild_quest_service",
            "policy": "{\"rules\":[{\"action\":{\"type\":\"expire\"},\"description\":\"Keep last 3 images by count\",\"rulePriority\":1,\"selection\":{\"countNumber\":3,\"countType\":\"imageCountMoreThan\",\"tagStatus\":\"any\"}}]}",
            "region": "us-east-2",
            "registry_id": "838284111015",
            "repository": "goalsguild_quest_service"
          },
          "sensitive_attributes": [],
          "identity_schema_version": 0,
          "identity": {
            "account_id": "838284111015",
            "region": "us-east-2",
            "repository": "goalsguild_quest_service"
          },
          "private": "bnVsbA==",
          "dependencies": [
            "module.quest_service_image.aws_ecr_repository.repo"
          ],
          "create_before_destroy": true
        }
      ]
    },
    {
      "module": "module.quest_service_image",
      "mode": "managed",
      "type": "aws_ecr_repository",
      "name": "repo",
      "provider": "module.quest_service_image.provider[\"registry.terraform.io/hashicorp/aws\"]",
      "instances": [
        {
          "index_key": 0,
          "schema_version": 0,
          "attributes": {
            "arn": "arn:aws:ecr:us-east-2:838284111015:repository/goalsguild_quest_service",
            "encryption_configuration": [
              {
                "encryption_type": "AES256",
                "kms_key": ""
              }
            ],
            "force_delete": true,
            "id": "goalsguild_quest_service",
            "image_scanning_configuration": [
              {
                "scan_on_push": true
              }
            ],
            "image_tag_mutability": "MUTABLE",
            "image_tag_mutability_exclusion_filter": [],
            "name": "goalsguild_quest_service",
            "region": "us-east-2",
            "registry_id": "838284111015",
            "repository_url": "838284111015.dkr.ecr.us-east-2.amazonaws.com/goalsguild_quest_service",
            "tags": {},
            "tags_all": {},
            "timeouts": null
          },
          "sensitive_attributes": [],
          "identity_schema_version": 0,
          "identity": {
            "account_id": "838284111015",
            "name": "goalsguild_quest_service",
            "region": "us-east-2"
          },
          "private": "eyJlMmJmYjczMC1lY2FhLTExZTYtOGY4OC0zNDM2M2JjN2M0YzAiOnsiZGVsZXRlIjoxMjAwMDAwMDAwMDAwfX0=",
          "create_before_destroy": true
        }
      ]
    },
    {
      "module": "module.quest_service_image",
      "mode": "managed",
      "type": "docker_image",
      "name": "app",
      "provider": "module.quest_service_image.provider[\"registry.terraform.io/kreuzwerker/docker\"]",
      "instances": [
        {
          "schema_version": 0,
          "attributes": {
            "build": [
              {
                "auth_config": [],
                "build_args": null,
                "build_id": "",
                "build_log_file": "",
                "builder": "",
                "cache_from": [],
                "cgroup_parent": "",
                "context": "../../../backend/services",
                "cpu_period": null,
                "cpu_quota": null,
                "cpu_set_cpus": "",
                "cpu_set_mems": "",
                "cpu_shares": null,
                "dockerfile": "quest-service/Dockerfile",
                "extra_hosts": [],
                "force_remove": null,
                "isolation": "",
                "label": null,
                "labels": null,
                "memory": null,
                "memory_swap": null,
                "network_mode": "",
                "no_cache": null,
                "platform": "",
                "pull_parent": null,
                "remote_context": "",
                "remove": true,
                "secrets": [],
                "security_opt": [],
                "session_id": "",
                "shm_size": null,
                "squash": null,
                "suppress_output": null,
                "tag": [],
                "target": "",
                "ulimit": [],
                "version": ""
              }
            ],
            "force_remove": null,
            "id": "sha256:f7b31e2906085470709078decc30896b27e981251d0fe56460376ade35bbe95e838284111015.dkr.ecr.us-east-2.amazonaws.com/goalsguild_quest_service:2",
            "image_id": "sha256:f7b31e2906085470709078decc30896b27e981251d0fe56460376ade35bbe95e",
            "keep_locally": null,
            "name": "838284111015.dkr.ecr.us-east-2.amazonaws.com/goalsguild_quest_service:2",
            "platform": null,
            "pull_triggers": null,
            "repo_digest": "838284111015.dkr.ecr.us-east-2.amazonaws.com/goalsguild_quest_service@sha256:f7b31e2906085470709078decc30896b27e981251d0fe56460376ade35bbe95e",
            "timeouts": null,
            "triggers": null
          },
          "sensitive_attributes": [],
          "identity_schema_version": 0,
          "private": "eyJlMmJmYjczMC1lY2FhLTExZTYtOGY4OC0zNDM2M2JjN2M0YzAiOnsiY3JlYXRlIjoxMjAwMDAwMDAwMDAwLCJkZWxldGUiOjEyMDAwMDAwMDAwMDAsInVwZGF0ZSI6MTIwMDAwMDAwMDAwMH19",
          "dependencies": [
            "module.quest_service_image.aws_ecr_repository.repo",
            "module.quest_service_image.data.aws_caller_identity.me",
            "module.quest_service_image.data.aws_ecr_authorization_token.ecr",
            "module.quest_service_image.data.aws_ecr_repository.repo"
          ],
          "create_before_destroy": true
        }
      ]
    },
    {
      "module": "module.quest_service_image",
      "mode": "managed",
      "type": "docker_registry_image",
      "name": "app",
      "provider": "module.quest_service_image.provider[\"registry.terraform.io/kreuzwerker/docker\"]",
      "instances": [
        {
          "schema_version": 0,
          "attributes": {
            "auth_config": [],
            "id": "sha256:f7b31e2906085470709078decc30896b27e981251d0fe56460376ade35bbe95e",
            "insecure_skip_verify": false,
            "keep_remotely": true,
            "name": "838284111015.dkr.ecr.us-east-2.amazonaws.com/goalsguild_quest_service:2",
            "sha256_digest": "sha256:f7b31e2906085470709078decc30896b27e981251d0fe56460376ade35bbe95e",
            "triggers": null
          },
          "sensitive_attributes": [],
          "identity_schema_version": 0,
          "private": "bnVsbA==",
          "dependencies": [
            "module.quest_service_image.aws_ecr_repository.repo",
            "module.quest_service_image.data.aws_caller_identity.me",
            "module.quest_service_image.data.aws_ecr_authorization_token.ecr",
            "module.quest_service_image.data.aws_ecr_repository.repo",
            "module.quest_service_image.docker_image.app",
            "module.quest_service_image.null_resource.ecr_login"
          ],
          "create_before_destroy": true
        }
      ]
    },
    {
      "module": "module.quest_service_image",
      "mode": "managed",
      "type": "local_file",
      "name": "version_file",
      "provider": "provider[\"registry.terraform.io/hashicorp/local\"]",
      "instances": [
        {
          "schema_version": 0,
          "attributes": {
            "content": "2",
            "content_base64": null,
            "content_base64sha256": "1HNeOiZeFu7gP1lxi5tdAwGcB9i2xR+Q2jpmbuwTqzU=",
            "content_base64sha512": "QLJEESZB3XjdT5O2yRkN1G4AmRlNWkQle3761u+f9Gg9oe2gJERIyzQ6poj10+/XMU2v5YCsC8vxFa7Kno3BFA==",
            "content_md5": "c81e728d9d4c2f636f067f89cc14862c",
            "content_sha1": "da4b9237bacccdf19c0760cab7aec4a8359010b0",
            "content_sha256": "d4735e3a265e16eee03f59718b9b5d03019c07d8b6c51f90da3a666eec13ab35",
            "content_sha512": "40b244112641dd78dd4f93b6c9190dd46e0099194d5a44257b7efad6ef9ff4683da1eda0244448cb343aa688f5d3efd7314dafe580ac0bcbf115aeca9e8dc114",
            "directory_permission": "0777",
            "file_permission": "0777",
            "filename": "modules/docker_lambda_image/.quest-service_version",
            "id": "da4b9237bacccdf19c0760cab7aec4a8359010b0",
            "sensitive_content": null,
            "source": null
          },
          "sensitive_attributes": [
            [
              {
                "type": "get_attr",
                "value": "sensitive_content"
              }
            ]
          ],
          "identity_schema_version": 0,
          "create_before_destroy": true
        }
      ]
    },
    {
      "module": "module.quest_service_image",
      "mode": "managed",
      "type": "null_resource",
      "name": "ecr_login",
      "provider": "provider[\"registry.terraform.io/hashicorp/null\"]",
      "instances": [
        {
          "schema_version": 0,
          "attributes": {
            "id": "7554729077889657103",
            "triggers": {
              "host": "838284111015.dkr.ecr.us-east-2.amazonaws.com",
              "region": "us-east-2",
              "version": "2"
            }
          },
          "sensitive_attributes": [],
          "identity_schema_version": 0,
          "dependencies": [
            "module.quest_service_image.aws_ecr_repository.repo",
            "module.quest_service_image.data.aws_ecr_repository.repo"
          ],
          "create_before_destroy": true
        }
      ]
    },
    {
      "module": "module.user_service_image",
      "mode": "data",
      "type": "aws_caller_identity",
      "name": "me",
      "provider": "module.user_service_image.provider[\"registry.terraform.io/hashicorp/aws\"]",
      "instances": [
        {
          "schema_version": 0,
          "attributes": {
            "account_id": "838284111015",
            "arn": "arn:aws:sts::838284111015:assumed-role/AWSReservedSSO_AdministratorAccess_a645e868571753cc/AndresAlvarez",
            "id": "838284111015",
            "user_id": "AROA4GLNANSTVDTZXR5GZ:AndresAlvarez"
          },
          "sensitive_attributes": [],
          "identity_schema_version": 0
        }
      ]
    },
    {
      "module": "module.user_service_image",
      "mode": "data",
      "type": "aws_ecr_authorization_token",
      "name": "ecr",
      "provider": "module.user_service_image.provider[\"registry.terraform.io/hashicorp/aws\"]",
      "instances": [
        {
          "schema_version": 0,
          "attributes": {
            "authorization_token": "QVdTOmV5SndZWGxzYjJGa0lqb2lhazVUVkc1T1RsZFZhVlJZU0RSTmNqbDZUMjVwU0ZCblUwSTFLMmxYV1hveksyOVZZMVJ2ZWxoUGNEZG1iMnh6ZUU1elQxcENWVVZ1TmxSRk0wUm1UVEZVVW5welFUVXlURzAxZW1Gc2VYRlZXRWxGY3paUVlVaEZRbU00Y2xkU1J5OVRXVFpTY1hOU1RtdG5WR1UzTmpoemNEWm1jbTV1SzJWaFlYVktibkF4UVZOUk9IbDNXVWRZYWxvMldHeHVVeXRDVGxwVFZXNUJWM3AwVGt4SWFEZExWMEZ6VjAweGJFcEtMMmN3ZFRSVWNGVjJZbnBTUjFOMWFVaElUVXBKT0c5Q1pqWmFjRWs1VjNSTVlrRjBjbTVVY1RKUVRIbEtkMGxxVjNaNFpEaFdWMDlOVEhGbFZEWnNlbEp1U2xKT01ubFdWa3hQVUZSdVMwbzViV3R6UjJSNVUwZHFaMVZrVmsxd01tVnpRblpaY2xSd0wwdDZhVmRtTmxwVEwzazRSMjVsY0U0eWFGbFNOamhhYm5KV1QxcGpRbmRaY0hJNVlXVkxlVXhFYUVvd2FYUjJhVmRHYWtkUVpFRlhka04yVUdkblZFWkRSa0ZWTjBOc1dGVXlUMFI2VUZWWVNuQm1VRXRzT1VnMFUxVlhUbEIxVVRaRWRIQm9kbmM1Y0dwTGIwaFBabll2VmxsU04zQXlUbmgyY1hkemJtVlNSRlZ2VUVGMVlUTnJORlphTkV0M1VISjVhWGxKYVdoT0syRkhOVGhXVTJWRWIwUlFSSEZZZWtaMWQyNHJUR3BPTVhKTlV6UjFSVU5sZUdoTFIzWXZNWEF2TkZkeU1YcFRTVzAwUmtwcmVHMTFaV051TUhkb2EwWkJaRUpCTmtaNFV5OXhOakpVZW1wdE5YTlRlUzlGT0dsbE4zQllUMlZuVVVOemRTOUtUVVpYVFZJMVYwVlJaV2h6WVZkek9USlhTVTVtWXpKTVF6Z3JMMHczWm01MVMwcHNUR2gzUzA5dFFYUlNlbE5KWTBodGRGSnlVSHBSYjNvNWMybFZSWFo1YXk5a2VITjJaSEphV1ZSQkwzUTRlbGh1UzJjMGFrdHNabU15UW5CTFdGTXZRWEYxV0U1NllVTkNRVlJDZDJ4UmJXTllVVGRLVlVoSWJVWndhMWxEU2xseGNsRllXVmx1ZG10S1dIRkNTbXBNYURBMmMyRkhVR05HV1VFd1p6aHlka0ZtTWpNMldtUllRa05zVTFSMEx6SnJTbkJtWVVGWloxRm5PSFpHUVhnd1FXMURaazFSTTFSRmNVZG5TVGRCTlRSdFRFVXJORWgyVFRsaWVGUkxXa1ZGVkVwVGNDOTRWakV4TmpKVU1sRktMemxEVFVJelp6VllkR04xTVVzeFEzVnZVMlZ3WjNVNU1FVllORXhxTlc5RlFVdDNTakJKTVU1Mk9XRXpSRWcwTm1GeFEzQm9PRkJRV0hBeVpFMVZZVlJQZVU5NmRHWnhiRk5FWjBZcmFsaFdNMWR1V2twVFJDdDVXVzlWVnpsMGVYcDFOamxrV1Vaa1NWbDJkWElyYmtKaWJVSjZaVWs1TjI1WVVqWTJiRmRNV2xod1ZYWTVjV1puTWtWc1pHOHhaMlJOV25oT00zbEVXVmRvVUZadVNEWldhRE5aTlZKNU9GaGtNekZMTUZnM1lubGpNRE5DVEV4U1EwTm5Lek4xTUZONmVXMVhaMlpqZWpaa2JYSnFlVWM1VUVOQlMyZHROMmN3Um1kaGVGWkNVMDl1VUdJM1V6SjNZbkZGTVVKVEsxQnFWR3hDVG1oTWRGSk1NelJZWVV0RE1UVXdURnA1YTNKcFFsSnpVSFpLUkRkSlZIQTFiR042VEdSVmRtOTBZMDh4Wm5wYVJXdFFTMWd6Tm1GMVdrTm1SV1ozWWpWWGFUTlpLMFZTTm5Sb1VDOURkMWRWT1hGaVoyNDBZV3hNTVVNNWVHYzRja2RKVW1GcmR6aGlZMk5FUTJsQk9GbGhTRXA0VEZCd1RUVnBla3hITm5GNlpGWXZRVFZxTldZd1RVdE1lazVOUVc5UlptTjFWMjlHZG10SVkzVk9TakYzVlVka1lqTm9WVE5hVDBkb1dIbG9NelYyV0dOSFpHZGFhMU13WjFKelZuaFBXbVE0ZFdkS2FWQTRVM2xxZUhjd01HeDNPRkIwWVhCcWMyUmxhemhYTWpremRYUTFRems1TkZoS1YySkdjalprY0VaS2ExUlRXRFZQZHpObFVUSm1XbTlzZGxaYVEwcE9NRkpPUjI5NE1VWlVTRmhCV0VONWFrNDFlRFp2THpoUVVFcFNVbTVpTTBZME4wcHhPVTE1UzJKWWJVbHFZbVZaUkRkVWMwVk9XVUYzU0d0VVpubHFNbFJwY2xKbFRTdFZkR05wZUhFdmFYQkdNVk5oZEhORWRsUjZkejA5SWl3aVpHRjBZV3RsZVNJNklrRlJSVUpCU0dwQ055OXBaM2ROWnpST1VIZGhkWEo0VTBsWmVEUklabTU0ZFVkakx6UTRZa1IzZG5kRWNFNVpWMXBuUVVGQlNEUjNaa0ZaU2t0dldrbG9kbU5PUVZGalIyOUhPSGRpVVVsQ1FVUkNiMEpuYTNGb2EybEhPWGN3UWtKM1JYZElaMWxLV1VsYVNVRlhWVVJDUVVWMVRVSkZSVVJPVms1aU5FVTRZMXBpT0ZRMVFVRlZRVWxDUlVsQk4wUnNXREpWYW0xMk1qQnRkSEU0VFVOWVVIaGxZa0ZqV0haWmVXTndhMlptWTJJd1pYcENhaXRFWkVKTVNXWTRha0V6V1V0SWFYTkVZbFJaU0VOWkszWk1SVmgyS3pNMFVGRkxVekJGU2xFOUlpd2lkbVZ5YzJsdmJpSTZJaklpTENKMGVYQmxJam9pUkVGVVFWOUxSVmtpTENKbGVIQnBjbUYwYVc5dUlqb3hOelU0TnpFMk56WXhmUT09",
            "expires_at": "2025-09-24T12:26:01Z",
            "id": "us-east-2",
            "password": "eyJwYXlsb2FkIjoiak5TVG5OTldVaVRYSDRNcjl6T25pSFBnU0I1K2lXWXozK29VY1RvelhPcDdmb2xzeE5zT1pCVUVuNlRFM0RmTTFUUnpzQTUyTG01emFseXFVWElFczZQYUhFQmM4cldSRy9TWTZScXNSTmtnVGU3NjhzcDZmcm5uK2VhYXVKbnAxQVNROHl3WUdYalo2WGxuUytCTlpTVW5BV3p0TkxIaDdLV0FzV00xbEpKL2cwdTRUcFV2YnpSR1N1aUhITUpJOG9CZjZacEk5V3RMYkF0cm5UcTJQTHlKd0lqV3Z4ZDhWV09NTHFlVDZselJuSlJOMnlWVkxPUFRuS0o5bWtzR2R5U0dqZ1VkVk1wMmVzQnZZclRwL0t6aVdmNlpTL3k4R25lcE4yaFlSNjhabnJWT1pjQndZcHI5YWVLeUxEaEowaXR2aVdGakdQZEFXdkN2UGdnVEZDRkFVN0NsWFUyT0R6UFVYSnBmUEtsOUg0U1VXTlB1UTZEdHBodnc5cGpLb0hPZnYvVllSN3AyTnh2cXdzbmVSRFVvUEF1YTNrNFZaNEt3UHJ5aXlJaWhOK2FHNThWU2VEb0RQRHFYekZ1d24rTGpOMXJNUzR1RUNleGhLR3YvMXAvNFdyMXpTSW00RkpreG11ZWNuMHdoa0ZBZEJBNkZ4Uy9xNjJUemptNXNTeS9FOGllN3BYT2VnUUNzdS9KTUZXTVI1V0VRZWhzYVdzOTJXSU5mYzJMQzgrL0w3Zm51S0psTGh3S09tQXRSelNJY0htdFJyUHpRb3o5c2lVRXZ5ay9keHN2ZHJaWVRBL3Q4elhuS2c0aktsZmMyQnBLWFMvQXF1WE56YUNCQVRCd2xRbWNYUTdKVUhIbUZwa1lDSllxclFYWVludmtKWHFCSmpMaDA2c2FHUGNGWUEwZzhydkFmMjM2WmRYQkNsU1R0LzJrSnBmYUFZZ1FnOHZGQXgwQW1DZk1RM1RFcUdnSTdBNTRtTEUrNEh2TTlieFRLWkVFVEpTcC94VjExNjJUMlFKLzlDTUIzZzVYdGN1MUsxQ3VvU2VwZ3U5MEVYNExqNW9FQUt3SjBJMU52OWEzREg0NmFxQ3BoOFBQWHAyZE1VYVRPeU96dGZxbFNEZ0YralhWM1duWkpTRCt5WW9VVzl0eXp1NjlkWUZkSVl2dXIrbkJibUJ6ZUk5N25YUjY2bFdMWlhwVXY5cWZnMkVsZG8xZ2RNWnhOM3lEWVdoUFZuSDZWaDNZNVJ5OFhkMzFLMFg3YnljMDNCTExSQ0NnKzN1MFN6eW1XZ2ZjejZkbXJqeUc5UENBS2dtN2cwRmdheFZCU09uUGI3UzJ3YnFFMUJTK1BqVGxCTmhMdFJMMzRYYUtDMTUwTFp5a3JpQlJzUHZKRDdJVHA1bGN6TGRVdm90Y08xZnpaRWtQS1gzNmF1WkNmRWZ3YjVXaTNZK0VSNnRoUC9Dd1dVOXFiZ240YWxMMUM5eGc4ckdJUmFrdzhiY2NEQ2lBOFlhSEp4TFBwTTVpekxHNnF6ZFYvQTVqNWYwTUtMek5NQW9RZmN1V29GdmtIY3VOSjF3VUdkYjNoVTNaT0doWHloMzV2WGNHZGdaa1MwZ1JzVnhPWmQ4dWdKaVA4U3lqeHcwMGx3OFB0YXBqc2RlazhXMjkzdXQ1Qzk5NFhKV2JGcjZkcEZKa1RTWDVPdzNlUTJmWm9sdlZaQ0pOMFJOR294MUZUSFhBWEN5ak41eDZvLzhQUEpSUm5iM0Y0N0pxOU15S2JYbUlqYmVZRDdUc0VOWUF3SGtUZnlqMlRpclJlTStVdGNpeHEvaXBGMVNhdHNEdlR6dz09IiwiZGF0YWtleSI6IkFRRUJBSGpCNy9pZ3dNZzROUHdhdXJ4U0lZeDRIZm54dUdjLzQ4YkR3dndEcE5ZV1pnQUFBSDR3ZkFZSktvWklodmNOQVFjR29HOHdiUUlCQURCb0Jna3Foa2lHOXcwQkJ3RXdIZ1lKWUlaSUFXVURCQUV1TUJFRUROVk5iNEU4Y1piOFQ1QUFVQUlCRUlBN0RsWDJVam12MjBtdHE4TUNYUHhlYkFjWHZZeWNwa2ZmY2IwZXpCaitEZEJMSWY4akEzWUtIaXNEYlRZSENZK3ZMRVh2KzM0UFFLUzBFSlE9IiwidmVyc2lvbiI6IjIiLCJ0eXBlIjoiREFUQV9LRVkiLCJleHBpcmF0aW9uIjoxNzU4NzE2NzYxfQ==",
            "proxy_endpoint": "https://838284111015.dkr.ecr.us-east-2.amazonaws.com",
            "region": "us-east-2",
            "registry_id": "838284111015",
            "user_name": "AWS"
          },
          "sensitive_attributes": [
            [
              {
                "type": "get_attr",
                "value": "authorization_token"
              }
            ],
            [
              {
                "type": "get_attr",
                "value": "password"
              }
            ]
          ],
          "identity_schema_version": 0
        }
      ]
    },
    {
      "module": "module.user_service_image",
      "mode": "managed",
      "type": "aws_ecr_lifecycle_policy",
      "name": "keep_last_3",
      "provider": "module.user_service_image.provider[\"registry.terraform.io/hashicorp/aws\"]",
      "instances": [
        {
          "index_key": 0,
          "schema_version": 0,
          "attributes": {
            "id": "goalsguild_user_service",
            "policy": "{\"rules\":[{\"action\":{\"type\":\"expire\"},\"description\":\"Keep last 3 images by count\",\"rulePriority\":1,\"selection\":{\"countNumber\":3,\"countType\":\"imageCountMoreThan\",\"tagStatus\":\"any\"}}]}",
            "region": "us-east-2",
            "registry_id": "838284111015",
            "repository": "goalsguild_user_service"
          },
          "sensitive_attributes": [],
          "identity_schema_version": 0,
          "identity": {
            "account_id": "838284111015",
            "region": "us-east-2",
            "repository": "goalsguild_user_service"
          },
          "private": "bnVsbA==",
          "dependencies": [
            "module.user_service_image.aws_ecr_repository.repo"
          ],
          "create_before_destroy": true
        }
      ]
    },
    {
      "module": "module.user_service_image",
      "mode": "managed",
      "type": "aws_ecr_repository",
      "name": "repo",
      "provider": "module.user_service_image.provider[\"registry.terraform.io/hashicorp/aws\"]",
      "instances": [
        {
          "index_key": 0,
          "schema_version": 0,
          "attributes": {
            "arn": "arn:aws:ecr:us-east-2:838284111015:repository/goalsguild_user_service",
            "encryption_configuration": [
              {
                "encryption_type": "AES256",
                "kms_key": ""
              }
            ],
            "force_delete": true,
            "id": "goalsguild_user_service",
            "image_scanning_configuration": [
              {
                "scan_on_push": true
              }
            ],
            "image_tag_mutability": "MUTABLE",
            "image_tag_mutability_exclusion_filter": [],
            "name": "goalsguild_user_service",
            "region": "us-east-2",
            "registry_id": "838284111015",
            "repository_url": "838284111015.dkr.ecr.us-east-2.amazonaws.com/goalsguild_user_service",
            "tags": {},
            "tags_all": {},
            "timeouts": null
          },
          "sensitive_attributes": [],
          "identity_schema_version": 0,
          "identity": {
            "account_id": "838284111015",
            "name": "goalsguild_user_service",
            "region": "us-east-2"
          },
          "private": "eyJlMmJmYjczMC1lY2FhLTExZTYtOGY4OC0zNDM2M2JjN2M0YzAiOnsiZGVsZXRlIjoxMjAwMDAwMDAwMDAwfX0=",
          "create_before_destroy": true
        }
      ]
    },
    {
      "module": "module.user_service_image",
      "mode": "managed",
      "type": "docker_image",
      "name": "app",
      "provider": "module.user_service_image.provider[\"registry.terraform.io/kreuzwerker/docker\"]",
      "instances": [
        {
          "schema_version": 0,
          "attributes": {
            "build": [
              {
                "auth_config": [],
                "build_args": null,
                "build_id": "",
                "build_log_file": "",
                "builder": "",
                "cache_from": [],
                "cgroup_parent": "",
                "context": "../../../backend/services",
                "cpu_period": null,
                "cpu_quota": null,
                "cpu_set_cpus": "",
                "cpu_set_mems": "",
                "cpu_shares": null,
                "dockerfile": "user-service/Dockerfile",
                "extra_hosts": [],
                "force_remove": null,
                "isolation": "",
                "label": null,
                "labels": null,
                "memory": null,
                "memory_swap": null,
                "network_mode": "",
                "no_cache": null,
                "platform": "",
                "pull_parent": null,
                "remote_context": "",
                "remove": true,
                "secrets": [],
                "security_opt": [],
                "session_id": "",
                "shm_size": null,
                "squash": null,
                "suppress_output": null,
                "tag": [],
                "target": "",
                "ulimit": [],
                "version": ""
              }
            ],
            "force_remove": null,
            "id": "sha256:c2fbe3d798f78de7f29811498b6f4eadaa9fa16dc9334eaa4c5abc992e383a83838284111015.dkr.ecr.us-east-2.amazonaws.com/goalsguild_user_service:2",
            "image_id": "sha256:c2fbe3d798f78de7f29811498b6f4eadaa9fa16dc9334eaa4c5abc992e383a83",
            "keep_locally": null,
            "name": "838284111015.dkr.ecr.us-east-2.amazonaws.com/goalsguild_user_service:2",
            "platform": null,
            "pull_triggers": null,
            "repo_digest": "838284111015.dkr.ecr.us-east-2.amazonaws.com/goalsguild_user_service@sha256:c2fbe3d798f78de7f29811498b6f4eadaa9fa16dc9334eaa4c5abc992e383a83",
            "timeouts": null,
            "triggers": null
          },
          "sensitive_attributes": [],
          "identity_schema_version": 0,
          "private": "eyJlMmJmYjczMC1lY2FhLTExZTYtOGY4OC0zNDM2M2JjN2M0YzAiOnsiY3JlYXRlIjoxMjAwMDAwMDAwMDAwLCJkZWxldGUiOjEyMDAwMDAwMDAwMDAsInVwZGF0ZSI6MTIwMDAwMDAwMDAwMH19",
          "dependencies": [
            "module.user_service_image.aws_ecr_repository.repo",
            "module.user_service_image.data.aws_caller_identity.me",
            "module.user_service_image.data.aws_ecr_authorization_token.ecr",
            "module.user_service_image.data.aws_ecr_repository.repo"
          ],
          "create_before_destroy": true
        }
      ]
    },
    {
      "module": "module.user_service_image",
      "mode": "managed",
      "type": "docker_registry_image",
      "name": "app",
      "provider": "module.user_service_image.provider[\"registry.terraform.io/kreuzwerker/docker\"]",
      "instances": [
        {
          "schema_version": 0,
          "attributes": {
            "auth_config": [],
            "id": "sha256:c2fbe3d798f78de7f29811498b6f4eadaa9fa16dc9334eaa4c5abc992e383a83",
            "insecure_skip_verify": false,
            "keep_remotely": true,
            "name": "838284111015.dkr.ecr.us-east-2.amazonaws.com/goalsguild_user_service:2",
            "sha256_digest": "sha256:c2fbe3d798f78de7f29811498b6f4eadaa9fa16dc9334eaa4c5abc992e383a83",
            "triggers": null
          },
          "sensitive_attributes": [],
          "identity_schema_version": 0,
          "private": "bnVsbA==",
          "dependencies": [
            "module.user_service_image.aws_ecr_repository.repo",
            "module.user_service_image.data.aws_caller_identity.me",
            "module.user_service_image.data.aws_ecr_authorization_token.ecr",
            "module.user_service_image.data.aws_ecr_repository.repo",
            "module.user_service_image.docker_image.app",
            "module.user_service_image.null_resource.ecr_login"
          ],
          "create_before_destroy": true
        }
      ]
    },
    {
      "module": "module.user_service_image",
      "mode": "managed",
      "type": "local_file",
      "name": "version_file",
      "provider": "provider[\"registry.terraform.io/hashicorp/local\"]",
      "instances": [
        {
          "schema_version": 0,
          "attributes": {
            "content": "2",
            "content_base64": null,
            "content_base64sha256": "1HNeOiZeFu7gP1lxi5tdAwGcB9i2xR+Q2jpmbuwTqzU=",
            "content_base64sha512": "QLJEESZB3XjdT5O2yRkN1G4AmRlNWkQle3761u+f9Gg9oe2gJERIyzQ6poj10+/XMU2v5YCsC8vxFa7Kno3BFA==",
            "content_md5": "c81e728d9d4c2f636f067f89cc14862c",
            "content_sha1": "da4b9237bacccdf19c0760cab7aec4a8359010b0",
            "content_sha256": "d4735e3a265e16eee03f59718b9b5d03019c07d8b6c51f90da3a666eec13ab35",
            "content_sha512": "40b244112641dd78dd4f93b6c9190dd46e0099194d5a44257b7efad6ef9ff4683da1eda0244448cb343aa688f5d3efd7314dafe580ac0bcbf115aeca9e8dc114",
            "directory_permission": "0777",
            "file_permission": "0777",
            "filename": "modules/docker_lambda_image/.user-service_version",
            "id": "da4b9237bacccdf19c0760cab7aec4a8359010b0",
            "sensitive_content": null,
            "source": null
          },
          "sensitive_attributes": [
            [
              {
                "type": "get_attr",
                "value": "sensitive_content"
              }
            ]
          ],
          "identity_schema_version": 0,
          "create_before_destroy": true
        }
      ]
    },
    {
      "module": "module.user_service_image",
      "mode": "managed",
      "type": "null_resource",
      "name": "ecr_login",
      "provider": "provider[\"registry.terraform.io/hashicorp/null\"]",
      "instances": [
        {
          "schema_version": 0,
          "attributes": {
            "id": "3187798942883386136",
            "triggers": {
              "host": "838284111015.dkr.ecr.us-east-2.amazonaws.com",
              "region": "us-east-2",
              "version": "2"
            }
          },
          "sensitive_attributes": [],
          "identity_schema_version": 0,
          "dependencies": [
            "module.user_service_image.aws_ecr_repository.repo",
            "module.user_service_image.data.aws_ecr_repository.repo"
          ],
          "create_before_destroy": true
        }
      ]
    }
  ],
  "check_results": null
}
