{
  "version": 4,
  "terraform_version": "1.12.2",
  "serial": 2158,
  "lineage": "7024dad6-44b4-0759-b2ac-cf6f1db95d76",
  "outputs": {
    "api_gateway_api_key_value": {
      "value": "beckp4hwrlq3ztxc7l2xbabhkwaag10r",
      "type": "string",
      "sensitive": true
    },
    "api_invoke_url": {
      "value": "https://tuffc5cto8.execute-api.us-east-2.amazonaws.com/v1",
      "type": "string"
    },
    "appsync_api_arn": {
      "value": "arn:aws:appsync:us-east-2:838284111015:apis/w7lrzkdyu5f7fkj7onzg6qkutu",
      "type": "string"
    },
    "appsync_api_id": {
      "value": "w7lrzkdyu5f7fkj7onzg6qkutu",
      "type": "string"
    },
    "appsync_api_key_expires": {
      "value": "2025-09-16T19:00:00Z",
      "type": "string"
    },
    "appsync_api_key_expires_human": {
      "value": "2025-09-16 07:00:00 UTC",
      "type": "string"
    },
    "appsync_api_key_id": {
      "value": "w7lrzkdyu5f7fkj7onzg6qkutu:da2-hkuxsuhxszhafjbwyqmg6gqzkq",
      "type": "string"
    },
    "appsync_graphql_url": {
      "value": "https://f7qjx3q3nfezdnix3wuyxtrnre.appsync-api.us-east-2.amazonaws.com/graphql",
      "type": "string"
    },
    "cognito_user_pool_client_id": {
      "value": "2c1e2odalemtnmat8d3ch9l39r",
      "type": "string"
    },
    "cognito_user_pool_id": {
      "value": "us-east-2_8lNy9Nnx1",
      "type": "string"
    },
    "dynamodb_quests_table_name": {
      "value": "goalsguild_quests_dev",
      "type": "string"
    },
    "dynamodb_users_table_name": {
      "value": "goalsguild_users_dev",
      "type": "string"
    },
    "lambda_exec_role_arn": {
      "value": "arn:aws:iam::838284111015:role/goalsguild_lambda_exec_role_dev",
      "type": "string"
    },
    "lambda_quest_service_function_name": {
      "value": "goalsguild_quest_service_dev",
      "type": "string"
    },
    "lambda_user_service_function_name": {
      "value": "goalsguild_user_service_dev",
      "type": "string"
    },
    "table_name": {
      "value": "gg_core",
      "type": "string"
    }
  },
  "resources": [
    {
      "mode": "data",
      "type": "aws_caller_identity",
      "name": "current",
      "provider": "provider[\"registry.terraform.io/hashicorp/aws\"]",
      "instances": [
        {
          "schema_version": 0,
          "attributes": {
            "account_id": "838284111015",
            "arn": "arn:aws:sts::838284111015:assumed-role/AWSReservedSSO_AdministratorAccess_a645e868571753cc/AndresAlvarez",
            "id": "838284111015",
            "user_id": "AROA4GLNANSTVDTZXR5GZ:AndresAlvarez"
          },
          "sensitive_attributes": [],
          "identity_schema_version": 0
        }
      ]
    },
    {
      "mode": "data",
      "type": "aws_partition",
      "name": "current",
      "provider": "provider[\"registry.terraform.io/hashicorp/aws\"]",
      "instances": [
        {
          "schema_version": 0,
          "attributes": {
            "dns_suffix": "amazonaws.com",
            "id": "aws",
            "partition": "aws",
            "reverse_dns_prefix": "com.amazonaws"
          },
          "sensitive_attributes": [],
          "identity_schema_version": 0
        }
      ]
    },
    {
      "mode": "managed",
      "type": "aws_dynamodb_table",
      "name": "login_attempts",
      "provider": "provider[\"registry.terraform.io/hashicorp/aws\"]",
      "instances": [
        {
          "schema_version": 1,
          "attributes": {
            "arn": "arn:aws:dynamodb:us-east-2:838284111015:table/goalsguild_login_attempts",
            "attribute": [
              {
                "name": "pk",
                "type": "S"
              },
              {
                "name": "ts",
                "type": "N"
              }
            ],
            "billing_mode": "PAY_PER_REQUEST",
            "deletion_protection_enabled": false,
            "global_secondary_index": [],
            "hash_key": "pk",
            "id": "goalsguild_login_attempts",
            "import_table": [],
            "local_secondary_index": [],
            "name": "goalsguild_login_attempts",
            "on_demand_throughput": [],
            "point_in_time_recovery": [
              {
                "enabled": true,
                "recovery_period_in_days": 35
              }
            ],
            "range_key": "ts",
            "read_capacity": 0,
            "region": "us-east-2",
            "replica": [],
            "restore_date_time": null,
            "restore_source_name": null,
            "restore_source_table_arn": null,
            "restore_to_latest_time": null,
            "server_side_encryption": [
              {
                "enabled": true,
                "kms_key_arn": ""
              }
            ],
            "stream_arn": "",
            "stream_enabled": false,
            "stream_label": "",
            "stream_view_type": "",
            "table_class": "STANDARD",
            "tags": {
              "Component": "login-attempts",
              "Environment": "dev",
              "Service": "user-service"
            },
            "tags_all": {
              "Component": "login-attempts",
              "Environment": "dev",
              "Service": "user-service"
            },
            "timeouts": null,
            "ttl": [
              {
                "attribute_name": "ttl",
                "enabled": true
              }
            ],
            "write_capacity": 0
          },
          "sensitive_attributes": [],
          "identity_schema_version": 0,
          "private": "eyJlMmJmYjczMC1lY2FhLTExZTYtOGY4OC0zNDM2M2JjN2M0YzAiOnsiY3JlYXRlIjoxODAwMDAwMDAwMDAwLCJkZWxldGUiOjYwMDAwMDAwMDAwMCwidXBkYXRlIjozNjAwMDAwMDAwMDAwfSwic2NoZW1hX3ZlcnNpb24iOiIxIn0="
        }
      ]
    },
    {
      "module": "module.appsync",
      "mode": "managed",
      "type": "aws_appsync_api_key",
      "name": "this",
      "provider": "provider[\"registry.terraform.io/hashicorp/aws\"]",
      "instances": [
        {
          "index_key": 0,
          "schema_version": 0,
          "attributes": {
            "api_id": "w7lrzkdyu5f7fkj7onzg6qkutu",
            "api_key_id": "da2-hkuxsuhxszhafjbwyqmg6gqzkq",
            "description": "Managed by Terraform",
            "expires": "2025-09-16T19:00:00Z",
            "id": "w7lrzkdyu5f7fkj7onzg6qkutu:da2-hkuxsuhxszhafjbwyqmg6gqzkq",
            "key": "da2-hkuxsuhxszhafjbwyqmg6gqzkq",
            "region": "us-east-2"
          },
          "sensitive_attributes": [
            [
              {
                "type": "get_attr",
                "value": "key"
              }
            ]
          ],
          "identity_schema_version": 0,
          "private": "bnVsbA==",
          "dependencies": [
            "module.appsync.aws_appsync_graphql_api.this",
            "module.appsync.aws_iam_role.appsync_logs",
            "module.iam.aws_iam_role.lambda_authorizer_role",
            "module.lambda_authorizer.aws_lambda_function.this",
            "module.lambda_authorizer.data.archive_file.lambda_zip",
            "module.lambda_authorizer.null_resource.build_bash",
            "module.lambda_authorizer.null_resource.build_ps"
          ]
        }
      ]
    },
    {
      "module": "module.appsync",
      "mode": "managed",
      "type": "aws_appsync_datasource",
      "name": "ddb",
      "provider": "provider[\"registry.terraform.io/hashicorp/aws\"]",
      "instances": [
        {
          "schema_version": 0,
          "attributes": {
            "api_id": "w7lrzkdyu5f7fkj7onzg6qkutu",
            "arn": "arn:aws:appsync:us-east-2:838284111015:apis/w7lrzkdyu5f7fkj7onzg6qkutu/datasources/DDB",
            "description": "",
            "dynamodb_config": [
              {
                "delta_sync_config": [],
                "region": "us-east-2",
                "table_name": "gg_core",
                "use_caller_credentials": false,
                "versioned": false
              }
            ],
            "elasticsearch_config": [],
            "event_bridge_config": [],
            "http_config": [],
            "id": "w7lrzkdyu5f7fkj7onzg6qkutu-DDB",
            "lambda_config": [],
            "name": "DDB",
            "opensearchservice_config": [],
            "region": "us-east-2",
            "relational_database_config": [],
            "service_role_arn": "arn:aws:iam::838284111015:role/goalsguild-dev-api-ds-ddb-role",
            "type": "AMAZON_DYNAMODB"
          },
          "sensitive_attributes": [],
          "identity_schema_version": 0,
          "private": "bnVsbA==",
          "dependencies": [
            "module.appsync.aws_appsync_graphql_api.this",
            "module.appsync.aws_iam_role.appsync_logs",
            "module.appsync.aws_iam_role.ds_ddb_role",
            "module.ddb.aws_dynamodb_table.this",
            "module.iam.aws_iam_role.lambda_authorizer_role",
            "module.lambda_authorizer.aws_lambda_function.this",
            "module.lambda_authorizer.data.archive_file.lambda_zip",
            "module.lambda_authorizer.null_resource.build_bash",
            "module.lambda_authorizer.null_resource.build_ps"
          ]
        }
      ]
    },
    {
      "module": "module.appsync",
      "mode": "managed",
      "type": "aws_appsync_datasource",
      "name": "lambda_user",
      "provider": "provider[\"registry.terraform.io/hashicorp/aws\"]",
      "instances": [
        {
          "schema_version": 0,
          "attributes": {
            "api_id": "w7lrzkdyu5f7fkj7onzg6qkutu",
            "arn": "arn:aws:appsync:us-east-2:838284111015:apis/w7lrzkdyu5f7fkj7onzg6qkutu/datasources/LAMBDA_USER",
            "description": "",
            "dynamodb_config": [],
            "elasticsearch_config": [],
            "event_bridge_config": [],
            "http_config": [],
            "id": "w7lrzkdyu5f7fkj7onzg6qkutu-LAMBDA_USER",
            "lambda_config": [
              {
                "function_arn": "arn:aws:lambda:us-east-2:838284111015:function:goalsguild_appsync_create_user_dev"
              }
            ],
            "name": "LAMBDA_USER",
            "opensearchservice_config": [],
            "region": "us-east-2",
            "relational_database_config": [],
            "service_role_arn": "arn:aws:iam::838284111015:role/goalsguild-dev-api-ds-lambda-role",
            "type": "AWS_LAMBDA"
          },
          "sensitive_attributes": [],
          "identity_schema_version": 0,
          "private": "bnVsbA==",
          "dependencies": [
            "module.appsync.aws_appsync_graphql_api.this",
            "module.appsync.aws_iam_role.appsync_logs",
            "module.appsync.aws_iam_role.ds_lambda_role",
            "module.iam.aws_iam_role.lambda_authorizer_role",
            "module.lambda_appsync_create_user.aws_lambda_function.this",
            "module.lambda_appsync_create_user.data.archive_file.lambda_zip",
            "module.lambda_appsync_create_user.null_resource.build_bash",
            "module.lambda_appsync_create_user.null_resource.build_ps",
            "module.lambda_authorizer.aws_lambda_function.this",
            "module.lambda_authorizer.data.archive_file.lambda_zip",
            "module.lambda_authorizer.null_resource.build_bash",
            "module.lambda_authorizer.null_resource.build_ps",
            "module.network.aws_api_gateway_rest_api.rest_api",
            "module.network.aws_iam_role.lambda_exec_role"
          ]
        }
      ]
    },
    {
      "module": "module.appsync",
      "mode": "managed",
      "type": "aws_appsync_datasource",
      "name": "none",
      "provider": "provider[\"registry.terraform.io/hashicorp/aws\"]",
      "instances": [
        {
          "schema_version": 0,
          "attributes": {
            "api_id": "w7lrzkdyu5f7fkj7onzg6qkutu",
            "arn": "arn:aws:appsync:us-east-2:838284111015:apis/w7lrzkdyu5f7fkj7onzg6qkutu/datasources/NONE",
            "description": "",
            "dynamodb_config": [],
            "elasticsearch_config": [],
            "event_bridge_config": [],
            "http_config": [],
            "id": "w7lrzkdyu5f7fkj7onzg6qkutu-NONE",
            "lambda_config": [],
            "name": "NONE",
            "opensearchservice_config": [],
            "region": "us-east-2",
            "relational_database_config": [],
            "service_role_arn": "",
            "type": "NONE"
          },
          "sensitive_attributes": [],
          "identity_schema_version": 0,
          "private": "bnVsbA==",
          "dependencies": [
            "module.appsync.aws_appsync_graphql_api.this",
            "module.appsync.aws_iam_role.appsync_logs",
            "module.iam.aws_iam_role.lambda_authorizer_role",
            "module.lambda_authorizer.aws_lambda_function.this",
            "module.lambda_authorizer.data.archive_file.lambda_zip",
            "module.lambda_authorizer.null_resource.build_bash",
            "module.lambda_authorizer.null_resource.build_ps"
          ]
        }
      ]
    },
    {
      "module": "module.appsync",
      "mode": "managed",
      "type": "aws_appsync_graphql_api",
      "name": "this",
      "provider": "provider[\"registry.terraform.io/hashicorp/aws\"]",
      "instances": [
        {
          "schema_version": 0,
          "attributes": {
            "additional_authentication_provider": [
              {
                "authentication_type": "API_KEY",
                "lambda_authorizer_config": [],
                "openid_connect_config": [],
                "user_pool_config": []
              }
            ],
            "api_type": "GRAPHQL",
            "arn": "arn:aws:appsync:us-east-2:838284111015:apis/w7lrzkdyu5f7fkj7onzg6qkutu",
            "authentication_type": "AWS_LAMBDA",
            "enhanced_metrics_config": [],
            "id": "w7lrzkdyu5f7fkj7onzg6qkutu",
            "introspection_config": "ENABLED",
            "lambda_authorizer_config": [
              {
                "authorizer_result_ttl_in_seconds": 900,
                "authorizer_uri": "arn:aws:lambda:us-east-2:838284111015:function:goalsguild_authorizer_dev",
                "identity_validation_expression": "^Bearer [-0-9a-zA-Z\\._]*$"
              }
            ],
            "log_config": [
              {
                "cloudwatch_logs_role_arn": "arn:aws:iam::838284111015:role/goalsguild-dev-api-cw-logs-role",
                "exclude_verbose_content": false,
                "field_log_level": "ALL"
              }
            ],
            "merged_api_execution_role_arn": "",
            "name": "goalsguild-dev-api",
            "openid_connect_config": [],
            "query_depth_limit": 0,
            "region": "us-east-2",
            "resolver_count_limit": 0,
            "schema": "# ---------------------------------------\r\n# schema.graphql  (AppSync-compatible)\r\n# ---------------------------------------\r\n\r\n# AWS Scalars\r\nscalar AWSDateTime\r\nscalar AWSDate\r\nscalar AWSTimestamp\r\nscalar AWSJSON\r\n\r\n# Enums\r\nenum GoalStatus {\r\n  active\r\n  paused\r\n  completed\r\n  archived\r\n}\r\n\r\nenum TaskStatus {\r\n  open\r\n  in_progress\r\n  done\r\n  canceled\r\n}\r\n\r\n# Types\r\ntype User {\n  id: ID! @aws_api_key\n  email: String @aws_api_key\n  fullName: String\n  nickname: String\n  birthDate: AWSDate\n  status: String @aws_api_key\n  country: String\n  language: String\n  gender: String\n  pronouns: String\n  bio: String\n  tags: [String!]!\n  tier: String!                 # \"free\" | \"premium\" etc.\n  createdAt: AWSTimestamp\n  updatedAt: AWSTimestamp\n  ageYears: Int\n}\n\r\ntype Goal {\r\n  id: ID!\r\n  userId: ID!\r\n  title: String!\r\n  description: String\r\n  tags: [String!]\r\n  status: GoalStatus!\r\n  createdAt: AWSTimestamp\r\n  updatedAt: AWSTimestamp\r\n}\r\n\r\ntype Task {\r\n  id: ID!\r\n  goalId: ID!\r\n  ownerId: ID!\r\n  title: String!\r\n  nlpPlan: AWSJSON\r\n  dueAt: AWSTimestamp          # stored as epoch seconds; if you use ms, convert at resolver\r\n  status: TaskStatus!\r\n  assignees: [ID!]\r\n  createdAt: AWSTimestamp\r\n  updatedAt: AWSTimestamp\r\n}\r\n\r\ntype Message {\r\n  id: ID!\r\n  roomId: ID!\r\n  senderId: ID!\r\n  text: String!\r\n  ts: AWSTimestamp!\r\n}\r\n\r\ntype Offer {\r\n  id: ID!\r\n  title: String!\r\n  url: String!\r\n  tags: [String!]\r\n  validTo: AWSDateTime\r\n}\r\n\r\n# Queries\r\ntype Query {\r\n  me: User\r\n  user(userId: ID!): User\r\n  goals(userId: ID!): [Goal!]!\r\n  tasks(goalId: ID!): [Task!]!\r\n  messages(roomId: ID!, after: AWSTimestamp, limit: Int = 50): [Message!]!\r\n  offers(tags: [String!], limit: Int = 20): [Offer!]!\r\n  isEmailAvailable(email: String!): Boolean! @aws_api_key\r\n  isNicknameAvailable(nickname: String!): Boolean! @aws_api_key\r\n}\r\n\r\n# Mutations\r\ntype Mutation {\r\n  \"\"\"\r\n  Create a user profile. Accepts a bcrypt password hash (NEVER plaintext).\r\n  The resolver sets tier to 'free' by default.\r\n  \"\"\"\r\n  createUser(input: CreateUserInput!): User! @aws_api_key\r\n\r\n  \"\"\"\r\n  Create a goal for the current user (from JWT).\r\n  \"\"\"\r\n  createGoal(input: GoalInput!): Goal!\r\n\r\n  \"\"\"\r\n  Add a task under a goal owned by the current user.\r\n  \"\"\"\r\n  addTask(input: TaskInput!): Task!\r\n\r\n  \"\"\"\r\n  Post a message to a chat room.\r\n  \"\"\"\r\n  sendMessage(roomId: ID!, text: String!): Message!\r\n}\r\n\r\n# Subscriptions\r\ntype Subscription {\r\n  \"\"\"\r\n  Subscribe to new messages for a room. Requires the same roomId as in sendMessage.\r\n  \"\"\"\r\n  onMessage(roomId: ID!): Message!\r\n    @aws_subscribe(mutations: [\"sendMessage\"])\r\n}\r\n\r\n# Inputs\r\ninput CreateUserInput {\r\n  email: String!\r\n  fullName: String!\r\n  nickname: String!\r\n  birthDate: AWSDate\r\n  status: String\r\n  country: String!\r\n  language: String = \"en\"\r\n  gender: String\r\n  pronouns: String\r\n  bio: String\r\n  tags: [String!]\r\n  passwordHash: String       # bcrypt hash; hashing is done outside this API\r\n  password: String           # DEV ONLY: plaintext accepted for non-production\r\n}\r\n\r\ninput GoalInput {\r\n  title: String!\r\n  description: String\r\n  tags: [String!]\r\n}\r\n\r\ninput TaskInput {\r\n  goalId: ID!\r\n  title: String!\r\n  # If you store epoch milliseconds internally, convert to seconds or adjust resolver to return seconds.\r\n  dueAt: AWSTimestamp\r\n  nlpPlan: AWSJSON\r\n  assignees: [ID!]\r\n}\n",
            "tags": {
              "Component": "BackendApis",
              "Environment": "dev",
              "Project": "goalsguild"
            },
            "tags_all": {
              "Component": "BackendApis",
              "Environment": "dev",
              "Project": "goalsguild"
            },
            "uris": {
              "GRAPHQL": "https://f7qjx3q3nfezdnix3wuyxtrnre.appsync-api.us-east-2.amazonaws.com/graphql",
              "REALTIME": "wss://f7qjx3q3nfezdnix3wuyxtrnre.appsync-realtime-api.us-east-2.amazonaws.com/graphql"
            },
            "user_pool_config": [],
            "visibility": "GLOBAL",
            "xray_enabled": false
          },
          "sensitive_attributes": [],
          "identity_schema_version": 0,
          "private": "bnVsbA==",
          "dependencies": [
            "module.appsync.aws_iam_role.appsync_logs",
            "module.iam.aws_iam_role.lambda_authorizer_role",
            "module.lambda_authorizer.aws_lambda_function.this",
            "module.lambda_authorizer.data.archive_file.lambda_zip",
            "module.lambda_authorizer.null_resource.build_bash",
            "module.lambda_authorizer.null_resource.build_ps"
          ]
        }
      ]
    },
    {
      "module": "module.appsync",
      "mode": "managed",
      "type": "aws_appsync_resolver",
      "name": "unit",
      "provider": "provider[\"registry.terraform.io/hashicorp/aws\"]",
      "instances": [
        {
          "index_key": "Mutation.addTask",
          "schema_version": 0,
          "attributes": {
            "api_id": "w7lrzkdyu5f7fkj7onzg6qkutu",
            "arn": "arn:aws:appsync:us-east-2:838284111015:apis/w7lrzkdyu5f7fkj7onzg6qkutu/types/Mutation/resolvers/addTask",
            "caching_config": [],
            "code": "// resolvers/addTask.js\r\nimport { util } from '@aws-appsync/utils';\r\nimport { put } from '@aws-appsync/utils/dynamodb';\r\n\r\nexport function request(ctx) {\r\n  const identity = ctx.identity || {};\r\n  const ownerId = identity.sub;\r\n  if (!ownerId) util.unauthorized();\r\n\r\n  const input = ctx.args \u0026\u0026 ctx.args.input ? ctx.args.input : {};\r\n  const goalId = input.goalId;\r\n  const title = input.title;\r\n  if (!goalId) util.error('goalId required', 'Validation');\r\n  if (!title) util.error('title required', 'Validation');\r\n\r\n  const now = util.time.nowEpochMilliSeconds();\r\n  const taskId = util.autoId();\r\n\r\n  const item = {\r\n    PK: 'GOAL#' + goalId,\r\n    SK: 'TASK#' + taskId,\r\n    type: 'Task',\r\n    id: taskId,\r\n    goalId: goalId,\r\n    ownerId: ownerId,\r\n    title: title,\r\n    nlpPlan: input.nlpPlan || {},\r\n    dueAt: (typeof input.dueAt === 'number') ? input.dueAt : null, // expecting AWSTimestamp (seconds)\r\n    status: 'open',\r\n    assignees: Array.isArray(input.assignees) ? input.assignees : [],\r\n    createdAt: now,\r\n    updatedAt: now\r\n  };\r\n\r\n  return put({ item: item });\r\n}\r\n\r\nexport function response(ctx) {\r\n  if (ctx.error) util.error(ctx.error.message, ctx.error.type);\r\n  const a = (ctx.result \u0026\u0026 ctx.result.attributes) ? ctx.result.attributes : ctx.result;\r\n  return {\r\n    id: a.id,\r\n    goalId: a.goalId,\r\n    title: a.title,\r\n    nlpPlan: a.nlpPlan || {},\r\n    dueAt: (typeof a.dueAt === 'number') ? a.dueAt : null,\r\n    status: a.status,\r\n    assignees: a.assignees || [],\r\n    createdAt: a.createdAt,\r\n    updatedAt: a.updatedAt\r\n  };\r\n}\r\n",
            "data_source": "DDB",
            "field": "addTask",
            "id": "w7lrzkdyu5f7fkj7onzg6qkutu-Mutation-addTask",
            "kind": "UNIT",
            "max_batch_size": 0,
            "pipeline_config": [],
            "region": "us-east-2",
            "request_template": "",
            "response_template": "",
            "runtime": [
              {
                "name": "APPSYNC_JS",
                "runtime_version": "1.0.0"
              }
            ],
            "sync_config": [],
            "type": "Mutation"
          },
          "sensitive_attributes": [],
          "identity_schema_version": 0,
          "private": "bnVsbA==",
          "dependencies": [
            "module.appsync.aws_appsync_datasource.ddb",
            "module.appsync.aws_appsync_datasource.lambda_user",
            "module.appsync.aws_appsync_datasource.none",
            "module.appsync.aws_appsync_graphql_api.this",
            "module.appsync.aws_iam_role.appsync_logs",
            "module.appsync.aws_iam_role.ds_ddb_role",
            "module.appsync.aws_iam_role.ds_lambda_role",
            "module.ddb.aws_dynamodb_table.this",
            "module.iam.aws_iam_role.lambda_authorizer_role",
            "module.lambda_appsync_create_user.aws_lambda_function.this",
            "module.lambda_appsync_create_user.data.archive_file.lambda_zip",
            "module.lambda_appsync_create_user.null_resource.build_bash",
            "module.lambda_appsync_create_user.null_resource.build_ps",
            "module.lambda_authorizer.aws_lambda_function.this",
            "module.lambda_authorizer.data.archive_file.lambda_zip",
            "module.lambda_authorizer.null_resource.build_bash",
            "module.lambda_authorizer.null_resource.build_ps",
            "module.network.aws_api_gateway_rest_api.rest_api",
            "module.network.aws_iam_role.lambda_exec_role"
          ]
        },
        {
          "index_key": "Mutation.createGoal",
          "schema_version": 0,
          "attributes": {
            "api_id": "w7lrzkdyu5f7fkj7onzg6qkutu",
            "arn": "arn:aws:appsync:us-east-2:838284111015:apis/w7lrzkdyu5f7fkj7onzg6qkutu/types/Mutation/resolvers/createGoal",
            "caching_config": [],
            "code": "// resolvers/createGoal.js\r\nimport { util } from '@aws-appsync/utils';\r\nimport { put } from '@aws-appsync/utils/dynamodb';\r\n\r\nexport function request(ctx) {\r\n  const identity = ctx.identity || {};\r\n  const userId = identity.sub;\r\n  if (!userId) util.unauthorized();\r\n\r\n  const input = ctx.args \u0026\u0026 ctx.args.input ? ctx.args.input : {};\r\n  const title = input.title;\r\n  if (!title) util.error('title required', 'Validation');\r\n\r\n  const now = util.time.nowEpochMilliSeconds();\r\n  const goalId = util.autoId();\r\n  const item = {\r\n    PK: 'USER#' + userId,\r\n    SK: 'GOAL#' + goalId,\r\n    type: 'Goal',\r\n    id: goalId,\r\n    userId: userId,\r\n    title: title,\r\n    description: input.description || '',\r\n    tags: Array.isArray(input.tags) ? input.tags : [],\r\n    status: 'active',\r\n    createdAt: now,\r\n    updatedAt: now,\r\n    GSI1PK: 'USER#' + userId,\r\n    GSI1SK: 'ENTITY#Goal#' + now\r\n  };\r\n\r\n  return put({ item: item });\r\n}\r\n\r\nexport function response(ctx) {\r\n  if (ctx.error) util.error(ctx.error.message, ctx.error.type);\r\n  const a = (ctx.result \u0026\u0026 ctx.result.attributes) ? ctx.result.attributes : ctx.result;\r\n  return {\r\n    id: a.id,\r\n    userId: a.userId,\r\n    title: a.title,\r\n    description: a.description,\r\n    tags: a.tags || [],\r\n    status: a.status,\r\n    createdAt: a.createdAt,\r\n    updatedAt: a.updatedAt\r\n  };\r\n}\r\n",
            "data_source": "DDB",
            "field": "createGoal",
            "id": "w7lrzkdyu5f7fkj7onzg6qkutu-Mutation-createGoal",
            "kind": "UNIT",
            "max_batch_size": 0,
            "pipeline_config": [],
            "region": "us-east-2",
            "request_template": "",
            "response_template": "",
            "runtime": [
              {
                "name": "APPSYNC_JS",
                "runtime_version": "1.0.0"
              }
            ],
            "sync_config": [],
            "type": "Mutation"
          },
          "sensitive_attributes": [],
          "identity_schema_version": 0,
          "private": "bnVsbA==",
          "dependencies": [
            "module.appsync.aws_appsync_datasource.ddb",
            "module.appsync.aws_appsync_datasource.lambda_user",
            "module.appsync.aws_appsync_datasource.none",
            "module.appsync.aws_appsync_graphql_api.this",
            "module.appsync.aws_iam_role.appsync_logs",
            "module.appsync.aws_iam_role.ds_ddb_role",
            "module.appsync.aws_iam_role.ds_lambda_role",
            "module.ddb.aws_dynamodb_table.this",
            "module.iam.aws_iam_role.lambda_authorizer_role",
            "module.lambda_appsync_create_user.aws_lambda_function.this",
            "module.lambda_appsync_create_user.data.archive_file.lambda_zip",
            "module.lambda_appsync_create_user.null_resource.build_bash",
            "module.lambda_appsync_create_user.null_resource.build_ps",
            "module.lambda_authorizer.aws_lambda_function.this",
            "module.lambda_authorizer.data.archive_file.lambda_zip",
            "module.lambda_authorizer.null_resource.build_bash",
            "module.lambda_authorizer.null_resource.build_ps",
            "module.network.aws_api_gateway_rest_api.rest_api",
            "module.network.aws_iam_role.lambda_exec_role"
          ]
        },
        {
          "index_key": "Mutation.sendMessage",
          "schema_version": 0,
          "attributes": {
            "api_id": "w7lrzkdyu5f7fkj7onzg6qkutu",
            "arn": "arn:aws:appsync:us-east-2:838284111015:apis/w7lrzkdyu5f7fkj7onzg6qkutu/types/Mutation/resolvers/sendMessage",
            "caching_config": [],
            "code": "// resolvers/sendMessage.js\r\nimport { util } from '@aws-appsync/utils';\r\nimport { put } from '@aws-appsync/utils/dynamodb';\r\n\r\nexport function request(ctx) {\r\n  const identity = ctx.identity || {};\r\n  const senderId = identity.sub;\r\n  if (!senderId) util.unauthorized();\r\n\r\n  const args = ctx.args || {};\r\n  const roomId = args.roomId;\r\n  const text = args.text;\r\n  if (!roomId) util.error('roomId required', 'Validation');\r\n  if (!text) util.error('text required', 'Validation');\r\n\r\n  const ts = util.time.nowEpochMilliSeconds();\r\n  const id = util.autoId();\r\n\r\n  const item = {\r\n    PK: 'ROOM#' + roomId,\r\n    SK: 'MSG#' + ts + '#' + id,\r\n    type: 'Message',\r\n    id: id,\r\n    roomId: roomId,\r\n    senderId: senderId,\r\n    text: text,\r\n    ts: ts\r\n  };\r\n\r\n  return put({ item: item });\r\n}\r\n\r\nexport function response(ctx) {\r\n  if (ctx.error) util.error(ctx.error.message, ctx.error.type);\r\n  const a = (ctx.result \u0026\u0026 ctx.result.attributes) ? ctx.result.attributes : ctx.result;\r\n  return {\r\n    id: a.id,\r\n    roomId: a.roomId,\r\n    senderId: a.senderId,\r\n    text: a.text,\r\n    ts: a.ts\r\n  };\r\n}\r\n",
            "data_source": "DDB",
            "field": "sendMessage",
            "id": "w7lrzkdyu5f7fkj7onzg6qkutu-Mutation-sendMessage",
            "kind": "UNIT",
            "max_batch_size": 0,
            "pipeline_config": [],
            "region": "us-east-2",
            "request_template": "",
            "response_template": "",
            "runtime": [
              {
                "name": "APPSYNC_JS",
                "runtime_version": "1.0.0"
              }
            ],
            "sync_config": [],
            "type": "Mutation"
          },
          "sensitive_attributes": [],
          "identity_schema_version": 0,
          "private": "bnVsbA==",
          "dependencies": [
            "module.appsync.aws_appsync_datasource.ddb",
            "module.appsync.aws_appsync_datasource.lambda_user",
            "module.appsync.aws_appsync_datasource.none",
            "module.appsync.aws_appsync_graphql_api.this",
            "module.appsync.aws_iam_role.appsync_logs",
            "module.appsync.aws_iam_role.ds_ddb_role",
            "module.appsync.aws_iam_role.ds_lambda_role",
            "module.ddb.aws_dynamodb_table.this",
            "module.iam.aws_iam_role.lambda_authorizer_role",
            "module.lambda_appsync_create_user.aws_lambda_function.this",
            "module.lambda_appsync_create_user.data.archive_file.lambda_zip",
            "module.lambda_appsync_create_user.null_resource.build_bash",
            "module.lambda_appsync_create_user.null_resource.build_ps",
            "module.lambda_authorizer.aws_lambda_function.this",
            "module.lambda_authorizer.data.archive_file.lambda_zip",
            "module.lambda_authorizer.null_resource.build_bash",
            "module.lambda_authorizer.null_resource.build_ps",
            "module.network.aws_api_gateway_rest_api.rest_api",
            "module.network.aws_iam_role.lambda_exec_role"
          ]
        },
        {
          "index_key": "Query.isEmailAvailable",
          "schema_version": 0,
          "attributes": {
            "api_id": "w7lrzkdyu5f7fkj7onzg6qkutu",
            "arn": "arn:aws:appsync:us-east-2:838284111015:apis/w7lrzkdyu5f7fkj7onzg6qkutu/types/Query/resolvers/isEmailAvailable",
            "caching_config": [],
            "code": "// resolvers/isEmailAvailable.js\nimport { util } from '@aws-appsync/utils';\n\nexport function request(ctx) {\n  const raw = ctx.args \u0026\u0026 ctx.args.email ? ctx.args.email : '';\n  const emailTrim = ('' + raw).trim();\n  if (!emailTrim) util.error('email required', 'Validation');\n  const atIdx = emailTrim.indexOf('@');\n  const dotIdx = emailTrim.lastIndexOf('.');\n  if (!(atIdx \u003e 0 \u0026\u0026 dotIdx \u003e atIdx + 1 \u0026\u0026 dotIdx \u003c emailTrim.length - 1)) {\n    util.error('invalid email', 'Validation');\n  }\n  const email = emailTrim.toLowerCase();\n\n  const emailKey = 'EMAIL#' + email;\n  return {\n    operation: 'Query',\n    index: 'GSI3',\n    query: {\n      expression: '#pk = :pk',\n      expressionNames: { '#pk': 'GSI3PK' },\n      expressionValues: util.dynamodb.toMapValues({ ':pk': emailKey }),\n    },\n    limit: 1,\n    scanIndexForward: true,\n    consistentRead: false,\n  };\n}\n\nexport function response(ctx) {\n  if (ctx.error) util.error(ctx.error.message, ctx.error.type);\n  const items = (ctx.result \u0026\u0026 ctx.result.items) ? ctx.result.items : [];\n  // Available if no user has this email indexed\n  return items.length === 0;\n}",
            "data_source": "DDB",
            "field": "isEmailAvailable",
            "id": "w7lrzkdyu5f7fkj7onzg6qkutu-Query-isEmailAvailable",
            "kind": "UNIT",
            "max_batch_size": 0,
            "pipeline_config": [],
            "region": "us-east-2",
            "request_template": "",
            "response_template": "",
            "runtime": [
              {
                "name": "APPSYNC_JS",
                "runtime_version": "1.0.0"
              }
            ],
            "sync_config": [],
            "type": "Query"
          },
          "sensitive_attributes": [],
          "identity_schema_version": 0,
          "private": "bnVsbA==",
          "dependencies": [
            "module.appsync.aws_appsync_datasource.ddb",
            "module.appsync.aws_appsync_datasource.lambda_user",
            "module.appsync.aws_appsync_datasource.none",
            "module.appsync.aws_appsync_graphql_api.this",
            "module.appsync.aws_iam_role.appsync_logs",
            "module.appsync.aws_iam_role.ds_ddb_role",
            "module.appsync.aws_iam_role.ds_lambda_role",
            "module.ddb.aws_dynamodb_table.this",
            "module.iam.aws_iam_role.lambda_authorizer_role",
            "module.lambda_appsync_create_user.aws_lambda_function.this",
            "module.lambda_appsync_create_user.data.archive_file.lambda_zip",
            "module.lambda_appsync_create_user.null_resource.build_bash",
            "module.lambda_appsync_create_user.null_resource.build_ps",
            "module.lambda_authorizer.aws_lambda_function.this",
            "module.lambda_authorizer.data.archive_file.lambda_zip",
            "module.lambda_authorizer.null_resource.build_bash",
            "module.lambda_authorizer.null_resource.build_ps",
            "module.network.aws_api_gateway_rest_api.rest_api",
            "module.network.aws_iam_role.lambda_exec_role"
          ]
        },
        {
          "index_key": "Query.isNicknameAvailable",
          "schema_version": 0,
          "attributes": {
            "api_id": "w7lrzkdyu5f7fkj7onzg6qkutu",
            "arn": "arn:aws:appsync:us-east-2:838284111015:apis/w7lrzkdyu5f7fkj7onzg6qkutu/types/Query/resolvers/isNicknameAvailable",
            "caching_config": [],
            "code": "// resolvers/isNicknameAvailable.js\nimport { util } from '@aws-appsync/utils';\n\nexport function request(ctx) {\n  const raw = ctx.args \u0026\u0026 ctx.args.nickname ? ctx.args.nickname : '';\n  const nicknameTrim = ('' + raw).trim();\n  if (!nicknameTrim) util.error('nickname required', 'Validation');\n\n  const nickKey = 'NICK#' + nicknameTrim;\n  return {\n    operation: 'Query',\n    index: 'GSI2',\n    query: {\n      expression: '#pk = :pk',\n      expressionNames: { '#pk': 'GSI2PK' },\n      expressionValues: util.dynamodb.toMapValues({ ':pk': nickKey }),\n    },\n    limit: 1,\n    scanIndexForward: true,\n    consistentRead: false,\n  };\n}\n\nexport function response(ctx) {\n  if (ctx.error) util.error(ctx.error.message, ctx.error.type);\n  const items = (ctx.result \u0026\u0026 ctx.result.items) ? ctx.result.items : [];\n  // Available if no user has this nickname indexed\n  return items.length === 0;\n}",
            "data_source": "DDB",
            "field": "isNicknameAvailable",
            "id": "w7lrzkdyu5f7fkj7onzg6qkutu-Query-isNicknameAvailable",
            "kind": "UNIT",
            "max_batch_size": 0,
            "pipeline_config": [],
            "region": "us-east-2",
            "request_template": "",
            "response_template": "",
            "runtime": [
              {
                "name": "APPSYNC_JS",
                "runtime_version": "1.0.0"
              }
            ],
            "sync_config": [],
            "type": "Query"
          },
          "sensitive_attributes": [],
          "identity_schema_version": 0,
          "private": "bnVsbA==",
          "dependencies": [
            "module.appsync.aws_appsync_datasource.ddb",
            "module.appsync.aws_appsync_datasource.lambda_user",
            "module.appsync.aws_appsync_datasource.none",
            "module.appsync.aws_appsync_graphql_api.this",
            "module.appsync.aws_iam_role.appsync_logs",
            "module.appsync.aws_iam_role.ds_ddb_role",
            "module.appsync.aws_iam_role.ds_lambda_role",
            "module.ddb.aws_dynamodb_table.this",
            "module.iam.aws_iam_role.lambda_authorizer_role",
            "module.lambda_appsync_create_user.aws_lambda_function.this",
            "module.lambda_appsync_create_user.data.archive_file.lambda_zip",
            "module.lambda_appsync_create_user.null_resource.build_bash",
            "module.lambda_appsync_create_user.null_resource.build_ps",
            "module.lambda_authorizer.aws_lambda_function.this",
            "module.lambda_authorizer.data.archive_file.lambda_zip",
            "module.lambda_authorizer.null_resource.build_bash",
            "module.lambda_authorizer.null_resource.build_ps",
            "module.network.aws_api_gateway_rest_api.rest_api",
            "module.network.aws_iam_role.lambda_exec_role"
          ]
        },
        {
          "index_key": "Subscription.onMessage",
          "schema_version": 0,
          "attributes": {
            "api_id": "w7lrzkdyu5f7fkj7onzg6qkutu",
            "arn": "arn:aws:appsync:us-east-2:838284111015:apis/w7lrzkdyu5f7fkj7onzg6qkutu/types/Subscription/resolvers/onMessage",
            "caching_config": [],
            "code": "// resolvers/onMessage.subscribe.js\r\nimport { util } from '@aws-appsync/utils';\r\n\r\nexport function request(ctx) {\r\n  const identity = ctx.identity || {};\r\n  if (!identity.sub) util.unauthorized();\r\n\r\n  // Payload is arbitrary. AppSync matches via @aws_subscribe on roomId.\r\n  return { payload: ctx.args \u0026\u0026 ctx.args.roomId ? ctx.args.roomId : null };\r\n}\r\n\r\nexport function response(ctx) {\r\n  return ctx.result;\r\n}\r\n",
            "data_source": "NONE",
            "field": "onMessage",
            "id": "w7lrzkdyu5f7fkj7onzg6qkutu-Subscription-onMessage",
            "kind": "UNIT",
            "max_batch_size": 0,
            "pipeline_config": [],
            "region": "us-east-2",
            "request_template": "",
            "response_template": "",
            "runtime": [
              {
                "name": "APPSYNC_JS",
                "runtime_version": "1.0.0"
              }
            ],
            "sync_config": [],
            "type": "Subscription"
          },
          "sensitive_attributes": [],
          "identity_schema_version": 0,
          "private": "bnVsbA==",
          "dependencies": [
            "module.appsync.aws_appsync_datasource.ddb",
            "module.appsync.aws_appsync_datasource.lambda_user",
            "module.appsync.aws_appsync_datasource.none",
            "module.appsync.aws_appsync_graphql_api.this",
            "module.appsync.aws_iam_role.appsync_logs",
            "module.appsync.aws_iam_role.ds_ddb_role",
            "module.appsync.aws_iam_role.ds_lambda_role",
            "module.ddb.aws_dynamodb_table.this",
            "module.iam.aws_iam_role.lambda_authorizer_role",
            "module.lambda_appsync_create_user.aws_lambda_function.this",
            "module.lambda_appsync_create_user.data.archive_file.lambda_zip",
            "module.lambda_appsync_create_user.null_resource.build_bash",
            "module.lambda_appsync_create_user.null_resource.build_ps",
            "module.lambda_authorizer.aws_lambda_function.this",
            "module.lambda_authorizer.data.archive_file.lambda_zip",
            "module.lambda_authorizer.null_resource.build_bash",
            "module.lambda_authorizer.null_resource.build_ps",
            "module.network.aws_api_gateway_rest_api.rest_api",
            "module.network.aws_iam_role.lambda_exec_role"
          ]
        }
      ]
    },
    {
      "module": "module.appsync",
      "mode": "managed",
      "type": "aws_cloudwatch_log_group",
      "name": "appsync",
      "provider": "provider[\"registry.terraform.io/hashicorp/aws\"]",
      "instances": [
        {
          "schema_version": 0,
          "attributes": {
            "arn": "arn:aws:logs:us-east-2:838284111015:log-group:/aws/appsync/apis/w7lrzkdyu5f7fkj7onzg6qkutu",
            "id": "/aws/appsync/apis/w7lrzkdyu5f7fkj7onzg6qkutu",
            "kms_key_id": "",
            "log_group_class": "STANDARD",
            "name": "/aws/appsync/apis/w7lrzkdyu5f7fkj7onzg6qkutu",
            "name_prefix": "",
            "region": "us-east-2",
            "retention_in_days": 1,
            "skip_destroy": false,
            "tags": {},
            "tags_all": {}
          },
          "sensitive_attributes": [],
          "identity_schema_version": 0,
          "identity": {
            "account_id": "838284111015",
            "name": "/aws/appsync/apis/w7lrzkdyu5f7fkj7onzg6qkutu",
            "region": "us-east-2"
          },
          "private": "bnVsbA==",
          "dependencies": [
            "module.appsync.aws_appsync_graphql_api.this",
            "module.appsync.aws_iam_role.appsync_logs",
            "module.iam.aws_iam_role.lambda_authorizer_role",
            "module.lambda_authorizer.aws_lambda_function.this",
            "module.lambda_authorizer.data.archive_file.lambda_zip",
            "module.lambda_authorizer.null_resource.build_bash",
            "module.lambda_authorizer.null_resource.build_ps"
          ]
        }
      ]
    },
    {
      "module": "module.appsync",
      "mode": "managed",
      "type": "aws_iam_role",
      "name": "appsync_logs",
      "provider": "provider[\"registry.terraform.io/hashicorp/aws\"]",
      "instances": [
        {
          "schema_version": 0,
          "attributes": {
            "arn": "arn:aws:iam::838284111015:role/goalsguild-dev-api-cw-logs-role",
            "assume_role_policy": "{\"Statement\":[{\"Action\":\"sts:AssumeRole\",\"Effect\":\"Allow\",\"Principal\":{\"Service\":\"appsync.amazonaws.com\"}}],\"Version\":\"2012-10-17\"}",
            "create_date": "2025-09-07T23:11:32Z",
            "description": "",
            "force_detach_policies": false,
            "id": "goalsguild-dev-api-cw-logs-role",
            "inline_policy": [],
            "managed_policy_arns": [
              "arn:aws:iam::aws:policy/service-role/AWSAppSyncPushToCloudWatchLogs"
            ],
            "max_session_duration": 3600,
            "name": "goalsguild-dev-api-cw-logs-role",
            "name_prefix": "",
            "path": "/",
            "permissions_boundary": "",
            "tags": {},
            "tags_all": {},
            "unique_id": "AROA4GLNANST7HITML7OD"
          },
          "sensitive_attributes": [],
          "identity_schema_version": 0,
          "identity": {
            "account_id": "838284111015",
            "name": "goalsguild-dev-api-cw-logs-role"
          },
          "private": "bnVsbA=="
        }
      ]
    },
    {
      "module": "module.appsync",
      "mode": "managed",
      "type": "aws_iam_role",
      "name": "ds_ddb_role",
      "provider": "provider[\"registry.terraform.io/hashicorp/aws\"]",
      "instances": [
        {
          "schema_version": 0,
          "attributes": {
            "arn": "arn:aws:iam::838284111015:role/goalsguild-dev-api-ds-ddb-role",
            "assume_role_policy": "{\"Statement\":[{\"Action\":\"sts:AssumeRole\",\"Effect\":\"Allow\",\"Principal\":{\"Service\":\"appsync.amazonaws.com\"}}],\"Version\":\"2012-10-17\"}",
            "create_date": "2025-09-04T18:54:51Z",
            "description": "",
            "force_detach_policies": false,
            "id": "goalsguild-dev-api-ds-ddb-role",
            "inline_policy": [
              {
                "name": "terraform-20250904185528920500000001",
                "policy": "{\"Version\":\"2012-10-17\",\"Statement\":[{\"Action\":[\"dynamodb:PutItem\",\"dynamodb:GetItem\",\"dynamodb:Query\",\"dynamodb:UpdateItem\",\"dynamodb:TransactWriteItems\"],\"Effect\":\"Allow\",\"Resource\":[\"arn:aws:dynamodb:us-east-2:838284111015:table/gg_core\",\"arn:aws:dynamodb:us-east-2:838284111015:table/gg_core/index/*\"]}]}"
              }
            ],
            "managed_policy_arns": [],
            "max_session_duration": 3600,
            "name": "goalsguild-dev-api-ds-ddb-role",
            "name_prefix": "",
            "path": "/",
            "permissions_boundary": "",
            "tags": {},
            "tags_all": {},
            "unique_id": "AROA4GLNANSTUJQ7IWC72"
          },
          "sensitive_attributes": [],
          "identity_schema_version": 0,
          "identity": {
            "account_id": "838284111015",
            "name": "goalsguild-dev-api-ds-ddb-role"
          },
          "private": "bnVsbA=="
        }
      ]
    },
    {
      "module": "module.appsync",
      "mode": "managed",
      "type": "aws_iam_role",
      "name": "ds_lambda_role",
      "provider": "provider[\"registry.terraform.io/hashicorp/aws\"]",
      "instances": [
        {
          "schema_version": 0,
          "attributes": {
            "arn": "arn:aws:iam::838284111015:role/goalsguild-dev-api-ds-lambda-role",
            "assume_role_policy": "{\"Statement\":[{\"Action\":\"sts:AssumeRole\",\"Effect\":\"Allow\",\"Principal\":{\"Service\":\"appsync.amazonaws.com\"}}],\"Version\":\"2012-10-17\"}",
            "create_date": "2025-09-08T19:37:51Z",
            "description": "",
            "force_detach_policies": false,
            "id": "goalsguild-dev-api-ds-lambda-role",
            "inline_policy": [
              {
                "name": "terraform-20250908193904528800000001",
                "policy": "{\"Version\":\"2012-10-17\",\"Statement\":[{\"Action\":[\"lambda:InvokeFunction\"],\"Effect\":\"Allow\",\"Resource\":[\"arn:aws:lambda:us-east-2:838284111015:function:goalsguild_appsync_create_user_dev\"]}]}"
              }
            ],
            "managed_policy_arns": [],
            "max_session_duration": 3600,
            "name": "goalsguild-dev-api-ds-lambda-role",
            "name_prefix": "",
            "path": "/",
            "permissions_boundary": "",
            "tags": {},
            "tags_all": {},
            "unique_id": "AROA4GLNANSTTJZJCM3ZB"
          },
          "sensitive_attributes": [],
          "identity_schema_version": 0,
          "identity": {
            "account_id": "838284111015",
            "name": "goalsguild-dev-api-ds-lambda-role"
          },
          "private": "bnVsbA=="
        }
      ]
    },
    {
      "module": "module.appsync",
      "mode": "managed",
      "type": "aws_iam_role_policy",
      "name": "ds_ddb_policy",
      "provider": "provider[\"registry.terraform.io/hashicorp/aws\"]",
      "instances": [
        {
          "schema_version": 0,
          "attributes": {
            "id": "goalsguild-dev-api-ds-ddb-role:terraform-20250904185528920500000001",
            "name": "terraform-20250904185528920500000001",
            "name_prefix": "terraform-",
            "policy": "{\"Version\":\"2012-10-17\",\"Statement\":[{\"Action\":[\"dynamodb:PutItem\",\"dynamodb:GetItem\",\"dynamodb:Query\",\"dynamodb:UpdateItem\",\"dynamodb:TransactWriteItems\"],\"Effect\":\"Allow\",\"Resource\":[\"arn:aws:dynamodb:us-east-2:838284111015:table/gg_core\",\"arn:aws:dynamodb:us-east-2:838284111015:table/gg_core/index/*\"]}]}",
            "role": "goalsguild-dev-api-ds-ddb-role"
          },
          "sensitive_attributes": [],
          "identity_schema_version": 0,
          "identity": {
            "account_id": "838284111015",
            "name": "terraform-20250904185528920500000001",
            "role": "goalsguild-dev-api-ds-ddb-role"
          },
          "private": "bnVsbA==",
          "dependencies": [
            "module.appsync.aws_iam_role.ds_ddb_role",
            "module.ddb.aws_dynamodb_table.this"
          ]
        }
      ]
    },
    {
      "module": "module.appsync",
      "mode": "managed",
      "type": "aws_iam_role_policy",
      "name": "ds_lambda_invoke",
      "provider": "provider[\"registry.terraform.io/hashicorp/aws\"]",
      "instances": [
        {
          "schema_version": 0,
          "attributes": {
            "id": "goalsguild-dev-api-ds-lambda-role:terraform-20250908193904528800000001",
            "name": "terraform-20250908193904528800000001",
            "name_prefix": "terraform-",
            "policy": "{\"Version\":\"2012-10-17\",\"Statement\":[{\"Action\":[\"lambda:InvokeFunction\"],\"Effect\":\"Allow\",\"Resource\":[\"arn:aws:lambda:us-east-2:838284111015:function:goalsguild_appsync_create_user_dev\"]}]}",
            "role": "goalsguild-dev-api-ds-lambda-role"
          },
          "sensitive_attributes": [],
          "identity_schema_version": 0,
          "identity": {
            "account_id": "838284111015",
            "name": "terraform-20250908193904528800000001",
            "role": "goalsguild-dev-api-ds-lambda-role"
          },
          "private": "bnVsbA==",
          "dependencies": [
            "module.appsync.aws_iam_role.ds_lambda_role",
            "module.lambda_appsync_create_user.aws_lambda_function.this",
            "module.lambda_appsync_create_user.data.archive_file.lambda_zip",
            "module.lambda_appsync_create_user.null_resource.build_bash",
            "module.lambda_appsync_create_user.null_resource.build_ps",
            "module.network.aws_api_gateway_rest_api.rest_api",
            "module.network.aws_iam_role.lambda_exec_role"
          ]
        }
      ]
    },
    {
      "module": "module.appsync",
      "mode": "managed",
      "type": "aws_iam_role_policy_attachment",
      "name": "appsync_logs_attach",
      "provider": "provider[\"registry.terraform.io/hashicorp/aws\"]",
      "instances": [
        {
          "schema_version": 0,
          "attributes": {
            "id": "goalsguild-dev-api-cw-logs-role/arn:aws:iam::aws:policy/service-role/AWSAppSyncPushToCloudWatchLogs",
            "policy_arn": "arn:aws:iam::aws:policy/service-role/AWSAppSyncPushToCloudWatchLogs",
            "role": "goalsguild-dev-api-cw-logs-role"
          },
          "sensitive_attributes": [],
          "identity_schema_version": 0,
          "identity": {
            "account_id": "838284111015",
            "policy_arn": "arn:aws:iam::aws:policy/service-role/AWSAppSyncPushToCloudWatchLogs",
            "role": "goalsguild-dev-api-cw-logs-role"
          },
          "private": "bnVsbA==",
          "dependencies": [
            "module.appsync.aws_iam_role.appsync_logs"
          ]
        }
      ]
    },
    {
      "module": "module.appsync",
      "mode": "managed",
      "type": "aws_lambda_permission",
      "name": "allow_appsync_invoke_user",
      "provider": "provider[\"registry.terraform.io/hashicorp/aws\"]",
      "instances": [
        {
          "schema_version": 0,
          "attributes": {
            "action": "lambda:InvokeFunction",
            "event_source_token": null,
            "function_name": "arn:aws:lambda:us-east-2:838284111015:function:goalsguild_appsync_create_user_dev",
            "function_url_auth_type": null,
            "id": "AllowAppSyncInvokeUserLambda",
            "principal": "appsync.amazonaws.com",
            "principal_org_id": null,
            "qualifier": "",
            "region": "us-east-2",
            "source_account": null,
            "source_arn": "arn:aws:appsync:us-east-2:838284111015:apis/w7lrzkdyu5f7fkj7onzg6qkutu",
            "statement_id": "AllowAppSyncInvokeUserLambda",
            "statement_id_prefix": ""
          },
          "sensitive_attributes": [],
          "identity_schema_version": 0,
          "identity": {
            "account_id": "838284111015",
            "function_name": "arn:aws:lambda:us-east-2:838284111015:function:goalsguild_appsync_create_user_dev",
            "qualifier": null,
            "region": "us-east-2",
            "statement_id": "AllowAppSyncInvokeUserLambda"
          },
          "private": "bnVsbA==",
          "dependencies": [
            "module.appsync.aws_appsync_graphql_api.this",
            "module.appsync.aws_iam_role.appsync_logs",
            "module.iam.aws_iam_role.lambda_authorizer_role",
            "module.lambda_appsync_create_user.aws_lambda_function.this",
            "module.lambda_appsync_create_user.data.archive_file.lambda_zip",
            "module.lambda_appsync_create_user.null_resource.build_bash",
            "module.lambda_appsync_create_user.null_resource.build_ps",
            "module.lambda_authorizer.aws_lambda_function.this",
            "module.lambda_authorizer.data.archive_file.lambda_zip",
            "module.lambda_authorizer.null_resource.build_bash",
            "module.lambda_authorizer.null_resource.build_ps",
            "module.network.aws_api_gateway_rest_api.rest_api",
            "module.network.aws_iam_role.lambda_exec_role"
          ]
        }
      ]
    },
    {
      "module": "module.ddb",
      "mode": "managed",
      "type": "aws_dynamodb_table",
      "name": "this",
      "provider": "provider[\"registry.terraform.io/hashicorp/aws\"]",
      "instances": [
        {
          "schema_version": 1,
          "attributes": {
            "arn": "arn:aws:dynamodb:us-east-2:838284111015:table/gg_core",
            "attribute": [
              {
                "name": "GSI1PK",
                "type": "S"
              },
              {
                "name": "GSI1SK",
                "type": "S"
              },
              {
                "name": "GSI2PK",
                "type": "S"
              },
              {
                "name": "GSI2SK",
                "type": "S"
              },
              {
                "name": "GSI3PK",
                "type": "S"
              },
              {
                "name": "GSI3SK",
                "type": "S"
              },
              {
                "name": "PK",
                "type": "S"
              },
              {
                "name": "SK",
                "type": "S"
              }
            ],
            "billing_mode": "PAY_PER_REQUEST",
            "deletion_protection_enabled": false,
            "global_secondary_index": [
              {
                "hash_key": "GSI1PK",
                "name": "GSI1",
                "non_key_attributes": [],
                "on_demand_throughput": [],
                "projection_type": "ALL",
                "range_key": "GSI1SK",
                "read_capacity": 0,
                "write_capacity": 0
              },
              {
                "hash_key": "GSI2PK",
                "name": "GSI2",
                "non_key_attributes": [],
                "on_demand_throughput": [],
                "projection_type": "ALL",
                "range_key": "GSI2SK",
                "read_capacity": 0,
                "write_capacity": 0
              },
              {
                "hash_key": "GSI3PK",
                "name": "GSI3",
                "non_key_attributes": [],
                "on_demand_throughput": [],
                "projection_type": "ALL",
                "range_key": "GSI3SK",
                "read_capacity": 0,
                "write_capacity": 0
              }
            ],
            "hash_key": "PK",
            "id": "gg_core",
            "import_table": [],
            "local_secondary_index": [],
            "name": "gg_core",
            "on_demand_throughput": [],
            "point_in_time_recovery": [
              {
                "enabled": true,
                "recovery_period_in_days": 35
              }
            ],
            "range_key": "SK",
            "read_capacity": 0,
            "region": "us-east-2",
            "replica": [],
            "restore_date_time": null,
            "restore_source_name": null,
            "restore_source_table_arn": null,
            "restore_to_latest_time": null,
            "server_side_encryption": [],
            "stream_arn": "arn:aws:dynamodb:us-east-2:838284111015:table/gg_core/stream/2025-09-07T21:02:35.009",
            "stream_enabled": true,
            "stream_label": "2025-09-07T21:02:35.009",
            "stream_view_type": "NEW_AND_OLD_IMAGES",
            "table_class": "STANDARD",
            "tags": {
              "Component": "DataBase",
              "Environment": "dev",
              "Owner": "goalsGuildDB",
              "Project": "goalsguild"
            },
            "tags_all": {
              "Component": "DataBase",
              "Environment": "dev",
              "Owner": "goalsGuildDB",
              "Project": "goalsguild"
            },
            "timeouts": null,
            "ttl": [
              {
                "attribute_name": "ttl",
                "enabled": true
              }
            ],
            "write_capacity": 0
          },
          "sensitive_attributes": [],
          "identity_schema_version": 0,
          "private": "eyJlMmJmYjczMC1lY2FhLTExZTYtOGY4OC0zNDM2M2JjN2M0YzAiOnsiY3JlYXRlIjoxODAwMDAwMDAwMDAwLCJkZWxldGUiOjYwMDAwMDAwMDAwMCwidXBkYXRlIjozNjAwMDAwMDAwMDAwfSwic2NoZW1hX3ZlcnNpb24iOiIxIn0="
        }
      ]
    },
    {
      "module": "module.dynamodb_quests",
      "mode": "managed",
      "type": "aws_dynamodb_table",
      "name": "dynamodb_table",
      "provider": "provider[\"registry.terraform.io/hashicorp/aws\"]",
      "instances": [
        {
          "schema_version": 1,
          "attributes": {
            "arn": "arn:aws:dynamodb:us-east-2:838284111015:table/goalsguild_quests_dev",
            "attribute": [
              {
                "name": "quest_id",
                "type": "S"
              }
            ],
            "billing_mode": "PAY_PER_REQUEST",
            "deletion_protection_enabled": false,
            "global_secondary_index": [],
            "hash_key": "quest_id",
            "id": "goalsguild_quests_dev",
            "import_table": [],
            "local_secondary_index": [],
            "name": "goalsguild_quests_dev",
            "on_demand_throughput": [],
            "point_in_time_recovery": [
              {
                "enabled": true,
                "recovery_period_in_days": 35
              }
            ],
            "range_key": null,
            "read_capacity": 0,
            "region": "us-east-2",
            "replica": [],
            "restore_date_time": null,
            "restore_source_name": null,
            "restore_source_table_arn": null,
            "restore_to_latest_time": null,
            "server_side_encryption": [
              {
                "enabled": true,
                "kms_key_arn": ""
              }
            ],
            "stream_arn": "",
            "stream_enabled": false,
            "stream_label": "",
            "stream_view_type": "",
            "table_class": "STANDARD",
            "tags": {
              "Component": "quests",
              "Environment": "dev",
              "Project": "goalsguild",
              "Service": "quest-service"
            },
            "tags_all": {
              "Component": "quests",
              "Environment": "dev",
              "Project": "goalsguild",
              "Service": "quest-service"
            },
            "timeouts": null,
            "ttl": [
              {
                "attribute_name": "",
                "enabled": false
              }
            ],
            "write_capacity": 0
          },
          "sensitive_attributes": [],
          "identity_schema_version": 0,
          "private": "eyJlMmJmYjczMC1lY2FhLTExZTYtOGY4OC0zNDM2M2JjN2M0YzAiOnsiY3JlYXRlIjoxODAwMDAwMDAwMDAwLCJkZWxldGUiOjYwMDAwMDAwMDAwMCwidXBkYXRlIjozNjAwMDAwMDAwMDAwfSwic2NoZW1hX3ZlcnNpb24iOiIxIn0="
        }
      ]
    },
    {
      "module": "module.dynamodb_users",
      "mode": "managed",
      "type": "aws_dynamodb_table",
      "name": "dynamodb_table",
      "provider": "provider[\"registry.terraform.io/hashicorp/aws\"]",
      "instances": [
        {
          "schema_version": 1,
          "attributes": {
            "arn": "arn:aws:dynamodb:us-east-2:838284111015:table/goalsguild_users_dev",
            "attribute": [
              {
                "name": "user_id",
                "type": "S"
              }
            ],
            "billing_mode": "PAY_PER_REQUEST",
            "deletion_protection_enabled": false,
            "global_secondary_index": [],
            "hash_key": "user_id",
            "id": "goalsguild_users_dev",
            "import_table": [],
            "local_secondary_index": [],
            "name": "goalsguild_users_dev",
            "on_demand_throughput": [],
            "point_in_time_recovery": [
              {
                "enabled": true,
                "recovery_period_in_days": 35
              }
            ],
            "range_key": null,
            "read_capacity": 0,
            "region": "us-east-2",
            "replica": [],
            "restore_date_time": null,
            "restore_source_name": null,
            "restore_source_table_arn": null,
            "restore_to_latest_time": null,
            "server_side_encryption": [
              {
                "enabled": true,
                "kms_key_arn": ""
              }
            ],
            "stream_arn": "",
            "stream_enabled": false,
            "stream_label": "",
            "stream_view_type": "",
            "table_class": "STANDARD",
            "tags": {
              "Component": "user",
              "Environment": "dev",
              "Project": "goalsguild",
              "Service": "user-service"
            },
            "tags_all": {
              "Component": "user",
              "Environment": "dev",
              "Project": "goalsguild",
              "Service": "user-service"
            },
            "timeouts": null,
            "ttl": [
              {
                "attribute_name": "",
                "enabled": false
              }
            ],
            "write_capacity": 0
          },
          "sensitive_attributes": [],
          "identity_schema_version": 0,
          "private": "eyJlMmJmYjczMC1lY2FhLTExZTYtOGY4OC0zNDM2M2JjN2M0YzAiOnsiY3JlYXRlIjoxODAwMDAwMDAwMDAwLCJkZWxldGUiOjYwMDAwMDAwMDAwMCwidXBkYXRlIjozNjAwMDAwMDAwMDAwfSwic2NoZW1hX3ZlcnNpb24iOiIxIn0="
        }
      ]
    },
    {
      "module": "module.iam",
      "mode": "managed",
      "type": "aws_iam_policy",
      "name": "lambda_authorizer_policy",
      "provider": "provider[\"registry.terraform.io/hashicorp/aws\"]",
      "instances": [
        {
          "schema_version": 0,
          "attributes": {
            "arn": "arn:aws:iam::838284111015:policy/goalsguild_lambda_authorizer_policy",
            "attachment_count": 1,
            "description": "Policy for Lambda authorizer to access SSM, DynamoDB, and CloudWatch Logs",
            "id": "arn:aws:iam::838284111015:policy/goalsguild_lambda_authorizer_policy",
            "name": "goalsguild_lambda_authorizer_policy",
            "name_prefix": "",
            "path": "/",
            "policy": "{\"Statement\":[{\"Action\":[\"ssm:GetParameter\",\"ssm:GetParameter\",\"ssm:GetParameters\",\"ssm:GetParametersByPath\"],\"Effect\":\"Allow\",\"Resource\":[\"arn:aws:ssm:us-east-2:838284111015:parameter/goalsguild/dev/user-service/*\",\"arn:aws:ssm:us-east-2:838284111015:parameter/goalsguild/dev/crypto/*\",\"arn:aws:ssm:us-east-2:838284111015:parameter/goalsguild/dev/cognito/*\"]},{\"Action\":[\"dynamodb:GetItem\"],\"Effect\":\"Allow\",\"Resource\":[\"arn:aws:dynamodb:us-east-2:838284111015:table/native-users-table\"]},{\"Action\":[\"logs:CreateLogGroup\",\"logs:CreateLogStream\",\"logs:PutLogEvents\"],\"Effect\":\"Allow\",\"Resource\":\"*\"},{\"Action\":[\"ses:SendEmail\",\"ses:SendRawEmail\"],\"Effect\":\"Allow\",\"Resource\":\"*\"}],\"Version\":\"2012-10-17\"}",
            "policy_id": "ANPA4GLNANSTZQVRJ6KFW",
            "tags": {},
            "tags_all": {}
          },
          "sensitive_attributes": [],
          "identity_schema_version": 0,
          "identity": {
            "arn": "arn:aws:iam::838284111015:policy/goalsguild_lambda_authorizer_policy"
          },
          "private": "bnVsbA==",
          "dependencies": [
            "data.aws_caller_identity.current"
          ]
        }
      ]
    },
    {
      "module": "module.iam",
      "mode": "managed",
      "type": "aws_iam_role",
      "name": "lambda_authorizer_role",
      "provider": "provider[\"registry.terraform.io/hashicorp/aws\"]",
      "instances": [
        {
          "schema_version": 0,
          "attributes": {
            "arn": "arn:aws:iam::838284111015:role/user-service-role",
            "assume_role_policy": "{\"Statement\":[{\"Action\":\"sts:AssumeRole\",\"Effect\":\"Allow\",\"Principal\":{\"Service\":[\"lambda.amazonaws.com\"]}}],\"Version\":\"2012-10-17\"}",
            "create_date": "2025-09-01T20:11:25Z",
            "description": "",
            "force_detach_policies": false,
            "id": "user-service-role",
            "inline_policy": [],
            "managed_policy_arns": [
              "arn:aws:iam::838284111015:policy/goalsguild_lambda_authorizer_policy"
            ],
            "max_session_duration": 3600,
            "name": "user-service-role",
            "name_prefix": "",
            "path": "/",
            "permissions_boundary": "",
            "tags": {},
            "tags_all": {},
            "unique_id": "AROA4GLNANSTXYNEPP4QM"
          },
          "sensitive_attributes": [],
          "identity_schema_version": 0,
          "identity": {
            "account_id": "838284111015",
            "name": "user-service-role"
          },
          "private": "bnVsbA==",
          "create_before_destroy": true
        }
      ]
    },
    {
      "module": "module.iam",
      "mode": "managed",
      "type": "aws_iam_role_policy_attachment",
      "name": "lambda_authorizer_attach",
      "provider": "provider[\"registry.terraform.io/hashicorp/aws\"]",
      "instances": [
        {
          "schema_version": 0,
          "attributes": {
            "id": "user-service-role/arn:aws:iam::838284111015:policy/goalsguild_lambda_authorizer_policy",
            "policy_arn": "arn:aws:iam::838284111015:policy/goalsguild_lambda_authorizer_policy",
            "role": "user-service-role"
          },
          "sensitive_attributes": [],
          "identity_schema_version": 0,
          "identity": {
            "account_id": "838284111015",
            "policy_arn": "arn:aws:iam::838284111015:policy/goalsguild_lambda_authorizer_policy",
            "role": "user-service-role"
          },
          "private": "bnVsbA==",
          "dependencies": [
            "data.aws_caller_identity.current",
            "module.iam.aws_iam_policy.lambda_authorizer_policy",
            "module.iam.aws_iam_role.lambda_authorizer_role"
          ]
        }
      ]
    },
    {
      "module": "module.lambda_appsync_create_user",
      "mode": "data",
      "type": "archive_file",
      "name": "lambda_zip",
      "provider": "provider[\"registry.terraform.io/hashicorp/archive\"]",
      "instances": [
        {
          "schema_version": 0,
          "attributes": {
            "exclude_symlink_directories": null,
            "excludes": null,
            "id": "d9cd0455a025e61fbae31cf23d1d6c860cd36217",
            "output_base64sha256": "6O+fwc4YHlxgU2NDMFrZ6fDsbDSnz9nPljjXuNC2OoU=",
            "output_base64sha512": "7K4Aa5jj0lvkCwcRbOtkfIgci8FU5gK3iif+hrBd0Y3mLmrWQxL61vL2P8i7nlwp9aR4a8RxnE3u6O5JmFdusg==",
            "output_file_mode": null,
            "output_md5": "8d05c3aaf7d80b4bc442e932ca167795",
            "output_path": "D:/Projetos/GoalsGuild/questbound-forge/backend/infra/terraform/modules/lambda_zip/.dist/lambda.zip",
            "output_sha": "d9cd0455a025e61fbae31cf23d1d6c860cd36217",
            "output_sha256": "e8ef9fc1ce181e5c60536343305ad9e9f0ec6c34a7cfd9cf9638d7b8d0b63a85",
            "output_sha512": "ecae006b98e3d25be40b07116ceb647c881c8bc154e602b78a27fe86b05dd18de62e6ad64312fad6f2f63fc8bb9e5c29f5a4786bc4719c4deee8ee4998576eb2",
            "output_size": 2512,
            "source": [],
            "source_content": null,
            "source_content_filename": null,
            "source_dir": "D:/Projetos/GoalsGuild/questbound-forge/backend/infra/terraform/modules/lambda_zip/.build/lambda",
            "source_file": null,
            "type": "zip"
          },
          "sensitive_attributes": [],
          "identity_schema_version": 0
        }
      ]
    },
    {
      "module": "module.lambda_appsync_create_user",
      "mode": "managed",
      "type": "aws_cloudwatch_log_group",
      "name": "lambda_logs",
      "provider": "provider[\"registry.terraform.io/hashicorp/aws\"]",
      "instances": [
        {
          "schema_version": 0,
          "attributes": {
            "arn": "arn:aws:logs:us-east-2:838284111015:log-group:/aws/lambda/goalsguild_appsync_create_user_dev",
            "id": "/aws/lambda/goalsguild_appsync_create_user_dev",
            "kms_key_id": "",
            "log_group_class": "STANDARD",
            "name": "/aws/lambda/goalsguild_appsync_create_user_dev",
            "name_prefix": "",
            "region": "us-east-2",
            "retention_in_days": 14,
            "skip_destroy": false,
            "tags": {
              "Environment": "dev",
              "Project": "goalsguild"
            },
            "tags_all": {
              "Environment": "dev",
              "Project": "goalsguild"
            }
          },
          "sensitive_attributes": [],
          "identity_schema_version": 0,
          "identity": {
            "account_id": "838284111015",
            "name": "/aws/lambda/goalsguild_appsync_create_user_dev",
            "region": "us-east-2"
          },
          "private": "bnVsbA==",
          "dependencies": [
            "module.lambda_appsync_create_user.aws_lambda_function.this",
            "module.lambda_appsync_create_user.data.archive_file.lambda_zip",
            "module.lambda_appsync_create_user.null_resource.build_bash",
            "module.lambda_appsync_create_user.null_resource.build_ps",
            "module.network.aws_api_gateway_rest_api.rest_api",
            "module.network.aws_iam_role.lambda_exec_role"
          ]
        }
      ]
    },
    {
      "module": "module.lambda_appsync_create_user",
      "mode": "managed",
      "type": "aws_lambda_function",
      "name": "this",
      "provider": "provider[\"registry.terraform.io/hashicorp/aws\"]",
      "instances": [
        {
          "schema_version": 0,
          "attributes": {
            "architectures": [
              "x86_64"
            ],
            "arn": "arn:aws:lambda:us-east-2:838284111015:function:goalsguild_appsync_create_user_dev",
            "code_sha256": "6O+fwc4YHlxgU2NDMFrZ6fDsbDSnz9nPljjXuNC2OoU=",
            "code_signing_config_arn": "",
            "dead_letter_config": [],
            "description": "",
            "environment": [
              {
                "variables": {
                  "USER_SERVICE_BASE_URL": "https://tuffc5cto8.execute-api.us-east-2.amazonaws.com/v1"
                }
              }
            ],
            "ephemeral_storage": [
              {
                "size": 512
              }
            ],
            "file_system_config": [],
            "filename": "D:/Projetos/GoalsGuild/questbound-forge/backend/infra/terraform/modules/lambda_zip/.dist/lambda.zip",
            "function_name": "goalsguild_appsync_create_user_dev",
            "handler": "index.handler",
            "id": "goalsguild_appsync_create_user_dev",
            "image_config": [],
            "image_uri": "",
            "invoke_arn": "arn:aws:apigateway:us-east-2:lambda:path/2015-03-31/functions/arn:aws:lambda:us-east-2:838284111015:function:goalsguild_appsync_create_user_dev/invocations",
            "kms_key_arn": "",
            "last_modified": "2025-09-08T19:54:47.000+0000",
            "layers": [],
            "logging_config": [
              {
                "application_log_level": "",
                "log_format": "Text",
                "log_group": "/aws/lambda/goalsguild_appsync_create_user_dev",
                "system_log_level": ""
              }
            ],
            "memory_size": 512,
            "package_type": "Zip",
            "publish": false,
            "qualified_arn": "arn:aws:lambda:us-east-2:838284111015:function:goalsguild_appsync_create_user_dev:$LATEST",
            "qualified_invoke_arn": "arn:aws:apigateway:us-east-2:lambda:path/2015-03-31/functions/arn:aws:lambda:us-east-2:838284111015:function:goalsguild_appsync_create_user_dev:$LATEST/invocations",
            "region": "us-east-2",
            "replace_security_groups_on_destroy": null,
            "replacement_security_group_ids": null,
            "reserved_concurrent_executions": -1,
            "role": "arn:aws:iam::838284111015:role/goalsguild_lambda_exec_role_dev",
            "runtime": "nodejs20.x",
            "s3_bucket": null,
            "s3_key": null,
            "s3_object_version": null,
            "signing_job_arn": "",
            "signing_profile_version_arn": "",
            "skip_destroy": false,
            "snap_start": [],
            "source_code_hash": "6O+fwc4YHlxgU2NDMFrZ6fDsbDSnz9nPljjXuNC2OoU=",
            "source_code_size": 2512,
            "tags": {
              "Environment": "dev",
              "Project": "goalsguild"
            },
            "tags_all": {
              "Environment": "dev",
              "Project": "goalsguild"
            },
            "timeout": 30,
            "timeouts": null,
            "tracing_config": [
              {
                "mode": "PassThrough"
              }
            ],
            "version": "$LATEST",
            "vpc_config": []
          },
          "sensitive_attributes": [],
          "identity_schema_version": 0,
          "identity": {
            "account_id": "838284111015",
            "function_name": "goalsguild_appsync_create_user_dev",
            "region": "us-east-2"
          },
          "private": "eyJlMmJmYjczMC1lY2FhLTExZTYtOGY4OC0zNDM2M2JjN2M0YzAiOnsiY3JlYXRlIjo2MDAwMDAwMDAwMDAsImRlbGV0ZSI6NjAwMDAwMDAwMDAwLCJ1cGRhdGUiOjYwMDAwMDAwMDAwMH19",
          "dependencies": [
            "module.lambda_appsync_create_user.data.archive_file.lambda_zip",
            "module.lambda_appsync_create_user.null_resource.build_bash",
            "module.lambda_appsync_create_user.null_resource.build_ps",
            "module.network.aws_api_gateway_rest_api.rest_api",
            "module.network.aws_iam_role.lambda_exec_role"
          ]
        }
      ]
    },
    {
      "module": "module.lambda_appsync_create_user",
      "mode": "managed",
      "type": "null_resource",
      "name": "build_ps",
      "provider": "provider[\"registry.terraform.io/hashicorp/null\"]",
      "instances": [
        {
          "index_key": 0,
          "schema_version": 0,
          "attributes": {
            "id": "7118558039503265060",
            "triggers": {
              "build_abs": "D:/Projetos/GoalsGuild/questbound-forge/backend/infra/terraform/modules/lambda_zip/.build/lambda",
              "dist_abs": "D:/Projetos/GoalsGuild/questbound-forge/backend/infra/terraform/modules/lambda_zip/.dist",
              "image": "public.ecr.aws/lambda/python:3.12",
              "req_file": "requirements.txt",
              "src_abs": "D:/Projetos/GoalsGuild/questbound-forge/backend/infra/terraform/lambdas/appsync_create_user",
              "src_hash": "d94ab2f0600c4527f212be39fe7a232bdc2e0e80"
            }
          },
          "sensitive_attributes": [],
          "identity_schema_version": 0
        }
      ]
    },
    {
      "module": "module.lambda_authorizer",
      "mode": "data",
      "type": "archive_file",
      "name": "lambda_zip",
      "provider": "provider[\"registry.terraform.io/hashicorp/archive\"]",
      "instances": [
        {
          "schema_version": 0,
          "attributes": {
            "exclude_symlink_directories": null,
            "excludes": null,
            "id": "d9cd0455a025e61fbae31cf23d1d6c860cd36217",
            "output_base64sha256": "6O+fwc4YHlxgU2NDMFrZ6fDsbDSnz9nPljjXuNC2OoU=",
            "output_base64sha512": "7K4Aa5jj0lvkCwcRbOtkfIgci8FU5gK3iif+hrBd0Y3mLmrWQxL61vL2P8i7nlwp9aR4a8RxnE3u6O5JmFdusg==",
            "output_file_mode": null,
            "output_md5": "8d05c3aaf7d80b4bc442e932ca167795",
            "output_path": "D:/Projetos/GoalsGuild/questbound-forge/backend/infra/terraform/modules/lambda_zip/.dist/lambda.zip",
            "output_sha": "d9cd0455a025e61fbae31cf23d1d6c860cd36217",
            "output_sha256": "e8ef9fc1ce181e5c60536343305ad9e9f0ec6c34a7cfd9cf9638d7b8d0b63a85",
            "output_sha512": "ecae006b98e3d25be40b07116ceb647c881c8bc154e602b78a27fe86b05dd18de62e6ad64312fad6f2f63fc8bb9e5c29f5a4786bc4719c4deee8ee4998576eb2",
            "output_size": 2512,
            "source": [],
            "source_content": null,
            "source_content_filename": null,
            "source_dir": "D:/Projetos/GoalsGuild/questbound-forge/backend/infra/terraform/modules/lambda_zip/.build/lambda",
            "source_file": null,
            "type": "zip"
          },
          "sensitive_attributes": [],
          "identity_schema_version": 0
        }
      ]
    },
    {
      "module": "module.lambda_authorizer",
      "mode": "managed",
      "type": "aws_cloudwatch_log_group",
      "name": "lambda_logs",
      "provider": "provider[\"registry.terraform.io/hashicorp/aws\"]",
      "instances": [
        {
          "schema_version": 0,
          "attributes": {
            "arn": "arn:aws:logs:us-east-2:838284111015:log-group:/aws/lambda/goalsguild_authorizer_dev",
            "id": "/aws/lambda/goalsguild_authorizer_dev",
            "kms_key_id": "",
            "log_group_class": "STANDARD",
            "name": "/aws/lambda/goalsguild_authorizer_dev",
            "name_prefix": "",
            "region": "us-east-2",
            "retention_in_days": 14,
            "skip_destroy": false,
            "tags": {
              "Environment": "dev",
              "Project": "goalsguild"
            },
            "tags_all": {
              "Environment": "dev",
              "Project": "goalsguild"
            }
          },
          "sensitive_attributes": [],
          "identity_schema_version": 0,
          "identity": {
            "account_id": "838284111015",
            "name": "/aws/lambda/goalsguild_authorizer_dev",
            "region": "us-east-2"
          },
          "private": "bnVsbA==",
          "dependencies": [
            "module.iam.aws_iam_role.lambda_authorizer_role",
            "module.lambda_authorizer.aws_lambda_function.this",
            "module.lambda_authorizer.data.archive_file.lambda_zip",
            "module.lambda_authorizer.null_resource.build_bash",
            "module.lambda_authorizer.null_resource.build_ps"
          ]
        }
      ]
    },
    {
      "module": "module.lambda_authorizer",
      "mode": "managed",
      "type": "aws_lambda_function",
      "name": "this",
      "provider": "provider[\"registry.terraform.io/hashicorp/aws\"]",
      "instances": [
        {
          "schema_version": 0,
          "attributes": {
            "architectures": [
              "x86_64"
            ],
            "arn": "arn:aws:lambda:us-east-2:838284111015:function:goalsguild_authorizer_dev",
            "code_sha256": "6O+fwc4YHlxgU2NDMFrZ6fDsbDSnz9nPljjXuNC2OoU=",
            "code_signing_config_arn": "",
            "dead_letter_config": [],
            "description": "",
            "environment": [
              {
                "variables": {
                  "ENVIRONMENT": "dev"
                }
              }
            ],
            "ephemeral_storage": [
              {
                "size": 512
              }
            ],
            "file_system_config": [],
            "filename": "D:/Projetos/GoalsGuild/questbound-forge/backend/infra/terraform/modules/lambda_zip/.dist/lambda.zip",
            "function_name": "goalsguild_authorizer_dev",
            "handler": "authorizer.handler",
            "id": "goalsguild_authorizer_dev",
            "image_config": [],
            "image_uri": "",
            "invoke_arn": "arn:aws:apigateway:us-east-2:lambda:path/2015-03-31/functions/arn:aws:lambda:us-east-2:838284111015:function:goalsguild_authorizer_dev/invocations",
            "kms_key_arn": "",
            "last_modified": "2025-09-08T19:54:53.000+0000",
            "layers": [],
            "logging_config": [
              {
                "application_log_level": "",
                "log_format": "Text",
                "log_group": "/aws/lambda/goalsguild_authorizer_dev",
                "system_log_level": ""
              }
            ],
            "memory_size": 512,
            "package_type": "Zip",
            "publish": false,
            "qualified_arn": "arn:aws:lambda:us-east-2:838284111015:function:goalsguild_authorizer_dev:$LATEST",
            "qualified_invoke_arn": "arn:aws:apigateway:us-east-2:lambda:path/2015-03-31/functions/arn:aws:lambda:us-east-2:838284111015:function:goalsguild_authorizer_dev:$LATEST/invocations",
            "region": "us-east-2",
            "replace_security_groups_on_destroy": null,
            "replacement_security_group_ids": null,
            "reserved_concurrent_executions": -1,
            "role": "arn:aws:iam::838284111015:role/user-service-role",
            "runtime": "python3.12",
            "s3_bucket": null,
            "s3_key": null,
            "s3_object_version": null,
            "signing_job_arn": "",
            "signing_profile_version_arn": "",
            "skip_destroy": false,
            "snap_start": [],
            "source_code_hash": "6O+fwc4YHlxgU2NDMFrZ6fDsbDSnz9nPljjXuNC2OoU=",
            "source_code_size": 2512,
            "tags": {
              "Environment": "dev",
              "Project": "goalsguild"
            },
            "tags_all": {
              "Environment": "dev",
              "Project": "goalsguild"
            },
            "timeout": 30,
            "timeouts": null,
            "tracing_config": [
              {
                "mode": "PassThrough"
              }
            ],
            "version": "$LATEST",
            "vpc_config": []
          },
          "sensitive_attributes": [],
          "identity_schema_version": 0,
          "identity": {
            "account_id": "838284111015",
            "function_name": "goalsguild_authorizer_dev",
            "region": "us-east-2"
          },
          "private": "eyJlMmJmYjczMC1lY2FhLTExZTYtOGY4OC0zNDM2M2JjN2M0YzAiOnsiY3JlYXRlIjo2MDAwMDAwMDAwMDAsImRlbGV0ZSI6NjAwMDAwMDAwMDAwLCJ1cGRhdGUiOjYwMDAwMDAwMDAwMH19",
          "dependencies": [
            "module.iam.aws_iam_role.lambda_authorizer_role",
            "module.lambda_authorizer.data.archive_file.lambda_zip",
            "module.lambda_authorizer.null_resource.build_bash",
            "module.lambda_authorizer.null_resource.build_ps"
          ],
          "create_before_destroy": true
        }
      ]
    },
    {
      "module": "module.lambda_authorizer",
      "mode": "managed",
      "type": "null_resource",
      "name": "build_ps",
      "provider": "provider[\"registry.terraform.io/hashicorp/null\"]",
      "instances": [
        {
          "index_key": 0,
          "schema_version": 0,
          "attributes": {
            "id": "3144219854683808139",
            "triggers": {
              "build_abs": "D:/Projetos/GoalsGuild/questbound-forge/backend/infra/terraform/modules/lambda_zip/.build/lambda",
              "dist_abs": "D:/Projetos/GoalsGuild/questbound-forge/backend/infra/terraform/modules/lambda_zip/.dist",
              "image": "public.ecr.aws/lambda/python:3.12",
              "req_file": "requirements.txt",
              "src_abs": "D:/Projetos/GoalsGuild/questbound-forge/backend/services/authorizer-service",
              "src_hash": "6bcc2d7ea90bb482e243948a765b5f4643eaff87"
            }
          },
          "sensitive_attributes": [],
          "identity_schema_version": 0,
          "create_before_destroy": true
        }
      ]
    },
    {
      "module": "module.lambda_quest_service",
      "mode": "data",
      "type": "aws_ecr_image",
      "name": "image",
      "provider": "provider[\"registry.terraform.io/hashicorp/aws\"]",
      "instances": [
        {
          "schema_version": 0,
          "attributes": {
            "id": "sha256:b320f5c4203080d08d3c45c2ae6bec5309cfb31fc625f139fc0570847e7b337b",
            "image_digest": "sha256:b320f5c4203080d08d3c45c2ae6bec5309cfb31fc625f139fc0570847e7b337b",
            "image_pushed_at": 1757440541,
            "image_size_in_bytes": 79470796,
            "image_tag": "2",
            "image_tags": [
              "2",
              "3",
              "1",
              "5",
              "4",
              "8",
              "7",
              "6"
            ],
            "image_uri": "838284111015.dkr.ecr.us-east-2.amazonaws.com/goalsguild_quest_service@sha256:b320f5c4203080d08d3c45c2ae6bec5309cfb31fc625f139fc0570847e7b337b",
            "most_recent": null,
            "region": "us-east-2",
            "registry_id": "838284111015",
            "repository_name": "goalsguild_quest_service"
          },
          "sensitive_attributes": [],
          "identity_schema_version": 0
        }
      ]
    },
    {
      "module": "module.lambda_quest_service",
      "mode": "managed",
      "type": "aws_cloudwatch_log_group",
      "name": "lambda_log_group",
      "provider": "provider[\"registry.terraform.io/hashicorp/aws\"]",
      "instances": [
        {
          "schema_version": 0,
          "attributes": {
            "arn": "arn:aws:logs:us-east-2:838284111015:log-group:/aws/lambda/goalsguild_quest_service_dev",
            "id": "/aws/lambda/goalsguild_quest_service_dev",
            "kms_key_id": "",
            "log_group_class": "STANDARD",
            "name": "/aws/lambda/goalsguild_quest_service_dev",
            "name_prefix": "",
            "region": "us-east-2",
            "retention_in_days": 14,
            "skip_destroy": false,
            "tags": {
              "Environment": "dev",
              "Project": "goalsguild"
            },
            "tags_all": {
              "Environment": "dev",
              "Project": "goalsguild"
            }
          },
          "sensitive_attributes": [],
          "identity_schema_version": 0,
          "identity": {
            "account_id": "838284111015",
            "name": "/aws/lambda/goalsguild_quest_service_dev",
            "region": "us-east-2"
          },
          "private": "bnVsbA==",
          "dependencies": [
            "module.lambda_quest_service.aws_lambda_function.lambda_function",
            "module.lambda_quest_service.data.aws_ecr_image.image",
            "module.network.aws_iam_role.lambda_exec_role",
            "module.quest_service_image.aws_ecr_lifecycle_policy.keep_last_3",
            "module.quest_service_image.aws_ecr_repository.repo",
            "module.quest_service_image.data.aws_caller_identity.me",
            "module.quest_service_image.data.aws_ecr_authorization_token.ecr",
            "module.quest_service_image.data.aws_ecr_repository.repo",
            "module.quest_service_image.docker_image.app",
            "module.quest_service_image.docker_registry_image.app",
            "module.quest_service_image.local_file.version_file",
            "module.quest_service_image.null_resource.ecr_login"
          ]
        }
      ]
    },
    {
      "module": "module.lambda_quest_service",
      "mode": "managed",
      "type": "aws_cloudwatch_log_metric_filter",
      "name": "lambda_error_filter",
      "provider": "provider[\"registry.terraform.io/hashicorp/aws\"]",
      "instances": [
        {
          "schema_version": 0,
          "attributes": {
            "apply_on_transformed_logs": false,
            "id": "goalsguild_quest_service_ErrorFilter",
            "log_group_name": "/aws/lambda/goalsguild_quest_service_dev",
            "metric_transformation": [
              {
                "default_value": "",
                "dimensions": {},
                "name": "goalsguild_quest_service_Errors",
                "namespace": "goalsguild/Lambda",
                "unit": "None",
                "value": "1"
              }
            ],
            "name": "goalsguild_quest_service_ErrorFilter",
            "pattern": "ERROR",
            "region": "us-east-2"
          },
          "sensitive_attributes": [],
          "identity_schema_version": 0,
          "private": "bnVsbA==",
          "dependencies": [
            "module.lambda_quest_service.aws_cloudwatch_log_group.lambda_log_group",
            "module.lambda_quest_service.aws_lambda_function.lambda_function",
            "module.lambda_quest_service.data.aws_ecr_image.image",
            "module.network.aws_iam_role.lambda_exec_role",
            "module.quest_service_image.aws_ecr_lifecycle_policy.keep_last_3",
            "module.quest_service_image.aws_ecr_repository.repo",
            "module.quest_service_image.data.aws_caller_identity.me",
            "module.quest_service_image.data.aws_ecr_authorization_token.ecr",
            "module.quest_service_image.data.aws_ecr_repository.repo",
            "module.quest_service_image.docker_image.app",
            "module.quest_service_image.docker_registry_image.app",
            "module.quest_service_image.local_file.version_file",
            "module.quest_service_image.null_resource.ecr_login"
          ]
        }
      ]
    },
    {
      "module": "module.lambda_quest_service",
      "mode": "managed",
      "type": "aws_cloudwatch_log_metric_filter",
      "name": "lambda_throttle_filter",
      "provider": "provider[\"registry.terraform.io/hashicorp/aws\"]",
      "instances": [
        {
          "schema_version": 0,
          "attributes": {
            "apply_on_transformed_logs": false,
            "id": "goalsguild_quest_service_ThrottleFilter",
            "log_group_name": "/aws/lambda/goalsguild_quest_service_dev",
            "metric_transformation": [
              {
                "default_value": "",
                "dimensions": {},
                "name": "goalsguild_quest_service_Throttles",
                "namespace": "goalsguild/Lambda",
                "unit": "None",
                "value": "1"
              }
            ],
            "name": "goalsguild_quest_service_ThrottleFilter",
            "pattern": "ThrottlingException",
            "region": "us-east-2"
          },
          "sensitive_attributes": [],
          "identity_schema_version": 0,
          "private": "bnVsbA==",
          "dependencies": [
            "module.lambda_quest_service.aws_cloudwatch_log_group.lambda_log_group",
            "module.lambda_quest_service.aws_lambda_function.lambda_function",
            "module.lambda_quest_service.data.aws_ecr_image.image",
            "module.network.aws_iam_role.lambda_exec_role",
            "module.quest_service_image.aws_ecr_lifecycle_policy.keep_last_3",
            "module.quest_service_image.aws_ecr_repository.repo",
            "module.quest_service_image.data.aws_caller_identity.me",
            "module.quest_service_image.data.aws_ecr_authorization_token.ecr",
            "module.quest_service_image.data.aws_ecr_repository.repo",
            "module.quest_service_image.docker_image.app",
            "module.quest_service_image.docker_registry_image.app",
            "module.quest_service_image.local_file.version_file",
            "module.quest_service_image.null_resource.ecr_login"
          ]
        }
      ]
    },
    {
      "module": "module.lambda_quest_service",
      "mode": "managed",
      "type": "aws_cloudwatch_metric_alarm",
      "name": "lambda_duration_alarm",
      "provider": "provider[\"registry.terraform.io/hashicorp/aws\"]",
      "instances": [
        {
          "schema_version": 1,
          "attributes": {
            "actions_enabled": true,
            "alarm_actions": [],
            "alarm_description": "Alarm when Lambda function goalsguild_quest_service duration exceeds threshold",
            "alarm_name": "goalsguild_quest_service_DurationAlarm",
            "arn": "arn:aws:cloudwatch:us-east-2:838284111015:alarm:goalsguild_quest_service_DurationAlarm",
            "comparison_operator": "GreaterThanThreshold",
            "datapoints_to_alarm": 0,
            "dimensions": {},
            "evaluate_low_sample_count_percentiles": "",
            "evaluation_periods": 1,
            "extended_statistic": "",
            "id": "goalsguild_quest_service_DurationAlarm",
            "insufficient_data_actions": [],
            "metric_name": "Duration",
            "metric_query": [],
            "namespace": "AWS/Lambda",
            "ok_actions": [],
            "period": 60,
            "region": "us-east-2",
            "statistic": "Average",
            "tags": {
              "Environment": "dev",
              "Project": "goalsguild"
            },
            "tags_all": {
              "Environment": "dev",
              "Project": "goalsguild"
            },
            "threshold": 3000,
            "threshold_metric_id": "",
            "treat_missing_data": "notBreaching",
            "unit": ""
          },
          "sensitive_attributes": [],
          "identity_schema_version": 0,
          "identity": {
            "account_id": "838284111015",
            "alarm_name": "goalsguild_quest_service_DurationAlarm",
            "region": "us-east-2"
          },
          "private": "eyJzY2hlbWFfdmVyc2lvbiI6IjEifQ==",
          "dependencies": [
            "module.quest_service_image.aws_ecr_lifecycle_policy.keep_last_3",
            "module.quest_service_image.aws_ecr_repository.repo",
            "module.quest_service_image.data.aws_caller_identity.me",
            "module.quest_service_image.data.aws_ecr_authorization_token.ecr",
            "module.quest_service_image.data.aws_ecr_repository.repo",
            "module.quest_service_image.docker_image.app",
            "module.quest_service_image.docker_registry_image.app",
            "module.quest_service_image.local_file.version_file",
            "module.quest_service_image.null_resource.ecr_login"
          ]
        }
      ]
    },
    {
      "module": "module.lambda_quest_service",
      "mode": "managed",
      "type": "aws_cloudwatch_metric_alarm",
      "name": "lambda_error_alarm",
      "provider": "provider[\"registry.terraform.io/hashicorp/aws\"]",
      "instances": [
        {
          "schema_version": 1,
          "attributes": {
            "actions_enabled": true,
            "alarm_actions": [],
            "alarm_description": "Alarm when Lambda function goalsguild_quest_service has errors",
            "alarm_name": "goalsguild_quest_service_ErrorAlarm",
            "arn": "arn:aws:cloudwatch:us-east-2:838284111015:alarm:goalsguild_quest_service_ErrorAlarm",
            "comparison_operator": "GreaterThanOrEqualToThreshold",
            "datapoints_to_alarm": 0,
            "dimensions": {},
            "evaluate_low_sample_count_percentiles": "",
            "evaluation_periods": 1,
            "extended_statistic": "",
            "id": "goalsguild_quest_service_ErrorAlarm",
            "insufficient_data_actions": [],
            "metric_name": "goalsguild_quest_service_Errors",
            "metric_query": [],
            "namespace": "AWS/Lambda",
            "ok_actions": [],
            "period": 60,
            "region": "us-east-2",
            "statistic": "Sum",
            "tags": {
              "Environment": "dev",
              "Project": "goalsguild"
            },
            "tags_all": {
              "Environment": "dev",
              "Project": "goalsguild"
            },
            "threshold": 1,
            "threshold_metric_id": "",
            "treat_missing_data": "notBreaching",
            "unit": ""
          },
          "sensitive_attributes": [],
          "identity_schema_version": 0,
          "identity": {
            "account_id": "838284111015",
            "alarm_name": "goalsguild_quest_service_ErrorAlarm",
            "region": "us-east-2"
          },
          "private": "eyJzY2hlbWFfdmVyc2lvbiI6IjEifQ==",
          "dependencies": [
            "module.quest_service_image.aws_ecr_lifecycle_policy.keep_last_3",
            "module.quest_service_image.aws_ecr_repository.repo",
            "module.quest_service_image.data.aws_caller_identity.me",
            "module.quest_service_image.data.aws_ecr_authorization_token.ecr",
            "module.quest_service_image.data.aws_ecr_repository.repo",
            "module.quest_service_image.docker_image.app",
            "module.quest_service_image.docker_registry_image.app",
            "module.quest_service_image.local_file.version_file",
            "module.quest_service_image.null_resource.ecr_login"
          ]
        }
      ]
    },
    {
      "module": "module.lambda_quest_service",
      "mode": "managed",
      "type": "aws_cloudwatch_metric_alarm",
      "name": "lambda_throttle_alarm",
      "provider": "provider[\"registry.terraform.io/hashicorp/aws\"]",
      "instances": [
        {
          "schema_version": 1,
          "attributes": {
            "actions_enabled": true,
            "alarm_actions": [],
            "alarm_description": "Alarm when Lambda function goalsguild_quest_service is throttled",
            "alarm_name": "goalsguild_quest_service_ThrottleAlarm",
            "arn": "arn:aws:cloudwatch:us-east-2:838284111015:alarm:goalsguild_quest_service_ThrottleAlarm",
            "comparison_operator": "GreaterThanOrEqualToThreshold",
            "datapoints_to_alarm": 0,
            "dimensions": {},
            "evaluate_low_sample_count_percentiles": "",
            "evaluation_periods": 1,
            "extended_statistic": "",
            "id": "goalsguild_quest_service_ThrottleAlarm",
            "insufficient_data_actions": [],
            "metric_name": "goalsguild_quest_service_Throttles",
            "metric_query": [],
            "namespace": "AWS/Lambda",
            "ok_actions": [],
            "period": 60,
            "region": "us-east-2",
            "statistic": "Sum",
            "tags": {
              "Environment": "dev",
              "Project": "goalsguild"
            },
            "tags_all": {
              "Environment": "dev",
              "Project": "goalsguild"
            },
            "threshold": 1,
            "threshold_metric_id": "",
            "treat_missing_data": "notBreaching",
            "unit": ""
          },
          "sensitive_attributes": [],
          "identity_schema_version": 0,
          "identity": {
            "account_id": "838284111015",
            "alarm_name": "goalsguild_quest_service_ThrottleAlarm",
            "region": "us-east-2"
          },
          "private": "eyJzY2hlbWFfdmVyc2lvbiI6IjEifQ==",
          "dependencies": [
            "module.quest_service_image.aws_ecr_lifecycle_policy.keep_last_3",
            "module.quest_service_image.aws_ecr_repository.repo",
            "module.quest_service_image.data.aws_caller_identity.me",
            "module.quest_service_image.data.aws_ecr_authorization_token.ecr",
            "module.quest_service_image.data.aws_ecr_repository.repo",
            "module.quest_service_image.docker_image.app",
            "module.quest_service_image.docker_registry_image.app",
            "module.quest_service_image.local_file.version_file",
            "module.quest_service_image.null_resource.ecr_login"
          ]
        }
      ]
    },
    {
      "module": "module.lambda_quest_service",
      "mode": "managed",
      "type": "aws_lambda_function",
      "name": "lambda_function",
      "provider": "provider[\"registry.terraform.io/hashicorp/aws\"]",
      "instances": [
        {
          "schema_version": 0,
          "attributes": {
            "architectures": [
              "x86_64"
            ],
            "arn": "arn:aws:lambda:us-east-2:838284111015:function:goalsguild_quest_service_dev",
            "code_sha256": "b320f5c4203080d08d3c45c2ae6bec5309cfb31fc625f139fc0570847e7b337b",
            "code_signing_config_arn": "",
            "dead_letter_config": [],
            "description": "",
            "environment": [
              {
                "variables": {
                  "AWS_LAMBDA_EXEC_WRAPPER": "/opt/bootstrap",
                  "AWS_LWA_PORT": "8080",
                  "PORT": "8080",
                  "RUST_LOG": "info"
                }
              }
            ],
            "ephemeral_storage": [
              {
                "size": 512
              }
            ],
            "file_system_config": [],
            "filename": null,
            "function_name": "goalsguild_quest_service_dev",
            "handler": "",
            "id": "goalsguild_quest_service_dev",
            "image_config": [],
            "image_uri": "838284111015.dkr.ecr.us-east-2.amazonaws.com/goalsguild_quest_service@sha256:b320f5c4203080d08d3c45c2ae6bec5309cfb31fc625f139fc0570847e7b337b",
            "invoke_arn": "arn:aws:apigateway:us-east-2:lambda:path/2015-03-31/functions/arn:aws:lambda:us-east-2:838284111015:function:goalsguild_quest_service_dev/invocations",
            "kms_key_arn": "",
            "last_modified": "2025-09-09T17:55:44.000+0000",
            "layers": [],
            "logging_config": [
              {
                "application_log_level": "",
                "log_format": "Text",
                "log_group": "/aws/lambda/goalsguild_quest_service_dev",
                "system_log_level": ""
              }
            ],
            "memory_size": 128,
            "package_type": "Image",
            "publish": false,
            "qualified_arn": "arn:aws:lambda:us-east-2:838284111015:function:goalsguild_quest_service_dev:$LATEST",
            "qualified_invoke_arn": "arn:aws:apigateway:us-east-2:lambda:path/2015-03-31/functions/arn:aws:lambda:us-east-2:838284111015:function:goalsguild_quest_service_dev:$LATEST/invocations",
            "region": "us-east-2",
            "replace_security_groups_on_destroy": null,
            "replacement_security_group_ids": null,
            "reserved_concurrent_executions": -1,
            "role": "arn:aws:iam::838284111015:role/goalsguild_lambda_exec_role_dev",
            "runtime": "",
            "s3_bucket": null,
            "s3_key": null,
            "s3_object_version": null,
            "signing_job_arn": "",
            "signing_profile_version_arn": "",
            "skip_destroy": false,
            "snap_start": [],
            "source_code_hash": "",
            "source_code_size": 0,
            "tags": {
              "Environment": "dev",
              "Project": "goalsguild"
            },
            "tags_all": {
              "Environment": "dev",
              "Project": "goalsguild"
            },
            "timeout": 10,
            "timeouts": null,
            "tracing_config": [
              {
                "mode": "PassThrough"
              }
            ],
            "version": "$LATEST",
            "vpc_config": []
          },
          "sensitive_attributes": [],
          "identity_schema_version": 0,
          "identity": {
            "account_id": "838284111015",
            "function_name": "goalsguild_quest_service_dev",
            "region": "us-east-2"
          },
          "private": "eyJlMmJmYjczMC1lY2FhLTExZTYtOGY4OC0zNDM2M2JjN2M0YzAiOnsiY3JlYXRlIjo2MDAwMDAwMDAwMDAsImRlbGV0ZSI6NjAwMDAwMDAwMDAwLCJ1cGRhdGUiOjYwMDAwMDAwMDAwMH19",
          "dependencies": [
            "module.lambda_quest_service.data.aws_ecr_image.image",
            "module.network.aws_iam_role.lambda_exec_role",
            "module.quest_service_image.aws_ecr_lifecycle_policy.keep_last_3",
            "module.quest_service_image.aws_ecr_repository.repo",
            "module.quest_service_image.data.aws_caller_identity.me",
            "module.quest_service_image.data.aws_ecr_authorization_token.ecr",
            "module.quest_service_image.data.aws_ecr_repository.repo",
            "module.quest_service_image.docker_image.app",
            "module.quest_service_image.docker_registry_image.app",
            "module.quest_service_image.local_file.version_file",
            "module.quest_service_image.null_resource.ecr_login"
          ],
          "create_before_destroy": true
        }
      ]
    },
    {
      "module": "module.lambda_quest_service",
      "mode": "managed",
      "type": "aws_lambda_permission",
      "name": "apigw_invoke",
      "provider": "provider[\"registry.terraform.io/hashicorp/aws\"]",
      "instances": [
        {
          "schema_version": 0,
          "attributes": {
            "action": "lambda:InvokeFunction",
            "event_source_token": null,
            "function_name": "goalsguild_quest_service_dev",
            "function_url_auth_type": null,
            "id": "AllowInvokeFromAPIGW",
            "principal": "apigateway.amazonaws.com",
            "principal_org_id": null,
            "qualifier": "",
            "region": "us-east-2",
            "source_account": null,
            "source_arn": null,
            "statement_id": "AllowInvokeFromAPIGW",
            "statement_id_prefix": ""
          },
          "sensitive_attributes": [],
          "identity_schema_version": 0,
          "identity": {
            "account_id": "838284111015",
            "function_name": "goalsguild_quest_service_dev",
            "qualifier": null,
            "region": "us-east-2",
            "statement_id": "AllowInvokeFromAPIGW"
          },
          "private": "bnVsbA==",
          "dependencies": [
            "module.lambda_quest_service.aws_lambda_function.lambda_function",
            "module.lambda_quest_service.data.aws_ecr_image.image",
            "module.network.aws_iam_role.lambda_exec_role",
            "module.quest_service_image.aws_ecr_lifecycle_policy.keep_last_3",
            "module.quest_service_image.aws_ecr_repository.repo",
            "module.quest_service_image.data.aws_caller_identity.me",
            "module.quest_service_image.data.aws_ecr_authorization_token.ecr",
            "module.quest_service_image.data.aws_ecr_repository.repo",
            "module.quest_service_image.docker_image.app",
            "module.quest_service_image.docker_registry_image.app",
            "module.quest_service_image.local_file.version_file",
            "module.quest_service_image.null_resource.ecr_login"
          ]
        }
      ]
    },
    {
      "module": "module.lambda_user_service",
      "mode": "data",
      "type": "aws_ecr_image",
      "name": "image",
      "provider": "provider[\"registry.terraform.io/hashicorp/aws\"]",
      "instances": [
        {
          "schema_version": 0,
          "attributes": {
            "id": "sha256:45768a716f36f721646d859caca83b1bcd9527597a3b6e21b1b0d2cfe95dd65f",
            "image_digest": "sha256:45768a716f36f721646d859caca83b1bcd9527597a3b6e21b1b0d2cfe95dd65f",
            "image_pushed_at": 1757449006,
            "image_size_in_bytes": 151446641,
            "image_tag": "2",
            "image_tags": [
              "2"
            ],
            "image_uri": "838284111015.dkr.ecr.us-east-2.amazonaws.com/goalsguild_user_service@sha256:45768a716f36f721646d859caca83b1bcd9527597a3b6e21b1b0d2cfe95dd65f",
            "most_recent": null,
            "region": "us-east-2",
            "registry_id": "838284111015",
            "repository_name": "goalsguild_user_service"
          },
          "sensitive_attributes": [],
          "identity_schema_version": 0
        }
      ]
    },
    {
      "module": "module.lambda_user_service",
      "mode": "managed",
      "type": "aws_cloudwatch_log_group",
      "name": "lambda_log_group",
      "provider": "provider[\"registry.terraform.io/hashicorp/aws\"]",
      "instances": [
        {
          "schema_version": 0,
          "attributes": {
            "arn": "arn:aws:logs:us-east-2:838284111015:log-group:/aws/lambda/goalsguild_user_service_dev",
            "id": "/aws/lambda/goalsguild_user_service_dev",
            "kms_key_id": "",
            "log_group_class": "STANDARD",
            "name": "/aws/lambda/goalsguild_user_service_dev",
            "name_prefix": "",
            "region": "us-east-2",
            "retention_in_days": 14,
            "skip_destroy": false,
            "tags": {
              "Environment": "dev",
              "Project": "goalsguild"
            },
            "tags_all": {
              "Environment": "dev",
              "Project": "goalsguild"
            }
          },
          "sensitive_attributes": [],
          "identity_schema_version": 0,
          "identity": {
            "account_id": "838284111015",
            "name": "/aws/lambda/goalsguild_user_service_dev",
            "region": "us-east-2"
          },
          "private": "bnVsbA==",
          "dependencies": [
            "module.lambda_user_service.aws_lambda_function.lambda_function",
            "module.lambda_user_service.data.aws_ecr_image.image",
            "module.network.aws_iam_role.lambda_exec_role",
            "module.user_service_image.aws_ecr_lifecycle_policy.keep_last_3",
            "module.user_service_image.aws_ecr_repository.repo",
            "module.user_service_image.data.aws_caller_identity.me",
            "module.user_service_image.data.aws_ecr_authorization_token.ecr",
            "module.user_service_image.data.aws_ecr_repository.repo",
            "module.user_service_image.docker_image.app",
            "module.user_service_image.docker_registry_image.app",
            "module.user_service_image.local_file.version_file",
            "module.user_service_image.null_resource.ecr_login"
          ]
        }
      ]
    },
    {
      "module": "module.lambda_user_service",
      "mode": "managed",
      "type": "aws_cloudwatch_log_metric_filter",
      "name": "lambda_error_filter",
      "provider": "provider[\"registry.terraform.io/hashicorp/aws\"]",
      "instances": [
        {
          "schema_version": 0,
          "attributes": {
            "apply_on_transformed_logs": false,
            "id": "goalsguild_user_service_ErrorFilter",
            "log_group_name": "/aws/lambda/goalsguild_user_service_dev",
            "metric_transformation": [
              {
                "default_value": "",
                "dimensions": {},
                "name": "goalsguild_user_service_Errors",
                "namespace": "goalsguild/Lambda",
                "unit": "None",
                "value": "1"
              }
            ],
            "name": "goalsguild_user_service_ErrorFilter",
            "pattern": "ERROR",
            "region": "us-east-2"
          },
          "sensitive_attributes": [],
          "identity_schema_version": 0,
          "private": "bnVsbA==",
          "dependencies": [
            "module.lambda_user_service.aws_cloudwatch_log_group.lambda_log_group",
            "module.lambda_user_service.aws_lambda_function.lambda_function",
            "module.lambda_user_service.data.aws_ecr_image.image",
            "module.network.aws_iam_role.lambda_exec_role",
            "module.user_service_image.aws_ecr_lifecycle_policy.keep_last_3",
            "module.user_service_image.aws_ecr_repository.repo",
            "module.user_service_image.data.aws_caller_identity.me",
            "module.user_service_image.data.aws_ecr_authorization_token.ecr",
            "module.user_service_image.data.aws_ecr_repository.repo",
            "module.user_service_image.docker_image.app",
            "module.user_service_image.docker_registry_image.app",
            "module.user_service_image.local_file.version_file",
            "module.user_service_image.null_resource.ecr_login"
          ]
        }
      ]
    },
    {
      "module": "module.lambda_user_service",
      "mode": "managed",
      "type": "aws_cloudwatch_log_metric_filter",
      "name": "lambda_throttle_filter",
      "provider": "provider[\"registry.terraform.io/hashicorp/aws\"]",
      "instances": [
        {
          "schema_version": 0,
          "attributes": {
            "apply_on_transformed_logs": false,
            "id": "goalsguild_user_service_ThrottleFilter",
            "log_group_name": "/aws/lambda/goalsguild_user_service_dev",
            "metric_transformation": [
              {
                "default_value": "",
                "dimensions": {},
                "name": "goalsguild_user_service_Throttles",
                "namespace": "goalsguild/Lambda",
                "unit": "None",
                "value": "1"
              }
            ],
            "name": "goalsguild_user_service_ThrottleFilter",
            "pattern": "ThrottlingException",
            "region": "us-east-2"
          },
          "sensitive_attributes": [],
          "identity_schema_version": 0,
          "private": "bnVsbA==",
          "dependencies": [
            "module.lambda_user_service.aws_cloudwatch_log_group.lambda_log_group",
            "module.lambda_user_service.aws_lambda_function.lambda_function",
            "module.lambda_user_service.data.aws_ecr_image.image",
            "module.network.aws_iam_role.lambda_exec_role",
            "module.user_service_image.aws_ecr_lifecycle_policy.keep_last_3",
            "module.user_service_image.aws_ecr_repository.repo",
            "module.user_service_image.data.aws_caller_identity.me",
            "module.user_service_image.data.aws_ecr_authorization_token.ecr",
            "module.user_service_image.data.aws_ecr_repository.repo",
            "module.user_service_image.docker_image.app",
            "module.user_service_image.docker_registry_image.app",
            "module.user_service_image.local_file.version_file",
            "module.user_service_image.null_resource.ecr_login"
          ]
        }
      ]
    },
    {
      "module": "module.lambda_user_service",
      "mode": "managed",
      "type": "aws_cloudwatch_metric_alarm",
      "name": "lambda_duration_alarm",
      "provider": "provider[\"registry.terraform.io/hashicorp/aws\"]",
      "instances": [
        {
          "schema_version": 1,
          "attributes": {
            "actions_enabled": true,
            "alarm_actions": [],
            "alarm_description": "Alarm when Lambda function goalsguild_user_service duration exceeds threshold",
            "alarm_name": "goalsguild_user_service_DurationAlarm",
            "arn": "arn:aws:cloudwatch:us-east-2:838284111015:alarm:goalsguild_user_service_DurationAlarm",
            "comparison_operator": "GreaterThanThreshold",
            "datapoints_to_alarm": 0,
            "dimensions": {},
            "evaluate_low_sample_count_percentiles": "",
            "evaluation_periods": 1,
            "extended_statistic": "",
            "id": "goalsguild_user_service_DurationAlarm",
            "insufficient_data_actions": [],
            "metric_name": "Duration",
            "metric_query": [],
            "namespace": "AWS/Lambda",
            "ok_actions": [],
            "period": 60,
            "region": "us-east-2",
            "statistic": "Average",
            "tags": {
              "Environment": "dev",
              "Project": "goalsguild"
            },
            "tags_all": {
              "Environment": "dev",
              "Project": "goalsguild"
            },
            "threshold": 3000,
            "threshold_metric_id": "",
            "treat_missing_data": "notBreaching",
            "unit": ""
          },
          "sensitive_attributes": [],
          "identity_schema_version": 0,
          "identity": {
            "account_id": "838284111015",
            "alarm_name": "goalsguild_user_service_DurationAlarm",
            "region": "us-east-2"
          },
          "private": "eyJzY2hlbWFfdmVyc2lvbiI6IjEifQ==",
          "dependencies": [
            "module.user_service_image.aws_ecr_lifecycle_policy.keep_last_3",
            "module.user_service_image.aws_ecr_repository.repo",
            "module.user_service_image.data.aws_caller_identity.me",
            "module.user_service_image.data.aws_ecr_authorization_token.ecr",
            "module.user_service_image.data.aws_ecr_repository.repo",
            "module.user_service_image.docker_image.app",
            "module.user_service_image.docker_registry_image.app",
            "module.user_service_image.local_file.version_file",
            "module.user_service_image.null_resource.ecr_login"
          ]
        }
      ]
    },
    {
      "module": "module.lambda_user_service",
      "mode": "managed",
      "type": "aws_cloudwatch_metric_alarm",
      "name": "lambda_error_alarm",
      "provider": "provider[\"registry.terraform.io/hashicorp/aws\"]",
      "instances": [
        {
          "schema_version": 1,
          "attributes": {
            "actions_enabled": true,
            "alarm_actions": [],
            "alarm_description": "Alarm when Lambda function goalsguild_user_service has errors",
            "alarm_name": "goalsguild_user_service_ErrorAlarm",
            "arn": "arn:aws:cloudwatch:us-east-2:838284111015:alarm:goalsguild_user_service_ErrorAlarm",
            "comparison_operator": "GreaterThanOrEqualToThreshold",
            "datapoints_to_alarm": 0,
            "dimensions": {},
            "evaluate_low_sample_count_percentiles": "",
            "evaluation_periods": 1,
            "extended_statistic": "",
            "id": "goalsguild_user_service_ErrorAlarm",
            "insufficient_data_actions": [],
            "metric_name": "goalsguild_user_service_Errors",
            "metric_query": [],
            "namespace": "AWS/Lambda",
            "ok_actions": [],
            "period": 60,
            "region": "us-east-2",
            "statistic": "Sum",
            "tags": {
              "Environment": "dev",
              "Project": "goalsguild"
            },
            "tags_all": {
              "Environment": "dev",
              "Project": "goalsguild"
            },
            "threshold": 1,
            "threshold_metric_id": "",
            "treat_missing_data": "notBreaching",
            "unit": ""
          },
          "sensitive_attributes": [],
          "identity_schema_version": 0,
          "identity": {
            "account_id": "838284111015",
            "alarm_name": "goalsguild_user_service_ErrorAlarm",
            "region": "us-east-2"
          },
          "private": "eyJzY2hlbWFfdmVyc2lvbiI6IjEifQ==",
          "dependencies": [
            "module.user_service_image.aws_ecr_lifecycle_policy.keep_last_3",
            "module.user_service_image.aws_ecr_repository.repo",
            "module.user_service_image.data.aws_caller_identity.me",
            "module.user_service_image.data.aws_ecr_authorization_token.ecr",
            "module.user_service_image.data.aws_ecr_repository.repo",
            "module.user_service_image.docker_image.app",
            "module.user_service_image.docker_registry_image.app",
            "module.user_service_image.local_file.version_file",
            "module.user_service_image.null_resource.ecr_login"
          ]
        }
      ]
    },
    {
      "module": "module.lambda_user_service",
      "mode": "managed",
      "type": "aws_cloudwatch_metric_alarm",
      "name": "lambda_throttle_alarm",
      "provider": "provider[\"registry.terraform.io/hashicorp/aws\"]",
      "instances": [
        {
          "schema_version": 1,
          "attributes": {
            "actions_enabled": true,
            "alarm_actions": [],
            "alarm_description": "Alarm when Lambda function goalsguild_user_service is throttled",
            "alarm_name": "goalsguild_user_service_ThrottleAlarm",
            "arn": "arn:aws:cloudwatch:us-east-2:838284111015:alarm:goalsguild_user_service_ThrottleAlarm",
            "comparison_operator": "GreaterThanOrEqualToThreshold",
            "datapoints_to_alarm": 0,
            "dimensions": {},
            "evaluate_low_sample_count_percentiles": "",
            "evaluation_periods": 1,
            "extended_statistic": "",
            "id": "goalsguild_user_service_ThrottleAlarm",
            "insufficient_data_actions": [],
            "metric_name": "goalsguild_user_service_Throttles",
            "metric_query": [],
            "namespace": "AWS/Lambda",
            "ok_actions": [],
            "period": 60,
            "region": "us-east-2",
            "statistic": "Sum",
            "tags": {
              "Environment": "dev",
              "Project": "goalsguild"
            },
            "tags_all": {
              "Environment": "dev",
              "Project": "goalsguild"
            },
            "threshold": 1,
            "threshold_metric_id": "",
            "treat_missing_data": "notBreaching",
            "unit": ""
          },
          "sensitive_attributes": [],
          "identity_schema_version": 0,
          "identity": {
            "account_id": "838284111015",
            "alarm_name": "goalsguild_user_service_ThrottleAlarm",
            "region": "us-east-2"
          },
          "private": "eyJzY2hlbWFfdmVyc2lvbiI6IjEifQ==",
          "dependencies": [
            "module.user_service_image.aws_ecr_lifecycle_policy.keep_last_3",
            "module.user_service_image.aws_ecr_repository.repo",
            "module.user_service_image.data.aws_caller_identity.me",
            "module.user_service_image.data.aws_ecr_authorization_token.ecr",
            "module.user_service_image.data.aws_ecr_repository.repo",
            "module.user_service_image.docker_image.app",
            "module.user_service_image.docker_registry_image.app",
            "module.user_service_image.local_file.version_file",
            "module.user_service_image.null_resource.ecr_login"
          ]
        }
      ]
    },
    {
      "module": "module.lambda_user_service",
      "mode": "managed",
      "type": "aws_lambda_function",
      "name": "lambda_function",
      "provider": "provider[\"registry.terraform.io/hashicorp/aws\"]",
      "instances": [
        {
          "schema_version": 0,
          "attributes": {
            "architectures": [
              "x86_64"
            ],
            "arn": "arn:aws:lambda:us-east-2:838284111015:function:goalsguild_user_service_dev",
            "code_sha256": "45768a716f36f721646d859caca83b1bcd9527597a3b6e21b1b0d2cfe95dd65f",
            "code_signing_config_arn": "",
            "dead_letter_config": [],
            "description": "",
            "environment": [
              {
                "variables": {
                  "AWS_LAMBDA_EXEC_WRAPPER": "/opt/bootstrap",
                  "AWS_LWA_PORT": "8080",
                  "PORT": "8080",
                  "RUST_LOG": "info"
                }
              }
            ],
            "ephemeral_storage": [
              {
                "size": 512
              }
            ],
            "file_system_config": [],
            "filename": null,
            "function_name": "goalsguild_user_service_dev",
            "handler": "",
            "id": "goalsguild_user_service_dev",
            "image_config": [],
            "image_uri": "838284111015.dkr.ecr.us-east-2.amazonaws.com/goalsguild_user_service@sha256:45768a716f36f721646d859caca83b1bcd9527597a3b6e21b1b0d2cfe95dd65f",
            "invoke_arn": "arn:aws:apigateway:us-east-2:lambda:path/2015-03-31/functions/arn:aws:lambda:us-east-2:838284111015:function:goalsguild_user_service_dev/invocations",
            "kms_key_arn": "",
            "last_modified": "2025-09-09T20:16:48.000+0000",
            "layers": [],
            "logging_config": [
              {
                "application_log_level": "",
                "log_format": "Text",
                "log_group": "/aws/lambda/goalsguild_user_service_dev",
                "system_log_level": ""
              }
            ],
            "memory_size": 512,
            "package_type": "Image",
            "publish": false,
            "qualified_arn": "arn:aws:lambda:us-east-2:838284111015:function:goalsguild_user_service_dev:$LATEST",
            "qualified_invoke_arn": "arn:aws:apigateway:us-east-2:lambda:path/2015-03-31/functions/arn:aws:lambda:us-east-2:838284111015:function:goalsguild_user_service_dev:$LATEST/invocations",
            "region": "us-east-2",
            "replace_security_groups_on_destroy": null,
            "replacement_security_group_ids": null,
            "reserved_concurrent_executions": -1,
            "role": "arn:aws:iam::838284111015:role/goalsguild_lambda_exec_role_dev",
            "runtime": "",
            "s3_bucket": null,
            "s3_key": null,
            "s3_object_version": null,
            "signing_job_arn": "",
            "signing_profile_version_arn": "",
            "skip_destroy": false,
            "snap_start": [],
            "source_code_hash": "",
            "source_code_size": 0,
            "tags": {
              "Environment": "dev",
              "Project": "goalsguild"
            },
            "tags_all": {
              "Environment": "dev",
              "Project": "goalsguild"
            },
            "timeout": 10,
            "timeouts": null,
            "tracing_config": [
              {
                "mode": "PassThrough"
              }
            ],
            "version": "$LATEST",
            "vpc_config": []
          },
          "sensitive_attributes": [],
          "identity_schema_version": 0,
          "identity": {
            "account_id": "838284111015",
            "function_name": "goalsguild_user_service_dev",
            "region": "us-east-2"
          },
          "private": "eyJlMmJmYjczMC1lY2FhLTExZTYtOGY4OC0zNDM2M2JjN2M0YzAiOnsiY3JlYXRlIjo2MDAwMDAwMDAwMDAsImRlbGV0ZSI6NjAwMDAwMDAwMDAwLCJ1cGRhdGUiOjYwMDAwMDAwMDAwMH19",
          "dependencies": [
            "module.lambda_user_service.data.aws_ecr_image.image",
            "module.network.aws_iam_role.lambda_exec_role",
            "module.user_service_image.aws_ecr_lifecycle_policy.keep_last_3",
            "module.user_service_image.aws_ecr_repository.repo",
            "module.user_service_image.data.aws_caller_identity.me",
            "module.user_service_image.data.aws_ecr_authorization_token.ecr",
            "module.user_service_image.data.aws_ecr_repository.repo",
            "module.user_service_image.docker_image.app",
            "module.user_service_image.docker_registry_image.app",
            "module.user_service_image.local_file.version_file",
            "module.user_service_image.null_resource.ecr_login"
          ],
          "create_before_destroy": true
        }
      ]
    },
    {
      "module": "module.lambda_user_service",
      "mode": "managed",
      "type": "aws_lambda_permission",
      "name": "apigw_invoke",
      "provider": "provider[\"registry.terraform.io/hashicorp/aws\"]",
      "instances": [
        {
          "schema_version": 0,
          "attributes": {
            "action": "lambda:InvokeFunction",
            "event_source_token": null,
            "function_name": "goalsguild_user_service_dev",
            "function_url_auth_type": null,
            "id": "AllowInvokeFromAPIGW",
            "principal": "apigateway.amazonaws.com",
            "principal_org_id": null,
            "qualifier": "",
            "region": "us-east-2",
            "source_account": null,
            "source_arn": null,
            "statement_id": "AllowInvokeFromAPIGW",
            "statement_id_prefix": ""
          },
          "sensitive_attributes": [],
          "identity_schema_version": 0,
          "identity": {
            "account_id": "838284111015",
            "function_name": "goalsguild_user_service_dev",
            "qualifier": null,
            "region": "us-east-2",
            "statement_id": "AllowInvokeFromAPIGW"
          },
          "private": "bnVsbA==",
          "dependencies": [
            "module.lambda_user_service.aws_lambda_function.lambda_function",
            "module.lambda_user_service.data.aws_ecr_image.image",
            "module.network.aws_iam_role.lambda_exec_role",
            "module.user_service_image.aws_ecr_lifecycle_policy.keep_last_3",
            "module.user_service_image.aws_ecr_repository.repo",
            "module.user_service_image.data.aws_caller_identity.me",
            "module.user_service_image.data.aws_ecr_authorization_token.ecr",
            "module.user_service_image.data.aws_ecr_repository.repo",
            "module.user_service_image.docker_image.app",
            "module.user_service_image.docker_registry_image.app",
            "module.user_service_image.local_file.version_file",
            "module.user_service_image.null_resource.ecr_login"
          ]
        }
      ]
    },
    {
      "module": "module.network",
      "mode": "managed",
      "type": "aws_api_gateway_account",
      "name": "account",
      "provider": "module.network.provider[\"registry.terraform.io/hashicorp/aws\"]",
      "instances": [
        {
          "schema_version": 0,
          "attributes": {
            "api_key_version": "4",
            "cloudwatch_role_arn": "arn:aws:iam::838284111015:role/goalsguild_apigw_cloudwatch_role_dev",
            "features": [
              "UsagePlans"
            ],
            "id": "838284111015",
            "region": "us-east-2",
            "throttle_settings": [
              {
                "burst_limit": 5000,
                "rate_limit": 10000
              }
            ]
          },
          "sensitive_attributes": [],
          "identity_schema_version": 0,
          "dependencies": [
            "module.network.aws_iam_role.apigw_cloudwatch_role",
            "module.network.aws_iam_role_policy_attachment.apigw_push_to_cw"
          ]
        }
      ]
    },
    {
      "module": "module.network",
      "mode": "managed",
      "type": "aws_api_gateway_api_key",
      "name": "frontend_key",
      "provider": "module.network.provider[\"registry.terraform.io/hashicorp/aws\"]",
      "instances": [
        {
          "schema_version": 0,
          "attributes": {
            "arn": "arn:aws:apigateway:us-east-2::/apikeys/el5ycj1io7",
            "created_date": "2025-09-09T20:16:05Z",
            "customer_id": "",
            "description": "API key for frontend to call public REST endpoints",
            "enabled": true,
            "id": "el5ycj1io7",
            "last_updated_date": "2025-09-09T20:16:05Z",
            "name": "goalsguild_api_key_dev",
            "region": "us-east-2",
            "tags": null,
            "tags_all": {},
            "value": "beckp4hwrlq3ztxc7l2xbabhkwaag10r"
          },
          "sensitive_attributes": [
            [
              {
                "type": "get_attr",
                "value": "value"
              }
            ]
          ],
          "identity_schema_version": 0,
          "private": "bnVsbA==",
          "dependencies": [
            "module.network.random_string.apigw_api_key"
          ]
        }
      ]
    },
    {
      "module": "module.network",
      "mode": "managed",
      "type": "aws_api_gateway_authorizer",
      "name": "lambda_authorizer",
      "provider": "module.network.provider[\"registry.terraform.io/hashicorp/aws\"]",
      "instances": [
        {
          "schema_version": 0,
          "attributes": {
            "arn": "arn:aws:apigateway:us-east-2::/restapis/tuffc5cto8/authorizers/4pdi1f",
            "authorizer_credentials": "arn:aws:iam::838284111015:role/user-service-role",
            "authorizer_result_ttl_in_seconds": 300,
            "authorizer_uri": "arn:aws:apigateway:us-east-2:lambda:path/2015-03-31/functions/arn:aws:lambda:us-east-2:838284111015:function:goalsguild_authorizer_dev/invocations",
            "id": "4pdi1f",
            "identity_source": "method.request.header.Authorization",
            "identity_validation_expression": "",
            "name": "goalsguild_lambda_authorizer_dev",
            "provider_arns": [],
            "region": "us-east-2",
            "rest_api_id": "tuffc5cto8",
            "type": "TOKEN"
          },
          "sensitive_attributes": [],
          "identity_schema_version": 0,
          "private": "bnVsbA==",
          "dependencies": [
            "module.iam.aws_iam_role.lambda_authorizer_role",
            "module.lambda_authorizer.aws_lambda_function.this",
            "module.lambda_authorizer.data.archive_file.lambda_zip",
            "module.lambda_authorizer.null_resource.build_bash",
            "module.lambda_authorizer.null_resource.build_ps",
            "module.network.aws_api_gateway_rest_api.rest_api"
          ],
          "create_before_destroy": true
        }
      ]
    },
    {
      "module": "module.network",
      "mode": "managed",
      "type": "aws_api_gateway_deployment",
      "name": "rest_api_deployment",
      "provider": "module.network.provider[\"registry.terraform.io/hashicorp/aws\"]",
      "instances": [
        {
          "schema_version": 0,
          "attributes": {
            "created_date": "2025-09-09T20:17:08Z",
            "description": "",
            "id": "sntlp1",
            "region": "us-east-2",
            "rest_api_id": "tuffc5cto8",
            "triggers": {
              "redeploy": "7c43b23aea9b5aa323e0c2c9df358149c9b5a000"
            },
            "variables": null
          },
          "sensitive_attributes": [],
          "identity_schema_version": 0,
          "private": "bnVsbA==",
          "dependencies": [
            "module.iam.aws_iam_role.lambda_authorizer_role",
            "module.lambda_authorizer.aws_lambda_function.this",
            "module.lambda_authorizer.data.archive_file.lambda_zip",
            "module.lambda_authorizer.null_resource.build_bash",
            "module.lambda_authorizer.null_resource.build_ps",
            "module.lambda_quest_service.aws_lambda_function.lambda_function",
            "module.lambda_quest_service.data.aws_ecr_image.image",
            "module.lambda_user_service.aws_lambda_function.lambda_function",
            "module.lambda_user_service.data.aws_ecr_image.image",
            "module.network.aws_api_gateway_authorizer.lambda_authorizer",
            "module.network.aws_api_gateway_integration.health_get_integration",
            "module.network.aws_api_gateway_integration.quest_get_integration",
            "module.network.aws_api_gateway_integration.quest_post_integration",
            "module.network.aws_api_gateway_integration.user_login_google_options_integration",
            "module.network.aws_api_gateway_integration.user_login_google_post_integration",
            "module.network.aws_api_gateway_integration.user_login_options_integration",
            "module.network.aws_api_gateway_integration.user_login_post_integration",
            "module.network.aws_api_gateway_integration.user_logout_options_integration",
            "module.network.aws_api_gateway_integration.user_logout_post_integration",
            "module.network.aws_api_gateway_integration.user_signup_options_integration",
            "module.network.aws_api_gateway_integration.user_signup_post_integration",
            "module.network.aws_api_gateway_integration_response.user_login_google_options_200",
            "module.network.aws_api_gateway_integration_response.user_login_options_200",
            "module.network.aws_api_gateway_integration_response.user_logout_options_200",
            "module.network.aws_api_gateway_integration_response.user_signup_options_200",
            "module.network.aws_api_gateway_method.health_get",
            "module.network.aws_api_gateway_method.quest_get",
            "module.network.aws_api_gateway_method.quest_post",
            "module.network.aws_api_gateway_method.user_login_google_options",
            "module.network.aws_api_gateway_method.user_login_google_post",
            "module.network.aws_api_gateway_method.user_login_options",
            "module.network.aws_api_gateway_method.user_login_post",
            "module.network.aws_api_gateway_method.user_logout_options",
            "module.network.aws_api_gateway_method.user_logout_post",
            "module.network.aws_api_gateway_method.user_signup_options",
            "module.network.aws_api_gateway_method.user_signup_post",
            "module.network.aws_api_gateway_method_response.user_login_google_options_200",
            "module.network.aws_api_gateway_method_response.user_login_options_200",
            "module.network.aws_api_gateway_method_response.user_logout_options_200",
            "module.network.aws_api_gateway_method_response.user_signup_options_200",
            "module.network.aws_api_gateway_resource.quest_service_resource",
            "module.network.aws_api_gateway_resource.user_health_resource",
            "module.network.aws_api_gateway_resource.user_login_google_resource",
            "module.network.aws_api_gateway_resource.user_login_resource",
            "module.network.aws_api_gateway_resource.user_logout_resource",
            "module.network.aws_api_gateway_resource.user_service_resource",
            "module.network.aws_api_gateway_resource.user_signup_resource",
            "module.network.aws_api_gateway_rest_api.rest_api",
            "module.network.aws_iam_role.lambda_exec_role",
            "module.quest_service_image.aws_ecr_lifecycle_policy.keep_last_3",
            "module.quest_service_image.aws_ecr_repository.repo",
            "module.quest_service_image.data.aws_caller_identity.me",
            "module.quest_service_image.data.aws_ecr_authorization_token.ecr",
            "module.quest_service_image.data.aws_ecr_repository.repo",
            "module.quest_service_image.docker_image.app",
            "module.quest_service_image.docker_registry_image.app",
            "module.quest_service_image.local_file.version_file",
            "module.quest_service_image.null_resource.ecr_login",
            "module.user_service_image.aws_ecr_lifecycle_policy.keep_last_3",
            "module.user_service_image.aws_ecr_repository.repo",
            "module.user_service_image.data.aws_caller_identity.me",
            "module.user_service_image.data.aws_ecr_authorization_token.ecr",
            "module.user_service_image.data.aws_ecr_repository.repo",
            "module.user_service_image.docker_image.app",
            "module.user_service_image.docker_registry_image.app",
            "module.user_service_image.local_file.version_file",
            "module.user_service_image.null_resource.ecr_login"
          ],
          "create_before_destroy": true
        }
      ]
    },
    {
      "module": "module.network",
      "mode": "managed",
      "type": "aws_api_gateway_integration",
      "name": "health_get_integration",
      "provider": "module.network.provider[\"registry.terraform.io/hashicorp/aws\"]",
      "instances": [
        {
          "schema_version": 0,
          "attributes": {
            "cache_key_parameters": [],
            "cache_namespace": "vic8lk",
            "connection_id": "",
            "connection_type": "INTERNET",
            "content_handling": "",
            "credentials": "",
            "http_method": "GET",
            "id": "agi-tuffc5cto8-vic8lk-GET",
            "integration_http_method": "POST",
            "passthrough_behavior": "WHEN_NO_MATCH",
            "region": "us-east-2",
            "request_parameters": {},
            "request_templates": {},
            "resource_id": "vic8lk",
            "rest_api_id": "tuffc5cto8",
            "timeout_milliseconds": 29000,
            "tls_config": [],
            "type": "AWS_PROXY",
            "uri": "arn:aws:apigateway:us-east-2:lambda:path/2015-03-31/functions/arn:aws:lambda:us-east-2:838284111015:function:goalsguild_user_service_dev/invocations"
          },
          "sensitive_attributes": [],
          "identity_schema_version": 0,
          "private": "bnVsbA==",
          "dependencies": [
            "module.lambda_user_service.aws_lambda_function.lambda_function",
            "module.lambda_user_service.data.aws_ecr_image.image",
            "module.network.aws_api_gateway_method.health_get",
            "module.network.aws_api_gateway_resource.user_health_resource",
            "module.network.aws_api_gateway_rest_api.rest_api",
            "module.network.aws_iam_role.lambda_exec_role",
            "module.user_service_image.aws_ecr_lifecycle_policy.keep_last_3",
            "module.user_service_image.aws_ecr_repository.repo",
            "module.user_service_image.data.aws_caller_identity.me",
            "module.user_service_image.data.aws_ecr_authorization_token.ecr",
            "module.user_service_image.data.aws_ecr_repository.repo",
            "module.user_service_image.docker_image.app",
            "module.user_service_image.docker_registry_image.app",
            "module.user_service_image.local_file.version_file",
            "module.user_service_image.null_resource.ecr_login"
          ],
          "create_before_destroy": true
        }
      ]
    },
    {
      "module": "module.network",
      "mode": "managed",
      "type": "aws_api_gateway_integration",
      "name": "quest_get_integration",
      "provider": "module.network.provider[\"registry.terraform.io/hashicorp/aws\"]",
      "instances": [
        {
          "schema_version": 0,
          "attributes": {
            "cache_key_parameters": [],
            "cache_namespace": "964usg",
            "connection_id": "",
            "connection_type": "INTERNET",
            "content_handling": "",
            "credentials": "",
            "http_method": "GET",
            "id": "agi-tuffc5cto8-964usg-GET",
            "integration_http_method": "POST",
            "passthrough_behavior": "WHEN_NO_MATCH",
            "region": "us-east-2",
            "request_parameters": {},
            "request_templates": {},
            "resource_id": "964usg",
            "rest_api_id": "tuffc5cto8",
            "timeout_milliseconds": 29000,
            "tls_config": [],
            "type": "AWS_PROXY",
            "uri": "arn:aws:apigateway:us-east-2:lambda:path/2015-03-31/functions/arn:aws:lambda:us-east-2:838284111015:function:goalsguild_quest_service_dev/invocations"
          },
          "sensitive_attributes": [],
          "identity_schema_version": 0,
          "private": "bnVsbA==",
          "dependencies": [
            "module.iam.aws_iam_role.lambda_authorizer_role",
            "module.lambda_authorizer.aws_lambda_function.this",
            "module.lambda_authorizer.data.archive_file.lambda_zip",
            "module.lambda_authorizer.null_resource.build_bash",
            "module.lambda_authorizer.null_resource.build_ps",
            "module.lambda_quest_service.aws_lambda_function.lambda_function",
            "module.lambda_quest_service.data.aws_ecr_image.image",
            "module.network.aws_api_gateway_authorizer.lambda_authorizer",
            "module.network.aws_api_gateway_method.quest_get",
            "module.network.aws_api_gateway_resource.quest_service_resource",
            "module.network.aws_api_gateway_rest_api.rest_api",
            "module.network.aws_iam_role.lambda_exec_role",
            "module.quest_service_image.aws_ecr_lifecycle_policy.keep_last_3",
            "module.quest_service_image.aws_ecr_repository.repo",
            "module.quest_service_image.data.aws_caller_identity.me",
            "module.quest_service_image.data.aws_ecr_authorization_token.ecr",
            "module.quest_service_image.data.aws_ecr_repository.repo",
            "module.quest_service_image.docker_image.app",
            "module.quest_service_image.docker_registry_image.app",
            "module.quest_service_image.local_file.version_file",
            "module.quest_service_image.null_resource.ecr_login"
          ],
          "create_before_destroy": true
        }
      ]
    },
    {
      "module": "module.network",
      "mode": "managed",
      "type": "aws_api_gateway_integration",
      "name": "quest_post_integration",
      "provider": "module.network.provider[\"registry.terraform.io/hashicorp/aws\"]",
      "instances": [
        {
          "schema_version": 0,
          "attributes": {
            "cache_key_parameters": [],
            "cache_namespace": "964usg",
            "connection_id": "",
            "connection_type": "INTERNET",
            "content_handling": "",
            "credentials": "",
            "http_method": "POST",
            "id": "agi-tuffc5cto8-964usg-POST",
            "integration_http_method": "POST",
            "passthrough_behavior": "WHEN_NO_MATCH",
            "region": "us-east-2",
            "request_parameters": {},
            "request_templates": {},
            "resource_id": "964usg",
            "rest_api_id": "tuffc5cto8",
            "timeout_milliseconds": 29000,
            "tls_config": [],
            "type": "AWS_PROXY",
            "uri": "arn:aws:apigateway:us-east-2:lambda:path/2015-03-31/functions/arn:aws:lambda:us-east-2:838284111015:function:goalsguild_quest_service_dev/invocations"
          },
          "sensitive_attributes": [],
          "identity_schema_version": 0,
          "private": "bnVsbA==",
          "dependencies": [
            "module.iam.aws_iam_role.lambda_authorizer_role",
            "module.lambda_authorizer.aws_lambda_function.this",
            "module.lambda_authorizer.data.archive_file.lambda_zip",
            "module.lambda_authorizer.null_resource.build_bash",
            "module.lambda_authorizer.null_resource.build_ps",
            "module.lambda_quest_service.aws_lambda_function.lambda_function",
            "module.lambda_quest_service.data.aws_ecr_image.image",
            "module.network.aws_api_gateway_authorizer.lambda_authorizer",
            "module.network.aws_api_gateway_method.quest_post",
            "module.network.aws_api_gateway_resource.quest_service_resource",
            "module.network.aws_api_gateway_rest_api.rest_api",
            "module.network.aws_iam_role.lambda_exec_role",
            "module.quest_service_image.aws_ecr_lifecycle_policy.keep_last_3",
            "module.quest_service_image.aws_ecr_repository.repo",
            "module.quest_service_image.data.aws_caller_identity.me",
            "module.quest_service_image.data.aws_ecr_authorization_token.ecr",
            "module.quest_service_image.data.aws_ecr_repository.repo",
            "module.quest_service_image.docker_image.app",
            "module.quest_service_image.docker_registry_image.app",
            "module.quest_service_image.local_file.version_file",
            "module.quest_service_image.null_resource.ecr_login"
          ],
          "create_before_destroy": true
        }
      ]
    },
    {
      "module": "module.network",
      "mode": "managed",
      "type": "aws_api_gateway_integration",
      "name": "user_login_google_options_integration",
      "provider": "module.network.provider[\"registry.terraform.io/hashicorp/aws\"]",
      "instances": [
        {
          "schema_version": 0,
          "attributes": {
            "cache_key_parameters": null,
            "cache_namespace": "cohdvg",
            "connection_id": "",
            "connection_type": "INTERNET",
            "content_handling": "",
            "credentials": "",
            "http_method": "OPTIONS",
            "id": "agi-tuffc5cto8-cohdvg-OPTIONS",
            "integration_http_method": "",
            "passthrough_behavior": "WHEN_NO_MATCH",
            "region": "us-east-2",
            "request_parameters": null,
            "request_templates": {
              "application/json": "{\"statusCode\": 200}"
            },
            "resource_id": "cohdvg",
            "rest_api_id": "tuffc5cto8",
            "timeout_milliseconds": 29000,
            "tls_config": [],
            "type": "MOCK",
            "uri": ""
          },
          "sensitive_attributes": [],
          "identity_schema_version": 0,
          "private": "bnVsbA==",
          "dependencies": [
            "module.network.aws_api_gateway_method.user_login_google_options",
            "module.network.aws_api_gateway_resource.user_login_google_resource",
            "module.network.aws_api_gateway_resource.user_login_resource",
            "module.network.aws_api_gateway_resource.user_service_resource",
            "module.network.aws_api_gateway_rest_api.rest_api"
          ],
          "create_before_destroy": true
        }
      ]
    },
    {
      "module": "module.network",
      "mode": "managed",
      "type": "aws_api_gateway_integration",
      "name": "user_login_google_post_integration",
      "provider": "module.network.provider[\"registry.terraform.io/hashicorp/aws\"]",
      "instances": [
        {
          "schema_version": 0,
          "attributes": {
            "cache_key_parameters": [],
            "cache_namespace": "cohdvg",
            "connection_id": "",
            "connection_type": "INTERNET",
            "content_handling": "",
            "credentials": "",
            "http_method": "POST",
            "id": "agi-tuffc5cto8-cohdvg-POST",
            "integration_http_method": "POST",
            "passthrough_behavior": "WHEN_NO_MATCH",
            "region": "us-east-2",
            "request_parameters": {},
            "request_templates": {},
            "resource_id": "cohdvg",
            "rest_api_id": "tuffc5cto8",
            "timeout_milliseconds": 29000,
            "tls_config": [],
            "type": "AWS_PROXY",
            "uri": "arn:aws:apigateway:us-east-2:lambda:path/2015-03-31/functions/arn:aws:lambda:us-east-2:838284111015:function:goalsguild_user_service_dev/invocations"
          },
          "sensitive_attributes": [],
          "identity_schema_version": 0,
          "private": "bnVsbA==",
          "dependencies": [
            "module.lambda_user_service.aws_lambda_function.lambda_function",
            "module.lambda_user_service.data.aws_ecr_image.image",
            "module.network.aws_api_gateway_method.user_login_google_post",
            "module.network.aws_api_gateway_resource.user_login_google_resource",
            "module.network.aws_api_gateway_resource.user_login_resource",
            "module.network.aws_api_gateway_resource.user_service_resource",
            "module.network.aws_api_gateway_rest_api.rest_api",
            "module.network.aws_iam_role.lambda_exec_role",
            "module.user_service_image.aws_ecr_lifecycle_policy.keep_last_3",
            "module.user_service_image.aws_ecr_repository.repo",
            "module.user_service_image.data.aws_caller_identity.me",
            "module.user_service_image.data.aws_ecr_authorization_token.ecr",
            "module.user_service_image.data.aws_ecr_repository.repo",
            "module.user_service_image.docker_image.app",
            "module.user_service_image.docker_registry_image.app",
            "module.user_service_image.local_file.version_file",
            "module.user_service_image.null_resource.ecr_login"
          ],
          "create_before_destroy": true
        }
      ]
    },
    {
      "module": "module.network",
      "mode": "managed",
      "type": "aws_api_gateway_integration",
      "name": "user_login_options_integration",
      "provider": "module.network.provider[\"registry.terraform.io/hashicorp/aws\"]",
      "instances": [
        {
          "schema_version": 0,
          "attributes": {
            "cache_key_parameters": null,
            "cache_namespace": "pro461",
            "connection_id": "",
            "connection_type": "INTERNET",
            "content_handling": "",
            "credentials": "",
            "http_method": "OPTIONS",
            "id": "agi-tuffc5cto8-pro461-OPTIONS",
            "integration_http_method": "",
            "passthrough_behavior": "WHEN_NO_MATCH",
            "region": "us-east-2",
            "request_parameters": null,
            "request_templates": {
              "application/json": "{\"statusCode\": 200}"
            },
            "resource_id": "pro461",
            "rest_api_id": "tuffc5cto8",
            "timeout_milliseconds": 29000,
            "tls_config": [],
            "type": "MOCK",
            "uri": ""
          },
          "sensitive_attributes": [],
          "identity_schema_version": 0,
          "private": "bnVsbA==",
          "dependencies": [
            "module.network.aws_api_gateway_method.user_login_options",
            "module.network.aws_api_gateway_resource.user_login_resource",
            "module.network.aws_api_gateway_resource.user_service_resource",
            "module.network.aws_api_gateway_rest_api.rest_api"
          ],
          "create_before_destroy": true
        }
      ]
    },
    {
      "module": "module.network",
      "mode": "managed",
      "type": "aws_api_gateway_integration",
      "name": "user_login_post_integration",
      "provider": "module.network.provider[\"registry.terraform.io/hashicorp/aws\"]",
      "instances": [
        {
          "schema_version": 0,
          "attributes": {
            "cache_key_parameters": [],
            "cache_namespace": "pro461",
            "connection_id": "",
            "connection_type": "INTERNET",
            "content_handling": "",
            "credentials": "",
            "http_method": "POST",
            "id": "agi-tuffc5cto8-pro461-POST",
            "integration_http_method": "POST",
            "passthrough_behavior": "WHEN_NO_MATCH",
            "region": "us-east-2",
            "request_parameters": {},
            "request_templates": {},
            "resource_id": "pro461",
            "rest_api_id": "tuffc5cto8",
            "timeout_milliseconds": 29000,
            "tls_config": [],
            "type": "AWS_PROXY",
            "uri": "arn:aws:apigateway:us-east-2:lambda:path/2015-03-31/functions/arn:aws:lambda:us-east-2:838284111015:function:goalsguild_user_service_dev/invocations"
          },
          "sensitive_attributes": [],
          "identity_schema_version": 0,
          "private": "bnVsbA==",
          "dependencies": [
            "module.lambda_user_service.aws_lambda_function.lambda_function",
            "module.lambda_user_service.data.aws_ecr_image.image",
            "module.network.aws_api_gateway_method.user_login_post",
            "module.network.aws_api_gateway_resource.user_login_resource",
            "module.network.aws_api_gateway_resource.user_service_resource",
            "module.network.aws_api_gateway_rest_api.rest_api",
            "module.network.aws_iam_role.lambda_exec_role",
            "module.user_service_image.aws_ecr_lifecycle_policy.keep_last_3",
            "module.user_service_image.aws_ecr_repository.repo",
            "module.user_service_image.data.aws_caller_identity.me",
            "module.user_service_image.data.aws_ecr_authorization_token.ecr",
            "module.user_service_image.data.aws_ecr_repository.repo",
            "module.user_service_image.docker_image.app",
            "module.user_service_image.docker_registry_image.app",
            "module.user_service_image.local_file.version_file",
            "module.user_service_image.null_resource.ecr_login"
          ],
          "create_before_destroy": true
        }
      ]
    },
    {
      "module": "module.network",
      "mode": "managed",
      "type": "aws_api_gateway_integration",
      "name": "user_logout_options_integration",
      "provider": "module.network.provider[\"registry.terraform.io/hashicorp/aws\"]",
      "instances": [
        {
          "schema_version": 0,
          "attributes": {
            "cache_key_parameters": null,
            "cache_namespace": "2v2rqb",
            "connection_id": "",
            "connection_type": "INTERNET",
            "content_handling": "",
            "credentials": "",
            "http_method": "OPTIONS",
            "id": "agi-tuffc5cto8-2v2rqb-OPTIONS",
            "integration_http_method": "",
            "passthrough_behavior": "WHEN_NO_MATCH",
            "region": "us-east-2",
            "request_parameters": null,
            "request_templates": {
              "application/json": "{\"statusCode\": 200}"
            },
            "resource_id": "2v2rqb",
            "rest_api_id": "tuffc5cto8",
            "timeout_milliseconds": 29000,
            "tls_config": [],
            "type": "MOCK",
            "uri": ""
          },
          "sensitive_attributes": [],
          "identity_schema_version": 0,
          "private": "bnVsbA==",
          "dependencies": [
            "module.network.aws_api_gateway_method.user_logout_options",
            "module.network.aws_api_gateway_resource.user_logout_resource",
            "module.network.aws_api_gateway_resource.user_service_resource",
            "module.network.aws_api_gateway_rest_api.rest_api"
          ],
          "create_before_destroy": true
        }
      ]
    },
    {
      "module": "module.network",
      "mode": "managed",
      "type": "aws_api_gateway_integration",
      "name": "user_logout_post_integration",
      "provider": "module.network.provider[\"registry.terraform.io/hashicorp/aws\"]",
      "instances": [
        {
          "schema_version": 0,
          "attributes": {
            "cache_key_parameters": [],
            "cache_namespace": "2v2rqb",
            "connection_id": "",
            "connection_type": "INTERNET",
            "content_handling": "",
            "credentials": "",
            "http_method": "POST",
            "id": "agi-tuffc5cto8-2v2rqb-POST",
            "integration_http_method": "POST",
            "passthrough_behavior": "WHEN_NO_MATCH",
            "region": "us-east-2",
            "request_parameters": {},
            "request_templates": {},
            "resource_id": "2v2rqb",
            "rest_api_id": "tuffc5cto8",
            "timeout_milliseconds": 29000,
            "tls_config": [],
            "type": "AWS_PROXY",
            "uri": "arn:aws:apigateway:us-east-2:lambda:path/2015-03-31/functions/arn:aws:lambda:us-east-2:838284111015:function:goalsguild_user_service_dev/invocations"
          },
          "sensitive_attributes": [],
          "identity_schema_version": 0,
          "private": "bnVsbA==",
          "dependencies": [
            "module.iam.aws_iam_role.lambda_authorizer_role",
            "module.lambda_authorizer.aws_lambda_function.this",
            "module.lambda_authorizer.data.archive_file.lambda_zip",
            "module.lambda_authorizer.null_resource.build_bash",
            "module.lambda_authorizer.null_resource.build_ps",
            "module.lambda_user_service.aws_lambda_function.lambda_function",
            "module.lambda_user_service.data.aws_ecr_image.image",
            "module.network.aws_api_gateway_authorizer.lambda_authorizer",
            "module.network.aws_api_gateway_method.user_logout_post",
            "module.network.aws_api_gateway_resource.user_logout_resource",
            "module.network.aws_api_gateway_resource.user_service_resource",
            "module.network.aws_api_gateway_rest_api.rest_api",
            "module.network.aws_iam_role.lambda_exec_role",
            "module.user_service_image.aws_ecr_lifecycle_policy.keep_last_3",
            "module.user_service_image.aws_ecr_repository.repo",
            "module.user_service_image.data.aws_caller_identity.me",
            "module.user_service_image.data.aws_ecr_authorization_token.ecr",
            "module.user_service_image.data.aws_ecr_repository.repo",
            "module.user_service_image.docker_image.app",
            "module.user_service_image.docker_registry_image.app",
            "module.user_service_image.local_file.version_file",
            "module.user_service_image.null_resource.ecr_login"
          ],
          "create_before_destroy": true
        }
      ]
    },
    {
      "module": "module.network",
      "mode": "managed",
      "type": "aws_api_gateway_integration",
      "name": "user_signup_options_integration",
      "provider": "module.network.provider[\"registry.terraform.io/hashicorp/aws\"]",
      "instances": [
        {
          "schema_version": 0,
          "attributes": {
            "cache_key_parameters": null,
            "cache_namespace": "twlo18",
            "connection_id": "",
            "connection_type": "INTERNET",
            "content_handling": "",
            "credentials": "",
            "http_method": "OPTIONS",
            "id": "agi-tuffc5cto8-twlo18-OPTIONS",
            "integration_http_method": "",
            "passthrough_behavior": "WHEN_NO_MATCH",
            "region": "us-east-2",
            "request_parameters": null,
            "request_templates": {
              "application/json": "{\"statusCode\": 200}"
            },
            "resource_id": "twlo18",
            "rest_api_id": "tuffc5cto8",
            "timeout_milliseconds": 29000,
            "tls_config": [],
            "type": "MOCK",
            "uri": ""
          },
          "sensitive_attributes": [],
          "identity_schema_version": 0,
          "private": "bnVsbA==",
          "dependencies": [
            "module.network.aws_api_gateway_method.user_signup_options",
            "module.network.aws_api_gateway_resource.user_service_resource",
            "module.network.aws_api_gateway_resource.user_signup_resource",
            "module.network.aws_api_gateway_rest_api.rest_api"
          ],
          "create_before_destroy": true
        }
      ]
    },
    {
      "module": "module.network",
      "mode": "managed",
      "type": "aws_api_gateway_integration",
      "name": "user_signup_post_integration",
      "provider": "module.network.provider[\"registry.terraform.io/hashicorp/aws\"]",
      "instances": [
        {
          "schema_version": 0,
          "attributes": {
            "cache_key_parameters": [],
            "cache_namespace": "twlo18",
            "connection_id": "",
            "connection_type": "INTERNET",
            "content_handling": "",
            "credentials": "",
            "http_method": "POST",
            "id": "agi-tuffc5cto8-twlo18-POST",
            "integration_http_method": "POST",
            "passthrough_behavior": "WHEN_NO_MATCH",
            "region": "us-east-2",
            "request_parameters": {},
            "request_templates": {},
            "resource_id": "twlo18",
            "rest_api_id": "tuffc5cto8",
            "timeout_milliseconds": 29000,
            "tls_config": [],
            "type": "AWS_PROXY",
            "uri": "arn:aws:apigateway:us-east-2:lambda:path/2015-03-31/functions/arn:aws:lambda:us-east-2:838284111015:function:goalsguild_user_service_dev/invocations"
          },
          "sensitive_attributes": [],
          "identity_schema_version": 0,
          "private": "bnVsbA==",
          "dependencies": [
            "module.lambda_user_service.aws_lambda_function.lambda_function",
            "module.lambda_user_service.data.aws_ecr_image.image",
            "module.network.aws_api_gateway_method.user_signup_post",
            "module.network.aws_api_gateway_resource.user_service_resource",
            "module.network.aws_api_gateway_resource.user_signup_resource",
            "module.network.aws_api_gateway_rest_api.rest_api",
            "module.network.aws_iam_role.lambda_exec_role",
            "module.user_service_image.aws_ecr_lifecycle_policy.keep_last_3",
            "module.user_service_image.aws_ecr_repository.repo",
            "module.user_service_image.data.aws_caller_identity.me",
            "module.user_service_image.data.aws_ecr_authorization_token.ecr",
            "module.user_service_image.data.aws_ecr_repository.repo",
            "module.user_service_image.docker_image.app",
            "module.user_service_image.docker_registry_image.app",
            "module.user_service_image.local_file.version_file",
            "module.user_service_image.null_resource.ecr_login"
          ],
          "create_before_destroy": true
        }
      ]
    },
    {
      "module": "module.network",
      "mode": "managed",
      "type": "aws_api_gateway_integration_response",
      "name": "user_login_google_options_200",
      "provider": "module.network.provider[\"registry.terraform.io/hashicorp/aws\"]",
      "instances": [
        {
          "schema_version": 0,
          "attributes": {
            "content_handling": "",
            "http_method": "OPTIONS",
            "id": "agir-tuffc5cto8-cohdvg-OPTIONS-200",
            "region": "us-east-2",
            "resource_id": "cohdvg",
            "response_parameters": {
              "method.response.header.Access-Control-Allow-Headers": "'Content-Type,Authorization,X-Amz-Date,X-Api-Key,X-Amz-Security-Token'",
              "method.response.header.Access-Control-Allow-Methods": "'OPTIONS,POST'",
              "method.response.header.Access-Control-Allow-Origin": "'*'"
            },
            "response_templates": {
              "application/json": ""
            },
            "rest_api_id": "tuffc5cto8",
            "selection_pattern": "",
            "status_code": "200"
          },
          "sensitive_attributes": [],
          "identity_schema_version": 0,
          "private": "bnVsbA==",
          "dependencies": [
            "module.network.aws_api_gateway_integration.user_login_google_options_integration",
            "module.network.aws_api_gateway_method.user_login_google_options",
            "module.network.aws_api_gateway_resource.user_login_google_resource",
            "module.network.aws_api_gateway_resource.user_login_resource",
            "module.network.aws_api_gateway_resource.user_service_resource",
            "module.network.aws_api_gateway_rest_api.rest_api"
          ],
          "create_before_destroy": true
        }
      ]
    },
    {
      "module": "module.network",
      "mode": "managed",
      "type": "aws_api_gateway_integration_response",
      "name": "user_login_options_200",
      "provider": "module.network.provider[\"registry.terraform.io/hashicorp/aws\"]",
      "instances": [
        {
          "schema_version": 0,
          "attributes": {
            "content_handling": "",
            "http_method": "OPTIONS",
            "id": "agir-tuffc5cto8-pro461-OPTIONS-200",
            "region": "us-east-2",
            "resource_id": "pro461",
            "response_parameters": {
              "method.response.header.Access-Control-Allow-Headers": "'Content-Type,Authorization,X-Amz-Date,X-Api-Key,X-Amz-Security-Token'",
              "method.response.header.Access-Control-Allow-Methods": "'OPTIONS,POST'",
              "method.response.header.Access-Control-Allow-Origin": "'*'"
            },
            "response_templates": {
              "application/json": ""
            },
            "rest_api_id": "tuffc5cto8",
            "selection_pattern": "",
            "status_code": "200"
          },
          "sensitive_attributes": [],
          "identity_schema_version": 0,
          "private": "bnVsbA==",
          "dependencies": [
            "module.network.aws_api_gateway_integration.user_login_options_integration",
            "module.network.aws_api_gateway_method.user_login_options",
            "module.network.aws_api_gateway_resource.user_login_resource",
            "module.network.aws_api_gateway_resource.user_service_resource",
            "module.network.aws_api_gateway_rest_api.rest_api"
          ],
          "create_before_destroy": true
        }
      ]
    },
    {
      "module": "module.network",
      "mode": "managed",
      "type": "aws_api_gateway_integration_response",
      "name": "user_logout_options_200",
      "provider": "module.network.provider[\"registry.terraform.io/hashicorp/aws\"]",
      "instances": [
        {
          "schema_version": 0,
          "attributes": {
            "content_handling": "",
            "http_method": "OPTIONS",
            "id": "agir-tuffc5cto8-2v2rqb-OPTIONS-200",
            "region": "us-east-2",
            "resource_id": "2v2rqb",
            "response_parameters": {
              "method.response.header.Access-Control-Allow-Headers": "'Content-Type,Authorization,X-Amz-Date,X-Api-Key,X-Amz-Security-Token'",
              "method.response.header.Access-Control-Allow-Methods": "'OPTIONS,POST'",
              "method.response.header.Access-Control-Allow-Origin": "'*'"
            },
            "response_templates": {
              "application/json": ""
            },
            "rest_api_id": "tuffc5cto8",
            "selection_pattern": "",
            "status_code": "200"
          },
          "sensitive_attributes": [],
          "identity_schema_version": 0,
          "private": "bnVsbA==",
          "dependencies": [
            "module.network.aws_api_gateway_integration.user_logout_options_integration",
            "module.network.aws_api_gateway_method.user_logout_options",
            "module.network.aws_api_gateway_resource.user_logout_resource",
            "module.network.aws_api_gateway_resource.user_service_resource",
            "module.network.aws_api_gateway_rest_api.rest_api"
          ],
          "create_before_destroy": true
        }
      ]
    },
    {
      "module": "module.network",
      "mode": "managed",
      "type": "aws_api_gateway_integration_response",
      "name": "user_signup_options_200",
      "provider": "module.network.provider[\"registry.terraform.io/hashicorp/aws\"]",
      "instances": [
        {
          "schema_version": 0,
          "attributes": {
            "content_handling": "",
            "http_method": "OPTIONS",
            "id": "agir-tuffc5cto8-twlo18-OPTIONS-200",
            "region": "us-east-2",
            "resource_id": "twlo18",
            "response_parameters": {
              "method.response.header.Access-Control-Allow-Headers": "'Content-Type,Authorization,X-Amz-Date,X-Api-Key,X-Amz-Security-Token'",
              "method.response.header.Access-Control-Allow-Methods": "'OPTIONS,POST'",
              "method.response.header.Access-Control-Allow-Origin": "'*'"
            },
            "response_templates": {
              "application/json": ""
            },
            "rest_api_id": "tuffc5cto8",
            "selection_pattern": "",
            "status_code": "200"
          },
          "sensitive_attributes": [],
          "identity_schema_version": 0,
          "private": "bnVsbA==",
          "dependencies": [
            "module.network.aws_api_gateway_integration.user_signup_options_integration",
            "module.network.aws_api_gateway_method.user_signup_options",
            "module.network.aws_api_gateway_resource.user_service_resource",
            "module.network.aws_api_gateway_resource.user_signup_resource",
            "module.network.aws_api_gateway_rest_api.rest_api"
          ],
          "create_before_destroy": true
        }
      ]
    },
    {
      "module": "module.network",
      "mode": "managed",
      "type": "aws_api_gateway_method",
      "name": "health_get",
      "provider": "module.network.provider[\"registry.terraform.io/hashicorp/aws\"]",
      "instances": [
        {
          "schema_version": 0,
          "attributes": {
            "api_key_required": true,
            "authorization": "NONE",
            "authorization_scopes": [],
            "authorizer_id": "",
            "http_method": "GET",
            "id": "agm-tuffc5cto8-vic8lk-GET",
            "operation_name": "",
            "region": "us-east-2",
            "request_models": {},
            "request_parameters": {},
            "request_validator_id": "",
            "resource_id": "vic8lk",
            "rest_api_id": "tuffc5cto8"
          },
          "sensitive_attributes": [],
          "identity_schema_version": 0,
          "private": "bnVsbA==",
          "dependencies": [
            "module.network.aws_api_gateway_resource.user_health_resource",
            "module.network.aws_api_gateway_rest_api.rest_api"
          ],
          "create_before_destroy": true
        }
      ]
    },
    {
      "module": "module.network",
      "mode": "managed",
      "type": "aws_api_gateway_method",
      "name": "quest_get",
      "provider": "module.network.provider[\"registry.terraform.io/hashicorp/aws\"]",
      "instances": [
        {
          "schema_version": 0,
          "attributes": {
            "api_key_required": false,
            "authorization": "CUSTOM",
            "authorization_scopes": [],
            "authorizer_id": "4pdi1f",
            "http_method": "GET",
            "id": "agm-tuffc5cto8-964usg-GET",
            "operation_name": "",
            "region": "us-east-2",
            "request_models": {},
            "request_parameters": {},
            "request_validator_id": "",
            "resource_id": "964usg",
            "rest_api_id": "tuffc5cto8"
          },
          "sensitive_attributes": [],
          "identity_schema_version": 0,
          "private": "bnVsbA==",
          "dependencies": [
            "module.iam.aws_iam_role.lambda_authorizer_role",
            "module.lambda_authorizer.aws_lambda_function.this",
            "module.lambda_authorizer.data.archive_file.lambda_zip",
            "module.lambda_authorizer.null_resource.build_bash",
            "module.lambda_authorizer.null_resource.build_ps",
            "module.network.aws_api_gateway_authorizer.lambda_authorizer",
            "module.network.aws_api_gateway_resource.quest_service_resource",
            "module.network.aws_api_gateway_rest_api.rest_api"
          ],
          "create_before_destroy": true
        }
      ]
    },
    {
      "module": "module.network",
      "mode": "managed",
      "type": "aws_api_gateway_method",
      "name": "quest_post",
      "provider": "module.network.provider[\"registry.terraform.io/hashicorp/aws\"]",
      "instances": [
        {
          "schema_version": 0,
          "attributes": {
            "api_key_required": false,
            "authorization": "CUSTOM",
            "authorization_scopes": [],
            "authorizer_id": "4pdi1f",
            "http_method": "POST",
            "id": "agm-tuffc5cto8-964usg-POST",
            "operation_name": "",
            "region": "us-east-2",
            "request_models": {},
            "request_parameters": {},
            "request_validator_id": "",
            "resource_id": "964usg",
            "rest_api_id": "tuffc5cto8"
          },
          "sensitive_attributes": [],
          "identity_schema_version": 0,
          "private": "bnVsbA==",
          "dependencies": [
            "module.iam.aws_iam_role.lambda_authorizer_role",
            "module.lambda_authorizer.aws_lambda_function.this",
            "module.lambda_authorizer.data.archive_file.lambda_zip",
            "module.lambda_authorizer.null_resource.build_bash",
            "module.lambda_authorizer.null_resource.build_ps",
            "module.network.aws_api_gateway_authorizer.lambda_authorizer",
            "module.network.aws_api_gateway_resource.quest_service_resource",
            "module.network.aws_api_gateway_rest_api.rest_api"
          ],
          "create_before_destroy": true
        }
      ]
    },
    {
      "module": "module.network",
      "mode": "managed",
      "type": "aws_api_gateway_method",
      "name": "user_login_google_options",
      "provider": "module.network.provider[\"registry.terraform.io/hashicorp/aws\"]",
      "instances": [
        {
          "schema_version": 0,
          "attributes": {
            "api_key_required": false,
            "authorization": "NONE",
            "authorization_scopes": [],
            "authorizer_id": "",
            "http_method": "OPTIONS",
            "id": "agm-tuffc5cto8-cohdvg-OPTIONS",
            "operation_name": "",
            "region": "us-east-2",
            "request_models": {},
            "request_parameters": {},
            "request_validator_id": "",
            "resource_id": "cohdvg",
            "rest_api_id": "tuffc5cto8"
          },
          "sensitive_attributes": [],
          "identity_schema_version": 0,
          "private": "bnVsbA==",
          "dependencies": [
            "module.network.aws_api_gateway_resource.user_login_google_resource",
            "module.network.aws_api_gateway_resource.user_login_resource",
            "module.network.aws_api_gateway_resource.user_service_resource",
            "module.network.aws_api_gateway_rest_api.rest_api"
          ],
          "create_before_destroy": true
        }
      ]
    },
    {
      "module": "module.network",
      "mode": "managed",
      "type": "aws_api_gateway_method",
      "name": "user_login_google_post",
      "provider": "module.network.provider[\"registry.terraform.io/hashicorp/aws\"]",
      "instances": [
        {
          "schema_version": 0,
          "attributes": {
            "api_key_required": true,
            "authorization": "NONE",
            "authorization_scopes": [],
            "authorizer_id": "",
            "http_method": "POST",
            "id": "agm-tuffc5cto8-cohdvg-POST",
            "operation_name": "",
            "region": "us-east-2",
            "request_models": {},
            "request_parameters": {},
            "request_validator_id": "",
            "resource_id": "cohdvg",
            "rest_api_id": "tuffc5cto8"
          },
          "sensitive_attributes": [],
          "identity_schema_version": 0,
          "private": "bnVsbA==",
          "dependencies": [
            "module.network.aws_api_gateway_resource.user_login_google_resource",
            "module.network.aws_api_gateway_resource.user_login_resource",
            "module.network.aws_api_gateway_resource.user_service_resource",
            "module.network.aws_api_gateway_rest_api.rest_api"
          ],
          "create_before_destroy": true
        }
      ]
    },
    {
      "module": "module.network",
      "mode": "managed",
      "type": "aws_api_gateway_method",
      "name": "user_login_options",
      "provider": "module.network.provider[\"registry.terraform.io/hashicorp/aws\"]",
      "instances": [
        {
          "schema_version": 0,
          "attributes": {
            "api_key_required": false,
            "authorization": "NONE",
            "authorization_scopes": [],
            "authorizer_id": "",
            "http_method": "OPTIONS",
            "id": "agm-tuffc5cto8-pro461-OPTIONS",
            "operation_name": "",
            "region": "us-east-2",
            "request_models": {},
            "request_parameters": {},
            "request_validator_id": "",
            "resource_id": "pro461",
            "rest_api_id": "tuffc5cto8"
          },
          "sensitive_attributes": [],
          "identity_schema_version": 0,
          "private": "bnVsbA==",
          "dependencies": [
            "module.network.aws_api_gateway_resource.user_login_resource",
            "module.network.aws_api_gateway_resource.user_service_resource",
            "module.network.aws_api_gateway_rest_api.rest_api"
          ],
          "create_before_destroy": true
        }
      ]
    },
    {
      "module": "module.network",
      "mode": "managed",
      "type": "aws_api_gateway_method",
      "name": "user_login_post",
      "provider": "module.network.provider[\"registry.terraform.io/hashicorp/aws\"]",
      "instances": [
        {
          "schema_version": 0,
          "attributes": {
            "api_key_required": true,
            "authorization": "NONE",
            "authorization_scopes": [],
            "authorizer_id": "",
            "http_method": "POST",
            "id": "agm-tuffc5cto8-pro461-POST",
            "operation_name": "",
            "region": "us-east-2",
            "request_models": {},
            "request_parameters": {},
            "request_validator_id": "",
            "resource_id": "pro461",
            "rest_api_id": "tuffc5cto8"
          },
          "sensitive_attributes": [],
          "identity_schema_version": 0,
          "private": "bnVsbA==",
          "dependencies": [
            "module.network.aws_api_gateway_resource.user_login_resource",
            "module.network.aws_api_gateway_resource.user_service_resource",
            "module.network.aws_api_gateway_rest_api.rest_api"
          ],
          "create_before_destroy": true
        }
      ]
    },
    {
      "module": "module.network",
      "mode": "managed",
      "type": "aws_api_gateway_method",
      "name": "user_logout_options",
      "provider": "module.network.provider[\"registry.terraform.io/hashicorp/aws\"]",
      "instances": [
        {
          "schema_version": 0,
          "attributes": {
            "api_key_required": false,
            "authorization": "NONE",
            "authorization_scopes": [],
            "authorizer_id": "",
            "http_method": "OPTIONS",
            "id": "agm-tuffc5cto8-2v2rqb-OPTIONS",
            "operation_name": "",
            "region": "us-east-2",
            "request_models": {},
            "request_parameters": {},
            "request_validator_id": "",
            "resource_id": "2v2rqb",
            "rest_api_id": "tuffc5cto8"
          },
          "sensitive_attributes": [],
          "identity_schema_version": 0,
          "private": "bnVsbA==",
          "dependencies": [
            "module.network.aws_api_gateway_resource.user_logout_resource",
            "module.network.aws_api_gateway_resource.user_service_resource",
            "module.network.aws_api_gateway_rest_api.rest_api"
          ],
          "create_before_destroy": true
        }
      ]
    },
    {
      "module": "module.network",
      "mode": "managed",
      "type": "aws_api_gateway_method",
      "name": "user_logout_post",
      "provider": "module.network.provider[\"registry.terraform.io/hashicorp/aws\"]",
      "instances": [
        {
          "schema_version": 0,
          "attributes": {
            "api_key_required": false,
            "authorization": "CUSTOM",
            "authorization_scopes": [],
            "authorizer_id": "4pdi1f",
            "http_method": "POST",
            "id": "agm-tuffc5cto8-2v2rqb-POST",
            "operation_name": "",
            "region": "us-east-2",
            "request_models": {},
            "request_parameters": {},
            "request_validator_id": "",
            "resource_id": "2v2rqb",
            "rest_api_id": "tuffc5cto8"
          },
          "sensitive_attributes": [],
          "identity_schema_version": 0,
          "private": "eyJzY2hlbWFfdmVyc2lvbiI6IjAifQ==",
          "dependencies": [
            "module.iam.aws_iam_role.lambda_authorizer_role",
            "module.lambda_authorizer.aws_lambda_function.this",
            "module.lambda_authorizer.data.archive_file.lambda_zip",
            "module.lambda_authorizer.null_resource.build_bash",
            "module.lambda_authorizer.null_resource.build_ps",
            "module.network.aws_api_gateway_authorizer.lambda_authorizer",
            "module.network.aws_api_gateway_resource.user_logout_resource",
            "module.network.aws_api_gateway_resource.user_service_resource",
            "module.network.aws_api_gateway_rest_api.rest_api"
          ],
          "create_before_destroy": true
        }
      ]
    },
    {
      "module": "module.network",
      "mode": "managed",
      "type": "aws_api_gateway_method",
      "name": "user_signup_options",
      "provider": "module.network.provider[\"registry.terraform.io/hashicorp/aws\"]",
      "instances": [
        {
          "schema_version": 0,
          "attributes": {
            "api_key_required": false,
            "authorization": "NONE",
            "authorization_scopes": [],
            "authorizer_id": "",
            "http_method": "OPTIONS",
            "id": "agm-tuffc5cto8-twlo18-OPTIONS",
            "operation_name": "",
            "region": "us-east-2",
            "request_models": {},
            "request_parameters": {},
            "request_validator_id": "",
            "resource_id": "twlo18",
            "rest_api_id": "tuffc5cto8"
          },
          "sensitive_attributes": [],
          "identity_schema_version": 0,
          "private": "bnVsbA==",
          "dependencies": [
            "module.network.aws_api_gateway_resource.user_service_resource",
            "module.network.aws_api_gateway_resource.user_signup_resource",
            "module.network.aws_api_gateway_rest_api.rest_api"
          ],
          "create_before_destroy": true
        }
      ]
    },
    {
      "module": "module.network",
      "mode": "managed",
      "type": "aws_api_gateway_method",
      "name": "user_signup_post",
      "provider": "module.network.provider[\"registry.terraform.io/hashicorp/aws\"]",
      "instances": [
        {
          "schema_version": 0,
          "attributes": {
            "api_key_required": true,
            "authorization": "NONE",
            "authorization_scopes": [],
            "authorizer_id": "",
            "http_method": "POST",
            "id": "agm-tuffc5cto8-twlo18-POST",
            "operation_name": "",
            "region": "us-east-2",
            "request_models": {},
            "request_parameters": {},
            "request_validator_id": "",
            "resource_id": "twlo18",
            "rest_api_id": "tuffc5cto8"
          },
          "sensitive_attributes": [],
          "identity_schema_version": 0,
          "private": "bnVsbA==",
          "dependencies": [
            "module.network.aws_api_gateway_resource.user_service_resource",
            "module.network.aws_api_gateway_resource.user_signup_resource",
            "module.network.aws_api_gateway_rest_api.rest_api"
          ],
          "create_before_destroy": true
        }
      ]
    },
    {
      "module": "module.network",
      "mode": "managed",
      "type": "aws_api_gateway_method_response",
      "name": "user_login_google_options_200",
      "provider": "module.network.provider[\"registry.terraform.io/hashicorp/aws\"]",
      "instances": [
        {
          "schema_version": 0,
          "attributes": {
            "http_method": "OPTIONS",
            "id": "agmr-tuffc5cto8-cohdvg-OPTIONS-200",
            "region": "us-east-2",
            "resource_id": "cohdvg",
            "response_models": {
              "application/json": "Empty"
            },
            "response_parameters": {
              "method.response.header.Access-Control-Allow-Headers": true,
              "method.response.header.Access-Control-Allow-Methods": true,
              "method.response.header.Access-Control-Allow-Origin": true
            },
            "rest_api_id": "tuffc5cto8",
            "status_code": "200"
          },
          "sensitive_attributes": [],
          "identity_schema_version": 0,
          "private": "bnVsbA==",
          "dependencies": [
            "module.network.aws_api_gateway_method.user_login_google_options",
            "module.network.aws_api_gateway_resource.user_login_google_resource",
            "module.network.aws_api_gateway_resource.user_login_resource",
            "module.network.aws_api_gateway_resource.user_service_resource",
            "module.network.aws_api_gateway_rest_api.rest_api"
          ],
          "create_before_destroy": true
        }
      ]
    },
    {
      "module": "module.network",
      "mode": "managed",
      "type": "aws_api_gateway_method_response",
      "name": "user_login_options_200",
      "provider": "module.network.provider[\"registry.terraform.io/hashicorp/aws\"]",
      "instances": [
        {
          "schema_version": 0,
          "attributes": {
            "http_method": "OPTIONS",
            "id": "agmr-tuffc5cto8-pro461-OPTIONS-200",
            "region": "us-east-2",
            "resource_id": "pro461",
            "response_models": {
              "application/json": "Empty"
            },
            "response_parameters": {
              "method.response.header.Access-Control-Allow-Headers": true,
              "method.response.header.Access-Control-Allow-Methods": true,
              "method.response.header.Access-Control-Allow-Origin": true
            },
            "rest_api_id": "tuffc5cto8",
            "status_code": "200"
          },
          "sensitive_attributes": [],
          "identity_schema_version": 0,
          "private": "bnVsbA==",
          "dependencies": [
            "module.network.aws_api_gateway_method.user_login_options",
            "module.network.aws_api_gateway_resource.user_login_resource",
            "module.network.aws_api_gateway_resource.user_service_resource",
            "module.network.aws_api_gateway_rest_api.rest_api"
          ],
          "create_before_destroy": true
        }
      ]
    },
    {
      "module": "module.network",
      "mode": "managed",
      "type": "aws_api_gateway_method_response",
      "name": "user_logout_options_200",
      "provider": "module.network.provider[\"registry.terraform.io/hashicorp/aws\"]",
      "instances": [
        {
          "schema_version": 0,
          "attributes": {
            "http_method": "OPTIONS",
            "id": "agmr-tuffc5cto8-2v2rqb-OPTIONS-200",
            "region": "us-east-2",
            "resource_id": "2v2rqb",
            "response_models": {
              "application/json": "Empty"
            },
            "response_parameters": {
              "method.response.header.Access-Control-Allow-Headers": true,
              "method.response.header.Access-Control-Allow-Methods": true,
              "method.response.header.Access-Control-Allow-Origin": true
            },
            "rest_api_id": "tuffc5cto8",
            "status_code": "200"
          },
          "sensitive_attributes": [],
          "identity_schema_version": 0,
          "private": "bnVsbA==",
          "dependencies": [
            "module.network.aws_api_gateway_method.user_logout_options",
            "module.network.aws_api_gateway_resource.user_logout_resource",
            "module.network.aws_api_gateway_resource.user_service_resource",
            "module.network.aws_api_gateway_rest_api.rest_api"
          ],
          "create_before_destroy": true
        }
      ]
    },
    {
      "module": "module.network",
      "mode": "managed",
      "type": "aws_api_gateway_method_response",
      "name": "user_signup_options_200",
      "provider": "module.network.provider[\"registry.terraform.io/hashicorp/aws\"]",
      "instances": [
        {
          "schema_version": 0,
          "attributes": {
            "http_method": "OPTIONS",
            "id": "agmr-tuffc5cto8-twlo18-OPTIONS-200",
            "region": "us-east-2",
            "resource_id": "twlo18",
            "response_models": {
              "application/json": "Empty"
            },
            "response_parameters": {
              "method.response.header.Access-Control-Allow-Headers": true,
              "method.response.header.Access-Control-Allow-Methods": true,
              "method.response.header.Access-Control-Allow-Origin": true
            },
            "rest_api_id": "tuffc5cto8",
            "status_code": "200"
          },
          "sensitive_attributes": [],
          "identity_schema_version": 0,
          "private": "bnVsbA==",
          "dependencies": [
            "module.network.aws_api_gateway_method.user_signup_options",
            "module.network.aws_api_gateway_resource.user_service_resource",
            "module.network.aws_api_gateway_resource.user_signup_resource",
            "module.network.aws_api_gateway_rest_api.rest_api"
          ],
          "create_before_destroy": true
        }
      ]
    },
    {
      "module": "module.network",
      "mode": "managed",
      "type": "aws_api_gateway_method_settings",
      "name": "all_methods",
      "provider": "module.network.provider[\"registry.terraform.io/hashicorp/aws\"]",
      "instances": [
        {
          "schema_version": 0,
          "attributes": {
            "id": "tuffc5cto8-v1-*/*",
            "method_path": "*/*",
            "region": "us-east-2",
            "rest_api_id": "tuffc5cto8",
            "settings": [
              {
                "cache_data_encrypted": false,
                "cache_ttl_in_seconds": 300,
                "caching_enabled": false,
                "data_trace_enabled": true,
                "logging_level": "INFO",
                "metrics_enabled": true,
                "require_authorization_for_cache_control": true,
                "throttling_burst_limit": -1,
                "throttling_rate_limit": -1,
                "unauthorized_cache_control_header_strategy": "SUCCEED_WITH_RESPONSE_HEADER"
              }
            ],
            "stage_name": "v1"
          },
          "sensitive_attributes": [],
          "identity_schema_version": 0,
          "private": "bnVsbA==",
          "dependencies": [
            "module.iam.aws_iam_role.lambda_authorizer_role",
            "module.lambda_authorizer.aws_lambda_function.this",
            "module.lambda_authorizer.data.archive_file.lambda_zip",
            "module.lambda_authorizer.null_resource.build_bash",
            "module.lambda_authorizer.null_resource.build_ps",
            "module.lambda_quest_service.aws_lambda_function.lambda_function",
            "module.lambda_quest_service.data.aws_ecr_image.image",
            "module.lambda_user_service.aws_lambda_function.lambda_function",
            "module.lambda_user_service.data.aws_ecr_image.image",
            "module.network.aws_api_gateway_account.account",
            "module.network.aws_api_gateway_authorizer.lambda_authorizer",
            "module.network.aws_api_gateway_deployment.rest_api_deployment",
            "module.network.aws_api_gateway_integration.health_get_integration",
            "module.network.aws_api_gateway_integration.quest_get_integration",
            "module.network.aws_api_gateway_integration.quest_post_integration",
            "module.network.aws_api_gateway_integration.user_login_google_options_integration",
            "module.network.aws_api_gateway_integration.user_login_google_post_integration",
            "module.network.aws_api_gateway_integration.user_login_options_integration",
            "module.network.aws_api_gateway_integration.user_login_post_integration",
            "module.network.aws_api_gateway_integration.user_logout_options_integration",
            "module.network.aws_api_gateway_integration.user_logout_post_integration",
            "module.network.aws_api_gateway_integration.user_signup_options_integration",
            "module.network.aws_api_gateway_integration.user_signup_post_integration",
            "module.network.aws_api_gateway_integration_response.user_login_google_options_200",
            "module.network.aws_api_gateway_integration_response.user_login_options_200",
            "module.network.aws_api_gateway_integration_response.user_logout_options_200",
            "module.network.aws_api_gateway_integration_response.user_signup_options_200",
            "module.network.aws_api_gateway_method.health_get",
            "module.network.aws_api_gateway_method.quest_get",
            "module.network.aws_api_gateway_method.quest_post",
            "module.network.aws_api_gateway_method.user_login_google_options",
            "module.network.aws_api_gateway_method.user_login_google_post",
            "module.network.aws_api_gateway_method.user_login_options",
            "module.network.aws_api_gateway_method.user_login_post",
            "module.network.aws_api_gateway_method.user_logout_options",
            "module.network.aws_api_gateway_method.user_logout_post",
            "module.network.aws_api_gateway_method.user_signup_options",
            "module.network.aws_api_gateway_method.user_signup_post",
            "module.network.aws_api_gateway_method_response.user_login_google_options_200",
            "module.network.aws_api_gateway_method_response.user_login_options_200",
            "module.network.aws_api_gateway_method_response.user_logout_options_200",
            "module.network.aws_api_gateway_method_response.user_signup_options_200",
            "module.network.aws_api_gateway_resource.quest_service_resource",
            "module.network.aws_api_gateway_resource.user_health_resource",
            "module.network.aws_api_gateway_resource.user_login_google_resource",
            "module.network.aws_api_gateway_resource.user_login_resource",
            "module.network.aws_api_gateway_resource.user_logout_resource",
            "module.network.aws_api_gateway_resource.user_service_resource",
            "module.network.aws_api_gateway_resource.user_signup_resource",
            "module.network.aws_api_gateway_rest_api.rest_api",
            "module.network.aws_api_gateway_stage.api_stage",
            "module.network.aws_cloudwatch_log_group.apigw_access_logs",
            "module.network.aws_iam_role.apigw_cloudwatch_role",
            "module.network.aws_iam_role.lambda_exec_role",
            "module.network.aws_iam_role_policy.apigw_cloudwatch_policy",
            "module.network.aws_iam_role_policy_attachment.apigw_push_to_cw",
            "module.quest_service_image.aws_ecr_lifecycle_policy.keep_last_3",
            "module.quest_service_image.aws_ecr_repository.repo",
            "module.quest_service_image.data.aws_caller_identity.me",
            "module.quest_service_image.data.aws_ecr_authorization_token.ecr",
            "module.quest_service_image.data.aws_ecr_repository.repo",
            "module.quest_service_image.docker_image.app",
            "module.quest_service_image.docker_registry_image.app",
            "module.quest_service_image.local_file.version_file",
            "module.quest_service_image.null_resource.ecr_login",
            "module.user_service_image.aws_ecr_lifecycle_policy.keep_last_3",
            "module.user_service_image.aws_ecr_repository.repo",
            "module.user_service_image.data.aws_caller_identity.me",
            "module.user_service_image.data.aws_ecr_authorization_token.ecr",
            "module.user_service_image.data.aws_ecr_repository.repo",
            "module.user_service_image.docker_image.app",
            "module.user_service_image.docker_registry_image.app",
            "module.user_service_image.local_file.version_file",
            "module.user_service_image.null_resource.ecr_login"
          ]
        }
      ]
    },
    {
      "module": "module.network",
      "mode": "managed",
      "type": "aws_api_gateway_resource",
      "name": "quest_service_resource",
      "provider": "module.network.provider[\"registry.terraform.io/hashicorp/aws\"]",
      "instances": [
        {
          "schema_version": 0,
          "attributes": {
            "id": "964usg",
            "parent_id": "a582iz9dve",
            "path": "/quests",
            "path_part": "quests",
            "region": "us-east-2",
            "rest_api_id": "tuffc5cto8"
          },
          "sensitive_attributes": [],
          "identity_schema_version": 0,
          "private": "bnVsbA==",
          "dependencies": [
            "module.network.aws_api_gateway_rest_api.rest_api"
          ],
          "create_before_destroy": true
        }
      ]
    },
    {
      "module": "module.network",
      "mode": "managed",
      "type": "aws_api_gateway_resource",
      "name": "user_health_resource",
      "provider": "module.network.provider[\"registry.terraform.io/hashicorp/aws\"]",
      "instances": [
        {
          "schema_version": 0,
          "attributes": {
            "id": "vic8lk",
            "parent_id": "a582iz9dve",
            "path": "/health",
            "path_part": "health",
            "region": "us-east-2",
            "rest_api_id": "tuffc5cto8"
          },
          "sensitive_attributes": [],
          "identity_schema_version": 0,
          "private": "bnVsbA==",
          "dependencies": [
            "module.network.aws_api_gateway_rest_api.rest_api"
          ],
          "create_before_destroy": true
        }
      ]
    },
    {
      "module": "module.network",
      "mode": "managed",
      "type": "aws_api_gateway_resource",
      "name": "user_login_google_resource",
      "provider": "module.network.provider[\"registry.terraform.io/hashicorp/aws\"]",
      "instances": [
        {
          "schema_version": 0,
          "attributes": {
            "id": "cohdvg",
            "parent_id": "pro461",
            "path": "/users/login/google",
            "path_part": "google",
            "region": "us-east-2",
            "rest_api_id": "tuffc5cto8"
          },
          "sensitive_attributes": [],
          "identity_schema_version": 0,
          "private": "bnVsbA==",
          "dependencies": [
            "module.network.aws_api_gateway_resource.user_login_resource",
            "module.network.aws_api_gateway_resource.user_service_resource",
            "module.network.aws_api_gateway_rest_api.rest_api"
          ],
          "create_before_destroy": true
        }
      ]
    },
    {
      "module": "module.network",
      "mode": "managed",
      "type": "aws_api_gateway_resource",
      "name": "user_login_resource",
      "provider": "module.network.provider[\"registry.terraform.io/hashicorp/aws\"]",
      "instances": [
        {
          "schema_version": 0,
          "attributes": {
            "id": "pro461",
            "parent_id": "1w7e6m",
            "path": "/users/login",
            "path_part": "login",
            "region": "us-east-2",
            "rest_api_id": "tuffc5cto8"
          },
          "sensitive_attributes": [],
          "identity_schema_version": 0,
          "private": "bnVsbA==",
          "dependencies": [
            "module.network.aws_api_gateway_resource.user_service_resource",
            "module.network.aws_api_gateway_rest_api.rest_api"
          ],
          "create_before_destroy": true
        }
      ]
    },
    {
      "module": "module.network",
      "mode": "managed",
      "type": "aws_api_gateway_resource",
      "name": "user_logout_resource",
      "provider": "module.network.provider[\"registry.terraform.io/hashicorp/aws\"]",
      "instances": [
        {
          "schema_version": 0,
          "attributes": {
            "id": "2v2rqb",
            "parent_id": "1w7e6m",
            "path": "/users/logout",
            "path_part": "logout",
            "region": "us-east-2",
            "rest_api_id": "tuffc5cto8"
          },
          "sensitive_attributes": [],
          "identity_schema_version": 0,
          "private": "bnVsbA==",
          "dependencies": [
            "module.network.aws_api_gateway_resource.user_service_resource",
            "module.network.aws_api_gateway_rest_api.rest_api"
          ],
          "create_before_destroy": true
        }
      ]
    },
    {
      "module": "module.network",
      "mode": "managed",
      "type": "aws_api_gateway_resource",
      "name": "user_service_resource",
      "provider": "module.network.provider[\"registry.terraform.io/hashicorp/aws\"]",
      "instances": [
        {
          "schema_version": 0,
          "attributes": {
            "id": "1w7e6m",
            "parent_id": "a582iz9dve",
            "path": "/users",
            "path_part": "users",
            "region": "us-east-2",
            "rest_api_id": "tuffc5cto8"
          },
          "sensitive_attributes": [],
          "identity_schema_version": 0,
          "private": "bnVsbA==",
          "dependencies": [
            "module.network.aws_api_gateway_rest_api.rest_api"
          ],
          "create_before_destroy": true
        }
      ]
    },
    {
      "module": "module.network",
      "mode": "managed",
      "type": "aws_api_gateway_resource",
      "name": "user_signup_resource",
      "provider": "module.network.provider[\"registry.terraform.io/hashicorp/aws\"]",
      "instances": [
        {
          "schema_version": 0,
          "attributes": {
            "id": "twlo18",
            "parent_id": "1w7e6m",
            "path": "/users/signup",
            "path_part": "signup",
            "region": "us-east-2",
            "rest_api_id": "tuffc5cto8"
          },
          "sensitive_attributes": [],
          "identity_schema_version": 0,
          "private": "bnVsbA==",
          "dependencies": [
            "module.network.aws_api_gateway_resource.user_service_resource",
            "module.network.aws_api_gateway_rest_api.rest_api"
          ],
          "create_before_destroy": true
        }
      ]
    },
    {
      "module": "module.network",
      "mode": "managed",
      "type": "aws_api_gateway_rest_api",
      "name": "rest_api",
      "provider": "module.network.provider[\"registry.terraform.io/hashicorp/aws\"]",
      "instances": [
        {
          "schema_version": 0,
          "attributes": {
            "api_key_source": "HEADER",
            "arn": "arn:aws:apigateway:us-east-2::/restapis/tuffc5cto8",
            "binary_media_types": [],
            "body": null,
            "created_date": "2025-08-30T21:59:15Z",
            "description": "API Gateway for GoalsGuild services",
            "disable_execute_api_endpoint": false,
            "endpoint_configuration": [
              {
                "ip_address_type": "ipv4",
                "types": [
                  "EDGE"
                ],
                "vpc_endpoint_ids": []
              }
            ],
            "execution_arn": "arn:aws:execute-api:us-east-2:838284111015:tuffc5cto8",
            "fail_on_warnings": null,
            "id": "tuffc5cto8",
            "minimum_compression_size": "",
            "name": "goalsguild_api_dev",
            "parameters": null,
            "policy": "",
            "put_rest_api_mode": null,
            "region": "us-east-2",
            "root_resource_id": "a582iz9dve",
            "tags": {
              "Component": "api-gateway",
              "Environment": "dev",
              "Service": "goalsguild"
            },
            "tags_all": {
              "Component": "api-gateway",
              "Environment": "dev",
              "Service": "goalsguild"
            }
          },
          "sensitive_attributes": [],
          "identity_schema_version": 0,
          "private": "bnVsbA==",
          "create_before_destroy": true
        }
      ]
    },
    {
      "module": "module.network",
      "mode": "managed",
      "type": "aws_api_gateway_stage",
      "name": "api_stage",
      "provider": "module.network.provider[\"registry.terraform.io/hashicorp/aws\"]",
      "instances": [
        {
          "schema_version": 0,
          "attributes": {
            "access_log_settings": [
              {
                "destination_arn": "arn:aws:logs:us-east-2:838284111015:log-group:/aws/apigateway/goalsguild_api_dev_access_logs",
                "format": "{\"caller\":\"$context.identity.caller\",\"httpMethod\":\"$context.httpMethod\",\"ip\":\"$context.identity.sourceIp\",\"protocol\":\"$context.protocol\",\"requestId\":\"$context.requestId\",\"requestTime\":\"$context.requestTime\",\"resourcePath\":\"$context.resourcePath\",\"responseLength\":\"$context.responseLength\",\"status\":\"$context.status\",\"user\":\"$context.identity.user\"}"
              }
            ],
            "arn": "arn:aws:apigateway:us-east-2::/restapis/tuffc5cto8/stages/v1",
            "cache_cluster_enabled": false,
            "cache_cluster_size": "",
            "canary_settings": [],
            "client_certificate_id": "",
            "deployment_id": "sntlp1",
            "description": "",
            "documentation_version": "",
            "execution_arn": "arn:aws:execute-api:us-east-2:838284111015:tuffc5cto8/v1",
            "id": "ags-tuffc5cto8-v1",
            "invoke_url": "https://tuffc5cto8.execute-api.us-east-2.amazonaws.com/v1",
            "region": "us-east-2",
            "rest_api_id": "tuffc5cto8",
            "stage_name": "v1",
            "tags": {},
            "tags_all": {},
            "variables": {},
            "web_acl_arn": "",
            "xray_tracing_enabled": false
          },
          "sensitive_attributes": [],
          "identity_schema_version": 0,
          "private": "bnVsbA==",
          "dependencies": [
            "module.iam.aws_iam_role.lambda_authorizer_role",
            "module.lambda_authorizer.aws_lambda_function.this",
            "module.lambda_authorizer.data.archive_file.lambda_zip",
            "module.lambda_authorizer.null_resource.build_bash",
            "module.lambda_authorizer.null_resource.build_ps",
            "module.lambda_quest_service.aws_lambda_function.lambda_function",
            "module.lambda_quest_service.data.aws_ecr_image.image",
            "module.lambda_user_service.aws_lambda_function.lambda_function",
            "module.lambda_user_service.data.aws_ecr_image.image",
            "module.network.aws_api_gateway_account.account",
            "module.network.aws_api_gateway_authorizer.lambda_authorizer",
            "module.network.aws_api_gateway_deployment.rest_api_deployment",
            "module.network.aws_api_gateway_integration.health_get_integration",
            "module.network.aws_api_gateway_integration.quest_get_integration",
            "module.network.aws_api_gateway_integration.quest_post_integration",
            "module.network.aws_api_gateway_integration.user_login_google_options_integration",
            "module.network.aws_api_gateway_integration.user_login_google_post_integration",
            "module.network.aws_api_gateway_integration.user_login_options_integration",
            "module.network.aws_api_gateway_integration.user_login_post_integration",
            "module.network.aws_api_gateway_integration.user_logout_options_integration",
            "module.network.aws_api_gateway_integration.user_logout_post_integration",
            "module.network.aws_api_gateway_integration.user_signup_options_integration",
            "module.network.aws_api_gateway_integration.user_signup_post_integration",
            "module.network.aws_api_gateway_integration_response.user_login_google_options_200",
            "module.network.aws_api_gateway_integration_response.user_login_options_200",
            "module.network.aws_api_gateway_integration_response.user_logout_options_200",
            "module.network.aws_api_gateway_integration_response.user_signup_options_200",
            "module.network.aws_api_gateway_method.health_get",
            "module.network.aws_api_gateway_method.quest_get",
            "module.network.aws_api_gateway_method.quest_post",
            "module.network.aws_api_gateway_method.user_login_google_options",
            "module.network.aws_api_gateway_method.user_login_google_post",
            "module.network.aws_api_gateway_method.user_login_options",
            "module.network.aws_api_gateway_method.user_login_post",
            "module.network.aws_api_gateway_method.user_logout_options",
            "module.network.aws_api_gateway_method.user_logout_post",
            "module.network.aws_api_gateway_method.user_signup_options",
            "module.network.aws_api_gateway_method.user_signup_post",
            "module.network.aws_api_gateway_method_response.user_login_google_options_200",
            "module.network.aws_api_gateway_method_response.user_login_options_200",
            "module.network.aws_api_gateway_method_response.user_logout_options_200",
            "module.network.aws_api_gateway_method_response.user_signup_options_200",
            "module.network.aws_api_gateway_resource.quest_service_resource",
            "module.network.aws_api_gateway_resource.user_health_resource",
            "module.network.aws_api_gateway_resource.user_login_google_resource",
            "module.network.aws_api_gateway_resource.user_login_resource",
            "module.network.aws_api_gateway_resource.user_logout_resource",
            "module.network.aws_api_gateway_resource.user_service_resource",
            "module.network.aws_api_gateway_resource.user_signup_resource",
            "module.network.aws_api_gateway_rest_api.rest_api",
            "module.network.aws_cloudwatch_log_group.apigw_access_logs",
            "module.network.aws_iam_role.apigw_cloudwatch_role",
            "module.network.aws_iam_role.lambda_exec_role",
            "module.network.aws_iam_role_policy.apigw_cloudwatch_policy",
            "module.network.aws_iam_role_policy_attachment.apigw_push_to_cw",
            "module.quest_service_image.aws_ecr_lifecycle_policy.keep_last_3",
            "module.quest_service_image.aws_ecr_repository.repo",
            "module.quest_service_image.data.aws_caller_identity.me",
            "module.quest_service_image.data.aws_ecr_authorization_token.ecr",
            "module.quest_service_image.data.aws_ecr_repository.repo",
            "module.quest_service_image.docker_image.app",
            "module.quest_service_image.docker_registry_image.app",
            "module.quest_service_image.local_file.version_file",
            "module.quest_service_image.null_resource.ecr_login",
            "module.user_service_image.aws_ecr_lifecycle_policy.keep_last_3",
            "module.user_service_image.aws_ecr_repository.repo",
            "module.user_service_image.data.aws_caller_identity.me",
            "module.user_service_image.data.aws_ecr_authorization_token.ecr",
            "module.user_service_image.data.aws_ecr_repository.repo",
            "module.user_service_image.docker_image.app",
            "module.user_service_image.docker_registry_image.app",
            "module.user_service_image.local_file.version_file",
            "module.user_service_image.null_resource.ecr_login"
          ]
        }
      ]
    },
    {
      "module": "module.network",
      "mode": "managed",
      "type": "aws_api_gateway_usage_plan",
      "name": "frontend_plan",
      "provider": "module.network.provider[\"registry.terraform.io/hashicorp/aws\"]",
      "instances": [
        {
          "schema_version": 0,
          "attributes": {
            "api_stages": [
              {
                "api_id": "tuffc5cto8",
                "stage": "v1",
                "throttle": []
              }
            ],
            "arn": "arn:aws:apigateway:us-east-2::/usageplans/11ya27",
            "description": "Usage plan for frontend API key",
            "id": "11ya27",
            "name": "goalsguild_usage_plan_dev",
            "product_code": "",
            "quota_settings": [
              {
                "limit": 100000,
                "offset": 0,
                "period": "MONTH"
              }
            ],
            "region": "us-east-2",
            "tags": null,
            "tags_all": {},
            "throttle_settings": [
              {
                "burst_limit": 50,
                "rate_limit": 25
              }
            ]
          },
          "sensitive_attributes": [],
          "identity_schema_version": 0,
          "private": "bnVsbA==",
          "dependencies": [
            "module.iam.aws_iam_role.lambda_authorizer_role",
            "module.lambda_authorizer.aws_lambda_function.this",
            "module.lambda_authorizer.data.archive_file.lambda_zip",
            "module.lambda_authorizer.null_resource.build_bash",
            "module.lambda_authorizer.null_resource.build_ps",
            "module.lambda_quest_service.aws_lambda_function.lambda_function",
            "module.lambda_quest_service.data.aws_ecr_image.image",
            "module.lambda_user_service.aws_lambda_function.lambda_function",
            "module.lambda_user_service.data.aws_ecr_image.image",
            "module.network.aws_api_gateway_account.account",
            "module.network.aws_api_gateway_authorizer.lambda_authorizer",
            "module.network.aws_api_gateway_deployment.rest_api_deployment",
            "module.network.aws_api_gateway_integration.health_get_integration",
            "module.network.aws_api_gateway_integration.quest_get_integration",
            "module.network.aws_api_gateway_integration.quest_post_integration",
            "module.network.aws_api_gateway_integration.user_login_google_options_integration",
            "module.network.aws_api_gateway_integration.user_login_google_post_integration",
            "module.network.aws_api_gateway_integration.user_login_options_integration",
            "module.network.aws_api_gateway_integration.user_login_post_integration",
            "module.network.aws_api_gateway_integration.user_logout_options_integration",
            "module.network.aws_api_gateway_integration.user_logout_post_integration",
            "module.network.aws_api_gateway_integration.user_signup_options_integration",
            "module.network.aws_api_gateway_integration.user_signup_post_integration",
            "module.network.aws_api_gateway_integration_response.user_login_google_options_200",
            "module.network.aws_api_gateway_integration_response.user_login_options_200",
            "module.network.aws_api_gateway_integration_response.user_logout_options_200",
            "module.network.aws_api_gateway_integration_response.user_signup_options_200",
            "module.network.aws_api_gateway_method.health_get",
            "module.network.aws_api_gateway_method.quest_get",
            "module.network.aws_api_gateway_method.quest_post",
            "module.network.aws_api_gateway_method.user_login_google_options",
            "module.network.aws_api_gateway_method.user_login_google_post",
            "module.network.aws_api_gateway_method.user_login_options",
            "module.network.aws_api_gateway_method.user_login_post",
            "module.network.aws_api_gateway_method.user_logout_options",
            "module.network.aws_api_gateway_method.user_logout_post",
            "module.network.aws_api_gateway_method.user_signup_options",
            "module.network.aws_api_gateway_method.user_signup_post",
            "module.network.aws_api_gateway_method_response.user_login_google_options_200",
            "module.network.aws_api_gateway_method_response.user_login_options_200",
            "module.network.aws_api_gateway_method_response.user_logout_options_200",
            "module.network.aws_api_gateway_method_response.user_signup_options_200",
            "module.network.aws_api_gateway_resource.quest_service_resource",
            "module.network.aws_api_gateway_resource.user_health_resource",
            "module.network.aws_api_gateway_resource.user_login_google_resource",
            "module.network.aws_api_gateway_resource.user_login_resource",
            "module.network.aws_api_gateway_resource.user_logout_resource",
            "module.network.aws_api_gateway_resource.user_service_resource",
            "module.network.aws_api_gateway_resource.user_signup_resource",
            "module.network.aws_api_gateway_rest_api.rest_api",
            "module.network.aws_api_gateway_stage.api_stage",
            "module.network.aws_cloudwatch_log_group.apigw_access_logs",
            "module.network.aws_iam_role.apigw_cloudwatch_role",
            "module.network.aws_iam_role.lambda_exec_role",
            "module.network.aws_iam_role_policy.apigw_cloudwatch_policy",
            "module.network.aws_iam_role_policy_attachment.apigw_push_to_cw",
            "module.quest_service_image.aws_ecr_lifecycle_policy.keep_last_3",
            "module.quest_service_image.aws_ecr_repository.repo",
            "module.quest_service_image.data.aws_caller_identity.me",
            "module.quest_service_image.data.aws_ecr_authorization_token.ecr",
            "module.quest_service_image.data.aws_ecr_repository.repo",
            "module.quest_service_image.docker_image.app",
            "module.quest_service_image.docker_registry_image.app",
            "module.quest_service_image.local_file.version_file",
            "module.quest_service_image.null_resource.ecr_login",
            "module.user_service_image.aws_ecr_lifecycle_policy.keep_last_3",
            "module.user_service_image.aws_ecr_repository.repo",
            "module.user_service_image.data.aws_caller_identity.me",
            "module.user_service_image.data.aws_ecr_authorization_token.ecr",
            "module.user_service_image.data.aws_ecr_repository.repo",
            "module.user_service_image.docker_image.app",
            "module.user_service_image.docker_registry_image.app",
            "module.user_service_image.local_file.version_file",
            "module.user_service_image.null_resource.ecr_login"
          ]
        }
      ]
    },
    {
      "module": "module.network",
      "mode": "managed",
      "type": "aws_api_gateway_usage_plan_key",
      "name": "frontend_key_attachment",
      "provider": "module.network.provider[\"registry.terraform.io/hashicorp/aws\"]",
      "instances": [
        {
          "schema_version": 0,
          "attributes": {
            "id": "el5ycj1io7",
            "key_id": "el5ycj1io7",
            "key_type": "API_KEY",
            "name": "goalsguild_api_key_dev",
            "region": "us-east-2",
            "usage_plan_id": "11ya27",
            "value": "beckp4hwrlq3ztxc7l2xbabhkwaag10r"
          },
          "sensitive_attributes": [],
          "identity_schema_version": 0,
          "private": "bnVsbA==",
          "dependencies": [
            "module.iam.aws_iam_role.lambda_authorizer_role",
            "module.lambda_authorizer.aws_lambda_function.this",
            "module.lambda_authorizer.data.archive_file.lambda_zip",
            "module.lambda_authorizer.null_resource.build_bash",
            "module.lambda_authorizer.null_resource.build_ps",
            "module.lambda_quest_service.aws_lambda_function.lambda_function",
            "module.lambda_quest_service.data.aws_ecr_image.image",
            "module.lambda_user_service.aws_lambda_function.lambda_function",
            "module.lambda_user_service.data.aws_ecr_image.image",
            "module.network.aws_api_gateway_account.account",
            "module.network.aws_api_gateway_api_key.frontend_key",
            "module.network.aws_api_gateway_authorizer.lambda_authorizer",
            "module.network.aws_api_gateway_deployment.rest_api_deployment",
            "module.network.aws_api_gateway_integration.health_get_integration",
            "module.network.aws_api_gateway_integration.quest_get_integration",
            "module.network.aws_api_gateway_integration.quest_post_integration",
            "module.network.aws_api_gateway_integration.user_login_google_options_integration",
            "module.network.aws_api_gateway_integration.user_login_google_post_integration",
            "module.network.aws_api_gateway_integration.user_login_options_integration",
            "module.network.aws_api_gateway_integration.user_login_post_integration",
            "module.network.aws_api_gateway_integration.user_logout_options_integration",
            "module.network.aws_api_gateway_integration.user_logout_post_integration",
            "module.network.aws_api_gateway_integration.user_signup_options_integration",
            "module.network.aws_api_gateway_integration.user_signup_post_integration",
            "module.network.aws_api_gateway_integration_response.user_login_google_options_200",
            "module.network.aws_api_gateway_integration_response.user_login_options_200",
            "module.network.aws_api_gateway_integration_response.user_logout_options_200",
            "module.network.aws_api_gateway_integration_response.user_signup_options_200",
            "module.network.aws_api_gateway_method.health_get",
            "module.network.aws_api_gateway_method.quest_get",
            "module.network.aws_api_gateway_method.quest_post",
            "module.network.aws_api_gateway_method.user_login_google_options",
            "module.network.aws_api_gateway_method.user_login_google_post",
            "module.network.aws_api_gateway_method.user_login_options",
            "module.network.aws_api_gateway_method.user_login_post",
            "module.network.aws_api_gateway_method.user_logout_options",
            "module.network.aws_api_gateway_method.user_logout_post",
            "module.network.aws_api_gateway_method.user_signup_options",
            "module.network.aws_api_gateway_method.user_signup_post",
            "module.network.aws_api_gateway_method_response.user_login_google_options_200",
            "module.network.aws_api_gateway_method_response.user_login_options_200",
            "module.network.aws_api_gateway_method_response.user_logout_options_200",
            "module.network.aws_api_gateway_method_response.user_signup_options_200",
            "module.network.aws_api_gateway_resource.quest_service_resource",
            "module.network.aws_api_gateway_resource.user_health_resource",
            "module.network.aws_api_gateway_resource.user_login_google_resource",
            "module.network.aws_api_gateway_resource.user_login_resource",
            "module.network.aws_api_gateway_resource.user_logout_resource",
            "module.network.aws_api_gateway_resource.user_service_resource",
            "module.network.aws_api_gateway_resource.user_signup_resource",
            "module.network.aws_api_gateway_rest_api.rest_api",
            "module.network.aws_api_gateway_stage.api_stage",
            "module.network.aws_api_gateway_usage_plan.frontend_plan",
            "module.network.aws_cloudwatch_log_group.apigw_access_logs",
            "module.network.aws_iam_role.apigw_cloudwatch_role",
            "module.network.aws_iam_role.lambda_exec_role",
            "module.network.aws_iam_role_policy.apigw_cloudwatch_policy",
            "module.network.aws_iam_role_policy_attachment.apigw_push_to_cw",
            "module.network.random_string.apigw_api_key",
            "module.quest_service_image.aws_ecr_lifecycle_policy.keep_last_3",
            "module.quest_service_image.aws_ecr_repository.repo",
            "module.quest_service_image.data.aws_caller_identity.me",
            "module.quest_service_image.data.aws_ecr_authorization_token.ecr",
            "module.quest_service_image.data.aws_ecr_repository.repo",
            "module.quest_service_image.docker_image.app",
            "module.quest_service_image.docker_registry_image.app",
            "module.quest_service_image.local_file.version_file",
            "module.quest_service_image.null_resource.ecr_login",
            "module.user_service_image.aws_ecr_lifecycle_policy.keep_last_3",
            "module.user_service_image.aws_ecr_repository.repo",
            "module.user_service_image.data.aws_caller_identity.me",
            "module.user_service_image.data.aws_ecr_authorization_token.ecr",
            "module.user_service_image.data.aws_ecr_repository.repo",
            "module.user_service_image.docker_image.app",
            "module.user_service_image.docker_registry_image.app",
            "module.user_service_image.local_file.version_file",
            "module.user_service_image.null_resource.ecr_login"
          ]
        }
      ]
    },
    {
      "module": "module.network",
      "mode": "managed",
      "type": "aws_cloudwatch_log_group",
      "name": "apigw_access_logs",
      "provider": "module.network.provider[\"registry.terraform.io/hashicorp/aws\"]",
      "instances": [
        {
          "schema_version": 0,
          "attributes": {
            "arn": "arn:aws:logs:us-east-2:838284111015:log-group:/aws/apigateway/goalsguild_api_dev_access_logs",
            "id": "/aws/apigateway/goalsguild_api_dev_access_logs",
            "kms_key_id": "",
            "log_group_class": "STANDARD",
            "name": "/aws/apigateway/goalsguild_api_dev_access_logs",
            "name_prefix": "",
            "region": "us-east-2",
            "retention_in_days": 1,
            "skip_destroy": false,
            "tags": {
              "Component": "apigateway",
              "Environment": "dev",
              "Service": "goalsguild"
            },
            "tags_all": {
              "Component": "apigateway",
              "Environment": "dev",
              "Service": "goalsguild"
            }
          },
          "sensitive_attributes": [],
          "identity_schema_version": 0,
          "identity": {
            "account_id": "838284111015",
            "name": "/aws/apigateway/goalsguild_api_dev_access_logs",
            "region": "us-east-2"
          },
          "private": "bnVsbA=="
        }
      ]
    },
    {
      "module": "module.network",
      "mode": "managed",
      "type": "aws_cognito_user_pool",
      "name": "user_pool",
      "provider": "module.network.provider[\"registry.terraform.io/hashicorp/aws\"]",
      "instances": [
        {
          "schema_version": 0,
          "attributes": {
            "account_recovery_setting": [
              {
                "recovery_mechanism": [
                  {
                    "name": "verified_email",
                    "priority": 1
                  },
                  {
                    "name": "verified_phone_number",
                    "priority": 2
                  }
                ]
              }
            ],
            "admin_create_user_config": [
              {
                "allow_admin_create_user_only": false,
                "invite_message_template": []
              }
            ],
            "alias_attributes": null,
            "arn": "arn:aws:cognito-idp:us-east-2:838284111015:userpool/us-east-2_8lNy9Nnx1",
            "auto_verified_attributes": [
              "email"
            ],
            "creation_date": "2025-09-01T15:31:34Z",
            "custom_domain": "",
            "deletion_protection": "INACTIVE",
            "device_configuration": [],
            "domain": "",
            "email_configuration": [
              {
                "configuration_set": "",
                "email_sending_account": "COGNITO_DEFAULT",
                "from_email_address": "",
                "reply_to_email_address": "",
                "source_arn": ""
              }
            ],
            "email_mfa_configuration": [],
            "email_verification_message": "",
            "email_verification_subject": "",
            "endpoint": "cognito-idp.us-east-2.amazonaws.com/us-east-2_8lNy9Nnx1",
            "estimated_number_of_users": 0,
            "id": "us-east-2_8lNy9Nnx1",
            "lambda_config": [],
            "last_modified_date": "2025-09-01T15:31:34Z",
            "mfa_configuration": "OFF",
            "name": "goalsguild_user_pool_dev",
            "password_policy": [
              {
                "minimum_length": 8,
                "password_history_size": 0,
                "require_lowercase": true,
                "require_numbers": true,
                "require_symbols": false,
                "require_uppercase": true,
                "temporary_password_validity_days": 7
              }
            ],
            "region": "us-east-2",
            "schema": [],
            "sign_in_policy": [
              {
                "allowed_first_auth_factors": [
                  "PASSWORD"
                ]
              }
            ],
            "sms_authentication_message": "",
            "sms_configuration": [],
            "sms_verification_message": "",
            "software_token_mfa_configuration": [],
            "tags": {
              "Component": "cognito",
              "Environment": "dev",
              "Service": "goalsguild"
            },
            "tags_all": {
              "Component": "cognito",
              "Environment": "dev",
              "Service": "goalsguild"
            },
            "user_attribute_update_settings": [],
            "user_pool_add_ons": [],
            "user_pool_tier": "ESSENTIALS",
            "username_attributes": [],
            "username_configuration": [],
            "verification_message_template": [
              {
                "default_email_option": "CONFIRM_WITH_CODE",
                "email_message": "",
                "email_message_by_link": "",
                "email_subject": "",
                "email_subject_by_link": "",
                "sms_message": ""
              }
            ],
            "web_authn_configuration": []
          },
          "sensitive_attributes": [],
          "identity_schema_version": 0,
          "private": "bnVsbA=="
        }
      ]
    },
    {
      "module": "module.network",
      "mode": "managed",
      "type": "aws_cognito_user_pool_client",
      "name": "user_pool_client",
      "provider": "module.network.provider[\"registry.terraform.io/hashicorp/aws\"]",
      "instances": [
        {
          "schema_version": 0,
          "attributes": {
            "access_token_validity": 0,
            "allowed_oauth_flows": [],
            "allowed_oauth_flows_user_pool_client": false,
            "allowed_oauth_scopes": [],
            "analytics_configuration": [],
            "auth_session_validity": 3,
            "callback_urls": [],
            "client_secret": "q9hkrvnpg3pe4r1ec0dr8ifepq0rfaql0tq6h07g378tvujp7nf",
            "default_redirect_uri": "",
            "enable_propagate_additional_user_context_data": false,
            "enable_token_revocation": true,
            "explicit_auth_flows": [
              "ALLOW_REFRESH_TOKEN_AUTH",
              "ALLOW_USER_PASSWORD_AUTH",
              "ALLOW_USER_SRP_AUTH"
            ],
            "generate_secret": true,
            "id": "2c1e2odalemtnmat8d3ch9l39r",
            "id_token_validity": 0,
            "logout_urls": [],
            "name": "goalsguild_user_pool_client_dev",
            "prevent_user_existence_errors": "ENABLED",
            "read_attributes": [],
            "refresh_token_rotation": [],
            "refresh_token_validity": 30,
            "region": "us-east-2",
            "supported_identity_providers": [],
            "token_validity_units": [],
            "user_pool_id": "us-east-2_8lNy9Nnx1",
            "write_attributes": []
          },
          "sensitive_attributes": [
            [
              {
                "type": "get_attr",
                "value": "client_secret"
              }
            ]
          ],
          "identity_schema_version": 0,
          "dependencies": [
            "module.network.aws_cognito_user_pool.user_pool"
          ]
        }
      ]
    },
    {
      "module": "module.network",
      "mode": "managed",
      "type": "aws_iam_role",
      "name": "apigw_cloudwatch_role",
      "provider": "module.network.provider[\"registry.terraform.io/hashicorp/aws\"]",
      "instances": [
        {
          "schema_version": 0,
          "attributes": {
            "arn": "arn:aws:iam::838284111015:role/goalsguild_apigw_cloudwatch_role_dev",
            "assume_role_policy": "{\"Statement\":[{\"Action\":\"sts:AssumeRole\",\"Effect\":\"Allow\",\"Principal\":{\"Service\":\"apigateway.amazonaws.com\"}}],\"Version\":\"2012-10-17\"}",
            "create_date": "2025-08-31T21:46:36Z",
            "description": "",
            "force_detach_policies": false,
            "id": "goalsguild_apigw_cloudwatch_role_dev",
            "inline_policy": [
              {
                "name": "goalsguild_apigw_cloudwatch_policy_dev",
                "policy": "{\"Version\":\"2012-10-17\",\"Statement\":[{\"Action\":[\"logs:CreateLogGroup\",\"logs:CreateLogStream\",\"logs:PutLogEvents\",\"logs:DescribeLogGroups\",\"logs:DescribeLogStreams\"],\"Effect\":\"Allow\",\"Resource\":\"*\"}]}"
              }
            ],
            "managed_policy_arns": [
              "arn:aws:iam::aws:policy/service-role/AmazonAPIGatewayPushToCloudWatchLogs"
            ],
            "max_session_duration": 3600,
            "name": "goalsguild_apigw_cloudwatch_role_dev",
            "name_prefix": "",
            "path": "/",
            "permissions_boundary": "",
            "tags": {},
            "tags_all": {},
            "unique_id": "AROA4GLNANST3E2RYIBUK"
          },
          "sensitive_attributes": [],
          "identity_schema_version": 0,
          "identity": {
            "account_id": "838284111015",
            "name": "goalsguild_apigw_cloudwatch_role_dev"
          },
          "private": "bnVsbA=="
        }
      ]
    },
    {
      "module": "module.network",
      "mode": "managed",
      "type": "aws_iam_role",
      "name": "lambda_exec_role",
      "provider": "module.network.provider[\"registry.terraform.io/hashicorp/aws\"]",
      "instances": [
        {
          "schema_version": 0,
          "attributes": {
            "arn": "arn:aws:iam::838284111015:role/goalsguild_lambda_exec_role_dev",
            "assume_role_policy": "{\"Statement\":[{\"Action\":\"sts:AssumeRole\",\"Effect\":\"Allow\",\"Principal\":{\"Service\":\"lambda.amazonaws.com\"}}],\"Version\":\"2012-10-17\"}",
            "create_date": "2025-08-30T21:59:15Z",
            "description": "",
            "force_detach_policies": false,
            "id": "goalsguild_lambda_exec_role_dev",
            "inline_policy": [
              {
                "name": "goalsguild_lambda_ddb_write_dev",
                "policy": "{\"Version\":\"2012-10-17\",\"Statement\":[{\"Action\":[\"dynamodb:PutItem\",\"dynamodb:UpdateItem\",\"dynamodb:TransactWriteItems\"],\"Effect\":\"Allow\",\"Resource\":[\"arn:aws:dynamodb:us-east-2:838284111015:table/gg_core\",\"arn:aws:dynamodb:us-east-2:838284111015:table/gg_core/index/*\"]}]}"
              },
              {
                "name": "goalsguild_lambda_ssm_read_policy_dev",
                "policy": "{\"Version\":\"2012-10-17\",\"Statement\":[{\"Action\":[\"ssm:GetParameter\",\"ssm:GetParameters\",\"ssm:GetParametersByPath\"],\"Effect\":\"Allow\",\"Resource\":[\"arn:aws:ssm:us-east-2:838284111015:parameter/goalsguild/cognito/client_secret\",\"arn:aws:ssm:us-east-2:838284111015:parameter/goalsguild/cognito/client_id\",\"arn:aws:ssm:us-east-2:838284111015:parameter/goalsguild/dev/cognito/user_pool_id\",\"arn:aws:ssm:us-east-2:838284111015:parameter/goalsguild/user-service/env_vars\"]}]}"
              },
              {
                "name": "goalsguild_lambda_ssm_read_user_service_env_dev",
                "policy": "{\"Version\":\"2012-10-17\",\"Statement\":[{\"Action\":[\"ssm:GetParameter\"],\"Effect\":\"Allow\",\"Resource\":[\"arn:aws:ssm:us-east-2:838284111015:parameter/goalsguild/user-service/env_vars\"]}]}"
              }
            ],
            "managed_policy_arns": [
              "arn:aws:iam::aws:policy/service-role/AWSLambdaBasicExecutionRole"
            ],
            "max_session_duration": 3600,
            "name": "goalsguild_lambda_exec_role_dev",
            "name_prefix": "",
            "path": "/",
            "permissions_boundary": "",
            "tags": {
              "Component": "lambda",
              "Environment": "dev",
              "Service": "goalsguild"
            },
            "tags_all": {
              "Component": "lambda",
              "Environment": "dev",
              "Service": "goalsguild"
            },
            "unique_id": "AROA4GLNANSTTJ3ZERRNN"
          },
          "sensitive_attributes": [],
          "identity_schema_version": 0,
          "identity": {
            "account_id": "838284111015",
            "name": "goalsguild_lambda_exec_role_dev"
          },
          "private": "bnVsbA==",
          "create_before_destroy": true
        }
      ]
    },
    {
      "module": "module.network",
      "mode": "managed",
      "type": "aws_iam_role_policy",
      "name": "apigw_cloudwatch_policy",
      "provider": "module.network.provider[\"registry.terraform.io/hashicorp/aws\"]",
      "instances": [
        {
          "schema_version": 0,
          "attributes": {
            "id": "goalsguild_apigw_cloudwatch_role_dev:goalsguild_apigw_cloudwatch_policy_dev",
            "name": "goalsguild_apigw_cloudwatch_policy_dev",
            "name_prefix": "",
            "policy": "{\"Version\":\"2012-10-17\",\"Statement\":[{\"Action\":[\"logs:CreateLogGroup\",\"logs:CreateLogStream\",\"logs:PutLogEvents\",\"logs:DescribeLogGroups\",\"logs:DescribeLogStreams\"],\"Effect\":\"Allow\",\"Resource\":\"*\"}]}",
            "role": "goalsguild_apigw_cloudwatch_role_dev"
          },
          "sensitive_attributes": [],
          "identity_schema_version": 0,
          "identity": {
            "account_id": "838284111015",
            "name": "goalsguild_apigw_cloudwatch_policy_dev",
            "role": "goalsguild_apigw_cloudwatch_role_dev"
          },
          "private": "bnVsbA==",
          "dependencies": [
            "module.network.aws_iam_role.apigw_cloudwatch_role"
          ]
        }
      ]
    },
    {
      "module": "module.network",
      "mode": "managed",
      "type": "aws_iam_role_policy",
      "name": "lambda_ddb_write",
      "provider": "module.network.provider[\"registry.terraform.io/hashicorp/aws\"]",
      "instances": [
        {
          "schema_version": 0,
          "attributes": {
            "id": "goalsguild_lambda_exec_role_dev:goalsguild_lambda_ddb_write_dev",
            "name": "goalsguild_lambda_ddb_write_dev",
            "name_prefix": "",
            "policy": "{\"Version\":\"2012-10-17\",\"Statement\":[{\"Action\":[\"dynamodb:PutItem\",\"dynamodb:UpdateItem\",\"dynamodb:TransactWriteItems\"],\"Effect\":\"Allow\",\"Resource\":[\"arn:aws:dynamodb:us-east-2:838284111015:table/gg_core\",\"arn:aws:dynamodb:us-east-2:838284111015:table/gg_core/index/*\"]}]}",
            "role": "goalsguild_lambda_exec_role_dev"
          },
          "sensitive_attributes": [],
          "identity_schema_version": 0,
          "identity": {
            "account_id": "838284111015",
            "name": "goalsguild_lambda_ddb_write_dev",
            "role": "goalsguild_lambda_exec_role_dev"
          },
          "private": "bnVsbA==",
          "dependencies": [
            "module.ddb.aws_dynamodb_table.this",
            "module.network.aws_iam_role.lambda_exec_role"
          ]
        }
      ]
    },
    {
      "module": "module.network",
      "mode": "managed",
      "type": "aws_iam_role_policy",
      "name": "lambda_ssm_read_policy",
      "provider": "module.network.provider[\"registry.terraform.io/hashicorp/aws\"]",
      "instances": [
        {
          "schema_version": 0,
          "attributes": {
            "id": "goalsguild_lambda_exec_role_dev:goalsguild_lambda_ssm_read_policy_dev",
            "name": "goalsguild_lambda_ssm_read_policy_dev",
            "name_prefix": "",
            "policy": "{\"Version\":\"2012-10-17\",\"Statement\":[{\"Action\":[\"ssm:GetParameter\",\"ssm:GetParameters\",\"ssm:GetParametersByPath\"],\"Effect\":\"Allow\",\"Resource\":[\"arn:aws:ssm:us-east-2:838284111015:parameter/goalsguild/cognito/client_secret\",\"arn:aws:ssm:us-east-2:838284111015:parameter/goalsguild/cognito/client_id\",\"arn:aws:ssm:us-east-2:838284111015:parameter/goalsguild/dev/cognito/user_pool_id\",\"arn:aws:ssm:us-east-2:838284111015:parameter/goalsguild/user-service/env_vars\"]}]}",
            "role": "goalsguild_lambda_exec_role_dev"
          },
          "sensitive_attributes": [],
          "identity_schema_version": 0,
          "identity": {
            "account_id": "838284111015",
            "name": "goalsguild_lambda_ssm_read_policy_dev",
            "role": "goalsguild_lambda_exec_role_dev"
          },
          "private": "bnVsbA==",
          "dependencies": [
            "module.ddb.aws_dynamodb_table.this",
            "module.network.aws_cognito_user_pool.user_pool",
            "module.network.aws_cognito_user_pool_client.user_pool_client",
            "module.network.aws_iam_role.lambda_exec_role",
            "module.network.aws_ssm_parameter.cognito_client_id",
            "module.network.aws_ssm_parameter.cognito_client_secret",
            "module.network.aws_ssm_parameter.cognito_user_pool_id",
            "module.network.aws_ssm_parameter.user_service_env_vars"
          ]
        }
      ]
    },
    {
      "module": "module.network",
      "mode": "managed",
      "type": "aws_iam_role_policy",
      "name": "lambda_ssm_read_user_service_env",
      "provider": "module.network.provider[\"registry.terraform.io/hashicorp/aws\"]",
      "instances": [
        {
          "schema_version": 0,
          "attributes": {
            "id": "goalsguild_lambda_exec_role_dev:goalsguild_lambda_ssm_read_user_service_env_dev",
            "name": "goalsguild_lambda_ssm_read_user_service_env_dev",
            "name_prefix": "",
            "policy": "{\"Version\":\"2012-10-17\",\"Statement\":[{\"Action\":[\"ssm:GetParameter\"],\"Effect\":\"Allow\",\"Resource\":[\"arn:aws:ssm:us-east-2:838284111015:parameter/goalsguild/user-service/env_vars\"]}]}",
            "role": "goalsguild_lambda_exec_role_dev"
          },
          "sensitive_attributes": [],
          "identity_schema_version": 0,
          "identity": {
            "account_id": "838284111015",
            "name": "goalsguild_lambda_ssm_read_user_service_env_dev",
            "role": "goalsguild_lambda_exec_role_dev"
          },
          "private": "bnVsbA==",
          "dependencies": [
            "module.ddb.aws_dynamodb_table.this",
            "module.network.aws_cognito_user_pool.user_pool",
            "module.network.aws_cognito_user_pool_client.user_pool_client",
            "module.network.aws_iam_role.lambda_exec_role",
            "module.network.aws_ssm_parameter.user_service_env_vars"
          ]
        }
      ]
    },
    {
      "module": "module.network",
      "mode": "managed",
      "type": "aws_iam_role_policy_attachment",
      "name": "apigw_push_to_cw",
      "provider": "module.network.provider[\"registry.terraform.io/hashicorp/aws\"]",
      "instances": [
        {
          "schema_version": 0,
          "attributes": {
            "id": "goalsguild_apigw_cloudwatch_role_dev/arn:aws:iam::aws:policy/service-role/AmazonAPIGatewayPushToCloudWatchLogs",
            "policy_arn": "arn:aws:iam::aws:policy/service-role/AmazonAPIGatewayPushToCloudWatchLogs",
            "role": "goalsguild_apigw_cloudwatch_role_dev"
          },
          "sensitive_attributes": [],
          "identity_schema_version": 0,
          "identity": {
            "account_id": "838284111015",
            "policy_arn": "arn:aws:iam::aws:policy/service-role/AmazonAPIGatewayPushToCloudWatchLogs",
            "role": "goalsguild_apigw_cloudwatch_role_dev"
          },
          "private": "bnVsbA==",
          "dependencies": [
            "module.network.aws_iam_role.apigw_cloudwatch_role"
          ]
        }
      ]
    },
    {
      "module": "module.network",
      "mode": "managed",
      "type": "aws_iam_role_policy_attachment",
      "name": "lambda_basic_execution",
      "provider": "module.network.provider[\"registry.terraform.io/hashicorp/aws\"]",
      "instances": [
        {
          "schema_version": 0,
          "attributes": {
            "id": "goalsguild_lambda_exec_role_dev-20250830215911758300000001",
            "policy_arn": "arn:aws:iam::aws:policy/service-role/AWSLambdaBasicExecutionRole",
            "role": "goalsguild_lambda_exec_role_dev"
          },
          "sensitive_attributes": [],
          "identity_schema_version": 0,
          "identity": {
            "account_id": "838284111015",
            "policy_arn": "arn:aws:iam::aws:policy/service-role/AWSLambdaBasicExecutionRole",
            "role": "goalsguild_lambda_exec_role_dev"
          },
          "private": "bnVsbA==",
          "dependencies": [
            "module.network.aws_iam_role.lambda_exec_role"
          ]
        }
      ]
    },
    {
      "module": "module.network",
      "mode": "managed",
      "type": "aws_lambda_permission",
      "name": "allow_api_gateway_lambda_authorizer",
      "provider": "module.network.provider[\"registry.terraform.io/hashicorp/aws\"]",
      "instances": [
        {
          "schema_version": 0,
          "attributes": {
            "action": "lambda:InvokeFunction",
            "event_source_token": null,
            "function_name": "arn:aws:lambda:us-east-2:838284111015:function:goalsguild_authorizer_dev",
            "function_url_auth_type": null,
            "id": "AllowAPIGatewayInvokeLambdaAuthorizer",
            "principal": "apigateway.amazonaws.com",
            "principal_org_id": null,
            "qualifier": "",
            "region": "us-east-2",
            "source_account": null,
            "source_arn": "arn:aws:execute-api:us-east-2:838284111015:tuffc5cto8/authorizers/4pdi1f",
            "statement_id": "AllowAPIGatewayInvokeLambdaAuthorizer",
            "statement_id_prefix": ""
          },
          "sensitive_attributes": [],
          "identity_schema_version": 0,
          "identity": {
            "account_id": "838284111015",
            "function_name": "arn:aws:lambda:us-east-2:838284111015:function:goalsguild_authorizer_dev",
            "qualifier": null,
            "region": "us-east-2",
            "statement_id": "AllowAPIGatewayInvokeLambdaAuthorizer"
          },
          "private": "bnVsbA==",
          "dependencies": [
            "module.iam.aws_iam_role.lambda_authorizer_role",
            "module.lambda_authorizer.aws_lambda_function.this",
            "module.lambda_authorizer.data.archive_file.lambda_zip",
            "module.lambda_authorizer.null_resource.build_bash",
            "module.lambda_authorizer.null_resource.build_ps",
            "module.network.aws_api_gateway_authorizer.lambda_authorizer",
            "module.network.aws_api_gateway_rest_api.rest_api"
          ]
        }
      ]
    },
    {
      "module": "module.network",
      "mode": "managed",
      "type": "aws_lambda_permission",
      "name": "allow_api_gateway_quest",
      "provider": "module.network.provider[\"registry.terraform.io/hashicorp/aws\"]",
      "instances": [
        {
          "schema_version": 0,
          "attributes": {
            "action": "lambda:InvokeFunction",
            "event_source_token": null,
            "function_name": "arn:aws:lambda:us-east-2:838284111015:function:goalsguild_quest_service_dev",
            "function_url_auth_type": null,
            "id": "AllowAPIGatewayInvokeQuest",
            "principal": "apigateway.amazonaws.com",
            "principal_org_id": null,
            "qualifier": "",
            "region": "us-east-2",
            "source_account": null,
            "source_arn": "arn:aws:execute-api:us-east-2:838284111015:tuffc5cto8/*/*",
            "statement_id": "AllowAPIGatewayInvokeQuest",
            "statement_id_prefix": ""
          },
          "sensitive_attributes": [],
          "identity_schema_version": 0,
          "identity": {
            "account_id": "838284111015",
            "function_name": "arn:aws:lambda:us-east-2:838284111015:function:goalsguild_quest_service_dev",
            "qualifier": null,
            "region": "us-east-2",
            "statement_id": "AllowAPIGatewayInvokeQuest"
          },
          "private": "bnVsbA==",
          "dependencies": [
            "module.lambda_quest_service.aws_lambda_function.lambda_function",
            "module.lambda_quest_service.data.aws_ecr_image.image",
            "module.network.aws_api_gateway_rest_api.rest_api",
            "module.network.aws_iam_role.lambda_exec_role",
            "module.quest_service_image.aws_ecr_lifecycle_policy.keep_last_3",
            "module.quest_service_image.aws_ecr_repository.repo",
            "module.quest_service_image.data.aws_caller_identity.me",
            "module.quest_service_image.data.aws_ecr_authorization_token.ecr",
            "module.quest_service_image.data.aws_ecr_repository.repo",
            "module.quest_service_image.docker_image.app",
            "module.quest_service_image.docker_registry_image.app",
            "module.quest_service_image.local_file.version_file",
            "module.quest_service_image.null_resource.ecr_login"
          ]
        }
      ]
    },
    {
      "module": "module.network",
      "mode": "managed",
      "type": "aws_lambda_permission",
      "name": "allow_api_gateway_user",
      "provider": "module.network.provider[\"registry.terraform.io/hashicorp/aws\"]",
      "instances": [
        {
          "schema_version": 0,
          "attributes": {
            "action": "lambda:InvokeFunction",
            "event_source_token": null,
            "function_name": "arn:aws:lambda:us-east-2:838284111015:function:goalsguild_user_service_dev",
            "function_url_auth_type": null,
            "id": "AllowAPIGatewayInvokeUser",
            "principal": "apigateway.amazonaws.com",
            "principal_org_id": null,
            "qualifier": "",
            "region": "us-east-2",
            "source_account": null,
            "source_arn": "arn:aws:execute-api:us-east-2:838284111015:tuffc5cto8/*/*",
            "statement_id": "AllowAPIGatewayInvokeUser",
            "statement_id_prefix": ""
          },
          "sensitive_attributes": [],
          "identity_schema_version": 0,
          "identity": {
            "account_id": "838284111015",
            "function_name": "arn:aws:lambda:us-east-2:838284111015:function:goalsguild_user_service_dev",
            "qualifier": null,
            "region": "us-east-2",
            "statement_id": "AllowAPIGatewayInvokeUser"
          },
          "private": "bnVsbA==",
          "dependencies": [
            "module.lambda_user_service.aws_lambda_function.lambda_function",
            "module.lambda_user_service.data.aws_ecr_image.image",
            "module.network.aws_api_gateway_rest_api.rest_api",
            "module.network.aws_iam_role.lambda_exec_role",
            "module.user_service_image.aws_ecr_lifecycle_policy.keep_last_3",
            "module.user_service_image.aws_ecr_repository.repo",
            "module.user_service_image.data.aws_caller_identity.me",
            "module.user_service_image.data.aws_ecr_authorization_token.ecr",
            "module.user_service_image.data.aws_ecr_repository.repo",
            "module.user_service_image.docker_image.app",
            "module.user_service_image.docker_registry_image.app",
            "module.user_service_image.local_file.version_file",
            "module.user_service_image.null_resource.ecr_login"
          ]
        }
      ]
    },
    {
      "module": "module.network",
      "mode": "managed",
      "type": "aws_ssm_parameter",
      "name": "cognito_client_id",
      "provider": "module.network.provider[\"registry.terraform.io/hashicorp/aws\"]",
      "instances": [
        {
          "schema_version": 0,
          "attributes": {
            "allowed_pattern": "",
            "arn": "arn:aws:ssm:us-east-2:838284111015:parameter/goalsguild/cognito/client_id",
            "data_type": "text",
            "description": "Cognito User Pool Client ID for GoalsGuild dev environment",
            "has_value_wo": false,
            "id": "/goalsguild/cognito/client_id",
            "insecure_value": null,
            "key_id": "",
            "name": "/goalsguild/cognito/client_id",
            "overwrite": null,
            "region": "us-east-2",
            "tags": {
              "Component": "cognito",
              "Environment": "dev",
              "Service": "goalsguild"
            },
            "tags_all": {
              "Component": "cognito",
              "Environment": "dev",
              "Service": "goalsguild"
            },
            "tier": "Standard",
            "type": "String",
            "value": "2c1e2odalemtnmat8d3ch9l39r",
            "value_wo": null,
            "value_wo_version": null,
            "version": 1
          },
          "sensitive_attributes": [
            [
              {
                "type": "get_attr",
                "value": "value"
              }
            ],
            [
              {
                "type": "get_attr",
                "value": "value_wo"
              }
            ]
          ],
          "identity_schema_version": 0,
          "identity": {
            "account_id": "838284111015",
            "name": "/goalsguild/cognito/client_id",
            "region": "us-east-2"
          },
          "private": "bnVsbA==",
          "dependencies": [
            "module.network.aws_cognito_user_pool.user_pool",
            "module.network.aws_cognito_user_pool_client.user_pool_client"
          ]
        }
      ]
    },
    {
      "module": "module.network",
      "mode": "managed",
      "type": "aws_ssm_parameter",
      "name": "cognito_client_secret",
      "provider": "module.network.provider[\"registry.terraform.io/hashicorp/aws\"]",
      "instances": [
        {
          "schema_version": 0,
          "attributes": {
            "allowed_pattern": "",
            "arn": "arn:aws:ssm:us-east-2:838284111015:parameter/goalsguild/cognito/client_secret",
            "data_type": "text",
            "description": "Cognito User Pool Client Secret for GoalsGuild dev environment",
            "has_value_wo": false,
            "id": "/goalsguild/cognito/client_secret",
            "insecure_value": null,
            "key_id": "alias/aws/ssm",
            "name": "/goalsguild/cognito/client_secret",
            "overwrite": null,
            "region": "us-east-2",
            "tags": {
              "Component": "cognito",
              "Environment": "dev",
              "Service": "goalsguild"
            },
            "tags_all": {
              "Component": "cognito",
              "Environment": "dev",
              "Service": "goalsguild"
            },
            "tier": "Standard",
            "type": "SecureString",
            "value": "1",
            "value_wo": null,
            "value_wo_version": null,
            "version": 1
          },
          "sensitive_attributes": [
            [
              {
                "type": "get_attr",
                "value": "value"
              }
            ],
            [
              {
                "type": "get_attr",
                "value": "value_wo"
              }
            ]
          ],
          "identity_schema_version": 0,
          "identity": {
            "account_id": "838284111015",
            "name": "/goalsguild/cognito/client_secret",
            "region": "us-east-2"
          },
          "private": "bnVsbA==",
          "dependencies": [
            "module.network.aws_cognito_user_pool.user_pool",
            "module.network.aws_cognito_user_pool_client.user_pool_client"
          ]
        }
      ]
    },
    {
      "module": "module.network",
      "mode": "managed",
      "type": "aws_ssm_parameter",
      "name": "cognito_user_pool_id",
      "provider": "module.network.provider[\"registry.terraform.io/hashicorp/aws\"]",
      "instances": [
        {
          "schema_version": 0,
          "attributes": {
            "allowed_pattern": "",
            "arn": "arn:aws:ssm:us-east-2:838284111015:parameter/goalsguild/dev/cognito/user_pool_id",
            "data_type": "text",
            "description": "Cognito User Pool ID for GoalsGuild dev environment",
            "has_value_wo": false,
            "id": "/goalsguild/dev/cognito/user_pool_id",
            "insecure_value": null,
            "key_id": "",
            "name": "/goalsguild/dev/cognito/user_pool_id",
            "overwrite": null,
            "region": "us-east-2",
            "tags": {
              "Component": "cognito",
              "Environment": "dev",
              "Service": "goalsguild"
            },
            "tags_all": {
              "Component": "cognito",
              "Environment": "dev",
              "Service": "goalsguild"
            },
            "tier": "Standard",
            "type": "String",
            "value": "us-east-2_8lNy9Nnx1",
            "value_wo": null,
            "value_wo_version": null,
            "version": 2
          },
          "sensitive_attributes": [
            [
              {
                "type": "get_attr",
                "value": "value"
              }
            ],
            [
              {
                "type": "get_attr",
                "value": "value_wo"
              }
            ]
          ],
          "identity_schema_version": 0,
          "identity": {
            "account_id": "838284111015",
            "name": "/goalsguild/dev/cognito/user_pool_id",
            "region": "us-east-2"
          },
          "private": "bnVsbA==",
          "dependencies": [
            "module.network.aws_cognito_user_pool.user_pool"
          ]
        }
      ]
    },
    {
      "module": "module.network",
      "mode": "managed",
      "type": "aws_ssm_parameter",
      "name": "goals_guild_email_token_secret",
      "provider": "module.network.provider[\"registry.terraform.io/hashicorp/aws\"]",
      "instances": [
        {
          "schema_version": 0,
          "attributes": {
            "allowed_pattern": "",
            "arn": "arn:aws:ssm:us-east-2:838284111015:parameter/goalsguild/user-service/email_token_secret",
            "data_type": "text",
            "description": "email secret for email token generation ",
            "has_value_wo": false,
            "id": "/goalsguild/user-service/email_token_secret",
            "insecure_value": null,
            "key_id": "alias/aws/ssm",
            "name": "/goalsguild/user-service/email_token_secret",
            "overwrite": null,
            "region": "us-east-2",
            "tags": {
              "Component": "user-service",
              "Environment": "dev",
              "Service": "goalsguild"
            },
            "tags_all": {
              "Component": "user-service",
              "Environment": "dev",
              "Service": "goalsguild"
            },
            "tier": "Standard",
            "type": "SecureString",
            "value": "1",
            "value_wo": null,
            "value_wo_version": null,
            "version": 1
          },
          "sensitive_attributes": [
            [
              {
                "type": "get_attr",
                "value": "value"
              }
            ],
            [
              {
                "type": "get_attr",
                "value": "value_wo"
              }
            ]
          ],
          "identity_schema_version": 0,
          "identity": {
            "account_id": "838284111015",
            "name": "/goalsguild/user-service/email_token_secret",
            "region": "us-east-2"
          },
          "private": "bnVsbA==",
          "dependencies": [
            "module.network.aws_cognito_user_pool.user_pool",
            "module.network.aws_cognito_user_pool_client.user_pool_client"
          ]
        }
      ]
    },
    {
      "module": "module.network",
      "mode": "managed",
      "type": "aws_ssm_parameter",
      "name": "goals_guild_google_client_id",
      "provider": "module.network.provider[\"registry.terraform.io/hashicorp/aws\"]",
      "instances": [
        {
          "schema_version": 0,
          "attributes": {
            "allowed_pattern": "",
            "arn": "arn:aws:ssm:us-east-2:838284111015:parameter/goalsguild/user-service/google_client_secret",
            "data_type": "text",
            "description": "Client secret for google login ",
            "has_value_wo": false,
            "id": "/goalsguild/user-service/google_client_secret",
            "insecure_value": null,
            "key_id": "alias/aws/ssm",
            "name": "/goalsguild/user-service/google_client_secret",
            "overwrite": null,
            "region": "us-east-2",
            "tags": {
              "Component": "user-service",
              "Environment": "dev",
              "Service": "goalsguild"
            },
            "tags_all": {
              "Component": "user-service",
              "Environment": "dev",
              "Service": "goalsguild"
            },
            "tier": "Standard",
            "type": "SecureString",
            "value": "1",
            "value_wo": null,
            "value_wo_version": null,
            "version": 1
          },
          "sensitive_attributes": [
            [
              {
                "type": "get_attr",
                "value": "value"
              }
            ],
            [
              {
                "type": "get_attr",
                "value": "value_wo"
              }
            ]
          ],
          "identity_schema_version": 0,
          "identity": {
            "account_id": "838284111015",
            "name": "/goalsguild/user-service/google_client_secret",
            "region": "us-east-2"
          },
          "private": "bnVsbA==",
          "dependencies": [
            "module.network.aws_cognito_user_pool.user_pool",
            "module.network.aws_cognito_user_pool_client.user_pool_client"
          ]
        }
      ]
    },
    {
      "module": "module.network",
      "mode": "managed",
      "type": "aws_ssm_parameter",
      "name": "goals_guild_google_client_secret",
      "provider": "module.network.provider[\"registry.terraform.io/hashicorp/aws\"]",
      "instances": [
        {
          "schema_version": 0,
          "attributes": {
            "allowed_pattern": "",
            "arn": "arn:aws:ssm:us-east-2:838284111015:parameter/goalsguild/user-service/google_client_id",
            "data_type": "text",
            "description": "Client id for google login ",
            "has_value_wo": false,
            "id": "/goalsguild/user-service/google_client_id",
            "insecure_value": null,
            "key_id": "alias/aws/ssm",
            "name": "/goalsguild/user-service/google_client_id",
            "overwrite": null,
            "region": "us-east-2",
            "tags": {
              "Component": "user-service",
              "Environment": "dev",
              "Service": "goalsguild"
            },
            "tags_all": {
              "Component": "user-service",
              "Environment": "dev",
              "Service": "goalsguild"
            },
            "tier": "Standard",
            "type": "SecureString",
            "value": "1",
            "value_wo": null,
            "value_wo_version": null,
            "version": 1
          },
          "sensitive_attributes": [
            [
              {
                "type": "get_attr",
                "value": "value"
              }
            ],
            [
              {
                "type": "get_attr",
                "value": "value_wo"
              }
            ]
          ],
          "identity_schema_version": 0,
          "identity": {
            "account_id": "838284111015",
            "name": "/goalsguild/user-service/google_client_id",
            "region": "us-east-2"
          },
          "private": "bnVsbA==",
          "dependencies": [
            "module.network.aws_cognito_user_pool.user_pool",
            "module.network.aws_cognito_user_pool_client.user_pool_client"
          ]
        }
      ]
    },
    {
      "module": "module.network",
      "mode": "managed",
      "type": "aws_ssm_parameter",
      "name": "goals_guild_jwt_secret",
      "provider": "module.network.provider[\"registry.terraform.io/hashicorp/aws\"]",
      "instances": [
        {
          "schema_version": 0,
          "attributes": {
            "allowed_pattern": "",
            "arn": "arn:aws:ssm:us-east-2:838284111015:parameter/goalsguild/user-service/JWT_SECRET",
            "data_type": "text",
            "description": "jwt secret for jwt generation ",
            "has_value_wo": false,
            "id": "/goalsguild/user-service/JWT_SECRET",
            "insecure_value": null,
            "key_id": "alias/aws/ssm",
            "name": "/goalsguild/user-service/JWT_SECRET",
            "overwrite": null,
            "region": "us-east-2",
            "tags": {
              "Component": "user-service",
              "Environment": "dev",
              "Service": "goalsguild"
            },
            "tags_all": {
              "Component": "user-service",
              "Environment": "dev",
              "Service": "goalsguild"
            },
            "tier": "Standard",
            "type": "SecureString",
            "value": "1",
            "value_wo": null,
            "value_wo_version": null,
            "version": 1
          },
          "sensitive_attributes": [
            [
              {
                "type": "get_attr",
                "value": "value"
              }
            ],
            [
              {
                "type": "get_attr",
                "value": "value_wo"
              }
            ]
          ],
          "identity_schema_version": 0,
          "identity": {
            "account_id": "838284111015",
            "name": "/goalsguild/user-service/JWT_SECRET",
            "region": "us-east-2"
          },
          "private": "bnVsbA==",
          "dependencies": [
            "module.network.aws_cognito_user_pool.user_pool",
            "module.network.aws_cognito_user_pool_client.user_pool_client"
          ]
        }
      ]
    },
    {
      "module": "module.network",
      "mode": "managed",
      "type": "aws_ssm_parameter",
      "name": "user_service_env_vars",
      "provider": "module.network.provider[\"registry.terraform.io/hashicorp/aws\"]",
      "instances": [
        {
          "schema_version": 0,
          "attributes": {
            "allowed_pattern": "",
            "arn": "arn:aws:ssm:us-east-2:838284111015:parameter/goalsguild/user-service/env_vars",
            "data_type": "text",
            "description": "JSON object of environment variables for User Service excluding AWS_REGION",
            "has_value_wo": false,
            "id": "/goalsguild/user-service/env_vars",
            "insecure_value": null,
            "key_id": "",
            "name": "/goalsguild/user-service/env_vars",
            "overwrite": null,
            "region": "us-east-2",
            "tags": {
              "Component": "user-service",
              "Environment": "dev",
              "Service": "goalsguild"
            },
            "tags_all": {
              "Component": "user-service",
              "Environment": "dev",
              "Service": "goalsguild"
            },
            "tier": "Standard",
            "type": "String",
            "value": "{\"APP_BASE_URL\":\"http://localhost:5050\",\"COGNITO_CLIENT_ID\":\"2c1e2odalemtnmat8d3ch9l39r\",\"COGNITO_CLIENT_SECRET\":\"q9hkrvnpg3pe4r1ec0dr8ifepq0rfaql0tq6h07g378tvujp7nf\",\"COGNITO_DOMAIN\":\"goalsguild.auth.us-east-2.amazoncognito.com\",\"COGNITO_REGION\":\"us-east-2\",\"COGNITO_USER_POOL_ID\":\"us-east-2_8lNy9Nnx1\",\"CORE_TABLE\":\"gg_core\",\"DYNAMODB_USERS_TABLE\":\"goalsguild_users\",\"EMAIL_SENDER\":\"no-reply@goalsguild.com\",\"FRONTEND_BASE_URL\":\"https://app.goalsguild.com\",\"JWT_AUDIENCE\":\"api://default\",\"JWT_ISSUER\":\"https://auth.local\",\"LOGIN_ATTEMPTS_TABLE\":\"goalsguild_login_attempts\",\"PASSWORD_KEY\":\"your-encrypted-password-key\"}",
            "value_wo": null,
            "value_wo_version": null,
            "version": 2
          },
          "sensitive_attributes": [
            [
              {
                "type": "get_attr",
                "value": "value"
              }
            ],
            [
              {
                "type": "get_attr",
                "value": "value_wo"
              }
            ]
          ],
          "identity_schema_version": 0,
          "identity": {
            "account_id": "838284111015",
            "name": "/goalsguild/user-service/env_vars",
            "region": "us-east-2"
          },
          "private": "bnVsbA==",
          "dependencies": [
            "module.ddb.aws_dynamodb_table.this",
            "module.network.aws_cognito_user_pool.user_pool",
            "module.network.aws_cognito_user_pool_client.user_pool_client"
          ]
        }
      ]
    },
    {
      "module": "module.network",
      "mode": "managed",
      "type": "random_string",
      "name": "apigw_api_key",
      "provider": "provider[\"registry.terraform.io/hashicorp/random\"]",
      "instances": [
        {
          "schema_version": 2,
          "attributes": {
            "id": "beckp4hwrlq3ztxc7l2xbabhkwaag10r",
            "keepers": null,
            "length": 32,
            "lower": true,
            "min_lower": 0,
            "min_numeric": 0,
            "min_special": 0,
            "min_upper": 0,
            "number": true,
            "numeric": true,
            "override_special": null,
            "result": "beckp4hwrlq3ztxc7l2xbabhkwaag10r",
            "special": false,
            "upper": false
          },
          "sensitive_attributes": [],
          "identity_schema_version": 0
        }
      ]
    },
    {
      "module": "module.quest_service_image",
      "mode": "data",
      "type": "aws_caller_identity",
      "name": "me",
      "provider": "module.quest_service_image.provider[\"registry.terraform.io/hashicorp/aws\"]",
      "instances": [
        {
          "schema_version": 0,
          "attributes": {
            "account_id": "838284111015",
            "arn": "arn:aws:sts::838284111015:assumed-role/AWSReservedSSO_AdministratorAccess_a645e868571753cc/AndresAlvarez",
            "id": "838284111015",
            "user_id": "AROA4GLNANSTVDTZXR5GZ:AndresAlvarez"
          },
          "sensitive_attributes": [],
          "identity_schema_version": 0
        }
      ]
    },
    {
      "module": "module.quest_service_image",
      "mode": "data",
      "type": "aws_ecr_authorization_token",
      "name": "ecr",
      "provider": "module.quest_service_image.provider[\"registry.terraform.io/hashicorp/aws\"]",
      "instances": [
        {
          "schema_version": 0,
          "attributes": {
            "authorization_token": "QVdTOmV5SndZWGxzYjJGa0lqb2lVVEUyTm1zNVZrRjNWV2xvYm1wSmNIVndkR0ZvVDI5T1EzbFdZblp4Y0dabVozTnRVekpCTVRKbU5tNXJSMFkyT1VSeGNIZHhSVUZ2YlZWbGJESkJaRGxvTjNZMGNUTldiSGxzVUZGeWVtMDVNREJNWkdwaU9YSTBia05XY0dZMVJ6QjNWazloTjJ3eVZsUTBTazVhV0dKU1FrbGtiV1JXVjBsblNuaEZibFEzTUZCckszaEtTakJYTlhOT1ZXTnhVRTE2TmpONVJrbzJlWGg0TWxNclIyaFhaemhoZUc5c09FZDZNWGtyVkdGNWRYZHlVMEV4WkZaelRFVXlRa3B3V2xabFZqbE1SRTVxWmxsWFRrNU9SRFJNVVROd1RuZDVhWGRaUjNoTk1rZGhPVGRhTlhKR2NFbGlURVV3UTBSemRTOXJlU3Q2ZERscWRrSXJjVEU1WW1sV1ZreEtWazB5YUhKblptTjJTRmxNYVM5SFdXMXZialJDT0dKcU9WUnBhMmg0VVc0MU4zTkJaMmxhVTNFeGRUaHRaRlpSWlRab1QyOTFVaXRFYjI5aE1UVjFWbGR2VXpoM1oyd3dWeTlrVG1wSFprdFFiemMwZWxCRlRFUXJVaTgwY0ZoUFpVaHpia2h4UjI1MFFVazFiMlZJUnpOWVVGQnVVVGxCT0U5bWJWTmpaalZ0YzBkR016Uk1TV1kyYlRSc2EwTjJNSGQxVTBsQ09WTmhkbUZKUWtab1N6WlVaWE5MWjNSR1dFUmtSRmxZVmpRMmJrUkZaMFZIY21Nd1IzZGhaalp5WWtOelJETm9TRlZLU0ZCTU5GQndNa05EWkVsRVZpdDFlbHBKVG5OSFoxVnhWekV3WVU5YVNFVlRTa3Q0ZVdRcmNEQXlZVFl6VERGblUzSXhTVXcwVDNsNlVuUlJRV0p6TjBndlZESjNNaTlsV0d4b1JHeHBXRVpuTjNsWlQyZDFWVk4wUW1KS1VWVlVkWGhIYTJodFdIUnlNRGRPTldKd01UbExaamMwU2t0VFIxSk9Sa3BvUVZKMVJVVTVMelJrYmxaVGVuSk9RVll4T1dseWJFMW1aM0JXTldrM01pdFVkM0pHTDFvdlJqQk1OMnhwWm5SUU1tOUtXVEV4WVVRMGMyMWtVbXhvYzFSbU9WRldjVTVxYzBGTVdESlFRVlJLZVVGd1pHNTVPVXRrUldoUk9WbDJlRmR5YzFWM1NVRmpWRXh1YlVRd2QxbDVWRE5aVVdSS1VrRlZNRVV6ZW5kTlRYQkVUQzlyVm5wV1JGTmFRbGhUYmxjd0x6UlpUVEp6VkVWYWVUWllUak42TUdGQmN6SmtVemwzT0NzclYzaHlUbmxHV21kb1RXWkJjbUUyWWpOSVRubFRURll6U2tSdWVXazJTRlYxTm1aWFlsRnpVelI2UkZreGVHUk1lR2hYZGtRMmQwZE1jek5UT1doMFR6a3ZRekEyZGt4VGVsbFlkVFV4V0VaMmVFNVpUM1ZITWpsSlNVdFZWamhhY1Raek5XNVNlWE5pY3pFM2VVMDVSVXBhVUhGcmFGRnNiRzVUWlZCck9GVXdXV1p3YTJvd1lXcE9VVE41TjJKV1NEaEJNRzl1TTFFMlVIQnVkVFo0UkdoSE0zWkRUbk5zU25SRFZFNVBUR0UxVkU5a1VIa3hOMUpyV2tGNlJrbHlTbk41V1Zsa1VYRXpiMEpUTUZGaFRrczRkMnBvVld0TVRYZHRiM0EyTDJkWksxSXhVRUpITldwWlkwUk9hVTloUlZkdloweFlNMlJ0UWtzelVHMUNUMjV1TTI5RFRFYzFhR05sVDB4c09HcHFSemRpWXpCbGVubzFSbmxhYzBFM2RXOWFlV2huY1dVMWVYTTFTbnB1UkZnMFRVbEtlbE5ZU2xsVU1WTXlhM0UxWmxaUlYzZGlZekpyT0ZoNWQyNUlSMmg1T1hwdE5WRklWa2RFVTBRellYQmxaMk5XUTI5VVFqVkxRbTFXVTFOWWNITjJVMnhzUldOYU5sbExNSFJpUlhGclEzZGphMkkyYTJRdldWaGFibFl3VkhnMFduVjBLMmszYlRKcVMzQmxSbE5ITkdGaGVGbHNaSGRrUlZGbE1GY3dTa0pyYzJoYVVHUjRPRUZqWWxWVmVWWkhhME5MV0VjdlpuSkxUR2xCUXl0Q05taERWWFZsWlhCU05WZFJRVkJwVEVsWmVsTTViMUp6YldOeVNsSnZXVXBoVVU1MGN6SnlLMDl2Ym1oWU4wbElORGx0U1RGRWFuZFVibUl5WVVSWVN6bElZVVU1YVZjeFVUUTRNRWRsYTJwa2QySnBVMlJWVFhZMmFHZDBOWEpVYkd0S09GQjBkWHB5VUVObU1pOHJVMlppVEVkQlVuWm1kM0J1U0hGQ01tODFlRzlrVFZvelprMTJZelJDVEhoMVVHY3hVVDA5SWl3aVpHRjBZV3RsZVNJNklrRlJSVUpCU0dwQ055OXBaM2ROWnpST1VIZGhkWEo0VTBsWmVEUklabTU0ZFVkakx6UTRZa1IzZG5kRWNFNVpWMXBuUVVGQlNEUjNaa0ZaU2t0dldrbG9kbU5PUVZGalIyOUhPSGRpVVVsQ1FVUkNiMEpuYTNGb2EybEhPWGN3UWtKM1JYZElaMWxLV1VsYVNVRlhWVVJDUVVWMVRVSkZSVVJOSzJReVpGQkxhRlEwVW5wRmEySlJRVWxDUlVsQk56QXhaRFpUYVdVdldFNVJSbWwxV1Vzd1YyRmFaM2wzTVZCSVdHdGxhbFJzUkdRNU4yVmphMDlRTWxoNWNVUlNPR3A2UWsxbmIzWnFiRzlKV25oUVpWY3JNeXRFWWt4VGJDOURlRUZvTDFFOUlpd2lkbVZ5YzJsdmJpSTZJaklpTENKMGVYQmxJam9pUkVGVVFWOUxSVmtpTENKbGVIQnBjbUYwYVc5dUlqb3hOelUzTkRreU1UVTNmUT09",
            "expires_at": "2025-09-10T08:15:57Z",
            "id": "us-east-2",
            "password": "eyJwYXlsb2FkIjoiUTE2Nms5VkF3VWlobmpJcHVwdGFoT29OQ3lWYnZxcGZmZ3NtUzJBMTJmNm5rR0Y2OURxcHdxRUFvbVVlbDJBZDloN3Y0cTNWbHlsUFFyem05MDBMZGpiOXI0bkNWcGY1RzB3Vk9hN2wyVlQ0Sk5aWGJSQklkbWRWV0lnSnhFblQ3MFBrK3hKSjBXNXNOVWNxUE16NjN5Rko2eXh4MlMrR2hXZzhheG9sOEd6MXkrVGF5dXdyU0ExZFZzTEUyQkpwWlZlVjlMRE5qZllXTk5ORDRMUTNwTnd5aXdZR3hNMkdhOTdaNXJGcEliTEUwQ0RzdS9reSt6dDlqdkIrcTE5YmlWVkxKVk0yaHJnZmN2SFlMaS9HWW1vbjRCOGJqOVRpa2h4UW41N3NBZ2laU3ExdThtZFZRZTZoT291UitEb29hMTV1VldvUzh3Z2wwVy9kTmpHZktQbzc0elBFTEQrUi80cFhPZUhzbkhxR250QUk1b2VIRzNYUFBuUTlBOE9mbVNjZjVtc0dGMzRMSWY2bTRsa0N2MHd1U0lCOVNhdmFJQkZoSzZUZXNLZ3RGWERkRFlYVjQ2bkRFZ0VHcmMwR3dhZjZyYkNzRDNoSFVKSFBMNFBwMkNDZElEVit1elpJTnNHZ1VxVzEwYU9aSEVTSkt4eWQrcDAyYTYzTDFnU3IxSUw0T3l6UnRRQWJzN0gvVDJ3Mi9lWGxoRGxpWEZnN3lZT2d1VVN0QmJKUVVUdXhHa2htWHRyMDdONWJwMTlLZjc0SktTR1JORkpoQVJ1RUU5LzRkblZTenJOQVYxOWlybE1mZ3BWNWk3MitUd3JGL1ovRjBMN2xpZnRQMm9KWTExYUQ0c21kUmxoc1RmOVFWcU5qc0FMWDJQQVRKeUFwZG55OUtkRWhROVl2eFdyc1V3SUFjVExubUQwd1l5VDNZUWRKUkFVMEUzendNTXBETC9rVnpWRFNaQlhTblcwLzRZTTJzVEVaeTZYTjN6MGFBczJkUzl3OCsrV3hyTnlGWmdoTWZBcmE2YjNITnlTTFYzSkRueWk2SFV1NmZXYlFzUzR6RFkxeGRMeGhXdkQ2d0dMczNTOWh0TzkvQzA2dkxTellYdTUxWEZ2eE5ZT3VHMjlJSUtVVjhacTZzNW5SeXNiczE3eU05RUpaUHFraFFsbG5TZVBrOFUwWWZwa2owYWpOUTN5N2JWSDhBMG9uM1E2UHBudTZ4RGhHM3ZDTnNsSnRDVE5PTGE1VE9kUHkxN1JrWkF6RklySnN5WVlkUXEzb0JTMFFhTks4d2poVWtMTXdtb3A2L2dZK1IxUEJHNWpZY0ROaU9hRVdvZ0xYM2RtQkszUG1CT25uM29DTEc1aGNlT0xsOGpqRzdiYzBleno1Rnlac0E3dW9aeWhncWU1eXM1SnpuRFg0TUlKelNYSllUMVMya3E1ZlZRV3diYzJrOFh5d25IR2h5OXptNVFIVkdEU0QzYXBlZ2NWQ29UQjVLQm1WU1NYcHN2U2xsRWNaNllLMHRiRXFrQ3dja2I2a2QvWVhablYwVHg0WnV0K2k3bTJqS3BlRlNHNGFheFlsZHdkRVFlMFcwSkJrc2haUGR4OEFjYlVVeVZHa0NLWEcvZnJLTGlBQytCNmhDVXVlZXBSNVdRQVBpTElZelM5b1JzbWNySlJvWUphUU50czJyK09vbmhYN0lINDltSTFEandUbmIyYURYSzlIYUU5aVcxUTQ4MEdla2pkd2JpU2RVTXY2aGd0NXJUbGtKOFB0dXpyUENmMi8rU2ZiTEdBUnZmd3BuSHFCMm81eG9kTVozZk12YzRCTHh1UGcxUT09IiwiZGF0YWtleSI6IkFRRUJBSGpCNy9pZ3dNZzROUHdhdXJ4U0lZeDRIZm54dUdjLzQ4YkR3dndEcE5ZV1pnQUFBSDR3ZkFZSktvWklodmNOQVFjR29HOHdiUUlCQURCb0Jna3Foa2lHOXcwQkJ3RXdIZ1lKWUlaSUFXVURCQUV1TUJFRURNK2QyZFBLaFQ0UnpFa2JRQUlCRUlBNzAxZDZTaWUvWE5RRml1WUswV2FaZ3l3MVBIWGtlalRsRGQ5N2Vja09QMlh5cURSOGp6Qk1nb3ZqbG9JWnhQZVcrMytEYkxTbC9DeEFoL1E9IiwidmVyc2lvbiI6IjIiLCJ0eXBlIjoiREFUQV9LRVkiLCJleHBpcmF0aW9uIjoxNzU3NDkyMTU3fQ==",
            "proxy_endpoint": "https://838284111015.dkr.ecr.us-east-2.amazonaws.com",
            "region": "us-east-2",
            "registry_id": "838284111015",
            "user_name": "AWS"
          },
          "sensitive_attributes": [
            [
              {
                "type": "get_attr",
                "value": "authorization_token"
              }
            ],
            [
              {
                "type": "get_attr",
                "value": "password"
              }
            ]
          ],
          "identity_schema_version": 0
        }
      ]
    },
    {
      "module": "module.quest_service_image",
      "mode": "managed",
      "type": "aws_ecr_lifecycle_policy",
      "name": "keep_last_3",
      "provider": "module.quest_service_image.provider[\"registry.terraform.io/hashicorp/aws\"]",
      "instances": [
        {
          "index_key": 0,
          "schema_version": 0,
          "attributes": {
            "id": "goalsguild_quest_service",
            "policy": "{\"rules\":[{\"action\":{\"type\":\"expire\"},\"description\":\"Keep last 3 images by count\",\"rulePriority\":1,\"selection\":{\"countNumber\":3,\"countType\":\"imageCountMoreThan\",\"tagStatus\":\"any\"}}]}",
            "region": "us-east-2",
            "registry_id": "838284111015",
            "repository": "goalsguild_quest_service"
          },
          "sensitive_attributes": [],
          "identity_schema_version": 0,
          "identity": {
            "account_id": "838284111015",
            "region": "us-east-2",
            "repository": "goalsguild_quest_service"
          },
          "private": "bnVsbA==",
          "dependencies": [
            "module.quest_service_image.aws_ecr_repository.repo"
          ],
          "create_before_destroy": true
        }
      ]
    },
    {
      "module": "module.quest_service_image",
      "mode": "managed",
      "type": "aws_ecr_repository",
      "name": "repo",
      "provider": "module.quest_service_image.provider[\"registry.terraform.io/hashicorp/aws\"]",
      "instances": [
        {
          "index_key": 0,
          "schema_version": 0,
          "attributes": {
            "arn": "arn:aws:ecr:us-east-2:838284111015:repository/goalsguild_quest_service",
            "encryption_configuration": [
              {
                "encryption_type": "AES256",
                "kms_key": ""
              }
            ],
            "force_delete": true,
            "id": "goalsguild_quest_service",
            "image_scanning_configuration": [
              {
                "scan_on_push": true
              }
            ],
            "image_tag_mutability": "MUTABLE",
            "image_tag_mutability_exclusion_filter": [],
            "name": "goalsguild_quest_service",
            "region": "us-east-2",
            "registry_id": "838284111015",
            "repository_url": "838284111015.dkr.ecr.us-east-2.amazonaws.com/goalsguild_quest_service",
            "tags": {},
            "tags_all": {},
            "timeouts": null
          },
          "sensitive_attributes": [],
          "identity_schema_version": 0,
          "identity": {
            "account_id": "838284111015",
            "name": "goalsguild_quest_service",
            "region": "us-east-2"
          },
          "private": "eyJlMmJmYjczMC1lY2FhLTExZTYtOGY4OC0zNDM2M2JjN2M0YzAiOnsiZGVsZXRlIjoxMjAwMDAwMDAwMDAwfX0=",
          "create_before_destroy": true
        }
      ]
    },
    {
      "module": "module.quest_service_image",
      "mode": "managed",
      "type": "docker_image",
      "name": "app",
      "provider": "module.quest_service_image.provider[\"registry.terraform.io/kreuzwerker/docker\"]",
      "instances": [
        {
          "schema_version": 0,
          "attributes": {
            "build": [
              {
                "auth_config": [],
                "build_args": null,
                "build_id": "",
                "build_log_file": "",
                "builder": "",
                "cache_from": [],
                "cgroup_parent": "",
                "context": "../../../backend/services/quest-service",
                "cpu_period": null,
                "cpu_quota": null,
                "cpu_set_cpus": "",
                "cpu_set_mems": "",
                "cpu_shares": null,
                "dockerfile": "../../../backend/services/quest-service/Dockerfile",
                "extra_hosts": [],
                "force_remove": null,
                "isolation": "",
                "label": null,
                "labels": null,
                "memory": null,
                "memory_swap": null,
                "network_mode": "",
                "no_cache": null,
                "platform": "",
                "pull_parent": null,
                "remote_context": "",
                "remove": true,
                "secrets": [],
                "security_opt": [],
                "session_id": "",
                "shm_size": null,
                "squash": null,
                "suppress_output": null,
                "tag": [],
                "target": "",
                "ulimit": [],
                "version": ""
              }
            ],
            "force_remove": null,
            "id": "sha256:b320f5c4203080d08d3c45c2ae6bec5309cfb31fc625f139fc0570847e7b337b838284111015.dkr.ecr.us-east-2.amazonaws.com/goalsguild_quest_service:2",
            "image_id": "sha256:b320f5c4203080d08d3c45c2ae6bec5309cfb31fc625f139fc0570847e7b337b",
            "keep_locally": null,
            "name": "838284111015.dkr.ecr.us-east-2.amazonaws.com/goalsguild_quest_service:2",
            "platform": null,
            "pull_triggers": null,
            "repo_digest": "838284111015.dkr.ecr.us-east-2.amazonaws.com/goalsguild_quest_service@sha256:b320f5c4203080d08d3c45c2ae6bec5309cfb31fc625f139fc0570847e7b337b",
            "timeouts": null,
            "triggers": null
          },
          "sensitive_attributes": [],
          "identity_schema_version": 0,
          "private": "eyJlMmJmYjczMC1lY2FhLTExZTYtOGY4OC0zNDM2M2JjN2M0YzAiOnsiY3JlYXRlIjoxMjAwMDAwMDAwMDAwLCJkZWxldGUiOjEyMDAwMDAwMDAwMDAsInVwZGF0ZSI6MTIwMDAwMDAwMDAwMH19",
          "dependencies": [
            "module.quest_service_image.aws_ecr_repository.repo",
            "module.quest_service_image.data.aws_caller_identity.me",
            "module.quest_service_image.data.aws_ecr_authorization_token.ecr",
            "module.quest_service_image.data.aws_ecr_repository.repo"
          ],
          "create_before_destroy": true
        }
      ]
    },
    {
      "module": "module.quest_service_image",
      "mode": "managed",
      "type": "docker_registry_image",
      "name": "app",
      "provider": "module.quest_service_image.provider[\"registry.terraform.io/kreuzwerker/docker\"]",
      "instances": [
        {
          "schema_version": 0,
          "attributes": {
            "auth_config": [],
            "id": "sha256:b320f5c4203080d08d3c45c2ae6bec5309cfb31fc625f139fc0570847e7b337b",
            "insecure_skip_verify": false,
            "keep_remotely": true,
            "name": "838284111015.dkr.ecr.us-east-2.amazonaws.com/goalsguild_quest_service:2",
            "sha256_digest": "sha256:b320f5c4203080d08d3c45c2ae6bec5309cfb31fc625f139fc0570847e7b337b",
            "triggers": null
          },
          "sensitive_attributes": [],
          "identity_schema_version": 0,
          "private": "bnVsbA==",
          "dependencies": [
            "module.quest_service_image.aws_ecr_repository.repo",
            "module.quest_service_image.data.aws_caller_identity.me",
            "module.quest_service_image.data.aws_ecr_authorization_token.ecr",
            "module.quest_service_image.data.aws_ecr_repository.repo",
            "module.quest_service_image.docker_image.app",
            "module.quest_service_image.null_resource.ecr_login"
          ],
          "create_before_destroy": true
        }
      ]
    },
    {
      "module": "module.quest_service_image",
      "mode": "managed",
      "type": "local_file",
      "name": "version_file",
      "provider": "provider[\"registry.terraform.io/hashicorp/local\"]",
      "instances": [
        {
          "schema_version": 0,
          "attributes": {
            "content": "2",
            "content_base64": null,
            "content_base64sha256": "1HNeOiZeFu7gP1lxi5tdAwGcB9i2xR+Q2jpmbuwTqzU=",
            "content_base64sha512": "QLJEESZB3XjdT5O2yRkN1G4AmRlNWkQle3761u+f9Gg9oe2gJERIyzQ6poj10+/XMU2v5YCsC8vxFa7Kno3BFA==",
            "content_md5": "c81e728d9d4c2f636f067f89cc14862c",
            "content_sha1": "da4b9237bacccdf19c0760cab7aec4a8359010b0",
            "content_sha256": "d4735e3a265e16eee03f59718b9b5d03019c07d8b6c51f90da3a666eec13ab35",
            "content_sha512": "40b244112641dd78dd4f93b6c9190dd46e0099194d5a44257b7efad6ef9ff4683da1eda0244448cb343aa688f5d3efd7314dafe580ac0bcbf115aeca9e8dc114",
            "directory_permission": "0777",
            "file_permission": "0777",
            "filename": "modules/docker_lambda_image/.quest-service_version",
            "id": "da4b9237bacccdf19c0760cab7aec4a8359010b0",
            "sensitive_content": null,
            "source": null
          },
          "sensitive_attributes": [
            [
              {
                "type": "get_attr",
                "value": "sensitive_content"
              }
            ]
          ],
          "identity_schema_version": 0,
          "create_before_destroy": true
        }
      ]
    },
    {
      "module": "module.quest_service_image",
      "mode": "managed",
      "type": "null_resource",
      "name": "ecr_login",
      "provider": "provider[\"registry.terraform.io/hashicorp/null\"]",
      "instances": [
        {
          "schema_version": 0,
          "attributes": {
            "id": "8084403949893119943",
            "triggers": {
              "host": "838284111015.dkr.ecr.us-east-2.amazonaws.com",
              "region": "us-east-2",
              "version": "2"
            }
          },
          "sensitive_attributes": [],
          "identity_schema_version": 0,
          "dependencies": [
            "module.quest_service_image.aws_ecr_repository.repo",
            "module.quest_service_image.data.aws_ecr_repository.repo"
          ],
          "create_before_destroy": true
        }
      ]
    },
    {
      "module": "module.user_service_image",
      "mode": "data",
      "type": "aws_caller_identity",
      "name": "me",
      "provider": "module.user_service_image.provider[\"registry.terraform.io/hashicorp/aws\"]",
      "instances": [
        {
          "schema_version": 0,
          "attributes": {
            "account_id": "838284111015",
            "arn": "arn:aws:sts::838284111015:assumed-role/AWSReservedSSO_AdministratorAccess_a645e868571753cc/AndresAlvarez",
            "id": "838284111015",
            "user_id": "AROA4GLNANSTVDTZXR5GZ:AndresAlvarez"
          },
          "sensitive_attributes": [],
          "identity_schema_version": 0
        }
      ]
    },
    {
      "module": "module.user_service_image",
      "mode": "data",
      "type": "aws_ecr_authorization_token",
      "name": "ecr",
      "provider": "module.user_service_image.provider[\"registry.terraform.io/hashicorp/aws\"]",
      "instances": [
        {
          "schema_version": 0,
          "attributes": {
            "authorization_token": "QVdTOmV5SndZWGxzYjJGa0lqb2llaTkyWmpZMlkyRndWbE5OYVVSMmRHdDBWMWRFYXk4MmFuTkVTWGRTV2xGdFptMUhXSEVyTUhkMFpqVXhlR0pJUTAxMGVXdEhNMjlvT0daR1FYRlFVelZqT1RoS2RIbzJaVk5OY0hOTGVrZEtjMHR2VlRkWk4zcEZNVVkwWkhGT1J5dExhamRXWm1OdGNDdEhla3hOV0V4UEwwRmlaMDUyUVc1ek1uRlRibTVFUlhWUE1YRnZjVUpuYlZOc1JuQXZVV2RXZDJKVVIzVTRRamxhZFZrdmMxQTJjSGhPWVZKQ1NHSlBaRzlhVGtoNU9UQllhbWRMUjFkdFdIcFRaRFZaWlRNM1YwVlpaWFIwWkhsNVkzQklkMWx6ZUZRMlNIVXJWSHBIYm1GSVNqY3lVbmc1TjFoM1NtMXBSRnB0Y0U1eEswWlpSME00TURWSGRHeE9ibWR2VFRaaFlYRjFXalZ3UW5STmRXMVJhV3B2WjI1bmNEbDFTRFpyWkRsVWJIQjZiMWt3UjJSMFRqbHlTVWRKTkhZNE5URlVkWEoxVHpWRlRHVlRZM0JDZEVSWU5FdE5ialprYjNKMmVqTlRUVWRqZUVscU0wUmlhMmhMS3pSelRHRXlWRkZNU0ZwUk5WRTVUR3RzWlM5cFVVUnlPVFE1YlZRMWRXTmtVbVJ5UlRCeFJrZFdNa3g2T0c1ME9WaEtWVGx2TW1oRGVVSkRaR3hMUzJGT05EYzBabXMxZHk5elkxaEJaVTVNVFc1a01IRk5NRFF4ZDFkdVMwOWtjazV1VEV4VFVEQjRUQ3RqY3pWVldrRmxWakprV0VGa1VrRjBObWgxWm5Kek5tRkxLMHgzZGxsWFptZGlLMnhQZHpkMWFVRkZVSEpoVHpOSFNGWjBlVEV2UldSV1NYWXJkbkpwVkhFeVVTODJabHBJYlhaTmJFRldkVEpGTVZOcGRGSjVielZaVEVkSlVWRm1NRzB3TWxaalNYQjRjRW94VGxsM2MycFlUbTlSWVVGRmNrNUNabHBZVW5CblJuaEdNVTkyZFhGTlJGWmpORTFUZG1kbFFWZGhSVFp6V1RsTFQySXpOVTB2Vlhadk1rVlFTelJDTlV0cFpGTmtPRmRPV2xJclIyMHpTbXRyT0hrNFpFNVRXWGRPZDNkTFRUZFJNWGw2VTFrcmVWbDBUbXR6UlVGWWJrSkhVWGM0YldWT2F6VklXSFZqYURKMFpYcHFSRWxMZEVsV1RXSjRSaXRSYVRBeWRYTXdUSEJFV25WUE5FUTBiWE12VFhSMWFTOTJMMnAyTjA5MWFYRjNPRFJJV2tRd1VEQjRVbFZwUVhKNlRraEphVGh3V1Uxd2RXTm9VRTF1VWxOV1dtYzBaemsxUjBOUVJUaDJWRTk0Y2tkT1N6aEVSR2hwVXpBNFNHMU9aMVZHZFVGM05GRjBPSGRIY205bWRqZzJlV0l3VFhWYU5EaEdValpoVlUxdFdXZFFkWEJ1ZDBSbk9FbG9PSGxtYWt0WFVXbHlhemt2T1c5a09GUnBSRmM1Y0ZOUFpsTlVRelJvZW01YVlsQkdlR3BhYkhSM1RrNTZTek5TU0VKdU1rOWphRmRLVjBsa01UTXdiVFJNWWpRMkszWkJWR2d5WVV4RGRscHNNalpWTkhaR1RDOVNXVmRIUlZoUE5qUk5TbkowU0RoRU1sTk5kSEowYzBkNVNHNTZUbnBJZVZkM2FuRjZURzVsTVUxbU9YbFFURUp1V2pFMGNpOXBjbWwyVlVGaGFGbE5RVUZJTURWMlQyVjZSMVp4VTJGYWNtOVhRVzFMUVRWUFZIVjBVSFJHVUhwdFQyaHNNaXM1VVZSamJHdEdTRmREWXpFcldFMVJaMFE0Y0c5cmRrRndWRTlRY1c0M2MxcHpURTVQU0U5VVExTmhOSFZVWTJoWmVIQXdORkpKVTJSU1IyMU1iVmQwV25KSldtbzBPVWMwT0hrMk0yTXZUMWhwTlVWalMyTndOMkphTlRSWVFXcE5iVk14Ym5WSldFZFFLMEZxY2tGR2VVWlRMMWt2VTFkSlVGRkxSSEZMUXprd1VITXlNR2hIVkVKMU9VSklOQzlMY21GTlMyWjVVa2d2YVc0eVZtcHFSMjVwZDJ4MGJFTlZXakJ0ZFdkSk1EUkdiME5FTUVWUmNUaFVSelYwYUVkM1YwRjBSRVZHU1RsbmRtWkdXRTR6VGpKd1EyWnlSR0ZYU2tkdU15dDFla1p3ZEcxblN6QTJZMkpTWnpVcldFWmxURXhLUnpsdFl6TkphMjVKUTIxbWJETkdPWGRGT0RoTGVHcG5aR1ZNZFhGM1VGVnpNM1o1VWxsMFkzZHhWUzlRVUZCaVZIaFlUbGhvZG5sUEwyUkZjWEJaTVcwMWJVTjJVR00zWm5OUVEwdzBRbFYzTTBSRVZsZFdZWFZSZHpsbWJYTkNkejA5SWl3aVpHRjBZV3RsZVNJNklrRlJSVUpCU0dwQ055OXBaM2ROWnpST1VIZGhkWEo0VTBsWmVEUklabTU0ZFVkakx6UTRZa1IzZG5kRWNFNVpWMXBuUVVGQlNEUjNaa0ZaU2t0dldrbG9kbU5PUVZGalIyOUhPSGRpVVVsQ1FVUkNiMEpuYTNGb2EybEhPWGN3UWtKM1JYZElaMWxLV1VsYVNVRlhWVVJDUVVWMVRVSkZSVVJRY1VVeE1YRkVjRlZ2VFdFeVQyMWFaMGxDUlVsQk4wTlBVVVl3UVdsWGJscFlVMFphYjFCa0syb3pVamMwUkV4c1NqbG1jREZLZWxJclNtWjRRWFpCZFRSS1RsUTJUbUpVTUZOWGRYUlNka1owUjJGRWFuTXdUMmh4WjNVclpHbFZVbEZoVG1zOUlpd2lkbVZ5YzJsdmJpSTZJaklpTENKMGVYQmxJam9pUkVGVVFWOUxSVmtpTENKbGVIQnBjbUYwYVc5dUlqb3hOelUzTkRreU1UVTNmUT09",
            "expires_at": "2025-09-10T08:15:57Z",
            "id": "us-east-2",
            "password": "eyJwYXlsb2FkIjoiei92ZjY2Y2FwVlNNaUR2dGt0V1dEay82anNESXdSWlFtZm1HWHErMHd0ZjUxeGJIQ010eWtHM29oOGZGQXFQUzVjOThKdHo2ZVNNcHNLekdKc0tvVTdZN3pFMUY0ZHFORytLajdWZmNtcCtHekxNWExPL0FiZ052QW5zMnFTbm5ERXVPMXFvcUJnbVNsRnAvUWdWd2JUR3U4QjladVkvc1A2cHhOYVJCSGJPZG9aTkh5OTBYamdLR1dtWHpTZDVZZTM3V0VZZXR0ZHl5Y3BId1lzeFQ2SHUrVHpHbmFISjcyUng5N1h3Sm1pRFptcE5xK0ZZR0M4MDVHdGxObmdvTTZhYXF1WjVwQnRNdW1RaWpvZ25ncDl1SDZrZDlUbHB6b1kwR2R0TjlySUdJNHY4NTFUdXJ1TzVFTGVTY3BCdERYNEtNbjZkb3J2ejNTTUdjeElqM0Ria2hLKzRzTGEyVFFMSFpRNVE5TGtsZS9pUURyOTQ5bVQ1dWNkUmRyRTBxRkdWMkx6OG50OVhKVTlvMmhDeUJDZGxLS2FONDc0Zms1dy9zY1hBZU5MTW5kMHFNMDQxd1duS09kck5uTExTUDB4TCtjczVVWkFlVjJkWEFkUkF0Nmh1ZnJzNmFLK0x3dllXZmdiK2xPdzd1aUFFUHJhTzNHSFZ0eTEvRWRWSXYrdnJpVHEyUS82ZlpIbXZNbEFWdTJFMVNpdFJ5bzVZTEdJUVFmMG0wMlZjSXB4cEoxTll3c2pYTm9RYUFFck5CZlpYUnBnRnhGMU92dXFNRFZjNE1TdmdlQVdhRTZzWTlLT2IzNU0vVXZvMkVQSzRCNUtpZFNkOFdOWlIrR20zSmtrOHk4ZE5TWXdOd3dLTTdRMXl6U1kreVl0TmtzRUFYbkJHUXc4bWVOazVIWHVjaDJ0ZXpqRElLdElWTWJ4RitRaTAydXMwTHBEWnVPNEQ0bXMvTXR1aS92L2p2N091aXF3ODRIWkQwUDB4UlVpQXJ6TkhJaThwWU1wdWNoUE1uUlNWWmc0Zzk1R0NQRTh2VE94ckdOSzhERGhpUzA4SG1OZ1VGdUF3NFF0OHdHcm9mdjg2eWIwTXVaNDhGUjZhVU1tWWdQdXBud0RnOEloOHlmaktXUWlyazkvOW9kOFRpRFc5cFNPZlNUQzRoem5aYlBGeGpabHR3Tk56SzNSSEJuMk9jaFdKV0lkMTMwbTRMYjQ2K3ZBVGgyYUxDdlpsMjZVNHZGTC9SWVdHRVhPNjRNSnJ0SDhEMlNNdHJ0c0d5SG56TnpIeVd3anF6TG5lMU1mOXlQTEJuWjE0ci9pcml2VUFhaFlNQUFIMDV2T2V6R1ZxU2Facm9XQW1LQTVPVHV0UHRGUHptT2hsMis5UVRjbGtGSFdDYzErWE1RZ0Q4cG9rdkFwVE9QcW43c1pzTE5PSE9UQ1NhNHVUY2hZeHAwNFJJU2RSR21MbVd0WnJJWmo0OUc0OHk2M2MvT1hpNUVjS2NwN2JaNTRYQWpNbVMxbnVJWEdQK0FqckFGeUZTL1kvU1dJUFFLRHFLQzkwUHMyMGhHVEJ1OUJINC9LcmFNS2Z5UkgvaW4yVmpqR25pd2x0bENVWjBtdWdJMDRGb0NEMEVRcThURzV0aEd3V0F0REVGSTlndmZGWE4zTjJwQ2ZyRGFXSkduMyt1ekZwdG1nSzA2Y2JSZzUrWEZlTExKRzltYzNJa25JQ21mbDNGOXdFODhLeGpnZGVMdXF3UFVzM3Z5Ull0Y3dxVS9QUFBiVHhYTlhodnlPL2RFcXBZMW01bUN2UGM3ZnNQQ0w0QlV3M0REVldWYXVRdzlmbXNCdz09IiwiZGF0YWtleSI6IkFRRUJBSGpCNy9pZ3dNZzROUHdhdXJ4U0lZeDRIZm54dUdjLzQ4YkR3dndEcE5ZV1pnQUFBSDR3ZkFZSktvWklodmNOQVFjR29HOHdiUUlCQURCb0Jna3Foa2lHOXcwQkJ3RXdIZ1lKWUlaSUFXVURCQUV1TUJFRURQcUUxMXFEcFVvTWEyT21aZ0lCRUlBN0NPUUYwQWlXblpYU0Zab1BkK2ozUjc0RExsSjlmcDFKelIrSmZ4QXZBdTRKTlQ2TmJUMFNXdXRSdkZ0R2FEanMwT2hxZ3UrZGlVUlFhTms9IiwidmVyc2lvbiI6IjIiLCJ0eXBlIjoiREFUQV9LRVkiLCJleHBpcmF0aW9uIjoxNzU3NDkyMTU3fQ==",
            "proxy_endpoint": "https://838284111015.dkr.ecr.us-east-2.amazonaws.com",
            "region": "us-east-2",
            "registry_id": "838284111015",
            "user_name": "AWS"
          },
          "sensitive_attributes": [
            [
              {
                "type": "get_attr",
                "value": "authorization_token"
              }
            ],
            [
              {
                "type": "get_attr",
                "value": "password"
              }
            ]
          ],
          "identity_schema_version": 0
        }
      ]
    },
    {
      "module": "module.user_service_image",
      "mode": "managed",
      "type": "aws_ecr_lifecycle_policy",
      "name": "keep_last_3",
      "provider": "module.user_service_image.provider[\"registry.terraform.io/hashicorp/aws\"]",
      "instances": [
        {
          "index_key": 0,
          "schema_version": 0,
          "attributes": {
            "id": "goalsguild_user_service",
            "policy": "{\"rules\":[{\"action\":{\"type\":\"expire\"},\"description\":\"Keep last 3 images by count\",\"rulePriority\":1,\"selection\":{\"countNumber\":3,\"countType\":\"imageCountMoreThan\",\"tagStatus\":\"any\"}}]}",
            "region": "us-east-2",
            "registry_id": "838284111015",
            "repository": "goalsguild_user_service"
          },
          "sensitive_attributes": [],
          "identity_schema_version": 0,
          "identity": {
            "account_id": "838284111015",
            "region": "us-east-2",
            "repository": "goalsguild_user_service"
          },
          "private": "bnVsbA==",
          "dependencies": [
            "module.user_service_image.aws_ecr_repository.repo"
          ],
          "create_before_destroy": true
        }
      ]
    },
    {
      "module": "module.user_service_image",
      "mode": "managed",
      "type": "aws_ecr_repository",
      "name": "repo",
      "provider": "module.user_service_image.provider[\"registry.terraform.io/hashicorp/aws\"]",
      "instances": [
        {
          "index_key": 0,
          "schema_version": 0,
          "attributes": {
            "arn": "arn:aws:ecr:us-east-2:838284111015:repository/goalsguild_user_service",
            "encryption_configuration": [
              {
                "encryption_type": "AES256",
                "kms_key": ""
              }
            ],
            "force_delete": true,
            "id": "goalsguild_user_service",
            "image_scanning_configuration": [
              {
                "scan_on_push": true
              }
            ],
            "image_tag_mutability": "MUTABLE",
            "image_tag_mutability_exclusion_filter": [],
            "name": "goalsguild_user_service",
            "region": "us-east-2",
            "registry_id": "838284111015",
            "repository_url": "838284111015.dkr.ecr.us-east-2.amazonaws.com/goalsguild_user_service",
            "tags": {},
            "tags_all": {},
            "timeouts": null
          },
          "sensitive_attributes": [],
          "identity_schema_version": 0,
          "identity": {
            "account_id": "838284111015",
            "name": "goalsguild_user_service",
            "region": "us-east-2"
          },
          "private": "eyJlMmJmYjczMC1lY2FhLTExZTYtOGY4OC0zNDM2M2JjN2M0YzAiOnsiZGVsZXRlIjoxMjAwMDAwMDAwMDAwfX0=",
          "create_before_destroy": true
        }
      ]
    },
    {
      "module": "module.user_service_image",
      "mode": "managed",
      "type": "docker_image",
      "name": "app",
      "provider": "module.user_service_image.provider[\"registry.terraform.io/kreuzwerker/docker\"]",
      "instances": [
        {
          "schema_version": 0,
          "attributes": {
            "build": [
              {
                "auth_config": [],
                "build_args": null,
                "build_id": "",
                "build_log_file": "",
                "builder": "",
                "cache_from": [],
                "cgroup_parent": "",
                "context": "../../../backend/services/user-service",
                "cpu_period": null,
                "cpu_quota": null,
                "cpu_set_cpus": "",
                "cpu_set_mems": "",
                "cpu_shares": null,
                "dockerfile": "../../../backend/services/user-service/Dockerfile",
                "extra_hosts": [],
                "force_remove": null,
                "isolation": "",
                "label": null,
                "labels": null,
                "memory": null,
                "memory_swap": null,
                "network_mode": "",
                "no_cache": null,
                "platform": "",
                "pull_parent": null,
                "remote_context": "",
                "remove": true,
                "secrets": [],
                "security_opt": [],
                "session_id": "",
                "shm_size": null,
                "squash": null,
                "suppress_output": null,
                "tag": [],
                "target": "",
                "ulimit": [],
                "version": ""
              }
            ],
            "force_remove": null,
            "id": "sha256:45768a716f36f721646d859caca83b1bcd9527597a3b6e21b1b0d2cfe95dd65f838284111015.dkr.ecr.us-east-2.amazonaws.com/goalsguild_user_service:2",
            "image_id": "sha256:45768a716f36f721646d859caca83b1bcd9527597a3b6e21b1b0d2cfe95dd65f",
            "keep_locally": null,
            "name": "838284111015.dkr.ecr.us-east-2.amazonaws.com/goalsguild_user_service:2",
            "platform": null,
            "pull_triggers": null,
            "repo_digest": "838284111015.dkr.ecr.us-east-2.amazonaws.com/goalsguild_user_service@sha256:45768a716f36f721646d859caca83b1bcd9527597a3b6e21b1b0d2cfe95dd65f",
            "timeouts": null,
            "triggers": null
          },
          "sensitive_attributes": [],
          "identity_schema_version": 0,
          "private": "eyJlMmJmYjczMC1lY2FhLTExZTYtOGY4OC0zNDM2M2JjN2M0YzAiOnsiY3JlYXRlIjoxMjAwMDAwMDAwMDAwLCJkZWxldGUiOjEyMDAwMDAwMDAwMDAsInVwZGF0ZSI6MTIwMDAwMDAwMDAwMH19",
          "dependencies": [
            "module.user_service_image.aws_ecr_repository.repo",
            "module.user_service_image.data.aws_caller_identity.me",
            "module.user_service_image.data.aws_ecr_authorization_token.ecr",
            "module.user_service_image.data.aws_ecr_repository.repo"
          ],
          "create_before_destroy": true
        }
      ]
    },
    {
      "module": "module.user_service_image",
      "mode": "managed",
      "type": "docker_registry_image",
      "name": "app",
      "provider": "module.user_service_image.provider[\"registry.terraform.io/kreuzwerker/docker\"]",
      "instances": [
        {
          "schema_version": 0,
          "attributes": {
            "auth_config": [],
            "id": "sha256:45768a716f36f721646d859caca83b1bcd9527597a3b6e21b1b0d2cfe95dd65f",
            "insecure_skip_verify": false,
            "keep_remotely": true,
            "name": "838284111015.dkr.ecr.us-east-2.amazonaws.com/goalsguild_user_service:2",
            "sha256_digest": "sha256:45768a716f36f721646d859caca83b1bcd9527597a3b6e21b1b0d2cfe95dd65f",
            "triggers": null
          },
          "sensitive_attributes": [],
          "identity_schema_version": 0,
          "private": "bnVsbA==",
          "dependencies": [
            "module.user_service_image.aws_ecr_repository.repo",
            "module.user_service_image.data.aws_caller_identity.me",
            "module.user_service_image.data.aws_ecr_authorization_token.ecr",
            "module.user_service_image.data.aws_ecr_repository.repo",
            "module.user_service_image.docker_image.app",
            "module.user_service_image.null_resource.ecr_login"
          ],
          "create_before_destroy": true
        }
      ]
    },
    {
      "module": "module.user_service_image",
      "mode": "managed",
      "type": "local_file",
      "name": "version_file",
      "provider": "provider[\"registry.terraform.io/hashicorp/local\"]",
      "instances": [
        {
          "schema_version": 0,
          "attributes": {
            "content": "2",
            "content_base64": null,
            "content_base64sha256": "1HNeOiZeFu7gP1lxi5tdAwGcB9i2xR+Q2jpmbuwTqzU=",
            "content_base64sha512": "QLJEESZB3XjdT5O2yRkN1G4AmRlNWkQle3761u+f9Gg9oe2gJERIyzQ6poj10+/XMU2v5YCsC8vxFa7Kno3BFA==",
            "content_md5": "c81e728d9d4c2f636f067f89cc14862c",
            "content_sha1": "da4b9237bacccdf19c0760cab7aec4a8359010b0",
            "content_sha256": "d4735e3a265e16eee03f59718b9b5d03019c07d8b6c51f90da3a666eec13ab35",
            "content_sha512": "40b244112641dd78dd4f93b6c9190dd46e0099194d5a44257b7efad6ef9ff4683da1eda0244448cb343aa688f5d3efd7314dafe580ac0bcbf115aeca9e8dc114",
            "directory_permission": "0777",
            "file_permission": "0777",
            "filename": "modules/docker_lambda_image/.user-service_version",
            "id": "da4b9237bacccdf19c0760cab7aec4a8359010b0",
            "sensitive_content": null,
            "source": null
          },
          "sensitive_attributes": [
            [
              {
                "type": "get_attr",
                "value": "sensitive_content"
              }
            ]
          ],
          "identity_schema_version": 0,
          "create_before_destroy": true
        }
      ]
    },
    {
      "module": "module.user_service_image",
      "mode": "managed",
      "type": "null_resource",
      "name": "ecr_login",
      "provider": "provider[\"registry.terraform.io/hashicorp/null\"]",
      "instances": [
        {
          "schema_version": 0,
          "attributes": {
            "id": "555514787854408799",
            "triggers": {
              "host": "838284111015.dkr.ecr.us-east-2.amazonaws.com",
              "region": "us-east-2",
              "version": "2"
            }
          },
          "sensitive_attributes": [],
          "identity_schema_version": 0,
          "dependencies": [
            "module.user_service_image.aws_ecr_repository.repo",
            "module.user_service_image.data.aws_ecr_repository.repo"
          ],
          "create_before_destroy": true
        }
      ]
    }
  ],
  "check_results": null
}
