{
  "version": 4,
  "terraform_version": "1.12.2",
  "serial": 652,
  "lineage": "7024dad6-44b4-0759-b2ac-cf6f1db95d76",
  "outputs": {
    "dynamodb_quests_table_name": {
      "value": "goalsguild_quests_dev",
      "type": "string"
    },
    "dynamodb_users_table_name": {
      "value": "goalsguild_users_dev",
      "type": "string"
    },
    "lambda_exec_role_arn": {
      "value": "arn:aws:iam::838284111015:role/goalsguild_lambda_exec_role_dev",
      "type": "string"
    },
    "lambda_quest_service_function_name": {
      "value": "goalsguild_quest_service_dev",
      "type": "string"
    },
    "lambda_user_service_function_name": {
      "value": "goalsguild_user_service_dev",
      "type": "string"
    }
  },
  "resources": [
    {
      "mode": "data",
      "type": "aws_caller_identity",
      "name": "current",
      "provider": "provider[\"registry.terraform.io/hashicorp/aws\"]",
      "instances": [
        {
          "schema_version": 0,
          "attributes": {
            "account_id": "838284111015",
            "arn": "arn:aws:sts::838284111015:assumed-role/AWSReservedSSO_AdministratorAccess_a645e868571753cc/AndresAlvarez",
            "id": "838284111015",
            "user_id": "AROA4GLNANSTVDTZXR5GZ:AndresAlvarez"
          },
          "sensitive_attributes": [],
          "identity_schema_version": 0
        }
      ]
    },
    {
      "mode": "data",
      "type": "aws_partition",
      "name": "current",
      "provider": "provider[\"registry.terraform.io/hashicorp/aws\"]",
      "instances": [
        {
          "schema_version": 0,
          "attributes": {
            "dns_suffix": "amazonaws.com",
            "id": "aws",
            "partition": "aws",
            "reverse_dns_prefix": "com.amazonaws"
          },
          "sensitive_attributes": [],
          "identity_schema_version": 0
        }
      ]
    },
    {
      "module": "module.dynamodb_quests",
      "mode": "managed",
      "type": "aws_dynamodb_table",
      "name": "dynamodb_table",
      "provider": "provider[\"registry.terraform.io/hashicorp/aws\"]",
      "instances": [
        {
          "schema_version": 1,
          "attributes": {
            "arn": "arn:aws:dynamodb:us-east-2:838284111015:table/goalsguild_quests_dev",
            "attribute": [
              {
                "name": "quest_id",
                "type": "S"
              }
            ],
            "billing_mode": "PAY_PER_REQUEST",
            "deletion_protection_enabled": false,
            "global_secondary_index": [],
            "hash_key": "quest_id",
            "id": "goalsguild_quests_dev",
            "import_table": [],
            "local_secondary_index": [],
            "name": "goalsguild_quests_dev",
            "on_demand_throughput": [],
            "point_in_time_recovery": [
              {
                "enabled": false,
                "recovery_period_in_days": 0
              }
            ],
            "range_key": null,
            "read_capacity": 0,
            "region": "us-east-2",
            "replica": [],
            "restore_date_time": null,
            "restore_source_name": null,
            "restore_source_table_arn": null,
            "restore_to_latest_time": null,
            "server_side_encryption": [],
            "stream_arn": "",
            "stream_enabled": false,
            "stream_label": "",
            "stream_view_type": "",
            "table_class": "STANDARD",
            "tags": {
              "Environment": "dev",
              "Project": "goalsguild"
            },
            "tags_all": {
              "Environment": "dev",
              "Project": "goalsguild"
            },
            "timeouts": null,
            "ttl": [
              {
                "attribute_name": "",
                "enabled": false
              }
            ],
            "write_capacity": 0
          },
          "sensitive_attributes": [],
          "identity_schema_version": 0,
          "private": "eyJlMmJmYjczMC1lY2FhLTExZTYtOGY4OC0zNDM2M2JjN2M0YzAiOnsiY3JlYXRlIjoxODAwMDAwMDAwMDAwLCJkZWxldGUiOjYwMDAwMDAwMDAwMCwidXBkYXRlIjozNjAwMDAwMDAwMDAwfSwic2NoZW1hX3ZlcnNpb24iOiIxIn0="
        }
      ]
    },
    {
      "module": "module.dynamodb_users",
      "mode": "managed",
      "type": "aws_dynamodb_table",
      "name": "dynamodb_table",
      "provider": "provider[\"registry.terraform.io/hashicorp/aws\"]",
      "instances": [
        {
          "schema_version": 1,
          "attributes": {
            "arn": "arn:aws:dynamodb:us-east-2:838284111015:table/goalsguild_users_dev",
            "attribute": [
              {
                "name": "user_id",
                "type": "S"
              }
            ],
            "billing_mode": "PAY_PER_REQUEST",
            "deletion_protection_enabled": false,
            "global_secondary_index": [],
            "hash_key": "user_id",
            "id": "goalsguild_users_dev",
            "import_table": [],
            "local_secondary_index": [],
            "name": "goalsguild_users_dev",
            "on_demand_throughput": [],
            "point_in_time_recovery": [
              {
                "enabled": false,
                "recovery_period_in_days": 0
              }
            ],
            "range_key": null,
            "read_capacity": 0,
            "region": "us-east-2",
            "replica": [],
            "restore_date_time": null,
            "restore_source_name": null,
            "restore_source_table_arn": null,
            "restore_to_latest_time": null,
            "server_side_encryption": [],
            "stream_arn": "",
            "stream_enabled": false,
            "stream_label": "",
            "stream_view_type": "",
            "table_class": "STANDARD",
            "tags": {
              "Environment": "dev",
              "Project": "goalsguild"
            },
            "tags_all": {
              "Environment": "dev",
              "Project": "goalsguild"
            },
            "timeouts": null,
            "ttl": [
              {
                "attribute_name": "",
                "enabled": false
              }
            ],
            "write_capacity": 0
          },
          "sensitive_attributes": [],
          "identity_schema_version": 0,
          "private": "eyJlMmJmYjczMC1lY2FhLTExZTYtOGY4OC0zNDM2M2JjN2M0YzAiOnsiY3JlYXRlIjoxODAwMDAwMDAwMDAwLCJkZWxldGUiOjYwMDAwMDAwMDAwMCwidXBkYXRlIjozNjAwMDAwMDAwMDAwfSwic2NoZW1hX3ZlcnNpb24iOiIxIn0="
        }
      ]
    },
    {
      "module": "module.iam",
      "mode": "managed",
      "type": "aws_iam_policy",
      "name": "lambda_authorizer_policy",
      "provider": "provider[\"registry.terraform.io/hashicorp/aws\"]",
      "instances": [
        {
          "schema_version": 0,
          "attributes": {
            "arn": "arn:aws:iam::838284111015:policy/goalsguild_lambda_authorizer_policy",
            "attachment_count": 1,
            "description": "Policy for Lambda authorizer to access SSM, DynamoDB, and CloudWatch Logs",
            "id": "arn:aws:iam::838284111015:policy/goalsguild_lambda_authorizer_policy",
            "name": "goalsguild_lambda_authorizer_policy",
            "name_prefix": "",
            "path": "/",
            "policy": "{\"Statement\":[{\"Action\":[\"ssm:GetParameter\",\"ssm:GetParameter\",\"ssm:GetParameters\",\"ssm:GetParametersByPath\"],\"Effect\":\"Allow\",\"Resource\":[\"arn:aws:ssm:us-east-2:838284111015:parameter/goalsguild/dev/user-service/*\",\"arn:aws:ssm:us-east-2:838284111015:parameter/goalsguild/dev/crypto/*\",\"arn:aws:ssm:us-east-2:838284111015:parameter/goalsguild/dev/cognito/*\"]},{\"Action\":[\"dynamodb:GetItem\"],\"Effect\":\"Allow\",\"Resource\":[\"arn:aws:dynamodb:us-east-2:838284111015:table/native-users-table\"]},{\"Action\":[\"logs:CreateLogGroup\",\"logs:CreateLogStream\",\"logs:PutLogEvents\"],\"Effect\":\"Allow\",\"Resource\":\"*\"},{\"Action\":[\"ses:SendEmail\",\"ses:SendRawEmail\"],\"Effect\":\"Allow\",\"Resource\":\"*\"}],\"Version\":\"2012-10-17\"}",
            "policy_id": "ANPA4GLNANSTZQVRJ6KFW",
            "tags": {},
            "tags_all": {}
          },
          "sensitive_attributes": [],
          "identity_schema_version": 0,
          "identity": {
            "arn": "arn:aws:iam::838284111015:policy/goalsguild_lambda_authorizer_policy"
          },
          "private": "bnVsbA==",
          "dependencies": [
            "data.aws_caller_identity.current"
          ]
        }
      ]
    },
    {
      "module": "module.iam",
      "mode": "managed",
      "type": "aws_iam_role",
      "name": "lambda_authorizer_role",
      "provider": "provider[\"registry.terraform.io/hashicorp/aws\"]",
      "instances": [
        {
          "schema_version": 0,
          "attributes": {
            "arn": "arn:aws:iam::838284111015:role/user-service-role",
            "assume_role_policy": "{\"Statement\":[{\"Action\":\"sts:AssumeRole\",\"Effect\":\"Allow\",\"Principal\":{\"Service\":[\"lambda.amazonaws.com\"]}}],\"Version\":\"2012-10-17\"}",
            "create_date": "2025-09-01T20:11:25Z",
            "description": "",
            "force_detach_policies": false,
            "id": "user-service-role",
            "inline_policy": [],
            "managed_policy_arns": [
              "arn:aws:iam::838284111015:policy/goalsguild_lambda_authorizer_policy"
            ],
            "max_session_duration": 3600,
            "name": "user-service-role",
            "name_prefix": "",
            "path": "/",
            "permissions_boundary": "",
            "tags": {},
            "tags_all": {},
            "unique_id": "AROA4GLNANSTXYNEPP4QM"
          },
          "sensitive_attributes": [],
          "identity_schema_version": 0,
          "identity": {
            "account_id": "838284111015",
            "name": "user-service-role"
          },
          "private": "bnVsbA==",
          "create_before_destroy": true
        }
      ]
    },
    {
      "module": "module.iam",
      "mode": "managed",
      "type": "aws_iam_role_policy_attachment",
      "name": "lambda_authorizer_attach",
      "provider": "provider[\"registry.terraform.io/hashicorp/aws\"]",
      "instances": [
        {
          "schema_version": 0,
          "attributes": {
            "id": "user-service-role/arn:aws:iam::838284111015:policy/goalsguild_lambda_authorizer_policy",
            "policy_arn": "arn:aws:iam::838284111015:policy/goalsguild_lambda_authorizer_policy",
            "role": "user-service-role"
          },
          "sensitive_attributes": [],
          "identity_schema_version": 0,
          "identity": {
            "account_id": "838284111015",
            "policy_arn": "arn:aws:iam::838284111015:policy/goalsguild_lambda_authorizer_policy",
            "role": "user-service-role"
          },
          "private": "bnVsbA==",
          "dependencies": [
            "data.aws_caller_identity.current",
            "module.iam.aws_iam_policy.lambda_authorizer_policy",
            "module.iam.aws_iam_role.lambda_authorizer_role"
          ]
        }
      ]
    },
    {
      "module": "module.lambda_authorizer",
      "mode": "data",
      "type": "archive_file",
      "name": "lambda_zip",
      "provider": "provider[\"registry.terraform.io/hashicorp/archive\"]",
      "instances": [
        {
          "schema_version": 0,
          "attributes": {
            "exclude_symlink_directories": null,
            "excludes": null,
            "id": "8f34fd0843c5e60c6e45c5838fe0a3a42b373f99",
            "output_base64sha256": "OyelAvtxINJn2n2fioN5uwGjIeu5lUYQfkumGm8CBo0=",
            "output_base64sha512": "269ZEIGwrF/2AHqmIQXhgvcazVJ0R//qfE91QEA1kdB9ypWF2ECcZgEv7beeA/SzcV1uVAbMRKR/V9fPxkhhhw==",
            "output_file_mode": null,
            "output_md5": "2e901b692ee69c88ddf6c5a49b3be10b",
            "output_path": "D:/projetos/GoalsGuild/questbound-forge/backend/infra/terraform/modules/lambda_zip/.dist/lambda.zip",
            "output_sha": "8f34fd0843c5e60c6e45c5838fe0a3a42b373f99",
            "output_sha256": "3b27a502fb7120d267da7d9f8a8379bb01a321ebb99546107e4ba61a6f02068d",
            "output_sha512": "dbaf591081b0ac5ff6007aa62105e182f71acd527447ffea7c4f7540403591d07dca9585d8409c66012fedb79e03f4b3715d6e5406cc44a47f57d7cfc6486187",
            "output_size": 16778702,
            "source": [],
            "source_content": null,
            "source_content_filename": null,
            "source_dir": "D:/projetos/GoalsGuild/questbound-forge/backend/infra/terraform/modules/lambda_zip/.build/lambda",
            "source_file": null,
            "type": "zip"
          },
          "sensitive_attributes": [],
          "identity_schema_version": 0
        }
      ]
    },
    {
      "module": "module.lambda_authorizer",
      "mode": "managed",
      "type": "aws_cloudwatch_log_group",
      "name": "lambda_logs",
      "provider": "provider[\"registry.terraform.io/hashicorp/aws\"]",
      "instances": [
        {
          "schema_version": 0,
          "attributes": {
            "arn": "arn:aws:logs:us-east-2:838284111015:log-group:/aws/lambda/goalsguild_authorizer_dev",
            "id": "/aws/lambda/goalsguild_authorizer_dev",
            "kms_key_id": "",
            "log_group_class": "STANDARD",
            "name": "/aws/lambda/goalsguild_authorizer_dev",
            "name_prefix": "",
            "region": "us-east-2",
            "retention_in_days": 14,
            "skip_destroy": false,
            "tags": {
              "Environment": "dev",
              "Project": "goalsguild"
            },
            "tags_all": {
              "Environment": "dev",
              "Project": "goalsguild"
            }
          },
          "sensitive_attributes": [],
          "identity_schema_version": 0,
          "identity": {
            "account_id": "838284111015",
            "name": "/aws/lambda/goalsguild_authorizer_dev",
            "region": "us-east-2"
          },
          "private": "bnVsbA==",
          "dependencies": [
            "module.iam.aws_iam_role.lambda_authorizer_role",
            "module.lambda_authorizer.aws_lambda_function.this",
            "module.lambda_authorizer.data.archive_file.lambda_zip",
            "module.lambda_authorizer.null_resource.build_bash",
            "module.lambda_authorizer.null_resource.build_ps"
          ]
        }
      ]
    },
    {
      "module": "module.lambda_authorizer",
      "mode": "managed",
      "type": "aws_lambda_function",
      "name": "this",
      "provider": "provider[\"registry.terraform.io/hashicorp/aws\"]",
      "instances": [
        {
          "schema_version": 0,
          "attributes": {
            "architectures": [
              "x86_64"
            ],
            "arn": "arn:aws:lambda:us-east-2:838284111015:function:goalsguild_authorizer_dev",
            "code_sha256": "OyelAvtxINJn2n2fioN5uwGjIeu5lUYQfkumGm8CBo0=",
            "code_signing_config_arn": "",
            "dead_letter_config": [],
            "description": "",
            "environment": [
              {
                "variables": {
                  "ENVIRONMENT": "dev"
                }
              }
            ],
            "ephemeral_storage": [
              {
                "size": 512
              }
            ],
            "file_system_config": [],
            "filename": "D:/projetos/GoalsGuild/questbound-forge/backend/infra/terraform/modules/lambda_zip/.dist/lambda.zip",
            "function_name": "goalsguild_authorizer_dev",
            "handler": "authorizer.handler",
            "id": "goalsguild_authorizer_dev",
            "image_config": [],
            "image_uri": "",
            "invoke_arn": "arn:aws:apigateway:us-east-2:lambda:path/2015-03-31/functions/arn:aws:lambda:us-east-2:838284111015:function:goalsguild_authorizer_dev/invocations",
            "kms_key_arn": "",
            "last_modified": "2025-09-02T11:27:26.331+0000",
            "layers": [],
            "logging_config": [
              {
                "application_log_level": "",
                "log_format": "Text",
                "log_group": "/aws/lambda/goalsguild_authorizer_dev",
                "system_log_level": ""
              }
            ],
            "memory_size": 512,
            "package_type": "Zip",
            "publish": false,
            "qualified_arn": "arn:aws:lambda:us-east-2:838284111015:function:goalsguild_authorizer_dev:$LATEST",
            "qualified_invoke_arn": "arn:aws:apigateway:us-east-2:lambda:path/2015-03-31/functions/arn:aws:lambda:us-east-2:838284111015:function:goalsguild_authorizer_dev:$LATEST/invocations",
            "region": "us-east-2",
            "replace_security_groups_on_destroy": null,
            "replacement_security_group_ids": null,
            "reserved_concurrent_executions": -1,
            "role": "arn:aws:iam::838284111015:role/user-service-role",
            "runtime": "python3.12",
            "s3_bucket": null,
            "s3_key": null,
            "s3_object_version": null,
            "signing_job_arn": "",
            "signing_profile_version_arn": "",
            "skip_destroy": false,
            "snap_start": [],
            "source_code_hash": "OyelAvtxINJn2n2fioN5uwGjIeu5lUYQfkumGm8CBo0=",
            "source_code_size": 16778702,
            "tags": {
              "Environment": "dev",
              "Project": "goalsguild"
            },
            "tags_all": {
              "Environment": "dev",
              "Project": "goalsguild"
            },
            "timeout": 30,
            "timeouts": null,
            "tracing_config": [
              {
                "mode": "PassThrough"
              }
            ],
            "version": "$LATEST",
            "vpc_config": []
          },
          "sensitive_attributes": [],
          "identity_schema_version": 0,
          "identity": {
            "account_id": "838284111015",
            "function_name": "goalsguild_authorizer_dev",
            "region": "us-east-2"
          },
          "private": "eyJlMmJmYjczMC1lY2FhLTExZTYtOGY4OC0zNDM2M2JjN2M0YzAiOnsiY3JlYXRlIjo2MDAwMDAwMDAwMDAsImRlbGV0ZSI6NjAwMDAwMDAwMDAwLCJ1cGRhdGUiOjYwMDAwMDAwMDAwMH19",
          "dependencies": [
            "module.iam.aws_iam_role.lambda_authorizer_role",
            "module.lambda_authorizer.data.archive_file.lambda_zip",
            "module.lambda_authorizer.null_resource.build_bash",
            "module.lambda_authorizer.null_resource.build_ps"
          ],
          "create_before_destroy": true
        }
      ]
    },
    {
      "module": "module.lambda_authorizer",
      "mode": "managed",
      "type": "null_resource",
      "name": "build_ps",
      "provider": "provider[\"registry.terraform.io/hashicorp/null\"]",
      "instances": [
        {
          "index_key": 0,
          "schema_version": 0,
          "attributes": {
            "id": "7596074010916033022",
            "triggers": {
              "build_abs": "D:/projetos/GoalsGuild/questbound-forge/backend/infra/terraform/modules/lambda_zip/.build/lambda",
              "dist_abs": "D:/projetos/GoalsGuild/questbound-forge/backend/infra/terraform/modules/lambda_zip/.dist",
              "image": "public.ecr.aws/lambda/python:3.12",
              "req_file": "requirements.txt",
              "src_abs": "D:/projetos/GoalsGuild/questbound-forge/backend/services/authorizer-service",
              "src_hash": "396517660a2e3658451d4eb49f4e86f874e3a58b"
            }
          },
          "sensitive_attributes": [],
          "identity_schema_version": 0,
          "create_before_destroy": true
        }
      ]
    },
    {
      "module": "module.lambda_quest_service",
      "mode": "data",
      "type": "aws_ecr_image",
      "name": "image",
      "provider": "provider[\"registry.terraform.io/hashicorp/aws\"]",
      "instances": [
        {
          "schema_version": 0,
          "attributes": {
            "id": "sha256:128bfb8ae16df4445eb7af34c93c33312cd573384bb3450ce18ddf7c2cb080f7",
            "image_digest": "sha256:128bfb8ae16df4445eb7af34c93c33312cd573384bb3450ce18ddf7c2cb080f7",
            "image_pushed_at": 1756740725,
            "image_size_in_bytes": 79461064,
            "image_tag": "2",
            "image_tags": [
              "2",
              "3",
              "1",
              "5",
              "4"
            ],
            "image_uri": "838284111015.dkr.ecr.us-east-2.amazonaws.com/goalsguild_quest_service@sha256:128bfb8ae16df4445eb7af34c93c33312cd573384bb3450ce18ddf7c2cb080f7",
            "most_recent": null,
            "region": "us-east-2",
            "registry_id": "838284111015",
            "repository_name": "goalsguild_quest_service"
          },
          "sensitive_attributes": [],
          "identity_schema_version": 0
        }
      ]
    },
    {
      "module": "module.lambda_quest_service",
      "mode": "managed",
      "type": "aws_cloudwatch_log_group",
      "name": "lambda_log_group",
      "provider": "provider[\"registry.terraform.io/hashicorp/aws\"]",
      "instances": [
        {
          "schema_version": 0,
          "attributes": {
            "arn": "arn:aws:logs:us-east-2:838284111015:log-group:/aws/lambda/goalsguild_quest_service_dev",
            "id": "/aws/lambda/goalsguild_quest_service_dev",
            "kms_key_id": "",
            "log_group_class": "STANDARD",
            "name": "/aws/lambda/goalsguild_quest_service_dev",
            "name_prefix": "",
            "region": "us-east-2",
            "retention_in_days": 14,
            "skip_destroy": false,
            "tags": {
              "Environment": "dev",
              "Project": "goalsguild"
            },
            "tags_all": {
              "Environment": "dev",
              "Project": "goalsguild"
            }
          },
          "sensitive_attributes": [],
          "identity_schema_version": 0,
          "identity": {
            "account_id": "838284111015",
            "name": "/aws/lambda/goalsguild_quest_service_dev",
            "region": "us-east-2"
          },
          "private": "bnVsbA==",
          "dependencies": [
            "module.lambda_quest_service.aws_lambda_function.lambda_function",
            "module.lambda_quest_service.data.aws_ecr_image.image",
            "module.network.aws_iam_role.lambda_exec_role",
            "module.quest_service_image.aws_ecr_lifecycle_policy.keep_last_3",
            "module.quest_service_image.aws_ecr_repository.repo",
            "module.quest_service_image.data.aws_caller_identity.me",
            "module.quest_service_image.data.aws_ecr_authorization_token.ecr",
            "module.quest_service_image.data.aws_ecr_repository.repo",
            "module.quest_service_image.docker_image.app",
            "module.quest_service_image.docker_registry_image.app",
            "module.quest_service_image.local_file.version_file",
            "module.quest_service_image.null_resource.ecr_login"
          ]
        }
      ]
    },
    {
      "module": "module.lambda_quest_service",
      "mode": "managed",
      "type": "aws_cloudwatch_log_metric_filter",
      "name": "lambda_error_filter",
      "provider": "provider[\"registry.terraform.io/hashicorp/aws\"]",
      "instances": [
        {
          "schema_version": 0,
          "attributes": {
            "apply_on_transformed_logs": false,
            "id": "goalsguild_quest_service_ErrorFilter",
            "log_group_name": "/aws/lambda/goalsguild_quest_service_dev",
            "metric_transformation": [
              {
                "default_value": "",
                "dimensions": {},
                "name": "goalsguild_quest_service_Errors",
                "namespace": "goalsguild/Lambda",
                "unit": "None",
                "value": "1"
              }
            ],
            "name": "goalsguild_quest_service_ErrorFilter",
            "pattern": "ERROR",
            "region": "us-east-2"
          },
          "sensitive_attributes": [],
          "identity_schema_version": 0,
          "private": "bnVsbA==",
          "dependencies": [
            "module.lambda_quest_service.aws_cloudwatch_log_group.lambda_log_group",
            "module.lambda_quest_service.aws_lambda_function.lambda_function",
            "module.lambda_quest_service.data.aws_ecr_image.image",
            "module.network.aws_iam_role.lambda_exec_role",
            "module.quest_service_image.aws_ecr_lifecycle_policy.keep_last_3",
            "module.quest_service_image.aws_ecr_repository.repo",
            "module.quest_service_image.data.aws_caller_identity.me",
            "module.quest_service_image.data.aws_ecr_authorization_token.ecr",
            "module.quest_service_image.data.aws_ecr_repository.repo",
            "module.quest_service_image.docker_image.app",
            "module.quest_service_image.docker_registry_image.app",
            "module.quest_service_image.local_file.version_file",
            "module.quest_service_image.null_resource.ecr_login"
          ]
        }
      ]
    },
    {
      "module": "module.lambda_quest_service",
      "mode": "managed",
      "type": "aws_cloudwatch_log_metric_filter",
      "name": "lambda_throttle_filter",
      "provider": "provider[\"registry.terraform.io/hashicorp/aws\"]",
      "instances": [
        {
          "schema_version": 0,
          "attributes": {
            "apply_on_transformed_logs": false,
            "id": "goalsguild_quest_service_ThrottleFilter",
            "log_group_name": "/aws/lambda/goalsguild_quest_service_dev",
            "metric_transformation": [
              {
                "default_value": "",
                "dimensions": {},
                "name": "goalsguild_quest_service_Throttles",
                "namespace": "goalsguild/Lambda",
                "unit": "None",
                "value": "1"
              }
            ],
            "name": "goalsguild_quest_service_ThrottleFilter",
            "pattern": "ThrottlingException",
            "region": "us-east-2"
          },
          "sensitive_attributes": [],
          "identity_schema_version": 0,
          "private": "bnVsbA==",
          "dependencies": [
            "module.lambda_quest_service.aws_cloudwatch_log_group.lambda_log_group",
            "module.lambda_quest_service.aws_lambda_function.lambda_function",
            "module.lambda_quest_service.data.aws_ecr_image.image",
            "module.network.aws_iam_role.lambda_exec_role",
            "module.quest_service_image.aws_ecr_lifecycle_policy.keep_last_3",
            "module.quest_service_image.aws_ecr_repository.repo",
            "module.quest_service_image.data.aws_caller_identity.me",
            "module.quest_service_image.data.aws_ecr_authorization_token.ecr",
            "module.quest_service_image.data.aws_ecr_repository.repo",
            "module.quest_service_image.docker_image.app",
            "module.quest_service_image.docker_registry_image.app",
            "module.quest_service_image.local_file.version_file",
            "module.quest_service_image.null_resource.ecr_login"
          ]
        }
      ]
    },
    {
      "module": "module.lambda_quest_service",
      "mode": "managed",
      "type": "aws_cloudwatch_metric_alarm",
      "name": "lambda_duration_alarm",
      "provider": "provider[\"registry.terraform.io/hashicorp/aws\"]",
      "instances": [
        {
          "schema_version": 1,
          "attributes": {
            "actions_enabled": true,
            "alarm_actions": [],
            "alarm_description": "Alarm when Lambda function goalsguild_quest_service duration exceeds threshold",
            "alarm_name": "goalsguild_quest_service_DurationAlarm",
            "arn": "arn:aws:cloudwatch:us-east-2:838284111015:alarm:goalsguild_quest_service_DurationAlarm",
            "comparison_operator": "GreaterThanThreshold",
            "datapoints_to_alarm": 0,
            "dimensions": {},
            "evaluate_low_sample_count_percentiles": "",
            "evaluation_periods": 1,
            "extended_statistic": "",
            "id": "goalsguild_quest_service_DurationAlarm",
            "insufficient_data_actions": [],
            "metric_name": "Duration",
            "metric_query": [],
            "namespace": "AWS/Lambda",
            "ok_actions": [],
            "period": 60,
            "region": "us-east-2",
            "statistic": "Average",
            "tags": {
              "Environment": "dev",
              "Project": "goalsguild"
            },
            "tags_all": {
              "Environment": "dev",
              "Project": "goalsguild"
            },
            "threshold": 3000,
            "threshold_metric_id": "",
            "treat_missing_data": "notBreaching",
            "unit": ""
          },
          "sensitive_attributes": [],
          "identity_schema_version": 0,
          "identity": {
            "account_id": "838284111015",
            "alarm_name": "goalsguild_quest_service_DurationAlarm",
            "region": "us-east-2"
          },
          "private": "eyJzY2hlbWFfdmVyc2lvbiI6IjEifQ==",
          "dependencies": [
            "module.quest_service_image.aws_ecr_lifecycle_policy.keep_last_3",
            "module.quest_service_image.aws_ecr_repository.repo",
            "module.quest_service_image.data.aws_caller_identity.me",
            "module.quest_service_image.data.aws_ecr_authorization_token.ecr",
            "module.quest_service_image.data.aws_ecr_repository.repo",
            "module.quest_service_image.docker_image.app",
            "module.quest_service_image.docker_registry_image.app",
            "module.quest_service_image.local_file.version_file",
            "module.quest_service_image.null_resource.ecr_login"
          ]
        }
      ]
    },
    {
      "module": "module.lambda_quest_service",
      "mode": "managed",
      "type": "aws_cloudwatch_metric_alarm",
      "name": "lambda_error_alarm",
      "provider": "provider[\"registry.terraform.io/hashicorp/aws\"]",
      "instances": [
        {
          "schema_version": 1,
          "attributes": {
            "actions_enabled": true,
            "alarm_actions": [],
            "alarm_description": "Alarm when Lambda function goalsguild_quest_service has errors",
            "alarm_name": "goalsguild_quest_service_ErrorAlarm",
            "arn": "arn:aws:cloudwatch:us-east-2:838284111015:alarm:goalsguild_quest_service_ErrorAlarm",
            "comparison_operator": "GreaterThanOrEqualToThreshold",
            "datapoints_to_alarm": 0,
            "dimensions": {},
            "evaluate_low_sample_count_percentiles": "",
            "evaluation_periods": 1,
            "extended_statistic": "",
            "id": "goalsguild_quest_service_ErrorAlarm",
            "insufficient_data_actions": [],
            "metric_name": "goalsguild_quest_service_Errors",
            "metric_query": [],
            "namespace": "AWS/Lambda",
            "ok_actions": [],
            "period": 60,
            "region": "us-east-2",
            "statistic": "Sum",
            "tags": {
              "Environment": "dev",
              "Project": "goalsguild"
            },
            "tags_all": {
              "Environment": "dev",
              "Project": "goalsguild"
            },
            "threshold": 1,
            "threshold_metric_id": "",
            "treat_missing_data": "notBreaching",
            "unit": ""
          },
          "sensitive_attributes": [],
          "identity_schema_version": 0,
          "identity": {
            "account_id": "838284111015",
            "alarm_name": "goalsguild_quest_service_ErrorAlarm",
            "region": "us-east-2"
          },
          "private": "eyJzY2hlbWFfdmVyc2lvbiI6IjEifQ==",
          "dependencies": [
            "module.quest_service_image.aws_ecr_lifecycle_policy.keep_last_3",
            "module.quest_service_image.aws_ecr_repository.repo",
            "module.quest_service_image.data.aws_caller_identity.me",
            "module.quest_service_image.data.aws_ecr_authorization_token.ecr",
            "module.quest_service_image.data.aws_ecr_repository.repo",
            "module.quest_service_image.docker_image.app",
            "module.quest_service_image.docker_registry_image.app",
            "module.quest_service_image.local_file.version_file",
            "module.quest_service_image.null_resource.ecr_login"
          ]
        }
      ]
    },
    {
      "module": "module.lambda_quest_service",
      "mode": "managed",
      "type": "aws_cloudwatch_metric_alarm",
      "name": "lambda_throttle_alarm",
      "provider": "provider[\"registry.terraform.io/hashicorp/aws\"]",
      "instances": [
        {
          "schema_version": 1,
          "attributes": {
            "actions_enabled": true,
            "alarm_actions": [],
            "alarm_description": "Alarm when Lambda function goalsguild_quest_service is throttled",
            "alarm_name": "goalsguild_quest_service_ThrottleAlarm",
            "arn": "arn:aws:cloudwatch:us-east-2:838284111015:alarm:goalsguild_quest_service_ThrottleAlarm",
            "comparison_operator": "GreaterThanOrEqualToThreshold",
            "datapoints_to_alarm": 0,
            "dimensions": {},
            "evaluate_low_sample_count_percentiles": "",
            "evaluation_periods": 1,
            "extended_statistic": "",
            "id": "goalsguild_quest_service_ThrottleAlarm",
            "insufficient_data_actions": [],
            "metric_name": "goalsguild_quest_service_Throttles",
            "metric_query": [],
            "namespace": "AWS/Lambda",
            "ok_actions": [],
            "period": 60,
            "region": "us-east-2",
            "statistic": "Sum",
            "tags": {
              "Environment": "dev",
              "Project": "goalsguild"
            },
            "tags_all": {
              "Environment": "dev",
              "Project": "goalsguild"
            },
            "threshold": 1,
            "threshold_metric_id": "",
            "treat_missing_data": "notBreaching",
            "unit": ""
          },
          "sensitive_attributes": [],
          "identity_schema_version": 0,
          "identity": {
            "account_id": "838284111015",
            "alarm_name": "goalsguild_quest_service_ThrottleAlarm",
            "region": "us-east-2"
          },
          "private": "eyJzY2hlbWFfdmVyc2lvbiI6IjEifQ==",
          "dependencies": [
            "module.quest_service_image.aws_ecr_lifecycle_policy.keep_last_3",
            "module.quest_service_image.aws_ecr_repository.repo",
            "module.quest_service_image.data.aws_caller_identity.me",
            "module.quest_service_image.data.aws_ecr_authorization_token.ecr",
            "module.quest_service_image.data.aws_ecr_repository.repo",
            "module.quest_service_image.docker_image.app",
            "module.quest_service_image.docker_registry_image.app",
            "module.quest_service_image.local_file.version_file",
            "module.quest_service_image.null_resource.ecr_login"
          ]
        }
      ]
    },
    {
      "module": "module.lambda_quest_service",
      "mode": "managed",
      "type": "aws_lambda_function",
      "name": "lambda_function",
      "provider": "provider[\"registry.terraform.io/hashicorp/aws\"]",
      "instances": [
        {
          "schema_version": 0,
          "attributes": {
            "architectures": [
              "x86_64"
            ],
            "arn": "arn:aws:lambda:us-east-2:838284111015:function:goalsguild_quest_service_dev",
            "code_sha256": "128bfb8ae16df4445eb7af34c93c33312cd573384bb3450ce18ddf7c2cb080f7",
            "code_signing_config_arn": "",
            "dead_letter_config": [],
            "description": "",
            "environment": [
              {
                "variables": {
                  "AWS_LAMBDA_EXEC_WRAPPER": "/opt/bootstrap",
                  "AWS_LWA_PORT": "8080",
                  "PORT": "8080",
                  "RUST_LOG": "info"
                }
              }
            ],
            "ephemeral_storage": [
              {
                "size": 512
              }
            ],
            "file_system_config": [],
            "filename": null,
            "function_name": "goalsguild_quest_service_dev",
            "handler": "",
            "id": "goalsguild_quest_service_dev",
            "image_config": [],
            "image_uri": "838284111015.dkr.ecr.us-east-2.amazonaws.com/goalsguild_quest_service@sha256:128bfb8ae16df4445eb7af34c93c33312cd573384bb3450ce18ddf7c2cb080f7",
            "invoke_arn": "arn:aws:apigateway:us-east-2:lambda:path/2015-03-31/functions/arn:aws:lambda:us-east-2:838284111015:function:goalsguild_quest_service_dev/invocations",
            "kms_key_arn": "",
            "last_modified": "2025-09-01T15:32:09.000+0000",
            "layers": [],
            "logging_config": [
              {
                "application_log_level": "",
                "log_format": "Text",
                "log_group": "/aws/lambda/goalsguild_quest_service_dev",
                "system_log_level": ""
              }
            ],
            "memory_size": 128,
            "package_type": "Image",
            "publish": false,
            "qualified_arn": "arn:aws:lambda:us-east-2:838284111015:function:goalsguild_quest_service_dev:$LATEST",
            "qualified_invoke_arn": "arn:aws:apigateway:us-east-2:lambda:path/2015-03-31/functions/arn:aws:lambda:us-east-2:838284111015:function:goalsguild_quest_service_dev:$LATEST/invocations",
            "region": "us-east-2",
            "replace_security_groups_on_destroy": null,
            "replacement_security_group_ids": null,
            "reserved_concurrent_executions": -1,
            "role": "arn:aws:iam::838284111015:role/goalsguild_lambda_exec_role_dev",
            "runtime": "",
            "s3_bucket": null,
            "s3_key": null,
            "s3_object_version": null,
            "signing_job_arn": "",
            "signing_profile_version_arn": "",
            "skip_destroy": false,
            "snap_start": [],
            "source_code_hash": "",
            "source_code_size": 0,
            "tags": {
              "Environment": "dev",
              "Project": "goalsguild"
            },
            "tags_all": {
              "Environment": "dev",
              "Project": "goalsguild"
            },
            "timeout": 10,
            "timeouts": null,
            "tracing_config": [
              {
                "mode": "PassThrough"
              }
            ],
            "version": "$LATEST",
            "vpc_config": []
          },
          "sensitive_attributes": [],
          "identity_schema_version": 0,
          "identity": {
            "account_id": "838284111015",
            "function_name": "goalsguild_quest_service_dev",
            "region": "us-east-2"
          },
          "private": "eyJlMmJmYjczMC1lY2FhLTExZTYtOGY4OC0zNDM2M2JjN2M0YzAiOnsiY3JlYXRlIjo2MDAwMDAwMDAwMDAsImRlbGV0ZSI6NjAwMDAwMDAwMDAwLCJ1cGRhdGUiOjYwMDAwMDAwMDAwMH19",
          "dependencies": [
            "module.lambda_quest_service.data.aws_ecr_image.image",
            "module.network.aws_iam_role.lambda_exec_role",
            "module.quest_service_image.aws_ecr_lifecycle_policy.keep_last_3",
            "module.quest_service_image.aws_ecr_repository.repo",
            "module.quest_service_image.data.aws_caller_identity.me",
            "module.quest_service_image.data.aws_ecr_authorization_token.ecr",
            "module.quest_service_image.data.aws_ecr_repository.repo",
            "module.quest_service_image.docker_image.app",
            "module.quest_service_image.docker_registry_image.app",
            "module.quest_service_image.local_file.version_file",
            "module.quest_service_image.null_resource.ecr_login"
          ],
          "create_before_destroy": true
        }
      ]
    },
    {
      "module": "module.lambda_quest_service",
      "mode": "managed",
      "type": "aws_lambda_permission",
      "name": "apigw_invoke",
      "provider": "provider[\"registry.terraform.io/hashicorp/aws\"]",
      "instances": [
        {
          "schema_version": 0,
          "attributes": {
            "action": "lambda:InvokeFunction",
            "event_source_token": null,
            "function_name": "goalsguild_quest_service_dev",
            "function_url_auth_type": null,
            "id": "AllowInvokeFromAPIGW",
            "principal": "apigateway.amazonaws.com",
            "principal_org_id": null,
            "qualifier": "",
            "region": "us-east-2",
            "source_account": null,
            "source_arn": null,
            "statement_id": "AllowInvokeFromAPIGW",
            "statement_id_prefix": ""
          },
          "sensitive_attributes": [],
          "identity_schema_version": 0,
          "identity": {
            "account_id": "838284111015",
            "function_name": "goalsguild_quest_service_dev",
            "qualifier": null,
            "region": "us-east-2",
            "statement_id": "AllowInvokeFromAPIGW"
          },
          "private": "bnVsbA==",
          "dependencies": [
            "module.lambda_quest_service.aws_lambda_function.lambda_function",
            "module.lambda_quest_service.data.aws_ecr_image.image",
            "module.network.aws_iam_role.lambda_exec_role",
            "module.quest_service_image.aws_ecr_lifecycle_policy.keep_last_3",
            "module.quest_service_image.aws_ecr_repository.repo",
            "module.quest_service_image.data.aws_caller_identity.me",
            "module.quest_service_image.data.aws_ecr_authorization_token.ecr",
            "module.quest_service_image.data.aws_ecr_repository.repo",
            "module.quest_service_image.docker_image.app",
            "module.quest_service_image.docker_registry_image.app",
            "module.quest_service_image.local_file.version_file",
            "module.quest_service_image.null_resource.ecr_login"
          ]
        }
      ]
    },
    {
      "module": "module.lambda_user_service",
      "mode": "data",
      "type": "aws_ecr_image",
      "name": "image",
      "provider": "provider[\"registry.terraform.io/hashicorp/aws\"]",
      "instances": [
        {
          "schema_version": 0,
          "attributes": {
            "id": "sha256:3fbb7c0f1d3b902c3b8f63cb9ea3a45cc75a001799e1ce5e5089d136dbe263f8",
            "image_digest": "sha256:3fbb7c0f1d3b902c3b8f63cb9ea3a45cc75a001799e1ce5e5089d136dbe263f8",
            "image_pushed_at": 1756817448,
            "image_size_in_bytes": 72704037,
            "image_tag": "2",
            "image_tags": [
              "2"
            ],
            "image_uri": "838284111015.dkr.ecr.us-east-2.amazonaws.com/goalsguild_user_service@sha256:3fbb7c0f1d3b902c3b8f63cb9ea3a45cc75a001799e1ce5e5089d136dbe263f8",
            "most_recent": null,
            "region": "us-east-2",
            "registry_id": "838284111015",
            "repository_name": "goalsguild_user_service"
          },
          "sensitive_attributes": [],
          "identity_schema_version": 0
        }
      ]
    },
    {
      "module": "module.lambda_user_service",
      "mode": "managed",
      "type": "aws_cloudwatch_log_group",
      "name": "lambda_log_group",
      "provider": "provider[\"registry.terraform.io/hashicorp/aws\"]",
      "instances": [
        {
          "schema_version": 0,
          "attributes": {
            "arn": "arn:aws:logs:us-east-2:838284111015:log-group:/aws/lambda/goalsguild_user_service_dev",
            "id": "/aws/lambda/goalsguild_user_service_dev",
            "kms_key_id": "",
            "log_group_class": "STANDARD",
            "name": "/aws/lambda/goalsguild_user_service_dev",
            "name_prefix": "",
            "region": "us-east-2",
            "retention_in_days": 14,
            "skip_destroy": false,
            "tags": {
              "Environment": "dev",
              "Project": "goalsguild"
            },
            "tags_all": {
              "Environment": "dev",
              "Project": "goalsguild"
            }
          },
          "sensitive_attributes": [],
          "identity_schema_version": 0,
          "identity": {
            "account_id": "838284111015",
            "name": "/aws/lambda/goalsguild_user_service_dev",
            "region": "us-east-2"
          },
          "private": "bnVsbA==",
          "dependencies": [
            "module.lambda_user_service.aws_lambda_function.lambda_function",
            "module.lambda_user_service.data.aws_ecr_image.image",
            "module.network.aws_iam_role.lambda_exec_role",
            "module.user_service_image.aws_ecr_lifecycle_policy.keep_last_3",
            "module.user_service_image.aws_ecr_repository.repo",
            "module.user_service_image.data.aws_caller_identity.me",
            "module.user_service_image.data.aws_ecr_authorization_token.ecr",
            "module.user_service_image.data.aws_ecr_repository.repo",
            "module.user_service_image.docker_image.app",
            "module.user_service_image.docker_registry_image.app",
            "module.user_service_image.local_file.version_file",
            "module.user_service_image.null_resource.ecr_login"
          ]
        }
      ]
    },
    {
      "module": "module.lambda_user_service",
      "mode": "managed",
      "type": "aws_cloudwatch_log_metric_filter",
      "name": "lambda_error_filter",
      "provider": "provider[\"registry.terraform.io/hashicorp/aws\"]",
      "instances": [
        {
          "schema_version": 0,
          "attributes": {
            "apply_on_transformed_logs": false,
            "id": "goalsguild_user_service_ErrorFilter",
            "log_group_name": "/aws/lambda/goalsguild_user_service_dev",
            "metric_transformation": [
              {
                "default_value": "",
                "dimensions": {},
                "name": "goalsguild_user_service_Errors",
                "namespace": "goalsguild/Lambda",
                "unit": "None",
                "value": "1"
              }
            ],
            "name": "goalsguild_user_service_ErrorFilter",
            "pattern": "ERROR",
            "region": "us-east-2"
          },
          "sensitive_attributes": [],
          "identity_schema_version": 0,
          "private": "bnVsbA==",
          "dependencies": [
            "module.lambda_user_service.aws_cloudwatch_log_group.lambda_log_group",
            "module.lambda_user_service.aws_lambda_function.lambda_function",
            "module.lambda_user_service.data.aws_ecr_image.image",
            "module.network.aws_iam_role.lambda_exec_role",
            "module.user_service_image.aws_ecr_lifecycle_policy.keep_last_3",
            "module.user_service_image.aws_ecr_repository.repo",
            "module.user_service_image.data.aws_caller_identity.me",
            "module.user_service_image.data.aws_ecr_authorization_token.ecr",
            "module.user_service_image.data.aws_ecr_repository.repo",
            "module.user_service_image.docker_image.app",
            "module.user_service_image.docker_registry_image.app",
            "module.user_service_image.local_file.version_file",
            "module.user_service_image.null_resource.ecr_login"
          ]
        }
      ]
    },
    {
      "module": "module.lambda_user_service",
      "mode": "managed",
      "type": "aws_cloudwatch_log_metric_filter",
      "name": "lambda_throttle_filter",
      "provider": "provider[\"registry.terraform.io/hashicorp/aws\"]",
      "instances": [
        {
          "schema_version": 0,
          "attributes": {
            "apply_on_transformed_logs": false,
            "id": "goalsguild_user_service_ThrottleFilter",
            "log_group_name": "/aws/lambda/goalsguild_user_service_dev",
            "metric_transformation": [
              {
                "default_value": "",
                "dimensions": {},
                "name": "goalsguild_user_service_Throttles",
                "namespace": "goalsguild/Lambda",
                "unit": "None",
                "value": "1"
              }
            ],
            "name": "goalsguild_user_service_ThrottleFilter",
            "pattern": "ThrottlingException",
            "region": "us-east-2"
          },
          "sensitive_attributes": [],
          "identity_schema_version": 0,
          "private": "bnVsbA==",
          "dependencies": [
            "module.lambda_user_service.aws_cloudwatch_log_group.lambda_log_group",
            "module.lambda_user_service.aws_lambda_function.lambda_function",
            "module.lambda_user_service.data.aws_ecr_image.image",
            "module.network.aws_iam_role.lambda_exec_role",
            "module.user_service_image.aws_ecr_lifecycle_policy.keep_last_3",
            "module.user_service_image.aws_ecr_repository.repo",
            "module.user_service_image.data.aws_caller_identity.me",
            "module.user_service_image.data.aws_ecr_authorization_token.ecr",
            "module.user_service_image.data.aws_ecr_repository.repo",
            "module.user_service_image.docker_image.app",
            "module.user_service_image.docker_registry_image.app",
            "module.user_service_image.local_file.version_file",
            "module.user_service_image.null_resource.ecr_login"
          ]
        }
      ]
    },
    {
      "module": "module.lambda_user_service",
      "mode": "managed",
      "type": "aws_cloudwatch_metric_alarm",
      "name": "lambda_duration_alarm",
      "provider": "provider[\"registry.terraform.io/hashicorp/aws\"]",
      "instances": [
        {
          "schema_version": 1,
          "attributes": {
            "actions_enabled": true,
            "alarm_actions": [],
            "alarm_description": "Alarm when Lambda function goalsguild_user_service duration exceeds threshold",
            "alarm_name": "goalsguild_user_service_DurationAlarm",
            "arn": "arn:aws:cloudwatch:us-east-2:838284111015:alarm:goalsguild_user_service_DurationAlarm",
            "comparison_operator": "GreaterThanThreshold",
            "datapoints_to_alarm": 0,
            "dimensions": {},
            "evaluate_low_sample_count_percentiles": "",
            "evaluation_periods": 1,
            "extended_statistic": "",
            "id": "goalsguild_user_service_DurationAlarm",
            "insufficient_data_actions": [],
            "metric_name": "Duration",
            "metric_query": [],
            "namespace": "AWS/Lambda",
            "ok_actions": [],
            "period": 60,
            "region": "us-east-2",
            "statistic": "Average",
            "tags": {
              "Environment": "dev",
              "Project": "goalsguild"
            },
            "tags_all": {
              "Environment": "dev",
              "Project": "goalsguild"
            },
            "threshold": 3000,
            "threshold_metric_id": "",
            "treat_missing_data": "notBreaching",
            "unit": ""
          },
          "sensitive_attributes": [],
          "identity_schema_version": 0,
          "identity": {
            "account_id": "838284111015",
            "alarm_name": "goalsguild_user_service_DurationAlarm",
            "region": "us-east-2"
          },
          "private": "eyJzY2hlbWFfdmVyc2lvbiI6IjEifQ==",
          "dependencies": [
            "module.user_service_image.aws_ecr_lifecycle_policy.keep_last_3",
            "module.user_service_image.aws_ecr_repository.repo",
            "module.user_service_image.data.aws_caller_identity.me",
            "module.user_service_image.data.aws_ecr_authorization_token.ecr",
            "module.user_service_image.data.aws_ecr_repository.repo",
            "module.user_service_image.docker_image.app",
            "module.user_service_image.docker_registry_image.app",
            "module.user_service_image.local_file.version_file",
            "module.user_service_image.null_resource.ecr_login"
          ]
        }
      ]
    },
    {
      "module": "module.lambda_user_service",
      "mode": "managed",
      "type": "aws_cloudwatch_metric_alarm",
      "name": "lambda_error_alarm",
      "provider": "provider[\"registry.terraform.io/hashicorp/aws\"]",
      "instances": [
        {
          "schema_version": 1,
          "attributes": {
            "actions_enabled": true,
            "alarm_actions": [],
            "alarm_description": "Alarm when Lambda function goalsguild_user_service has errors",
            "alarm_name": "goalsguild_user_service_ErrorAlarm",
            "arn": "arn:aws:cloudwatch:us-east-2:838284111015:alarm:goalsguild_user_service_ErrorAlarm",
            "comparison_operator": "GreaterThanOrEqualToThreshold",
            "datapoints_to_alarm": 0,
            "dimensions": {},
            "evaluate_low_sample_count_percentiles": "",
            "evaluation_periods": 1,
            "extended_statistic": "",
            "id": "goalsguild_user_service_ErrorAlarm",
            "insufficient_data_actions": [],
            "metric_name": "goalsguild_user_service_Errors",
            "metric_query": [],
            "namespace": "AWS/Lambda",
            "ok_actions": [],
            "period": 60,
            "region": "us-east-2",
            "statistic": "Sum",
            "tags": {
              "Environment": "dev",
              "Project": "goalsguild"
            },
            "tags_all": {
              "Environment": "dev",
              "Project": "goalsguild"
            },
            "threshold": 1,
            "threshold_metric_id": "",
            "treat_missing_data": "notBreaching",
            "unit": ""
          },
          "sensitive_attributes": [],
          "identity_schema_version": 0,
          "identity": {
            "account_id": "838284111015",
            "alarm_name": "goalsguild_user_service_ErrorAlarm",
            "region": "us-east-2"
          },
          "private": "eyJzY2hlbWFfdmVyc2lvbiI6IjEifQ==",
          "dependencies": [
            "module.user_service_image.aws_ecr_lifecycle_policy.keep_last_3",
            "module.user_service_image.aws_ecr_repository.repo",
            "module.user_service_image.data.aws_caller_identity.me",
            "module.user_service_image.data.aws_ecr_authorization_token.ecr",
            "module.user_service_image.data.aws_ecr_repository.repo",
            "module.user_service_image.docker_image.app",
            "module.user_service_image.docker_registry_image.app",
            "module.user_service_image.local_file.version_file",
            "module.user_service_image.null_resource.ecr_login"
          ]
        }
      ]
    },
    {
      "module": "module.lambda_user_service",
      "mode": "managed",
      "type": "aws_cloudwatch_metric_alarm",
      "name": "lambda_throttle_alarm",
      "provider": "provider[\"registry.terraform.io/hashicorp/aws\"]",
      "instances": [
        {
          "schema_version": 1,
          "attributes": {
            "actions_enabled": true,
            "alarm_actions": [],
            "alarm_description": "Alarm when Lambda function goalsguild_user_service is throttled",
            "alarm_name": "goalsguild_user_service_ThrottleAlarm",
            "arn": "arn:aws:cloudwatch:us-east-2:838284111015:alarm:goalsguild_user_service_ThrottleAlarm",
            "comparison_operator": "GreaterThanOrEqualToThreshold",
            "datapoints_to_alarm": 0,
            "dimensions": {},
            "evaluate_low_sample_count_percentiles": "",
            "evaluation_periods": 1,
            "extended_statistic": "",
            "id": "goalsguild_user_service_ThrottleAlarm",
            "insufficient_data_actions": [],
            "metric_name": "goalsguild_user_service_Throttles",
            "metric_query": [],
            "namespace": "AWS/Lambda",
            "ok_actions": [],
            "period": 60,
            "region": "us-east-2",
            "statistic": "Sum",
            "tags": {
              "Environment": "dev",
              "Project": "goalsguild"
            },
            "tags_all": {
              "Environment": "dev",
              "Project": "goalsguild"
            },
            "threshold": 1,
            "threshold_metric_id": "",
            "treat_missing_data": "notBreaching",
            "unit": ""
          },
          "sensitive_attributes": [],
          "identity_schema_version": 0,
          "identity": {
            "account_id": "838284111015",
            "alarm_name": "goalsguild_user_service_ThrottleAlarm",
            "region": "us-east-2"
          },
          "private": "eyJzY2hlbWFfdmVyc2lvbiI6IjEifQ==",
          "dependencies": [
            "module.user_service_image.aws_ecr_lifecycle_policy.keep_last_3",
            "module.user_service_image.aws_ecr_repository.repo",
            "module.user_service_image.data.aws_caller_identity.me",
            "module.user_service_image.data.aws_ecr_authorization_token.ecr",
            "module.user_service_image.data.aws_ecr_repository.repo",
            "module.user_service_image.docker_image.app",
            "module.user_service_image.docker_registry_image.app",
            "module.user_service_image.local_file.version_file",
            "module.user_service_image.null_resource.ecr_login"
          ]
        }
      ]
    },
    {
      "module": "module.lambda_user_service",
      "mode": "managed",
      "type": "aws_lambda_function",
      "name": "lambda_function",
      "provider": "provider[\"registry.terraform.io/hashicorp/aws\"]",
      "instances": [
        {
          "schema_version": 0,
          "attributes": {
            "architectures": [
              "x86_64"
            ],
            "arn": "arn:aws:lambda:us-east-2:838284111015:function:goalsguild_user_service_dev",
            "code_sha256": "3fbb7c0f1d3b902c3b8f63cb9ea3a45cc75a001799e1ce5e5089d136dbe263f8",
            "code_signing_config_arn": "",
            "dead_letter_config": [],
            "description": "",
            "environment": [
              {
                "variables": {
                  "AWS_LAMBDA_EXEC_WRAPPER": "/opt/bootstrap",
                  "AWS_LWA_PORT": "8080",
                  "PORT": "8080",
                  "RUST_LOG": "info"
                }
              }
            ],
            "ephemeral_storage": [
              {
                "size": 512
              }
            ],
            "file_system_config": [],
            "filename": null,
            "function_name": "goalsguild_user_service_dev",
            "handler": "",
            "id": "goalsguild_user_service_dev",
            "image_config": [],
            "image_uri": "838284111015.dkr.ecr.us-east-2.amazonaws.com/goalsguild_user_service@sha256:3fbb7c0f1d3b902c3b8f63cb9ea3a45cc75a001799e1ce5e5089d136dbe263f8",
            "invoke_arn": "arn:aws:apigateway:us-east-2:lambda:path/2015-03-31/functions/arn:aws:lambda:us-east-2:838284111015:function:goalsguild_user_service_dev/invocations",
            "kms_key_arn": "",
            "last_modified": "2025-09-02T12:50:50.000+0000",
            "layers": [],
            "logging_config": [
              {
                "application_log_level": "",
                "log_format": "Text",
                "log_group": "/aws/lambda/goalsguild_user_service_dev",
                "system_log_level": ""
              }
            ],
            "memory_size": 512,
            "package_type": "Image",
            "publish": false,
            "qualified_arn": "arn:aws:lambda:us-east-2:838284111015:function:goalsguild_user_service_dev:$LATEST",
            "qualified_invoke_arn": "arn:aws:apigateway:us-east-2:lambda:path/2015-03-31/functions/arn:aws:lambda:us-east-2:838284111015:function:goalsguild_user_service_dev:$LATEST/invocations",
            "region": "us-east-2",
            "replace_security_groups_on_destroy": null,
            "replacement_security_group_ids": null,
            "reserved_concurrent_executions": -1,
            "role": "arn:aws:iam::838284111015:role/goalsguild_lambda_exec_role_dev",
            "runtime": "",
            "s3_bucket": null,
            "s3_key": null,
            "s3_object_version": null,
            "signing_job_arn": "",
            "signing_profile_version_arn": "",
            "skip_destroy": false,
            "snap_start": [],
            "source_code_hash": "",
            "source_code_size": 0,
            "tags": {
              "Environment": "dev",
              "Project": "goalsguild"
            },
            "tags_all": {
              "Environment": "dev",
              "Project": "goalsguild"
            },
            "timeout": 10,
            "timeouts": null,
            "tracing_config": [
              {
                "mode": "PassThrough"
              }
            ],
            "version": "$LATEST",
            "vpc_config": []
          },
          "sensitive_attributes": [],
          "identity_schema_version": 0,
          "identity": {
            "account_id": "838284111015",
            "function_name": "goalsguild_user_service_dev",
            "region": "us-east-2"
          },
          "private": "eyJlMmJmYjczMC1lY2FhLTExZTYtOGY4OC0zNDM2M2JjN2M0YzAiOnsiY3JlYXRlIjo2MDAwMDAwMDAwMDAsImRlbGV0ZSI6NjAwMDAwMDAwMDAwLCJ1cGRhdGUiOjYwMDAwMDAwMDAwMH19",
          "dependencies": [
            "module.lambda_user_service.data.aws_ecr_image.image",
            "module.network.aws_iam_role.lambda_exec_role",
            "module.user_service_image.aws_ecr_lifecycle_policy.keep_last_3",
            "module.user_service_image.aws_ecr_repository.repo",
            "module.user_service_image.data.aws_caller_identity.me",
            "module.user_service_image.data.aws_ecr_authorization_token.ecr",
            "module.user_service_image.data.aws_ecr_repository.repo",
            "module.user_service_image.docker_image.app",
            "module.user_service_image.docker_registry_image.app",
            "module.user_service_image.local_file.version_file",
            "module.user_service_image.null_resource.ecr_login"
          ],
          "create_before_destroy": true
        }
      ]
    },
    {
      "module": "module.lambda_user_service",
      "mode": "managed",
      "type": "aws_lambda_permission",
      "name": "apigw_invoke",
      "provider": "provider[\"registry.terraform.io/hashicorp/aws\"]",
      "instances": [
        {
          "schema_version": 0,
          "attributes": {
            "action": "lambda:InvokeFunction",
            "event_source_token": null,
            "function_name": "goalsguild_user_service_dev",
            "function_url_auth_type": null,
            "id": "AllowInvokeFromAPIGW",
            "principal": "apigateway.amazonaws.com",
            "principal_org_id": null,
            "qualifier": "",
            "region": "us-east-2",
            "source_account": null,
            "source_arn": null,
            "statement_id": "AllowInvokeFromAPIGW",
            "statement_id_prefix": ""
          },
          "sensitive_attributes": [],
          "identity_schema_version": 0,
          "identity": {
            "account_id": "838284111015",
            "function_name": "goalsguild_user_service_dev",
            "qualifier": null,
            "region": "us-east-2",
            "statement_id": "AllowInvokeFromAPIGW"
          },
          "private": "bnVsbA==",
          "dependencies": [
            "module.lambda_user_service.aws_lambda_function.lambda_function",
            "module.lambda_user_service.data.aws_ecr_image.image",
            "module.network.aws_iam_role.lambda_exec_role",
            "module.user_service_image.aws_ecr_lifecycle_policy.keep_last_3",
            "module.user_service_image.aws_ecr_repository.repo",
            "module.user_service_image.data.aws_caller_identity.me",
            "module.user_service_image.data.aws_ecr_authorization_token.ecr",
            "module.user_service_image.data.aws_ecr_repository.repo",
            "module.user_service_image.docker_image.app",
            "module.user_service_image.docker_registry_image.app",
            "module.user_service_image.local_file.version_file",
            "module.user_service_image.null_resource.ecr_login"
          ]
        }
      ]
    },
    {
      "module": "module.network",
      "mode": "managed",
      "type": "aws_api_gateway_account",
      "name": "account",
      "provider": "module.network.provider[\"registry.terraform.io/hashicorp/aws\"]",
      "instances": [
        {
          "schema_version": 0,
          "attributes": {
            "api_key_version": "4",
            "cloudwatch_role_arn": "arn:aws:iam::838284111015:role/goalsguild_apigw_cloudwatch_role_dev",
            "features": [
              "UsagePlans"
            ],
            "id": "838284111015",
            "region": "us-east-2",
            "throttle_settings": [
              {
                "burst_limit": 5000,
                "rate_limit": 10000
              }
            ]
          },
          "sensitive_attributes": [],
          "identity_schema_version": 0,
          "dependencies": [
            "module.network.aws_iam_role.apigw_cloudwatch_role",
            "module.network.aws_iam_role_policy_attachment.apigw_push_to_cw"
          ]
        }
      ]
    },
    {
      "module": "module.network",
      "mode": "managed",
      "type": "aws_api_gateway_authorizer",
      "name": "lambda_authorizer",
      "provider": "module.network.provider[\"registry.terraform.io/hashicorp/aws\"]",
      "instances": [
        {
          "schema_version": 0,
          "attributes": {
            "arn": "arn:aws:apigateway:us-east-2::/restapis/tuffc5cto8/authorizers/4pdi1f",
            "authorizer_credentials": "arn:aws:iam::838284111015:role/user-service-role",
            "authorizer_result_ttl_in_seconds": 300,
            "authorizer_uri": "arn:aws:apigateway:us-east-2:lambda:path/2015-03-31/functions/arn:aws:lambda:us-east-2:838284111015:function:goalsguild_authorizer_dev/invocations",
            "id": "4pdi1f",
            "identity_source": "method.request.header.Authorization",
            "identity_validation_expression": "",
            "name": "goalsguild_lambda_authorizer_dev",
            "provider_arns": [],
            "region": "us-east-2",
            "rest_api_id": "tuffc5cto8",
            "type": "TOKEN"
          },
          "sensitive_attributes": [],
          "identity_schema_version": 0,
          "private": "bnVsbA==",
          "dependencies": [
            "module.iam.aws_iam_role.lambda_authorizer_role",
            "module.lambda_authorizer.aws_lambda_function.this",
            "module.lambda_authorizer.data.archive_file.lambda_zip",
            "module.lambda_authorizer.null_resource.build_bash",
            "module.lambda_authorizer.null_resource.build_ps",
            "module.network.aws_api_gateway_rest_api.rest_api"
          ],
          "create_before_destroy": true
        }
      ]
    },
    {
      "module": "module.network",
      "mode": "managed",
      "type": "aws_api_gateway_deployment",
      "name": "rest_api_deployment",
      "provider": "module.network.provider[\"registry.terraform.io/hashicorp/aws\"]",
      "instances": [
        {
          "schema_version": 0,
          "attributes": {
            "created_date": "2025-08-31T22:13:23Z",
            "description": "",
            "id": "4yqtyv",
            "region": "us-east-2",
            "rest_api_id": "tuffc5cto8",
            "triggers": {
              "redeploy": "9618e45b436350737c0886d568e18d262c7a8129"
            },
            "variables": null
          },
          "sensitive_attributes": [],
          "identity_schema_version": 0,
          "private": "bnVsbA==",
          "dependencies": [
            "module.iam.aws_iam_role.lambda_authorizer_role",
            "module.lambda_authorizer.aws_lambda_function.this",
            "module.lambda_authorizer.data.archive_file.lambda_zip",
            "module.lambda_authorizer.null_resource.build_bash",
            "module.lambda_authorizer.null_resource.build_ps",
            "module.lambda_quest_service.aws_lambda_function.lambda_function",
            "module.lambda_quest_service.data.aws_ecr_image.image",
            "module.lambda_user_service.aws_lambda_function.lambda_function",
            "module.lambda_user_service.data.aws_ecr_image.image",
            "module.network.aws_api_gateway_authorizer.lambda_authorizer",
            "module.network.aws_api_gateway_integration.health_get_integration",
            "module.network.aws_api_gateway_integration.quest_get_integration",
            "module.network.aws_api_gateway_integration.quest_post_integration",
            "module.network.aws_api_gateway_integration.user_login_google_post_integration",
            "module.network.aws_api_gateway_integration.user_login_post_integration",
            "module.network.aws_api_gateway_integration.user_logout_post_integration",
            "module.network.aws_api_gateway_integration.user_signup_post_integration",
            "module.network.aws_api_gateway_method.health_get",
            "module.network.aws_api_gateway_method.quest_get",
            "module.network.aws_api_gateway_method.quest_post",
            "module.network.aws_api_gateway_method.user_login_google_post",
            "module.network.aws_api_gateway_method.user_login_post",
            "module.network.aws_api_gateway_method.user_logout_post",
            "module.network.aws_api_gateway_method.user_signup_post",
            "module.network.aws_api_gateway_resource.quest_service_resource",
            "module.network.aws_api_gateway_resource.user_health_resource",
            "module.network.aws_api_gateway_resource.user_login_google_resource",
            "module.network.aws_api_gateway_resource.user_login_resource",
            "module.network.aws_api_gateway_resource.user_logout_resource",
            "module.network.aws_api_gateway_resource.user_service_resource",
            "module.network.aws_api_gateway_resource.user_signup_resource",
            "module.network.aws_api_gateway_rest_api.rest_api",
            "module.network.aws_iam_role.lambda_exec_role",
            "module.quest_service_image.aws_ecr_lifecycle_policy.keep_last_3",
            "module.quest_service_image.aws_ecr_repository.repo",
            "module.quest_service_image.data.aws_caller_identity.me",
            "module.quest_service_image.data.aws_ecr_authorization_token.ecr",
            "module.quest_service_image.data.aws_ecr_repository.repo",
            "module.quest_service_image.docker_image.app",
            "module.quest_service_image.docker_registry_image.app",
            "module.quest_service_image.local_file.version_file",
            "module.quest_service_image.null_resource.ecr_login",
            "module.user_service_image.aws_ecr_lifecycle_policy.keep_last_3",
            "module.user_service_image.aws_ecr_repository.repo",
            "module.user_service_image.data.aws_caller_identity.me",
            "module.user_service_image.data.aws_ecr_authorization_token.ecr",
            "module.user_service_image.data.aws_ecr_repository.repo",
            "module.user_service_image.docker_image.app",
            "module.user_service_image.docker_registry_image.app",
            "module.user_service_image.local_file.version_file",
            "module.user_service_image.null_resource.ecr_login"
          ],
          "create_before_destroy": true
        }
      ]
    },
    {
      "module": "module.network",
      "mode": "managed",
      "type": "aws_api_gateway_integration",
      "name": "health_get_integration",
      "provider": "module.network.provider[\"registry.terraform.io/hashicorp/aws\"]",
      "instances": [
        {
          "schema_version": 0,
          "attributes": {
            "cache_key_parameters": [],
            "cache_namespace": "vic8lk",
            "connection_id": "",
            "connection_type": "INTERNET",
            "content_handling": "",
            "credentials": "",
            "http_method": "GET",
            "id": "agi-tuffc5cto8-vic8lk-GET",
            "integration_http_method": "POST",
            "passthrough_behavior": "WHEN_NO_MATCH",
            "region": "us-east-2",
            "request_parameters": {},
            "request_templates": {},
            "resource_id": "vic8lk",
            "rest_api_id": "tuffc5cto8",
            "timeout_milliseconds": 29000,
            "tls_config": [],
            "type": "AWS_PROXY",
            "uri": "arn:aws:apigateway:us-east-2:lambda:path/2015-03-31/functions/arn:aws:lambda:us-east-2:838284111015:function:goalsguild_user_service_dev/invocations"
          },
          "sensitive_attributes": [],
          "identity_schema_version": 0,
          "private": "bnVsbA==",
          "dependencies": [
            "module.lambda_user_service.aws_lambda_function.lambda_function",
            "module.lambda_user_service.data.aws_ecr_image.image",
            "module.network.aws_api_gateway_method.health_get",
            "module.network.aws_api_gateway_resource.user_health_resource",
            "module.network.aws_api_gateway_rest_api.rest_api",
            "module.network.aws_iam_role.lambda_exec_role",
            "module.user_service_image.aws_ecr_lifecycle_policy.keep_last_3",
            "module.user_service_image.aws_ecr_repository.repo",
            "module.user_service_image.data.aws_caller_identity.me",
            "module.user_service_image.data.aws_ecr_authorization_token.ecr",
            "module.user_service_image.data.aws_ecr_repository.repo",
            "module.user_service_image.docker_image.app",
            "module.user_service_image.docker_registry_image.app",
            "module.user_service_image.local_file.version_file",
            "module.user_service_image.null_resource.ecr_login"
          ],
          "create_before_destroy": true
        }
      ]
    },
    {
      "module": "module.network",
      "mode": "managed",
      "type": "aws_api_gateway_integration",
      "name": "quest_get_integration",
      "provider": "module.network.provider[\"registry.terraform.io/hashicorp/aws\"]",
      "instances": [
        {
          "schema_version": 0,
          "attributes": {
            "cache_key_parameters": [],
            "cache_namespace": "964usg",
            "connection_id": "",
            "connection_type": "INTERNET",
            "content_handling": "",
            "credentials": "",
            "http_method": "GET",
            "id": "agi-tuffc5cto8-964usg-GET",
            "integration_http_method": "POST",
            "passthrough_behavior": "WHEN_NO_MATCH",
            "region": "us-east-2",
            "request_parameters": {},
            "request_templates": {},
            "resource_id": "964usg",
            "rest_api_id": "tuffc5cto8",
            "timeout_milliseconds": 29000,
            "tls_config": [],
            "type": "AWS_PROXY",
            "uri": "arn:aws:apigateway:us-east-2:lambda:path/2015-03-31/functions/arn:aws:lambda:us-east-2:838284111015:function:goalsguild_quest_service_dev/invocations"
          },
          "sensitive_attributes": [],
          "identity_schema_version": 0,
          "private": "bnVsbA==",
          "dependencies": [
            "module.iam.aws_iam_role.lambda_authorizer_role",
            "module.lambda_authorizer.aws_lambda_function.this",
            "module.lambda_authorizer.data.archive_file.lambda_zip",
            "module.lambda_authorizer.null_resource.build_bash",
            "module.lambda_authorizer.null_resource.build_ps",
            "module.lambda_quest_service.aws_lambda_function.lambda_function",
            "module.lambda_quest_service.data.aws_ecr_image.image",
            "module.network.aws_api_gateway_authorizer.lambda_authorizer",
            "module.network.aws_api_gateway_method.quest_get",
            "module.network.aws_api_gateway_resource.quest_service_resource",
            "module.network.aws_api_gateway_rest_api.rest_api",
            "module.network.aws_iam_role.lambda_exec_role",
            "module.quest_service_image.aws_ecr_lifecycle_policy.keep_last_3",
            "module.quest_service_image.aws_ecr_repository.repo",
            "module.quest_service_image.data.aws_caller_identity.me",
            "module.quest_service_image.data.aws_ecr_authorization_token.ecr",
            "module.quest_service_image.data.aws_ecr_repository.repo",
            "module.quest_service_image.docker_image.app",
            "module.quest_service_image.docker_registry_image.app",
            "module.quest_service_image.local_file.version_file",
            "module.quest_service_image.null_resource.ecr_login"
          ],
          "create_before_destroy": true
        }
      ]
    },
    {
      "module": "module.network",
      "mode": "managed",
      "type": "aws_api_gateway_integration",
      "name": "quest_post_integration",
      "provider": "module.network.provider[\"registry.terraform.io/hashicorp/aws\"]",
      "instances": [
        {
          "schema_version": 0,
          "attributes": {
            "cache_key_parameters": [],
            "cache_namespace": "964usg",
            "connection_id": "",
            "connection_type": "INTERNET",
            "content_handling": "",
            "credentials": "",
            "http_method": "POST",
            "id": "agi-tuffc5cto8-964usg-POST",
            "integration_http_method": "POST",
            "passthrough_behavior": "WHEN_NO_MATCH",
            "region": "us-east-2",
            "request_parameters": {},
            "request_templates": {},
            "resource_id": "964usg",
            "rest_api_id": "tuffc5cto8",
            "timeout_milliseconds": 29000,
            "tls_config": [],
            "type": "AWS_PROXY",
            "uri": "arn:aws:apigateway:us-east-2:lambda:path/2015-03-31/functions/arn:aws:lambda:us-east-2:838284111015:function:goalsguild_quest_service_dev/invocations"
          },
          "sensitive_attributes": [],
          "identity_schema_version": 0,
          "private": "bnVsbA==",
          "dependencies": [
            "module.iam.aws_iam_role.lambda_authorizer_role",
            "module.lambda_authorizer.aws_lambda_function.this",
            "module.lambda_authorizer.data.archive_file.lambda_zip",
            "module.lambda_authorizer.null_resource.build_bash",
            "module.lambda_authorizer.null_resource.build_ps",
            "module.lambda_quest_service.aws_lambda_function.lambda_function",
            "module.lambda_quest_service.data.aws_ecr_image.image",
            "module.network.aws_api_gateway_authorizer.lambda_authorizer",
            "module.network.aws_api_gateway_method.quest_post",
            "module.network.aws_api_gateway_resource.quest_service_resource",
            "module.network.aws_api_gateway_rest_api.rest_api",
            "module.network.aws_iam_role.lambda_exec_role",
            "module.quest_service_image.aws_ecr_lifecycle_policy.keep_last_3",
            "module.quest_service_image.aws_ecr_repository.repo",
            "module.quest_service_image.data.aws_caller_identity.me",
            "module.quest_service_image.data.aws_ecr_authorization_token.ecr",
            "module.quest_service_image.data.aws_ecr_repository.repo",
            "module.quest_service_image.docker_image.app",
            "module.quest_service_image.docker_registry_image.app",
            "module.quest_service_image.local_file.version_file",
            "module.quest_service_image.null_resource.ecr_login"
          ],
          "create_before_destroy": true
        }
      ]
    },
    {
      "module": "module.network",
      "mode": "managed",
      "type": "aws_api_gateway_integration",
      "name": "user_login_google_post_integration",
      "provider": "module.network.provider[\"registry.terraform.io/hashicorp/aws\"]",
      "instances": [
        {
          "schema_version": 0,
          "attributes": {
            "cache_key_parameters": [],
            "cache_namespace": "cohdvg",
            "connection_id": "",
            "connection_type": "INTERNET",
            "content_handling": "",
            "credentials": "",
            "http_method": "POST",
            "id": "agi-tuffc5cto8-cohdvg-POST",
            "integration_http_method": "POST",
            "passthrough_behavior": "WHEN_NO_MATCH",
            "region": "us-east-2",
            "request_parameters": {},
            "request_templates": {},
            "resource_id": "cohdvg",
            "rest_api_id": "tuffc5cto8",
            "timeout_milliseconds": 29000,
            "tls_config": [],
            "type": "AWS_PROXY",
            "uri": "arn:aws:apigateway:us-east-2:lambda:path/2015-03-31/functions/arn:aws:lambda:us-east-2:838284111015:function:goalsguild_user_service_dev/invocations"
          },
          "sensitive_attributes": [],
          "identity_schema_version": 0,
          "private": "bnVsbA==",
          "dependencies": [
            "module.lambda_user_service.aws_lambda_function.lambda_function",
            "module.lambda_user_service.data.aws_ecr_image.image",
            "module.network.aws_api_gateway_method.user_login_google_post",
            "module.network.aws_api_gateway_resource.user_login_google_resource",
            "module.network.aws_api_gateway_resource.user_login_resource",
            "module.network.aws_api_gateway_resource.user_service_resource",
            "module.network.aws_api_gateway_rest_api.rest_api",
            "module.network.aws_iam_role.lambda_exec_role",
            "module.user_service_image.aws_ecr_lifecycle_policy.keep_last_3",
            "module.user_service_image.aws_ecr_repository.repo",
            "module.user_service_image.data.aws_caller_identity.me",
            "module.user_service_image.data.aws_ecr_authorization_token.ecr",
            "module.user_service_image.data.aws_ecr_repository.repo",
            "module.user_service_image.docker_image.app",
            "module.user_service_image.docker_registry_image.app",
            "module.user_service_image.local_file.version_file",
            "module.user_service_image.null_resource.ecr_login"
          ],
          "create_before_destroy": true
        }
      ]
    },
    {
      "module": "module.network",
      "mode": "managed",
      "type": "aws_api_gateway_integration",
      "name": "user_login_post_integration",
      "provider": "module.network.provider[\"registry.terraform.io/hashicorp/aws\"]",
      "instances": [
        {
          "schema_version": 0,
          "attributes": {
            "cache_key_parameters": [],
            "cache_namespace": "pro461",
            "connection_id": "",
            "connection_type": "INTERNET",
            "content_handling": "",
            "credentials": "",
            "http_method": "POST",
            "id": "agi-tuffc5cto8-pro461-POST",
            "integration_http_method": "POST",
            "passthrough_behavior": "WHEN_NO_MATCH",
            "region": "us-east-2",
            "request_parameters": {},
            "request_templates": {},
            "resource_id": "pro461",
            "rest_api_id": "tuffc5cto8",
            "timeout_milliseconds": 29000,
            "tls_config": [],
            "type": "AWS_PROXY",
            "uri": "arn:aws:apigateway:us-east-2:lambda:path/2015-03-31/functions/arn:aws:lambda:us-east-2:838284111015:function:goalsguild_user_service_dev/invocations"
          },
          "sensitive_attributes": [],
          "identity_schema_version": 0,
          "private": "bnVsbA==",
          "dependencies": [
            "module.lambda_user_service.aws_lambda_function.lambda_function",
            "module.lambda_user_service.data.aws_ecr_image.image",
            "module.network.aws_api_gateway_method.user_login_post",
            "module.network.aws_api_gateway_resource.user_login_resource",
            "module.network.aws_api_gateway_resource.user_service_resource",
            "module.network.aws_api_gateway_rest_api.rest_api",
            "module.network.aws_iam_role.lambda_exec_role",
            "module.user_service_image.aws_ecr_lifecycle_policy.keep_last_3",
            "module.user_service_image.aws_ecr_repository.repo",
            "module.user_service_image.data.aws_caller_identity.me",
            "module.user_service_image.data.aws_ecr_authorization_token.ecr",
            "module.user_service_image.data.aws_ecr_repository.repo",
            "module.user_service_image.docker_image.app",
            "module.user_service_image.docker_registry_image.app",
            "module.user_service_image.local_file.version_file",
            "module.user_service_image.null_resource.ecr_login"
          ],
          "create_before_destroy": true
        }
      ]
    },
    {
      "module": "module.network",
      "mode": "managed",
      "type": "aws_api_gateway_integration",
      "name": "user_logout_post_integration",
      "provider": "module.network.provider[\"registry.terraform.io/hashicorp/aws\"]",
      "instances": [
        {
          "schema_version": 0,
          "attributes": {
            "cache_key_parameters": [],
            "cache_namespace": "2v2rqb",
            "connection_id": "",
            "connection_type": "INTERNET",
            "content_handling": "",
            "credentials": "",
            "http_method": "POST",
            "id": "agi-tuffc5cto8-2v2rqb-POST",
            "integration_http_method": "POST",
            "passthrough_behavior": "WHEN_NO_MATCH",
            "region": "us-east-2",
            "request_parameters": {},
            "request_templates": {},
            "resource_id": "2v2rqb",
            "rest_api_id": "tuffc5cto8",
            "timeout_milliseconds": 29000,
            "tls_config": [],
            "type": "AWS_PROXY",
            "uri": "arn:aws:apigateway:us-east-2:lambda:path/2015-03-31/functions/arn:aws:lambda:us-east-2:838284111015:function:goalsguild_user_service_dev/invocations"
          },
          "sensitive_attributes": [],
          "identity_schema_version": 0,
          "private": "bnVsbA==",
          "dependencies": [
            "module.iam.aws_iam_role.lambda_authorizer_role",
            "module.lambda_authorizer.aws_lambda_function.this",
            "module.lambda_authorizer.data.archive_file.lambda_zip",
            "module.lambda_authorizer.null_resource.build_bash",
            "module.lambda_authorizer.null_resource.build_ps",
            "module.lambda_user_service.aws_lambda_function.lambda_function",
            "module.lambda_user_service.data.aws_ecr_image.image",
            "module.network.aws_api_gateway_authorizer.lambda_authorizer",
            "module.network.aws_api_gateway_method.user_logout_post",
            "module.network.aws_api_gateway_resource.user_logout_resource",
            "module.network.aws_api_gateway_resource.user_service_resource",
            "module.network.aws_api_gateway_rest_api.rest_api",
            "module.network.aws_iam_role.lambda_exec_role",
            "module.user_service_image.aws_ecr_lifecycle_policy.keep_last_3",
            "module.user_service_image.aws_ecr_repository.repo",
            "module.user_service_image.data.aws_caller_identity.me",
            "module.user_service_image.data.aws_ecr_authorization_token.ecr",
            "module.user_service_image.data.aws_ecr_repository.repo",
            "module.user_service_image.docker_image.app",
            "module.user_service_image.docker_registry_image.app",
            "module.user_service_image.local_file.version_file",
            "module.user_service_image.null_resource.ecr_login"
          ],
          "create_before_destroy": true
        }
      ]
    },
    {
      "module": "module.network",
      "mode": "managed",
      "type": "aws_api_gateway_integration",
      "name": "user_signup_post_integration",
      "provider": "module.network.provider[\"registry.terraform.io/hashicorp/aws\"]",
      "instances": [
        {
          "schema_version": 0,
          "attributes": {
            "cache_key_parameters": [],
            "cache_namespace": "twlo18",
            "connection_id": "",
            "connection_type": "INTERNET",
            "content_handling": "",
            "credentials": "",
            "http_method": "POST",
            "id": "agi-tuffc5cto8-twlo18-POST",
            "integration_http_method": "POST",
            "passthrough_behavior": "WHEN_NO_MATCH",
            "region": "us-east-2",
            "request_parameters": {},
            "request_templates": {},
            "resource_id": "twlo18",
            "rest_api_id": "tuffc5cto8",
            "timeout_milliseconds": 29000,
            "tls_config": [],
            "type": "AWS_PROXY",
            "uri": "arn:aws:apigateway:us-east-2:lambda:path/2015-03-31/functions/arn:aws:lambda:us-east-2:838284111015:function:goalsguild_user_service_dev/invocations"
          },
          "sensitive_attributes": [],
          "identity_schema_version": 0,
          "private": "bnVsbA==",
          "dependencies": [
            "module.lambda_user_service.aws_lambda_function.lambda_function",
            "module.lambda_user_service.data.aws_ecr_image.image",
            "module.network.aws_api_gateway_method.user_signup_post",
            "module.network.aws_api_gateway_resource.user_service_resource",
            "module.network.aws_api_gateway_resource.user_signup_resource",
            "module.network.aws_api_gateway_rest_api.rest_api",
            "module.network.aws_iam_role.lambda_exec_role",
            "module.user_service_image.aws_ecr_lifecycle_policy.keep_last_3",
            "module.user_service_image.aws_ecr_repository.repo",
            "module.user_service_image.data.aws_caller_identity.me",
            "module.user_service_image.data.aws_ecr_authorization_token.ecr",
            "module.user_service_image.data.aws_ecr_repository.repo",
            "module.user_service_image.docker_image.app",
            "module.user_service_image.docker_registry_image.app",
            "module.user_service_image.local_file.version_file",
            "module.user_service_image.null_resource.ecr_login"
          ],
          "create_before_destroy": true
        }
      ]
    },
    {
      "module": "module.network",
      "mode": "managed",
      "type": "aws_api_gateway_method",
      "name": "health_get",
      "provider": "module.network.provider[\"registry.terraform.io/hashicorp/aws\"]",
      "instances": [
        {
          "schema_version": 0,
          "attributes": {
            "api_key_required": false,
            "authorization": "NONE",
            "authorization_scopes": [],
            "authorizer_id": "",
            "http_method": "GET",
            "id": "agm-tuffc5cto8-vic8lk-GET",
            "operation_name": "",
            "region": "us-east-2",
            "request_models": {},
            "request_parameters": {},
            "request_validator_id": "",
            "resource_id": "vic8lk",
            "rest_api_id": "tuffc5cto8"
          },
          "sensitive_attributes": [],
          "identity_schema_version": 0,
          "private": "bnVsbA==",
          "dependencies": [
            "module.network.aws_api_gateway_resource.user_health_resource",
            "module.network.aws_api_gateway_rest_api.rest_api"
          ],
          "create_before_destroy": true
        }
      ]
    },
    {
      "module": "module.network",
      "mode": "managed",
      "type": "aws_api_gateway_method",
      "name": "quest_get",
      "provider": "module.network.provider[\"registry.terraform.io/hashicorp/aws\"]",
      "instances": [
        {
          "schema_version": 0,
          "attributes": {
            "api_key_required": false,
            "authorization": "CUSTOM",
            "authorization_scopes": [],
            "authorizer_id": "4pdi1f",
            "http_method": "GET",
            "id": "agm-tuffc5cto8-964usg-GET",
            "operation_name": "",
            "region": "us-east-2",
            "request_models": {},
            "request_parameters": {},
            "request_validator_id": "",
            "resource_id": "964usg",
            "rest_api_id": "tuffc5cto8"
          },
          "sensitive_attributes": [],
          "identity_schema_version": 0,
          "private": "bnVsbA==",
          "dependencies": [
            "module.iam.aws_iam_role.lambda_authorizer_role",
            "module.lambda_authorizer.aws_lambda_function.this",
            "module.lambda_authorizer.data.archive_file.lambda_zip",
            "module.lambda_authorizer.null_resource.build_bash",
            "module.lambda_authorizer.null_resource.build_ps",
            "module.network.aws_api_gateway_authorizer.lambda_authorizer",
            "module.network.aws_api_gateway_resource.quest_service_resource",
            "module.network.aws_api_gateway_rest_api.rest_api"
          ],
          "create_before_destroy": true
        }
      ]
    },
    {
      "module": "module.network",
      "mode": "managed",
      "type": "aws_api_gateway_method",
      "name": "quest_post",
      "provider": "module.network.provider[\"registry.terraform.io/hashicorp/aws\"]",
      "instances": [
        {
          "schema_version": 0,
          "attributes": {
            "api_key_required": false,
            "authorization": "CUSTOM",
            "authorization_scopes": [],
            "authorizer_id": "4pdi1f",
            "http_method": "POST",
            "id": "agm-tuffc5cto8-964usg-POST",
            "operation_name": "",
            "region": "us-east-2",
            "request_models": {},
            "request_parameters": {},
            "request_validator_id": "",
            "resource_id": "964usg",
            "rest_api_id": "tuffc5cto8"
          },
          "sensitive_attributes": [],
          "identity_schema_version": 0,
          "private": "bnVsbA==",
          "dependencies": [
            "module.iam.aws_iam_role.lambda_authorizer_role",
            "module.lambda_authorizer.aws_lambda_function.this",
            "module.lambda_authorizer.data.archive_file.lambda_zip",
            "module.lambda_authorizer.null_resource.build_bash",
            "module.lambda_authorizer.null_resource.build_ps",
            "module.network.aws_api_gateway_authorizer.lambda_authorizer",
            "module.network.aws_api_gateway_resource.quest_service_resource",
            "module.network.aws_api_gateway_rest_api.rest_api"
          ],
          "create_before_destroy": true
        }
      ]
    },
    {
      "module": "module.network",
      "mode": "managed",
      "type": "aws_api_gateway_method",
      "name": "user_login_google_post",
      "provider": "module.network.provider[\"registry.terraform.io/hashicorp/aws\"]",
      "instances": [
        {
          "schema_version": 0,
          "attributes": {
            "api_key_required": false,
            "authorization": "NONE",
            "authorization_scopes": [],
            "authorizer_id": "",
            "http_method": "POST",
            "id": "agm-tuffc5cto8-cohdvg-POST",
            "operation_name": "",
            "region": "us-east-2",
            "request_models": {},
            "request_parameters": {},
            "request_validator_id": "",
            "resource_id": "cohdvg",
            "rest_api_id": "tuffc5cto8"
          },
          "sensitive_attributes": [],
          "identity_schema_version": 0,
          "private": "bnVsbA==",
          "dependencies": [
            "module.network.aws_api_gateway_resource.user_login_google_resource",
            "module.network.aws_api_gateway_resource.user_login_resource",
            "module.network.aws_api_gateway_resource.user_service_resource",
            "module.network.aws_api_gateway_rest_api.rest_api"
          ],
          "create_before_destroy": true
        }
      ]
    },
    {
      "module": "module.network",
      "mode": "managed",
      "type": "aws_api_gateway_method",
      "name": "user_login_post",
      "provider": "module.network.provider[\"registry.terraform.io/hashicorp/aws\"]",
      "instances": [
        {
          "schema_version": 0,
          "attributes": {
            "api_key_required": false,
            "authorization": "NONE",
            "authorization_scopes": [],
            "authorizer_id": "",
            "http_method": "POST",
            "id": "agm-tuffc5cto8-pro461-POST",
            "operation_name": "",
            "region": "us-east-2",
            "request_models": {},
            "request_parameters": {},
            "request_validator_id": "",
            "resource_id": "pro461",
            "rest_api_id": "tuffc5cto8"
          },
          "sensitive_attributes": [],
          "identity_schema_version": 0,
          "private": "bnVsbA==",
          "dependencies": [
            "module.network.aws_api_gateway_resource.user_login_resource",
            "module.network.aws_api_gateway_resource.user_service_resource",
            "module.network.aws_api_gateway_rest_api.rest_api"
          ],
          "create_before_destroy": true
        }
      ]
    },
    {
      "module": "module.network",
      "mode": "managed",
      "type": "aws_api_gateway_method",
      "name": "user_logout_post",
      "provider": "module.network.provider[\"registry.terraform.io/hashicorp/aws\"]",
      "instances": [
        {
          "schema_version": 0,
          "attributes": {
            "api_key_required": false,
            "authorization": "CUSTOM",
            "authorization_scopes": [],
            "authorizer_id": "4pdi1f",
            "http_method": "POST",
            "id": "agm-tuffc5cto8-2v2rqb-POST",
            "operation_name": "",
            "region": "us-east-2",
            "request_models": {},
            "request_parameters": {},
            "request_validator_id": "",
            "resource_id": "2v2rqb",
            "rest_api_id": "tuffc5cto8"
          },
          "sensitive_attributes": [],
          "identity_schema_version": 0,
          "private": "eyJzY2hlbWFfdmVyc2lvbiI6IjAifQ==",
          "dependencies": [
            "module.iam.aws_iam_role.lambda_authorizer_role",
            "module.lambda_authorizer.aws_lambda_function.this",
            "module.lambda_authorizer.data.archive_file.lambda_zip",
            "module.lambda_authorizer.null_resource.build_bash",
            "module.lambda_authorizer.null_resource.build_ps",
            "module.network.aws_api_gateway_authorizer.lambda_authorizer",
            "module.network.aws_api_gateway_resource.user_logout_resource",
            "module.network.aws_api_gateway_resource.user_service_resource",
            "module.network.aws_api_gateway_rest_api.rest_api"
          ],
          "create_before_destroy": true
        }
      ]
    },
    {
      "module": "module.network",
      "mode": "managed",
      "type": "aws_api_gateway_method",
      "name": "user_signup_post",
      "provider": "module.network.provider[\"registry.terraform.io/hashicorp/aws\"]",
      "instances": [
        {
          "schema_version": 0,
          "attributes": {
            "api_key_required": false,
            "authorization": "NONE",
            "authorization_scopes": [],
            "authorizer_id": "",
            "http_method": "POST",
            "id": "agm-tuffc5cto8-twlo18-POST",
            "operation_name": "",
            "region": "us-east-2",
            "request_models": {},
            "request_parameters": {},
            "request_validator_id": "",
            "resource_id": "twlo18",
            "rest_api_id": "tuffc5cto8"
          },
          "sensitive_attributes": [],
          "identity_schema_version": 0,
          "private": "bnVsbA==",
          "dependencies": [
            "module.network.aws_api_gateway_resource.user_service_resource",
            "module.network.aws_api_gateway_resource.user_signup_resource",
            "module.network.aws_api_gateway_rest_api.rest_api"
          ],
          "create_before_destroy": true
        }
      ]
    },
    {
      "module": "module.network",
      "mode": "managed",
      "type": "aws_api_gateway_method_settings",
      "name": "all_methods",
      "provider": "module.network.provider[\"registry.terraform.io/hashicorp/aws\"]",
      "instances": [
        {
          "schema_version": 0,
          "attributes": {
            "id": "tuffc5cto8-v1-*/*",
            "method_path": "*/*",
            "region": "us-east-2",
            "rest_api_id": "tuffc5cto8",
            "settings": [
              {
                "cache_data_encrypted": false,
                "cache_ttl_in_seconds": 300,
                "caching_enabled": false,
                "data_trace_enabled": true,
                "logging_level": "INFO",
                "metrics_enabled": true,
                "require_authorization_for_cache_control": true,
                "throttling_burst_limit": -1,
                "throttling_rate_limit": -1,
                "unauthorized_cache_control_header_strategy": "SUCCEED_WITH_RESPONSE_HEADER"
              }
            ],
            "stage_name": "v1"
          },
          "sensitive_attributes": [],
          "identity_schema_version": 0,
          "private": "bnVsbA==",
          "dependencies": [
            "module.iam.aws_iam_role.lambda_authorizer_role",
            "module.lambda_authorizer.aws_lambda_function.this",
            "module.lambda_authorizer.data.archive_file.lambda_zip",
            "module.lambda_authorizer.null_resource.build_bash",
            "module.lambda_authorizer.null_resource.build_ps",
            "module.lambda_quest_service.aws_lambda_function.lambda_function",
            "module.lambda_quest_service.data.aws_ecr_image.image",
            "module.lambda_user_service.aws_lambda_function.lambda_function",
            "module.lambda_user_service.data.aws_ecr_image.image",
            "module.network.aws_api_gateway_account.account",
            "module.network.aws_api_gateway_authorizer.lambda_authorizer",
            "module.network.aws_api_gateway_deployment.rest_api_deployment",
            "module.network.aws_api_gateway_integration.health_get_integration",
            "module.network.aws_api_gateway_integration.quest_get_integration",
            "module.network.aws_api_gateway_integration.quest_post_integration",
            "module.network.aws_api_gateway_integration.user_login_google_post_integration",
            "module.network.aws_api_gateway_integration.user_login_post_integration",
            "module.network.aws_api_gateway_integration.user_logout_post_integration",
            "module.network.aws_api_gateway_integration.user_signup_post_integration",
            "module.network.aws_api_gateway_method.health_get",
            "module.network.aws_api_gateway_method.quest_get",
            "module.network.aws_api_gateway_method.quest_post",
            "module.network.aws_api_gateway_method.user_login_google_post",
            "module.network.aws_api_gateway_method.user_login_post",
            "module.network.aws_api_gateway_method.user_logout_post",
            "module.network.aws_api_gateway_method.user_signup_post",
            "module.network.aws_api_gateway_resource.quest_service_resource",
            "module.network.aws_api_gateway_resource.user_health_resource",
            "module.network.aws_api_gateway_resource.user_login_google_resource",
            "module.network.aws_api_gateway_resource.user_login_resource",
            "module.network.aws_api_gateway_resource.user_logout_resource",
            "module.network.aws_api_gateway_resource.user_service_resource",
            "module.network.aws_api_gateway_resource.user_signup_resource",
            "module.network.aws_api_gateway_rest_api.rest_api",
            "module.network.aws_api_gateway_stage.api_stage",
            "module.network.aws_cloudwatch_log_group.apigw_access_logs",
            "module.network.aws_iam_role.apigw_cloudwatch_role",
            "module.network.aws_iam_role.lambda_exec_role",
            "module.network.aws_iam_role_policy.apigw_cloudwatch_policy",
            "module.network.aws_iam_role_policy_attachment.apigw_push_to_cw",
            "module.quest_service_image.aws_ecr_lifecycle_policy.keep_last_3",
            "module.quest_service_image.aws_ecr_repository.repo",
            "module.quest_service_image.data.aws_caller_identity.me",
            "module.quest_service_image.data.aws_ecr_authorization_token.ecr",
            "module.quest_service_image.data.aws_ecr_repository.repo",
            "module.quest_service_image.docker_image.app",
            "module.quest_service_image.docker_registry_image.app",
            "module.quest_service_image.local_file.version_file",
            "module.quest_service_image.null_resource.ecr_login",
            "module.user_service_image.aws_ecr_lifecycle_policy.keep_last_3",
            "module.user_service_image.aws_ecr_repository.repo",
            "module.user_service_image.data.aws_caller_identity.me",
            "module.user_service_image.data.aws_ecr_authorization_token.ecr",
            "module.user_service_image.data.aws_ecr_repository.repo",
            "module.user_service_image.docker_image.app",
            "module.user_service_image.docker_registry_image.app",
            "module.user_service_image.local_file.version_file",
            "module.user_service_image.null_resource.ecr_login"
          ]
        }
      ]
    },
    {
      "module": "module.network",
      "mode": "managed",
      "type": "aws_api_gateway_resource",
      "name": "quest_service_resource",
      "provider": "module.network.provider[\"registry.terraform.io/hashicorp/aws\"]",
      "instances": [
        {
          "schema_version": 0,
          "attributes": {
            "id": "964usg",
            "parent_id": "a582iz9dve",
            "path": "/quests",
            "path_part": "quests",
            "region": "us-east-2",
            "rest_api_id": "tuffc5cto8"
          },
          "sensitive_attributes": [],
          "identity_schema_version": 0,
          "private": "bnVsbA==",
          "dependencies": [
            "module.network.aws_api_gateway_rest_api.rest_api"
          ],
          "create_before_destroy": true
        }
      ]
    },
    {
      "module": "module.network",
      "mode": "managed",
      "type": "aws_api_gateway_resource",
      "name": "user_health_resource",
      "provider": "module.network.provider[\"registry.terraform.io/hashicorp/aws\"]",
      "instances": [
        {
          "schema_version": 0,
          "attributes": {
            "id": "vic8lk",
            "parent_id": "a582iz9dve",
            "path": "/health",
            "path_part": "health",
            "region": "us-east-2",
            "rest_api_id": "tuffc5cto8"
          },
          "sensitive_attributes": [],
          "identity_schema_version": 0,
          "private": "bnVsbA==",
          "dependencies": [
            "module.network.aws_api_gateway_rest_api.rest_api"
          ],
          "create_before_destroy": true
        }
      ]
    },
    {
      "module": "module.network",
      "mode": "managed",
      "type": "aws_api_gateway_resource",
      "name": "user_login_google_resource",
      "provider": "module.network.provider[\"registry.terraform.io/hashicorp/aws\"]",
      "instances": [
        {
          "schema_version": 0,
          "attributes": {
            "id": "cohdvg",
            "parent_id": "pro461",
            "path": "/users/login/google",
            "path_part": "google",
            "region": "us-east-2",
            "rest_api_id": "tuffc5cto8"
          },
          "sensitive_attributes": [],
          "identity_schema_version": 0,
          "private": "bnVsbA==",
          "dependencies": [
            "module.network.aws_api_gateway_resource.user_login_resource",
            "module.network.aws_api_gateway_resource.user_service_resource",
            "module.network.aws_api_gateway_rest_api.rest_api"
          ],
          "create_before_destroy": true
        }
      ]
    },
    {
      "module": "module.network",
      "mode": "managed",
      "type": "aws_api_gateway_resource",
      "name": "user_login_resource",
      "provider": "module.network.provider[\"registry.terraform.io/hashicorp/aws\"]",
      "instances": [
        {
          "schema_version": 0,
          "attributes": {
            "id": "pro461",
            "parent_id": "1w7e6m",
            "path": "/users/login",
            "path_part": "login",
            "region": "us-east-2",
            "rest_api_id": "tuffc5cto8"
          },
          "sensitive_attributes": [],
          "identity_schema_version": 0,
          "private": "bnVsbA==",
          "dependencies": [
            "module.network.aws_api_gateway_resource.user_service_resource",
            "module.network.aws_api_gateway_rest_api.rest_api"
          ],
          "create_before_destroy": true
        }
      ]
    },
    {
      "module": "module.network",
      "mode": "managed",
      "type": "aws_api_gateway_resource",
      "name": "user_logout_resource",
      "provider": "module.network.provider[\"registry.terraform.io/hashicorp/aws\"]",
      "instances": [
        {
          "schema_version": 0,
          "attributes": {
            "id": "2v2rqb",
            "parent_id": "1w7e6m",
            "path": "/users/logout",
            "path_part": "logout",
            "region": "us-east-2",
            "rest_api_id": "tuffc5cto8"
          },
          "sensitive_attributes": [],
          "identity_schema_version": 0,
          "private": "bnVsbA==",
          "dependencies": [
            "module.network.aws_api_gateway_resource.user_service_resource",
            "module.network.aws_api_gateway_rest_api.rest_api"
          ],
          "create_before_destroy": true
        }
      ]
    },
    {
      "module": "module.network",
      "mode": "managed",
      "type": "aws_api_gateway_resource",
      "name": "user_service_resource",
      "provider": "module.network.provider[\"registry.terraform.io/hashicorp/aws\"]",
      "instances": [
        {
          "schema_version": 0,
          "attributes": {
            "id": "1w7e6m",
            "parent_id": "a582iz9dve",
            "path": "/users",
            "path_part": "users",
            "region": "us-east-2",
            "rest_api_id": "tuffc5cto8"
          },
          "sensitive_attributes": [],
          "identity_schema_version": 0,
          "private": "bnVsbA==",
          "dependencies": [
            "module.network.aws_api_gateway_rest_api.rest_api"
          ],
          "create_before_destroy": true
        }
      ]
    },
    {
      "module": "module.network",
      "mode": "managed",
      "type": "aws_api_gateway_resource",
      "name": "user_signup_resource",
      "provider": "module.network.provider[\"registry.terraform.io/hashicorp/aws\"]",
      "instances": [
        {
          "schema_version": 0,
          "attributes": {
            "id": "twlo18",
            "parent_id": "1w7e6m",
            "path": "/users/signup",
            "path_part": "signup",
            "region": "us-east-2",
            "rest_api_id": "tuffc5cto8"
          },
          "sensitive_attributes": [],
          "identity_schema_version": 0,
          "private": "bnVsbA==",
          "dependencies": [
            "module.network.aws_api_gateway_resource.user_service_resource",
            "module.network.aws_api_gateway_rest_api.rest_api"
          ],
          "create_before_destroy": true
        }
      ]
    },
    {
      "module": "module.network",
      "mode": "managed",
      "type": "aws_api_gateway_rest_api",
      "name": "rest_api",
      "provider": "module.network.provider[\"registry.terraform.io/hashicorp/aws\"]",
      "instances": [
        {
          "schema_version": 0,
          "attributes": {
            "api_key_source": "HEADER",
            "arn": "arn:aws:apigateway:us-east-2::/restapis/tuffc5cto8",
            "binary_media_types": [],
            "body": null,
            "created_date": "2025-08-30T21:59:15Z",
            "description": "API Gateway for GoalsGuild services",
            "disable_execute_api_endpoint": false,
            "endpoint_configuration": [
              {
                "ip_address_type": "ipv4",
                "types": [
                  "EDGE"
                ],
                "vpc_endpoint_ids": []
              }
            ],
            "execution_arn": "arn:aws:execute-api:us-east-2:838284111015:tuffc5cto8",
            "fail_on_warnings": null,
            "id": "tuffc5cto8",
            "minimum_compression_size": "",
            "name": "goalsguild_api_dev",
            "parameters": null,
            "policy": "",
            "put_rest_api_mode": null,
            "region": "us-east-2",
            "root_resource_id": "a582iz9dve",
            "tags": {
              "Component": "api-gateway",
              "Environment": "dev",
              "Service": "goalsguild"
            },
            "tags_all": {
              "Component": "api-gateway",
              "Environment": "dev",
              "Service": "goalsguild"
            }
          },
          "sensitive_attributes": [],
          "identity_schema_version": 0,
          "private": "bnVsbA==",
          "create_before_destroy": true
        }
      ]
    },
    {
      "module": "module.network",
      "mode": "managed",
      "type": "aws_api_gateway_stage",
      "name": "api_stage",
      "provider": "module.network.provider[\"registry.terraform.io/hashicorp/aws\"]",
      "instances": [
        {
          "schema_version": 0,
          "attributes": {
            "access_log_settings": [
              {
                "destination_arn": "arn:aws:logs:us-east-2:838284111015:log-group:/aws/apigateway/goalsguild_api_dev_access_logs",
                "format": "{\"caller\":\"$context.identity.caller\",\"httpMethod\":\"$context.httpMethod\",\"ip\":\"$context.identity.sourceIp\",\"protocol\":\"$context.protocol\",\"requestId\":\"$context.requestId\",\"requestTime\":\"$context.requestTime\",\"resourcePath\":\"$context.resourcePath\",\"responseLength\":\"$context.responseLength\",\"status\":\"$context.status\",\"user\":\"$context.identity.user\"}"
              }
            ],
            "arn": "arn:aws:apigateway:us-east-2::/restapis/tuffc5cto8/stages/v1",
            "cache_cluster_enabled": false,
            "cache_cluster_size": "",
            "canary_settings": [],
            "client_certificate_id": "",
            "deployment_id": "4yqtyv",
            "description": "",
            "documentation_version": "",
            "execution_arn": "arn:aws:execute-api:us-east-2:838284111015:tuffc5cto8/v1",
            "id": "ags-tuffc5cto8-v1",
            "invoke_url": "https://tuffc5cto8.execute-api.us-east-2.amazonaws.com/v1",
            "region": "us-east-2",
            "rest_api_id": "tuffc5cto8",
            "stage_name": "v1",
            "tags": {},
            "tags_all": {},
            "variables": {},
            "web_acl_arn": "",
            "xray_tracing_enabled": false
          },
          "sensitive_attributes": [],
          "identity_schema_version": 0,
          "private": "bnVsbA==",
          "dependencies": [
            "module.iam.aws_iam_role.lambda_authorizer_role",
            "module.lambda_authorizer.aws_lambda_function.this",
            "module.lambda_authorizer.data.archive_file.lambda_zip",
            "module.lambda_authorizer.null_resource.build_bash",
            "module.lambda_authorizer.null_resource.build_ps",
            "module.lambda_quest_service.aws_lambda_function.lambda_function",
            "module.lambda_quest_service.data.aws_ecr_image.image",
            "module.lambda_user_service.aws_lambda_function.lambda_function",
            "module.lambda_user_service.data.aws_ecr_image.image",
            "module.network.aws_api_gateway_account.account",
            "module.network.aws_api_gateway_authorizer.lambda_authorizer",
            "module.network.aws_api_gateway_deployment.rest_api_deployment",
            "module.network.aws_api_gateway_integration.health_get_integration",
            "module.network.aws_api_gateway_integration.quest_get_integration",
            "module.network.aws_api_gateway_integration.quest_post_integration",
            "module.network.aws_api_gateway_integration.user_login_google_post_integration",
            "module.network.aws_api_gateway_integration.user_login_post_integration",
            "module.network.aws_api_gateway_integration.user_logout_post_integration",
            "module.network.aws_api_gateway_integration.user_signup_post_integration",
            "module.network.aws_api_gateway_method.health_get",
            "module.network.aws_api_gateway_method.quest_get",
            "module.network.aws_api_gateway_method.quest_post",
            "module.network.aws_api_gateway_method.user_login_google_post",
            "module.network.aws_api_gateway_method.user_login_post",
            "module.network.aws_api_gateway_method.user_logout_post",
            "module.network.aws_api_gateway_method.user_signup_post",
            "module.network.aws_api_gateway_resource.quest_service_resource",
            "module.network.aws_api_gateway_resource.user_health_resource",
            "module.network.aws_api_gateway_resource.user_login_google_resource",
            "module.network.aws_api_gateway_resource.user_login_resource",
            "module.network.aws_api_gateway_resource.user_logout_resource",
            "module.network.aws_api_gateway_resource.user_service_resource",
            "module.network.aws_api_gateway_resource.user_signup_resource",
            "module.network.aws_api_gateway_rest_api.rest_api",
            "module.network.aws_cloudwatch_log_group.apigw_access_logs",
            "module.network.aws_iam_role.apigw_cloudwatch_role",
            "module.network.aws_iam_role.lambda_exec_role",
            "module.network.aws_iam_role_policy.apigw_cloudwatch_policy",
            "module.network.aws_iam_role_policy_attachment.apigw_push_to_cw",
            "module.quest_service_image.aws_ecr_lifecycle_policy.keep_last_3",
            "module.quest_service_image.aws_ecr_repository.repo",
            "module.quest_service_image.data.aws_caller_identity.me",
            "module.quest_service_image.data.aws_ecr_authorization_token.ecr",
            "module.quest_service_image.data.aws_ecr_repository.repo",
            "module.quest_service_image.docker_image.app",
            "module.quest_service_image.docker_registry_image.app",
            "module.quest_service_image.local_file.version_file",
            "module.quest_service_image.null_resource.ecr_login",
            "module.user_service_image.aws_ecr_lifecycle_policy.keep_last_3",
            "module.user_service_image.aws_ecr_repository.repo",
            "module.user_service_image.data.aws_caller_identity.me",
            "module.user_service_image.data.aws_ecr_authorization_token.ecr",
            "module.user_service_image.data.aws_ecr_repository.repo",
            "module.user_service_image.docker_image.app",
            "module.user_service_image.docker_registry_image.app",
            "module.user_service_image.local_file.version_file",
            "module.user_service_image.null_resource.ecr_login"
          ]
        }
      ]
    },
    {
      "module": "module.network",
      "mode": "managed",
      "type": "aws_cloudwatch_log_group",
      "name": "apigw_access_logs",
      "provider": "module.network.provider[\"registry.terraform.io/hashicorp/aws\"]",
      "instances": [
        {
          "schema_version": 0,
          "attributes": {
            "arn": "arn:aws:logs:us-east-2:838284111015:log-group:/aws/apigateway/goalsguild_api_dev_access_logs",
            "id": "/aws/apigateway/goalsguild_api_dev_access_logs",
            "kms_key_id": "",
            "log_group_class": "STANDARD",
            "name": "/aws/apigateway/goalsguild_api_dev_access_logs",
            "name_prefix": "",
            "region": "us-east-2",
            "retention_in_days": 1,
            "skip_destroy": false,
            "tags": {
              "Component": "apigateway",
              "Environment": "dev",
              "Service": "goalsguild"
            },
            "tags_all": {
              "Component": "apigateway",
              "Environment": "dev",
              "Service": "goalsguild"
            }
          },
          "sensitive_attributes": [],
          "identity_schema_version": 0,
          "identity": {
            "account_id": "838284111015",
            "name": "/aws/apigateway/goalsguild_api_dev_access_logs",
            "region": "us-east-2"
          },
          "private": "bnVsbA=="
        }
      ]
    },
    {
      "module": "module.network",
      "mode": "managed",
      "type": "aws_cognito_user_pool",
      "name": "user_pool",
      "provider": "module.network.provider[\"registry.terraform.io/hashicorp/aws\"]",
      "instances": [
        {
          "schema_version": 0,
          "attributes": {
            "account_recovery_setting": [
              {
                "recovery_mechanism": [
                  {
                    "name": "verified_email",
                    "priority": 1
                  },
                  {
                    "name": "verified_phone_number",
                    "priority": 2
                  }
                ]
              }
            ],
            "admin_create_user_config": [
              {
                "allow_admin_create_user_only": false,
                "invite_message_template": []
              }
            ],
            "alias_attributes": null,
            "arn": "arn:aws:cognito-idp:us-east-2:838284111015:userpool/us-east-2_8lNy9Nnx1",
            "auto_verified_attributes": [
              "email"
            ],
            "creation_date": "2025-09-01T15:31:34Z",
            "custom_domain": "",
            "deletion_protection": "INACTIVE",
            "device_configuration": [],
            "domain": "",
            "email_configuration": [
              {
                "configuration_set": "",
                "email_sending_account": "COGNITO_DEFAULT",
                "from_email_address": "",
                "reply_to_email_address": "",
                "source_arn": ""
              }
            ],
            "email_mfa_configuration": [],
            "email_verification_message": "",
            "email_verification_subject": "",
            "endpoint": "cognito-idp.us-east-2.amazonaws.com/us-east-2_8lNy9Nnx1",
            "estimated_number_of_users": 0,
            "id": "us-east-2_8lNy9Nnx1",
            "lambda_config": [],
            "last_modified_date": "2025-09-01T15:31:34Z",
            "mfa_configuration": "OFF",
            "name": "goalsguild_user_pool_dev",
            "password_policy": [
              {
                "minimum_length": 8,
                "password_history_size": 0,
                "require_lowercase": true,
                "require_numbers": true,
                "require_symbols": false,
                "require_uppercase": true,
                "temporary_password_validity_days": 7
              }
            ],
            "region": "us-east-2",
            "schema": [],
            "sign_in_policy": [
              {
                "allowed_first_auth_factors": [
                  "PASSWORD"
                ]
              }
            ],
            "sms_authentication_message": "",
            "sms_configuration": [],
            "sms_verification_message": "",
            "software_token_mfa_configuration": [],
            "tags": {
              "Component": "cognito",
              "Environment": "dev",
              "Service": "goalsguild"
            },
            "tags_all": {
              "Component": "cognito",
              "Environment": "dev",
              "Service": "goalsguild"
            },
            "user_attribute_update_settings": [],
            "user_pool_add_ons": [],
            "user_pool_tier": "ESSENTIALS",
            "username_attributes": [],
            "username_configuration": [],
            "verification_message_template": [
              {
                "default_email_option": "CONFIRM_WITH_CODE",
                "email_message": "",
                "email_message_by_link": "",
                "email_subject": "",
                "email_subject_by_link": "",
                "sms_message": ""
              }
            ],
            "web_authn_configuration": []
          },
          "sensitive_attributes": [],
          "identity_schema_version": 0,
          "private": "bnVsbA=="
        }
      ]
    },
    {
      "module": "module.network",
      "mode": "managed",
      "type": "aws_cognito_user_pool_client",
      "name": "user_pool_client",
      "provider": "module.network.provider[\"registry.terraform.io/hashicorp/aws\"]",
      "instances": [
        {
          "schema_version": 0,
          "attributes": {
            "access_token_validity": 0,
            "allowed_oauth_flows": [],
            "allowed_oauth_flows_user_pool_client": false,
            "allowed_oauth_scopes": [],
            "analytics_configuration": [],
            "auth_session_validity": 3,
            "callback_urls": [],
            "client_secret": "q9hkrvnpg3pe4r1ec0dr8ifepq0rfaql0tq6h07g378tvujp7nf",
            "default_redirect_uri": "",
            "enable_propagate_additional_user_context_data": false,
            "enable_token_revocation": true,
            "explicit_auth_flows": [
              "ALLOW_REFRESH_TOKEN_AUTH",
              "ALLOW_USER_PASSWORD_AUTH",
              "ALLOW_USER_SRP_AUTH"
            ],
            "generate_secret": true,
            "id": "2c1e2odalemtnmat8d3ch9l39r",
            "id_token_validity": 0,
            "logout_urls": [],
            "name": "goalsguild_user_pool_client_dev",
            "prevent_user_existence_errors": "ENABLED",
            "read_attributes": [],
            "refresh_token_rotation": [],
            "refresh_token_validity": 30,
            "region": "us-east-2",
            "supported_identity_providers": [],
            "token_validity_units": [],
            "user_pool_id": "us-east-2_8lNy9Nnx1",
            "write_attributes": []
          },
          "sensitive_attributes": [
            [
              {
                "type": "get_attr",
                "value": "client_secret"
              }
            ]
          ],
          "identity_schema_version": 0,
          "dependencies": [
            "module.network.aws_cognito_user_pool.user_pool"
          ]
        }
      ]
    },
    {
      "module": "module.network",
      "mode": "managed",
      "type": "aws_iam_role",
      "name": "apigw_cloudwatch_role",
      "provider": "module.network.provider[\"registry.terraform.io/hashicorp/aws\"]",
      "instances": [
        {
          "schema_version": 0,
          "attributes": {
            "arn": "arn:aws:iam::838284111015:role/goalsguild_apigw_cloudwatch_role_dev",
            "assume_role_policy": "{\"Statement\":[{\"Action\":\"sts:AssumeRole\",\"Effect\":\"Allow\",\"Principal\":{\"Service\":\"apigateway.amazonaws.com\"}}],\"Version\":\"2012-10-17\"}",
            "create_date": "2025-08-31T21:46:36Z",
            "description": "",
            "force_detach_policies": false,
            "id": "goalsguild_apigw_cloudwatch_role_dev",
            "inline_policy": [
              {
                "name": "goalsguild_apigw_cloudwatch_policy_dev",
                "policy": "{\"Version\":\"2012-10-17\",\"Statement\":[{\"Action\":[\"logs:CreateLogGroup\",\"logs:CreateLogStream\",\"logs:PutLogEvents\",\"logs:DescribeLogGroups\",\"logs:DescribeLogStreams\"],\"Effect\":\"Allow\",\"Resource\":\"*\"}]}"
              }
            ],
            "managed_policy_arns": [
              "arn:aws:iam::aws:policy/service-role/AmazonAPIGatewayPushToCloudWatchLogs"
            ],
            "max_session_duration": 3600,
            "name": "goalsguild_apigw_cloudwatch_role_dev",
            "name_prefix": "",
            "path": "/",
            "permissions_boundary": "",
            "tags": {},
            "tags_all": {},
            "unique_id": "AROA4GLNANST3E2RYIBUK"
          },
          "sensitive_attributes": [],
          "identity_schema_version": 0,
          "identity": {
            "account_id": "838284111015",
            "name": "goalsguild_apigw_cloudwatch_role_dev"
          },
          "private": "bnVsbA=="
        }
      ]
    },
    {
      "module": "module.network",
      "mode": "managed",
      "type": "aws_iam_role",
      "name": "lambda_exec_role",
      "provider": "module.network.provider[\"registry.terraform.io/hashicorp/aws\"]",
      "instances": [
        {
          "schema_version": 0,
          "attributes": {
            "arn": "arn:aws:iam::838284111015:role/goalsguild_lambda_exec_role_dev",
            "assume_role_policy": "{\"Statement\":[{\"Action\":\"sts:AssumeRole\",\"Effect\":\"Allow\",\"Principal\":{\"Service\":\"lambda.amazonaws.com\"}}],\"Version\":\"2012-10-17\"}",
            "create_date": "2025-08-30T21:59:15Z",
            "description": "",
            "force_detach_policies": false,
            "id": "goalsguild_lambda_exec_role_dev",
            "inline_policy": [
              {
                "name": "goalsguild_lambda_ssm_read_policy_dev",
                "policy": "{\"Version\":\"2012-10-17\",\"Statement\":[{\"Action\":[\"ssm:GetParameter\",\"ssm:GetParameters\",\"ssm:GetParametersByPath\"],\"Effect\":\"Allow\",\"Resource\":[\"arn:aws:ssm:us-east-2:838284111015:parameter/goalsguild/dev/cognito/client_secret\",\"arn:aws:ssm:us-east-2:838284111015:parameter/goalsguild/dev/cognito/client_id\",\"arn:aws:ssm:us-east-2:838284111015:parameter/goalsguild/dev/cognito/user_pool_id\",\"arn:aws:ssm:us-east-2:838284111015:parameter/goalsguild/dev/user-service/env_vars\"]}]}"
              },
              {
                "name": "goalsguild_lambda_ssm_read_user_service_env_dev",
                "policy": "{\"Version\":\"2012-10-17\",\"Statement\":[{\"Action\":[\"ssm:GetParameter\"],\"Effect\":\"Allow\",\"Resource\":[\"arn:aws:ssm:us-east-2:838284111015:parameter/goalsguild/dev/user-service/env_vars\"]}]}"
              }
            ],
            "managed_policy_arns": [
              "arn:aws:iam::aws:policy/service-role/AWSLambdaBasicExecutionRole"
            ],
            "max_session_duration": 3600,
            "name": "goalsguild_lambda_exec_role_dev",
            "name_prefix": "",
            "path": "/",
            "permissions_boundary": "",
            "tags": {
              "Component": "lambda",
              "Environment": "dev",
              "Service": "goalsguild"
            },
            "tags_all": {
              "Component": "lambda",
              "Environment": "dev",
              "Service": "goalsguild"
            },
            "unique_id": "AROA4GLNANSTTJ3ZERRNN"
          },
          "sensitive_attributes": [],
          "identity_schema_version": 0,
          "identity": {
            "account_id": "838284111015",
            "name": "goalsguild_lambda_exec_role_dev"
          },
          "private": "bnVsbA==",
          "create_before_destroy": true
        }
      ]
    },
    {
      "module": "module.network",
      "mode": "managed",
      "type": "aws_iam_role_policy",
      "name": "apigw_cloudwatch_policy",
      "provider": "module.network.provider[\"registry.terraform.io/hashicorp/aws\"]",
      "instances": [
        {
          "schema_version": 0,
          "attributes": {
            "id": "goalsguild_apigw_cloudwatch_role_dev:goalsguild_apigw_cloudwatch_policy_dev",
            "name": "goalsguild_apigw_cloudwatch_policy_dev",
            "name_prefix": "",
            "policy": "{\"Version\":\"2012-10-17\",\"Statement\":[{\"Action\":[\"logs:CreateLogGroup\",\"logs:CreateLogStream\",\"logs:PutLogEvents\",\"logs:DescribeLogGroups\",\"logs:DescribeLogStreams\"],\"Effect\":\"Allow\",\"Resource\":\"*\"}]}",
            "role": "goalsguild_apigw_cloudwatch_role_dev"
          },
          "sensitive_attributes": [],
          "identity_schema_version": 0,
          "identity": {
            "account_id": "838284111015",
            "name": "goalsguild_apigw_cloudwatch_policy_dev",
            "role": "goalsguild_apigw_cloudwatch_role_dev"
          },
          "private": "bnVsbA==",
          "dependencies": [
            "module.network.aws_iam_role.apigw_cloudwatch_role"
          ]
        }
      ]
    },
    {
      "module": "module.network",
      "mode": "managed",
      "type": "aws_iam_role_policy",
      "name": "lambda_ssm_read_policy",
      "provider": "module.network.provider[\"registry.terraform.io/hashicorp/aws\"]",
      "instances": [
        {
          "schema_version": 0,
          "attributes": {
            "id": "goalsguild_lambda_exec_role_dev:goalsguild_lambda_ssm_read_policy_dev",
            "name": "goalsguild_lambda_ssm_read_policy_dev",
            "name_prefix": "",
            "policy": "{\"Version\":\"2012-10-17\",\"Statement\":[{\"Action\":[\"ssm:GetParameter\",\"ssm:GetParameters\",\"ssm:GetParametersByPath\"],\"Effect\":\"Allow\",\"Resource\":[\"arn:aws:ssm:us-east-2:838284111015:parameter/goalsguild/dev/cognito/client_secret\",\"arn:aws:ssm:us-east-2:838284111015:parameter/goalsguild/dev/cognito/client_id\",\"arn:aws:ssm:us-east-2:838284111015:parameter/goalsguild/dev/cognito/user_pool_id\",\"arn:aws:ssm:us-east-2:838284111015:parameter/goalsguild/dev/user-service/env_vars\"]}]}",
            "role": "goalsguild_lambda_exec_role_dev"
          },
          "sensitive_attributes": [],
          "identity_schema_version": 0,
          "identity": {
            "account_id": "838284111015",
            "name": "goalsguild_lambda_ssm_read_policy_dev",
            "role": "goalsguild_lambda_exec_role_dev"
          },
          "private": "bnVsbA==",
          "dependencies": [
            "module.network.aws_cognito_user_pool.user_pool",
            "module.network.aws_cognito_user_pool_client.user_pool_client",
            "module.network.aws_iam_role.lambda_exec_role",
            "module.network.aws_ssm_parameter.cognito_client_id",
            "module.network.aws_ssm_parameter.cognito_client_secret",
            "module.network.aws_ssm_parameter.cognito_user_pool_id",
            "module.network.aws_ssm_parameter.user_service_env_vars"
          ]
        }
      ]
    },
    {
      "module": "module.network",
      "mode": "managed",
      "type": "aws_iam_role_policy",
      "name": "lambda_ssm_read_user_service_env",
      "provider": "module.network.provider[\"registry.terraform.io/hashicorp/aws\"]",
      "instances": [
        {
          "schema_version": 0,
          "attributes": {
            "id": "goalsguild_lambda_exec_role_dev:goalsguild_lambda_ssm_read_user_service_env_dev",
            "name": "goalsguild_lambda_ssm_read_user_service_env_dev",
            "name_prefix": "",
            "policy": "{\"Version\":\"2012-10-17\",\"Statement\":[{\"Action\":[\"ssm:GetParameter\"],\"Effect\":\"Allow\",\"Resource\":[\"arn:aws:ssm:us-east-2:838284111015:parameter/goalsguild/dev/user-service/env_vars\"]}]}",
            "role": "goalsguild_lambda_exec_role_dev"
          },
          "sensitive_attributes": [],
          "identity_schema_version": 0,
          "identity": {
            "account_id": "838284111015",
            "name": "goalsguild_lambda_ssm_read_user_service_env_dev",
            "role": "goalsguild_lambda_exec_role_dev"
          },
          "private": "bnVsbA==",
          "dependencies": [
            "module.network.aws_cognito_user_pool.user_pool",
            "module.network.aws_cognito_user_pool_client.user_pool_client",
            "module.network.aws_iam_role.lambda_exec_role",
            "module.network.aws_ssm_parameter.user_service_env_vars"
          ]
        }
      ]
    },
    {
      "module": "module.network",
      "mode": "managed",
      "type": "aws_iam_role_policy_attachment",
      "name": "apigw_push_to_cw",
      "provider": "module.network.provider[\"registry.terraform.io/hashicorp/aws\"]",
      "instances": [
        {
          "schema_version": 0,
          "attributes": {
            "id": "goalsguild_apigw_cloudwatch_role_dev/arn:aws:iam::aws:policy/service-role/AmazonAPIGatewayPushToCloudWatchLogs",
            "policy_arn": "arn:aws:iam::aws:policy/service-role/AmazonAPIGatewayPushToCloudWatchLogs",
            "role": "goalsguild_apigw_cloudwatch_role_dev"
          },
          "sensitive_attributes": [],
          "identity_schema_version": 0,
          "identity": {
            "account_id": "838284111015",
            "policy_arn": "arn:aws:iam::aws:policy/service-role/AmazonAPIGatewayPushToCloudWatchLogs",
            "role": "goalsguild_apigw_cloudwatch_role_dev"
          },
          "private": "bnVsbA==",
          "dependencies": [
            "module.network.aws_iam_role.apigw_cloudwatch_role"
          ]
        }
      ]
    },
    {
      "module": "module.network",
      "mode": "managed",
      "type": "aws_iam_role_policy_attachment",
      "name": "lambda_basic_execution",
      "provider": "module.network.provider[\"registry.terraform.io/hashicorp/aws\"]",
      "instances": [
        {
          "schema_version": 0,
          "attributes": {
            "id": "goalsguild_lambda_exec_role_dev-20250830215911758300000001",
            "policy_arn": "arn:aws:iam::aws:policy/service-role/AWSLambdaBasicExecutionRole",
            "role": "goalsguild_lambda_exec_role_dev"
          },
          "sensitive_attributes": [],
          "identity_schema_version": 0,
          "identity": {
            "account_id": "838284111015",
            "policy_arn": "arn:aws:iam::aws:policy/service-role/AWSLambdaBasicExecutionRole",
            "role": "goalsguild_lambda_exec_role_dev"
          },
          "private": "bnVsbA==",
          "dependencies": [
            "module.network.aws_iam_role.lambda_exec_role"
          ]
        }
      ]
    },
    {
      "module": "module.network",
      "mode": "managed",
      "type": "aws_lambda_permission",
      "name": "allow_api_gateway_lambda_authorizer",
      "provider": "module.network.provider[\"registry.terraform.io/hashicorp/aws\"]",
      "instances": [
        {
          "schema_version": 0,
          "attributes": {
            "action": "lambda:InvokeFunction",
            "event_source_token": null,
            "function_name": "arn:aws:lambda:us-east-2:838284111015:function:goalsguild_authorizer_dev",
            "function_url_auth_type": null,
            "id": "AllowAPIGatewayInvokeLambdaAuthorizer",
            "principal": "apigateway.amazonaws.com",
            "principal_org_id": null,
            "qualifier": "",
            "region": "us-east-2",
            "source_account": null,
            "source_arn": "arn:aws:execute-api:us-east-2:838284111015:tuffc5cto8/authorizers/4pdi1f",
            "statement_id": "AllowAPIGatewayInvokeLambdaAuthorizer",
            "statement_id_prefix": ""
          },
          "sensitive_attributes": [],
          "identity_schema_version": 0,
          "identity": {
            "account_id": "838284111015",
            "function_name": "arn:aws:lambda:us-east-2:838284111015:function:goalsguild_authorizer_dev",
            "qualifier": null,
            "region": "us-east-2",
            "statement_id": "AllowAPIGatewayInvokeLambdaAuthorizer"
          },
          "private": "bnVsbA==",
          "dependencies": [
            "module.iam.aws_iam_role.lambda_authorizer_role",
            "module.lambda_authorizer.aws_lambda_function.this",
            "module.lambda_authorizer.data.archive_file.lambda_zip",
            "module.lambda_authorizer.null_resource.build_bash",
            "module.lambda_authorizer.null_resource.build_ps",
            "module.network.aws_api_gateway_authorizer.lambda_authorizer",
            "module.network.aws_api_gateway_rest_api.rest_api"
          ]
        }
      ]
    },
    {
      "module": "module.network",
      "mode": "managed",
      "type": "aws_lambda_permission",
      "name": "allow_api_gateway_quest",
      "provider": "module.network.provider[\"registry.terraform.io/hashicorp/aws\"]",
      "instances": [
        {
          "schema_version": 0,
          "attributes": {
            "action": "lambda:InvokeFunction",
            "event_source_token": null,
            "function_name": "arn:aws:lambda:us-east-2:838284111015:function:goalsguild_quest_service_dev",
            "function_url_auth_type": null,
            "id": "AllowAPIGatewayInvokeQuest",
            "principal": "apigateway.amazonaws.com",
            "principal_org_id": null,
            "qualifier": "",
            "region": "us-east-2",
            "source_account": null,
            "source_arn": "arn:aws:execute-api:us-east-2:838284111015:tuffc5cto8/*/*",
            "statement_id": "AllowAPIGatewayInvokeQuest",
            "statement_id_prefix": ""
          },
          "sensitive_attributes": [],
          "identity_schema_version": 0,
          "identity": {
            "account_id": "838284111015",
            "function_name": "arn:aws:lambda:us-east-2:838284111015:function:goalsguild_quest_service_dev",
            "qualifier": null,
            "region": "us-east-2",
            "statement_id": "AllowAPIGatewayInvokeQuest"
          },
          "private": "bnVsbA==",
          "dependencies": [
            "module.lambda_quest_service.aws_lambda_function.lambda_function",
            "module.lambda_quest_service.data.aws_ecr_image.image",
            "module.network.aws_api_gateway_rest_api.rest_api",
            "module.network.aws_iam_role.lambda_exec_role",
            "module.quest_service_image.aws_ecr_lifecycle_policy.keep_last_3",
            "module.quest_service_image.aws_ecr_repository.repo",
            "module.quest_service_image.data.aws_caller_identity.me",
            "module.quest_service_image.data.aws_ecr_authorization_token.ecr",
            "module.quest_service_image.data.aws_ecr_repository.repo",
            "module.quest_service_image.docker_image.app",
            "module.quest_service_image.docker_registry_image.app",
            "module.quest_service_image.local_file.version_file",
            "module.quest_service_image.null_resource.ecr_login"
          ]
        }
      ]
    },
    {
      "module": "module.network",
      "mode": "managed",
      "type": "aws_lambda_permission",
      "name": "allow_api_gateway_user",
      "provider": "module.network.provider[\"registry.terraform.io/hashicorp/aws\"]",
      "instances": [
        {
          "schema_version": 0,
          "attributes": {
            "action": "lambda:InvokeFunction",
            "event_source_token": null,
            "function_name": "arn:aws:lambda:us-east-2:838284111015:function:goalsguild_user_service_dev",
            "function_url_auth_type": null,
            "id": "AllowAPIGatewayInvokeUser",
            "principal": "apigateway.amazonaws.com",
            "principal_org_id": null,
            "qualifier": "",
            "region": "us-east-2",
            "source_account": null,
            "source_arn": "arn:aws:execute-api:us-east-2:838284111015:tuffc5cto8/*/*",
            "statement_id": "AllowAPIGatewayInvokeUser",
            "statement_id_prefix": ""
          },
          "sensitive_attributes": [],
          "identity_schema_version": 0,
          "identity": {
            "account_id": "838284111015",
            "function_name": "arn:aws:lambda:us-east-2:838284111015:function:goalsguild_user_service_dev",
            "qualifier": null,
            "region": "us-east-2",
            "statement_id": "AllowAPIGatewayInvokeUser"
          },
          "private": "bnVsbA==",
          "dependencies": [
            "module.lambda_user_service.aws_lambda_function.lambda_function",
            "module.lambda_user_service.data.aws_ecr_image.image",
            "module.network.aws_api_gateway_rest_api.rest_api",
            "module.network.aws_iam_role.lambda_exec_role",
            "module.user_service_image.aws_ecr_lifecycle_policy.keep_last_3",
            "module.user_service_image.aws_ecr_repository.repo",
            "module.user_service_image.data.aws_caller_identity.me",
            "module.user_service_image.data.aws_ecr_authorization_token.ecr",
            "module.user_service_image.data.aws_ecr_repository.repo",
            "module.user_service_image.docker_image.app",
            "module.user_service_image.docker_registry_image.app",
            "module.user_service_image.local_file.version_file",
            "module.user_service_image.null_resource.ecr_login"
          ]
        }
      ]
    },
    {
      "module": "module.network",
      "mode": "managed",
      "type": "aws_ssm_parameter",
      "name": "cognito_client_id",
      "provider": "module.network.provider[\"registry.terraform.io/hashicorp/aws\"]",
      "instances": [
        {
          "schema_version": 0,
          "attributes": {
            "allowed_pattern": "",
            "arn": "arn:aws:ssm:us-east-2:838284111015:parameter/goalsguild/dev/cognito/client_id",
            "data_type": "text",
            "description": "Cognito User Pool Client ID for GoalsGuild dev environment",
            "has_value_wo": false,
            "id": "/goalsguild/dev/cognito/client_id",
            "insecure_value": null,
            "key_id": "",
            "name": "/goalsguild/dev/cognito/client_id",
            "overwrite": null,
            "region": "us-east-2",
            "tags": {
              "Component": "cognito",
              "Environment": "dev",
              "Service": "goalsguild"
            },
            "tags_all": {
              "Component": "cognito",
              "Environment": "dev",
              "Service": "goalsguild"
            },
            "tier": "Standard",
            "type": "String",
            "value": "2c1e2odalemtnmat8d3ch9l39r",
            "value_wo": null,
            "value_wo_version": null,
            "version": 2
          },
          "sensitive_attributes": [
            [
              {
                "type": "get_attr",
                "value": "value"
              }
            ],
            [
              {
                "type": "get_attr",
                "value": "value_wo"
              }
            ]
          ],
          "identity_schema_version": 0,
          "identity": {
            "account_id": "838284111015",
            "name": "/goalsguild/dev/cognito/client_id",
            "region": "us-east-2"
          },
          "private": "bnVsbA==",
          "dependencies": [
            "module.network.aws_cognito_user_pool.user_pool",
            "module.network.aws_cognito_user_pool_client.user_pool_client"
          ]
        }
      ]
    },
    {
      "module": "module.network",
      "mode": "managed",
      "type": "aws_ssm_parameter",
      "name": "cognito_client_secret",
      "provider": "module.network.provider[\"registry.terraform.io/hashicorp/aws\"]",
      "instances": [
        {
          "schema_version": 0,
          "attributes": {
            "allowed_pattern": "",
            "arn": "arn:aws:ssm:us-east-2:838284111015:parameter/goalsguild/dev/cognito/client_secret",
            "data_type": "text",
            "description": "Cognito User Pool Client Secret for GoalsGuild dev environment",
            "has_value_wo": false,
            "id": "/goalsguild/dev/cognito/client_secret",
            "insecure_value": null,
            "key_id": "alias/aws/ssm",
            "name": "/goalsguild/dev/cognito/client_secret",
            "overwrite": null,
            "region": "us-east-2",
            "tags": {
              "Component": "cognito",
              "Environment": "dev",
              "Service": "goalsguild"
            },
            "tags_all": {
              "Component": "cognito",
              "Environment": "dev",
              "Service": "goalsguild"
            },
            "tier": "Standard",
            "type": "SecureString",
            "value": "1",
            "value_wo": null,
            "value_wo_version": null,
            "version": 1
          },
          "sensitive_attributes": [
            [
              {
                "type": "get_attr",
                "value": "value"
              }
            ],
            [
              {
                "type": "get_attr",
                "value": "value_wo"
              }
            ]
          ],
          "identity_schema_version": 0,
          "identity": {
            "account_id": "838284111015",
            "name": "/goalsguild/dev/cognito/client_secret",
            "region": "us-east-2"
          },
          "private": "bnVsbA==",
          "dependencies": [
            "module.network.aws_cognito_user_pool.user_pool",
            "module.network.aws_cognito_user_pool_client.user_pool_client"
          ]
        }
      ]
    },
    {
      "module": "module.network",
      "mode": "managed",
      "type": "aws_ssm_parameter",
      "name": "cognito_user_pool_id",
      "provider": "module.network.provider[\"registry.terraform.io/hashicorp/aws\"]",
      "instances": [
        {
          "schema_version": 0,
          "attributes": {
            "allowed_pattern": "",
            "arn": "arn:aws:ssm:us-east-2:838284111015:parameter/goalsguild/dev/cognito/user_pool_id",
            "data_type": "text",
            "description": "Cognito User Pool ID for GoalsGuild dev environment",
            "has_value_wo": false,
            "id": "/goalsguild/dev/cognito/user_pool_id",
            "insecure_value": null,
            "key_id": "",
            "name": "/goalsguild/dev/cognito/user_pool_id",
            "overwrite": null,
            "region": "us-east-2",
            "tags": {
              "Component": "cognito",
              "Environment": "dev",
              "Service": "goalsguild"
            },
            "tags_all": {
              "Component": "cognito",
              "Environment": "dev",
              "Service": "goalsguild"
            },
            "tier": "Standard",
            "type": "String",
            "value": "us-east-2_8lNy9Nnx1",
            "value_wo": null,
            "value_wo_version": null,
            "version": 2
          },
          "sensitive_attributes": [
            [
              {
                "type": "get_attr",
                "value": "value"
              }
            ],
            [
              {
                "type": "get_attr",
                "value": "value_wo"
              }
            ]
          ],
          "identity_schema_version": 0,
          "identity": {
            "account_id": "838284111015",
            "name": "/goalsguild/dev/cognito/user_pool_id",
            "region": "us-east-2"
          },
          "private": "bnVsbA==",
          "dependencies": [
            "module.network.aws_cognito_user_pool.user_pool"
          ]
        }
      ]
    },
    {
      "module": "module.network",
      "mode": "managed",
      "type": "aws_ssm_parameter",
      "name": "user_service_env_vars",
      "provider": "module.network.provider[\"registry.terraform.io/hashicorp/aws\"]",
      "instances": [
        {
          "schema_version": 0,
          "attributes": {
            "allowed_pattern": "",
            "arn": "arn:aws:ssm:us-east-2:838284111015:parameter/goalsguild/dev/user-service/env_vars",
            "data_type": "text",
            "description": "JSON object of environment variables for User Service excluding AWS_REGION",
            "has_value_wo": false,
            "id": "/goalsguild/dev/user-service/env_vars",
            "insecure_value": null,
            "key_id": "",
            "name": "/goalsguild/dev/user-service/env_vars",
            "overwrite": null,
            "region": "us-east-2",
            "tags": {
              "Component": "user-service",
              "Environment": "dev",
              "Service": "goalsguild"
            },
            "tags_all": {
              "Component": "user-service",
              "Environment": "dev",
              "Service": "goalsguild"
            },
            "tier": "Standard",
            "type": "String",
            "value": "{\"COGNITO_CLIENT_ID\":\"2c1e2odalemtnmat8d3ch9l39r\",\"COGNITO_CLIENT_SECRET\":\"q9hkrvnpg3pe4r1ec0dr8ifepq0rfaql0tq6h07g378tvujp7nf\",\"COGNITO_USER_POOL_ID\":\"us-east-2_8lNy9Nnx1\",\"EMAIL_SENDER\":\"no-reply@goalsguild.com\",\"FRONTEND_BASE_URL\":\"https://app.goalsguild.com\",\"PASSWORD_KEY\":\"your-encrypted-password-key\"}",
            "value_wo": null,
            "value_wo_version": null,
            "version": 1
          },
          "sensitive_attributes": [
            [
              {
                "type": "get_attr",
                "value": "value"
              }
            ],
            [
              {
                "type": "get_attr",
                "value": "value_wo"
              }
            ]
          ],
          "identity_schema_version": 0,
          "identity": {
            "account_id": "838284111015",
            "name": "/goalsguild/dev/user-service/env_vars",
            "region": "us-east-2"
          },
          "private": "bnVsbA==",
          "dependencies": [
            "module.network.aws_cognito_user_pool.user_pool",
            "module.network.aws_cognito_user_pool_client.user_pool_client"
          ]
        }
      ]
    },
    {
      "module": "module.quest_service_image",
      "mode": "data",
      "type": "aws_caller_identity",
      "name": "me",
      "provider": "module.quest_service_image.provider[\"registry.terraform.io/hashicorp/aws\"]",
      "instances": [
        {
          "schema_version": 0,
          "attributes": {
            "account_id": "838284111015",
            "arn": "arn:aws:sts::838284111015:assumed-role/AWSReservedSSO_AdministratorAccess_a645e868571753cc/AndresAlvarez",
            "id": "838284111015",
            "user_id": "AROA4GLNANSTVDTZXR5GZ:AndresAlvarez"
          },
          "sensitive_attributes": [],
          "identity_schema_version": 0
        }
      ]
    },
    {
      "module": "module.quest_service_image",
      "mode": "data",
      "type": "aws_ecr_authorization_token",
      "name": "ecr",
      "provider": "module.quest_service_image.provider[\"registry.terraform.io/hashicorp/aws\"]",
      "instances": [
        {
          "schema_version": 0,
          "attributes": {
            "authorization_token": "QVdTOmV5SndZWGxzYjJGa0lqb2liWHBSUVVjeWJXeFdWMWRIU1VzM2QwdGFkRGN6VWxWTU1qSmxaVVpIT0hwRk9UUlNVbFZKVGt3NFpERkdXa2M0Y1ZCd2Mza3pUR2xaYlVoQksxTlNXRzQ1ZFU1UE5rbDZRbFp0WVhwNWNuUklUMUZITWtkcVRXcExWVVpVZDBOc1RIUkVOakpGUVhCV2JtTkplVWhCZFVoVVVrY3JWSE5IVGtSTVNVWnlSaTl4WVhCU09WRnBWVEV2TkZSemMxQjFNbVZZVUhsSlVXVTJhVFp2SzFCalZXZFpNRkl4UlZwcVEzcElkbTh6TjNsTmFGRlNZVnA2V1hRME0yOWpRWHBwZW1aUmNrUm5RMHBGWTA0MUwyOTNRa1YyTTI5VkswVnROMUowVGpCb1MwMXhlbFZQVjJsamVISndhSGwxVDNCdGFWTkllWHBTYzI1WlJXdDFaVkYyWkU5UlRtdHlhRXM1YUZCTlZuVlVia1JPU0hCNlNGUjVhR2hzV2pWbEwyUmtkR1l5WjNaUFNISk1aMk5VU2tWemVVVjJkVkZsTkVWRE0ybFVXakZKYUZoQ05tZGhjbW96YUVKeUszaG1kbEF6YW5ObVZYZDFkRU5MWTJ0UUsxVXJRM0EyUWtNelFtbFNkbmxKTTFRd2FGSnRNRWhhY1daSlNYRjJRemxoWkd4Wk4zUkdaSE4yZFU5UlJFUnhia3h4TUd4a2VVMVFRMHBOU3pCUlNGWTBXRUkyUkVvemQxbFhRVmhIU21WelUxTldjaTlzWWxONmVHRjFVV0pxZVdkbVpqRnNWV292UkN0d04zVXlaV3AyYmtrelFWbDFUMHMxTUhNNVN6RllXbWx1WlZaR1NsVmplVTVwTTBZMGFVNVlPVVJzTkd4cmFGbENkR3d2YzBrdldGTklaM0ozYVhabVNsY3pjVzFrWkVGeVRXVk1jMHh5UVZkalMxQkdha0Y1Um10b1dYVTFkVk5TYUVNd2JUQmlUVW81WW5oRE1HTjBlRWRJVFhOMlVrZDZRbWhEVkZCVGFUTnNVVFZGVFd0dWRWaHFTRXBDYzJaSWJFVnBkV3h1UVRsalpFTjJiamtyTDAwdmRVZExOamh4ZGt4SmNXaFJhemxVU1VFNVJGVTVja0p5YjJWVlVGaGxSMjExZURrMVQyVnFTM2hRZEhsa1JYVTRWRlZaTW1zNVVVcEZUbUpGZUVOSVdGWnlRMUpRVFd4RlFtaE1hSEZrTWt4aVZXRjRVRWt5SzFoaE1UbG1lVnBZZG10c2JGUTVaVU0yVTJsV1RXVTVaMVI0Y2xKUlV6SlljeTl4VDFsUGRtSjBTblF4WlRoc1lVVlZka0pVWW1GeFN6VjNkMDlXVmtSMU5FazFiVXh4ZVZSQ1JtbzRRMkZKV1haVWF6RXZaMHhWUXpCaWIzWmphU3QwZFRSVlF6UXZNV1pIU21GS1FTdEphR1UwY21aeFNIUk1lV3RsYWxneVJXWk5kVnBuT0dSVFNFeE9VSGxxVnpremFXNTNMMDU2UVRSMGRXSkpVbGxwYTNWellXSTJkWEJ3T0V0UU1HUnlSbWxHVURGNE1XUnhjQ3RQUlZveFpVNXRPVE5KYldvNGQwVkJURFpKZEZSUWVWcDNhSEpCVHpSVFJFRkZZMmRGZUROeVVsZG9hWGRMYldScU9HNDNhalZsTUd4bGMxTlZWV0pQVFdacFlXMTBUM1JWYVN0QlFUQldhM3B6Y0RKTlRGUlVaSGhKT0ZneVYzbDJXRXhtVTNST2VtdHpNV3RTYms5c1VuSllla2hTY0ZWV09Wa3lSbVE0YTBWMVoxZFNURzVxU21oNGFYbFhVRU01WTBneGNHZG1aelpIY2xSSmRqbFNkRTVTZEVZM2NpdFZTRkZKZW1OeFVUUTVXREZLYkhoalpXeGFlRGhvVWs1d00wWnNSazlJZEVkbU9VVlZNMkZTY0M5MWFqSk1XV0ZqY0U1eFpGSkVNaTk2UW1WNWRua3ZRMnRsTVU1RlJXMVlUbU16TjJFMWFtMU9VR001T1RGaE1TdE1kazVMYUV0RVRWVjJTMDA1TDJOV09XVlRVSGd5VFc1MWFsVkhkMUJuVERCT1oyZHFTV0ZuT1doM0swMWpObkkxTkdSMFIyVXhTQ3RDYjNodU1tMUJXRzlUZUZCaVNYQnZhRGt5T1cxdmRqaHlUa3RUZGpWMVRDdGhXRFpHYWl0d1VuUkdWRWwwWkc1UEsySTJZa292ZG1rdmJFNXViVFUzTkVWdWRYVktLemxoVW5odGVESk5iREIzZVV0NFZXbGFXVUkzVDFwNmFEUnpRMDFQYlZWRll6TmtOVkIzWW5nNGJEaHZTbFkwVW5Cc2NVcFpka1paUlZZeFRXRjVkMGhzTlVFelRraFZNRlZFTjI1Tk0zTTJTa2xOWkhKT1prdG5lRmRNZW1VMGFscFBVVDA5SWl3aVpHRjBZV3RsZVNJNklrRlJSVUpCU0dwQ055OXBaM2ROWnpST1VIZGhkWEo0VTBsWmVEUklabTU0ZFVkakx6UTRZa1IzZG5kRWNFNVpWMXBuUVVGQlNEUjNaa0ZaU2t0dldrbG9kbU5PUVZGalIyOUhPSGRpVVVsQ1FVUkNiMEpuYTNGb2EybEhPWGN3UWtKM1JYZElaMWxLV1VsYVNVRlhWVVJDUVVWMVRVSkZSVVJCUmprM05razRjME5TT0RKdGQwSkJaMGxDUlVsQk55OWxibm92UVd4Sk5DdDJRMHAzVVZoR1NuQlJLemt2WnpOQ1MxcFRkWGhTUjNkUVptTnBUa0ZvSzNkVFprSXhlV1ZwZG5OWVFrMUhVMm8yU1ZKVVYyRmFhakZEVkRkTGFtUlVaWE4wY0VFOUlpd2lkbVZ5YzJsdmJpSTZJaklpTENKMGVYQmxJam9pUkVGVVFWOUxSVmtpTENKbGVIQnBjbUYwYVc5dUlqb3hOelUyT0RZd05UY3hmUT09",
            "expires_at": "2025-09-03T00:49:31Z",
            "id": "us-east-2",
            "password": "eyJwYXlsb2FkIjoibXpRQUcybWxWV1dHSUs3d0tadDczUlVMMjJlZUZHOHpFOTRSUlVJTkw4ZDFGWkc4cVBwc3kzTGlZbUhBK1NSWG45dU5PNkl6QlZtYXp5cnRIT1FHMkdqTWpLVUZUd0NsTHRENjJFQXBWbmNJeUhBdUhUUkcrVHNHTkRMSUZyRi9xYXBSOVFpVTEvNFRzc1B1MmVYUHlJUWU2aTZvK1BjVWdZMFIxRVpqQ3pIdm8zN3lNaFFSYVp6WXQ0M29jQXppemZRckRnQ0pFY041L293QkV2M29VK0VtN1J0TjBoS01xelVPV2ljeHJwaHl1T3BtaVNIeXpSc25ZRWt1ZVF2ZE9RTmtyaEs5aFBNVnVUbkROSHB6SFR5aGhsWjVlL2RkdGYyZ3ZPSHJMZ2NUSkVzeUV2dVFlNEVDM2lUWjFJaFhCNmdhcmozaEJyK3hmdlAzanNmVXd1dENLY2tQK1UrQ3A2QkMzQmlSdnlJM1QwaFJtMEhacWZJSXF2QzlhZGxZN3RGZHN2dU9RRERxbkxxMGxkeU1QQ0pNSzBRSFY0WEI2REozd1lXQVhHSmVzU1NWci9sYlN6eGF1UWJqeWdmZjFsVWovRCtwN3UyZWp2bkkzQVl1T0s1MHM5SzFYWmluZVZGSlVjeU5pM0Y0aU5YOURsNGxraFlCdGwvc0kvWFNIZ3J3aXZmSlczcW1kZEFyTWVMc0xyQVdjS1BGakF5RmtoWXU1dVNSaEMwbTBiTUo5YnhDMGN0eEdITXN2Ukd6QmhDVFBTaTNsUTVFTWtudVhqSEpCc2ZIbEVpdWxuQTljZEN2bjkrL00vdUdLNjhxdkxJcWhRazlUSUE5RFU5ckJyb2VVUFhlR211eDk1T2VqS3hQdHlkRXU4VFVZMms5UUpFTmJFeENIWFZyQ1JQTWxFQmhMaHFkMkxiVWF4UEkyK1hhMTlmeVpYdmtsbFQ5ZUM2U2lWTWU5Z1R4clJRUzJYcy9xT1lPdmJ0SnQxZThsYUVVdkJUYmFxSzV3d09WVkR1NEk1bUxxeVRCRmo4Q2FJWXZUazEvZ0xVQzBib3ZjaSt0dTRVQzQvMWZHSmFKQStJaGU0cmZxSHRMeWtlalgyRWZNdVpnOGRTSExOUHlqVzkzaW53L056QTR0dWJJUllpa3VzYWI2dXBwOEtQMGRyRmlGUDF4MWRxcCtPRVoxZU5tOTNJbWo4d0VBTDZJdFRQeVp3aHJBTzRTREFFY2dFeDNyUldoaXdLbWRqOG43ajVlMGxlc1NVVWJPTWZpYW10T3RVaStBQTBWa3pzcDJNTFRUZHhJOFgyV3l2WExmU3ROemtzMWtSbk9sUnJYekhScFVWOVkyRmQ4a0V1Z1dSTG5qSmh4aXlXUEM5Y0gxcGdmZzZHclRJdjlSdE5SdEY3citVSFFJemNxUTQ5WDFKbHhjZWxaeDhoUk5wM0ZsRk9IdEdmOUVVM2FScC91ajJMWWFjcE5xZFJEMi96QmV5dnkvQ2tlMU5FRW1YTmMzN2E1am1OUGM5OTFhMStMdk5LaEtETVV2S005L2NWOWVTUHgyTW51alVHd1BnTDBOZ2dqSWFnOWh3K01jNnI1NGR0R2UxSCtCb3huMm1BWG9TeFBiSXBvaDkyOW1vdjhyTktTdjV1TCthWDZGaitwUnRGVEl0ZG5PK2I2YkovdmkvbE5ubTU3NEVudXVKKzlhUnhteDJNbDB3eUt4VWlaWUI3T1p6aDRzQ01PbVVFYzNkNVB3Yng4bDhvSlY0UnBscUpZdkZZRVYxTWF5d0hsNUEzTkhVMFVEN25NM3M2SklNZHJOZktneFdMemU0alpPUT09IiwiZGF0YWtleSI6IkFRRUJBSGpCNy9pZ3dNZzROUHdhdXJ4U0lZeDRIZm54dUdjLzQ4YkR3dndEcE5ZV1pnQUFBSDR3ZkFZSktvWklodmNOQVFjR29HOHdiUUlCQURCb0Jna3Foa2lHOXcwQkJ3RXdIZ1lKWUlaSUFXVURCQUV1TUJFRURBRjk3Nkk4c0NSODJtd0JBZ0lCRUlBNy9lbnovQWxJNCt2Q0p3UVhGSnBRKzkvZzNCS1pTdXhSR3dQZmNpTkFoK3dTZkIxeWVpdnNYQk1HU2o2SVJUV2FaajFDVDdLamRUZXN0cEE9IiwidmVyc2lvbiI6IjIiLCJ0eXBlIjoiREFUQV9LRVkiLCJleHBpcmF0aW9uIjoxNzU2ODYwNTcxfQ==",
            "proxy_endpoint": "https://838284111015.dkr.ecr.us-east-2.amazonaws.com",
            "region": "us-east-2",
            "registry_id": "838284111015",
            "user_name": "AWS"
          },
          "sensitive_attributes": [
            [
              {
                "type": "get_attr",
                "value": "authorization_token"
              }
            ],
            [
              {
                "type": "get_attr",
                "value": "password"
              }
            ]
          ],
          "identity_schema_version": 0
        }
      ]
    },
    {
      "module": "module.quest_service_image",
      "mode": "managed",
      "type": "aws_ecr_lifecycle_policy",
      "name": "keep_last_3",
      "provider": "module.quest_service_image.provider[\"registry.terraform.io/hashicorp/aws\"]",
      "instances": [
        {
          "index_key": 0,
          "schema_version": 0,
          "attributes": {
            "id": "goalsguild_quest_service",
            "policy": "{\"rules\":[{\"action\":{\"type\":\"expire\"},\"description\":\"Keep last 3 images by count\",\"rulePriority\":1,\"selection\":{\"countNumber\":3,\"countType\":\"imageCountMoreThan\",\"tagStatus\":\"any\"}}]}",
            "region": "us-east-2",
            "registry_id": "838284111015",
            "repository": "goalsguild_quest_service"
          },
          "sensitive_attributes": [],
          "identity_schema_version": 0,
          "identity": {
            "account_id": "838284111015",
            "region": "us-east-2",
            "repository": "goalsguild_quest_service"
          },
          "private": "bnVsbA==",
          "dependencies": [
            "module.quest_service_image.aws_ecr_repository.repo"
          ],
          "create_before_destroy": true
        }
      ]
    },
    {
      "module": "module.quest_service_image",
      "mode": "managed",
      "type": "aws_ecr_repository",
      "name": "repo",
      "provider": "module.quest_service_image.provider[\"registry.terraform.io/hashicorp/aws\"]",
      "instances": [
        {
          "index_key": 0,
          "schema_version": 0,
          "attributes": {
            "arn": "arn:aws:ecr:us-east-2:838284111015:repository/goalsguild_quest_service",
            "encryption_configuration": [
              {
                "encryption_type": "AES256",
                "kms_key": ""
              }
            ],
            "force_delete": true,
            "id": "goalsguild_quest_service",
            "image_scanning_configuration": [
              {
                "scan_on_push": true
              }
            ],
            "image_tag_mutability": "MUTABLE",
            "image_tag_mutability_exclusion_filter": [],
            "name": "goalsguild_quest_service",
            "region": "us-east-2",
            "registry_id": "838284111015",
            "repository_url": "838284111015.dkr.ecr.us-east-2.amazonaws.com/goalsguild_quest_service",
            "tags": {},
            "tags_all": {},
            "timeouts": null
          },
          "sensitive_attributes": [],
          "identity_schema_version": 0,
          "identity": {
            "account_id": "838284111015",
            "name": "goalsguild_quest_service",
            "region": "us-east-2"
          },
          "private": "eyJlMmJmYjczMC1lY2FhLTExZTYtOGY4OC0zNDM2M2JjN2M0YzAiOnsiZGVsZXRlIjoxMjAwMDAwMDAwMDAwfX0=",
          "create_before_destroy": true
        }
      ]
    },
    {
      "module": "module.quest_service_image",
      "mode": "managed",
      "type": "docker_image",
      "name": "app",
      "provider": "module.quest_service_image.provider[\"registry.terraform.io/kreuzwerker/docker\"]",
      "instances": [
        {
          "schema_version": 0,
          "attributes": {
            "build": [
              {
                "auth_config": [],
                "build_args": null,
                "build_id": "",
                "build_log_file": "",
                "builder": "",
                "cache_from": [],
                "cgroup_parent": "",
                "context": "../../../backend/services/quest-service",
                "cpu_period": null,
                "cpu_quota": null,
                "cpu_set_cpus": "",
                "cpu_set_mems": "",
                "cpu_shares": null,
                "dockerfile": "../../../backend/services/quest-service/Dockerfile",
                "extra_hosts": [],
                "force_remove": null,
                "isolation": "",
                "label": null,
                "labels": null,
                "memory": null,
                "memory_swap": null,
                "network_mode": "",
                "no_cache": null,
                "platform": "",
                "pull_parent": null,
                "remote_context": "",
                "remove": true,
                "secrets": [],
                "security_opt": [],
                "session_id": "",
                "shm_size": null,
                "squash": null,
                "suppress_output": null,
                "tag": [],
                "target": "",
                "ulimit": [],
                "version": ""
              }
            ],
            "force_remove": null,
            "id": "sha256:128bfb8ae16df4445eb7af34c93c33312cd573384bb3450ce18ddf7c2cb080f7838284111015.dkr.ecr.us-east-2.amazonaws.com/goalsguild_quest_service:2",
            "image_id": "sha256:128bfb8ae16df4445eb7af34c93c33312cd573384bb3450ce18ddf7c2cb080f7",
            "keep_locally": null,
            "name": "838284111015.dkr.ecr.us-east-2.amazonaws.com/goalsguild_quest_service:2",
            "platform": null,
            "pull_triggers": null,
            "repo_digest": "838284111015.dkr.ecr.us-east-2.amazonaws.com/goalsguild_quest_service@sha256:128bfb8ae16df4445eb7af34c93c33312cd573384bb3450ce18ddf7c2cb080f7",
            "timeouts": null,
            "triggers": null
          },
          "sensitive_attributes": [],
          "identity_schema_version": 0,
          "private": "eyJlMmJmYjczMC1lY2FhLTExZTYtOGY4OC0zNDM2M2JjN2M0YzAiOnsiY3JlYXRlIjoxMjAwMDAwMDAwMDAwLCJkZWxldGUiOjEyMDAwMDAwMDAwMDAsInVwZGF0ZSI6MTIwMDAwMDAwMDAwMH19",
          "dependencies": [
            "module.quest_service_image.aws_ecr_repository.repo",
            "module.quest_service_image.data.aws_caller_identity.me",
            "module.quest_service_image.data.aws_ecr_authorization_token.ecr",
            "module.quest_service_image.data.aws_ecr_repository.repo"
          ],
          "create_before_destroy": true
        }
      ]
    },
    {
      "module": "module.quest_service_image",
      "mode": "managed",
      "type": "docker_registry_image",
      "name": "app",
      "provider": "module.quest_service_image.provider[\"registry.terraform.io/kreuzwerker/docker\"]",
      "instances": [
        {
          "schema_version": 0,
          "attributes": {
            "auth_config": [],
            "id": "sha256:128bfb8ae16df4445eb7af34c93c33312cd573384bb3450ce18ddf7c2cb080f7",
            "insecure_skip_verify": false,
            "keep_remotely": true,
            "name": "838284111015.dkr.ecr.us-east-2.amazonaws.com/goalsguild_quest_service:2",
            "sha256_digest": "sha256:128bfb8ae16df4445eb7af34c93c33312cd573384bb3450ce18ddf7c2cb080f7",
            "triggers": null
          },
          "sensitive_attributes": [],
          "identity_schema_version": 0,
          "private": "bnVsbA==",
          "dependencies": [
            "module.quest_service_image.aws_ecr_repository.repo",
            "module.quest_service_image.data.aws_caller_identity.me",
            "module.quest_service_image.data.aws_ecr_authorization_token.ecr",
            "module.quest_service_image.data.aws_ecr_repository.repo",
            "module.quest_service_image.docker_image.app",
            "module.quest_service_image.null_resource.ecr_login"
          ],
          "create_before_destroy": true
        }
      ]
    },
    {
      "module": "module.quest_service_image",
      "mode": "managed",
      "type": "local_file",
      "name": "version_file",
      "provider": "provider[\"registry.terraform.io/hashicorp/local\"]",
      "instances": [
        {
          "schema_version": 0,
          "attributes": {
            "content": "2",
            "content_base64": null,
            "content_base64sha256": "1HNeOiZeFu7gP1lxi5tdAwGcB9i2xR+Q2jpmbuwTqzU=",
            "content_base64sha512": "QLJEESZB3XjdT5O2yRkN1G4AmRlNWkQle3761u+f9Gg9oe2gJERIyzQ6poj10+/XMU2v5YCsC8vxFa7Kno3BFA==",
            "content_md5": "c81e728d9d4c2f636f067f89cc14862c",
            "content_sha1": "da4b9237bacccdf19c0760cab7aec4a8359010b0",
            "content_sha256": "d4735e3a265e16eee03f59718b9b5d03019c07d8b6c51f90da3a666eec13ab35",
            "content_sha512": "40b244112641dd78dd4f93b6c9190dd46e0099194d5a44257b7efad6ef9ff4683da1eda0244448cb343aa688f5d3efd7314dafe580ac0bcbf115aeca9e8dc114",
            "directory_permission": "0777",
            "file_permission": "0777",
            "filename": "modules/docker_lambda_image/.quest-service_version",
            "id": "da4b9237bacccdf19c0760cab7aec4a8359010b0",
            "sensitive_content": null,
            "source": null
          },
          "sensitive_attributes": [
            [
              {
                "type": "get_attr",
                "value": "sensitive_content"
              }
            ]
          ],
          "identity_schema_version": 0,
          "create_before_destroy": true
        }
      ]
    },
    {
      "module": "module.quest_service_image",
      "mode": "managed",
      "type": "null_resource",
      "name": "ecr_login",
      "provider": "provider[\"registry.terraform.io/hashicorp/null\"]",
      "instances": [
        {
          "schema_version": 0,
          "attributes": {
            "id": "1333735791849217330",
            "triggers": {
              "host": "838284111015.dkr.ecr.us-east-2.amazonaws.com",
              "region": "us-east-2",
              "version": "2"
            }
          },
          "sensitive_attributes": [],
          "identity_schema_version": 0,
          "dependencies": [
            "module.quest_service_image.aws_ecr_repository.repo",
            "module.quest_service_image.data.aws_ecr_repository.repo"
          ],
          "create_before_destroy": true
        }
      ]
    },
    {
      "module": "module.user_service_image",
      "mode": "data",
      "type": "aws_caller_identity",
      "name": "me",
      "provider": "module.user_service_image.provider[\"registry.terraform.io/hashicorp/aws\"]",
      "instances": [
        {
          "schema_version": 0,
          "attributes": {
            "account_id": "838284111015",
            "arn": "arn:aws:sts::838284111015:assumed-role/AWSReservedSSO_AdministratorAccess_a645e868571753cc/AndresAlvarez",
            "id": "838284111015",
            "user_id": "AROA4GLNANSTVDTZXR5GZ:AndresAlvarez"
          },
          "sensitive_attributes": [],
          "identity_schema_version": 0
        }
      ]
    },
    {
      "module": "module.user_service_image",
      "mode": "data",
      "type": "aws_ecr_authorization_token",
      "name": "ecr",
      "provider": "module.user_service_image.provider[\"registry.terraform.io/hashicorp/aws\"]",
      "instances": [
        {
          "schema_version": 0,
          "attributes": {
            "authorization_token": "QVdTOmV5SndZWGxzYjJGa0lqb2lVMkZZWVdVd2VEVkJWakoxY0RKdk4xZHVUbWRKU0ZvMGJFOUZPRzVpV1RKaFVsVlRNR2R0WW5aWmJtbFBURlpQYkhFMGJIZ3ZSVlJ0VG1sUWJrSTViM2h6ZFN0SlNqTkNjV0ZCUTNGMFlrTk5hMEV2TWk5dFpFdElOR2xpY210WFRDdDBTeTl0Um0xTVpHeDBOMlpOZUVGWGRFVndWbFJzYWxwMFFrZG9aRk5hUjJGTWFtUklSMGN2Wm1WSWRYbDZTVFJtVDBKd1JESjRiMjQwZVhOc1IxaEdhbnBIYjFwMFNrODNSRGxtYVUxRFltaG1kV2c0WlhFNGVDOWtibWx3TVhFeVEwcE9TMmhzTlhCdWEwMTZPVkUyWkhjeU5sUlBlalVyTkZoM2VXUjBWVFpQU3pGeE1tRTRSVlVyY2tKdWFWcFVkVFJYYVc5aVJ5OWlVbEp6YlhCcFptRmtWbXc0ZDFWRGJrOXBjVlpEYm1rNWVEbHBka05ZSzFWNVl6QjBTR1pTUjJKeWJUTkJaMGhZZVVsc1VXbG5lV0U1U1VsRFdDOWFWM1p4WlZCVWQyTk9URUZXZDBsU2RHRXJTREppUjBGaU1ISlNWR2g2TjJGRVNVWkpURkl5VHpCS1JsQndSME5FTUN0VVpUSmpORWhaY21oQ1VISmFPVzVKVUU4cmRHUjZkekpqZDFOVGNWaFJUVVZKU214MFlrcHdlRVZVTW1SbVpVVndaV3RSYkdKRU5IUkZiSFZzWmk5UU5IRm9WamhVUlVSdFdubG9RMmRCV21kWFdYRmxSWEUwYWtndmQzZDVNVTFCTDNWNldYazViRGg1YVhSSGVWbGlRazlhWXpscmMzaFRWRFZDYTBwUWRVeHhXWFJOUVUxUlJsSmxiRTB5VFc1TGJUUXZlbEJHVEVScloxQjBSREIwV2paRWREbHJhMlJITnpVeksySjBTaXR4TkhKQ05VTkZZbFI2UXpSdlZYSlVhVTlQYmxoS2VXcGhjRVl5V2poMFMzcHZOa2RNY21VelpsaDVVMkZpUjBOM2J6UllXblY0YW14TlowNXBLMWgwVjFKb1JXSnVaalJMYWxWME5WcG1hV1ZwTjNndlN6RjNPVFowYVZCS0wwMUxUMVpEYm5GclF5OTNha2xpUkhseU1rMTNZVzF6V1ZaUVRXNWhkWEZuUjFOSmMzbzNZemt2VVhKUlFsUjVTVVZaVUcxeVJGWTBhVXRMVkVsc1pHbE9VbTFZTW5wclpXUktNMnB4Y1d0Q1pYZFFTa2czTkcxR1JqbHJZMWhQTW1WNU9XVkhMekYxZFZwbGRtSXJUMDFzWWtoVlNpOU9Obmh5TVRkUFkyUndaV2h0VldSdlpraFBZM0kyU0d0a2JGUkZPVGRKTm1WUFRGQllja0p6UjFoSE1XOVlOa3A2YkhsNE9WZzVORVp2Wnk5eFl6RlNSRFkxWm1FdlJFNVBUVzB3ZWprck0yWkVSamxDUVRGSGJtSkdWSHBNUTNFNGFIbHFjVlZUWW5kNGVGWkdkVTlEY0ZWT1lYWlpjMU5GTVV0bEwwUkZlRTlUYkdvM2FXbERlWEZpZWtKUVJVYzJkVmsyVDBaMlVreFFaVzEwVDFSNmIySlBVMWw2V2toVk9GbFBOa2QxYVVSeGFqRnNNelZpYkN0eWNTdERWV3RzWVVoVlNqbG9lVVJNUm5ReVFWZHJhWHA0YkdOS2RubDRUazVLUmtnemNVazNkMW96U0doRlZXZ3hSbFU1WjBGVVNWRkRjV1pYUW1GNVYzVTBlR1p2YUV0VlR6ZEJUbFJPWnpSMVUxRlpaMGcwZFVWTVVYaHJNVW80VldGdFJHVnNjR1pOTkhVdmMzcFNVMkZQZG5aYVdFWjBZV3B4TjFONk0zRm5aREpyVGtFNFdqQjVZWFI1TkRSd1UyMWtUbGQ1YTFWMlJqRmtNbEJGWkZoUVJXNXBVVVJPUlhSVU1HWXlZVkkxVFV4M2JuUm1RMGh4TDNSelJuZHRSWGhYZDA5V1QxSmxkbkJtY25abGVqTlRWSGxXYUdadWFXOXpVVzFwTVdOTlMxSlVhRTh5V1c4NU1rSjFlVXgyTkZSU1QwYzJTVmxVZEZwdFNHUlpTRlJ3T0VwbVlqbGxNVTFXWlZwbFltaHFWMk4wVW1kWFprODBRMWt6T1dZM01XMUthVVExUm5OaVVWUnhkWE55Tm05a1kzb3ZTV0ZoVG1ZM1ZEbGFkVGhsYm5Sb2NVNHZjVXBwVlhWb09FNTRhSEE1VG1scGFsQmthalJZUkRjMlJIY3JNbkJOTnl0eFJVazBVSEExUkhGdVRYQXJXRzFLTlc1NFVsQk9XbFIxUkZab2NGWnhVVWxwT1M5aVdtUnlkeTloTkZWMk5sZGpaV3RUZEZWR1ltZHRXa3h3WWtGMWNtMW5TSFZyYTNBeFFsQlZkejA5SWl3aVpHRjBZV3RsZVNJNklrRlJSVUpCU0dwQ055OXBaM2ROWnpST1VIZGhkWEo0VTBsWmVEUklabTU0ZFVkakx6UTRZa1IzZG5kRWNFNVpWMXBuUVVGQlNEUjNaa0ZaU2t0dldrbG9kbU5PUVZGalIyOUhPSGRpVVVsQ1FVUkNiMEpuYTNGb2EybEhPWGN3UWtKM1JYZElaMWxLV1VsYVNVRlhWVVJDUVVWMVRVSkZSVVJOZDFJMmN6aFpMMGt4Ym5ob2JsaFBRVWxDUlVsQk56TlJkRXBJUW5CVUswVm9Sa1pOTUhSc1dXSktkVXBKUVdSNWJWUkZXWGhVZWxCTGVXMVNXWHB4ZG5nMmFqZFJjVk52ZEhkWE9GQXlNRFZGWWtVNFZqRlFXRTF2SzBKRWNHUnhMMDgyYTBrOUlpd2lkbVZ5YzJsdmJpSTZJaklpTENKMGVYQmxJam9pUkVGVVFWOUxSVmtpTENKbGVIQnBjbUYwYVc5dUlqb3hOelUyT0RZd05UY3lmUT09",
            "expires_at": "2025-09-03T00:49:32Z",
            "id": "us-east-2",
            "password": "eyJwYXlsb2FkIjoiU2FYYWUweDVBVjJ1cDJvN1duTmdJSFo0bE9FOG5iWTJhUlVTMGdtYnZZbmlPTFZPbHE0bHgvRVRtTmlQbkI5b3hzdStJSjNCcWFBQ3F0YkNNa0EvMi9tZEtINGlicmtXTCt0Sy9tRm1MZGx0N2ZNeEFXdEVwVlRsalp0QkdoZFNaR2FMamRIR0cvZmVIdXl6STRmT0JwRDJ4b240eXNsR1hGanpHb1p0Sk83RDlmaU1DYmhmdWg4ZXE4eC9kbmlwMXEyQ0pOS2hsNXBua016OVE2ZHcyNlRPejUrNFh3eWR0VTZPSzFxMmE4RVUrckJuaVpUdTRXaW9iRy9iUlJzbXBpZmFkVmw4d1VDbk9pcVZDbmk5eDlpdkNYK1V5YzB0SGZSR2JybTNBZ0hYeUlsUWlneWE5SUlDWC9aV3ZxZVBUd2NOTEFWd0lSdGErSDJiR0FiMHJSVGh6N2FESUZJTFIyTzBKRlBwR0NEMCtUZTJjNEhZcmhCUHJaOW5JUE8rdGR6dzJjd1NTcVhRTUVJSmx0YkpweEVUMmRmZUVwZWtRbGJENHRFbHVsZi9QNHFoVjhURURtWnloQ2dBWmdXWXFlRXE0akgvd3d5MU1BL3V6WXk5bDh5aXRHeVliQk9aYzlrc3hTVDVCa0pQdUxxWXRNQU1RRlJlbE0yTW5LbTQvelBGTERrZ1B0RDB0WjZEdDlra2RHNzUzK2J0SitxNHJCNUNFYlR6QzRvVXJUaU9PblhKeWphcEYyWjh0S3pvNkdMcmUzZlh5U2FiR0N3bzRYWnV4amxNZ05pK1h0V1JoRWJuZjRLalV0NVpmaWVpN3gvSzF3OTZ0aVBKL01LT1ZDbnFrQy93akliRHlyMk13YW1zWVZQTW5hdXFnR1NJc3o3YzkvUXJRQlR5SUVZUG1yRFY0aUtLVElsZGlOUm1YMnprZWRKM2pxcWtCZXdQSkg3NG1GRjlrY1hPMmV5OWVHLzF1dVpldmIrT01sYkhVSi9ONnhyMTdPY2RwZWhtVWRvZkhPY3I2SGtkbFRFOTdJNmVPTFBYckJzR1hHMW9YNkp6bHl4OVg5NEZvZy9xYzFSRDY1ZmEvRE5PTW0wejkrM2ZERjlCQTFHbmJGVHpMQ3E4aHlqcVVTYnd4eFZGdU9DcFVOYXZZc1NFMUtlL0RFeE9TbGo3aWlDeXFiekJQRUc2dVk2T0Z2UkxQZW10T1R6b2JPU1l6WkhVOFlPNkd1aURxajFsMzVibCtycStDVWtsYUhVSjloeURMRnQyQVdraXp4bGNKdnl4Tk5KRkgzcUk3d1ozSGhFVWgxRlU5Z0FUSVFDcWZXQmF5V3U0eGZvaEtVTzdBTlROZzR1U1FZZ0g0dUVMUXhrMUo4VWFtRGVscGZNNHUvc3pSU2FPdnZaWEZ0YWpxN1N6M3FnZDJrTkE4WjB5YXR5NDRwU21kTld5a1V2RjFkMlBFZFhQRW5pUURORXRUMGYyYVI1TUx3bnRmQ0hxL3RzRndtRXhXd09WT1JldnBmcnZlejNTVHlWaGZuaW9zUW1pMWNNS1JUaE8yWW85MkJ1eUx2NFRST0c2SVlUdFptSGRZSFRwOEpmYjllMU1WZVplYmhqV2N0UmdXZk80Q1kzOWY3MW1KaUQ1RnNiUVRxdXNyNm9kY3ovSWFhTmY3VDladThlbnRocU4vcUppVXVoOE54aHA5TmlpalBkajRYRDc2RHcrMnBNNytxRUk0UHA1RHFuTXArWG1KNW54UlBOWlR1RFZocFZxUUlpOS9iWmRydy9hNFV2NldjZWtTdFVGYmdtWkxwYkF1cm1nSHVra3AxQlBVdz09IiwiZGF0YWtleSI6IkFRRUJBSGpCNy9pZ3dNZzROUHdhdXJ4U0lZeDRIZm54dUdjLzQ4YkR3dndEcE5ZV1pnQUFBSDR3ZkFZSktvWklodmNOQVFjR29HOHdiUUlCQURCb0Jna3Foa2lHOXcwQkJ3RXdIZ1lKWUlaSUFXVURCQUV1TUJFRURNd1I2czhZL0kxbnhoblhPQUlCRUlBNzNRdEpIQnBUK0VoRkZNMHRsWWJKdUpJQWR5bVRFWXhUelBLeW1SWXpxdng2ajdRcVNvdHdXOFAyMDVFYkU4VjFQWE1vK0JEcGRxL082a0k9IiwidmVyc2lvbiI6IjIiLCJ0eXBlIjoiREFUQV9LRVkiLCJleHBpcmF0aW9uIjoxNzU2ODYwNTcyfQ==",
            "proxy_endpoint": "https://838284111015.dkr.ecr.us-east-2.amazonaws.com",
            "region": "us-east-2",
            "registry_id": "838284111015",
            "user_name": "AWS"
          },
          "sensitive_attributes": [
            [
              {
                "type": "get_attr",
                "value": "authorization_token"
              }
            ],
            [
              {
                "type": "get_attr",
                "value": "password"
              }
            ]
          ],
          "identity_schema_version": 0
        }
      ]
    },
    {
      "module": "module.user_service_image",
      "mode": "managed",
      "type": "aws_ecr_lifecycle_policy",
      "name": "keep_last_3",
      "provider": "module.user_service_image.provider[\"registry.terraform.io/hashicorp/aws\"]",
      "instances": [
        {
          "index_key": 0,
          "schema_version": 0,
          "attributes": {
            "id": "goalsguild_user_service",
            "policy": "{\"rules\":[{\"action\":{\"type\":\"expire\"},\"description\":\"Keep last 3 images by count\",\"rulePriority\":1,\"selection\":{\"countNumber\":3,\"countType\":\"imageCountMoreThan\",\"tagStatus\":\"any\"}}]}",
            "region": "us-east-2",
            "registry_id": "838284111015",
            "repository": "goalsguild_user_service"
          },
          "sensitive_attributes": [],
          "identity_schema_version": 0,
          "identity": {
            "account_id": "838284111015",
            "region": "us-east-2",
            "repository": "goalsguild_user_service"
          },
          "private": "bnVsbA==",
          "dependencies": [
            "module.user_service_image.aws_ecr_repository.repo"
          ],
          "create_before_destroy": true
        }
      ]
    },
    {
      "module": "module.user_service_image",
      "mode": "managed",
      "type": "aws_ecr_repository",
      "name": "repo",
      "provider": "module.user_service_image.provider[\"registry.terraform.io/hashicorp/aws\"]",
      "instances": [
        {
          "index_key": 0,
          "schema_version": 0,
          "attributes": {
            "arn": "arn:aws:ecr:us-east-2:838284111015:repository/goalsguild_user_service",
            "encryption_configuration": [
              {
                "encryption_type": "AES256",
                "kms_key": ""
              }
            ],
            "force_delete": true,
            "id": "goalsguild_user_service",
            "image_scanning_configuration": [
              {
                "scan_on_push": true
              }
            ],
            "image_tag_mutability": "MUTABLE",
            "image_tag_mutability_exclusion_filter": [],
            "name": "goalsguild_user_service",
            "region": "us-east-2",
            "registry_id": "838284111015",
            "repository_url": "838284111015.dkr.ecr.us-east-2.amazonaws.com/goalsguild_user_service",
            "tags": {},
            "tags_all": {},
            "timeouts": null
          },
          "sensitive_attributes": [],
          "identity_schema_version": 0,
          "identity": {
            "account_id": "838284111015",
            "name": "goalsguild_user_service",
            "region": "us-east-2"
          },
          "private": "eyJlMmJmYjczMC1lY2FhLTExZTYtOGY4OC0zNDM2M2JjN2M0YzAiOnsiZGVsZXRlIjoxMjAwMDAwMDAwMDAwfX0=",
          "create_before_destroy": true
        }
      ]
    },
    {
      "module": "module.user_service_image",
      "mode": "managed",
      "type": "docker_image",
      "name": "app",
      "provider": "module.user_service_image.provider[\"registry.terraform.io/kreuzwerker/docker\"]",
      "instances": [
        {
          "schema_version": 0,
          "attributes": {
            "build": [
              {
                "auth_config": [],
                "build_args": null,
                "build_id": "",
                "build_log_file": "",
                "builder": "",
                "cache_from": [],
                "cgroup_parent": "",
                "context": "../../../backend/services/user-service",
                "cpu_period": null,
                "cpu_quota": null,
                "cpu_set_cpus": "",
                "cpu_set_mems": "",
                "cpu_shares": null,
                "dockerfile": "../../../backend/services/user-service/Dockerfile",
                "extra_hosts": [],
                "force_remove": null,
                "isolation": "",
                "label": null,
                "labels": null,
                "memory": null,
                "memory_swap": null,
                "network_mode": "",
                "no_cache": null,
                "platform": "",
                "pull_parent": null,
                "remote_context": "",
                "remove": true,
                "secrets": [],
                "security_opt": [],
                "session_id": "",
                "shm_size": null,
                "squash": null,
                "suppress_output": null,
                "tag": [],
                "target": "",
                "ulimit": [],
                "version": ""
              }
            ],
            "force_remove": null,
            "id": "sha256:3fbb7c0f1d3b902c3b8f63cb9ea3a45cc75a001799e1ce5e5089d136dbe263f8838284111015.dkr.ecr.us-east-2.amazonaws.com/goalsguild_user_service:2",
            "image_id": "sha256:3fbb7c0f1d3b902c3b8f63cb9ea3a45cc75a001799e1ce5e5089d136dbe263f8",
            "keep_locally": null,
            "name": "838284111015.dkr.ecr.us-east-2.amazonaws.com/goalsguild_user_service:2",
            "platform": null,
            "pull_triggers": null,
            "repo_digest": "838284111015.dkr.ecr.us-east-2.amazonaws.com/goalsguild_user_service@sha256:3fbb7c0f1d3b902c3b8f63cb9ea3a45cc75a001799e1ce5e5089d136dbe263f8",
            "timeouts": null,
            "triggers": null
          },
          "sensitive_attributes": [],
          "identity_schema_version": 0,
          "private": "eyJlMmJmYjczMC1lY2FhLTExZTYtOGY4OC0zNDM2M2JjN2M0YzAiOnsiY3JlYXRlIjoxMjAwMDAwMDAwMDAwLCJkZWxldGUiOjEyMDAwMDAwMDAwMDAsInVwZGF0ZSI6MTIwMDAwMDAwMDAwMH19",
          "dependencies": [
            "module.user_service_image.aws_ecr_repository.repo",
            "module.user_service_image.data.aws_caller_identity.me",
            "module.user_service_image.data.aws_ecr_authorization_token.ecr",
            "module.user_service_image.data.aws_ecr_repository.repo"
          ],
          "create_before_destroy": true
        }
      ]
    },
    {
      "module": "module.user_service_image",
      "mode": "managed",
      "type": "docker_registry_image",
      "name": "app",
      "provider": "module.user_service_image.provider[\"registry.terraform.io/kreuzwerker/docker\"]",
      "instances": [
        {
          "schema_version": 0,
          "attributes": {
            "auth_config": [],
            "id": "sha256:3fbb7c0f1d3b902c3b8f63cb9ea3a45cc75a001799e1ce5e5089d136dbe263f8",
            "insecure_skip_verify": false,
            "keep_remotely": true,
            "name": "838284111015.dkr.ecr.us-east-2.amazonaws.com/goalsguild_user_service:2",
            "sha256_digest": "sha256:3fbb7c0f1d3b902c3b8f63cb9ea3a45cc75a001799e1ce5e5089d136dbe263f8",
            "triggers": null
          },
          "sensitive_attributes": [],
          "identity_schema_version": 0,
          "private": "bnVsbA==",
          "dependencies": [
            "module.user_service_image.aws_ecr_repository.repo",
            "module.user_service_image.data.aws_caller_identity.me",
            "module.user_service_image.data.aws_ecr_authorization_token.ecr",
            "module.user_service_image.data.aws_ecr_repository.repo",
            "module.user_service_image.docker_image.app",
            "module.user_service_image.null_resource.ecr_login"
          ],
          "create_before_destroy": true
        }
      ]
    },
    {
      "module": "module.user_service_image",
      "mode": "managed",
      "type": "local_file",
      "name": "version_file",
      "provider": "provider[\"registry.terraform.io/hashicorp/local\"]",
      "instances": [
        {
          "schema_version": 0,
          "attributes": {
            "content": "2",
            "content_base64": null,
            "content_base64sha256": "1HNeOiZeFu7gP1lxi5tdAwGcB9i2xR+Q2jpmbuwTqzU=",
            "content_base64sha512": "QLJEESZB3XjdT5O2yRkN1G4AmRlNWkQle3761u+f9Gg9oe2gJERIyzQ6poj10+/XMU2v5YCsC8vxFa7Kno3BFA==",
            "content_md5": "c81e728d9d4c2f636f067f89cc14862c",
            "content_sha1": "da4b9237bacccdf19c0760cab7aec4a8359010b0",
            "content_sha256": "d4735e3a265e16eee03f59718b9b5d03019c07d8b6c51f90da3a666eec13ab35",
            "content_sha512": "40b244112641dd78dd4f93b6c9190dd46e0099194d5a44257b7efad6ef9ff4683da1eda0244448cb343aa688f5d3efd7314dafe580ac0bcbf115aeca9e8dc114",
            "directory_permission": "0777",
            "file_permission": "0777",
            "filename": "modules/docker_lambda_image/.user-service_version",
            "id": "da4b9237bacccdf19c0760cab7aec4a8359010b0",
            "sensitive_content": null,
            "source": null
          },
          "sensitive_attributes": [
            [
              {
                "type": "get_attr",
                "value": "sensitive_content"
              }
            ]
          ],
          "identity_schema_version": 0,
          "create_before_destroy": true
        }
      ]
    },
    {
      "module": "module.user_service_image",
      "mode": "managed",
      "type": "null_resource",
      "name": "ecr_login",
      "provider": "provider[\"registry.terraform.io/hashicorp/null\"]",
      "instances": [
        {
          "schema_version": 0,
          "attributes": {
            "id": "142718067297730406",
            "triggers": {
              "host": "838284111015.dkr.ecr.us-east-2.amazonaws.com",
              "region": "us-east-2",
              "version": "2"
            }
          },
          "sensitive_attributes": [],
          "identity_schema_version": 0,
          "dependencies": [
            "module.user_service_image.aws_ecr_repository.repo",
            "module.user_service_image.data.aws_ecr_repository.repo"
          ],
          "create_before_destroy": true
        }
      ]
    }
  ],
  "check_results": null
}
