{
  "name": "terraform",
  "lockfileVersion": 3,
  "requires": true,
  "packages": {
    "": {
      "dependencies": {
        "gg-backend-infra-terraform": "file:../../.."
      }
    },
    "../../..": {
      "name": "gg-backend-infra-terraform",
      "devDependencies": {
        "@aws-appsync/eslint-plugin": "^1.0.0",
        "@aws-sdk/client-appsync": "^3.669.0",
        "eslint": "^8.57.0",
        "jest": "^29.7.0"
      }
    },
    "node_modules/gg-backend-infra-terraform": {
      "resolved": "../../..",
      "link": true
    }
  }
}
